{
  "version": 4,
  "terraform_version": "1.14.6",
  "serial": 5749,
  "lineage": "363940d8-1a5d-0393-5cf7-b56698001cb8",
  "outputs": {},
  "resources": [
    {
      "mode": "data",
      "type": "archive_file",
      "name": "lambda_package",
      "provider": "provider[\"registry.terraform.io/hashicorp/archive\"]",
      "instances": [
        {
          "schema_version": 0,
          "attributes": {
            "exclude_symlink_directories": null,
            "excludes": null,
            "id": "55b8b907dcf1cb5b7223fa4fc038363f7a66dff0",
            "output_base64sha256": "LJgpC1UTbJuyZ04TtMgJKkXQ1uYTuKS6pItEDgb/yC4=",
            "output_base64sha512": "c4xBaj5Ll342r64opOtu2IRIhY8KiOTNKu8468iFdIiaX7YD5UpO/dypko3ojzTVWUlHbJyUoudaR0tBNjq4dg==",
            "output_file_mode": null,
            "output_md5": "2e9385bba6a2ccae304aed0a17535519",
            "output_path": "./package/backend.zip",
            "output_sha": "55b8b907dcf1cb5b7223fa4fc038363f7a66dff0",
            "output_sha256": "2c98290b55136c9bb2674e13b4c8092a45d0d6e613b8a4baa48b440e06ffc82e",
            "output_sha512": "738c416a3e4b977e36afae28a4eb6ed88448858f0a88e4cd2aef38ebc88574889a5fb603e54a4efddca9928de88f34d55949476c9c94a2e75a474b41363ab876",
            "output_size": 7698,
            "source": [],
            "source_content": null,
            "source_content_filename": null,
            "source_dir": "./dist/",
            "source_file": null,
            "type": "zip"
          },
          "sensitive_attributes": [],
          "identity_schema_version": 0
        }
      ]
    },
    {
      "mode": "data",
      "type": "aws_iam_policy_document",
      "name": "role",
      "provider": "provider[\"registry.terraform.io/hashicorp/aws\"]",
      "instances": [
        {
          "schema_version": 0,
          "attributes": {
            "id": "2690255455",
            "json": "{\n  \"Version\": \"2012-10-17\",\n  \"Statement\": [\n    {\n      \"Effect\": \"Allow\",\n      \"Action\": \"sts:AssumeRole\",\n      \"Principal\": {\n        \"Service\": \"lambda.amazonaws.com\"\n      }\n    }\n  ]\n}",
            "override_policy_documents": null,
            "policy_id": null,
            "source_policy_documents": null,
            "statement": [
              {
                "actions": [
                  "sts:AssumeRole"
                ],
                "condition": [],
                "effect": "Allow",
                "not_actions": [],
                "not_principals": [],
                "not_resources": [],
                "principals": [
                  {
                    "identifiers": [
                      "lambda.amazonaws.com"
                    ],
                    "type": "Service"
                  }
                ],
                "resources": [],
                "sid": ""
              }
            ],
            "version": "2012-10-17"
          },
          "sensitive_attributes": [],
          "identity_schema_version": 0
        }
      ]
    },
    {
      "mode": "data",
      "type": "external",
      "name": "doc_part_id_400",
      "provider": "provider[\"registry.terraform.io/hashicorp/external\"]",
      "instances": [
        {
          "index_key": "follow",
          "schema_version": 0,
          "attributes": {
            "id": "-",
            "program": [
              "bash",
              "./lookup_doc_part_id.sh"
            ],
            "query": {
              "method": "POST",
              "path": "follow",
              "rest_api_id": "uwhucfcld8",
              "type": "RESPONSE"
            },
            "result": {
              "id": ""
            },
            "working_dir": null
          },
          "sensitive_attributes": [],
          "identity_schema_version": 0
        },
        {
          "index_key": "followeeCount",
          "schema_version": 0,
          "attributes": {
            "id": "-",
            "program": [
              "bash",
              "./lookup_doc_part_id.sh"
            ],
            "query": {
              "method": "POST",
              "path": "followeecount",
              "rest_api_id": "uwhucfcld8",
              "type": "RESPONSE"
            },
            "result": {
              "id": ""
            },
            "working_dir": null
          },
          "sensitive_attributes": [],
          "identity_schema_version": 0
        },
        {
          "index_key": "followerCount",
          "schema_version": 0,
          "attributes": {
            "id": "-",
            "program": [
              "bash",
              "./lookup_doc_part_id.sh"
            ],
            "query": {
              "method": "POST",
              "path": "followercount",
              "rest_api_id": "uwhucfcld8",
              "type": "RESPONSE"
            },
            "result": {
              "id": ""
            },
            "working_dir": null
          },
          "sensitive_attributes": [],
          "identity_schema_version": 0
        },
        {
          "index_key": "getFeedItems",
          "schema_version": 0,
          "attributes": {
            "id": "-",
            "program": [
              "bash",
              "./lookup_doc_part_id.sh"
            ],
            "query": {
              "method": "POST",
              "path": "getfeeditems",
              "rest_api_id": "uwhucfcld8",
              "type": "RESPONSE"
            },
            "result": {
              "id": ""
            },
            "working_dir": null
          },
          "sensitive_attributes": [],
          "identity_schema_version": 0
        },
        {
          "index_key": "getMoreFollowees",
          "schema_version": 0,
          "attributes": {
            "id": "-",
            "program": [
              "bash",
              "./lookup_doc_part_id.sh"
            ],
            "query": {
              "method": "POST",
              "path": "getfollowees",
              "rest_api_id": "uwhucfcld8",
              "type": "RESPONSE"
            },
            "result": {
              "id": ""
            },
            "working_dir": null
          },
          "sensitive_attributes": [],
          "identity_schema_version": 0
        },
        {
          "index_key": "getMoreFollowers",
          "schema_version": 0,
          "attributes": {
            "id": "-",
            "program": [
              "bash",
              "./lookup_doc_part_id.sh"
            ],
            "query": {
              "method": "POST",
              "path": "getfollowers",
              "rest_api_id": "uwhucfcld8",
              "type": "RESPONSE"
            },
            "result": {
              "id": ""
            },
            "working_dir": null
          },
          "sensitive_attributes": [],
          "identity_schema_version": 0
        },
        {
          "index_key": "getStoryItems",
          "schema_version": 0,
          "attributes": {
            "id": "-",
            "program": [
              "bash",
              "./lookup_doc_part_id.sh"
            ],
            "query": {
              "method": "POST",
              "path": "getstoryitems",
              "rest_api_id": "uwhucfcld8",
              "type": "RESPONSE"
            },
            "result": {
              "id": ""
            },
            "working_dir": null
          },
          "sensitive_attributes": [],
          "identity_schema_version": 0
        },
        {
          "index_key": "getUser",
          "schema_version": 0,
          "attributes": {
            "id": "-",
            "program": [
              "bash",
              "./lookup_doc_part_id.sh"
            ],
            "query": {
              "method": "POST",
              "path": "getuser",
              "rest_api_id": "uwhucfcld8",
              "type": "RESPONSE"
            },
            "result": {
              "id": ""
            },
            "working_dir": null
          },
          "sensitive_attributes": [],
          "identity_schema_version": 0
        },
        {
          "index_key": "isFollower",
          "schema_version": 0,
          "attributes": {
            "id": "-",
            "program": [
              "bash",
              "./lookup_doc_part_id.sh"
            ],
            "query": {
              "method": "POST",
              "path": "isfollower",
              "rest_api_id": "uwhucfcld8",
              "type": "RESPONSE"
            },
            "result": {
              "id": ""
            },
            "working_dir": null
          },
          "sensitive_attributes": [],
          "identity_schema_version": 0
        },
        {
          "index_key": "login",
          "schema_version": 0,
          "attributes": {
            "id": "-",
            "program": [
              "bash",
              "./lookup_doc_part_id.sh"
            ],
            "query": {
              "method": "POST",
              "path": "login",
              "rest_api_id": "uwhucfcld8",
              "type": "RESPONSE"
            },
            "result": {
              "id": ""
            },
            "working_dir": null
          },
          "sensitive_attributes": [],
          "identity_schema_version": 0
        },
        {
          "index_key": "logout",
          "schema_version": 0,
          "attributes": {
            "id": "-",
            "program": [
              "bash",
              "./lookup_doc_part_id.sh"
            ],
            "query": {
              "method": "POST",
              "path": "logout",
              "rest_api_id": "uwhucfcld8",
              "type": "RESPONSE"
            },
            "result": {
              "id": ""
            },
            "working_dir": null
          },
          "sensitive_attributes": [],
          "identity_schema_version": 0
        },
        {
          "index_key": "postStatus",
          "schema_version": 0,
          "attributes": {
            "id": "-",
            "program": [
              "bash",
              "./lookup_doc_part_id.sh"
            ],
            "query": {
              "method": "POST",
              "path": "poststatus",
              "rest_api_id": "uwhucfcld8",
              "type": "RESPONSE"
            },
            "result": {
              "id": ""
            },
            "working_dir": null
          },
          "sensitive_attributes": [],
          "identity_schema_version": 0
        },
        {
          "index_key": "register",
          "schema_version": 0,
          "attributes": {
            "id": "-",
            "program": [
              "bash",
              "./lookup_doc_part_id.sh"
            ],
            "query": {
              "method": "POST",
              "path": "register",
              "rest_api_id": "uwhucfcld8",
              "type": "RESPONSE"
            },
            "result": {
              "id": ""
            },
            "working_dir": null
          },
          "sensitive_attributes": [],
          "identity_schema_version": 0
        },
        {
          "index_key": "unfollow",
          "schema_version": 0,
          "attributes": {
            "id": "-",
            "program": [
              "bash",
              "./lookup_doc_part_id.sh"
            ],
            "query": {
              "method": "POST",
              "path": "unfollow",
              "rest_api_id": "uwhucfcld8",
              "type": "RESPONSE"
            },
            "result": {
              "id": ""
            },
            "working_dir": null
          },
          "sensitive_attributes": [],
          "identity_schema_version": 0
        }
      ]
    },
    {
      "mode": "data",
      "type": "external",
      "name": "doc_part_id_500",
      "provider": "provider[\"registry.terraform.io/hashicorp/external\"]",
      "instances": [
        {
          "index_key": "follow",
          "schema_version": 0,
          "attributes": {
            "id": "-",
            "program": [
              "bash",
              "./lookup_doc_part_id.sh"
            ],
            "query": {
              "method": "POST",
              "path": "follow",
              "rest_api_id": "uwhucfcld8",
              "type": "RESPONSE"
            },
            "result": {
              "id": ""
            },
            "working_dir": null
          },
          "sensitive_attributes": [],
          "identity_schema_version": 0
        },
        {
          "index_key": "followeeCount",
          "schema_version": 0,
          "attributes": {
            "id": "-",
            "program": [
              "bash",
              "./lookup_doc_part_id.sh"
            ],
            "query": {
              "method": "POST",
              "path": "followeecount",
              "rest_api_id": "uwhucfcld8",
              "type": "RESPONSE"
            },
            "result": {
              "id": ""
            },
            "working_dir": null
          },
          "sensitive_attributes": [],
          "identity_schema_version": 0
        },
        {
          "index_key": "followerCount",
          "schema_version": 0,
          "attributes": {
            "id": "-",
            "program": [
              "bash",
              "./lookup_doc_part_id.sh"
            ],
            "query": {
              "method": "POST",
              "path": "followercount",
              "rest_api_id": "uwhucfcld8",
              "type": "RESPONSE"
            },
            "result": {
              "id": ""
            },
            "working_dir": null
          },
          "sensitive_attributes": [],
          "identity_schema_version": 0
        },
        {
          "index_key": "getFeedItems",
          "schema_version": 0,
          "attributes": {
            "id": "-",
            "program": [
              "bash",
              "./lookup_doc_part_id.sh"
            ],
            "query": {
              "method": "POST",
              "path": "getfeeditems",
              "rest_api_id": "uwhucfcld8",
              "type": "RESPONSE"
            },
            "result": {
              "id": ""
            },
            "working_dir": null
          },
          "sensitive_attributes": [],
          "identity_schema_version": 0
        },
        {
          "index_key": "getMoreFollowees",
          "schema_version": 0,
          "attributes": {
            "id": "-",
            "program": [
              "bash",
              "./lookup_doc_part_id.sh"
            ],
            "query": {
              "method": "POST",
              "path": "getfollowees",
              "rest_api_id": "uwhucfcld8",
              "type": "RESPONSE"
            },
            "result": {
              "id": ""
            },
            "working_dir": null
          },
          "sensitive_attributes": [],
          "identity_schema_version": 0
        },
        {
          "index_key": "getMoreFollowers",
          "schema_version": 0,
          "attributes": {
            "id": "-",
            "program": [
              "bash",
              "./lookup_doc_part_id.sh"
            ],
            "query": {
              "method": "POST",
              "path": "getfollowers",
              "rest_api_id": "uwhucfcld8",
              "type": "RESPONSE"
            },
            "result": {
              "id": ""
            },
            "working_dir": null
          },
          "sensitive_attributes": [],
          "identity_schema_version": 0
        },
        {
          "index_key": "getStoryItems",
          "schema_version": 0,
          "attributes": {
            "id": "-",
            "program": [
              "bash",
              "./lookup_doc_part_id.sh"
            ],
            "query": {
              "method": "POST",
              "path": "getstoryitems",
              "rest_api_id": "uwhucfcld8",
              "type": "RESPONSE"
            },
            "result": {
              "id": ""
            },
            "working_dir": null
          },
          "sensitive_attributes": [],
          "identity_schema_version": 0
        },
        {
          "index_key": "getUser",
          "schema_version": 0,
          "attributes": {
            "id": "-",
            "program": [
              "bash",
              "./lookup_doc_part_id.sh"
            ],
            "query": {
              "method": "POST",
              "path": "getuser",
              "rest_api_id": "uwhucfcld8",
              "type": "RESPONSE"
            },
            "result": {
              "id": ""
            },
            "working_dir": null
          },
          "sensitive_attributes": [],
          "identity_schema_version": 0
        },
        {
          "index_key": "isFollower",
          "schema_version": 0,
          "attributes": {
            "id": "-",
            "program": [
              "bash",
              "./lookup_doc_part_id.sh"
            ],
            "query": {
              "method": "POST",
              "path": "isfollower",
              "rest_api_id": "uwhucfcld8",
              "type": "RESPONSE"
            },
            "result": {
              "id": ""
            },
            "working_dir": null
          },
          "sensitive_attributes": [],
          "identity_schema_version": 0
        },
        {
          "index_key": "login",
          "schema_version": 0,
          "attributes": {
            "id": "-",
            "program": [
              "bash",
              "./lookup_doc_part_id.sh"
            ],
            "query": {
              "method": "POST",
              "path": "login",
              "rest_api_id": "uwhucfcld8",
              "type": "RESPONSE"
            },
            "result": {
              "id": ""
            },
            "working_dir": null
          },
          "sensitive_attributes": [],
          "identity_schema_version": 0
        },
        {
          "index_key": "logout",
          "schema_version": 0,
          "attributes": {
            "id": "-",
            "program": [
              "bash",
              "./lookup_doc_part_id.sh"
            ],
            "query": {
              "method": "POST",
              "path": "logout",
              "rest_api_id": "uwhucfcld8",
              "type": "RESPONSE"
            },
            "result": {
              "id": ""
            },
            "working_dir": null
          },
          "sensitive_attributes": [],
          "identity_schema_version": 0
        },
        {
          "index_key": "postStatus",
          "schema_version": 0,
          "attributes": {
            "id": "-",
            "program": [
              "bash",
              "./lookup_doc_part_id.sh"
            ],
            "query": {
              "method": "POST",
              "path": "poststatus",
              "rest_api_id": "uwhucfcld8",
              "type": "RESPONSE"
            },
            "result": {
              "id": ""
            },
            "working_dir": null
          },
          "sensitive_attributes": [],
          "identity_schema_version": 0
        },
        {
          "index_key": "register",
          "schema_version": 0,
          "attributes": {
            "id": "-",
            "program": [
              "bash",
              "./lookup_doc_part_id.sh"
            ],
            "query": {
              "method": "POST",
              "path": "register",
              "rest_api_id": "uwhucfcld8",
              "type": "RESPONSE"
            },
            "result": {
              "id": ""
            },
            "working_dir": null
          },
          "sensitive_attributes": [],
          "identity_schema_version": 0
        },
        {
          "index_key": "unfollow",
          "schema_version": 0,
          "attributes": {
            "id": "-",
            "program": [
              "bash",
              "./lookup_doc_part_id.sh"
            ],
            "query": {
              "method": "POST",
              "path": "unfollow",
              "rest_api_id": "uwhucfcld8",
              "type": "RESPONSE"
            },
            "result": {
              "id": ""
            },
            "working_dir": null
          },
          "sensitive_attributes": [],
          "identity_schema_version": 0
        }
      ]
    },
    {
      "mode": "data",
      "type": "external",
      "name": "doc_part_ids",
      "provider": "provider[\"registry.terraform.io/hashicorp/external\"]",
      "instances": [
        {
          "index_key": "follow",
          "schema_version": 0,
          "attributes": {
            "id": "-",
            "program": [
              "bash",
              "./lookup_doc_part_id.sh"
            ],
            "query": {
              "method": "POST",
              "path": "follow",
              "rest_api_id": "uwhucfcld8",
              "type": "METHOD"
            },
            "result": {
              "id": ""
            },
            "working_dir": null
          },
          "sensitive_attributes": [],
          "identity_schema_version": 0
        },
        {
          "index_key": "followeeCount",
          "schema_version": 0,
          "attributes": {
            "id": "-",
            "program": [
              "bash",
              "./lookup_doc_part_id.sh"
            ],
            "query": {
              "method": "POST",
              "path": "followeecount",
              "rest_api_id": "uwhucfcld8",
              "type": "METHOD"
            },
            "result": {
              "id": ""
            },
            "working_dir": null
          },
          "sensitive_attributes": [],
          "identity_schema_version": 0
        },
        {
          "index_key": "followerCount",
          "schema_version": 0,
          "attributes": {
            "id": "-",
            "program": [
              "bash",
              "./lookup_doc_part_id.sh"
            ],
            "query": {
              "method": "POST",
              "path": "followercount",
              "rest_api_id": "uwhucfcld8",
              "type": "METHOD"
            },
            "result": {
              "id": ""
            },
            "working_dir": null
          },
          "sensitive_attributes": [],
          "identity_schema_version": 0
        },
        {
          "index_key": "getFeedItems",
          "schema_version": 0,
          "attributes": {
            "id": "-",
            "program": [
              "bash",
              "./lookup_doc_part_id.sh"
            ],
            "query": {
              "method": "POST",
              "path": "getfeeditems",
              "rest_api_id": "uwhucfcld8",
              "type": "METHOD"
            },
            "result": {
              "id": ""
            },
            "working_dir": null
          },
          "sensitive_attributes": [],
          "identity_schema_version": 0
        },
        {
          "index_key": "getMoreFollowees",
          "schema_version": 0,
          "attributes": {
            "id": "-",
            "program": [
              "bash",
              "./lookup_doc_part_id.sh"
            ],
            "query": {
              "method": "POST",
              "path": "getfollowees",
              "rest_api_id": "uwhucfcld8",
              "type": "METHOD"
            },
            "result": {
              "id": ""
            },
            "working_dir": null
          },
          "sensitive_attributes": [],
          "identity_schema_version": 0
        },
        {
          "index_key": "getMoreFollowers",
          "schema_version": 0,
          "attributes": {
            "id": "-",
            "program": [
              "bash",
              "./lookup_doc_part_id.sh"
            ],
            "query": {
              "method": "POST",
              "path": "getfollowers",
              "rest_api_id": "uwhucfcld8",
              "type": "METHOD"
            },
            "result": {
              "id": ""
            },
            "working_dir": null
          },
          "sensitive_attributes": [],
          "identity_schema_version": 0
        },
        {
          "index_key": "getStoryItems",
          "schema_version": 0,
          "attributes": {
            "id": "-",
            "program": [
              "bash",
              "./lookup_doc_part_id.sh"
            ],
            "query": {
              "method": "POST",
              "path": "getstoryitems",
              "rest_api_id": "uwhucfcld8",
              "type": "METHOD"
            },
            "result": {
              "id": ""
            },
            "working_dir": null
          },
          "sensitive_attributes": [],
          "identity_schema_version": 0
        },
        {
          "index_key": "getUser",
          "schema_version": 0,
          "attributes": {
            "id": "-",
            "program": [
              "bash",
              "./lookup_doc_part_id.sh"
            ],
            "query": {
              "method": "POST",
              "path": "getuser",
              "rest_api_id": "uwhucfcld8",
              "type": "METHOD"
            },
            "result": {
              "id": ""
            },
            "working_dir": null
          },
          "sensitive_attributes": [],
          "identity_schema_version": 0
        },
        {
          "index_key": "isFollower",
          "schema_version": 0,
          "attributes": {
            "id": "-",
            "program": [
              "bash",
              "./lookup_doc_part_id.sh"
            ],
            "query": {
              "method": "POST",
              "path": "isfollower",
              "rest_api_id": "uwhucfcld8",
              "type": "METHOD"
            },
            "result": {
              "id": ""
            },
            "working_dir": null
          },
          "sensitive_attributes": [],
          "identity_schema_version": 0
        },
        {
          "index_key": "login",
          "schema_version": 0,
          "attributes": {
            "id": "-",
            "program": [
              "bash",
              "./lookup_doc_part_id.sh"
            ],
            "query": {
              "method": "POST",
              "path": "login",
              "rest_api_id": "uwhucfcld8",
              "type": "METHOD"
            },
            "result": {
              "id": ""
            },
            "working_dir": null
          },
          "sensitive_attributes": [],
          "identity_schema_version": 0
        },
        {
          "index_key": "logout",
          "schema_version": 0,
          "attributes": {
            "id": "-",
            "program": [
              "bash",
              "./lookup_doc_part_id.sh"
            ],
            "query": {
              "method": "POST",
              "path": "logout",
              "rest_api_id": "uwhucfcld8",
              "type": "METHOD"
            },
            "result": {
              "id": ""
            },
            "working_dir": null
          },
          "sensitive_attributes": [],
          "identity_schema_version": 0
        },
        {
          "index_key": "postStatus",
          "schema_version": 0,
          "attributes": {
            "id": "-",
            "program": [
              "bash",
              "./lookup_doc_part_id.sh"
            ],
            "query": {
              "method": "POST",
              "path": "poststatus",
              "rest_api_id": "uwhucfcld8",
              "type": "METHOD"
            },
            "result": {
              "id": ""
            },
            "working_dir": null
          },
          "sensitive_attributes": [],
          "identity_schema_version": 0
        },
        {
          "index_key": "register",
          "schema_version": 0,
          "attributes": {
            "id": "-",
            "program": [
              "bash",
              "./lookup_doc_part_id.sh"
            ],
            "query": {
              "method": "POST",
              "path": "register",
              "rest_api_id": "uwhucfcld8",
              "type": "METHOD"
            },
            "result": {
              "id": ""
            },
            "working_dir": null
          },
          "sensitive_attributes": [],
          "identity_schema_version": 0
        },
        {
          "index_key": "unfollow",
          "schema_version": 0,
          "attributes": {
            "id": "-",
            "program": [
              "bash",
              "./lookup_doc_part_id.sh"
            ],
            "query": {
              "method": "POST",
              "path": "unfollow",
              "rest_api_id": "uwhucfcld8",
              "type": "METHOD"
            },
            "result": {
              "id": ""
            },
            "working_dir": null
          },
          "sensitive_attributes": [],
          "identity_schema_version": 0
        }
      ]
    },
    {
      "mode": "managed",
      "type": "archive_file",
      "name": "layer_package",
      "provider": "provider[\"registry.terraform.io/hashicorp/archive\"]",
      "instances": [
        {
          "schema_version": 0,
          "attributes": {
            "exclude_symlink_directories": null,
            "excludes": null,
            "id": "659091b99d2572d7a507013596c4b0276c1eba7b",
            "output_base64sha256": "GsZMfrrRf6VkAPEwHFP2ELq0gJEaps8KFhAConxYTbM=",
            "output_base64sha512": "q/RHdFt3GyIfkHJYW50CT0udf/blbN4QrpjClXdJNsjipPKNGenaJnFL9LFRoBaZDEkJq+Raj8HLtVRHDBoBGg==",
            "output_file_mode": null,
            "output_md5": "e782b9d28b41117eed38ed5090fe76f4",
            "output_path": "./package/dependencies/layer.zip",
            "output_sha": "659091b99d2572d7a507013596c4b0276c1eba7b",
            "output_sha256": "1ac64c7ebad17fa56400f1301c53f610bab480911aa6cf0a161002a27c584db3",
            "output_sha512": "abf447745b771b221f9072585b9d024f4b9d7ff6e56cde10ae98c295774936c8e2a4f28d19e9da26714bf4b151a016990c4909abe45a8fc1cbb554470c1a011a",
            "output_size": 7213502,
            "source": [],
            "source_content": null,
            "source_content_filename": null,
            "source_dir": "./layer",
            "source_file": null,
            "type": "zip"
          },
          "sensitive_attributes": [],
          "identity_schema_version": 0
        }
      ]
    },
    {
      "mode": "managed",
      "type": "aws_api_gateway_deployment",
      "name": "TweeterAPIDeployment",
      "provider": "provider[\"registry.terraform.io/hashicorp/aws\"]",
      "instances": [
        {
          "schema_version": 0,
          "attributes": {
            "created_date": "2026-03-27T05:51:45Z",
            "description": "",
            "execution_arn": "arn:aws:execute-api:us-west-2:615299777283:uwhucfcld8/",
            "id": "ol5iy9",
            "invoke_url": "https://uwhucfcld8.execute-api.us-west-2.amazonaws.com/",
            "rest_api_id": "uwhucfcld8",
            "stage_description": null,
            "stage_name": null,
            "triggers": null,
            "variables": null
          },
          "sensitive_attributes": [],
          "identity_schema_version": 0,
          "private": "bnVsbA==",
          "dependencies": [
            "archive_file.layer_package",
            "aws_api_gateway_integration.MethodIntegration",
            "aws_api_gateway_integration.options",
            "aws_api_gateway_integration_response.error_response400",
            "aws_api_gateway_integration_response.error_response500",
            "aws_api_gateway_integration_response.options_integration",
            "aws_api_gateway_integration_response.response_200Integration",
            "aws_api_gateway_method.Method",
            "aws_api_gateway_method.options",
            "aws_api_gateway_method_response.options_200",
            "aws_api_gateway_method_response.response400",
            "aws_api_gateway_method_response.response500",
            "aws_api_gateway_method_response.response_200",
            "aws_api_gateway_resource.Resources",
            "aws_api_gateway_rest_api.TweeterAPI",
            "aws_iam_role.backend_lambda_handler",
            "aws_lambda_function.Lambdas",
            "aws_lambda_layer_version.dependencies",
            "data.archive_file.lambda_package",
            "data.aws_iam_policy_document.role"
          ]
        }
      ]
    },
    {
      "mode": "managed",
      "type": "aws_api_gateway_documentation_part",
      "name": "method_docs",
      "provider": "provider[\"registry.terraform.io/hashicorp/aws\"]",
      "instances": [
        {
          "index_key": "follow",
          "schema_version": 0,
          "attributes": {
            "id": "uwhucfcld8/svs96i",
            "location": [
              {
                "method": "POST",
                "name": "",
                "path": "/follow",
                "status_code": "",
                "type": "METHOD"
              }
            ],
            "properties": "{\"description\":\"Follow a target user\"}",
            "rest_api_id": "uwhucfcld8"
          },
          "sensitive_attributes": [],
          "identity_schema_version": 0,
          "private": "bnVsbA==",
          "dependencies": [
            "aws_api_gateway_rest_api.TweeterAPI"
          ],
          "create_before_destroy": true
        },
        {
          "index_key": "followeeCount",
          "schema_version": 0,
          "attributes": {
            "id": "uwhucfcld8/om6yts",
            "location": [
              {
                "method": "POST",
                "name": "",
                "path": "/followeecount",
                "status_code": "",
                "type": "METHOD"
              }
            ],
            "properties": "{\"description\":\"Return the followee count of a target user\"}",
            "rest_api_id": "uwhucfcld8"
          },
          "sensitive_attributes": [],
          "identity_schema_version": 0,
          "private": "bnVsbA==",
          "dependencies": [
            "aws_api_gateway_rest_api.TweeterAPI"
          ],
          "create_before_destroy": true
        },
        {
          "index_key": "followerCount",
          "schema_version": 0,
          "attributes": {
            "id": "uwhucfcld8/7fup1r",
            "location": [
              {
                "method": "POST",
                "name": "",
                "path": "/followercount",
                "status_code": "",
                "type": "METHOD"
              }
            ],
            "properties": "{\"description\":\"Return the follower count of a target user\"}",
            "rest_api_id": "uwhucfcld8"
          },
          "sensitive_attributes": [],
          "identity_schema_version": 0,
          "private": "bnVsbA==",
          "dependencies": [
            "aws_api_gateway_rest_api.TweeterAPI"
          ],
          "create_before_destroy": true
        },
        {
          "index_key": "getFeedItems",
          "schema_version": 0,
          "attributes": {
            "id": "uwhucfcld8/az0w5g",
            "location": [
              {
                "method": "POST",
                "name": "",
                "path": "/getfeeditems",
                "status_code": "",
                "type": "METHOD"
              }
            ],
            "properties": "{\"description\":\"Load a page of Statuses in a user's Feed\"}",
            "rest_api_id": "uwhucfcld8"
          },
          "sensitive_attributes": [],
          "identity_schema_version": 0,
          "private": "bnVsbA==",
          "dependencies": [
            "aws_api_gateway_rest_api.TweeterAPI"
          ],
          "create_before_destroy": true
        },
        {
          "index_key": "getMoreFollowees",
          "schema_version": 0,
          "attributes": {
            "id": "uwhucfcld8/mo2gzh",
            "location": [
              {
                "method": "POST",
                "name": "",
                "path": "/getfollowees",
                "status_code": "",
                "type": "METHOD"
              }
            ],
            "properties": "{\"description\":\"Load a page of Followees\"}",
            "rest_api_id": "uwhucfcld8"
          },
          "sensitive_attributes": [],
          "identity_schema_version": 0,
          "private": "bnVsbA==",
          "dependencies": [
            "aws_api_gateway_rest_api.TweeterAPI"
          ],
          "create_before_destroy": true
        },
        {
          "index_key": "getMoreFollowers",
          "schema_version": 0,
          "attributes": {
            "id": "uwhucfcld8/26s5l0",
            "location": [
              {
                "method": "POST",
                "name": "",
                "path": "/getfollowers",
                "status_code": "",
                "type": "METHOD"
              }
            ],
            "properties": "{\"description\":\"Load a page of Followers\"}",
            "rest_api_id": "uwhucfcld8"
          },
          "sensitive_attributes": [],
          "identity_schema_version": 0,
          "private": "bnVsbA==",
          "dependencies": [
            "aws_api_gateway_rest_api.TweeterAPI"
          ],
          "create_before_destroy": true
        },
        {
          "index_key": "getStoryItems",
          "schema_version": 0,
          "attributes": {
            "id": "uwhucfcld8/r99d9z",
            "location": [
              {
                "method": "POST",
                "name": "",
                "path": "/getstoryitems",
                "status_code": "",
                "type": "METHOD"
              }
            ],
            "properties": "{\"description\":\"Load a page of Statuses in a user's Story\"}",
            "rest_api_id": "uwhucfcld8"
          },
          "sensitive_attributes": [],
          "identity_schema_version": 0,
          "private": "bnVsbA==",
          "dependencies": [
            "aws_api_gateway_rest_api.TweeterAPI"
          ],
          "create_before_destroy": true
        },
        {
          "index_key": "getUser",
          "schema_version": 0,
          "attributes": {
            "id": "uwhucfcld8/hk5833",
            "location": [
              {
                "method": "POST",
                "name": "",
                "path": "/getuser",
                "status_code": "",
                "type": "METHOD"
              }
            ],
            "properties": "{\"description\":\"Retrieve the user object for a target user\"}",
            "rest_api_id": "uwhucfcld8"
          },
          "sensitive_attributes": [],
          "identity_schema_version": 0,
          "private": "bnVsbA==",
          "dependencies": [
            "aws_api_gateway_rest_api.TweeterAPI"
          ],
          "create_before_destroy": true
        },
        {
          "index_key": "isFollower",
          "schema_version": 0,
          "attributes": {
            "id": "uwhucfcld8/ndmmxt",
            "location": [
              {
                "method": "POST",
                "name": "",
                "path": "/isfollower",
                "status_code": "",
                "type": "METHOD"
              }
            ],
            "properties": "{\"description\":\"Determine if the target user is a follower of the calling user\"}",
            "rest_api_id": "uwhucfcld8"
          },
          "sensitive_attributes": [],
          "identity_schema_version": 0,
          "private": "bnVsbA==",
          "dependencies": [
            "aws_api_gateway_rest_api.TweeterAPI"
          ],
          "create_before_destroy": true
        },
        {
          "index_key": "login",
          "schema_version": 0,
          "attributes": {
            "id": "uwhucfcld8/v8herm",
            "location": [
              {
                "method": "POST",
                "name": "",
                "path": "/login",
                "status_code": "",
                "type": "METHOD"
              }
            ],
            "properties": "{\"description\":\"Login as an existing user\"}",
            "rest_api_id": "uwhucfcld8"
          },
          "sensitive_attributes": [],
          "identity_schema_version": 0,
          "private": "bnVsbA==",
          "dependencies": [
            "aws_api_gateway_rest_api.TweeterAPI"
          ],
          "create_before_destroy": true
        },
        {
          "index_key": "logout",
          "schema_version": 0,
          "attributes": {
            "id": "uwhucfcld8/sme1tq",
            "location": [
              {
                "method": "POST",
                "name": "",
                "path": "/logout",
                "status_code": "",
                "type": "METHOD"
              }
            ],
            "properties": "{\"description\":\"Logout an authenticated user\"}",
            "rest_api_id": "uwhucfcld8"
          },
          "sensitive_attributes": [],
          "identity_schema_version": 0,
          "private": "bnVsbA==",
          "dependencies": [
            "aws_api_gateway_rest_api.TweeterAPI"
          ],
          "create_before_destroy": true
        },
        {
          "index_key": "postStatus",
          "schema_version": 0,
          "attributes": {
            "id": "uwhucfcld8/xshzgh",
            "location": [
              {
                "method": "POST",
                "name": "",
                "path": "/poststatus",
                "status_code": "",
                "type": "METHOD"
              }
            ],
            "properties": "{\"description\":\"A user posts a status to their story\"}",
            "rest_api_id": "uwhucfcld8"
          },
          "sensitive_attributes": [],
          "identity_schema_version": 0,
          "private": "bnVsbA==",
          "dependencies": [
            "aws_api_gateway_rest_api.TweeterAPI"
          ],
          "create_before_destroy": true
        },
        {
          "index_key": "register",
          "schema_version": 0,
          "attributes": {
            "id": "uwhucfcld8/6slgkl",
            "location": [
              {
                "method": "POST",
                "name": "",
                "path": "/register",
                "status_code": "",
                "type": "METHOD"
              }
            ],
            "properties": "{\"description\":\"Register as a new user\"}",
            "rest_api_id": "uwhucfcld8"
          },
          "sensitive_attributes": [],
          "identity_schema_version": 0,
          "private": "bnVsbA==",
          "dependencies": [
            "aws_api_gateway_rest_api.TweeterAPI"
          ],
          "create_before_destroy": true
        },
        {
          "index_key": "unfollow",
          "schema_version": 0,
          "attributes": {
            "id": "uwhucfcld8/fyf7w3",
            "location": [
              {
                "method": "POST",
                "name": "",
                "path": "/unfollow",
                "status_code": "",
                "type": "METHOD"
              }
            ],
            "properties": "{\"description\":\"Unfollow a target user\"}",
            "rest_api_id": "uwhucfcld8"
          },
          "sensitive_attributes": [],
          "identity_schema_version": 0,
          "private": "bnVsbA==",
          "dependencies": [
            "aws_api_gateway_rest_api.TweeterAPI"
          ],
          "create_before_destroy": true
        }
      ]
    },
    {
      "mode": "managed",
      "type": "aws_api_gateway_documentation_part",
      "name": "response_400_docs",
      "provider": "provider[\"registry.terraform.io/hashicorp/aws\"]",
      "instances": [
        {
          "index_key": "follow",
          "schema_version": 0,
          "attributes": {
            "id": "uwhucfcld8/wpnp4d",
            "location": [
              {
                "method": "POST",
                "name": "",
                "path": "/follow",
                "status_code": "400",
                "type": "RESPONSE"
              }
            ],
            "properties": "{\"description\":\"Client Error\"}",
            "rest_api_id": "uwhucfcld8"
          },
          "sensitive_attributes": [],
          "identity_schema_version": 0,
          "private": "bnVsbA==",
          "dependencies": [
            "aws_api_gateway_rest_api.TweeterAPI"
          ],
          "create_before_destroy": true
        },
        {
          "index_key": "followeeCount",
          "schema_version": 0,
          "attributes": {
            "id": "uwhucfcld8/ry5rck",
            "location": [
              {
                "method": "POST",
                "name": "",
                "path": "/followeecount",
                "status_code": "400",
                "type": "RESPONSE"
              }
            ],
            "properties": "{\"description\":\"Client Error\"}",
            "rest_api_id": "uwhucfcld8"
          },
          "sensitive_attributes": [],
          "identity_schema_version": 0,
          "private": "bnVsbA==",
          "dependencies": [
            "aws_api_gateway_rest_api.TweeterAPI"
          ],
          "create_before_destroy": true
        },
        {
          "index_key": "followerCount",
          "schema_version": 0,
          "attributes": {
            "id": "uwhucfcld8/0lctz8",
            "location": [
              {
                "method": "POST",
                "name": "",
                "path": "/followercount",
                "status_code": "400",
                "type": "RESPONSE"
              }
            ],
            "properties": "{\"description\":\"Client Error\"}",
            "rest_api_id": "uwhucfcld8"
          },
          "sensitive_attributes": [],
          "identity_schema_version": 0,
          "private": "bnVsbA==",
          "dependencies": [
            "aws_api_gateway_rest_api.TweeterAPI"
          ],
          "create_before_destroy": true
        },
        {
          "index_key": "getFeedItems",
          "schema_version": 0,
          "attributes": {
            "id": "uwhucfcld8/ss8mey",
            "location": [
              {
                "method": "POST",
                "name": "",
                "path": "/getfeeditems",
                "status_code": "400",
                "type": "RESPONSE"
              }
            ],
            "properties": "{\"description\":\"Client Error\"}",
            "rest_api_id": "uwhucfcld8"
          },
          "sensitive_attributes": [],
          "identity_schema_version": 0,
          "private": "bnVsbA==",
          "dependencies": [
            "aws_api_gateway_rest_api.TweeterAPI"
          ],
          "create_before_destroy": true
        },
        {
          "index_key": "getMoreFollowees",
          "schema_version": 0,
          "attributes": {
            "id": "uwhucfcld8/wd6y3p",
            "location": [
              {
                "method": "POST",
                "name": "",
                "path": "/getfollowees",
                "status_code": "400",
                "type": "RESPONSE"
              }
            ],
            "properties": "{\"description\":\"Client Error\"}",
            "rest_api_id": "uwhucfcld8"
          },
          "sensitive_attributes": [],
          "identity_schema_version": 0,
          "private": "bnVsbA==",
          "dependencies": [
            "aws_api_gateway_rest_api.TweeterAPI"
          ],
          "create_before_destroy": true
        },
        {
          "index_key": "getMoreFollowers",
          "schema_version": 0,
          "attributes": {
            "id": "uwhucfcld8/lbfg26",
            "location": [
              {
                "method": "POST",
                "name": "",
                "path": "/getfollowers",
                "status_code": "400",
                "type": "RESPONSE"
              }
            ],
            "properties": "{\"description\":\"Client Error\"}",
            "rest_api_id": "uwhucfcld8"
          },
          "sensitive_attributes": [],
          "identity_schema_version": 0,
          "private": "bnVsbA==",
          "dependencies": [
            "aws_api_gateway_rest_api.TweeterAPI"
          ],
          "create_before_destroy": true
        },
        {
          "index_key": "getStoryItems",
          "schema_version": 0,
          "attributes": {
            "id": "uwhucfcld8/21v3pe",
            "location": [
              {
                "method": "POST",
                "name": "",
                "path": "/getstoryitems",
                "status_code": "400",
                "type": "RESPONSE"
              }
            ],
            "properties": "{\"description\":\"Client Error\"}",
            "rest_api_id": "uwhucfcld8"
          },
          "sensitive_attributes": [],
          "identity_schema_version": 0,
          "private": "bnVsbA==",
          "dependencies": [
            "aws_api_gateway_rest_api.TweeterAPI"
          ],
          "create_before_destroy": true
        },
        {
          "index_key": "getUser",
          "schema_version": 0,
          "attributes": {
            "id": "uwhucfcld8/akwiye",
            "location": [
              {
                "method": "POST",
                "name": "",
                "path": "/getuser",
                "status_code": "400",
                "type": "RESPONSE"
              }
            ],
            "properties": "{\"description\":\"Client Error\"}",
            "rest_api_id": "uwhucfcld8"
          },
          "sensitive_attributes": [],
          "identity_schema_version": 0,
          "private": "bnVsbA==",
          "dependencies": [
            "aws_api_gateway_rest_api.TweeterAPI"
          ],
          "create_before_destroy": true
        },
        {
          "index_key": "isFollower",
          "schema_version": 0,
          "attributes": {
            "id": "uwhucfcld8/o0c5e4",
            "location": [
              {
                "method": "POST",
                "name": "",
                "path": "/isfollower",
                "status_code": "400",
                "type": "RESPONSE"
              }
            ],
            "properties": "{\"description\":\"Client Error\"}",
            "rest_api_id": "uwhucfcld8"
          },
          "sensitive_attributes": [],
          "identity_schema_version": 0,
          "private": "bnVsbA==",
          "dependencies": [
            "aws_api_gateway_rest_api.TweeterAPI"
          ],
          "create_before_destroy": true
        },
        {
          "index_key": "login",
          "schema_version": 0,
          "attributes": {
            "id": "uwhucfcld8/rp127g",
            "location": [
              {
                "method": "POST",
                "name": "",
                "path": "/login",
                "status_code": "400",
                "type": "RESPONSE"
              }
            ],
            "properties": "{\"description\":\"Client Error\"}",
            "rest_api_id": "uwhucfcld8"
          },
          "sensitive_attributes": [],
          "identity_schema_version": 0,
          "private": "bnVsbA==",
          "dependencies": [
            "aws_api_gateway_rest_api.TweeterAPI"
          ],
          "create_before_destroy": true
        },
        {
          "index_key": "logout",
          "schema_version": 0,
          "attributes": {
            "id": "uwhucfcld8/gnz13c",
            "location": [
              {
                "method": "POST",
                "name": "",
                "path": "/logout",
                "status_code": "400",
                "type": "RESPONSE"
              }
            ],
            "properties": "{\"description\":\"Client Error\"}",
            "rest_api_id": "uwhucfcld8"
          },
          "sensitive_attributes": [],
          "identity_schema_version": 0,
          "private": "bnVsbA==",
          "dependencies": [
            "aws_api_gateway_rest_api.TweeterAPI"
          ],
          "create_before_destroy": true
        },
        {
          "index_key": "postStatus",
          "schema_version": 0,
          "attributes": {
            "id": "uwhucfcld8/1qcjtu",
            "location": [
              {
                "method": "POST",
                "name": "",
                "path": "/poststatus",
                "status_code": "400",
                "type": "RESPONSE"
              }
            ],
            "properties": "{\"description\":\"Client Error\"}",
            "rest_api_id": "uwhucfcld8"
          },
          "sensitive_attributes": [],
          "identity_schema_version": 0,
          "private": "bnVsbA==",
          "dependencies": [
            "aws_api_gateway_rest_api.TweeterAPI"
          ],
          "create_before_destroy": true
        },
        {
          "index_key": "register",
          "schema_version": 0,
          "attributes": {
            "id": "uwhucfcld8/6e7ti6",
            "location": [
              {
                "method": "POST",
                "name": "",
                "path": "/register",
                "status_code": "400",
                "type": "RESPONSE"
              }
            ],
            "properties": "{\"description\":\"Client Error\"}",
            "rest_api_id": "uwhucfcld8"
          },
          "sensitive_attributes": [],
          "identity_schema_version": 0,
          "private": "bnVsbA==",
          "dependencies": [
            "aws_api_gateway_rest_api.TweeterAPI"
          ],
          "create_before_destroy": true
        },
        {
          "index_key": "unfollow",
          "schema_version": 0,
          "attributes": {
            "id": "uwhucfcld8/ejln8x",
            "location": [
              {
                "method": "POST",
                "name": "",
                "path": "/unfollow",
                "status_code": "400",
                "type": "RESPONSE"
              }
            ],
            "properties": "{\"description\":\"Client Error\"}",
            "rest_api_id": "uwhucfcld8"
          },
          "sensitive_attributes": [],
          "identity_schema_version": 0,
          "private": "bnVsbA==",
          "dependencies": [
            "aws_api_gateway_rest_api.TweeterAPI"
          ],
          "create_before_destroy": true
        }
      ]
    },
    {
      "mode": "managed",
      "type": "aws_api_gateway_documentation_part",
      "name": "response_500_docs",
      "provider": "provider[\"registry.terraform.io/hashicorp/aws\"]",
      "instances": [
        {
          "index_key": "follow",
          "schema_version": 0,
          "attributes": {
            "id": "uwhucfcld8/yowtmb",
            "location": [
              {
                "method": "POST",
                "name": "",
                "path": "/follow",
                "status_code": "500",
                "type": "RESPONSE"
              }
            ],
            "properties": "{\"description\":\"Server Error\"}",
            "rest_api_id": "uwhucfcld8"
          },
          "sensitive_attributes": [],
          "identity_schema_version": 0,
          "private": "bnVsbA==",
          "dependencies": [
            "aws_api_gateway_rest_api.TweeterAPI"
          ],
          "create_before_destroy": true
        },
        {
          "index_key": "followeeCount",
          "schema_version": 0,
          "attributes": {
            "id": "uwhucfcld8/uvof7k",
            "location": [
              {
                "method": "POST",
                "name": "",
                "path": "/followeecount",
                "status_code": "500",
                "type": "RESPONSE"
              }
            ],
            "properties": "{\"description\":\"Server Error\"}",
            "rest_api_id": "uwhucfcld8"
          },
          "sensitive_attributes": [],
          "identity_schema_version": 0,
          "private": "bnVsbA==",
          "dependencies": [
            "aws_api_gateway_rest_api.TweeterAPI"
          ],
          "create_before_destroy": true
        },
        {
          "index_key": "followerCount",
          "schema_version": 0,
          "attributes": {
            "id": "uwhucfcld8/9owqa5",
            "location": [
              {
                "method": "POST",
                "name": "",
                "path": "/followercount",
                "status_code": "500",
                "type": "RESPONSE"
              }
            ],
            "properties": "{\"description\":\"Server Error\"}",
            "rest_api_id": "uwhucfcld8"
          },
          "sensitive_attributes": [],
          "identity_schema_version": 0,
          "private": "bnVsbA==",
          "dependencies": [
            "aws_api_gateway_rest_api.TweeterAPI"
          ],
          "create_before_destroy": true
        },
        {
          "index_key": "getFeedItems",
          "schema_version": 0,
          "attributes": {
            "id": "uwhucfcld8/huplf3",
            "location": [
              {
                "method": "POST",
                "name": "",
                "path": "/getfeeditems",
                "status_code": "500",
                "type": "RESPONSE"
              }
            ],
            "properties": "{\"description\":\"Server Error\"}",
            "rest_api_id": "uwhucfcld8"
          },
          "sensitive_attributes": [],
          "identity_schema_version": 0,
          "private": "bnVsbA==",
          "dependencies": [
            "aws_api_gateway_rest_api.TweeterAPI"
          ],
          "create_before_destroy": true
        },
        {
          "index_key": "getMoreFollowees",
          "schema_version": 0,
          "attributes": {
            "id": "uwhucfcld8/fbk1rs",
            "location": [
              {
                "method": "POST",
                "name": "",
                "path": "/getfollowees",
                "status_code": "500",
                "type": "RESPONSE"
              }
            ],
            "properties": "{\"description\":\"Server Error\"}",
            "rest_api_id": "uwhucfcld8"
          },
          "sensitive_attributes": [],
          "identity_schema_version": 0,
          "private": "bnVsbA==",
          "dependencies": [
            "aws_api_gateway_rest_api.TweeterAPI"
          ],
          "create_before_destroy": true
        },
        {
          "index_key": "getMoreFollowers",
          "schema_version": 0,
          "attributes": {
            "id": "uwhucfcld8/y6p9nh",
            "location": [
              {
                "method": "POST",
                "name": "",
                "path": "/getfollowers",
                "status_code": "500",
                "type": "RESPONSE"
              }
            ],
            "properties": "{\"description\":\"Server Error\"}",
            "rest_api_id": "uwhucfcld8"
          },
          "sensitive_attributes": [],
          "identity_schema_version": 0,
          "private": "bnVsbA==",
          "dependencies": [
            "aws_api_gateway_rest_api.TweeterAPI"
          ],
          "create_before_destroy": true
        },
        {
          "index_key": "getStoryItems",
          "schema_version": 0,
          "attributes": {
            "id": "uwhucfcld8/eegpj8",
            "location": [
              {
                "method": "POST",
                "name": "",
                "path": "/getstoryitems",
                "status_code": "500",
                "type": "RESPONSE"
              }
            ],
            "properties": "{\"description\":\"Server Error\"}",
            "rest_api_id": "uwhucfcld8"
          },
          "sensitive_attributes": [],
          "identity_schema_version": 0,
          "private": "bnVsbA==",
          "dependencies": [
            "aws_api_gateway_rest_api.TweeterAPI"
          ],
          "create_before_destroy": true
        },
        {
          "index_key": "getUser",
          "schema_version": 0,
          "attributes": {
            "id": "uwhucfcld8/rre3yj",
            "location": [
              {
                "method": "POST",
                "name": "",
                "path": "/getuser",
                "status_code": "500",
                "type": "RESPONSE"
              }
            ],
            "properties": "{\"description\":\"Server Error\"}",
            "rest_api_id": "uwhucfcld8"
          },
          "sensitive_attributes": [],
          "identity_schema_version": 0,
          "private": "bnVsbA==",
          "dependencies": [
            "aws_api_gateway_rest_api.TweeterAPI"
          ],
          "create_before_destroy": true
        },
        {
          "index_key": "isFollower",
          "schema_version": 0,
          "attributes": {
            "id": "uwhucfcld8/4dd4dt",
            "location": [
              {
                "method": "POST",
                "name": "",
                "path": "/isfollower",
                "status_code": "500",
                "type": "RESPONSE"
              }
            ],
            "properties": "{\"description\":\"Server Error\"}",
            "rest_api_id": "uwhucfcld8"
          },
          "sensitive_attributes": [],
          "identity_schema_version": 0,
          "private": "bnVsbA==",
          "dependencies": [
            "aws_api_gateway_rest_api.TweeterAPI"
          ],
          "create_before_destroy": true
        },
        {
          "index_key": "login",
          "schema_version": 0,
          "attributes": {
            "id": "uwhucfcld8/q5v5c4",
            "location": [
              {
                "method": "POST",
                "name": "",
                "path": "/login",
                "status_code": "500",
                "type": "RESPONSE"
              }
            ],
            "properties": "{\"description\":\"Server Error\"}",
            "rest_api_id": "uwhucfcld8"
          },
          "sensitive_attributes": [],
          "identity_schema_version": 0,
          "private": "bnVsbA==",
          "dependencies": [
            "aws_api_gateway_rest_api.TweeterAPI"
          ],
          "create_before_destroy": true
        },
        {
          "index_key": "logout",
          "schema_version": 0,
          "attributes": {
            "id": "uwhucfcld8/koyxkx",
            "location": [
              {
                "method": "POST",
                "name": "",
                "path": "/logout",
                "status_code": "500",
                "type": "RESPONSE"
              }
            ],
            "properties": "{\"description\":\"Server Error\"}",
            "rest_api_id": "uwhucfcld8"
          },
          "sensitive_attributes": [],
          "identity_schema_version": 0,
          "private": "bnVsbA==",
          "dependencies": [
            "aws_api_gateway_rest_api.TweeterAPI"
          ],
          "create_before_destroy": true
        },
        {
          "index_key": "postStatus",
          "schema_version": 0,
          "attributes": {
            "id": "uwhucfcld8/talr2z",
            "location": [
              {
                "method": "POST",
                "name": "",
                "path": "/poststatus",
                "status_code": "500",
                "type": "RESPONSE"
              }
            ],
            "properties": "{\"description\":\"Server Error\"}",
            "rest_api_id": "uwhucfcld8"
          },
          "sensitive_attributes": [],
          "identity_schema_version": 0,
          "private": "bnVsbA==",
          "dependencies": [
            "aws_api_gateway_rest_api.TweeterAPI"
          ],
          "create_before_destroy": true
        },
        {
          "index_key": "register",
          "schema_version": 0,
          "attributes": {
            "id": "uwhucfcld8/o8ib44",
            "location": [
              {
                "method": "POST",
                "name": "",
                "path": "/register",
                "status_code": "500",
                "type": "RESPONSE"
              }
            ],
            "properties": "{\"description\":\"Server Error\"}",
            "rest_api_id": "uwhucfcld8"
          },
          "sensitive_attributes": [],
          "identity_schema_version": 0,
          "private": "bnVsbA==",
          "dependencies": [
            "aws_api_gateway_rest_api.TweeterAPI"
          ],
          "create_before_destroy": true
        },
        {
          "index_key": "unfollow",
          "schema_version": 0,
          "attributes": {
            "id": "uwhucfcld8/n3kyo6",
            "location": [
              {
                "method": "POST",
                "name": "",
                "path": "/unfollow",
                "status_code": "500",
                "type": "RESPONSE"
              }
            ],
            "properties": "{\"description\":\"Server Error\"}",
            "rest_api_id": "uwhucfcld8"
          },
          "sensitive_attributes": [],
          "identity_schema_version": 0,
          "private": "bnVsbA==",
          "dependencies": [
            "aws_api_gateway_rest_api.TweeterAPI"
          ],
          "create_before_destroy": true
        }
      ]
    },
    {
      "mode": "managed",
      "type": "aws_api_gateway_documentation_version",
      "name": "TweeterAPIDocs",
      "provider": "provider[\"registry.terraform.io/hashicorp/aws\"]",
      "instances": [
        {
          "schema_version": 0,
          "attributes": {
            "description": "API documentation",
            "id": "uwhucfcld8/v1",
            "rest_api_id": "uwhucfcld8",
            "version": "v1"
          },
          "sensitive_attributes": [],
          "identity_schema_version": 0,
          "private": "bnVsbA==",
          "dependencies": [
            "aws_api_gateway_documentation_part.method_docs",
            "aws_api_gateway_documentation_part.response_400_docs",
            "aws_api_gateway_documentation_part.response_500_docs",
            "aws_api_gateway_rest_api.TweeterAPI"
          ]
        }
      ]
    },
    {
      "mode": "managed",
      "type": "aws_api_gateway_integration",
      "name": "MethodIntegration",
      "provider": "provider[\"registry.terraform.io/hashicorp/aws\"]",
      "instances": [
        {
          "index_key": "follow",
          "schema_version": 0,
          "attributes": {
            "cache_key_parameters": [],
            "cache_namespace": "h3kzzk",
            "connection_id": "",
            "connection_type": "INTERNET",
            "content_handling": "CONVERT_TO_TEXT",
            "credentials": "",
            "http_method": "POST",
            "id": "agi-uwhucfcld8-h3kzzk-POST",
            "integration_http_method": "POST",
            "passthrough_behavior": "WHEN_NO_MATCH",
            "request_parameters": {},
            "request_templates": {},
            "resource_id": "h3kzzk",
            "rest_api_id": "uwhucfcld8",
            "timeout_milliseconds": 29000,
            "tls_config": [],
            "type": "AWS",
            "uri": "arn:aws:apigateway:us-west-2:lambda:path/2015-03-31/functions/arn:aws:lambda:us-west-2:615299777283:function:follow/invocations"
          },
          "sensitive_attributes": [],
          "identity_schema_version": 0,
          "private": "bnVsbA==",
          "dependencies": [
            "archive_file.layer_package",
            "aws_api_gateway_method.Method",
            "aws_api_gateway_resource.Resources",
            "aws_api_gateway_rest_api.TweeterAPI",
            "aws_iam_role.backend_lambda_handler",
            "aws_lambda_function.Lambdas",
            "aws_lambda_layer_version.dependencies",
            "data.archive_file.lambda_package",
            "data.aws_iam_policy_document.role"
          ]
        },
        {
          "index_key": "followeeCount",
          "schema_version": 0,
          "attributes": {
            "cache_key_parameters": [],
            "cache_namespace": "8kgspn",
            "connection_id": "",
            "connection_type": "INTERNET",
            "content_handling": "CONVERT_TO_TEXT",
            "credentials": "",
            "http_method": "POST",
            "id": "agi-uwhucfcld8-8kgspn-POST",
            "integration_http_method": "POST",
            "passthrough_behavior": "WHEN_NO_MATCH",
            "request_parameters": {},
            "request_templates": {},
            "resource_id": "8kgspn",
            "rest_api_id": "uwhucfcld8",
            "timeout_milliseconds": 29000,
            "tls_config": [],
            "type": "AWS",
            "uri": "arn:aws:apigateway:us-west-2:lambda:path/2015-03-31/functions/arn:aws:lambda:us-west-2:615299777283:function:followeeCount/invocations"
          },
          "sensitive_attributes": [],
          "identity_schema_version": 0,
          "private": "bnVsbA==",
          "dependencies": [
            "archive_file.layer_package",
            "aws_api_gateway_method.Method",
            "aws_api_gateway_resource.Resources",
            "aws_api_gateway_rest_api.TweeterAPI",
            "aws_iam_role.backend_lambda_handler",
            "aws_lambda_function.Lambdas",
            "aws_lambda_layer_version.dependencies",
            "data.archive_file.lambda_package",
            "data.aws_iam_policy_document.role"
          ]
        },
        {
          "index_key": "followerCount",
          "schema_version": 0,
          "attributes": {
            "cache_key_parameters": [],
            "cache_namespace": "6ly3h8",
            "connection_id": "",
            "connection_type": "INTERNET",
            "content_handling": "CONVERT_TO_TEXT",
            "credentials": "",
            "http_method": "POST",
            "id": "agi-uwhucfcld8-6ly3h8-POST",
            "integration_http_method": "POST",
            "passthrough_behavior": "WHEN_NO_MATCH",
            "request_parameters": {},
            "request_templates": {},
            "resource_id": "6ly3h8",
            "rest_api_id": "uwhucfcld8",
            "timeout_milliseconds": 29000,
            "tls_config": [],
            "type": "AWS",
            "uri": "arn:aws:apigateway:us-west-2:lambda:path/2015-03-31/functions/arn:aws:lambda:us-west-2:615299777283:function:followerCount/invocations"
          },
          "sensitive_attributes": [],
          "identity_schema_version": 0,
          "private": "bnVsbA==",
          "dependencies": [
            "archive_file.layer_package",
            "aws_api_gateway_method.Method",
            "aws_api_gateway_resource.Resources",
            "aws_api_gateway_rest_api.TweeterAPI",
            "aws_iam_role.backend_lambda_handler",
            "aws_lambda_function.Lambdas",
            "aws_lambda_layer_version.dependencies",
            "data.archive_file.lambda_package",
            "data.aws_iam_policy_document.role"
          ]
        },
        {
          "index_key": "getFeedItems",
          "schema_version": 0,
          "attributes": {
            "cache_key_parameters": [],
            "cache_namespace": "41xgcp",
            "connection_id": "",
            "connection_type": "INTERNET",
            "content_handling": "CONVERT_TO_TEXT",
            "credentials": "",
            "http_method": "POST",
            "id": "agi-uwhucfcld8-41xgcp-POST",
            "integration_http_method": "POST",
            "passthrough_behavior": "WHEN_NO_MATCH",
            "request_parameters": {},
            "request_templates": {},
            "resource_id": "41xgcp",
            "rest_api_id": "uwhucfcld8",
            "timeout_milliseconds": 29000,
            "tls_config": [],
            "type": "AWS",
            "uri": "arn:aws:apigateway:us-west-2:lambda:path/2015-03-31/functions/arn:aws:lambda:us-west-2:615299777283:function:getFeedItems/invocations"
          },
          "sensitive_attributes": [],
          "identity_schema_version": 0,
          "private": "bnVsbA==",
          "dependencies": [
            "archive_file.layer_package",
            "aws_api_gateway_method.Method",
            "aws_api_gateway_resource.Resources",
            "aws_api_gateway_rest_api.TweeterAPI",
            "aws_iam_role.backend_lambda_handler",
            "aws_lambda_function.Lambdas",
            "aws_lambda_layer_version.dependencies",
            "data.archive_file.lambda_package",
            "data.aws_iam_policy_document.role"
          ]
        },
        {
          "index_key": "getMoreFollowees",
          "schema_version": 0,
          "attributes": {
            "cache_key_parameters": [],
            "cache_namespace": "80v7xs",
            "connection_id": "",
            "connection_type": "INTERNET",
            "content_handling": "CONVERT_TO_TEXT",
            "credentials": "",
            "http_method": "POST",
            "id": "agi-uwhucfcld8-80v7xs-POST",
            "integration_http_method": "POST",
            "passthrough_behavior": "WHEN_NO_MATCH",
            "request_parameters": {},
            "request_templates": {},
            "resource_id": "80v7xs",
            "rest_api_id": "uwhucfcld8",
            "timeout_milliseconds": 29000,
            "tls_config": [],
            "type": "AWS",
            "uri": "arn:aws:apigateway:us-west-2:lambda:path/2015-03-31/functions/arn:aws:lambda:us-west-2:615299777283:function:getMoreFollowees/invocations"
          },
          "sensitive_attributes": [],
          "identity_schema_version": 0,
          "private": "bnVsbA==",
          "dependencies": [
            "archive_file.layer_package",
            "aws_api_gateway_method.Method",
            "aws_api_gateway_resource.Resources",
            "aws_api_gateway_rest_api.TweeterAPI",
            "aws_iam_role.backend_lambda_handler",
            "aws_lambda_function.Lambdas",
            "aws_lambda_layer_version.dependencies",
            "data.archive_file.lambda_package",
            "data.aws_iam_policy_document.role"
          ]
        },
        {
          "index_key": "getMoreFollowers",
          "schema_version": 0,
          "attributes": {
            "cache_key_parameters": [],
            "cache_namespace": "klcjii",
            "connection_id": "",
            "connection_type": "INTERNET",
            "content_handling": "CONVERT_TO_TEXT",
            "credentials": "",
            "http_method": "POST",
            "id": "agi-uwhucfcld8-klcjii-POST",
            "integration_http_method": "POST",
            "passthrough_behavior": "WHEN_NO_MATCH",
            "request_parameters": {},
            "request_templates": {},
            "resource_id": "klcjii",
            "rest_api_id": "uwhucfcld8",
            "timeout_milliseconds": 29000,
            "tls_config": [],
            "type": "AWS",
            "uri": "arn:aws:apigateway:us-west-2:lambda:path/2015-03-31/functions/arn:aws:lambda:us-west-2:615299777283:function:getMoreFollowers/invocations"
          },
          "sensitive_attributes": [],
          "identity_schema_version": 0,
          "private": "bnVsbA==",
          "dependencies": [
            "archive_file.layer_package",
            "aws_api_gateway_method.Method",
            "aws_api_gateway_resource.Resources",
            "aws_api_gateway_rest_api.TweeterAPI",
            "aws_iam_role.backend_lambda_handler",
            "aws_lambda_function.Lambdas",
            "aws_lambda_layer_version.dependencies",
            "data.archive_file.lambda_package",
            "data.aws_iam_policy_document.role"
          ]
        },
        {
          "index_key": "getStoryItems",
          "schema_version": 0,
          "attributes": {
            "cache_key_parameters": [],
            "cache_namespace": "c8mf7c",
            "connection_id": "",
            "connection_type": "INTERNET",
            "content_handling": "CONVERT_TO_TEXT",
            "credentials": "",
            "http_method": "POST",
            "id": "agi-uwhucfcld8-c8mf7c-POST",
            "integration_http_method": "POST",
            "passthrough_behavior": "WHEN_NO_MATCH",
            "request_parameters": {},
            "request_templates": {},
            "resource_id": "c8mf7c",
            "rest_api_id": "uwhucfcld8",
            "timeout_milliseconds": 29000,
            "tls_config": [],
            "type": "AWS",
            "uri": "arn:aws:apigateway:us-west-2:lambda:path/2015-03-31/functions/arn:aws:lambda:us-west-2:615299777283:function:getStoryItems/invocations"
          },
          "sensitive_attributes": [],
          "identity_schema_version": 0,
          "private": "bnVsbA==",
          "dependencies": [
            "archive_file.layer_package",
            "aws_api_gateway_method.Method",
            "aws_api_gateway_resource.Resources",
            "aws_api_gateway_rest_api.TweeterAPI",
            "aws_iam_role.backend_lambda_handler",
            "aws_lambda_function.Lambdas",
            "aws_lambda_layer_version.dependencies",
            "data.archive_file.lambda_package",
            "data.aws_iam_policy_document.role"
          ]
        },
        {
          "index_key": "getUser",
          "schema_version": 0,
          "attributes": {
            "cache_key_parameters": [],
            "cache_namespace": "n6gti9",
            "connection_id": "",
            "connection_type": "INTERNET",
            "content_handling": "CONVERT_TO_TEXT",
            "credentials": "",
            "http_method": "POST",
            "id": "agi-uwhucfcld8-n6gti9-POST",
            "integration_http_method": "POST",
            "passthrough_behavior": "WHEN_NO_MATCH",
            "request_parameters": {},
            "request_templates": {},
            "resource_id": "n6gti9",
            "rest_api_id": "uwhucfcld8",
            "timeout_milliseconds": 29000,
            "tls_config": [],
            "type": "AWS",
            "uri": "arn:aws:apigateway:us-west-2:lambda:path/2015-03-31/functions/arn:aws:lambda:us-west-2:615299777283:function:getUser/invocations"
          },
          "sensitive_attributes": [],
          "identity_schema_version": 0,
          "private": "bnVsbA==",
          "dependencies": [
            "archive_file.layer_package",
            "aws_api_gateway_method.Method",
            "aws_api_gateway_resource.Resources",
            "aws_api_gateway_rest_api.TweeterAPI",
            "aws_iam_role.backend_lambda_handler",
            "aws_lambda_function.Lambdas",
            "aws_lambda_layer_version.dependencies",
            "data.archive_file.lambda_package",
            "data.aws_iam_policy_document.role"
          ]
        },
        {
          "index_key": "isFollower",
          "schema_version": 0,
          "attributes": {
            "cache_key_parameters": [],
            "cache_namespace": "jlwk0j",
            "connection_id": "",
            "connection_type": "INTERNET",
            "content_handling": "CONVERT_TO_TEXT",
            "credentials": "",
            "http_method": "POST",
            "id": "agi-uwhucfcld8-jlwk0j-POST",
            "integration_http_method": "POST",
            "passthrough_behavior": "WHEN_NO_MATCH",
            "request_parameters": {},
            "request_templates": {},
            "resource_id": "jlwk0j",
            "rest_api_id": "uwhucfcld8",
            "timeout_milliseconds": 29000,
            "tls_config": [],
            "type": "AWS",
            "uri": "arn:aws:apigateway:us-west-2:lambda:path/2015-03-31/functions/arn:aws:lambda:us-west-2:615299777283:function:isFollower/invocations"
          },
          "sensitive_attributes": [],
          "identity_schema_version": 0,
          "private": "bnVsbA==",
          "dependencies": [
            "archive_file.layer_package",
            "aws_api_gateway_method.Method",
            "aws_api_gateway_resource.Resources",
            "aws_api_gateway_rest_api.TweeterAPI",
            "aws_iam_role.backend_lambda_handler",
            "aws_lambda_function.Lambdas",
            "aws_lambda_layer_version.dependencies",
            "data.archive_file.lambda_package",
            "data.aws_iam_policy_document.role"
          ]
        },
        {
          "index_key": "login",
          "schema_version": 0,
          "attributes": {
            "cache_key_parameters": [],
            "cache_namespace": "ben6fk",
            "connection_id": "",
            "connection_type": "INTERNET",
            "content_handling": "CONVERT_TO_TEXT",
            "credentials": "",
            "http_method": "POST",
            "id": "agi-uwhucfcld8-ben6fk-POST",
            "integration_http_method": "POST",
            "passthrough_behavior": "WHEN_NO_MATCH",
            "request_parameters": {},
            "request_templates": {},
            "resource_id": "ben6fk",
            "rest_api_id": "uwhucfcld8",
            "timeout_milliseconds": 29000,
            "tls_config": [],
            "type": "AWS",
            "uri": "arn:aws:apigateway:us-west-2:lambda:path/2015-03-31/functions/arn:aws:lambda:us-west-2:615299777283:function:login/invocations"
          },
          "sensitive_attributes": [],
          "identity_schema_version": 0,
          "private": "bnVsbA==",
          "dependencies": [
            "archive_file.layer_package",
            "aws_api_gateway_method.Method",
            "aws_api_gateway_resource.Resources",
            "aws_api_gateway_rest_api.TweeterAPI",
            "aws_iam_role.backend_lambda_handler",
            "aws_lambda_function.Lambdas",
            "aws_lambda_layer_version.dependencies",
            "data.archive_file.lambda_package",
            "data.aws_iam_policy_document.role"
          ]
        },
        {
          "index_key": "logout",
          "schema_version": 0,
          "attributes": {
            "cache_key_parameters": [],
            "cache_namespace": "346rfi",
            "connection_id": "",
            "connection_type": "INTERNET",
            "content_handling": "CONVERT_TO_TEXT",
            "credentials": "",
            "http_method": "POST",
            "id": "agi-uwhucfcld8-346rfi-POST",
            "integration_http_method": "POST",
            "passthrough_behavior": "WHEN_NO_MATCH",
            "request_parameters": {},
            "request_templates": {},
            "resource_id": "346rfi",
            "rest_api_id": "uwhucfcld8",
            "timeout_milliseconds": 29000,
            "tls_config": [],
            "type": "AWS",
            "uri": "arn:aws:apigateway:us-west-2:lambda:path/2015-03-31/functions/arn:aws:lambda:us-west-2:615299777283:function:logout/invocations"
          },
          "sensitive_attributes": [],
          "identity_schema_version": 0,
          "private": "bnVsbA==",
          "dependencies": [
            "archive_file.layer_package",
            "aws_api_gateway_method.Method",
            "aws_api_gateway_resource.Resources",
            "aws_api_gateway_rest_api.TweeterAPI",
            "aws_iam_role.backend_lambda_handler",
            "aws_lambda_function.Lambdas",
            "aws_lambda_layer_version.dependencies",
            "data.archive_file.lambda_package",
            "data.aws_iam_policy_document.role"
          ]
        },
        {
          "index_key": "postStatus",
          "schema_version": 0,
          "attributes": {
            "cache_key_parameters": [],
            "cache_namespace": "bpux18",
            "connection_id": "",
            "connection_type": "INTERNET",
            "content_handling": "CONVERT_TO_TEXT",
            "credentials": "",
            "http_method": "POST",
            "id": "agi-uwhucfcld8-bpux18-POST",
            "integration_http_method": "POST",
            "passthrough_behavior": "WHEN_NO_MATCH",
            "request_parameters": {},
            "request_templates": {},
            "resource_id": "bpux18",
            "rest_api_id": "uwhucfcld8",
            "timeout_milliseconds": 29000,
            "tls_config": [],
            "type": "AWS",
            "uri": "arn:aws:apigateway:us-west-2:lambda:path/2015-03-31/functions/arn:aws:lambda:us-west-2:615299777283:function:postStatus/invocations"
          },
          "sensitive_attributes": [],
          "identity_schema_version": 0,
          "private": "bnVsbA==",
          "dependencies": [
            "archive_file.layer_package",
            "aws_api_gateway_method.Method",
            "aws_api_gateway_resource.Resources",
            "aws_api_gateway_rest_api.TweeterAPI",
            "aws_iam_role.backend_lambda_handler",
            "aws_lambda_function.Lambdas",
            "aws_lambda_layer_version.dependencies",
            "data.archive_file.lambda_package",
            "data.aws_iam_policy_document.role"
          ]
        },
        {
          "index_key": "register",
          "schema_version": 0,
          "attributes": {
            "cache_key_parameters": [],
            "cache_namespace": "1vnw1v",
            "connection_id": "",
            "connection_type": "INTERNET",
            "content_handling": "CONVERT_TO_TEXT",
            "credentials": "",
            "http_method": "POST",
            "id": "agi-uwhucfcld8-1vnw1v-POST",
            "integration_http_method": "POST",
            "passthrough_behavior": "WHEN_NO_MATCH",
            "request_parameters": {},
            "request_templates": {},
            "resource_id": "1vnw1v",
            "rest_api_id": "uwhucfcld8",
            "timeout_milliseconds": 29000,
            "tls_config": [],
            "type": "AWS",
            "uri": "arn:aws:apigateway:us-west-2:lambda:path/2015-03-31/functions/arn:aws:lambda:us-west-2:615299777283:function:register/invocations"
          },
          "sensitive_attributes": [],
          "identity_schema_version": 0,
          "private": "bnVsbA==",
          "dependencies": [
            "archive_file.layer_package",
            "aws_api_gateway_method.Method",
            "aws_api_gateway_resource.Resources",
            "aws_api_gateway_rest_api.TweeterAPI",
            "aws_iam_role.backend_lambda_handler",
            "aws_lambda_function.Lambdas",
            "aws_lambda_layer_version.dependencies",
            "data.archive_file.lambda_package",
            "data.aws_iam_policy_document.role"
          ]
        },
        {
          "index_key": "unfollow",
          "schema_version": 0,
          "attributes": {
            "cache_key_parameters": [],
            "cache_namespace": "49ewqe",
            "connection_id": "",
            "connection_type": "INTERNET",
            "content_handling": "CONVERT_TO_TEXT",
            "credentials": "",
            "http_method": "POST",
            "id": "agi-uwhucfcld8-49ewqe-POST",
            "integration_http_method": "POST",
            "passthrough_behavior": "WHEN_NO_MATCH",
            "request_parameters": {},
            "request_templates": {},
            "resource_id": "49ewqe",
            "rest_api_id": "uwhucfcld8",
            "timeout_milliseconds": 29000,
            "tls_config": [],
            "type": "AWS",
            "uri": "arn:aws:apigateway:us-west-2:lambda:path/2015-03-31/functions/arn:aws:lambda:us-west-2:615299777283:function:unfollow/invocations"
          },
          "sensitive_attributes": [],
          "identity_schema_version": 0,
          "private": "bnVsbA==",
          "dependencies": [
            "archive_file.layer_package",
            "aws_api_gateway_method.Method",
            "aws_api_gateway_resource.Resources",
            "aws_api_gateway_rest_api.TweeterAPI",
            "aws_iam_role.backend_lambda_handler",
            "aws_lambda_function.Lambdas",
            "aws_lambda_layer_version.dependencies",
            "data.archive_file.lambda_package",
            "data.aws_iam_policy_document.role"
          ]
        }
      ]
    },
    {
      "mode": "managed",
      "type": "aws_api_gateway_integration",
      "name": "options",
      "provider": "provider[\"registry.terraform.io/hashicorp/aws\"]",
      "instances": [
        {
          "index_key": "follow",
          "schema_version": 0,
          "attributes": {
            "cache_key_parameters": [],
            "cache_namespace": "h3kzzk",
            "connection_id": "",
            "connection_type": "INTERNET",
            "content_handling": "",
            "credentials": "",
            "http_method": "OPTIONS",
            "id": "agi-uwhucfcld8-h3kzzk-OPTIONS",
            "integration_http_method": "",
            "passthrough_behavior": "WHEN_NO_MATCH",
            "request_parameters": {},
            "request_templates": {
              "application/json": "{ \"statusCode\": 200 }"
            },
            "resource_id": "h3kzzk",
            "rest_api_id": "uwhucfcld8",
            "timeout_milliseconds": 29000,
            "tls_config": [],
            "type": "MOCK",
            "uri": ""
          },
          "sensitive_attributes": [],
          "identity_schema_version": 0,
          "private": "bnVsbA==",
          "dependencies": [
            "aws_api_gateway_method.options",
            "aws_api_gateway_resource.Resources",
            "aws_api_gateway_rest_api.TweeterAPI"
          ]
        },
        {
          "index_key": "followeeCount",
          "schema_version": 0,
          "attributes": {
            "cache_key_parameters": [],
            "cache_namespace": "8kgspn",
            "connection_id": "",
            "connection_type": "INTERNET",
            "content_handling": "",
            "credentials": "",
            "http_method": "OPTIONS",
            "id": "agi-uwhucfcld8-8kgspn-OPTIONS",
            "integration_http_method": "",
            "passthrough_behavior": "WHEN_NO_MATCH",
            "request_parameters": {},
            "request_templates": {
              "application/json": "{ \"statusCode\": 200 }"
            },
            "resource_id": "8kgspn",
            "rest_api_id": "uwhucfcld8",
            "timeout_milliseconds": 29000,
            "tls_config": [],
            "type": "MOCK",
            "uri": ""
          },
          "sensitive_attributes": [],
          "identity_schema_version": 0,
          "private": "bnVsbA==",
          "dependencies": [
            "aws_api_gateway_method.options",
            "aws_api_gateway_resource.Resources",
            "aws_api_gateway_rest_api.TweeterAPI"
          ]
        },
        {
          "index_key": "followerCount",
          "schema_version": 0,
          "attributes": {
            "cache_key_parameters": [],
            "cache_namespace": "6ly3h8",
            "connection_id": "",
            "connection_type": "INTERNET",
            "content_handling": "",
            "credentials": "",
            "http_method": "OPTIONS",
            "id": "agi-uwhucfcld8-6ly3h8-OPTIONS",
            "integration_http_method": "",
            "passthrough_behavior": "WHEN_NO_MATCH",
            "request_parameters": {},
            "request_templates": {
              "application/json": "{ \"statusCode\": 200 }"
            },
            "resource_id": "6ly3h8",
            "rest_api_id": "uwhucfcld8",
            "timeout_milliseconds": 29000,
            "tls_config": [],
            "type": "MOCK",
            "uri": ""
          },
          "sensitive_attributes": [],
          "identity_schema_version": 0,
          "private": "bnVsbA==",
          "dependencies": [
            "aws_api_gateway_method.options",
            "aws_api_gateway_resource.Resources",
            "aws_api_gateway_rest_api.TweeterAPI"
          ]
        },
        {
          "index_key": "getFeedItems",
          "schema_version": 0,
          "attributes": {
            "cache_key_parameters": [],
            "cache_namespace": "41xgcp",
            "connection_id": "",
            "connection_type": "INTERNET",
            "content_handling": "",
            "credentials": "",
            "http_method": "OPTIONS",
            "id": "agi-uwhucfcld8-41xgcp-OPTIONS",
            "integration_http_method": "",
            "passthrough_behavior": "WHEN_NO_MATCH",
            "request_parameters": {},
            "request_templates": {
              "application/json": "{ \"statusCode\": 200 }"
            },
            "resource_id": "41xgcp",
            "rest_api_id": "uwhucfcld8",
            "timeout_milliseconds": 29000,
            "tls_config": [],
            "type": "MOCK",
            "uri": ""
          },
          "sensitive_attributes": [],
          "identity_schema_version": 0,
          "private": "bnVsbA==",
          "dependencies": [
            "aws_api_gateway_method.options",
            "aws_api_gateway_resource.Resources",
            "aws_api_gateway_rest_api.TweeterAPI"
          ]
        },
        {
          "index_key": "getMoreFollowees",
          "schema_version": 0,
          "attributes": {
            "cache_key_parameters": [],
            "cache_namespace": "80v7xs",
            "connection_id": "",
            "connection_type": "INTERNET",
            "content_handling": "",
            "credentials": "",
            "http_method": "OPTIONS",
            "id": "agi-uwhucfcld8-80v7xs-OPTIONS",
            "integration_http_method": "",
            "passthrough_behavior": "WHEN_NO_MATCH",
            "request_parameters": {},
            "request_templates": {
              "application/json": "{ \"statusCode\": 200 }"
            },
            "resource_id": "80v7xs",
            "rest_api_id": "uwhucfcld8",
            "timeout_milliseconds": 29000,
            "tls_config": [],
            "type": "MOCK",
            "uri": ""
          },
          "sensitive_attributes": [],
          "identity_schema_version": 0,
          "private": "bnVsbA==",
          "dependencies": [
            "aws_api_gateway_method.options",
            "aws_api_gateway_resource.Resources",
            "aws_api_gateway_rest_api.TweeterAPI"
          ]
        },
        {
          "index_key": "getMoreFollowers",
          "schema_version": 0,
          "attributes": {
            "cache_key_parameters": [],
            "cache_namespace": "klcjii",
            "connection_id": "",
            "connection_type": "INTERNET",
            "content_handling": "",
            "credentials": "",
            "http_method": "OPTIONS",
            "id": "agi-uwhucfcld8-klcjii-OPTIONS",
            "integration_http_method": "",
            "passthrough_behavior": "WHEN_NO_MATCH",
            "request_parameters": {},
            "request_templates": {
              "application/json": "{ \"statusCode\": 200 }"
            },
            "resource_id": "klcjii",
            "rest_api_id": "uwhucfcld8",
            "timeout_milliseconds": 29000,
            "tls_config": [],
            "type": "MOCK",
            "uri": ""
          },
          "sensitive_attributes": [],
          "identity_schema_version": 0,
          "private": "bnVsbA==",
          "dependencies": [
            "aws_api_gateway_method.options",
            "aws_api_gateway_resource.Resources",
            "aws_api_gateway_rest_api.TweeterAPI"
          ]
        },
        {
          "index_key": "getStoryItems",
          "schema_version": 0,
          "attributes": {
            "cache_key_parameters": [],
            "cache_namespace": "c8mf7c",
            "connection_id": "",
            "connection_type": "INTERNET",
            "content_handling": "",
            "credentials": "",
            "http_method": "OPTIONS",
            "id": "agi-uwhucfcld8-c8mf7c-OPTIONS",
            "integration_http_method": "",
            "passthrough_behavior": "WHEN_NO_MATCH",
            "request_parameters": {},
            "request_templates": {
              "application/json": "{ \"statusCode\": 200 }"
            },
            "resource_id": "c8mf7c",
            "rest_api_id": "uwhucfcld8",
            "timeout_milliseconds": 29000,
            "tls_config": [],
            "type": "MOCK",
            "uri": ""
          },
          "sensitive_attributes": [],
          "identity_schema_version": 0,
          "private": "bnVsbA==",
          "dependencies": [
            "aws_api_gateway_method.options",
            "aws_api_gateway_resource.Resources",
            "aws_api_gateway_rest_api.TweeterAPI"
          ]
        },
        {
          "index_key": "getUser",
          "schema_version": 0,
          "attributes": {
            "cache_key_parameters": [],
            "cache_namespace": "n6gti9",
            "connection_id": "",
            "connection_type": "INTERNET",
            "content_handling": "",
            "credentials": "",
            "http_method": "OPTIONS",
            "id": "agi-uwhucfcld8-n6gti9-OPTIONS",
            "integration_http_method": "",
            "passthrough_behavior": "WHEN_NO_MATCH",
            "request_parameters": {},
            "request_templates": {
              "application/json": "{ \"statusCode\": 200 }"
            },
            "resource_id": "n6gti9",
            "rest_api_id": "uwhucfcld8",
            "timeout_milliseconds": 29000,
            "tls_config": [],
            "type": "MOCK",
            "uri": ""
          },
          "sensitive_attributes": [],
          "identity_schema_version": 0,
          "private": "bnVsbA==",
          "dependencies": [
            "aws_api_gateway_method.options",
            "aws_api_gateway_resource.Resources",
            "aws_api_gateway_rest_api.TweeterAPI"
          ]
        },
        {
          "index_key": "isFollower",
          "schema_version": 0,
          "attributes": {
            "cache_key_parameters": [],
            "cache_namespace": "jlwk0j",
            "connection_id": "",
            "connection_type": "INTERNET",
            "content_handling": "",
            "credentials": "",
            "http_method": "OPTIONS",
            "id": "agi-uwhucfcld8-jlwk0j-OPTIONS",
            "integration_http_method": "",
            "passthrough_behavior": "WHEN_NO_MATCH",
            "request_parameters": {},
            "request_templates": {
              "application/json": "{ \"statusCode\": 200 }"
            },
            "resource_id": "jlwk0j",
            "rest_api_id": "uwhucfcld8",
            "timeout_milliseconds": 29000,
            "tls_config": [],
            "type": "MOCK",
            "uri": ""
          },
          "sensitive_attributes": [],
          "identity_schema_version": 0,
          "private": "bnVsbA==",
          "dependencies": [
            "aws_api_gateway_method.options",
            "aws_api_gateway_resource.Resources",
            "aws_api_gateway_rest_api.TweeterAPI"
          ]
        },
        {
          "index_key": "login",
          "schema_version": 0,
          "attributes": {
            "cache_key_parameters": [],
            "cache_namespace": "ben6fk",
            "connection_id": "",
            "connection_type": "INTERNET",
            "content_handling": "",
            "credentials": "",
            "http_method": "OPTIONS",
            "id": "agi-uwhucfcld8-ben6fk-OPTIONS",
            "integration_http_method": "",
            "passthrough_behavior": "WHEN_NO_MATCH",
            "request_parameters": {},
            "request_templates": {
              "application/json": "{ \"statusCode\": 200 }"
            },
            "resource_id": "ben6fk",
            "rest_api_id": "uwhucfcld8",
            "timeout_milliseconds": 29000,
            "tls_config": [],
            "type": "MOCK",
            "uri": ""
          },
          "sensitive_attributes": [],
          "identity_schema_version": 0,
          "private": "bnVsbA==",
          "dependencies": [
            "aws_api_gateway_method.options",
            "aws_api_gateway_resource.Resources",
            "aws_api_gateway_rest_api.TweeterAPI"
          ]
        },
        {
          "index_key": "logout",
          "schema_version": 0,
          "attributes": {
            "cache_key_parameters": [],
            "cache_namespace": "346rfi",
            "connection_id": "",
            "connection_type": "INTERNET",
            "content_handling": "",
            "credentials": "",
            "http_method": "OPTIONS",
            "id": "agi-uwhucfcld8-346rfi-OPTIONS",
            "integration_http_method": "",
            "passthrough_behavior": "WHEN_NO_MATCH",
            "request_parameters": {},
            "request_templates": {
              "application/json": "{ \"statusCode\": 200 }"
            },
            "resource_id": "346rfi",
            "rest_api_id": "uwhucfcld8",
            "timeout_milliseconds": 29000,
            "tls_config": [],
            "type": "MOCK",
            "uri": ""
          },
          "sensitive_attributes": [],
          "identity_schema_version": 0,
          "private": "bnVsbA==",
          "dependencies": [
            "aws_api_gateway_method.options",
            "aws_api_gateway_resource.Resources",
            "aws_api_gateway_rest_api.TweeterAPI"
          ]
        },
        {
          "index_key": "postStatus",
          "schema_version": 0,
          "attributes": {
            "cache_key_parameters": [],
            "cache_namespace": "bpux18",
            "connection_id": "",
            "connection_type": "INTERNET",
            "content_handling": "",
            "credentials": "",
            "http_method": "OPTIONS",
            "id": "agi-uwhucfcld8-bpux18-OPTIONS",
            "integration_http_method": "",
            "passthrough_behavior": "WHEN_NO_MATCH",
            "request_parameters": {},
            "request_templates": {
              "application/json": "{ \"statusCode\": 200 }"
            },
            "resource_id": "bpux18",
            "rest_api_id": "uwhucfcld8",
            "timeout_milliseconds": 29000,
            "tls_config": [],
            "type": "MOCK",
            "uri": ""
          },
          "sensitive_attributes": [],
          "identity_schema_version": 0,
          "private": "bnVsbA==",
          "dependencies": [
            "aws_api_gateway_method.options",
            "aws_api_gateway_resource.Resources",
            "aws_api_gateway_rest_api.TweeterAPI"
          ]
        },
        {
          "index_key": "register",
          "schema_version": 0,
          "attributes": {
            "cache_key_parameters": [],
            "cache_namespace": "1vnw1v",
            "connection_id": "",
            "connection_type": "INTERNET",
            "content_handling": "",
            "credentials": "",
            "http_method": "OPTIONS",
            "id": "agi-uwhucfcld8-1vnw1v-OPTIONS",
            "integration_http_method": "",
            "passthrough_behavior": "WHEN_NO_MATCH",
            "request_parameters": {},
            "request_templates": {
              "application/json": "{ \"statusCode\": 200 }"
            },
            "resource_id": "1vnw1v",
            "rest_api_id": "uwhucfcld8",
            "timeout_milliseconds": 29000,
            "tls_config": [],
            "type": "MOCK",
            "uri": ""
          },
          "sensitive_attributes": [],
          "identity_schema_version": 0,
          "private": "bnVsbA==",
          "dependencies": [
            "aws_api_gateway_method.options",
            "aws_api_gateway_resource.Resources",
            "aws_api_gateway_rest_api.TweeterAPI"
          ]
        },
        {
          "index_key": "unfollow",
          "schema_version": 0,
          "attributes": {
            "cache_key_parameters": [],
            "cache_namespace": "49ewqe",
            "connection_id": "",
            "connection_type": "INTERNET",
            "content_handling": "",
            "credentials": "",
            "http_method": "OPTIONS",
            "id": "agi-uwhucfcld8-49ewqe-OPTIONS",
            "integration_http_method": "",
            "passthrough_behavior": "WHEN_NO_MATCH",
            "request_parameters": {},
            "request_templates": {
              "application/json": "{ \"statusCode\": 200 }"
            },
            "resource_id": "49ewqe",
            "rest_api_id": "uwhucfcld8",
            "timeout_milliseconds": 29000,
            "tls_config": [],
            "type": "MOCK",
            "uri": ""
          },
          "sensitive_attributes": [],
          "identity_schema_version": 0,
          "private": "bnVsbA==",
          "dependencies": [
            "aws_api_gateway_method.options",
            "aws_api_gateway_resource.Resources",
            "aws_api_gateway_rest_api.TweeterAPI"
          ]
        }
      ]
    },
    {
      "mode": "managed",
      "type": "aws_api_gateway_integration_response",
      "name": "error_response400",
      "provider": "provider[\"registry.terraform.io/hashicorp/aws\"]",
      "instances": [
        {
          "index_key": "follow",
          "schema_version": 0,
          "attributes": {
            "content_handling": "",
            "http_method": "POST",
            "id": "agir-uwhucfcld8-h3kzzk-POST-400",
            "resource_id": "h3kzzk",
            "response_parameters": {
              "method.response.header.Access-Control-Allow-Headers": "'Content-Type,X-Amz-Date,Authorization,X-Api-Key,X-Amz-Security-Token'",
              "method.response.header.Access-Control-Allow-Methods": "'DELETE,GET,HEAD,OPTIONS,PATCH,POST,PUT'",
              "method.response.header.Access-Control-Allow-Origin": "'*'"
            },
            "response_templates": {},
            "rest_api_id": "uwhucfcld8",
            "selection_pattern": ".*\\[400\\].*",
            "status_code": "400"
          },
          "sensitive_attributes": [],
          "identity_schema_version": 0,
          "private": "bnVsbA==",
          "dependencies": [
            "archive_file.layer_package",
            "aws_api_gateway_integration.MethodIntegration",
            "aws_api_gateway_method.Method",
            "aws_api_gateway_method_response.response400",
            "aws_api_gateway_resource.Resources",
            "aws_api_gateway_rest_api.TweeterAPI",
            "aws_iam_role.backend_lambda_handler",
            "aws_lambda_function.Lambdas",
            "aws_lambda_layer_version.dependencies",
            "data.archive_file.lambda_package",
            "data.aws_iam_policy_document.role"
          ]
        },
        {
          "index_key": "followeeCount",
          "schema_version": 0,
          "attributes": {
            "content_handling": "",
            "http_method": "POST",
            "id": "agir-uwhucfcld8-8kgspn-POST-400",
            "resource_id": "8kgspn",
            "response_parameters": {
              "method.response.header.Access-Control-Allow-Headers": "'Content-Type,X-Amz-Date,Authorization,X-Api-Key,X-Amz-Security-Token'",
              "method.response.header.Access-Control-Allow-Methods": "'DELETE,GET,HEAD,OPTIONS,PATCH,POST,PUT'",
              "method.response.header.Access-Control-Allow-Origin": "'*'"
            },
            "response_templates": {},
            "rest_api_id": "uwhucfcld8",
            "selection_pattern": ".*\\[400\\].*",
            "status_code": "400"
          },
          "sensitive_attributes": [],
          "identity_schema_version": 0,
          "private": "bnVsbA==",
          "dependencies": [
            "archive_file.layer_package",
            "aws_api_gateway_integration.MethodIntegration",
            "aws_api_gateway_method.Method",
            "aws_api_gateway_method_response.response400",
            "aws_api_gateway_resource.Resources",
            "aws_api_gateway_rest_api.TweeterAPI",
            "aws_iam_role.backend_lambda_handler",
            "aws_lambda_function.Lambdas",
            "aws_lambda_layer_version.dependencies",
            "data.archive_file.lambda_package",
            "data.aws_iam_policy_document.role"
          ]
        },
        {
          "index_key": "followerCount",
          "schema_version": 0,
          "attributes": {
            "content_handling": "",
            "http_method": "POST",
            "id": "agir-uwhucfcld8-6ly3h8-POST-400",
            "resource_id": "6ly3h8",
            "response_parameters": {
              "method.response.header.Access-Control-Allow-Headers": "'Content-Type,X-Amz-Date,Authorization,X-Api-Key,X-Amz-Security-Token'",
              "method.response.header.Access-Control-Allow-Methods": "'DELETE,GET,HEAD,OPTIONS,PATCH,POST,PUT'",
              "method.response.header.Access-Control-Allow-Origin": "'*'"
            },
            "response_templates": {},
            "rest_api_id": "uwhucfcld8",
            "selection_pattern": ".*\\[400\\].*",
            "status_code": "400"
          },
          "sensitive_attributes": [],
          "identity_schema_version": 0,
          "private": "bnVsbA==",
          "dependencies": [
            "archive_file.layer_package",
            "aws_api_gateway_integration.MethodIntegration",
            "aws_api_gateway_method.Method",
            "aws_api_gateway_method_response.response400",
            "aws_api_gateway_resource.Resources",
            "aws_api_gateway_rest_api.TweeterAPI",
            "aws_iam_role.backend_lambda_handler",
            "aws_lambda_function.Lambdas",
            "aws_lambda_layer_version.dependencies",
            "data.archive_file.lambda_package",
            "data.aws_iam_policy_document.role"
          ]
        },
        {
          "index_key": "getFeedItems",
          "schema_version": 0,
          "attributes": {
            "content_handling": "",
            "http_method": "POST",
            "id": "agir-uwhucfcld8-41xgcp-POST-400",
            "resource_id": "41xgcp",
            "response_parameters": {
              "method.response.header.Access-Control-Allow-Headers": "'Content-Type,X-Amz-Date,Authorization,X-Api-Key,X-Amz-Security-Token'",
              "method.response.header.Access-Control-Allow-Methods": "'DELETE,GET,HEAD,OPTIONS,PATCH,POST,PUT'",
              "method.response.header.Access-Control-Allow-Origin": "'*'"
            },
            "response_templates": {},
            "rest_api_id": "uwhucfcld8",
            "selection_pattern": ".*\\[400\\].*",
            "status_code": "400"
          },
          "sensitive_attributes": [],
          "identity_schema_version": 0,
          "private": "bnVsbA==",
          "dependencies": [
            "archive_file.layer_package",
            "aws_api_gateway_integration.MethodIntegration",
            "aws_api_gateway_method.Method",
            "aws_api_gateway_method_response.response400",
            "aws_api_gateway_resource.Resources",
            "aws_api_gateway_rest_api.TweeterAPI",
            "aws_iam_role.backend_lambda_handler",
            "aws_lambda_function.Lambdas",
            "aws_lambda_layer_version.dependencies",
            "data.archive_file.lambda_package",
            "data.aws_iam_policy_document.role"
          ]
        },
        {
          "index_key": "getMoreFollowees",
          "schema_version": 0,
          "attributes": {
            "content_handling": "",
            "http_method": "POST",
            "id": "agir-uwhucfcld8-80v7xs-POST-400",
            "resource_id": "80v7xs",
            "response_parameters": {
              "method.response.header.Access-Control-Allow-Headers": "'Content-Type,X-Amz-Date,Authorization,X-Api-Key,X-Amz-Security-Token'",
              "method.response.header.Access-Control-Allow-Methods": "'DELETE,GET,HEAD,OPTIONS,PATCH,POST,PUT'",
              "method.response.header.Access-Control-Allow-Origin": "'*'"
            },
            "response_templates": {},
            "rest_api_id": "uwhucfcld8",
            "selection_pattern": ".*\\[400\\].*",
            "status_code": "400"
          },
          "sensitive_attributes": [],
          "identity_schema_version": 0,
          "private": "bnVsbA==",
          "dependencies": [
            "archive_file.layer_package",
            "aws_api_gateway_integration.MethodIntegration",
            "aws_api_gateway_method.Method",
            "aws_api_gateway_method_response.response400",
            "aws_api_gateway_resource.Resources",
            "aws_api_gateway_rest_api.TweeterAPI",
            "aws_iam_role.backend_lambda_handler",
            "aws_lambda_function.Lambdas",
            "aws_lambda_layer_version.dependencies",
            "data.archive_file.lambda_package",
            "data.aws_iam_policy_document.role"
          ]
        },
        {
          "index_key": "getMoreFollowers",
          "schema_version": 0,
          "attributes": {
            "content_handling": "",
            "http_method": "POST",
            "id": "agir-uwhucfcld8-klcjii-POST-400",
            "resource_id": "klcjii",
            "response_parameters": {
              "method.response.header.Access-Control-Allow-Headers": "'Content-Type,X-Amz-Date,Authorization,X-Api-Key,X-Amz-Security-Token'",
              "method.response.header.Access-Control-Allow-Methods": "'DELETE,GET,HEAD,OPTIONS,PATCH,POST,PUT'",
              "method.response.header.Access-Control-Allow-Origin": "'*'"
            },
            "response_templates": {},
            "rest_api_id": "uwhucfcld8",
            "selection_pattern": ".*\\[400\\].*",
            "status_code": "400"
          },
          "sensitive_attributes": [],
          "identity_schema_version": 0,
          "private": "bnVsbA==",
          "dependencies": [
            "archive_file.layer_package",
            "aws_api_gateway_integration.MethodIntegration",
            "aws_api_gateway_method.Method",
            "aws_api_gateway_method_response.response400",
            "aws_api_gateway_resource.Resources",
            "aws_api_gateway_rest_api.TweeterAPI",
            "aws_iam_role.backend_lambda_handler",
            "aws_lambda_function.Lambdas",
            "aws_lambda_layer_version.dependencies",
            "data.archive_file.lambda_package",
            "data.aws_iam_policy_document.role"
          ]
        },
        {
          "index_key": "getStoryItems",
          "schema_version": 0,
          "attributes": {
            "content_handling": "",
            "http_method": "POST",
            "id": "agir-uwhucfcld8-c8mf7c-POST-400",
            "resource_id": "c8mf7c",
            "response_parameters": {
              "method.response.header.Access-Control-Allow-Headers": "'Content-Type,X-Amz-Date,Authorization,X-Api-Key,X-Amz-Security-Token'",
              "method.response.header.Access-Control-Allow-Methods": "'DELETE,GET,HEAD,OPTIONS,PATCH,POST,PUT'",
              "method.response.header.Access-Control-Allow-Origin": "'*'"
            },
            "response_templates": {},
            "rest_api_id": "uwhucfcld8",
            "selection_pattern": ".*\\[400\\].*",
            "status_code": "400"
          },
          "sensitive_attributes": [],
          "identity_schema_version": 0,
          "private": "bnVsbA==",
          "dependencies": [
            "archive_file.layer_package",
            "aws_api_gateway_integration.MethodIntegration",
            "aws_api_gateway_method.Method",
            "aws_api_gateway_method_response.response400",
            "aws_api_gateway_resource.Resources",
            "aws_api_gateway_rest_api.TweeterAPI",
            "aws_iam_role.backend_lambda_handler",
            "aws_lambda_function.Lambdas",
            "aws_lambda_layer_version.dependencies",
            "data.archive_file.lambda_package",
            "data.aws_iam_policy_document.role"
          ]
        },
        {
          "index_key": "getUser",
          "schema_version": 0,
          "attributes": {
            "content_handling": "",
            "http_method": "POST",
            "id": "agir-uwhucfcld8-n6gti9-POST-400",
            "resource_id": "n6gti9",
            "response_parameters": {
              "method.response.header.Access-Control-Allow-Headers": "'Content-Type,X-Amz-Date,Authorization,X-Api-Key,X-Amz-Security-Token'",
              "method.response.header.Access-Control-Allow-Methods": "'DELETE,GET,HEAD,OPTIONS,PATCH,POST,PUT'",
              "method.response.header.Access-Control-Allow-Origin": "'*'"
            },
            "response_templates": {},
            "rest_api_id": "uwhucfcld8",
            "selection_pattern": ".*\\[400\\].*",
            "status_code": "400"
          },
          "sensitive_attributes": [],
          "identity_schema_version": 0,
          "private": "bnVsbA==",
          "dependencies": [
            "archive_file.layer_package",
            "aws_api_gateway_integration.MethodIntegration",
            "aws_api_gateway_method.Method",
            "aws_api_gateway_method_response.response400",
            "aws_api_gateway_resource.Resources",
            "aws_api_gateway_rest_api.TweeterAPI",
            "aws_iam_role.backend_lambda_handler",
            "aws_lambda_function.Lambdas",
            "aws_lambda_layer_version.dependencies",
            "data.archive_file.lambda_package",
            "data.aws_iam_policy_document.role"
          ]
        },
        {
          "index_key": "isFollower",
          "schema_version": 0,
          "attributes": {
            "content_handling": "",
            "http_method": "POST",
            "id": "agir-uwhucfcld8-jlwk0j-POST-400",
            "resource_id": "jlwk0j",
            "response_parameters": {
              "method.response.header.Access-Control-Allow-Headers": "'Content-Type,X-Amz-Date,Authorization,X-Api-Key,X-Amz-Security-Token'",
              "method.response.header.Access-Control-Allow-Methods": "'DELETE,GET,HEAD,OPTIONS,PATCH,POST,PUT'",
              "method.response.header.Access-Control-Allow-Origin": "'*'"
            },
            "response_templates": {},
            "rest_api_id": "uwhucfcld8",
            "selection_pattern": ".*\\[400\\].*",
            "status_code": "400"
          },
          "sensitive_attributes": [],
          "identity_schema_version": 0,
          "private": "bnVsbA==",
          "dependencies": [
            "archive_file.layer_package",
            "aws_api_gateway_integration.MethodIntegration",
            "aws_api_gateway_method.Method",
            "aws_api_gateway_method_response.response400",
            "aws_api_gateway_resource.Resources",
            "aws_api_gateway_rest_api.TweeterAPI",
            "aws_iam_role.backend_lambda_handler",
            "aws_lambda_function.Lambdas",
            "aws_lambda_layer_version.dependencies",
            "data.archive_file.lambda_package",
            "data.aws_iam_policy_document.role"
          ]
        },
        {
          "index_key": "login",
          "schema_version": 0,
          "attributes": {
            "content_handling": "",
            "http_method": "POST",
            "id": "agir-uwhucfcld8-ben6fk-POST-400",
            "resource_id": "ben6fk",
            "response_parameters": {
              "method.response.header.Access-Control-Allow-Headers": "'Content-Type,X-Amz-Date,Authorization,X-Api-Key,X-Amz-Security-Token'",
              "method.response.header.Access-Control-Allow-Methods": "'DELETE,GET,HEAD,OPTIONS,PATCH,POST,PUT'",
              "method.response.header.Access-Control-Allow-Origin": "'*'"
            },
            "response_templates": {},
            "rest_api_id": "uwhucfcld8",
            "selection_pattern": ".*\\[400\\].*",
            "status_code": "400"
          },
          "sensitive_attributes": [],
          "identity_schema_version": 0,
          "private": "bnVsbA==",
          "dependencies": [
            "archive_file.layer_package",
            "aws_api_gateway_integration.MethodIntegration",
            "aws_api_gateway_method.Method",
            "aws_api_gateway_method_response.response400",
            "aws_api_gateway_resource.Resources",
            "aws_api_gateway_rest_api.TweeterAPI",
            "aws_iam_role.backend_lambda_handler",
            "aws_lambda_function.Lambdas",
            "aws_lambda_layer_version.dependencies",
            "data.archive_file.lambda_package",
            "data.aws_iam_policy_document.role"
          ]
        },
        {
          "index_key": "logout",
          "schema_version": 0,
          "attributes": {
            "content_handling": "",
            "http_method": "POST",
            "id": "agir-uwhucfcld8-346rfi-POST-400",
            "resource_id": "346rfi",
            "response_parameters": {
              "method.response.header.Access-Control-Allow-Headers": "'Content-Type,X-Amz-Date,Authorization,X-Api-Key,X-Amz-Security-Token'",
              "method.response.header.Access-Control-Allow-Methods": "'DELETE,GET,HEAD,OPTIONS,PATCH,POST,PUT'",
              "method.response.header.Access-Control-Allow-Origin": "'*'"
            },
            "response_templates": {},
            "rest_api_id": "uwhucfcld8",
            "selection_pattern": ".*\\[400\\].*",
            "status_code": "400"
          },
          "sensitive_attributes": [],
          "identity_schema_version": 0,
          "private": "bnVsbA==",
          "dependencies": [
            "archive_file.layer_package",
            "aws_api_gateway_integration.MethodIntegration",
            "aws_api_gateway_method.Method",
            "aws_api_gateway_method_response.response400",
            "aws_api_gateway_resource.Resources",
            "aws_api_gateway_rest_api.TweeterAPI",
            "aws_iam_role.backend_lambda_handler",
            "aws_lambda_function.Lambdas",
            "aws_lambda_layer_version.dependencies",
            "data.archive_file.lambda_package",
            "data.aws_iam_policy_document.role"
          ]
        },
        {
          "index_key": "postStatus",
          "schema_version": 0,
          "attributes": {
            "content_handling": "",
            "http_method": "POST",
            "id": "agir-uwhucfcld8-bpux18-POST-400",
            "resource_id": "bpux18",
            "response_parameters": {
              "method.response.header.Access-Control-Allow-Headers": "'Content-Type,X-Amz-Date,Authorization,X-Api-Key,X-Amz-Security-Token'",
              "method.response.header.Access-Control-Allow-Methods": "'DELETE,GET,HEAD,OPTIONS,PATCH,POST,PUT'",
              "method.response.header.Access-Control-Allow-Origin": "'*'"
            },
            "response_templates": {},
            "rest_api_id": "uwhucfcld8",
            "selection_pattern": ".*\\[400\\].*",
            "status_code": "400"
          },
          "sensitive_attributes": [],
          "identity_schema_version": 0,
          "private": "bnVsbA==",
          "dependencies": [
            "archive_file.layer_package",
            "aws_api_gateway_integration.MethodIntegration",
            "aws_api_gateway_method.Method",
            "aws_api_gateway_method_response.response400",
            "aws_api_gateway_resource.Resources",
            "aws_api_gateway_rest_api.TweeterAPI",
            "aws_iam_role.backend_lambda_handler",
            "aws_lambda_function.Lambdas",
            "aws_lambda_layer_version.dependencies",
            "data.archive_file.lambda_package",
            "data.aws_iam_policy_document.role"
          ]
        },
        {
          "index_key": "register",
          "schema_version": 0,
          "attributes": {
            "content_handling": "",
            "http_method": "POST",
            "id": "agir-uwhucfcld8-1vnw1v-POST-400",
            "resource_id": "1vnw1v",
            "response_parameters": {
              "method.response.header.Access-Control-Allow-Headers": "'Content-Type,X-Amz-Date,Authorization,X-Api-Key,X-Amz-Security-Token'",
              "method.response.header.Access-Control-Allow-Methods": "'DELETE,GET,HEAD,OPTIONS,PATCH,POST,PUT'",
              "method.response.header.Access-Control-Allow-Origin": "'*'"
            },
            "response_templates": {},
            "rest_api_id": "uwhucfcld8",
            "selection_pattern": ".*\\[400\\].*",
            "status_code": "400"
          },
          "sensitive_attributes": [],
          "identity_schema_version": 0,
          "private": "bnVsbA==",
          "dependencies": [
            "archive_file.layer_package",
            "aws_api_gateway_integration.MethodIntegration",
            "aws_api_gateway_method.Method",
            "aws_api_gateway_method_response.response400",
            "aws_api_gateway_resource.Resources",
            "aws_api_gateway_rest_api.TweeterAPI",
            "aws_iam_role.backend_lambda_handler",
            "aws_lambda_function.Lambdas",
            "aws_lambda_layer_version.dependencies",
            "data.archive_file.lambda_package",
            "data.aws_iam_policy_document.role"
          ]
        },
        {
          "index_key": "unfollow",
          "schema_version": 0,
          "attributes": {
            "content_handling": "",
            "http_method": "POST",
            "id": "agir-uwhucfcld8-49ewqe-POST-400",
            "resource_id": "49ewqe",
            "response_parameters": {
              "method.response.header.Access-Control-Allow-Headers": "'Content-Type,X-Amz-Date,Authorization,X-Api-Key,X-Amz-Security-Token'",
              "method.response.header.Access-Control-Allow-Methods": "'DELETE,GET,HEAD,OPTIONS,PATCH,POST,PUT'",
              "method.response.header.Access-Control-Allow-Origin": "'*'"
            },
            "response_templates": {},
            "rest_api_id": "uwhucfcld8",
            "selection_pattern": ".*\\[400\\].*",
            "status_code": "400"
          },
          "sensitive_attributes": [],
          "identity_schema_version": 0,
          "private": "bnVsbA==",
          "dependencies": [
            "archive_file.layer_package",
            "aws_api_gateway_integration.MethodIntegration",
            "aws_api_gateway_method.Method",
            "aws_api_gateway_method_response.response400",
            "aws_api_gateway_resource.Resources",
            "aws_api_gateway_rest_api.TweeterAPI",
            "aws_iam_role.backend_lambda_handler",
            "aws_lambda_function.Lambdas",
            "aws_lambda_layer_version.dependencies",
            "data.archive_file.lambda_package",
            "data.aws_iam_policy_document.role"
          ]
        }
      ]
    },
    {
      "mode": "managed",
      "type": "aws_api_gateway_integration_response",
      "name": "error_response500",
      "provider": "provider[\"registry.terraform.io/hashicorp/aws\"]",
      "instances": [
        {
          "index_key": "follow",
          "schema_version": 0,
          "attributes": {
            "content_handling": "",
            "http_method": "POST",
            "id": "agir-uwhucfcld8-h3kzzk-POST-500",
            "resource_id": "h3kzzk",
            "response_parameters": {
              "method.response.header.Access-Control-Allow-Headers": "'Content-Type,X-Amz-Date,Authorization,X-Api-Key,X-Amz-Security-Token'",
              "method.response.header.Access-Control-Allow-Methods": "'DELETE,GET,HEAD,OPTIONS,PATCH,POST,PUT'",
              "method.response.header.Access-Control-Allow-Origin": "'*'"
            },
            "response_templates": {},
            "rest_api_id": "uwhucfcld8",
            "selection_pattern": ".*\\[500\\].*",
            "status_code": "500"
          },
          "sensitive_attributes": [],
          "identity_schema_version": 0,
          "private": "bnVsbA==",
          "dependencies": [
            "archive_file.layer_package",
            "aws_api_gateway_integration.MethodIntegration",
            "aws_api_gateway_method.Method",
            "aws_api_gateway_method_response.response500",
            "aws_api_gateway_resource.Resources",
            "aws_api_gateway_rest_api.TweeterAPI",
            "aws_iam_role.backend_lambda_handler",
            "aws_lambda_function.Lambdas",
            "aws_lambda_layer_version.dependencies",
            "data.archive_file.lambda_package",
            "data.aws_iam_policy_document.role"
          ]
        },
        {
          "index_key": "followeeCount",
          "schema_version": 0,
          "attributes": {
            "content_handling": "",
            "http_method": "POST",
            "id": "agir-uwhucfcld8-8kgspn-POST-500",
            "resource_id": "8kgspn",
            "response_parameters": {
              "method.response.header.Access-Control-Allow-Headers": "'Content-Type,X-Amz-Date,Authorization,X-Api-Key,X-Amz-Security-Token'",
              "method.response.header.Access-Control-Allow-Methods": "'DELETE,GET,HEAD,OPTIONS,PATCH,POST,PUT'",
              "method.response.header.Access-Control-Allow-Origin": "'*'"
            },
            "response_templates": {},
            "rest_api_id": "uwhucfcld8",
            "selection_pattern": ".*\\[500\\].*",
            "status_code": "500"
          },
          "sensitive_attributes": [],
          "identity_schema_version": 0,
          "private": "bnVsbA==",
          "dependencies": [
            "archive_file.layer_package",
            "aws_api_gateway_integration.MethodIntegration",
            "aws_api_gateway_method.Method",
            "aws_api_gateway_method_response.response500",
            "aws_api_gateway_resource.Resources",
            "aws_api_gateway_rest_api.TweeterAPI",
            "aws_iam_role.backend_lambda_handler",
            "aws_lambda_function.Lambdas",
            "aws_lambda_layer_version.dependencies",
            "data.archive_file.lambda_package",
            "data.aws_iam_policy_document.role"
          ]
        },
        {
          "index_key": "followerCount",
          "schema_version": 0,
          "attributes": {
            "content_handling": "",
            "http_method": "POST",
            "id": "agir-uwhucfcld8-6ly3h8-POST-500",
            "resource_id": "6ly3h8",
            "response_parameters": {
              "method.response.header.Access-Control-Allow-Headers": "'Content-Type,X-Amz-Date,Authorization,X-Api-Key,X-Amz-Security-Token'",
              "method.response.header.Access-Control-Allow-Methods": "'DELETE,GET,HEAD,OPTIONS,PATCH,POST,PUT'",
              "method.response.header.Access-Control-Allow-Origin": "'*'"
            },
            "response_templates": {},
            "rest_api_id": "uwhucfcld8",
            "selection_pattern": ".*\\[500\\].*",
            "status_code": "500"
          },
          "sensitive_attributes": [],
          "identity_schema_version": 0,
          "private": "bnVsbA==",
          "dependencies": [
            "archive_file.layer_package",
            "aws_api_gateway_integration.MethodIntegration",
            "aws_api_gateway_method.Method",
            "aws_api_gateway_method_response.response500",
            "aws_api_gateway_resource.Resources",
            "aws_api_gateway_rest_api.TweeterAPI",
            "aws_iam_role.backend_lambda_handler",
            "aws_lambda_function.Lambdas",
            "aws_lambda_layer_version.dependencies",
            "data.archive_file.lambda_package",
            "data.aws_iam_policy_document.role"
          ]
        },
        {
          "index_key": "getFeedItems",
          "schema_version": 0,
          "attributes": {
            "content_handling": "",
            "http_method": "POST",
            "id": "agir-uwhucfcld8-41xgcp-POST-500",
            "resource_id": "41xgcp",
            "response_parameters": {
              "method.response.header.Access-Control-Allow-Headers": "'Content-Type,X-Amz-Date,Authorization,X-Api-Key,X-Amz-Security-Token'",
              "method.response.header.Access-Control-Allow-Methods": "'DELETE,GET,HEAD,OPTIONS,PATCH,POST,PUT'",
              "method.response.header.Access-Control-Allow-Origin": "'*'"
            },
            "response_templates": {},
            "rest_api_id": "uwhucfcld8",
            "selection_pattern": ".*\\[500\\].*",
            "status_code": "500"
          },
          "sensitive_attributes": [],
          "identity_schema_version": 0,
          "private": "bnVsbA==",
          "dependencies": [
            "archive_file.layer_package",
            "aws_api_gateway_integration.MethodIntegration",
            "aws_api_gateway_method.Method",
            "aws_api_gateway_method_response.response500",
            "aws_api_gateway_resource.Resources",
            "aws_api_gateway_rest_api.TweeterAPI",
            "aws_iam_role.backend_lambda_handler",
            "aws_lambda_function.Lambdas",
            "aws_lambda_layer_version.dependencies",
            "data.archive_file.lambda_package",
            "data.aws_iam_policy_document.role"
          ]
        },
        {
          "index_key": "getMoreFollowees",
          "schema_version": 0,
          "attributes": {
            "content_handling": "",
            "http_method": "POST",
            "id": "agir-uwhucfcld8-80v7xs-POST-500",
            "resource_id": "80v7xs",
            "response_parameters": {
              "method.response.header.Access-Control-Allow-Headers": "'Content-Type,X-Amz-Date,Authorization,X-Api-Key,X-Amz-Security-Token'",
              "method.response.header.Access-Control-Allow-Methods": "'DELETE,GET,HEAD,OPTIONS,PATCH,POST,PUT'",
              "method.response.header.Access-Control-Allow-Origin": "'*'"
            },
            "response_templates": {},
            "rest_api_id": "uwhucfcld8",
            "selection_pattern": ".*\\[500\\].*",
            "status_code": "500"
          },
          "sensitive_attributes": [],
          "identity_schema_version": 0,
          "private": "bnVsbA==",
          "dependencies": [
            "archive_file.layer_package",
            "aws_api_gateway_integration.MethodIntegration",
            "aws_api_gateway_method.Method",
            "aws_api_gateway_method_response.response500",
            "aws_api_gateway_resource.Resources",
            "aws_api_gateway_rest_api.TweeterAPI",
            "aws_iam_role.backend_lambda_handler",
            "aws_lambda_function.Lambdas",
            "aws_lambda_layer_version.dependencies",
            "data.archive_file.lambda_package",
            "data.aws_iam_policy_document.role"
          ]
        },
        {
          "index_key": "getMoreFollowers",
          "schema_version": 0,
          "attributes": {
            "content_handling": "",
            "http_method": "POST",
            "id": "agir-uwhucfcld8-klcjii-POST-500",
            "resource_id": "klcjii",
            "response_parameters": {
              "method.response.header.Access-Control-Allow-Headers": "'Content-Type,X-Amz-Date,Authorization,X-Api-Key,X-Amz-Security-Token'",
              "method.response.header.Access-Control-Allow-Methods": "'DELETE,GET,HEAD,OPTIONS,PATCH,POST,PUT'",
              "method.response.header.Access-Control-Allow-Origin": "'*'"
            },
            "response_templates": {},
            "rest_api_id": "uwhucfcld8",
            "selection_pattern": ".*\\[500\\].*",
            "status_code": "500"
          },
          "sensitive_attributes": [],
          "identity_schema_version": 0,
          "private": "bnVsbA==",
          "dependencies": [
            "archive_file.layer_package",
            "aws_api_gateway_integration.MethodIntegration",
            "aws_api_gateway_method.Method",
            "aws_api_gateway_method_response.response500",
            "aws_api_gateway_resource.Resources",
            "aws_api_gateway_rest_api.TweeterAPI",
            "aws_iam_role.backend_lambda_handler",
            "aws_lambda_function.Lambdas",
            "aws_lambda_layer_version.dependencies",
            "data.archive_file.lambda_package",
            "data.aws_iam_policy_document.role"
          ]
        },
        {
          "index_key": "getStoryItems",
          "schema_version": 0,
          "attributes": {
            "content_handling": "",
            "http_method": "POST",
            "id": "agir-uwhucfcld8-c8mf7c-POST-500",
            "resource_id": "c8mf7c",
            "response_parameters": {
              "method.response.header.Access-Control-Allow-Headers": "'Content-Type,X-Amz-Date,Authorization,X-Api-Key,X-Amz-Security-Token'",
              "method.response.header.Access-Control-Allow-Methods": "'DELETE,GET,HEAD,OPTIONS,PATCH,POST,PUT'",
              "method.response.header.Access-Control-Allow-Origin": "'*'"
            },
            "response_templates": {},
            "rest_api_id": "uwhucfcld8",
            "selection_pattern": ".*\\[500\\].*",
            "status_code": "500"
          },
          "sensitive_attributes": [],
          "identity_schema_version": 0,
          "private": "bnVsbA==",
          "dependencies": [
            "archive_file.layer_package",
            "aws_api_gateway_integration.MethodIntegration",
            "aws_api_gateway_method.Method",
            "aws_api_gateway_method_response.response500",
            "aws_api_gateway_resource.Resources",
            "aws_api_gateway_rest_api.TweeterAPI",
            "aws_iam_role.backend_lambda_handler",
            "aws_lambda_function.Lambdas",
            "aws_lambda_layer_version.dependencies",
            "data.archive_file.lambda_package",
            "data.aws_iam_policy_document.role"
          ]
        },
        {
          "index_key": "getUser",
          "schema_version": 0,
          "attributes": {
            "content_handling": "",
            "http_method": "POST",
            "id": "agir-uwhucfcld8-n6gti9-POST-500",
            "resource_id": "n6gti9",
            "response_parameters": {
              "method.response.header.Access-Control-Allow-Headers": "'Content-Type,X-Amz-Date,Authorization,X-Api-Key,X-Amz-Security-Token'",
              "method.response.header.Access-Control-Allow-Methods": "'DELETE,GET,HEAD,OPTIONS,PATCH,POST,PUT'",
              "method.response.header.Access-Control-Allow-Origin": "'*'"
            },
            "response_templates": {},
            "rest_api_id": "uwhucfcld8",
            "selection_pattern": ".*\\[500\\].*",
            "status_code": "500"
          },
          "sensitive_attributes": [],
          "identity_schema_version": 0,
          "private": "bnVsbA==",
          "dependencies": [
            "archive_file.layer_package",
            "aws_api_gateway_integration.MethodIntegration",
            "aws_api_gateway_method.Method",
            "aws_api_gateway_method_response.response500",
            "aws_api_gateway_resource.Resources",
            "aws_api_gateway_rest_api.TweeterAPI",
            "aws_iam_role.backend_lambda_handler",
            "aws_lambda_function.Lambdas",
            "aws_lambda_layer_version.dependencies",
            "data.archive_file.lambda_package",
            "data.aws_iam_policy_document.role"
          ]
        },
        {
          "index_key": "isFollower",
          "schema_version": 0,
          "attributes": {
            "content_handling": "",
            "http_method": "POST",
            "id": "agir-uwhucfcld8-jlwk0j-POST-500",
            "resource_id": "jlwk0j",
            "response_parameters": {
              "method.response.header.Access-Control-Allow-Headers": "'Content-Type,X-Amz-Date,Authorization,X-Api-Key,X-Amz-Security-Token'",
              "method.response.header.Access-Control-Allow-Methods": "'DELETE,GET,HEAD,OPTIONS,PATCH,POST,PUT'",
              "method.response.header.Access-Control-Allow-Origin": "'*'"
            },
            "response_templates": {},
            "rest_api_id": "uwhucfcld8",
            "selection_pattern": ".*\\[500\\].*",
            "status_code": "500"
          },
          "sensitive_attributes": [],
          "identity_schema_version": 0,
          "private": "bnVsbA==",
          "dependencies": [
            "archive_file.layer_package",
            "aws_api_gateway_integration.MethodIntegration",
            "aws_api_gateway_method.Method",
            "aws_api_gateway_method_response.response500",
            "aws_api_gateway_resource.Resources",
            "aws_api_gateway_rest_api.TweeterAPI",
            "aws_iam_role.backend_lambda_handler",
            "aws_lambda_function.Lambdas",
            "aws_lambda_layer_version.dependencies",
            "data.archive_file.lambda_package",
            "data.aws_iam_policy_document.role"
          ]
        },
        {
          "index_key": "login",
          "schema_version": 0,
          "attributes": {
            "content_handling": "",
            "http_method": "POST",
            "id": "agir-uwhucfcld8-ben6fk-POST-500",
            "resource_id": "ben6fk",
            "response_parameters": {
              "method.response.header.Access-Control-Allow-Headers": "'Content-Type,X-Amz-Date,Authorization,X-Api-Key,X-Amz-Security-Token'",
              "method.response.header.Access-Control-Allow-Methods": "'DELETE,GET,HEAD,OPTIONS,PATCH,POST,PUT'",
              "method.response.header.Access-Control-Allow-Origin": "'*'"
            },
            "response_templates": {},
            "rest_api_id": "uwhucfcld8",
            "selection_pattern": ".*\\[500\\].*",
            "status_code": "500"
          },
          "sensitive_attributes": [],
          "identity_schema_version": 0,
          "private": "bnVsbA==",
          "dependencies": [
            "archive_file.layer_package",
            "aws_api_gateway_integration.MethodIntegration",
            "aws_api_gateway_method.Method",
            "aws_api_gateway_method_response.response500",
            "aws_api_gateway_resource.Resources",
            "aws_api_gateway_rest_api.TweeterAPI",
            "aws_iam_role.backend_lambda_handler",
            "aws_lambda_function.Lambdas",
            "aws_lambda_layer_version.dependencies",
            "data.archive_file.lambda_package",
            "data.aws_iam_policy_document.role"
          ]
        },
        {
          "index_key": "logout",
          "schema_version": 0,
          "attributes": {
            "content_handling": "",
            "http_method": "POST",
            "id": "agir-uwhucfcld8-346rfi-POST-500",
            "resource_id": "346rfi",
            "response_parameters": {
              "method.response.header.Access-Control-Allow-Headers": "'Content-Type,X-Amz-Date,Authorization,X-Api-Key,X-Amz-Security-Token'",
              "method.response.header.Access-Control-Allow-Methods": "'DELETE,GET,HEAD,OPTIONS,PATCH,POST,PUT'",
              "method.response.header.Access-Control-Allow-Origin": "'*'"
            },
            "response_templates": {},
            "rest_api_id": "uwhucfcld8",
            "selection_pattern": ".*\\[500\\].*",
            "status_code": "500"
          },
          "sensitive_attributes": [],
          "identity_schema_version": 0,
          "private": "bnVsbA==",
          "dependencies": [
            "archive_file.layer_package",
            "aws_api_gateway_integration.MethodIntegration",
            "aws_api_gateway_method.Method",
            "aws_api_gateway_method_response.response500",
            "aws_api_gateway_resource.Resources",
            "aws_api_gateway_rest_api.TweeterAPI",
            "aws_iam_role.backend_lambda_handler",
            "aws_lambda_function.Lambdas",
            "aws_lambda_layer_version.dependencies",
            "data.archive_file.lambda_package",
            "data.aws_iam_policy_document.role"
          ]
        },
        {
          "index_key": "postStatus",
          "schema_version": 0,
          "attributes": {
            "content_handling": "",
            "http_method": "POST",
            "id": "agir-uwhucfcld8-bpux18-POST-500",
            "resource_id": "bpux18",
            "response_parameters": {
              "method.response.header.Access-Control-Allow-Headers": "'Content-Type,X-Amz-Date,Authorization,X-Api-Key,X-Amz-Security-Token'",
              "method.response.header.Access-Control-Allow-Methods": "'DELETE,GET,HEAD,OPTIONS,PATCH,POST,PUT'",
              "method.response.header.Access-Control-Allow-Origin": "'*'"
            },
            "response_templates": {},
            "rest_api_id": "uwhucfcld8",
            "selection_pattern": ".*\\[500\\].*",
            "status_code": "500"
          },
          "sensitive_attributes": [],
          "identity_schema_version": 0,
          "private": "bnVsbA==",
          "dependencies": [
            "archive_file.layer_package",
            "aws_api_gateway_integration.MethodIntegration",
            "aws_api_gateway_method.Method",
            "aws_api_gateway_method_response.response500",
            "aws_api_gateway_resource.Resources",
            "aws_api_gateway_rest_api.TweeterAPI",
            "aws_iam_role.backend_lambda_handler",
            "aws_lambda_function.Lambdas",
            "aws_lambda_layer_version.dependencies",
            "data.archive_file.lambda_package",
            "data.aws_iam_policy_document.role"
          ]
        },
        {
          "index_key": "register",
          "schema_version": 0,
          "attributes": {
            "content_handling": "",
            "http_method": "POST",
            "id": "agir-uwhucfcld8-1vnw1v-POST-500",
            "resource_id": "1vnw1v",
            "response_parameters": {
              "method.response.header.Access-Control-Allow-Headers": "'Content-Type,X-Amz-Date,Authorization,X-Api-Key,X-Amz-Security-Token'",
              "method.response.header.Access-Control-Allow-Methods": "'DELETE,GET,HEAD,OPTIONS,PATCH,POST,PUT'",
              "method.response.header.Access-Control-Allow-Origin": "'*'"
            },
            "response_templates": {},
            "rest_api_id": "uwhucfcld8",
            "selection_pattern": ".*\\[500\\].*",
            "status_code": "500"
          },
          "sensitive_attributes": [],
          "identity_schema_version": 0,
          "private": "bnVsbA==",
          "dependencies": [
            "archive_file.layer_package",
            "aws_api_gateway_integration.MethodIntegration",
            "aws_api_gateway_method.Method",
            "aws_api_gateway_method_response.response500",
            "aws_api_gateway_resource.Resources",
            "aws_api_gateway_rest_api.TweeterAPI",
            "aws_iam_role.backend_lambda_handler",
            "aws_lambda_function.Lambdas",
            "aws_lambda_layer_version.dependencies",
            "data.archive_file.lambda_package",
            "data.aws_iam_policy_document.role"
          ]
        },
        {
          "index_key": "unfollow",
          "schema_version": 0,
          "attributes": {
            "content_handling": "",
            "http_method": "POST",
            "id": "agir-uwhucfcld8-49ewqe-POST-500",
            "resource_id": "49ewqe",
            "response_parameters": {
              "method.response.header.Access-Control-Allow-Headers": "'Content-Type,X-Amz-Date,Authorization,X-Api-Key,X-Amz-Security-Token'",
              "method.response.header.Access-Control-Allow-Methods": "'DELETE,GET,HEAD,OPTIONS,PATCH,POST,PUT'",
              "method.response.header.Access-Control-Allow-Origin": "'*'"
            },
            "response_templates": {},
            "rest_api_id": "uwhucfcld8",
            "selection_pattern": ".*\\[500\\].*",
            "status_code": "500"
          },
          "sensitive_attributes": [],
          "identity_schema_version": 0,
          "private": "bnVsbA==",
          "dependencies": [
            "archive_file.layer_package",
            "aws_api_gateway_integration.MethodIntegration",
            "aws_api_gateway_method.Method",
            "aws_api_gateway_method_response.response500",
            "aws_api_gateway_resource.Resources",
            "aws_api_gateway_rest_api.TweeterAPI",
            "aws_iam_role.backend_lambda_handler",
            "aws_lambda_function.Lambdas",
            "aws_lambda_layer_version.dependencies",
            "data.archive_file.lambda_package",
            "data.aws_iam_policy_document.role"
          ]
        }
      ]
    },
    {
      "mode": "managed",
      "type": "aws_api_gateway_integration_response",
      "name": "options_integration",
      "provider": "provider[\"registry.terraform.io/hashicorp/aws\"]",
      "instances": [
        {
          "index_key": "follow",
          "schema_version": 0,
          "attributes": {
            "content_handling": "",
            "http_method": "OPTIONS",
            "id": "agir-uwhucfcld8-h3kzzk-OPTIONS-200",
            "resource_id": "h3kzzk",
            "response_parameters": {
              "method.response.header.Access-Control-Allow-Headers": "'Content-Type,X-Amz-Date,Authorization,X-Api-Key,X-Amz-Security-Token'",
              "method.response.header.Access-Control-Allow-Methods": "'DELETE,GET,HEAD,OPTIONS,PATCH,POST,PUT'",
              "method.response.header.Access-Control-Allow-Origin": "'*'"
            },
            "response_templates": {
              "application/json": ""
            },
            "rest_api_id": "uwhucfcld8",
            "selection_pattern": "",
            "status_code": "200"
          },
          "sensitive_attributes": [],
          "identity_schema_version": 0,
          "private": "bnVsbA==",
          "dependencies": [
            "aws_api_gateway_integration.options",
            "aws_api_gateway_method.options",
            "aws_api_gateway_method_response.options_200",
            "aws_api_gateway_resource.Resources",
            "aws_api_gateway_rest_api.TweeterAPI"
          ]
        },
        {
          "index_key": "followeeCount",
          "schema_version": 0,
          "attributes": {
            "content_handling": "",
            "http_method": "OPTIONS",
            "id": "agir-uwhucfcld8-8kgspn-OPTIONS-200",
            "resource_id": "8kgspn",
            "response_parameters": {
              "method.response.header.Access-Control-Allow-Headers": "'Content-Type,X-Amz-Date,Authorization,X-Api-Key,X-Amz-Security-Token'",
              "method.response.header.Access-Control-Allow-Methods": "'DELETE,GET,HEAD,OPTIONS,PATCH,POST,PUT'",
              "method.response.header.Access-Control-Allow-Origin": "'*'"
            },
            "response_templates": {
              "application/json": ""
            },
            "rest_api_id": "uwhucfcld8",
            "selection_pattern": "",
            "status_code": "200"
          },
          "sensitive_attributes": [],
          "identity_schema_version": 0,
          "private": "bnVsbA==",
          "dependencies": [
            "aws_api_gateway_integration.options",
            "aws_api_gateway_method.options",
            "aws_api_gateway_method_response.options_200",
            "aws_api_gateway_resource.Resources",
            "aws_api_gateway_rest_api.TweeterAPI"
          ]
        },
        {
          "index_key": "followerCount",
          "schema_version": 0,
          "attributes": {
            "content_handling": "",
            "http_method": "OPTIONS",
            "id": "agir-uwhucfcld8-6ly3h8-OPTIONS-200",
            "resource_id": "6ly3h8",
            "response_parameters": {
              "method.response.header.Access-Control-Allow-Headers": "'Content-Type,X-Amz-Date,Authorization,X-Api-Key,X-Amz-Security-Token'",
              "method.response.header.Access-Control-Allow-Methods": "'DELETE,GET,HEAD,OPTIONS,PATCH,POST,PUT'",
              "method.response.header.Access-Control-Allow-Origin": "'*'"
            },
            "response_templates": {
              "application/json": ""
            },
            "rest_api_id": "uwhucfcld8",
            "selection_pattern": "",
            "status_code": "200"
          },
          "sensitive_attributes": [],
          "identity_schema_version": 0,
          "private": "bnVsbA==",
          "dependencies": [
            "aws_api_gateway_integration.options",
            "aws_api_gateway_method.options",
            "aws_api_gateway_method_response.options_200",
            "aws_api_gateway_resource.Resources",
            "aws_api_gateway_rest_api.TweeterAPI"
          ]
        },
        {
          "index_key": "getFeedItems",
          "schema_version": 0,
          "attributes": {
            "content_handling": "",
            "http_method": "OPTIONS",
            "id": "agir-uwhucfcld8-41xgcp-OPTIONS-200",
            "resource_id": "41xgcp",
            "response_parameters": {
              "method.response.header.Access-Control-Allow-Headers": "'Content-Type,X-Amz-Date,Authorization,X-Api-Key,X-Amz-Security-Token'",
              "method.response.header.Access-Control-Allow-Methods": "'DELETE,GET,HEAD,OPTIONS,PATCH,POST,PUT'",
              "method.response.header.Access-Control-Allow-Origin": "'*'"
            },
            "response_templates": {
              "application/json": ""
            },
            "rest_api_id": "uwhucfcld8",
            "selection_pattern": "",
            "status_code": "200"
          },
          "sensitive_attributes": [],
          "identity_schema_version": 0,
          "private": "bnVsbA==",
          "dependencies": [
            "aws_api_gateway_integration.options",
            "aws_api_gateway_method.options",
            "aws_api_gateway_method_response.options_200",
            "aws_api_gateway_resource.Resources",
            "aws_api_gateway_rest_api.TweeterAPI"
          ]
        },
        {
          "index_key": "getMoreFollowees",
          "schema_version": 0,
          "attributes": {
            "content_handling": "",
            "http_method": "OPTIONS",
            "id": "agir-uwhucfcld8-80v7xs-OPTIONS-200",
            "resource_id": "80v7xs",
            "response_parameters": {
              "method.response.header.Access-Control-Allow-Headers": "'Content-Type,X-Amz-Date,Authorization,X-Api-Key,X-Amz-Security-Token'",
              "method.response.header.Access-Control-Allow-Methods": "'DELETE,GET,HEAD,OPTIONS,PATCH,POST,PUT'",
              "method.response.header.Access-Control-Allow-Origin": "'*'"
            },
            "response_templates": {
              "application/json": ""
            },
            "rest_api_id": "uwhucfcld8",
            "selection_pattern": "",
            "status_code": "200"
          },
          "sensitive_attributes": [],
          "identity_schema_version": 0,
          "private": "bnVsbA==",
          "dependencies": [
            "aws_api_gateway_integration.options",
            "aws_api_gateway_method.options",
            "aws_api_gateway_method_response.options_200",
            "aws_api_gateway_resource.Resources",
            "aws_api_gateway_rest_api.TweeterAPI"
          ]
        },
        {
          "index_key": "getMoreFollowers",
          "schema_version": 0,
          "attributes": {
            "content_handling": "",
            "http_method": "OPTIONS",
            "id": "agir-uwhucfcld8-klcjii-OPTIONS-200",
            "resource_id": "klcjii",
            "response_parameters": {
              "method.response.header.Access-Control-Allow-Headers": "'Content-Type,X-Amz-Date,Authorization,X-Api-Key,X-Amz-Security-Token'",
              "method.response.header.Access-Control-Allow-Methods": "'DELETE,GET,HEAD,OPTIONS,PATCH,POST,PUT'",
              "method.response.header.Access-Control-Allow-Origin": "'*'"
            },
            "response_templates": {
              "application/json": ""
            },
            "rest_api_id": "uwhucfcld8",
            "selection_pattern": "",
            "status_code": "200"
          },
          "sensitive_attributes": [],
          "identity_schema_version": 0,
          "private": "bnVsbA==",
          "dependencies": [
            "aws_api_gateway_integration.options",
            "aws_api_gateway_method.options",
            "aws_api_gateway_method_response.options_200",
            "aws_api_gateway_resource.Resources",
            "aws_api_gateway_rest_api.TweeterAPI"
          ]
        },
        {
          "index_key": "getStoryItems",
          "schema_version": 0,
          "attributes": {
            "content_handling": "",
            "http_method": "OPTIONS",
            "id": "agir-uwhucfcld8-c8mf7c-OPTIONS-200",
            "resource_id": "c8mf7c",
            "response_parameters": {
              "method.response.header.Access-Control-Allow-Headers": "'Content-Type,X-Amz-Date,Authorization,X-Api-Key,X-Amz-Security-Token'",
              "method.response.header.Access-Control-Allow-Methods": "'DELETE,GET,HEAD,OPTIONS,PATCH,POST,PUT'",
              "method.response.header.Access-Control-Allow-Origin": "'*'"
            },
            "response_templates": {
              "application/json": ""
            },
            "rest_api_id": "uwhucfcld8",
            "selection_pattern": "",
            "status_code": "200"
          },
          "sensitive_attributes": [],
          "identity_schema_version": 0,
          "private": "bnVsbA==",
          "dependencies": [
            "aws_api_gateway_integration.options",
            "aws_api_gateway_method.options",
            "aws_api_gateway_method_response.options_200",
            "aws_api_gateway_resource.Resources",
            "aws_api_gateway_rest_api.TweeterAPI"
          ]
        },
        {
          "index_key": "getUser",
          "schema_version": 0,
          "attributes": {
            "content_handling": "",
            "http_method": "OPTIONS",
            "id": "agir-uwhucfcld8-n6gti9-OPTIONS-200",
            "resource_id": "n6gti9",
            "response_parameters": {
              "method.response.header.Access-Control-Allow-Headers": "'Content-Type,X-Amz-Date,Authorization,X-Api-Key,X-Amz-Security-Token'",
              "method.response.header.Access-Control-Allow-Methods": "'DELETE,GET,HEAD,OPTIONS,PATCH,POST,PUT'",
              "method.response.header.Access-Control-Allow-Origin": "'*'"
            },
            "response_templates": {
              "application/json": ""
            },
            "rest_api_id": "uwhucfcld8",
            "selection_pattern": "",
            "status_code": "200"
          },
          "sensitive_attributes": [],
          "identity_schema_version": 0,
          "private": "bnVsbA==",
          "dependencies": [
            "aws_api_gateway_integration.options",
            "aws_api_gateway_method.options",
            "aws_api_gateway_method_response.options_200",
            "aws_api_gateway_resource.Resources",
            "aws_api_gateway_rest_api.TweeterAPI"
          ]
        },
        {
          "index_key": "isFollower",
          "schema_version": 0,
          "attributes": {
            "content_handling": "",
            "http_method": "OPTIONS",
            "id": "agir-uwhucfcld8-jlwk0j-OPTIONS-200",
            "resource_id": "jlwk0j",
            "response_parameters": {
              "method.response.header.Access-Control-Allow-Headers": "'Content-Type,X-Amz-Date,Authorization,X-Api-Key,X-Amz-Security-Token'",
              "method.response.header.Access-Control-Allow-Methods": "'DELETE,GET,HEAD,OPTIONS,PATCH,POST,PUT'",
              "method.response.header.Access-Control-Allow-Origin": "'*'"
            },
            "response_templates": {
              "application/json": ""
            },
            "rest_api_id": "uwhucfcld8",
            "selection_pattern": "",
            "status_code": "200"
          },
          "sensitive_attributes": [],
          "identity_schema_version": 0,
          "private": "bnVsbA==",
          "dependencies": [
            "aws_api_gateway_integration.options",
            "aws_api_gateway_method.options",
            "aws_api_gateway_method_response.options_200",
            "aws_api_gateway_resource.Resources",
            "aws_api_gateway_rest_api.TweeterAPI"
          ]
        },
        {
          "index_key": "login",
          "schema_version": 0,
          "attributes": {
            "content_handling": "",
            "http_method": "OPTIONS",
            "id": "agir-uwhucfcld8-ben6fk-OPTIONS-200",
            "resource_id": "ben6fk",
            "response_parameters": {
              "method.response.header.Access-Control-Allow-Headers": "'Content-Type,X-Amz-Date,Authorization,X-Api-Key,X-Amz-Security-Token'",
              "method.response.header.Access-Control-Allow-Methods": "'DELETE,GET,HEAD,OPTIONS,PATCH,POST,PUT'",
              "method.response.header.Access-Control-Allow-Origin": "'*'"
            },
            "response_templates": {
              "application/json": ""
            },
            "rest_api_id": "uwhucfcld8",
            "selection_pattern": "",
            "status_code": "200"
          },
          "sensitive_attributes": [],
          "identity_schema_version": 0,
          "private": "bnVsbA==",
          "dependencies": [
            "aws_api_gateway_integration.options",
            "aws_api_gateway_method.options",
            "aws_api_gateway_method_response.options_200",
            "aws_api_gateway_resource.Resources",
            "aws_api_gateway_rest_api.TweeterAPI"
          ]
        },
        {
          "index_key": "logout",
          "schema_version": 0,
          "attributes": {
            "content_handling": "",
            "http_method": "OPTIONS",
            "id": "agir-uwhucfcld8-346rfi-OPTIONS-200",
            "resource_id": "346rfi",
            "response_parameters": {
              "method.response.header.Access-Control-Allow-Headers": "'Content-Type,X-Amz-Date,Authorization,X-Api-Key,X-Amz-Security-Token'",
              "method.response.header.Access-Control-Allow-Methods": "'DELETE,GET,HEAD,OPTIONS,PATCH,POST,PUT'",
              "method.response.header.Access-Control-Allow-Origin": "'*'"
            },
            "response_templates": {
              "application/json": ""
            },
            "rest_api_id": "uwhucfcld8",
            "selection_pattern": "",
            "status_code": "200"
          },
          "sensitive_attributes": [],
          "identity_schema_version": 0,
          "private": "bnVsbA==",
          "dependencies": [
            "aws_api_gateway_integration.options",
            "aws_api_gateway_method.options",
            "aws_api_gateway_method_response.options_200",
            "aws_api_gateway_resource.Resources",
            "aws_api_gateway_rest_api.TweeterAPI"
          ]
        },
        {
          "index_key": "postStatus",
          "schema_version": 0,
          "attributes": {
            "content_handling": "",
            "http_method": "OPTIONS",
            "id": "agir-uwhucfcld8-bpux18-OPTIONS-200",
            "resource_id": "bpux18",
            "response_parameters": {
              "method.response.header.Access-Control-Allow-Headers": "'Content-Type,X-Amz-Date,Authorization,X-Api-Key,X-Amz-Security-Token'",
              "method.response.header.Access-Control-Allow-Methods": "'DELETE,GET,HEAD,OPTIONS,PATCH,POST,PUT'",
              "method.response.header.Access-Control-Allow-Origin": "'*'"
            },
            "response_templates": {
              "application/json": ""
            },
            "rest_api_id": "uwhucfcld8",
            "selection_pattern": "",
            "status_code": "200"
          },
          "sensitive_attributes": [],
          "identity_schema_version": 0,
          "private": "bnVsbA==",
          "dependencies": [
            "aws_api_gateway_integration.options",
            "aws_api_gateway_method.options",
            "aws_api_gateway_method_response.options_200",
            "aws_api_gateway_resource.Resources",
            "aws_api_gateway_rest_api.TweeterAPI"
          ]
        },
        {
          "index_key": "register",
          "schema_version": 0,
          "attributes": {
            "content_handling": "",
            "http_method": "OPTIONS",
            "id": "agir-uwhucfcld8-1vnw1v-OPTIONS-200",
            "resource_id": "1vnw1v",
            "response_parameters": {
              "method.response.header.Access-Control-Allow-Headers": "'Content-Type,X-Amz-Date,Authorization,X-Api-Key,X-Amz-Security-Token'",
              "method.response.header.Access-Control-Allow-Methods": "'DELETE,GET,HEAD,OPTIONS,PATCH,POST,PUT'",
              "method.response.header.Access-Control-Allow-Origin": "'*'"
            },
            "response_templates": {
              "application/json": ""
            },
            "rest_api_id": "uwhucfcld8",
            "selection_pattern": "",
            "status_code": "200"
          },
          "sensitive_attributes": [],
          "identity_schema_version": 0,
          "private": "bnVsbA==",
          "dependencies": [
            "aws_api_gateway_integration.options",
            "aws_api_gateway_method.options",
            "aws_api_gateway_method_response.options_200",
            "aws_api_gateway_resource.Resources",
            "aws_api_gateway_rest_api.TweeterAPI"
          ]
        },
        {
          "index_key": "unfollow",
          "schema_version": 0,
          "attributes": {
            "content_handling": "",
            "http_method": "OPTIONS",
            "id": "agir-uwhucfcld8-49ewqe-OPTIONS-200",
            "resource_id": "49ewqe",
            "response_parameters": {
              "method.response.header.Access-Control-Allow-Headers": "'Content-Type,X-Amz-Date,Authorization,X-Api-Key,X-Amz-Security-Token'",
              "method.response.header.Access-Control-Allow-Methods": "'DELETE,GET,HEAD,OPTIONS,PATCH,POST,PUT'",
              "method.response.header.Access-Control-Allow-Origin": "'*'"
            },
            "response_templates": {
              "application/json": ""
            },
            "rest_api_id": "uwhucfcld8",
            "selection_pattern": "",
            "status_code": "200"
          },
          "sensitive_attributes": [],
          "identity_schema_version": 0,
          "private": "bnVsbA==",
          "dependencies": [
            "aws_api_gateway_integration.options",
            "aws_api_gateway_method.options",
            "aws_api_gateway_method_response.options_200",
            "aws_api_gateway_resource.Resources",
            "aws_api_gateway_rest_api.TweeterAPI"
          ]
        }
      ]
    },
    {
      "mode": "managed",
      "type": "aws_api_gateway_integration_response",
      "name": "response_200Integration",
      "provider": "provider[\"registry.terraform.io/hashicorp/aws\"]",
      "instances": [
        {
          "index_key": "follow",
          "schema_version": 0,
          "attributes": {
            "content_handling": "",
            "http_method": "POST",
            "id": "agir-uwhucfcld8-h3kzzk-POST-200",
            "resource_id": "h3kzzk",
            "response_parameters": {
              "method.response.header.Access-Control-Allow-Headers": "'Content-Type,X-Amz-Date,Authorization,X-Api-Key,X-Amz-Security-Token'",
              "method.response.header.Access-Control-Allow-Methods": "'DELETE,GET,HEAD,OPTIONS,PATCH,POST,PUT'",
              "method.response.header.Access-Control-Allow-Origin": "'*'"
            },
            "response_templates": {},
            "rest_api_id": "uwhucfcld8",
            "selection_pattern": "",
            "status_code": "200"
          },
          "sensitive_attributes": [],
          "identity_schema_version": 0,
          "private": "bnVsbA==",
          "dependencies": [
            "archive_file.layer_package",
            "aws_api_gateway_integration.MethodIntegration",
            "aws_api_gateway_method.Method",
            "aws_api_gateway_method_response.response_200",
            "aws_api_gateway_resource.Resources",
            "aws_api_gateway_rest_api.TweeterAPI",
            "aws_iam_role.backend_lambda_handler",
            "aws_lambda_function.Lambdas",
            "aws_lambda_layer_version.dependencies",
            "data.archive_file.lambda_package",
            "data.aws_iam_policy_document.role"
          ]
        },
        {
          "index_key": "followeeCount",
          "schema_version": 0,
          "attributes": {
            "content_handling": "",
            "http_method": "POST",
            "id": "agir-uwhucfcld8-8kgspn-POST-200",
            "resource_id": "8kgspn",
            "response_parameters": {
              "method.response.header.Access-Control-Allow-Headers": "'Content-Type,X-Amz-Date,Authorization,X-Api-Key,X-Amz-Security-Token'",
              "method.response.header.Access-Control-Allow-Methods": "'DELETE,GET,HEAD,OPTIONS,PATCH,POST,PUT'",
              "method.response.header.Access-Control-Allow-Origin": "'*'"
            },
            "response_templates": {},
            "rest_api_id": "uwhucfcld8",
            "selection_pattern": "",
            "status_code": "200"
          },
          "sensitive_attributes": [],
          "identity_schema_version": 0,
          "private": "bnVsbA==",
          "dependencies": [
            "archive_file.layer_package",
            "aws_api_gateway_integration.MethodIntegration",
            "aws_api_gateway_method.Method",
            "aws_api_gateway_method_response.response_200",
            "aws_api_gateway_resource.Resources",
            "aws_api_gateway_rest_api.TweeterAPI",
            "aws_iam_role.backend_lambda_handler",
            "aws_lambda_function.Lambdas",
            "aws_lambda_layer_version.dependencies",
            "data.archive_file.lambda_package",
            "data.aws_iam_policy_document.role"
          ]
        },
        {
          "index_key": "followerCount",
          "schema_version": 0,
          "attributes": {
            "content_handling": "",
            "http_method": "POST",
            "id": "agir-uwhucfcld8-6ly3h8-POST-200",
            "resource_id": "6ly3h8",
            "response_parameters": {
              "method.response.header.Access-Control-Allow-Headers": "'Content-Type,X-Amz-Date,Authorization,X-Api-Key,X-Amz-Security-Token'",
              "method.response.header.Access-Control-Allow-Methods": "'DELETE,GET,HEAD,OPTIONS,PATCH,POST,PUT'",
              "method.response.header.Access-Control-Allow-Origin": "'*'"
            },
            "response_templates": {},
            "rest_api_id": "uwhucfcld8",
            "selection_pattern": "",
            "status_code": "200"
          },
          "sensitive_attributes": [],
          "identity_schema_version": 0,
          "private": "bnVsbA==",
          "dependencies": [
            "archive_file.layer_package",
            "aws_api_gateway_integration.MethodIntegration",
            "aws_api_gateway_method.Method",
            "aws_api_gateway_method_response.response_200",
            "aws_api_gateway_resource.Resources",
            "aws_api_gateway_rest_api.TweeterAPI",
            "aws_iam_role.backend_lambda_handler",
            "aws_lambda_function.Lambdas",
            "aws_lambda_layer_version.dependencies",
            "data.archive_file.lambda_package",
            "data.aws_iam_policy_document.role"
          ]
        },
        {
          "index_key": "getFeedItems",
          "schema_version": 0,
          "attributes": {
            "content_handling": "",
            "http_method": "POST",
            "id": "agir-uwhucfcld8-41xgcp-POST-200",
            "resource_id": "41xgcp",
            "response_parameters": {
              "method.response.header.Access-Control-Allow-Headers": "'Content-Type,X-Amz-Date,Authorization,X-Api-Key,X-Amz-Security-Token'",
              "method.response.header.Access-Control-Allow-Methods": "'DELETE,GET,HEAD,OPTIONS,PATCH,POST,PUT'",
              "method.response.header.Access-Control-Allow-Origin": "'*'"
            },
            "response_templates": {},
            "rest_api_id": "uwhucfcld8",
            "selection_pattern": "",
            "status_code": "200"
          },
          "sensitive_attributes": [],
          "identity_schema_version": 0,
          "private": "bnVsbA==",
          "dependencies": [
            "archive_file.layer_package",
            "aws_api_gateway_integration.MethodIntegration",
            "aws_api_gateway_method.Method",
            "aws_api_gateway_method_response.response_200",
            "aws_api_gateway_resource.Resources",
            "aws_api_gateway_rest_api.TweeterAPI",
            "aws_iam_role.backend_lambda_handler",
            "aws_lambda_function.Lambdas",
            "aws_lambda_layer_version.dependencies",
            "data.archive_file.lambda_package",
            "data.aws_iam_policy_document.role"
          ]
        },
        {
          "index_key": "getMoreFollowees",
          "schema_version": 0,
          "attributes": {
            "content_handling": "",
            "http_method": "POST",
            "id": "agir-uwhucfcld8-80v7xs-POST-200",
            "resource_id": "80v7xs",
            "response_parameters": {
              "method.response.header.Access-Control-Allow-Headers": "'Content-Type,X-Amz-Date,Authorization,X-Api-Key,X-Amz-Security-Token'",
              "method.response.header.Access-Control-Allow-Methods": "'DELETE,GET,HEAD,OPTIONS,PATCH,POST,PUT'",
              "method.response.header.Access-Control-Allow-Origin": "'*'"
            },
            "response_templates": {},
            "rest_api_id": "uwhucfcld8",
            "selection_pattern": "",
            "status_code": "200"
          },
          "sensitive_attributes": [],
          "identity_schema_version": 0,
          "private": "bnVsbA==",
          "dependencies": [
            "archive_file.layer_package",
            "aws_api_gateway_integration.MethodIntegration",
            "aws_api_gateway_method.Method",
            "aws_api_gateway_method_response.response_200",
            "aws_api_gateway_resource.Resources",
            "aws_api_gateway_rest_api.TweeterAPI",
            "aws_iam_role.backend_lambda_handler",
            "aws_lambda_function.Lambdas",
            "aws_lambda_layer_version.dependencies",
            "data.archive_file.lambda_package",
            "data.aws_iam_policy_document.role"
          ]
        },
        {
          "index_key": "getMoreFollowers",
          "schema_version": 0,
          "attributes": {
            "content_handling": "",
            "http_method": "POST",
            "id": "agir-uwhucfcld8-klcjii-POST-200",
            "resource_id": "klcjii",
            "response_parameters": {
              "method.response.header.Access-Control-Allow-Headers": "'Content-Type,X-Amz-Date,Authorization,X-Api-Key,X-Amz-Security-Token'",
              "method.response.header.Access-Control-Allow-Methods": "'DELETE,GET,HEAD,OPTIONS,PATCH,POST,PUT'",
              "method.response.header.Access-Control-Allow-Origin": "'*'"
            },
            "response_templates": {},
            "rest_api_id": "uwhucfcld8",
            "selection_pattern": "",
            "status_code": "200"
          },
          "sensitive_attributes": [],
          "identity_schema_version": 0,
          "private": "bnVsbA==",
          "dependencies": [
            "archive_file.layer_package",
            "aws_api_gateway_integration.MethodIntegration",
            "aws_api_gateway_method.Method",
            "aws_api_gateway_method_response.response_200",
            "aws_api_gateway_resource.Resources",
            "aws_api_gateway_rest_api.TweeterAPI",
            "aws_iam_role.backend_lambda_handler",
            "aws_lambda_function.Lambdas",
            "aws_lambda_layer_version.dependencies",
            "data.archive_file.lambda_package",
            "data.aws_iam_policy_document.role"
          ]
        },
        {
          "index_key": "getStoryItems",
          "schema_version": 0,
          "attributes": {
            "content_handling": "",
            "http_method": "POST",
            "id": "agir-uwhucfcld8-c8mf7c-POST-200",
            "resource_id": "c8mf7c",
            "response_parameters": {
              "method.response.header.Access-Control-Allow-Headers": "'Content-Type,X-Amz-Date,Authorization,X-Api-Key,X-Amz-Security-Token'",
              "method.response.header.Access-Control-Allow-Methods": "'DELETE,GET,HEAD,OPTIONS,PATCH,POST,PUT'",
              "method.response.header.Access-Control-Allow-Origin": "'*'"
            },
            "response_templates": {},
            "rest_api_id": "uwhucfcld8",
            "selection_pattern": "",
            "status_code": "200"
          },
          "sensitive_attributes": [],
          "identity_schema_version": 0,
          "private": "bnVsbA==",
          "dependencies": [
            "archive_file.layer_package",
            "aws_api_gateway_integration.MethodIntegration",
            "aws_api_gateway_method.Method",
            "aws_api_gateway_method_response.response_200",
            "aws_api_gateway_resource.Resources",
            "aws_api_gateway_rest_api.TweeterAPI",
            "aws_iam_role.backend_lambda_handler",
            "aws_lambda_function.Lambdas",
            "aws_lambda_layer_version.dependencies",
            "data.archive_file.lambda_package",
            "data.aws_iam_policy_document.role"
          ]
        },
        {
          "index_key": "getUser",
          "schema_version": 0,
          "attributes": {
            "content_handling": "",
            "http_method": "POST",
            "id": "agir-uwhucfcld8-n6gti9-POST-200",
            "resource_id": "n6gti9",
            "response_parameters": {
              "method.response.header.Access-Control-Allow-Headers": "'Content-Type,X-Amz-Date,Authorization,X-Api-Key,X-Amz-Security-Token'",
              "method.response.header.Access-Control-Allow-Methods": "'DELETE,GET,HEAD,OPTIONS,PATCH,POST,PUT'",
              "method.response.header.Access-Control-Allow-Origin": "'*'"
            },
            "response_templates": {},
            "rest_api_id": "uwhucfcld8",
            "selection_pattern": "",
            "status_code": "200"
          },
          "sensitive_attributes": [],
          "identity_schema_version": 0,
          "private": "bnVsbA==",
          "dependencies": [
            "archive_file.layer_package",
            "aws_api_gateway_integration.MethodIntegration",
            "aws_api_gateway_method.Method",
            "aws_api_gateway_method_response.response_200",
            "aws_api_gateway_resource.Resources",
            "aws_api_gateway_rest_api.TweeterAPI",
            "aws_iam_role.backend_lambda_handler",
            "aws_lambda_function.Lambdas",
            "aws_lambda_layer_version.dependencies",
            "data.archive_file.lambda_package",
            "data.aws_iam_policy_document.role"
          ]
        },
        {
          "index_key": "isFollower",
          "schema_version": 0,
          "attributes": {
            "content_handling": "",
            "http_method": "POST",
            "id": "agir-uwhucfcld8-jlwk0j-POST-200",
            "resource_id": "jlwk0j",
            "response_parameters": {
              "method.response.header.Access-Control-Allow-Headers": "'Content-Type,X-Amz-Date,Authorization,X-Api-Key,X-Amz-Security-Token'",
              "method.response.header.Access-Control-Allow-Methods": "'DELETE,GET,HEAD,OPTIONS,PATCH,POST,PUT'",
              "method.response.header.Access-Control-Allow-Origin": "'*'"
            },
            "response_templates": {},
            "rest_api_id": "uwhucfcld8",
            "selection_pattern": "",
            "status_code": "200"
          },
          "sensitive_attributes": [],
          "identity_schema_version": 0,
          "private": "bnVsbA==",
          "dependencies": [
            "archive_file.layer_package",
            "aws_api_gateway_integration.MethodIntegration",
            "aws_api_gateway_method.Method",
            "aws_api_gateway_method_response.response_200",
            "aws_api_gateway_resource.Resources",
            "aws_api_gateway_rest_api.TweeterAPI",
            "aws_iam_role.backend_lambda_handler",
            "aws_lambda_function.Lambdas",
            "aws_lambda_layer_version.dependencies",
            "data.archive_file.lambda_package",
            "data.aws_iam_policy_document.role"
          ]
        },
        {
          "index_key": "login",
          "schema_version": 0,
          "attributes": {
            "content_handling": "",
            "http_method": "POST",
            "id": "agir-uwhucfcld8-ben6fk-POST-200",
            "resource_id": "ben6fk",
            "response_parameters": {
              "method.response.header.Access-Control-Allow-Headers": "'Content-Type,X-Amz-Date,Authorization,X-Api-Key,X-Amz-Security-Token'",
              "method.response.header.Access-Control-Allow-Methods": "'DELETE,GET,HEAD,OPTIONS,PATCH,POST,PUT'",
              "method.response.header.Access-Control-Allow-Origin": "'*'"
            },
            "response_templates": {},
            "rest_api_id": "uwhucfcld8",
            "selection_pattern": "",
            "status_code": "200"
          },
          "sensitive_attributes": [],
          "identity_schema_version": 0,
          "private": "bnVsbA==",
          "dependencies": [
            "archive_file.layer_package",
            "aws_api_gateway_integration.MethodIntegration",
            "aws_api_gateway_method.Method",
            "aws_api_gateway_method_response.response_200",
            "aws_api_gateway_resource.Resources",
            "aws_api_gateway_rest_api.TweeterAPI",
            "aws_iam_role.backend_lambda_handler",
            "aws_lambda_function.Lambdas",
            "aws_lambda_layer_version.dependencies",
            "data.archive_file.lambda_package",
            "data.aws_iam_policy_document.role"
          ]
        },
        {
          "index_key": "logout",
          "schema_version": 0,
          "attributes": {
            "content_handling": "",
            "http_method": "POST",
            "id": "agir-uwhucfcld8-346rfi-POST-200",
            "resource_id": "346rfi",
            "response_parameters": {
              "method.response.header.Access-Control-Allow-Headers": "'Content-Type,X-Amz-Date,Authorization,X-Api-Key,X-Amz-Security-Token'",
              "method.response.header.Access-Control-Allow-Methods": "'DELETE,GET,HEAD,OPTIONS,PATCH,POST,PUT'",
              "method.response.header.Access-Control-Allow-Origin": "'*'"
            },
            "response_templates": {},
            "rest_api_id": "uwhucfcld8",
            "selection_pattern": "",
            "status_code": "200"
          },
          "sensitive_attributes": [],
          "identity_schema_version": 0,
          "private": "bnVsbA==",
          "dependencies": [
            "archive_file.layer_package",
            "aws_api_gateway_integration.MethodIntegration",
            "aws_api_gateway_method.Method",
            "aws_api_gateway_method_response.response_200",
            "aws_api_gateway_resource.Resources",
            "aws_api_gateway_rest_api.TweeterAPI",
            "aws_iam_role.backend_lambda_handler",
            "aws_lambda_function.Lambdas",
            "aws_lambda_layer_version.dependencies",
            "data.archive_file.lambda_package",
            "data.aws_iam_policy_document.role"
          ]
        },
        {
          "index_key": "postStatus",
          "schema_version": 0,
          "attributes": {
            "content_handling": "",
            "http_method": "POST",
            "id": "agir-uwhucfcld8-bpux18-POST-200",
            "resource_id": "bpux18",
            "response_parameters": {
              "method.response.header.Access-Control-Allow-Headers": "'Content-Type,X-Amz-Date,Authorization,X-Api-Key,X-Amz-Security-Token'",
              "method.response.header.Access-Control-Allow-Methods": "'DELETE,GET,HEAD,OPTIONS,PATCH,POST,PUT'",
              "method.response.header.Access-Control-Allow-Origin": "'*'"
            },
            "response_templates": {},
            "rest_api_id": "uwhucfcld8",
            "selection_pattern": "",
            "status_code": "200"
          },
          "sensitive_attributes": [],
          "identity_schema_version": 0,
          "private": "bnVsbA==",
          "dependencies": [
            "archive_file.layer_package",
            "aws_api_gateway_integration.MethodIntegration",
            "aws_api_gateway_method.Method",
            "aws_api_gateway_method_response.response_200",
            "aws_api_gateway_resource.Resources",
            "aws_api_gateway_rest_api.TweeterAPI",
            "aws_iam_role.backend_lambda_handler",
            "aws_lambda_function.Lambdas",
            "aws_lambda_layer_version.dependencies",
            "data.archive_file.lambda_package",
            "data.aws_iam_policy_document.role"
          ]
        },
        {
          "index_key": "register",
          "schema_version": 0,
          "attributes": {
            "content_handling": "",
            "http_method": "POST",
            "id": "agir-uwhucfcld8-1vnw1v-POST-200",
            "resource_id": "1vnw1v",
            "response_parameters": {
              "method.response.header.Access-Control-Allow-Headers": "'Content-Type,X-Amz-Date,Authorization,X-Api-Key,X-Amz-Security-Token'",
              "method.response.header.Access-Control-Allow-Methods": "'DELETE,GET,HEAD,OPTIONS,PATCH,POST,PUT'",
              "method.response.header.Access-Control-Allow-Origin": "'*'"
            },
            "response_templates": {},
            "rest_api_id": "uwhucfcld8",
            "selection_pattern": "",
            "status_code": "200"
          },
          "sensitive_attributes": [],
          "identity_schema_version": 0,
          "private": "bnVsbA==",
          "dependencies": [
            "archive_file.layer_package",
            "aws_api_gateway_integration.MethodIntegration",
            "aws_api_gateway_method.Method",
            "aws_api_gateway_method_response.response_200",
            "aws_api_gateway_resource.Resources",
            "aws_api_gateway_rest_api.TweeterAPI",
            "aws_iam_role.backend_lambda_handler",
            "aws_lambda_function.Lambdas",
            "aws_lambda_layer_version.dependencies",
            "data.archive_file.lambda_package",
            "data.aws_iam_policy_document.role"
          ]
        },
        {
          "index_key": "unfollow",
          "schema_version": 0,
          "attributes": {
            "content_handling": "",
            "http_method": "POST",
            "id": "agir-uwhucfcld8-49ewqe-POST-200",
            "resource_id": "49ewqe",
            "response_parameters": {
              "method.response.header.Access-Control-Allow-Headers": "'Content-Type,X-Amz-Date,Authorization,X-Api-Key,X-Amz-Security-Token'",
              "method.response.header.Access-Control-Allow-Methods": "'DELETE,GET,HEAD,OPTIONS,PATCH,POST,PUT'",
              "method.response.header.Access-Control-Allow-Origin": "'*'"
            },
            "response_templates": {},
            "rest_api_id": "uwhucfcld8",
            "selection_pattern": "",
            "status_code": "200"
          },
          "sensitive_attributes": [],
          "identity_schema_version": 0,
          "private": "bnVsbA==",
          "dependencies": [
            "archive_file.layer_package",
            "aws_api_gateway_integration.MethodIntegration",
            "aws_api_gateway_method.Method",
            "aws_api_gateway_method_response.response_200",
            "aws_api_gateway_resource.Resources",
            "aws_api_gateway_rest_api.TweeterAPI",
            "aws_iam_role.backend_lambda_handler",
            "aws_lambda_function.Lambdas",
            "aws_lambda_layer_version.dependencies",
            "data.archive_file.lambda_package",
            "data.aws_iam_policy_document.role"
          ]
        }
      ]
    },
    {
      "mode": "managed",
      "type": "aws_api_gateway_method",
      "name": "Method",
      "provider": "provider[\"registry.terraform.io/hashicorp/aws\"]",
      "instances": [
        {
          "index_key": "follow",
          "schema_version": 0,
          "attributes": {
            "api_key_required": false,
            "authorization": "NONE",
            "authorization_scopes": [],
            "authorizer_id": "",
            "http_method": "POST",
            "id": "agm-uwhucfcld8-h3kzzk-POST",
            "operation_name": "",
            "request_models": {},
            "request_parameters": {},
            "request_validator_id": "",
            "resource_id": "h3kzzk",
            "rest_api_id": "uwhucfcld8"
          },
          "sensitive_attributes": [],
          "identity_schema_version": 0,
          "private": "bnVsbA==",
          "dependencies": [
            "aws_api_gateway_resource.Resources",
            "aws_api_gateway_rest_api.TweeterAPI"
          ]
        },
        {
          "index_key": "followeeCount",
          "schema_version": 0,
          "attributes": {
            "api_key_required": false,
            "authorization": "NONE",
            "authorization_scopes": [],
            "authorizer_id": "",
            "http_method": "POST",
            "id": "agm-uwhucfcld8-8kgspn-POST",
            "operation_name": "",
            "request_models": {},
            "request_parameters": {},
            "request_validator_id": "",
            "resource_id": "8kgspn",
            "rest_api_id": "uwhucfcld8"
          },
          "sensitive_attributes": [],
          "identity_schema_version": 0,
          "private": "bnVsbA==",
          "dependencies": [
            "aws_api_gateway_resource.Resources",
            "aws_api_gateway_rest_api.TweeterAPI"
          ]
        },
        {
          "index_key": "followerCount",
          "schema_version": 0,
          "attributes": {
            "api_key_required": false,
            "authorization": "NONE",
            "authorization_scopes": [],
            "authorizer_id": "",
            "http_method": "POST",
            "id": "agm-uwhucfcld8-6ly3h8-POST",
            "operation_name": "",
            "request_models": {},
            "request_parameters": {},
            "request_validator_id": "",
            "resource_id": "6ly3h8",
            "rest_api_id": "uwhucfcld8"
          },
          "sensitive_attributes": [],
          "identity_schema_version": 0,
          "private": "bnVsbA==",
          "dependencies": [
            "aws_api_gateway_resource.Resources",
            "aws_api_gateway_rest_api.TweeterAPI"
          ]
        },
        {
          "index_key": "getFeedItems",
          "schema_version": 0,
          "attributes": {
            "api_key_required": false,
            "authorization": "NONE",
            "authorization_scopes": [],
            "authorizer_id": "",
            "http_method": "POST",
            "id": "agm-uwhucfcld8-41xgcp-POST",
            "operation_name": "",
            "request_models": {},
            "request_parameters": {},
            "request_validator_id": "",
            "resource_id": "41xgcp",
            "rest_api_id": "uwhucfcld8"
          },
          "sensitive_attributes": [],
          "identity_schema_version": 0,
          "private": "bnVsbA==",
          "dependencies": [
            "aws_api_gateway_resource.Resources",
            "aws_api_gateway_rest_api.TweeterAPI"
          ]
        },
        {
          "index_key": "getMoreFollowees",
          "schema_version": 0,
          "attributes": {
            "api_key_required": false,
            "authorization": "NONE",
            "authorization_scopes": [],
            "authorizer_id": "",
            "http_method": "POST",
            "id": "agm-uwhucfcld8-80v7xs-POST",
            "operation_name": "",
            "request_models": {},
            "request_parameters": {},
            "request_validator_id": "",
            "resource_id": "80v7xs",
            "rest_api_id": "uwhucfcld8"
          },
          "sensitive_attributes": [],
          "identity_schema_version": 0,
          "private": "bnVsbA==",
          "dependencies": [
            "aws_api_gateway_resource.Resources",
            "aws_api_gateway_rest_api.TweeterAPI"
          ]
        },
        {
          "index_key": "getMoreFollowers",
          "schema_version": 0,
          "attributes": {
            "api_key_required": false,
            "authorization": "NONE",
            "authorization_scopes": [],
            "authorizer_id": "",
            "http_method": "POST",
            "id": "agm-uwhucfcld8-klcjii-POST",
            "operation_name": "",
            "request_models": {},
            "request_parameters": {},
            "request_validator_id": "",
            "resource_id": "klcjii",
            "rest_api_id": "uwhucfcld8"
          },
          "sensitive_attributes": [],
          "identity_schema_version": 0,
          "private": "bnVsbA==",
          "dependencies": [
            "aws_api_gateway_resource.Resources",
            "aws_api_gateway_rest_api.TweeterAPI"
          ]
        },
        {
          "index_key": "getStoryItems",
          "schema_version": 0,
          "attributes": {
            "api_key_required": false,
            "authorization": "NONE",
            "authorization_scopes": [],
            "authorizer_id": "",
            "http_method": "POST",
            "id": "agm-uwhucfcld8-c8mf7c-POST",
            "operation_name": "",
            "request_models": {},
            "request_parameters": {},
            "request_validator_id": "",
            "resource_id": "c8mf7c",
            "rest_api_id": "uwhucfcld8"
          },
          "sensitive_attributes": [],
          "identity_schema_version": 0,
          "private": "bnVsbA==",
          "dependencies": [
            "aws_api_gateway_resource.Resources",
            "aws_api_gateway_rest_api.TweeterAPI"
          ]
        },
        {
          "index_key": "getUser",
          "schema_version": 0,
          "attributes": {
            "api_key_required": false,
            "authorization": "NONE",
            "authorization_scopes": [],
            "authorizer_id": "",
            "http_method": "POST",
            "id": "agm-uwhucfcld8-n6gti9-POST",
            "operation_name": "",
            "request_models": {},
            "request_parameters": {},
            "request_validator_id": "",
            "resource_id": "n6gti9",
            "rest_api_id": "uwhucfcld8"
          },
          "sensitive_attributes": [],
          "identity_schema_version": 0,
          "private": "bnVsbA==",
          "dependencies": [
            "aws_api_gateway_resource.Resources",
            "aws_api_gateway_rest_api.TweeterAPI"
          ]
        },
        {
          "index_key": "isFollower",
          "schema_version": 0,
          "attributes": {
            "api_key_required": false,
            "authorization": "NONE",
            "authorization_scopes": [],
            "authorizer_id": "",
            "http_method": "POST",
            "id": "agm-uwhucfcld8-jlwk0j-POST",
            "operation_name": "",
            "request_models": {},
            "request_parameters": {},
            "request_validator_id": "",
            "resource_id": "jlwk0j",
            "rest_api_id": "uwhucfcld8"
          },
          "sensitive_attributes": [],
          "identity_schema_version": 0,
          "private": "bnVsbA==",
          "dependencies": [
            "aws_api_gateway_resource.Resources",
            "aws_api_gateway_rest_api.TweeterAPI"
          ]
        },
        {
          "index_key": "login",
          "schema_version": 0,
          "attributes": {
            "api_key_required": false,
            "authorization": "NONE",
            "authorization_scopes": [],
            "authorizer_id": "",
            "http_method": "POST",
            "id": "agm-uwhucfcld8-ben6fk-POST",
            "operation_name": "",
            "request_models": {},
            "request_parameters": {},
            "request_validator_id": "",
            "resource_id": "ben6fk",
            "rest_api_id": "uwhucfcld8"
          },
          "sensitive_attributes": [],
          "identity_schema_version": 0,
          "private": "bnVsbA==",
          "dependencies": [
            "aws_api_gateway_resource.Resources",
            "aws_api_gateway_rest_api.TweeterAPI"
          ]
        },
        {
          "index_key": "logout",
          "schema_version": 0,
          "attributes": {
            "api_key_required": false,
            "authorization": "NONE",
            "authorization_scopes": [],
            "authorizer_id": "",
            "http_method": "POST",
            "id": "agm-uwhucfcld8-346rfi-POST",
            "operation_name": "",
            "request_models": {},
            "request_parameters": {},
            "request_validator_id": "",
            "resource_id": "346rfi",
            "rest_api_id": "uwhucfcld8"
          },
          "sensitive_attributes": [],
          "identity_schema_version": 0,
          "private": "bnVsbA==",
          "dependencies": [
            "aws_api_gateway_resource.Resources",
            "aws_api_gateway_rest_api.TweeterAPI"
          ]
        },
        {
          "index_key": "postStatus",
          "schema_version": 0,
          "attributes": {
            "api_key_required": false,
            "authorization": "NONE",
            "authorization_scopes": [],
            "authorizer_id": "",
            "http_method": "POST",
            "id": "agm-uwhucfcld8-bpux18-POST",
            "operation_name": "",
            "request_models": {},
            "request_parameters": {},
            "request_validator_id": "",
            "resource_id": "bpux18",
            "rest_api_id": "uwhucfcld8"
          },
          "sensitive_attributes": [],
          "identity_schema_version": 0,
          "private": "bnVsbA==",
          "dependencies": [
            "aws_api_gateway_resource.Resources",
            "aws_api_gateway_rest_api.TweeterAPI"
          ]
        },
        {
          "index_key": "register",
          "schema_version": 0,
          "attributes": {
            "api_key_required": false,
            "authorization": "NONE",
            "authorization_scopes": [],
            "authorizer_id": "",
            "http_method": "POST",
            "id": "agm-uwhucfcld8-1vnw1v-POST",
            "operation_name": "",
            "request_models": {},
            "request_parameters": {},
            "request_validator_id": "",
            "resource_id": "1vnw1v",
            "rest_api_id": "uwhucfcld8"
          },
          "sensitive_attributes": [],
          "identity_schema_version": 0,
          "private": "bnVsbA==",
          "dependencies": [
            "aws_api_gateway_resource.Resources",
            "aws_api_gateway_rest_api.TweeterAPI"
          ]
        },
        {
          "index_key": "unfollow",
          "schema_version": 0,
          "attributes": {
            "api_key_required": false,
            "authorization": "NONE",
            "authorization_scopes": [],
            "authorizer_id": "",
            "http_method": "POST",
            "id": "agm-uwhucfcld8-49ewqe-POST",
            "operation_name": "",
            "request_models": {},
            "request_parameters": {},
            "request_validator_id": "",
            "resource_id": "49ewqe",
            "rest_api_id": "uwhucfcld8"
          },
          "sensitive_attributes": [],
          "identity_schema_version": 0,
          "private": "bnVsbA==",
          "dependencies": [
            "aws_api_gateway_resource.Resources",
            "aws_api_gateway_rest_api.TweeterAPI"
          ]
        }
      ]
    },
    {
      "mode": "managed",
      "type": "aws_api_gateway_method",
      "name": "options",
      "provider": "provider[\"registry.terraform.io/hashicorp/aws\"]",
      "instances": [
        {
          "index_key": "follow",
          "schema_version": 0,
          "attributes": {
            "api_key_required": false,
            "authorization": "NONE",
            "authorization_scopes": [],
            "authorizer_id": "",
            "http_method": "OPTIONS",
            "id": "agm-uwhucfcld8-h3kzzk-OPTIONS",
            "operation_name": "",
            "request_models": {},
            "request_parameters": {},
            "request_validator_id": "",
            "resource_id": "h3kzzk",
            "rest_api_id": "uwhucfcld8"
          },
          "sensitive_attributes": [],
          "identity_schema_version": 0,
          "private": "bnVsbA==",
          "dependencies": [
            "aws_api_gateway_resource.Resources",
            "aws_api_gateway_rest_api.TweeterAPI"
          ]
        },
        {
          "index_key": "followeeCount",
          "schema_version": 0,
          "attributes": {
            "api_key_required": false,
            "authorization": "NONE",
            "authorization_scopes": [],
            "authorizer_id": "",
            "http_method": "OPTIONS",
            "id": "agm-uwhucfcld8-8kgspn-OPTIONS",
            "operation_name": "",
            "request_models": {},
            "request_parameters": {},
            "request_validator_id": "",
            "resource_id": "8kgspn",
            "rest_api_id": "uwhucfcld8"
          },
          "sensitive_attributes": [],
          "identity_schema_version": 0,
          "private": "bnVsbA==",
          "dependencies": [
            "aws_api_gateway_resource.Resources",
            "aws_api_gateway_rest_api.TweeterAPI"
          ]
        },
        {
          "index_key": "followerCount",
          "schema_version": 0,
          "attributes": {
            "api_key_required": false,
            "authorization": "NONE",
            "authorization_scopes": [],
            "authorizer_id": "",
            "http_method": "OPTIONS",
            "id": "agm-uwhucfcld8-6ly3h8-OPTIONS",
            "operation_name": "",
            "request_models": {},
            "request_parameters": {},
            "request_validator_id": "",
            "resource_id": "6ly3h8",
            "rest_api_id": "uwhucfcld8"
          },
          "sensitive_attributes": [],
          "identity_schema_version": 0,
          "private": "bnVsbA==",
          "dependencies": [
            "aws_api_gateway_resource.Resources",
            "aws_api_gateway_rest_api.TweeterAPI"
          ]
        },
        {
          "index_key": "getFeedItems",
          "schema_version": 0,
          "attributes": {
            "api_key_required": false,
            "authorization": "NONE",
            "authorization_scopes": [],
            "authorizer_id": "",
            "http_method": "OPTIONS",
            "id": "agm-uwhucfcld8-41xgcp-OPTIONS",
            "operation_name": "",
            "request_models": {},
            "request_parameters": {},
            "request_validator_id": "",
            "resource_id": "41xgcp",
            "rest_api_id": "uwhucfcld8"
          },
          "sensitive_attributes": [],
          "identity_schema_version": 0,
          "private": "bnVsbA==",
          "dependencies": [
            "aws_api_gateway_resource.Resources",
            "aws_api_gateway_rest_api.TweeterAPI"
          ]
        },
        {
          "index_key": "getMoreFollowees",
          "schema_version": 0,
          "attributes": {
            "api_key_required": false,
            "authorization": "NONE",
            "authorization_scopes": [],
            "authorizer_id": "",
            "http_method": "OPTIONS",
            "id": "agm-uwhucfcld8-80v7xs-OPTIONS",
            "operation_name": "",
            "request_models": {},
            "request_parameters": {},
            "request_validator_id": "",
            "resource_id": "80v7xs",
            "rest_api_id": "uwhucfcld8"
          },
          "sensitive_attributes": [],
          "identity_schema_version": 0,
          "private": "bnVsbA==",
          "dependencies": [
            "aws_api_gateway_resource.Resources",
            "aws_api_gateway_rest_api.TweeterAPI"
          ]
        },
        {
          "index_key": "getMoreFollowers",
          "schema_version": 0,
          "attributes": {
            "api_key_required": false,
            "authorization": "NONE",
            "authorization_scopes": [],
            "authorizer_id": "",
            "http_method": "OPTIONS",
            "id": "agm-uwhucfcld8-klcjii-OPTIONS",
            "operation_name": "",
            "request_models": {},
            "request_parameters": {},
            "request_validator_id": "",
            "resource_id": "klcjii",
            "rest_api_id": "uwhucfcld8"
          },
          "sensitive_attributes": [],
          "identity_schema_version": 0,
          "private": "bnVsbA==",
          "dependencies": [
            "aws_api_gateway_resource.Resources",
            "aws_api_gateway_rest_api.TweeterAPI"
          ]
        },
        {
          "index_key": "getStoryItems",
          "schema_version": 0,
          "attributes": {
            "api_key_required": false,
            "authorization": "NONE",
            "authorization_scopes": [],
            "authorizer_id": "",
            "http_method": "OPTIONS",
            "id": "agm-uwhucfcld8-c8mf7c-OPTIONS",
            "operation_name": "",
            "request_models": {},
            "request_parameters": {},
            "request_validator_id": "",
            "resource_id": "c8mf7c",
            "rest_api_id": "uwhucfcld8"
          },
          "sensitive_attributes": [],
          "identity_schema_version": 0,
          "private": "bnVsbA==",
          "dependencies": [
            "aws_api_gateway_resource.Resources",
            "aws_api_gateway_rest_api.TweeterAPI"
          ]
        },
        {
          "index_key": "getUser",
          "schema_version": 0,
          "attributes": {
            "api_key_required": false,
            "authorization": "NONE",
            "authorization_scopes": [],
            "authorizer_id": "",
            "http_method": "OPTIONS",
            "id": "agm-uwhucfcld8-n6gti9-OPTIONS",
            "operation_name": "",
            "request_models": {},
            "request_parameters": {},
            "request_validator_id": "",
            "resource_id": "n6gti9",
            "rest_api_id": "uwhucfcld8"
          },
          "sensitive_attributes": [],
          "identity_schema_version": 0,
          "private": "bnVsbA==",
          "dependencies": [
            "aws_api_gateway_resource.Resources",
            "aws_api_gateway_rest_api.TweeterAPI"
          ]
        },
        {
          "index_key": "isFollower",
          "schema_version": 0,
          "attributes": {
            "api_key_required": false,
            "authorization": "NONE",
            "authorization_scopes": [],
            "authorizer_id": "",
            "http_method": "OPTIONS",
            "id": "agm-uwhucfcld8-jlwk0j-OPTIONS",
            "operation_name": "",
            "request_models": {},
            "request_parameters": {},
            "request_validator_id": "",
            "resource_id": "jlwk0j",
            "rest_api_id": "uwhucfcld8"
          },
          "sensitive_attributes": [],
          "identity_schema_version": 0,
          "private": "bnVsbA==",
          "dependencies": [
            "aws_api_gateway_resource.Resources",
            "aws_api_gateway_rest_api.TweeterAPI"
          ]
        },
        {
          "index_key": "login",
          "schema_version": 0,
          "attributes": {
            "api_key_required": false,
            "authorization": "NONE",
            "authorization_scopes": [],
            "authorizer_id": "",
            "http_method": "OPTIONS",
            "id": "agm-uwhucfcld8-ben6fk-OPTIONS",
            "operation_name": "",
            "request_models": {},
            "request_parameters": {},
            "request_validator_id": "",
            "resource_id": "ben6fk",
            "rest_api_id": "uwhucfcld8"
          },
          "sensitive_attributes": [],
          "identity_schema_version": 0,
          "private": "bnVsbA==",
          "dependencies": [
            "aws_api_gateway_resource.Resources",
            "aws_api_gateway_rest_api.TweeterAPI"
          ]
        },
        {
          "index_key": "logout",
          "schema_version": 0,
          "attributes": {
            "api_key_required": false,
            "authorization": "NONE",
            "authorization_scopes": [],
            "authorizer_id": "",
            "http_method": "OPTIONS",
            "id": "agm-uwhucfcld8-346rfi-OPTIONS",
            "operation_name": "",
            "request_models": {},
            "request_parameters": {},
            "request_validator_id": "",
            "resource_id": "346rfi",
            "rest_api_id": "uwhucfcld8"
          },
          "sensitive_attributes": [],
          "identity_schema_version": 0,
          "private": "bnVsbA==",
          "dependencies": [
            "aws_api_gateway_resource.Resources",
            "aws_api_gateway_rest_api.TweeterAPI"
          ]
        },
        {
          "index_key": "postStatus",
          "schema_version": 0,
          "attributes": {
            "api_key_required": false,
            "authorization": "NONE",
            "authorization_scopes": [],
            "authorizer_id": "",
            "http_method": "OPTIONS",
            "id": "agm-uwhucfcld8-bpux18-OPTIONS",
            "operation_name": "",
            "request_models": {},
            "request_parameters": {},
            "request_validator_id": "",
            "resource_id": "bpux18",
            "rest_api_id": "uwhucfcld8"
          },
          "sensitive_attributes": [],
          "identity_schema_version": 0,
          "private": "bnVsbA==",
          "dependencies": [
            "aws_api_gateway_resource.Resources",
            "aws_api_gateway_rest_api.TweeterAPI"
          ]
        },
        {
          "index_key": "register",
          "schema_version": 0,
          "attributes": {
            "api_key_required": false,
            "authorization": "NONE",
            "authorization_scopes": [],
            "authorizer_id": "",
            "http_method": "OPTIONS",
            "id": "agm-uwhucfcld8-1vnw1v-OPTIONS",
            "operation_name": "",
            "request_models": {},
            "request_parameters": {},
            "request_validator_id": "",
            "resource_id": "1vnw1v",
            "rest_api_id": "uwhucfcld8"
          },
          "sensitive_attributes": [],
          "identity_schema_version": 0,
          "private": "bnVsbA==",
          "dependencies": [
            "aws_api_gateway_resource.Resources",
            "aws_api_gateway_rest_api.TweeterAPI"
          ]
        },
        {
          "index_key": "unfollow",
          "schema_version": 0,
          "attributes": {
            "api_key_required": false,
            "authorization": "NONE",
            "authorization_scopes": [],
            "authorizer_id": "",
            "http_method": "OPTIONS",
            "id": "agm-uwhucfcld8-49ewqe-OPTIONS",
            "operation_name": "",
            "request_models": {},
            "request_parameters": {},
            "request_validator_id": "",
            "resource_id": "49ewqe",
            "rest_api_id": "uwhucfcld8"
          },
          "sensitive_attributes": [],
          "identity_schema_version": 0,
          "private": "bnVsbA==",
          "dependencies": [
            "aws_api_gateway_resource.Resources",
            "aws_api_gateway_rest_api.TweeterAPI"
          ]
        }
      ]
    },
    {
      "mode": "managed",
      "type": "aws_api_gateway_method_response",
      "name": "options_200",
      "provider": "provider[\"registry.terraform.io/hashicorp/aws\"]",
      "instances": [
        {
          "index_key": "follow",
          "schema_version": 0,
          "attributes": {
            "http_method": "OPTIONS",
            "id": "agmr-uwhucfcld8-h3kzzk-OPTIONS-200",
            "resource_id": "h3kzzk",
            "response_models": {
              "application/json": "Empty"
            },
            "response_parameters": {
              "method.response.header.Access-Control-Allow-Headers": true,
              "method.response.header.Access-Control-Allow-Methods": true,
              "method.response.header.Access-Control-Allow-Origin": true
            },
            "rest_api_id": "uwhucfcld8",
            "status_code": "200"
          },
          "sensitive_attributes": [],
          "identity_schema_version": 0,
          "private": "bnVsbA==",
          "dependencies": [
            "aws_api_gateway_method.options",
            "aws_api_gateway_resource.Resources",
            "aws_api_gateway_rest_api.TweeterAPI"
          ]
        },
        {
          "index_key": "followeeCount",
          "schema_version": 0,
          "attributes": {
            "http_method": "OPTIONS",
            "id": "agmr-uwhucfcld8-8kgspn-OPTIONS-200",
            "resource_id": "8kgspn",
            "response_models": {
              "application/json": "Empty"
            },
            "response_parameters": {
              "method.response.header.Access-Control-Allow-Headers": true,
              "method.response.header.Access-Control-Allow-Methods": true,
              "method.response.header.Access-Control-Allow-Origin": true
            },
            "rest_api_id": "uwhucfcld8",
            "status_code": "200"
          },
          "sensitive_attributes": [],
          "identity_schema_version": 0,
          "private": "bnVsbA==",
          "dependencies": [
            "aws_api_gateway_method.options",
            "aws_api_gateway_resource.Resources",
            "aws_api_gateway_rest_api.TweeterAPI"
          ]
        },
        {
          "index_key": "followerCount",
          "schema_version": 0,
          "attributes": {
            "http_method": "OPTIONS",
            "id": "agmr-uwhucfcld8-6ly3h8-OPTIONS-200",
            "resource_id": "6ly3h8",
            "response_models": {
              "application/json": "Empty"
            },
            "response_parameters": {
              "method.response.header.Access-Control-Allow-Headers": true,
              "method.response.header.Access-Control-Allow-Methods": true,
              "method.response.header.Access-Control-Allow-Origin": true
            },
            "rest_api_id": "uwhucfcld8",
            "status_code": "200"
          },
          "sensitive_attributes": [],
          "identity_schema_version": 0,
          "private": "bnVsbA==",
          "dependencies": [
            "aws_api_gateway_method.options",
            "aws_api_gateway_resource.Resources",
            "aws_api_gateway_rest_api.TweeterAPI"
          ]
        },
        {
          "index_key": "getFeedItems",
          "schema_version": 0,
          "attributes": {
            "http_method": "OPTIONS",
            "id": "agmr-uwhucfcld8-41xgcp-OPTIONS-200",
            "resource_id": "41xgcp",
            "response_models": {
              "application/json": "Empty"
            },
            "response_parameters": {
              "method.response.header.Access-Control-Allow-Headers": true,
              "method.response.header.Access-Control-Allow-Methods": true,
              "method.response.header.Access-Control-Allow-Origin": true
            },
            "rest_api_id": "uwhucfcld8",
            "status_code": "200"
          },
          "sensitive_attributes": [],
          "identity_schema_version": 0,
          "private": "bnVsbA==",
          "dependencies": [
            "aws_api_gateway_method.options",
            "aws_api_gateway_resource.Resources",
            "aws_api_gateway_rest_api.TweeterAPI"
          ]
        },
        {
          "index_key": "getMoreFollowees",
          "schema_version": 0,
          "attributes": {
            "http_method": "OPTIONS",
            "id": "agmr-uwhucfcld8-80v7xs-OPTIONS-200",
            "resource_id": "80v7xs",
            "response_models": {
              "application/json": "Empty"
            },
            "response_parameters": {
              "method.response.header.Access-Control-Allow-Headers": true,
              "method.response.header.Access-Control-Allow-Methods": true,
              "method.response.header.Access-Control-Allow-Origin": true
            },
            "rest_api_id": "uwhucfcld8",
            "status_code": "200"
          },
          "sensitive_attributes": [],
          "identity_schema_version": 0,
          "private": "bnVsbA==",
          "dependencies": [
            "aws_api_gateway_method.options",
            "aws_api_gateway_resource.Resources",
            "aws_api_gateway_rest_api.TweeterAPI"
          ]
        },
        {
          "index_key": "getMoreFollowers",
          "schema_version": 0,
          "attributes": {
            "http_method": "OPTIONS",
            "id": "agmr-uwhucfcld8-klcjii-OPTIONS-200",
            "resource_id": "klcjii",
            "response_models": {
              "application/json": "Empty"
            },
            "response_parameters": {
              "method.response.header.Access-Control-Allow-Headers": true,
              "method.response.header.Access-Control-Allow-Methods": true,
              "method.response.header.Access-Control-Allow-Origin": true
            },
            "rest_api_id": "uwhucfcld8",
            "status_code": "200"
          },
          "sensitive_attributes": [],
          "identity_schema_version": 0,
          "private": "bnVsbA==",
          "dependencies": [
            "aws_api_gateway_method.options",
            "aws_api_gateway_resource.Resources",
            "aws_api_gateway_rest_api.TweeterAPI"
          ]
        },
        {
          "index_key": "getStoryItems",
          "schema_version": 0,
          "attributes": {
            "http_method": "OPTIONS",
            "id": "agmr-uwhucfcld8-c8mf7c-OPTIONS-200",
            "resource_id": "c8mf7c",
            "response_models": {
              "application/json": "Empty"
            },
            "response_parameters": {
              "method.response.header.Access-Control-Allow-Headers": true,
              "method.response.header.Access-Control-Allow-Methods": true,
              "method.response.header.Access-Control-Allow-Origin": true
            },
            "rest_api_id": "uwhucfcld8",
            "status_code": "200"
          },
          "sensitive_attributes": [],
          "identity_schema_version": 0,
          "private": "bnVsbA==",
          "dependencies": [
            "aws_api_gateway_method.options",
            "aws_api_gateway_resource.Resources",
            "aws_api_gateway_rest_api.TweeterAPI"
          ]
        },
        {
          "index_key": "getUser",
          "schema_version": 0,
          "attributes": {
            "http_method": "OPTIONS",
            "id": "agmr-uwhucfcld8-n6gti9-OPTIONS-200",
            "resource_id": "n6gti9",
            "response_models": {
              "application/json": "Empty"
            },
            "response_parameters": {
              "method.response.header.Access-Control-Allow-Headers": true,
              "method.response.header.Access-Control-Allow-Methods": true,
              "method.response.header.Access-Control-Allow-Origin": true
            },
            "rest_api_id": "uwhucfcld8",
            "status_code": "200"
          },
          "sensitive_attributes": [],
          "identity_schema_version": 0,
          "private": "bnVsbA==",
          "dependencies": [
            "aws_api_gateway_method.options",
            "aws_api_gateway_resource.Resources",
            "aws_api_gateway_rest_api.TweeterAPI"
          ]
        },
        {
          "index_key": "isFollower",
          "schema_version": 0,
          "attributes": {
            "http_method": "OPTIONS",
            "id": "agmr-uwhucfcld8-jlwk0j-OPTIONS-200",
            "resource_id": "jlwk0j",
            "response_models": {
              "application/json": "Empty"
            },
            "response_parameters": {
              "method.response.header.Access-Control-Allow-Headers": true,
              "method.response.header.Access-Control-Allow-Methods": true,
              "method.response.header.Access-Control-Allow-Origin": true
            },
            "rest_api_id": "uwhucfcld8",
            "status_code": "200"
          },
          "sensitive_attributes": [],
          "identity_schema_version": 0,
          "private": "bnVsbA==",
          "dependencies": [
            "aws_api_gateway_method.options",
            "aws_api_gateway_resource.Resources",
            "aws_api_gateway_rest_api.TweeterAPI"
          ]
        },
        {
          "index_key": "login",
          "schema_version": 0,
          "attributes": {
            "http_method": "OPTIONS",
            "id": "agmr-uwhucfcld8-ben6fk-OPTIONS-200",
            "resource_id": "ben6fk",
            "response_models": {
              "application/json": "Empty"
            },
            "response_parameters": {
              "method.response.header.Access-Control-Allow-Headers": true,
              "method.response.header.Access-Control-Allow-Methods": true,
              "method.response.header.Access-Control-Allow-Origin": true
            },
            "rest_api_id": "uwhucfcld8",
            "status_code": "200"
          },
          "sensitive_attributes": [],
          "identity_schema_version": 0,
          "private": "bnVsbA==",
          "dependencies": [
            "aws_api_gateway_method.options",
            "aws_api_gateway_resource.Resources",
            "aws_api_gateway_rest_api.TweeterAPI"
          ]
        },
        {
          "index_key": "logout",
          "schema_version": 0,
          "attributes": {
            "http_method": "OPTIONS",
            "id": "agmr-uwhucfcld8-346rfi-OPTIONS-200",
            "resource_id": "346rfi",
            "response_models": {
              "application/json": "Empty"
            },
            "response_parameters": {
              "method.response.header.Access-Control-Allow-Headers": true,
              "method.response.header.Access-Control-Allow-Methods": true,
              "method.response.header.Access-Control-Allow-Origin": true
            },
            "rest_api_id": "uwhucfcld8",
            "status_code": "200"
          },
          "sensitive_attributes": [],
          "identity_schema_version": 0,
          "private": "bnVsbA==",
          "dependencies": [
            "aws_api_gateway_method.options",
            "aws_api_gateway_resource.Resources",
            "aws_api_gateway_rest_api.TweeterAPI"
          ]
        },
        {
          "index_key": "postStatus",
          "schema_version": 0,
          "attributes": {
            "http_method": "OPTIONS",
            "id": "agmr-uwhucfcld8-bpux18-OPTIONS-200",
            "resource_id": "bpux18",
            "response_models": {
              "application/json": "Empty"
            },
            "response_parameters": {
              "method.response.header.Access-Control-Allow-Headers": true,
              "method.response.header.Access-Control-Allow-Methods": true,
              "method.response.header.Access-Control-Allow-Origin": true
            },
            "rest_api_id": "uwhucfcld8",
            "status_code": "200"
          },
          "sensitive_attributes": [],
          "identity_schema_version": 0,
          "private": "bnVsbA==",
          "dependencies": [
            "aws_api_gateway_method.options",
            "aws_api_gateway_resource.Resources",
            "aws_api_gateway_rest_api.TweeterAPI"
          ]
        },
        {
          "index_key": "register",
          "schema_version": 0,
          "attributes": {
            "http_method": "OPTIONS",
            "id": "agmr-uwhucfcld8-1vnw1v-OPTIONS-200",
            "resource_id": "1vnw1v",
            "response_models": {
              "application/json": "Empty"
            },
            "response_parameters": {
              "method.response.header.Access-Control-Allow-Headers": true,
              "method.response.header.Access-Control-Allow-Methods": true,
              "method.response.header.Access-Control-Allow-Origin": true
            },
            "rest_api_id": "uwhucfcld8",
            "status_code": "200"
          },
          "sensitive_attributes": [],
          "identity_schema_version": 0,
          "private": "bnVsbA==",
          "dependencies": [
            "aws_api_gateway_method.options",
            "aws_api_gateway_resource.Resources",
            "aws_api_gateway_rest_api.TweeterAPI"
          ]
        },
        {
          "index_key": "unfollow",
          "schema_version": 0,
          "attributes": {
            "http_method": "OPTIONS",
            "id": "agmr-uwhucfcld8-49ewqe-OPTIONS-200",
            "resource_id": "49ewqe",
            "response_models": {
              "application/json": "Empty"
            },
            "response_parameters": {
              "method.response.header.Access-Control-Allow-Headers": true,
              "method.response.header.Access-Control-Allow-Methods": true,
              "method.response.header.Access-Control-Allow-Origin": true
            },
            "rest_api_id": "uwhucfcld8",
            "status_code": "200"
          },
          "sensitive_attributes": [],
          "identity_schema_version": 0,
          "private": "bnVsbA==",
          "dependencies": [
            "aws_api_gateway_method.options",
            "aws_api_gateway_resource.Resources",
            "aws_api_gateway_rest_api.TweeterAPI"
          ]
        }
      ]
    },
    {
      "mode": "managed",
      "type": "aws_api_gateway_method_response",
      "name": "response400",
      "provider": "provider[\"registry.terraform.io/hashicorp/aws\"]",
      "instances": [
        {
          "index_key": "follow",
          "schema_version": 0,
          "attributes": {
            "http_method": "POST",
            "id": "agmr-uwhucfcld8-h3kzzk-POST-400",
            "resource_id": "h3kzzk",
            "response_models": {
              "application/json": "Empty"
            },
            "response_parameters": {
              "method.response.header.Access-Control-Allow-Headers": true,
              "method.response.header.Access-Control-Allow-Methods": true,
              "method.response.header.Access-Control-Allow-Origin": true
            },
            "rest_api_id": "uwhucfcld8",
            "status_code": "400"
          },
          "sensitive_attributes": [],
          "identity_schema_version": 0,
          "private": "bnVsbA==",
          "dependencies": [
            "aws_api_gateway_method.Method",
            "aws_api_gateway_resource.Resources",
            "aws_api_gateway_rest_api.TweeterAPI"
          ]
        },
        {
          "index_key": "followeeCount",
          "schema_version": 0,
          "attributes": {
            "http_method": "POST",
            "id": "agmr-uwhucfcld8-8kgspn-POST-400",
            "resource_id": "8kgspn",
            "response_models": {
              "application/json": "Empty"
            },
            "response_parameters": {
              "method.response.header.Access-Control-Allow-Headers": true,
              "method.response.header.Access-Control-Allow-Methods": true,
              "method.response.header.Access-Control-Allow-Origin": true
            },
            "rest_api_id": "uwhucfcld8",
            "status_code": "400"
          },
          "sensitive_attributes": [],
          "identity_schema_version": 0,
          "private": "bnVsbA==",
          "dependencies": [
            "aws_api_gateway_method.Method",
            "aws_api_gateway_resource.Resources",
            "aws_api_gateway_rest_api.TweeterAPI"
          ]
        },
        {
          "index_key": "followerCount",
          "schema_version": 0,
          "attributes": {
            "http_method": "POST",
            "id": "agmr-uwhucfcld8-6ly3h8-POST-400",
            "resource_id": "6ly3h8",
            "response_models": {
              "application/json": "Empty"
            },
            "response_parameters": {
              "method.response.header.Access-Control-Allow-Headers": true,
              "method.response.header.Access-Control-Allow-Methods": true,
              "method.response.header.Access-Control-Allow-Origin": true
            },
            "rest_api_id": "uwhucfcld8",
            "status_code": "400"
          },
          "sensitive_attributes": [],
          "identity_schema_version": 0,
          "private": "bnVsbA==",
          "dependencies": [
            "aws_api_gateway_method.Method",
            "aws_api_gateway_resource.Resources",
            "aws_api_gateway_rest_api.TweeterAPI"
          ]
        },
        {
          "index_key": "getFeedItems",
          "schema_version": 0,
          "attributes": {
            "http_method": "POST",
            "id": "agmr-uwhucfcld8-41xgcp-POST-400",
            "resource_id": "41xgcp",
            "response_models": {
              "application/json": "Empty"
            },
            "response_parameters": {
              "method.response.header.Access-Control-Allow-Headers": true,
              "method.response.header.Access-Control-Allow-Methods": true,
              "method.response.header.Access-Control-Allow-Origin": true
            },
            "rest_api_id": "uwhucfcld8",
            "status_code": "400"
          },
          "sensitive_attributes": [],
          "identity_schema_version": 0,
          "private": "bnVsbA==",
          "dependencies": [
            "aws_api_gateway_method.Method",
            "aws_api_gateway_resource.Resources",
            "aws_api_gateway_rest_api.TweeterAPI"
          ]
        },
        {
          "index_key": "getMoreFollowees",
          "schema_version": 0,
          "attributes": {
            "http_method": "POST",
            "id": "agmr-uwhucfcld8-80v7xs-POST-400",
            "resource_id": "80v7xs",
            "response_models": {
              "application/json": "Empty"
            },
            "response_parameters": {
              "method.response.header.Access-Control-Allow-Headers": true,
              "method.response.header.Access-Control-Allow-Methods": true,
              "method.response.header.Access-Control-Allow-Origin": true
            },
            "rest_api_id": "uwhucfcld8",
            "status_code": "400"
          },
          "sensitive_attributes": [],
          "identity_schema_version": 0,
          "private": "bnVsbA==",
          "dependencies": [
            "aws_api_gateway_method.Method",
            "aws_api_gateway_resource.Resources",
            "aws_api_gateway_rest_api.TweeterAPI"
          ]
        },
        {
          "index_key": "getMoreFollowers",
          "schema_version": 0,
          "attributes": {
            "http_method": "POST",
            "id": "agmr-uwhucfcld8-klcjii-POST-400",
            "resource_id": "klcjii",
            "response_models": {
              "application/json": "Empty"
            },
            "response_parameters": {
              "method.response.header.Access-Control-Allow-Headers": true,
              "method.response.header.Access-Control-Allow-Methods": true,
              "method.response.header.Access-Control-Allow-Origin": true
            },
            "rest_api_id": "uwhucfcld8",
            "status_code": "400"
          },
          "sensitive_attributes": [],
          "identity_schema_version": 0,
          "private": "bnVsbA==",
          "dependencies": [
            "aws_api_gateway_method.Method",
            "aws_api_gateway_resource.Resources",
            "aws_api_gateway_rest_api.TweeterAPI"
          ]
        },
        {
          "index_key": "getStoryItems",
          "schema_version": 0,
          "attributes": {
            "http_method": "POST",
            "id": "agmr-uwhucfcld8-c8mf7c-POST-400",
            "resource_id": "c8mf7c",
            "response_models": {
              "application/json": "Empty"
            },
            "response_parameters": {
              "method.response.header.Access-Control-Allow-Headers": true,
              "method.response.header.Access-Control-Allow-Methods": true,
              "method.response.header.Access-Control-Allow-Origin": true
            },
            "rest_api_id": "uwhucfcld8",
            "status_code": "400"
          },
          "sensitive_attributes": [],
          "identity_schema_version": 0,
          "private": "bnVsbA==",
          "dependencies": [
            "aws_api_gateway_method.Method",
            "aws_api_gateway_resource.Resources",
            "aws_api_gateway_rest_api.TweeterAPI"
          ]
        },
        {
          "index_key": "getUser",
          "schema_version": 0,
          "attributes": {
            "http_method": "POST",
            "id": "agmr-uwhucfcld8-n6gti9-POST-400",
            "resource_id": "n6gti9",
            "response_models": {
              "application/json": "Empty"
            },
            "response_parameters": {
              "method.response.header.Access-Control-Allow-Headers": true,
              "method.response.header.Access-Control-Allow-Methods": true,
              "method.response.header.Access-Control-Allow-Origin": true
            },
            "rest_api_id": "uwhucfcld8",
            "status_code": "400"
          },
          "sensitive_attributes": [],
          "identity_schema_version": 0,
          "private": "bnVsbA==",
          "dependencies": [
            "aws_api_gateway_method.Method",
            "aws_api_gateway_resource.Resources",
            "aws_api_gateway_rest_api.TweeterAPI"
          ]
        },
        {
          "index_key": "isFollower",
          "schema_version": 0,
          "attributes": {
            "http_method": "POST",
            "id": "agmr-uwhucfcld8-jlwk0j-POST-400",
            "resource_id": "jlwk0j",
            "response_models": {
              "application/json": "Empty"
            },
            "response_parameters": {
              "method.response.header.Access-Control-Allow-Headers": true,
              "method.response.header.Access-Control-Allow-Methods": true,
              "method.response.header.Access-Control-Allow-Origin": true
            },
            "rest_api_id": "uwhucfcld8",
            "status_code": "400"
          },
          "sensitive_attributes": [],
          "identity_schema_version": 0,
          "private": "bnVsbA==",
          "dependencies": [
            "aws_api_gateway_method.Method",
            "aws_api_gateway_resource.Resources",
            "aws_api_gateway_rest_api.TweeterAPI"
          ]
        },
        {
          "index_key": "login",
          "schema_version": 0,
          "attributes": {
            "http_method": "POST",
            "id": "agmr-uwhucfcld8-ben6fk-POST-400",
            "resource_id": "ben6fk",
            "response_models": {
              "application/json": "Empty"
            },
            "response_parameters": {
              "method.response.header.Access-Control-Allow-Headers": true,
              "method.response.header.Access-Control-Allow-Methods": true,
              "method.response.header.Access-Control-Allow-Origin": true
            },
            "rest_api_id": "uwhucfcld8",
            "status_code": "400"
          },
          "sensitive_attributes": [],
          "identity_schema_version": 0,
          "private": "bnVsbA==",
          "dependencies": [
            "aws_api_gateway_method.Method",
            "aws_api_gateway_resource.Resources",
            "aws_api_gateway_rest_api.TweeterAPI"
          ]
        },
        {
          "index_key": "logout",
          "schema_version": 0,
          "attributes": {
            "http_method": "POST",
            "id": "agmr-uwhucfcld8-346rfi-POST-400",
            "resource_id": "346rfi",
            "response_models": {
              "application/json": "Empty"
            },
            "response_parameters": {
              "method.response.header.Access-Control-Allow-Headers": true,
              "method.response.header.Access-Control-Allow-Methods": true,
              "method.response.header.Access-Control-Allow-Origin": true
            },
            "rest_api_id": "uwhucfcld8",
            "status_code": "400"
          },
          "sensitive_attributes": [],
          "identity_schema_version": 0,
          "private": "bnVsbA==",
          "dependencies": [
            "aws_api_gateway_method.Method",
            "aws_api_gateway_resource.Resources",
            "aws_api_gateway_rest_api.TweeterAPI"
          ]
        },
        {
          "index_key": "postStatus",
          "schema_version": 0,
          "attributes": {
            "http_method": "POST",
            "id": "agmr-uwhucfcld8-bpux18-POST-400",
            "resource_id": "bpux18",
            "response_models": {
              "application/json": "Empty"
            },
            "response_parameters": {
              "method.response.header.Access-Control-Allow-Headers": true,
              "method.response.header.Access-Control-Allow-Methods": true,
              "method.response.header.Access-Control-Allow-Origin": true
            },
            "rest_api_id": "uwhucfcld8",
            "status_code": "400"
          },
          "sensitive_attributes": [],
          "identity_schema_version": 0,
          "private": "bnVsbA==",
          "dependencies": [
            "aws_api_gateway_method.Method",
            "aws_api_gateway_resource.Resources",
            "aws_api_gateway_rest_api.TweeterAPI"
          ]
        },
        {
          "index_key": "register",
          "schema_version": 0,
          "attributes": {
            "http_method": "POST",
            "id": "agmr-uwhucfcld8-1vnw1v-POST-400",
            "resource_id": "1vnw1v",
            "response_models": {
              "application/json": "Empty"
            },
            "response_parameters": {
              "method.response.header.Access-Control-Allow-Headers": true,
              "method.response.header.Access-Control-Allow-Methods": true,
              "method.response.header.Access-Control-Allow-Origin": true
            },
            "rest_api_id": "uwhucfcld8",
            "status_code": "400"
          },
          "sensitive_attributes": [],
          "identity_schema_version": 0,
          "private": "bnVsbA==",
          "dependencies": [
            "aws_api_gateway_method.Method",
            "aws_api_gateway_resource.Resources",
            "aws_api_gateway_rest_api.TweeterAPI"
          ]
        },
        {
          "index_key": "unfollow",
          "schema_version": 0,
          "attributes": {
            "http_method": "POST",
            "id": "agmr-uwhucfcld8-49ewqe-POST-400",
            "resource_id": "49ewqe",
            "response_models": {
              "application/json": "Empty"
            },
            "response_parameters": {
              "method.response.header.Access-Control-Allow-Headers": true,
              "method.response.header.Access-Control-Allow-Methods": true,
              "method.response.header.Access-Control-Allow-Origin": true
            },
            "rest_api_id": "uwhucfcld8",
            "status_code": "400"
          },
          "sensitive_attributes": [],
          "identity_schema_version": 0,
          "private": "bnVsbA==",
          "dependencies": [
            "aws_api_gateway_method.Method",
            "aws_api_gateway_resource.Resources",
            "aws_api_gateway_rest_api.TweeterAPI"
          ]
        }
      ]
    },
    {
      "mode": "managed",
      "type": "aws_api_gateway_method_response",
      "name": "response500",
      "provider": "provider[\"registry.terraform.io/hashicorp/aws\"]",
      "instances": [
        {
          "index_key": "follow",
          "schema_version": 0,
          "attributes": {
            "http_method": "POST",
            "id": "agmr-uwhucfcld8-h3kzzk-POST-500",
            "resource_id": "h3kzzk",
            "response_models": {
              "application/json": "Empty"
            },
            "response_parameters": {
              "method.response.header.Access-Control-Allow-Headers": true,
              "method.response.header.Access-Control-Allow-Methods": true,
              "method.response.header.Access-Control-Allow-Origin": true
            },
            "rest_api_id": "uwhucfcld8",
            "status_code": "500"
          },
          "sensitive_attributes": [],
          "identity_schema_version": 0,
          "private": "bnVsbA==",
          "dependencies": [
            "aws_api_gateway_method.Method",
            "aws_api_gateway_resource.Resources",
            "aws_api_gateway_rest_api.TweeterAPI"
          ]
        },
        {
          "index_key": "followeeCount",
          "schema_version": 0,
          "attributes": {
            "http_method": "POST",
            "id": "agmr-uwhucfcld8-8kgspn-POST-500",
            "resource_id": "8kgspn",
            "response_models": {
              "application/json": "Empty"
            },
            "response_parameters": {
              "method.response.header.Access-Control-Allow-Headers": true,
              "method.response.header.Access-Control-Allow-Methods": true,
              "method.response.header.Access-Control-Allow-Origin": true
            },
            "rest_api_id": "uwhucfcld8",
            "status_code": "500"
          },
          "sensitive_attributes": [],
          "identity_schema_version": 0,
          "private": "bnVsbA==",
          "dependencies": [
            "aws_api_gateway_method.Method",
            "aws_api_gateway_resource.Resources",
            "aws_api_gateway_rest_api.TweeterAPI"
          ]
        },
        {
          "index_key": "followerCount",
          "schema_version": 0,
          "attributes": {
            "http_method": "POST",
            "id": "agmr-uwhucfcld8-6ly3h8-POST-500",
            "resource_id": "6ly3h8",
            "response_models": {
              "application/json": "Empty"
            },
            "response_parameters": {
              "method.response.header.Access-Control-Allow-Headers": true,
              "method.response.header.Access-Control-Allow-Methods": true,
              "method.response.header.Access-Control-Allow-Origin": true
            },
            "rest_api_id": "uwhucfcld8",
            "status_code": "500"
          },
          "sensitive_attributes": [],
          "identity_schema_version": 0,
          "private": "bnVsbA==",
          "dependencies": [
            "aws_api_gateway_method.Method",
            "aws_api_gateway_resource.Resources",
            "aws_api_gateway_rest_api.TweeterAPI"
          ]
        },
        {
          "index_key": "getFeedItems",
          "schema_version": 0,
          "attributes": {
            "http_method": "POST",
            "id": "agmr-uwhucfcld8-41xgcp-POST-500",
            "resource_id": "41xgcp",
            "response_models": {
              "application/json": "Empty"
            },
            "response_parameters": {
              "method.response.header.Access-Control-Allow-Headers": true,
              "method.response.header.Access-Control-Allow-Methods": true,
              "method.response.header.Access-Control-Allow-Origin": true
            },
            "rest_api_id": "uwhucfcld8",
            "status_code": "500"
          },
          "sensitive_attributes": [],
          "identity_schema_version": 0,
          "private": "bnVsbA==",
          "dependencies": [
            "aws_api_gateway_method.Method",
            "aws_api_gateway_resource.Resources",
            "aws_api_gateway_rest_api.TweeterAPI"
          ]
        },
        {
          "index_key": "getMoreFollowees",
          "schema_version": 0,
          "attributes": {
            "http_method": "POST",
            "id": "agmr-uwhucfcld8-80v7xs-POST-500",
            "resource_id": "80v7xs",
            "response_models": {
              "application/json": "Empty"
            },
            "response_parameters": {
              "method.response.header.Access-Control-Allow-Headers": true,
              "method.response.header.Access-Control-Allow-Methods": true,
              "method.response.header.Access-Control-Allow-Origin": true
            },
            "rest_api_id": "uwhucfcld8",
            "status_code": "500"
          },
          "sensitive_attributes": [],
          "identity_schema_version": 0,
          "private": "bnVsbA==",
          "dependencies": [
            "aws_api_gateway_method.Method",
            "aws_api_gateway_resource.Resources",
            "aws_api_gateway_rest_api.TweeterAPI"
          ]
        },
        {
          "index_key": "getMoreFollowers",
          "schema_version": 0,
          "attributes": {
            "http_method": "POST",
            "id": "agmr-uwhucfcld8-klcjii-POST-500",
            "resource_id": "klcjii",
            "response_models": {
              "application/json": "Empty"
            },
            "response_parameters": {
              "method.response.header.Access-Control-Allow-Headers": true,
              "method.response.header.Access-Control-Allow-Methods": true,
              "method.response.header.Access-Control-Allow-Origin": true
            },
            "rest_api_id": "uwhucfcld8",
            "status_code": "500"
          },
          "sensitive_attributes": [],
          "identity_schema_version": 0,
          "private": "bnVsbA==",
          "dependencies": [
            "aws_api_gateway_method.Method",
            "aws_api_gateway_resource.Resources",
            "aws_api_gateway_rest_api.TweeterAPI"
          ]
        },
        {
          "index_key": "getStoryItems",
          "schema_version": 0,
          "attributes": {
            "http_method": "POST",
            "id": "agmr-uwhucfcld8-c8mf7c-POST-500",
            "resource_id": "c8mf7c",
            "response_models": {
              "application/json": "Empty"
            },
            "response_parameters": {
              "method.response.header.Access-Control-Allow-Headers": true,
              "method.response.header.Access-Control-Allow-Methods": true,
              "method.response.header.Access-Control-Allow-Origin": true
            },
            "rest_api_id": "uwhucfcld8",
            "status_code": "500"
          },
          "sensitive_attributes": [],
          "identity_schema_version": 0,
          "private": "bnVsbA==",
          "dependencies": [
            "aws_api_gateway_method.Method",
            "aws_api_gateway_resource.Resources",
            "aws_api_gateway_rest_api.TweeterAPI"
          ]
        },
        {
          "index_key": "getUser",
          "schema_version": 0,
          "attributes": {
            "http_method": "POST",
            "id": "agmr-uwhucfcld8-n6gti9-POST-500",
            "resource_id": "n6gti9",
            "response_models": {
              "application/json": "Empty"
            },
            "response_parameters": {
              "method.response.header.Access-Control-Allow-Headers": true,
              "method.response.header.Access-Control-Allow-Methods": true,
              "method.response.header.Access-Control-Allow-Origin": true
            },
            "rest_api_id": "uwhucfcld8",
            "status_code": "500"
          },
          "sensitive_attributes": [],
          "identity_schema_version": 0,
          "private": "bnVsbA==",
          "dependencies": [
            "aws_api_gateway_method.Method",
            "aws_api_gateway_resource.Resources",
            "aws_api_gateway_rest_api.TweeterAPI"
          ]
        },
        {
          "index_key": "isFollower",
          "schema_version": 0,
          "attributes": {
            "http_method": "POST",
            "id": "agmr-uwhucfcld8-jlwk0j-POST-500",
            "resource_id": "jlwk0j",
            "response_models": {
              "application/json": "Empty"
            },
            "response_parameters": {
              "method.response.header.Access-Control-Allow-Headers": true,
              "method.response.header.Access-Control-Allow-Methods": true,
              "method.response.header.Access-Control-Allow-Origin": true
            },
            "rest_api_id": "uwhucfcld8",
            "status_code": "500"
          },
          "sensitive_attributes": [],
          "identity_schema_version": 0,
          "private": "bnVsbA==",
          "dependencies": [
            "aws_api_gateway_method.Method",
            "aws_api_gateway_resource.Resources",
            "aws_api_gateway_rest_api.TweeterAPI"
          ]
        },
        {
          "index_key": "login",
          "schema_version": 0,
          "attributes": {
            "http_method": "POST",
            "id": "agmr-uwhucfcld8-ben6fk-POST-500",
            "resource_id": "ben6fk",
            "response_models": {
              "application/json": "Empty"
            },
            "response_parameters": {
              "method.response.header.Access-Control-Allow-Headers": true,
              "method.response.header.Access-Control-Allow-Methods": true,
              "method.response.header.Access-Control-Allow-Origin": true
            },
            "rest_api_id": "uwhucfcld8",
            "status_code": "500"
          },
          "sensitive_attributes": [],
          "identity_schema_version": 0,
          "private": "bnVsbA==",
          "dependencies": [
            "aws_api_gateway_method.Method",
            "aws_api_gateway_resource.Resources",
            "aws_api_gateway_rest_api.TweeterAPI"
          ]
        },
        {
          "index_key": "logout",
          "schema_version": 0,
          "attributes": {
            "http_method": "POST",
            "id": "agmr-uwhucfcld8-346rfi-POST-500",
            "resource_id": "346rfi",
            "response_models": {
              "application/json": "Empty"
            },
            "response_parameters": {
              "method.response.header.Access-Control-Allow-Headers": true,
              "method.response.header.Access-Control-Allow-Methods": true,
              "method.response.header.Access-Control-Allow-Origin": true
            },
            "rest_api_id": "uwhucfcld8",
            "status_code": "500"
          },
          "sensitive_attributes": [],
          "identity_schema_version": 0,
          "private": "bnVsbA==",
          "dependencies": [
            "aws_api_gateway_method.Method",
            "aws_api_gateway_resource.Resources",
            "aws_api_gateway_rest_api.TweeterAPI"
          ]
        },
        {
          "index_key": "postStatus",
          "schema_version": 0,
          "attributes": {
            "http_method": "POST",
            "id": "agmr-uwhucfcld8-bpux18-POST-500",
            "resource_id": "bpux18",
            "response_models": {
              "application/json": "Empty"
            },
            "response_parameters": {
              "method.response.header.Access-Control-Allow-Headers": true,
              "method.response.header.Access-Control-Allow-Methods": true,
              "method.response.header.Access-Control-Allow-Origin": true
            },
            "rest_api_id": "uwhucfcld8",
            "status_code": "500"
          },
          "sensitive_attributes": [],
          "identity_schema_version": 0,
          "private": "bnVsbA==",
          "dependencies": [
            "aws_api_gateway_method.Method",
            "aws_api_gateway_resource.Resources",
            "aws_api_gateway_rest_api.TweeterAPI"
          ]
        },
        {
          "index_key": "register",
          "schema_version": 0,
          "attributes": {
            "http_method": "POST",
            "id": "agmr-uwhucfcld8-1vnw1v-POST-500",
            "resource_id": "1vnw1v",
            "response_models": {
              "application/json": "Empty"
            },
            "response_parameters": {
              "method.response.header.Access-Control-Allow-Headers": true,
              "method.response.header.Access-Control-Allow-Methods": true,
              "method.response.header.Access-Control-Allow-Origin": true
            },
            "rest_api_id": "uwhucfcld8",
            "status_code": "500"
          },
          "sensitive_attributes": [],
          "identity_schema_version": 0,
          "private": "bnVsbA==",
          "dependencies": [
            "aws_api_gateway_method.Method",
            "aws_api_gateway_resource.Resources",
            "aws_api_gateway_rest_api.TweeterAPI"
          ]
        },
        {
          "index_key": "unfollow",
          "schema_version": 0,
          "attributes": {
            "http_method": "POST",
            "id": "agmr-uwhucfcld8-49ewqe-POST-500",
            "resource_id": "49ewqe",
            "response_models": {
              "application/json": "Empty"
            },
            "response_parameters": {
              "method.response.header.Access-Control-Allow-Headers": true,
              "method.response.header.Access-Control-Allow-Methods": true,
              "method.response.header.Access-Control-Allow-Origin": true
            },
            "rest_api_id": "uwhucfcld8",
            "status_code": "500"
          },
          "sensitive_attributes": [],
          "identity_schema_version": 0,
          "private": "bnVsbA==",
          "dependencies": [
            "aws_api_gateway_method.Method",
            "aws_api_gateway_resource.Resources",
            "aws_api_gateway_rest_api.TweeterAPI"
          ]
        }
      ]
    },
    {
      "mode": "managed",
      "type": "aws_api_gateway_method_response",
      "name": "response_200",
      "provider": "provider[\"registry.terraform.io/hashicorp/aws\"]",
      "instances": [
        {
          "index_key": "follow",
          "schema_version": 0,
          "attributes": {
            "http_method": "POST",
            "id": "agmr-uwhucfcld8-h3kzzk-POST-200",
            "resource_id": "h3kzzk",
            "response_models": {
              "application/json": "Empty"
            },
            "response_parameters": {
              "method.response.header.Access-Control-Allow-Headers": true,
              "method.response.header.Access-Control-Allow-Methods": true,
              "method.response.header.Access-Control-Allow-Origin": true
            },
            "rest_api_id": "uwhucfcld8",
            "status_code": "200"
          },
          "sensitive_attributes": [],
          "identity_schema_version": 0,
          "private": "bnVsbA==",
          "dependencies": [
            "aws_api_gateway_method.Method",
            "aws_api_gateway_resource.Resources",
            "aws_api_gateway_rest_api.TweeterAPI"
          ]
        },
        {
          "index_key": "followeeCount",
          "schema_version": 0,
          "attributes": {
            "http_method": "POST",
            "id": "agmr-uwhucfcld8-8kgspn-POST-200",
            "resource_id": "8kgspn",
            "response_models": {
              "application/json": "Empty"
            },
            "response_parameters": {
              "method.response.header.Access-Control-Allow-Headers": true,
              "method.response.header.Access-Control-Allow-Methods": true,
              "method.response.header.Access-Control-Allow-Origin": true
            },
            "rest_api_id": "uwhucfcld8",
            "status_code": "200"
          },
          "sensitive_attributes": [],
          "identity_schema_version": 0,
          "private": "bnVsbA==",
          "dependencies": [
            "aws_api_gateway_method.Method",
            "aws_api_gateway_resource.Resources",
            "aws_api_gateway_rest_api.TweeterAPI"
          ]
        },
        {
          "index_key": "followerCount",
          "schema_version": 0,
          "attributes": {
            "http_method": "POST",
            "id": "agmr-uwhucfcld8-6ly3h8-POST-200",
            "resource_id": "6ly3h8",
            "response_models": {
              "application/json": "Empty"
            },
            "response_parameters": {
              "method.response.header.Access-Control-Allow-Headers": true,
              "method.response.header.Access-Control-Allow-Methods": true,
              "method.response.header.Access-Control-Allow-Origin": true
            },
            "rest_api_id": "uwhucfcld8",
            "status_code": "200"
          },
          "sensitive_attributes": [],
          "identity_schema_version": 0,
          "private": "bnVsbA==",
          "dependencies": [
            "aws_api_gateway_method.Method",
            "aws_api_gateway_resource.Resources",
            "aws_api_gateway_rest_api.TweeterAPI"
          ]
        },
        {
          "index_key": "getFeedItems",
          "schema_version": 0,
          "attributes": {
            "http_method": "POST",
            "id": "agmr-uwhucfcld8-41xgcp-POST-200",
            "resource_id": "41xgcp",
            "response_models": {
              "application/json": "Empty"
            },
            "response_parameters": {
              "method.response.header.Access-Control-Allow-Headers": true,
              "method.response.header.Access-Control-Allow-Methods": true,
              "method.response.header.Access-Control-Allow-Origin": true
            },
            "rest_api_id": "uwhucfcld8",
            "status_code": "200"
          },
          "sensitive_attributes": [],
          "identity_schema_version": 0,
          "private": "bnVsbA==",
          "dependencies": [
            "aws_api_gateway_method.Method",
            "aws_api_gateway_resource.Resources",
            "aws_api_gateway_rest_api.TweeterAPI"
          ]
        },
        {
          "index_key": "getMoreFollowees",
          "schema_version": 0,
          "attributes": {
            "http_method": "POST",
            "id": "agmr-uwhucfcld8-80v7xs-POST-200",
            "resource_id": "80v7xs",
            "response_models": {
              "application/json": "Empty"
            },
            "response_parameters": {
              "method.response.header.Access-Control-Allow-Headers": true,
              "method.response.header.Access-Control-Allow-Methods": true,
              "method.response.header.Access-Control-Allow-Origin": true
            },
            "rest_api_id": "uwhucfcld8",
            "status_code": "200"
          },
          "sensitive_attributes": [],
          "identity_schema_version": 0,
          "private": "bnVsbA==",
          "dependencies": [
            "aws_api_gateway_method.Method",
            "aws_api_gateway_resource.Resources",
            "aws_api_gateway_rest_api.TweeterAPI"
          ]
        },
        {
          "index_key": "getMoreFollowers",
          "schema_version": 0,
          "attributes": {
            "http_method": "POST",
            "id": "agmr-uwhucfcld8-klcjii-POST-200",
            "resource_id": "klcjii",
            "response_models": {
              "application/json": "Empty"
            },
            "response_parameters": {
              "method.response.header.Access-Control-Allow-Headers": true,
              "method.response.header.Access-Control-Allow-Methods": true,
              "method.response.header.Access-Control-Allow-Origin": true
            },
            "rest_api_id": "uwhucfcld8",
            "status_code": "200"
          },
          "sensitive_attributes": [],
          "identity_schema_version": 0,
          "private": "bnVsbA==",
          "dependencies": [
            "aws_api_gateway_method.Method",
            "aws_api_gateway_resource.Resources",
            "aws_api_gateway_rest_api.TweeterAPI"
          ]
        },
        {
          "index_key": "getStoryItems",
          "schema_version": 0,
          "attributes": {
            "http_method": "POST",
            "id": "agmr-uwhucfcld8-c8mf7c-POST-200",
            "resource_id": "c8mf7c",
            "response_models": {
              "application/json": "Empty"
            },
            "response_parameters": {
              "method.response.header.Access-Control-Allow-Headers": true,
              "method.response.header.Access-Control-Allow-Methods": true,
              "method.response.header.Access-Control-Allow-Origin": true
            },
            "rest_api_id": "uwhucfcld8",
            "status_code": "200"
          },
          "sensitive_attributes": [],
          "identity_schema_version": 0,
          "private": "bnVsbA==",
          "dependencies": [
            "aws_api_gateway_method.Method",
            "aws_api_gateway_resource.Resources",
            "aws_api_gateway_rest_api.TweeterAPI"
          ]
        },
        {
          "index_key": "getUser",
          "schema_version": 0,
          "attributes": {
            "http_method": "POST",
            "id": "agmr-uwhucfcld8-n6gti9-POST-200",
            "resource_id": "n6gti9",
            "response_models": {
              "application/json": "Empty"
            },
            "response_parameters": {
              "method.response.header.Access-Control-Allow-Headers": true,
              "method.response.header.Access-Control-Allow-Methods": true,
              "method.response.header.Access-Control-Allow-Origin": true
            },
            "rest_api_id": "uwhucfcld8",
            "status_code": "200"
          },
          "sensitive_attributes": [],
          "identity_schema_version": 0,
          "private": "bnVsbA==",
          "dependencies": [
            "aws_api_gateway_method.Method",
            "aws_api_gateway_resource.Resources",
            "aws_api_gateway_rest_api.TweeterAPI"
          ]
        },
        {
          "index_key": "isFollower",
          "schema_version": 0,
          "attributes": {
            "http_method": "POST",
            "id": "agmr-uwhucfcld8-jlwk0j-POST-200",
            "resource_id": "jlwk0j",
            "response_models": {
              "application/json": "Empty"
            },
            "response_parameters": {
              "method.response.header.Access-Control-Allow-Headers": true,
              "method.response.header.Access-Control-Allow-Methods": true,
              "method.response.header.Access-Control-Allow-Origin": true
            },
            "rest_api_id": "uwhucfcld8",
            "status_code": "200"
          },
          "sensitive_attributes": [],
          "identity_schema_version": 0,
          "private": "bnVsbA==",
          "dependencies": [
            "aws_api_gateway_method.Method",
            "aws_api_gateway_resource.Resources",
            "aws_api_gateway_rest_api.TweeterAPI"
          ]
        },
        {
          "index_key": "login",
          "schema_version": 0,
          "attributes": {
            "http_method": "POST",
            "id": "agmr-uwhucfcld8-ben6fk-POST-200",
            "resource_id": "ben6fk",
            "response_models": {
              "application/json": "Empty"
            },
            "response_parameters": {
              "method.response.header.Access-Control-Allow-Headers": true,
              "method.response.header.Access-Control-Allow-Methods": true,
              "method.response.header.Access-Control-Allow-Origin": true
            },
            "rest_api_id": "uwhucfcld8",
            "status_code": "200"
          },
          "sensitive_attributes": [],
          "identity_schema_version": 0,
          "private": "bnVsbA==",
          "dependencies": [
            "aws_api_gateway_method.Method",
            "aws_api_gateway_resource.Resources",
            "aws_api_gateway_rest_api.TweeterAPI"
          ]
        },
        {
          "index_key": "logout",
          "schema_version": 0,
          "attributes": {
            "http_method": "POST",
            "id": "agmr-uwhucfcld8-346rfi-POST-200",
            "resource_id": "346rfi",
            "response_models": {
              "application/json": "Empty"
            },
            "response_parameters": {
              "method.response.header.Access-Control-Allow-Headers": true,
              "method.response.header.Access-Control-Allow-Methods": true,
              "method.response.header.Access-Control-Allow-Origin": true
            },
            "rest_api_id": "uwhucfcld8",
            "status_code": "200"
          },
          "sensitive_attributes": [],
          "identity_schema_version": 0,
          "private": "bnVsbA==",
          "dependencies": [
            "aws_api_gateway_method.Method",
            "aws_api_gateway_resource.Resources",
            "aws_api_gateway_rest_api.TweeterAPI"
          ]
        },
        {
          "index_key": "postStatus",
          "schema_version": 0,
          "attributes": {
            "http_method": "POST",
            "id": "agmr-uwhucfcld8-bpux18-POST-200",
            "resource_id": "bpux18",
            "response_models": {
              "application/json": "Empty"
            },
            "response_parameters": {
              "method.response.header.Access-Control-Allow-Headers": true,
              "method.response.header.Access-Control-Allow-Methods": true,
              "method.response.header.Access-Control-Allow-Origin": true
            },
            "rest_api_id": "uwhucfcld8",
            "status_code": "200"
          },
          "sensitive_attributes": [],
          "identity_schema_version": 0,
          "private": "bnVsbA==",
          "dependencies": [
            "aws_api_gateway_method.Method",
            "aws_api_gateway_resource.Resources",
            "aws_api_gateway_rest_api.TweeterAPI"
          ]
        },
        {
          "index_key": "register",
          "schema_version": 0,
          "attributes": {
            "http_method": "POST",
            "id": "agmr-uwhucfcld8-1vnw1v-POST-200",
            "resource_id": "1vnw1v",
            "response_models": {
              "application/json": "Empty"
            },
            "response_parameters": {
              "method.response.header.Access-Control-Allow-Headers": true,
              "method.response.header.Access-Control-Allow-Methods": true,
              "method.response.header.Access-Control-Allow-Origin": true
            },
            "rest_api_id": "uwhucfcld8",
            "status_code": "200"
          },
          "sensitive_attributes": [],
          "identity_schema_version": 0,
          "private": "bnVsbA==",
          "dependencies": [
            "aws_api_gateway_method.Method",
            "aws_api_gateway_resource.Resources",
            "aws_api_gateway_rest_api.TweeterAPI"
          ]
        },
        {
          "index_key": "unfollow",
          "schema_version": 0,
          "attributes": {
            "http_method": "POST",
            "id": "agmr-uwhucfcld8-49ewqe-POST-200",
            "resource_id": "49ewqe",
            "response_models": {
              "application/json": "Empty"
            },
            "response_parameters": {
              "method.response.header.Access-Control-Allow-Headers": true,
              "method.response.header.Access-Control-Allow-Methods": true,
              "method.response.header.Access-Control-Allow-Origin": true
            },
            "rest_api_id": "uwhucfcld8",
            "status_code": "200"
          },
          "sensitive_attributes": [],
          "identity_schema_version": 0,
          "private": "bnVsbA==",
          "dependencies": [
            "aws_api_gateway_method.Method",
            "aws_api_gateway_resource.Resources",
            "aws_api_gateway_rest_api.TweeterAPI"
          ]
        }
      ]
    },
    {
      "mode": "managed",
      "type": "aws_api_gateway_resource",
      "name": "Resources",
      "provider": "provider[\"registry.terraform.io/hashicorp/aws\"]",
      "instances": [
        {
          "index_key": "follow",
          "schema_version": 0,
          "attributes": {
            "id": "h3kzzk",
            "parent_id": "0p8v26kr5m",
            "path": "/follow",
            "path_part": "follow",
            "rest_api_id": "uwhucfcld8"
          },
          "sensitive_attributes": [],
          "identity_schema_version": 0,
          "private": "bnVsbA==",
          "dependencies": [
            "aws_api_gateway_rest_api.TweeterAPI"
          ]
        },
        {
          "index_key": "followeeCount",
          "schema_version": 0,
          "attributes": {
            "id": "8kgspn",
            "parent_id": "0p8v26kr5m",
            "path": "/followeecount",
            "path_part": "followeecount",
            "rest_api_id": "uwhucfcld8"
          },
          "sensitive_attributes": [],
          "identity_schema_version": 0,
          "private": "bnVsbA==",
          "dependencies": [
            "aws_api_gateway_rest_api.TweeterAPI"
          ]
        },
        {
          "index_key": "followerCount",
          "schema_version": 0,
          "attributes": {
            "id": "6ly3h8",
            "parent_id": "0p8v26kr5m",
            "path": "/followercount",
            "path_part": "followercount",
            "rest_api_id": "uwhucfcld8"
          },
          "sensitive_attributes": [],
          "identity_schema_version": 0,
          "private": "bnVsbA==",
          "dependencies": [
            "aws_api_gateway_rest_api.TweeterAPI"
          ]
        },
        {
          "index_key": "getFeedItems",
          "schema_version": 0,
          "attributes": {
            "id": "41xgcp",
            "parent_id": "0p8v26kr5m",
            "path": "/getfeeditems",
            "path_part": "getfeeditems",
            "rest_api_id": "uwhucfcld8"
          },
          "sensitive_attributes": [],
          "identity_schema_version": 0,
          "private": "bnVsbA==",
          "dependencies": [
            "aws_api_gateway_rest_api.TweeterAPI"
          ]
        },
        {
          "index_key": "getMoreFollowees",
          "schema_version": 0,
          "attributes": {
            "id": "80v7xs",
            "parent_id": "0p8v26kr5m",
            "path": "/getfollowees",
            "path_part": "getfollowees",
            "rest_api_id": "uwhucfcld8"
          },
          "sensitive_attributes": [],
          "identity_schema_version": 0,
          "private": "bnVsbA==",
          "dependencies": [
            "aws_api_gateway_rest_api.TweeterAPI"
          ]
        },
        {
          "index_key": "getMoreFollowers",
          "schema_version": 0,
          "attributes": {
            "id": "klcjii",
            "parent_id": "0p8v26kr5m",
            "path": "/getfollowers",
            "path_part": "getfollowers",
            "rest_api_id": "uwhucfcld8"
          },
          "sensitive_attributes": [],
          "identity_schema_version": 0,
          "private": "bnVsbA==",
          "dependencies": [
            "aws_api_gateway_rest_api.TweeterAPI"
          ]
        },
        {
          "index_key": "getStoryItems",
          "schema_version": 0,
          "attributes": {
            "id": "c8mf7c",
            "parent_id": "0p8v26kr5m",
            "path": "/getstoryitems",
            "path_part": "getstoryitems",
            "rest_api_id": "uwhucfcld8"
          },
          "sensitive_attributes": [],
          "identity_schema_version": 0,
          "private": "bnVsbA==",
          "dependencies": [
            "aws_api_gateway_rest_api.TweeterAPI"
          ]
        },
        {
          "index_key": "getUser",
          "schema_version": 0,
          "attributes": {
            "id": "n6gti9",
            "parent_id": "0p8v26kr5m",
            "path": "/getuser",
            "path_part": "getuser",
            "rest_api_id": "uwhucfcld8"
          },
          "sensitive_attributes": [],
          "identity_schema_version": 0,
          "private": "bnVsbA==",
          "dependencies": [
            "aws_api_gateway_rest_api.TweeterAPI"
          ]
        },
        {
          "index_key": "isFollower",
          "schema_version": 0,
          "attributes": {
            "id": "jlwk0j",
            "parent_id": "0p8v26kr5m",
            "path": "/isfollower",
            "path_part": "isfollower",
            "rest_api_id": "uwhucfcld8"
          },
          "sensitive_attributes": [],
          "identity_schema_version": 0,
          "private": "bnVsbA==",
          "dependencies": [
            "aws_api_gateway_rest_api.TweeterAPI"
          ]
        },
        {
          "index_key": "login",
          "schema_version": 0,
          "attributes": {
            "id": "ben6fk",
            "parent_id": "0p8v26kr5m",
            "path": "/login",
            "path_part": "login",
            "rest_api_id": "uwhucfcld8"
          },
          "sensitive_attributes": [],
          "identity_schema_version": 0,
          "private": "bnVsbA==",
          "dependencies": [
            "aws_api_gateway_rest_api.TweeterAPI"
          ]
        },
        {
          "index_key": "logout",
          "schema_version": 0,
          "attributes": {
            "id": "346rfi",
            "parent_id": "0p8v26kr5m",
            "path": "/logout",
            "path_part": "logout",
            "rest_api_id": "uwhucfcld8"
          },
          "sensitive_attributes": [],
          "identity_schema_version": 0,
          "private": "bnVsbA==",
          "dependencies": [
            "aws_api_gateway_rest_api.TweeterAPI"
          ]
        },
        {
          "index_key": "postStatus",
          "schema_version": 0,
          "attributes": {
            "id": "bpux18",
            "parent_id": "0p8v26kr5m",
            "path": "/poststatus",
            "path_part": "poststatus",
            "rest_api_id": "uwhucfcld8"
          },
          "sensitive_attributes": [],
          "identity_schema_version": 0,
          "private": "bnVsbA==",
          "dependencies": [
            "aws_api_gateway_rest_api.TweeterAPI"
          ]
        },
        {
          "index_key": "register",
          "schema_version": 0,
          "attributes": {
            "id": "1vnw1v",
            "parent_id": "0p8v26kr5m",
            "path": "/register",
            "path_part": "register",
            "rest_api_id": "uwhucfcld8"
          },
          "sensitive_attributes": [],
          "identity_schema_version": 0,
          "private": "bnVsbA==",
          "dependencies": [
            "aws_api_gateway_rest_api.TweeterAPI"
          ]
        },
        {
          "index_key": "unfollow",
          "schema_version": 0,
          "attributes": {
            "id": "49ewqe",
            "parent_id": "0p8v26kr5m",
            "path": "/unfollow",
            "path_part": "unfollow",
            "rest_api_id": "uwhucfcld8"
          },
          "sensitive_attributes": [],
          "identity_schema_version": 0,
          "private": "bnVsbA==",
          "dependencies": [
            "aws_api_gateway_rest_api.TweeterAPI"
          ]
        }
      ]
    },
    {
      "mode": "managed",
      "type": "aws_api_gateway_rest_api",
      "name": "TweeterAPI",
      "provider": "provider[\"registry.terraform.io/hashicorp/aws\"]",
      "instances": [
        {
          "schema_version": 0,
          "attributes": {
            "api_key_source": "HEADER",
            "arn": "arn:aws:apigateway:us-west-2::/restapis/uwhucfcld8",
            "binary_media_types": [],
            "body": null,
            "created_date": "2026-03-27T05:50:00Z",
            "description": "",
            "disable_execute_api_endpoint": false,
            "endpoint_configuration": [
              {
                "types": [
                  "REGIONAL"
                ],
                "vpc_endpoint_ids": []
              }
            ],
            "execution_arn": "arn:aws:execute-api:us-west-2:615299777283:uwhucfcld8",
            "fail_on_warnings": null,
            "id": "uwhucfcld8",
            "minimum_compression_size": "",
            "name": "TweeterAPI",
            "parameters": null,
            "policy": "",
            "put_rest_api_mode": null,
            "root_resource_id": "0p8v26kr5m",
            "tags": {},
            "tags_all": {}
          },
          "sensitive_attributes": [],
          "identity_schema_version": 0,
          "private": "bnVsbA==",
          "create_before_destroy": true
        }
      ]
    },
    {
      "mode": "managed",
      "type": "aws_api_gateway_stage",
      "name": "TweeterAPIStage",
      "provider": "provider[\"registry.terraform.io/hashicorp/aws\"]",
      "instances": [
        {
          "schema_version": 0,
          "attributes": {
            "access_log_settings": [],
            "arn": "arn:aws:apigateway:us-west-2::/restapis/uwhucfcld8/stages/dev",
            "cache_cluster_enabled": false,
            "cache_cluster_size": "",
            "canary_settings": [],
            "client_certificate_id": "",
            "deployment_id": "ol5iy9",
            "description": "",
            "documentation_version": "v1",
            "execution_arn": "arn:aws:execute-api:us-west-2:615299777283:uwhucfcld8/dev",
            "id": "ags-uwhucfcld8-dev",
            "invoke_url": "https://uwhucfcld8.execute-api.us-west-2.amazonaws.com/dev",
            "rest_api_id": "uwhucfcld8",
            "stage_name": "dev",
            "tags": {},
            "tags_all": {},
            "variables": {},
            "web_acl_arn": "",
            "xray_tracing_enabled": false
          },
          "sensitive_attributes": [],
          "identity_schema_version": 0,
          "private": "bnVsbA==",
          "dependencies": [
            "archive_file.layer_package",
            "aws_api_gateway_deployment.TweeterAPIDeployment",
            "aws_api_gateway_documentation_part.method_docs",
            "aws_api_gateway_documentation_part.response_400_docs",
            "aws_api_gateway_documentation_part.response_500_docs",
            "aws_api_gateway_documentation_version.TweeterAPIDocs",
            "aws_api_gateway_integration.MethodIntegration",
            "aws_api_gateway_integration.options",
            "aws_api_gateway_integration_response.error_response400",
            "aws_api_gateway_integration_response.error_response500",
            "aws_api_gateway_integration_response.options_integration",
            "aws_api_gateway_integration_response.response_200Integration",
            "aws_api_gateway_method.Method",
            "aws_api_gateway_method.options",
            "aws_api_gateway_method_response.options_200",
            "aws_api_gateway_method_response.response400",
            "aws_api_gateway_method_response.response500",
            "aws_api_gateway_method_response.response_200",
            "aws_api_gateway_resource.Resources",
            "aws_api_gateway_rest_api.TweeterAPI",
            "aws_iam_role.backend_lambda_handler",
            "aws_lambda_function.Lambdas",
            "aws_lambda_layer_version.dependencies",
            "data.archive_file.lambda_package",
            "data.aws_iam_policy_document.role"
          ]
        }
      ]
    },
    {
      "mode": "managed",
      "type": "aws_iam_role",
      "name": "backend_lambda_handler",
      "provider": "provider[\"registry.terraform.io/hashicorp/aws\"]",
      "instances": [
        {
          "schema_version": 0,
          "attributes": {
            "arn": "arn:aws:iam::615299777283:role/terraform-20260327055000207200000001",
            "assume_role_policy": "{\"Statement\":[{\"Action\":\"sts:AssumeRole\",\"Effect\":\"Allow\",\"Principal\":{\"Service\":\"lambda.amazonaws.com\"}}],\"Version\":\"2012-10-17\"}",
            "create_date": "2026-03-27T05:50:00Z",
            "description": "",
            "force_detach_policies": false,
            "id": "terraform-20260327055000207200000001",
            "inline_policy": [],
            "managed_policy_arns": [],
            "max_session_duration": 3600,
            "name": "terraform-20260327055000207200000001",
            "name_prefix": "terraform-",
            "path": "/",
            "permissions_boundary": "",
            "tags": {},
            "tags_all": {},
            "unique_id": "AROAY6QVZQMBR2YYI7SAS"
          },
          "sensitive_attributes": [],
          "identity_schema_version": 0,
          "private": "bnVsbA==",
          "dependencies": [
            "data.aws_iam_policy_document.role"
          ]
        }
      ]
    },
    {
      "mode": "managed",
      "type": "aws_lambda_function",
      "name": "Lambdas",
      "provider": "provider[\"registry.terraform.io/hashicorp/aws\"]",
      "instances": [
        {
          "index_key": "follow",
          "schema_version": 0,
          "attributes": {
            "architectures": [
              "x86_64"
            ],
            "arn": "arn:aws:lambda:us-west-2:615299777283:function:follow",
            "code_signing_config_arn": "",
            "dead_letter_config": [],
            "description": "",
            "environment": [],
            "ephemeral_storage": [
              {
                "size": 512
              }
            ],
            "file_system_config": [],
            "filename": "./package/backend.zip",
            "function_name": "follow",
            "handler": "lambda/follow/FollowLambda.handler",
            "id": "follow",
            "image_config": [],
            "image_uri": "",
            "invoke_arn": "arn:aws:apigateway:us-west-2:lambda:path/2015-03-31/functions/arn:aws:lambda:us-west-2:615299777283:function:follow/invocations",
            "kms_key_arn": "",
            "last_modified": "2026-03-27T05:50:45.529+0000",
            "layers": [
              "arn:aws:lambda:us-west-2:615299777283:layer:tweeter_server_layer:42"
            ],
            "memory_size": 128,
            "package_type": "Zip",
            "publish": false,
            "qualified_arn": "arn:aws:lambda:us-west-2:615299777283:function:follow:$LATEST",
            "qualified_invoke_arn": "arn:aws:apigateway:us-west-2:lambda:path/2015-03-31/functions/arn:aws:lambda:us-west-2:615299777283:function:follow:$LATEST/invocations",
            "replace_security_groups_on_destroy": null,
            "replacement_security_group_ids": null,
            "reserved_concurrent_executions": -1,
            "role": "arn:aws:iam::615299777283:role/terraform-20260327055000207200000001",
            "runtime": "nodejs20.x",
            "s3_bucket": null,
            "s3_key": null,
            "s3_object_version": null,
            "signing_job_arn": "",
            "signing_profile_version_arn": "",
            "skip_destroy": false,
            "snap_start": [],
            "source_code_hash": "LJgpC1UTbJuyZ04TtMgJKkXQ1uYTuKS6pItEDgb/yC4=",
            "source_code_size": 7698,
            "tags": {},
            "tags_all": {},
            "timeout": 3,
            "timeouts": null,
            "tracing_config": [
              {
                "mode": "PassThrough"
              }
            ],
            "version": "$LATEST",
            "vpc_config": []
          },
          "sensitive_attributes": [],
          "identity_schema_version": 0,
          "private": "eyJlMmJmYjczMC1lY2FhLTExZTYtOGY4OC0zNDM2M2JjN2M0YzAiOnsiY3JlYXRlIjo2MDAwMDAwMDAwMDAsImRlbGV0ZSI6NjAwMDAwMDAwMDAwLCJ1cGRhdGUiOjYwMDAwMDAwMDAwMH19",
          "dependencies": [
            "archive_file.layer_package",
            "aws_iam_role.backend_lambda_handler",
            "aws_lambda_layer_version.dependencies",
            "data.archive_file.lambda_package",
            "data.aws_iam_policy_document.role"
          ]
        },
        {
          "index_key": "followeeCount",
          "schema_version": 0,
          "attributes": {
            "architectures": [
              "x86_64"
            ],
            "arn": "arn:aws:lambda:us-west-2:615299777283:function:followeeCount",
            "code_signing_config_arn": "",
            "dead_letter_config": [],
            "description": "",
            "environment": [],
            "ephemeral_storage": [
              {
                "size": 512
              }
            ],
            "file_system_config": [],
            "filename": "./package/backend.zip",
            "function_name": "followeeCount",
            "handler": "lambda/follow/FolloweeCountLambda.handler",
            "id": "followeeCount",
            "image_config": [],
            "image_uri": "",
            "invoke_arn": "arn:aws:apigateway:us-west-2:lambda:path/2015-03-31/functions/arn:aws:lambda:us-west-2:615299777283:function:followeeCount/invocations",
            "kms_key_arn": "",
            "last_modified": "2026-03-27T05:50:57.113+0000",
            "layers": [
              "arn:aws:lambda:us-west-2:615299777283:layer:tweeter_server_layer:42"
            ],
            "memory_size": 128,
            "package_type": "Zip",
            "publish": false,
            "qualified_arn": "arn:aws:lambda:us-west-2:615299777283:function:followeeCount:$LATEST",
            "qualified_invoke_arn": "arn:aws:apigateway:us-west-2:lambda:path/2015-03-31/functions/arn:aws:lambda:us-west-2:615299777283:function:followeeCount:$LATEST/invocations",
            "replace_security_groups_on_destroy": null,
            "replacement_security_group_ids": null,
            "reserved_concurrent_executions": -1,
            "role": "arn:aws:iam::615299777283:role/terraform-20260327055000207200000001",
            "runtime": "nodejs20.x",
            "s3_bucket": null,
            "s3_key": null,
            "s3_object_version": null,
            "signing_job_arn": "",
            "signing_profile_version_arn": "",
            "skip_destroy": false,
            "snap_start": [],
            "source_code_hash": "LJgpC1UTbJuyZ04TtMgJKkXQ1uYTuKS6pItEDgb/yC4=",
            "source_code_size": 7698,
            "tags": {},
            "tags_all": {},
            "timeout": 3,
            "timeouts": null,
            "tracing_config": [
              {
                "mode": "PassThrough"
              }
            ],
            "version": "$LATEST",
            "vpc_config": []
          },
          "sensitive_attributes": [],
          "identity_schema_version": 0,
          "private": "eyJlMmJmYjczMC1lY2FhLTExZTYtOGY4OC0zNDM2M2JjN2M0YzAiOnsiY3JlYXRlIjo2MDAwMDAwMDAwMDAsImRlbGV0ZSI6NjAwMDAwMDAwMDAwLCJ1cGRhdGUiOjYwMDAwMDAwMDAwMH19",
          "dependencies": [
            "archive_file.layer_package",
            "aws_iam_role.backend_lambda_handler",
            "aws_lambda_layer_version.dependencies",
            "data.archive_file.lambda_package",
            "data.aws_iam_policy_document.role"
          ]
        },
        {
          "index_key": "followerCount",
          "schema_version": 0,
          "attributes": {
            "architectures": [
              "x86_64"
            ],
            "arn": "arn:aws:lambda:us-west-2:615299777283:function:followerCount",
            "code_signing_config_arn": "",
            "dead_letter_config": [],
            "description": "",
            "environment": [],
            "ephemeral_storage": [
              {
                "size": 512
              }
            ],
            "file_system_config": [],
            "filename": "./package/backend.zip",
            "function_name": "followerCount",
            "handler": "lambda/follow/FollowerCountLambda.handler",
            "id": "followerCount",
            "image_config": [],
            "image_uri": "",
            "invoke_arn": "arn:aws:apigateway:us-west-2:lambda:path/2015-03-31/functions/arn:aws:lambda:us-west-2:615299777283:function:followerCount/invocations",
            "kms_key_arn": "",
            "last_modified": "2026-03-27T05:51:02.944+0000",
            "layers": [
              "arn:aws:lambda:us-west-2:615299777283:layer:tweeter_server_layer:42"
            ],
            "memory_size": 128,
            "package_type": "Zip",
            "publish": false,
            "qualified_arn": "arn:aws:lambda:us-west-2:615299777283:function:followerCount:$LATEST",
            "qualified_invoke_arn": "arn:aws:apigateway:us-west-2:lambda:path/2015-03-31/functions/arn:aws:lambda:us-west-2:615299777283:function:followerCount:$LATEST/invocations",
            "replace_security_groups_on_destroy": null,
            "replacement_security_group_ids": null,
            "reserved_concurrent_executions": -1,
            "role": "arn:aws:iam::615299777283:role/terraform-20260327055000207200000001",
            "runtime": "nodejs20.x",
            "s3_bucket": null,
            "s3_key": null,
            "s3_object_version": null,
            "signing_job_arn": "",
            "signing_profile_version_arn": "",
            "skip_destroy": false,
            "snap_start": [],
            "source_code_hash": "LJgpC1UTbJuyZ04TtMgJKkXQ1uYTuKS6pItEDgb/yC4=",
            "source_code_size": 7698,
            "tags": {},
            "tags_all": {},
            "timeout": 3,
            "timeouts": null,
            "tracing_config": [
              {
                "mode": "PassThrough"
              }
            ],
            "version": "$LATEST",
            "vpc_config": []
          },
          "sensitive_attributes": [],
          "identity_schema_version": 0,
          "private": "eyJlMmJmYjczMC1lY2FhLTExZTYtOGY4OC0zNDM2M2JjN2M0YzAiOnsiY3JlYXRlIjo2MDAwMDAwMDAwMDAsImRlbGV0ZSI6NjAwMDAwMDAwMDAwLCJ1cGRhdGUiOjYwMDAwMDAwMDAwMH19",
          "dependencies": [
            "archive_file.layer_package",
            "aws_iam_role.backend_lambda_handler",
            "aws_lambda_layer_version.dependencies",
            "data.archive_file.lambda_package",
            "data.aws_iam_policy_document.role"
          ]
        },
        {
          "index_key": "getFeedItems",
          "schema_version": 0,
          "attributes": {
            "architectures": [
              "x86_64"
            ],
            "arn": "arn:aws:lambda:us-west-2:615299777283:function:getFeedItems",
            "code_signing_config_arn": "",
            "dead_letter_config": [],
            "description": "",
            "environment": [],
            "ephemeral_storage": [
              {
                "size": 512
              }
            ],
            "file_system_config": [],
            "filename": "./package/backend.zip",
            "function_name": "getFeedItems",
            "handler": "lambda/status/GetFeedLambda.handler",
            "id": "getFeedItems",
            "image_config": [],
            "image_uri": "",
            "invoke_arn": "arn:aws:apigateway:us-west-2:lambda:path/2015-03-31/functions/arn:aws:lambda:us-west-2:615299777283:function:getFeedItems/invocations",
            "kms_key_arn": "",
            "last_modified": "2026-03-27T05:51:26.172+0000",
            "layers": [
              "arn:aws:lambda:us-west-2:615299777283:layer:tweeter_server_layer:42"
            ],
            "memory_size": 128,
            "package_type": "Zip",
            "publish": false,
            "qualified_arn": "arn:aws:lambda:us-west-2:615299777283:function:getFeedItems:$LATEST",
            "qualified_invoke_arn": "arn:aws:apigateway:us-west-2:lambda:path/2015-03-31/functions/arn:aws:lambda:us-west-2:615299777283:function:getFeedItems:$LATEST/invocations",
            "replace_security_groups_on_destroy": null,
            "replacement_security_group_ids": null,
            "reserved_concurrent_executions": -1,
            "role": "arn:aws:iam::615299777283:role/terraform-20260327055000207200000001",
            "runtime": "nodejs20.x",
            "s3_bucket": null,
            "s3_key": null,
            "s3_object_version": null,
            "signing_job_arn": "",
            "signing_profile_version_arn": "",
            "skip_destroy": false,
            "snap_start": [],
            "source_code_hash": "LJgpC1UTbJuyZ04TtMgJKkXQ1uYTuKS6pItEDgb/yC4=",
            "source_code_size": 7698,
            "tags": {},
            "tags_all": {},
            "timeout": 3,
            "timeouts": null,
            "tracing_config": [
              {
                "mode": "PassThrough"
              }
            ],
            "version": "$LATEST",
            "vpc_config": []
          },
          "sensitive_attributes": [],
          "identity_schema_version": 0,
          "private": "eyJlMmJmYjczMC1lY2FhLTExZTYtOGY4OC0zNDM2M2JjN2M0YzAiOnsiY3JlYXRlIjo2MDAwMDAwMDAwMDAsImRlbGV0ZSI6NjAwMDAwMDAwMDAwLCJ1cGRhdGUiOjYwMDAwMDAwMDAwMH19",
          "dependencies": [
            "archive_file.layer_package",
            "aws_iam_role.backend_lambda_handler",
            "aws_lambda_layer_version.dependencies",
            "data.archive_file.lambda_package",
            "data.aws_iam_policy_document.role"
          ]
        },
        {
          "index_key": "getMoreFollowees",
          "schema_version": 0,
          "attributes": {
            "architectures": [
              "x86_64"
            ],
            "arn": "arn:aws:lambda:us-west-2:615299777283:function:getMoreFollowees",
            "code_signing_config_arn": "",
            "dead_letter_config": [],
            "description": "",
            "environment": [],
            "ephemeral_storage": [
              {
                "size": 512
              }
            ],
            "file_system_config": [],
            "filename": "./package/backend.zip",
            "function_name": "getMoreFollowees",
            "handler": "lambda/follow/GetFolloweesLambda.handler",
            "id": "getMoreFollowees",
            "image_config": [],
            "image_uri": "",
            "invoke_arn": "arn:aws:apigateway:us-west-2:lambda:path/2015-03-31/functions/arn:aws:lambda:us-west-2:615299777283:function:getMoreFollowees/invocations",
            "kms_key_arn": "",
            "last_modified": "2026-03-27T05:50:51.307+0000",
            "layers": [
              "arn:aws:lambda:us-west-2:615299777283:layer:tweeter_server_layer:42"
            ],
            "memory_size": 128,
            "package_type": "Zip",
            "publish": false,
            "qualified_arn": "arn:aws:lambda:us-west-2:615299777283:function:getMoreFollowees:$LATEST",
            "qualified_invoke_arn": "arn:aws:apigateway:us-west-2:lambda:path/2015-03-31/functions/arn:aws:lambda:us-west-2:615299777283:function:getMoreFollowees:$LATEST/invocations",
            "replace_security_groups_on_destroy": null,
            "replacement_security_group_ids": null,
            "reserved_concurrent_executions": -1,
            "role": "arn:aws:iam::615299777283:role/terraform-20260327055000207200000001",
            "runtime": "nodejs20.x",
            "s3_bucket": null,
            "s3_key": null,
            "s3_object_version": null,
            "signing_job_arn": "",
            "signing_profile_version_arn": "",
            "skip_destroy": false,
            "snap_start": [],
            "source_code_hash": "LJgpC1UTbJuyZ04TtMgJKkXQ1uYTuKS6pItEDgb/yC4=",
            "source_code_size": 7698,
            "tags": {},
            "tags_all": {},
            "timeout": 3,
            "timeouts": null,
            "tracing_config": [
              {
                "mode": "PassThrough"
              }
            ],
            "version": "$LATEST",
            "vpc_config": []
          },
          "sensitive_attributes": [],
          "identity_schema_version": 0,
          "private": "eyJlMmJmYjczMC1lY2FhLTExZTYtOGY4OC0zNDM2M2JjN2M0YzAiOnsiY3JlYXRlIjo2MDAwMDAwMDAwMDAsImRlbGV0ZSI6NjAwMDAwMDAwMDAwLCJ1cGRhdGUiOjYwMDAwMDAwMDAwMH19",
          "dependencies": [
            "archive_file.layer_package",
            "aws_iam_role.backend_lambda_handler",
            "aws_lambda_layer_version.dependencies",
            "data.archive_file.lambda_package",
            "data.aws_iam_policy_document.role"
          ]
        },
        {
          "index_key": "getMoreFollowers",
          "schema_version": 0,
          "attributes": {
            "architectures": [
              "x86_64"
            ],
            "arn": "arn:aws:lambda:us-west-2:615299777283:function:getMoreFollowers",
            "code_signing_config_arn": "",
            "dead_letter_config": [],
            "description": "",
            "environment": [],
            "ephemeral_storage": [
              {
                "size": 512
              }
            ],
            "file_system_config": [],
            "filename": "./package/backend.zip",
            "function_name": "getMoreFollowers",
            "handler": "lambda/follow/GetFollowersLambda.handler",
            "id": "getMoreFollowers",
            "image_config": [],
            "image_uri": "",
            "invoke_arn": "arn:aws:apigateway:us-west-2:lambda:path/2015-03-31/functions/arn:aws:lambda:us-west-2:615299777283:function:getMoreFollowers/invocations",
            "kms_key_arn": "",
            "last_modified": "2026-03-27T05:51:20.394+0000",
            "layers": [
              "arn:aws:lambda:us-west-2:615299777283:layer:tweeter_server_layer:42"
            ],
            "memory_size": 128,
            "package_type": "Zip",
            "publish": false,
            "qualified_arn": "arn:aws:lambda:us-west-2:615299777283:function:getMoreFollowers:$LATEST",
            "qualified_invoke_arn": "arn:aws:apigateway:us-west-2:lambda:path/2015-03-31/functions/arn:aws:lambda:us-west-2:615299777283:function:getMoreFollowers:$LATEST/invocations",
            "replace_security_groups_on_destroy": null,
            "replacement_security_group_ids": null,
            "reserved_concurrent_executions": -1,
            "role": "arn:aws:iam::615299777283:role/terraform-20260327055000207200000001",
            "runtime": "nodejs20.x",
            "s3_bucket": null,
            "s3_key": null,
            "s3_object_version": null,
            "signing_job_arn": "",
            "signing_profile_version_arn": "",
            "skip_destroy": false,
            "snap_start": [],
            "source_code_hash": "LJgpC1UTbJuyZ04TtMgJKkXQ1uYTuKS6pItEDgb/yC4=",
            "source_code_size": 7698,
            "tags": {},
            "tags_all": {},
            "timeout": 3,
            "timeouts": null,
            "tracing_config": [
              {
                "mode": "PassThrough"
              }
            ],
            "version": "$LATEST",
            "vpc_config": []
          },
          "sensitive_attributes": [],
          "identity_schema_version": 0,
          "private": "eyJlMmJmYjczMC1lY2FhLTExZTYtOGY4OC0zNDM2M2JjN2M0YzAiOnsiY3JlYXRlIjo2MDAwMDAwMDAwMDAsImRlbGV0ZSI6NjAwMDAwMDAwMDAwLCJ1cGRhdGUiOjYwMDAwMDAwMDAwMH19",
          "dependencies": [
            "archive_file.layer_package",
            "aws_iam_role.backend_lambda_handler",
            "aws_lambda_layer_version.dependencies",
            "data.archive_file.lambda_package",
            "data.aws_iam_policy_document.role"
          ]
        },
        {
          "index_key": "getStoryItems",
          "schema_version": 0,
          "attributes": {
            "architectures": [
              "x86_64"
            ],
            "arn": "arn:aws:lambda:us-west-2:615299777283:function:getStoryItems",
            "code_signing_config_arn": "",
            "dead_letter_config": [],
            "description": "",
            "environment": [],
            "ephemeral_storage": [
              {
                "size": 512
              }
            ],
            "file_system_config": [],
            "filename": "./package/backend.zip",
            "function_name": "getStoryItems",
            "handler": "lambda/status/GetStoryLambda.handler",
            "id": "getStoryItems",
            "image_config": [],
            "image_uri": "",
            "invoke_arn": "arn:aws:apigateway:us-west-2:lambda:path/2015-03-31/functions/arn:aws:lambda:us-west-2:615299777283:function:getStoryItems/invocations",
            "kms_key_arn": "",
            "last_modified": "2026-03-27T05:51:14.551+0000",
            "layers": [
              "arn:aws:lambda:us-west-2:615299777283:layer:tweeter_server_layer:42"
            ],
            "memory_size": 128,
            "package_type": "Zip",
            "publish": false,
            "qualified_arn": "arn:aws:lambda:us-west-2:615299777283:function:getStoryItems:$LATEST",
            "qualified_invoke_arn": "arn:aws:apigateway:us-west-2:lambda:path/2015-03-31/functions/arn:aws:lambda:us-west-2:615299777283:function:getStoryItems:$LATEST/invocations",
            "replace_security_groups_on_destroy": null,
            "replacement_security_group_ids": null,
            "reserved_concurrent_executions": -1,
            "role": "arn:aws:iam::615299777283:role/terraform-20260327055000207200000001",
            "runtime": "nodejs20.x",
            "s3_bucket": null,
            "s3_key": null,
            "s3_object_version": null,
            "signing_job_arn": "",
            "signing_profile_version_arn": "",
            "skip_destroy": false,
            "snap_start": [],
            "source_code_hash": "LJgpC1UTbJuyZ04TtMgJKkXQ1uYTuKS6pItEDgb/yC4=",
            "source_code_size": 7698,
            "tags": {},
            "tags_all": {},
            "timeout": 3,
            "timeouts": null,
            "tracing_config": [
              {
                "mode": "PassThrough"
              }
            ],
            "version": "$LATEST",
            "vpc_config": []
          },
          "sensitive_attributes": [],
          "identity_schema_version": 0,
          "private": "eyJlMmJmYjczMC1lY2FhLTExZTYtOGY4OC0zNDM2M2JjN2M0YzAiOnsiY3JlYXRlIjo2MDAwMDAwMDAwMDAsImRlbGV0ZSI6NjAwMDAwMDAwMDAwLCJ1cGRhdGUiOjYwMDAwMDAwMDAwMH19",
          "dependencies": [
            "archive_file.layer_package",
            "aws_iam_role.backend_lambda_handler",
            "aws_lambda_layer_version.dependencies",
            "data.archive_file.lambda_package",
            "data.aws_iam_policy_document.role"
          ]
        },
        {
          "index_key": "getUser",
          "schema_version": 0,
          "attributes": {
            "architectures": [
              "x86_64"
            ],
            "arn": "arn:aws:lambda:us-west-2:615299777283:function:getUser",
            "code_signing_config_arn": "",
            "dead_letter_config": [],
            "description": "",
            "environment": [],
            "ephemeral_storage": [
              {
                "size": 512
              }
            ],
            "file_system_config": [],
            "filename": "./package/backend.zip",
            "function_name": "getUser",
            "handler": "lambda/user/GetUserLambda.handler",
            "id": "getUser",
            "image_config": [],
            "image_uri": "",
            "invoke_arn": "arn:aws:apigateway:us-west-2:lambda:path/2015-03-31/functions/arn:aws:lambda:us-west-2:615299777283:function:getUser/invocations",
            "kms_key_arn": "",
            "last_modified": "2026-03-27T05:50:22.099+0000",
            "layers": [
              "arn:aws:lambda:us-west-2:615299777283:layer:tweeter_server_layer:42"
            ],
            "memory_size": 128,
            "package_type": "Zip",
            "publish": false,
            "qualified_arn": "arn:aws:lambda:us-west-2:615299777283:function:getUser:$LATEST",
            "qualified_invoke_arn": "arn:aws:apigateway:us-west-2:lambda:path/2015-03-31/functions/arn:aws:lambda:us-west-2:615299777283:function:getUser:$LATEST/invocations",
            "replace_security_groups_on_destroy": null,
            "replacement_security_group_ids": null,
            "reserved_concurrent_executions": -1,
            "role": "arn:aws:iam::615299777283:role/terraform-20260327055000207200000001",
            "runtime": "nodejs20.x",
            "s3_bucket": null,
            "s3_key": null,
            "s3_object_version": null,
            "signing_job_arn": "",
            "signing_profile_version_arn": "",
            "skip_destroy": false,
            "snap_start": [],
            "source_code_hash": "LJgpC1UTbJuyZ04TtMgJKkXQ1uYTuKS6pItEDgb/yC4=",
            "source_code_size": 7698,
            "tags": {},
            "tags_all": {},
            "timeout": 3,
            "timeouts": null,
            "tracing_config": [
              {
                "mode": "PassThrough"
              }
            ],
            "version": "$LATEST",
            "vpc_config": []
          },
          "sensitive_attributes": [],
          "identity_schema_version": 0,
          "private": "eyJlMmJmYjczMC1lY2FhLTExZTYtOGY4OC0zNDM2M2JjN2M0YzAiOnsiY3JlYXRlIjo2MDAwMDAwMDAwMDAsImRlbGV0ZSI6NjAwMDAwMDAwMDAwLCJ1cGRhdGUiOjYwMDAwMDAwMDAwMH19",
          "dependencies": [
            "archive_file.layer_package",
            "aws_iam_role.backend_lambda_handler",
            "aws_lambda_layer_version.dependencies",
            "data.archive_file.lambda_package",
            "data.aws_iam_policy_document.role"
          ]
        },
        {
          "index_key": "isFollower",
          "schema_version": 0,
          "attributes": {
            "architectures": [
              "x86_64"
            ],
            "arn": "arn:aws:lambda:us-west-2:615299777283:function:isFollower",
            "code_signing_config_arn": "",
            "dead_letter_config": [],
            "description": "",
            "environment": [],
            "ephemeral_storage": [
              {
                "size": 512
              }
            ],
            "file_system_config": [],
            "filename": "./package/backend.zip",
            "function_name": "isFollower",
            "handler": "lambda/follow/IsFollowerLambda.handler",
            "id": "isFollower",
            "image_config": [],
            "image_uri": "",
            "invoke_arn": "arn:aws:apigateway:us-west-2:lambda:path/2015-03-31/functions/arn:aws:lambda:us-west-2:615299777283:function:isFollower/invocations",
            "kms_key_arn": "",
            "last_modified": "2026-03-27T05:50:16.004+0000",
            "layers": [
              "arn:aws:lambda:us-west-2:615299777283:layer:tweeter_server_layer:42"
            ],
            "memory_size": 128,
            "package_type": "Zip",
            "publish": false,
            "qualified_arn": "arn:aws:lambda:us-west-2:615299777283:function:isFollower:$LATEST",
            "qualified_invoke_arn": "arn:aws:apigateway:us-west-2:lambda:path/2015-03-31/functions/arn:aws:lambda:us-west-2:615299777283:function:isFollower:$LATEST/invocations",
            "replace_security_groups_on_destroy": null,
            "replacement_security_group_ids": null,
            "reserved_concurrent_executions": -1,
            "role": "arn:aws:iam::615299777283:role/terraform-20260327055000207200000001",
            "runtime": "nodejs20.x",
            "s3_bucket": null,
            "s3_key": null,
            "s3_object_version": null,
            "signing_job_arn": "",
            "signing_profile_version_arn": "",
            "skip_destroy": false,
            "snap_start": [],
            "source_code_hash": "LJgpC1UTbJuyZ04TtMgJKkXQ1uYTuKS6pItEDgb/yC4=",
            "source_code_size": 7698,
            "tags": {},
            "tags_all": {},
            "timeout": 3,
            "timeouts": null,
            "tracing_config": [
              {
                "mode": "PassThrough"
              }
            ],
            "version": "$LATEST",
            "vpc_config": []
          },
          "sensitive_attributes": [],
          "identity_schema_version": 0,
          "private": "eyJlMmJmYjczMC1lY2FhLTExZTYtOGY4OC0zNDM2M2JjN2M0YzAiOnsiY3JlYXRlIjo2MDAwMDAwMDAwMDAsImRlbGV0ZSI6NjAwMDAwMDAwMDAwLCJ1cGRhdGUiOjYwMDAwMDAwMDAwMH19",
          "dependencies": [
            "archive_file.layer_package",
            "aws_iam_role.backend_lambda_handler",
            "aws_lambda_layer_version.dependencies",
            "data.archive_file.lambda_package",
            "data.aws_iam_policy_document.role"
          ]
        },
        {
          "index_key": "login",
          "schema_version": 0,
          "attributes": {
            "architectures": [
              "x86_64"
            ],
            "arn": "arn:aws:lambda:us-west-2:615299777283:function:login",
            "code_signing_config_arn": "",
            "dead_letter_config": [],
            "description": "",
            "environment": [],
            "ephemeral_storage": [
              {
                "size": 512
              }
            ],
            "file_system_config": [],
            "filename": "./package/backend.zip",
            "function_name": "login",
            "handler": "lambda/user/LoginLambda.handler",
            "id": "login",
            "image_config": [],
            "image_uri": "",
            "invoke_arn": "arn:aws:apigateway:us-west-2:lambda:path/2015-03-31/functions/arn:aws:lambda:us-west-2:615299777283:function:login/invocations",
            "kms_key_arn": "",
            "last_modified": "2026-03-27T05:50:33.728+0000",
            "layers": [
              "arn:aws:lambda:us-west-2:615299777283:layer:tweeter_server_layer:42"
            ],
            "memory_size": 128,
            "package_type": "Zip",
            "publish": false,
            "qualified_arn": "arn:aws:lambda:us-west-2:615299777283:function:login:$LATEST",
            "qualified_invoke_arn": "arn:aws:apigateway:us-west-2:lambda:path/2015-03-31/functions/arn:aws:lambda:us-west-2:615299777283:function:login:$LATEST/invocations",
            "replace_security_groups_on_destroy": null,
            "replacement_security_group_ids": null,
            "reserved_concurrent_executions": -1,
            "role": "arn:aws:iam::615299777283:role/terraform-20260327055000207200000001",
            "runtime": "nodejs20.x",
            "s3_bucket": null,
            "s3_key": null,
            "s3_object_version": null,
            "signing_job_arn": "",
            "signing_profile_version_arn": "",
            "skip_destroy": false,
            "snap_start": [],
            "source_code_hash": "LJgpC1UTbJuyZ04TtMgJKkXQ1uYTuKS6pItEDgb/yC4=",
            "source_code_size": 7698,
            "tags": {},
            "tags_all": {},
            "timeout": 3,
            "timeouts": null,
            "tracing_config": [
              {
                "mode": "PassThrough"
              }
            ],
            "version": "$LATEST",
            "vpc_config": []
          },
          "sensitive_attributes": [],
          "identity_schema_version": 0,
          "private": "eyJlMmJmYjczMC1lY2FhLTExZTYtOGY4OC0zNDM2M2JjN2M0YzAiOnsiY3JlYXRlIjo2MDAwMDAwMDAwMDAsImRlbGV0ZSI6NjAwMDAwMDAwMDAwLCJ1cGRhdGUiOjYwMDAwMDAwMDAwMH19",
          "dependencies": [
            "archive_file.layer_package",
            "aws_iam_role.backend_lambda_handler",
            "aws_lambda_layer_version.dependencies",
            "data.archive_file.lambda_package",
            "data.aws_iam_policy_document.role"
          ]
        },
        {
          "index_key": "logout",
          "schema_version": 0,
          "attributes": {
            "architectures": [
              "x86_64"
            ],
            "arn": "arn:aws:lambda:us-west-2:615299777283:function:logout",
            "code_signing_config_arn": "",
            "dead_letter_config": [],
            "description": "",
            "environment": [],
            "ephemeral_storage": [
              {
                "size": 512
              }
            ],
            "file_system_config": [],
            "filename": "./package/backend.zip",
            "function_name": "logout",
            "handler": "lambda/user/LogoutLambda.handler",
            "id": "logout",
            "image_config": [],
            "image_uri": "",
            "invoke_arn": "arn:aws:apigateway:us-west-2:lambda:path/2015-03-31/functions/arn:aws:lambda:us-west-2:615299777283:function:logout/invocations",
            "kms_key_arn": "",
            "last_modified": "2026-03-27T05:51:08.796+0000",
            "layers": [
              "arn:aws:lambda:us-west-2:615299777283:layer:tweeter_server_layer:42"
            ],
            "memory_size": 128,
            "package_type": "Zip",
            "publish": false,
            "qualified_arn": "arn:aws:lambda:us-west-2:615299777283:function:logout:$LATEST",
            "qualified_invoke_arn": "arn:aws:apigateway:us-west-2:lambda:path/2015-03-31/functions/arn:aws:lambda:us-west-2:615299777283:function:logout:$LATEST/invocations",
            "replace_security_groups_on_destroy": null,
            "replacement_security_group_ids": null,
            "reserved_concurrent_executions": -1,
            "role": "arn:aws:iam::615299777283:role/terraform-20260327055000207200000001",
            "runtime": "nodejs20.x",
            "s3_bucket": null,
            "s3_key": null,
            "s3_object_version": null,
            "signing_job_arn": "",
            "signing_profile_version_arn": "",
            "skip_destroy": false,
            "snap_start": [],
            "source_code_hash": "LJgpC1UTbJuyZ04TtMgJKkXQ1uYTuKS6pItEDgb/yC4=",
            "source_code_size": 7698,
            "tags": {},
            "tags_all": {},
            "timeout": 3,
            "timeouts": null,
            "tracing_config": [
              {
                "mode": "PassThrough"
              }
            ],
            "version": "$LATEST",
            "vpc_config": []
          },
          "sensitive_attributes": [],
          "identity_schema_version": 0,
          "private": "eyJlMmJmYjczMC1lY2FhLTExZTYtOGY4OC0zNDM2M2JjN2M0YzAiOnsiY3JlYXRlIjo2MDAwMDAwMDAwMDAsImRlbGV0ZSI6NjAwMDAwMDAwMDAwLCJ1cGRhdGUiOjYwMDAwMDAwMDAwMH19",
          "dependencies": [
            "archive_file.layer_package",
            "aws_iam_role.backend_lambda_handler",
            "aws_lambda_layer_version.dependencies",
            "data.archive_file.lambda_package",
            "data.aws_iam_policy_document.role"
          ]
        },
        {
          "index_key": "postStatus",
          "schema_version": 0,
          "attributes": {
            "architectures": [
              "x86_64"
            ],
            "arn": "arn:aws:lambda:us-west-2:615299777283:function:postStatus",
            "code_signing_config_arn": "",
            "dead_letter_config": [],
            "description": "",
            "environment": [],
            "ephemeral_storage": [
              {
                "size": 512
              }
            ],
            "file_system_config": [],
            "filename": "./package/backend.zip",
            "function_name": "postStatus",
            "handler": "lambda/status/PostStatusLambda.handler",
            "id": "postStatus",
            "image_config": [],
            "image_uri": "",
            "invoke_arn": "arn:aws:apigateway:us-west-2:lambda:path/2015-03-31/functions/arn:aws:lambda:us-west-2:615299777283:function:postStatus/invocations",
            "kms_key_arn": "",
            "last_modified": "2026-03-27T05:50:10.166+0000",
            "layers": [
              "arn:aws:lambda:us-west-2:615299777283:layer:tweeter_server_layer:42"
            ],
            "memory_size": 128,
            "package_type": "Zip",
            "publish": false,
            "qualified_arn": "arn:aws:lambda:us-west-2:615299777283:function:postStatus:$LATEST",
            "qualified_invoke_arn": "arn:aws:apigateway:us-west-2:lambda:path/2015-03-31/functions/arn:aws:lambda:us-west-2:615299777283:function:postStatus:$LATEST/invocations",
            "replace_security_groups_on_destroy": null,
            "replacement_security_group_ids": null,
            "reserved_concurrent_executions": -1,
            "role": "arn:aws:iam::615299777283:role/terraform-20260327055000207200000001",
            "runtime": "nodejs20.x",
            "s3_bucket": null,
            "s3_key": null,
            "s3_object_version": null,
            "signing_job_arn": "",
            "signing_profile_version_arn": "",
            "skip_destroy": false,
            "snap_start": [],
            "source_code_hash": "LJgpC1UTbJuyZ04TtMgJKkXQ1uYTuKS6pItEDgb/yC4=",
            "source_code_size": 7698,
            "tags": {},
            "tags_all": {},
            "timeout": 3,
            "timeouts": null,
            "tracing_config": [
              {
                "mode": "PassThrough"
              }
            ],
            "version": "$LATEST",
            "vpc_config": []
          },
          "sensitive_attributes": [],
          "identity_schema_version": 0,
          "private": "eyJlMmJmYjczMC1lY2FhLTExZTYtOGY4OC0zNDM2M2JjN2M0YzAiOnsiY3JlYXRlIjo2MDAwMDAwMDAwMDAsImRlbGV0ZSI6NjAwMDAwMDAwMDAwLCJ1cGRhdGUiOjYwMDAwMDAwMDAwMH19",
          "dependencies": [
            "archive_file.layer_package",
            "aws_iam_role.backend_lambda_handler",
            "aws_lambda_layer_version.dependencies",
            "data.archive_file.lambda_package",
            "data.aws_iam_policy_document.role"
          ]
        },
        {
          "index_key": "register",
          "schema_version": 0,
          "attributes": {
            "architectures": [
              "x86_64"
            ],
            "arn": "arn:aws:lambda:us-west-2:615299777283:function:register",
            "code_signing_config_arn": "",
            "dead_letter_config": [],
            "description": "",
            "environment": [],
            "ephemeral_storage": [
              {
                "size": 512
              }
            ],
            "file_system_config": [],
            "filename": "./package/backend.zip",
            "function_name": "register",
            "handler": "lambda/user/RegisterLambda.handler",
            "id": "register",
            "image_config": [],
            "image_uri": "",
            "invoke_arn": "arn:aws:apigateway:us-west-2:lambda:path/2015-03-31/functions/arn:aws:lambda:us-west-2:615299777283:function:register/invocations",
            "kms_key_arn": "",
            "last_modified": "2026-03-27T05:50:39.713+0000",
            "layers": [
              "arn:aws:lambda:us-west-2:615299777283:layer:tweeter_server_layer:42"
            ],
            "memory_size": 128,
            "package_type": "Zip",
            "publish": false,
            "qualified_arn": "arn:aws:lambda:us-west-2:615299777283:function:register:$LATEST",
            "qualified_invoke_arn": "arn:aws:apigateway:us-west-2:lambda:path/2015-03-31/functions/arn:aws:lambda:us-west-2:615299777283:function:register:$LATEST/invocations",
            "replace_security_groups_on_destroy": null,
            "replacement_security_group_ids": null,
            "reserved_concurrent_executions": -1,
            "role": "arn:aws:iam::615299777283:role/terraform-20260327055000207200000001",
            "runtime": "nodejs20.x",
            "s3_bucket": null,
            "s3_key": null,
            "s3_object_version": null,
            "signing_job_arn": "",
            "signing_profile_version_arn": "",
            "skip_destroy": false,
            "snap_start": [],
            "source_code_hash": "LJgpC1UTbJuyZ04TtMgJKkXQ1uYTuKS6pItEDgb/yC4=",
            "source_code_size": 7698,
            "tags": {},
            "tags_all": {},
            "timeout": 3,
            "timeouts": null,
            "tracing_config": [
              {
                "mode": "PassThrough"
              }
            ],
            "version": "$LATEST",
            "vpc_config": []
          },
          "sensitive_attributes": [],
          "identity_schema_version": 0,
          "private": "eyJlMmJmYjczMC1lY2FhLTExZTYtOGY4OC0zNDM2M2JjN2M0YzAiOnsiY3JlYXRlIjo2MDAwMDAwMDAwMDAsImRlbGV0ZSI6NjAwMDAwMDAwMDAwLCJ1cGRhdGUiOjYwMDAwMDAwMDAwMH19",
          "dependencies": [
            "archive_file.layer_package",
            "aws_iam_role.backend_lambda_handler",
            "aws_lambda_layer_version.dependencies",
            "data.archive_file.lambda_package",
            "data.aws_iam_policy_document.role"
          ]
        },
        {
          "index_key": "unfollow",
          "schema_version": 0,
          "attributes": {
            "architectures": [
              "x86_64"
            ],
            "arn": "arn:aws:lambda:us-west-2:615299777283:function:unfollow",
            "code_signing_config_arn": "",
            "dead_letter_config": [],
            "description": "",
            "environment": [],
            "ephemeral_storage": [
              {
                "size": 512
              }
            ],
            "file_system_config": [],
            "filename": "./package/backend.zip",
            "function_name": "unfollow",
            "handler": "lambda/follow/FollowLambda.handler",
            "id": "unfollow",
            "image_config": [],
            "image_uri": "",
            "invoke_arn": "arn:aws:apigateway:us-west-2:lambda:path/2015-03-31/functions/arn:aws:lambda:us-west-2:615299777283:function:unfollow/invocations",
            "kms_key_arn": "",
            "last_modified": "2026-03-27T05:50:27.961+0000",
            "layers": [
              "arn:aws:lambda:us-west-2:615299777283:layer:tweeter_server_layer:42"
            ],
            "memory_size": 128,
            "package_type": "Zip",
            "publish": false,
            "qualified_arn": "arn:aws:lambda:us-west-2:615299777283:function:unfollow:$LATEST",
            "qualified_invoke_arn": "arn:aws:apigateway:us-west-2:lambda:path/2015-03-31/functions/arn:aws:lambda:us-west-2:615299777283:function:unfollow:$LATEST/invocations",
            "replace_security_groups_on_destroy": null,
            "replacement_security_group_ids": null,
            "reserved_concurrent_executions": -1,
            "role": "arn:aws:iam::615299777283:role/terraform-20260327055000207200000001",
            "runtime": "nodejs20.x",
            "s3_bucket": null,
            "s3_key": null,
            "s3_object_version": null,
            "signing_job_arn": "",
            "signing_profile_version_arn": "",
            "skip_destroy": false,
            "snap_start": [],
            "source_code_hash": "LJgpC1UTbJuyZ04TtMgJKkXQ1uYTuKS6pItEDgb/yC4=",
            "source_code_size": 7698,
            "tags": {},
            "tags_all": {},
            "timeout": 3,
            "timeouts": null,
            "tracing_config": [
              {
                "mode": "PassThrough"
              }
            ],
            "version": "$LATEST",
            "vpc_config": []
          },
          "sensitive_attributes": [],
          "identity_schema_version": 0,
          "private": "eyJlMmJmYjczMC1lY2FhLTExZTYtOGY4OC0zNDM2M2JjN2M0YzAiOnsiY3JlYXRlIjo2MDAwMDAwMDAwMDAsImRlbGV0ZSI6NjAwMDAwMDAwMDAwLCJ1cGRhdGUiOjYwMDAwMDAwMDAwMH19",
          "dependencies": [
            "archive_file.layer_package",
            "aws_iam_role.backend_lambda_handler",
            "aws_lambda_layer_version.dependencies",
            "data.archive_file.lambda_package",
            "data.aws_iam_policy_document.role"
          ]
        }
      ]
    },
    {
      "mode": "managed",
      "type": "aws_lambda_layer_version",
      "name": "dependencies",
      "provider": "provider[\"registry.terraform.io/hashicorp/aws\"]",
      "instances": [
        {
          "schema_version": 0,
          "attributes": {
            "arn": "arn:aws:lambda:us-west-2:615299777283:layer:tweeter_server_layer:42",
            "compatible_architectures": [],
            "compatible_runtimes": [],
            "created_date": "2026-03-27T05:50:08.807+0000",
            "description": "",
            "filename": "./package/dependencies/layer.zip",
            "id": "arn:aws:lambda:us-west-2:615299777283:layer:tweeter_server_layer:42",
            "layer_arn": "arn:aws:lambda:us-west-2:615299777283:layer:tweeter_server_layer",
            "layer_name": "tweeter_server_layer",
            "license_info": "",
            "s3_bucket": null,
            "s3_key": null,
            "s3_object_version": null,
            "signing_job_arn": "",
            "signing_profile_version_arn": "",
            "skip_destroy": false,
            "source_code_hash": "GsZMfrrRf6VkAPEwHFP2ELq0gJEaps8KFhAConxYTbM=",
            "source_code_size": 7213502,
            "version": "42"
          },
          "sensitive_attributes": [],
          "identity_schema_version": 0,
          "private": "bnVsbA==",
          "dependencies": [
            "archive_file.layer_package"
          ]
        }
      ]
    },
    {
      "mode": "managed",
      "type": "aws_lambda_permission",
      "name": "runPermissions",
      "provider": "provider[\"registry.terraform.io/hashicorp/aws\"]",
      "instances": [
        {
          "index_key": "follow",
          "schema_version": 0,
          "attributes": {
            "action": "lambda:InvokeFunction",
            "event_source_token": null,
            "function_name": "follow",
            "function_url_auth_type": null,
            "id": "terraform-20260327055132270900000009",
            "principal": "apigateway.amazonaws.com",
            "principal_org_id": null,
            "qualifier": "",
            "source_account": null,
            "source_arn": "arn:aws:execute-api:us-west-2:615299777283:uwhucfcld8/*",
            "statement_id": "terraform-20260327055132270900000009",
            "statement_id_prefix": "terraform-"
          },
          "sensitive_attributes": [],
          "identity_schema_version": 0,
          "private": "bnVsbA==",
          "dependencies": [
            "archive_file.layer_package",
            "aws_api_gateway_rest_api.TweeterAPI",
            "aws_iam_role.backend_lambda_handler",
            "aws_lambda_function.Lambdas",
            "aws_lambda_layer_version.dependencies",
            "data.archive_file.lambda_package",
            "data.aws_iam_policy_document.role"
          ]
        },
        {
          "index_key": "followeeCount",
          "schema_version": 0,
          "attributes": {
            "action": "lambda:InvokeFunction",
            "event_source_token": null,
            "function_name": "followeeCount",
            "function_url_auth_type": null,
            "id": "terraform-20260327055132077600000003",
            "principal": "apigateway.amazonaws.com",
            "principal_org_id": null,
            "qualifier": "",
            "source_account": null,
            "source_arn": "arn:aws:execute-api:us-west-2:615299777283:uwhucfcld8/*",
            "statement_id": "terraform-20260327055132077600000003",
            "statement_id_prefix": "terraform-"
          },
          "sensitive_attributes": [],
          "identity_schema_version": 0,
          "private": "bnVsbA==",
          "dependencies": [
            "archive_file.layer_package",
            "aws_api_gateway_rest_api.TweeterAPI",
            "aws_iam_role.backend_lambda_handler",
            "aws_lambda_function.Lambdas",
            "aws_lambda_layer_version.dependencies",
            "data.archive_file.lambda_package",
            "data.aws_iam_policy_document.role"
          ]
        },
        {
          "index_key": "followerCount",
          "schema_version": 0,
          "attributes": {
            "action": "lambda:InvokeFunction",
            "event_source_token": null,
            "function_name": "followerCount",
            "function_url_auth_type": null,
            "id": "terraform-2026032705513229590000000c",
            "principal": "apigateway.amazonaws.com",
            "principal_org_id": null,
            "qualifier": "",
            "source_account": null,
            "source_arn": "arn:aws:execute-api:us-west-2:615299777283:uwhucfcld8/*",
            "statement_id": "terraform-2026032705513229590000000c",
            "statement_id_prefix": "terraform-"
          },
          "sensitive_attributes": [],
          "identity_schema_version": 0,
          "private": "bnVsbA==",
          "dependencies": [
            "archive_file.layer_package",
            "aws_api_gateway_rest_api.TweeterAPI",
            "aws_iam_role.backend_lambda_handler",
            "aws_lambda_function.Lambdas",
            "aws_lambda_layer_version.dependencies",
            "data.archive_file.lambda_package",
            "data.aws_iam_policy_document.role"
          ]
        },
        {
          "index_key": "getFeedItems",
          "schema_version": 0,
          "attributes": {
            "action": "lambda:InvokeFunction",
            "event_source_token": null,
            "function_name": "getFeedItems",
            "function_url_auth_type": null,
            "id": "terraform-20260327055132104200000006",
            "principal": "apigateway.amazonaws.com",
            "principal_org_id": null,
            "qualifier": "",
            "source_account": null,
            "source_arn": "arn:aws:execute-api:us-west-2:615299777283:uwhucfcld8/*",
            "statement_id": "terraform-20260327055132104200000006",
            "statement_id_prefix": "terraform-"
          },
          "sensitive_attributes": [],
          "identity_schema_version": 0,
          "private": "bnVsbA==",
          "dependencies": [
            "archive_file.layer_package",
            "aws_api_gateway_rest_api.TweeterAPI",
            "aws_iam_role.backend_lambda_handler",
            "aws_lambda_function.Lambdas",
            "aws_lambda_layer_version.dependencies",
            "data.archive_file.lambda_package",
            "data.aws_iam_policy_document.role"
          ]
        },
        {
          "index_key": "getMoreFollowees",
          "schema_version": 0,
          "attributes": {
            "action": "lambda:InvokeFunction",
            "event_source_token": null,
            "function_name": "getMoreFollowees",
            "function_url_auth_type": null,
            "id": "terraform-20260327055132104300000007",
            "principal": "apigateway.amazonaws.com",
            "principal_org_id": null,
            "qualifier": "",
            "source_account": null,
            "source_arn": "arn:aws:execute-api:us-west-2:615299777283:uwhucfcld8/*",
            "statement_id": "terraform-20260327055132104300000007",
            "statement_id_prefix": "terraform-"
          },
          "sensitive_attributes": [],
          "identity_schema_version": 0,
          "private": "bnVsbA==",
          "dependencies": [
            "archive_file.layer_package",
            "aws_api_gateway_rest_api.TweeterAPI",
            "aws_iam_role.backend_lambda_handler",
            "aws_lambda_function.Lambdas",
            "aws_lambda_layer_version.dependencies",
            "data.archive_file.lambda_package",
            "data.aws_iam_policy_document.role"
          ]
        },
        {
          "index_key": "getMoreFollowers",
          "schema_version": 0,
          "attributes": {
            "action": "lambda:InvokeFunction",
            "event_source_token": null,
            "function_name": "getMoreFollowers",
            "function_url_auth_type": null,
            "id": "terraform-2026032705513228000000000a",
            "principal": "apigateway.amazonaws.com",
            "principal_org_id": null,
            "qualifier": "",
            "source_account": null,
            "source_arn": "arn:aws:execute-api:us-west-2:615299777283:uwhucfcld8/*",
            "statement_id": "terraform-2026032705513228000000000a",
            "statement_id_prefix": "terraform-"
          },
          "sensitive_attributes": [],
          "identity_schema_version": 0,
          "private": "bnVsbA==",
          "dependencies": [
            "archive_file.layer_package",
            "aws_api_gateway_rest_api.TweeterAPI",
            "aws_iam_role.backend_lambda_handler",
            "aws_lambda_function.Lambdas",
            "aws_lambda_layer_version.dependencies",
            "data.archive_file.lambda_package",
            "data.aws_iam_policy_document.role"
          ]
        },
        {
          "index_key": "getStoryItems",
          "schema_version": 0,
          "attributes": {
            "action": "lambda:InvokeFunction",
            "event_source_token": null,
            "function_name": "getStoryItems",
            "function_url_auth_type": null,
            "id": "terraform-2026032705513231290000000e",
            "principal": "apigateway.amazonaws.com",
            "principal_org_id": null,
            "qualifier": "",
            "source_account": null,
            "source_arn": "arn:aws:execute-api:us-west-2:615299777283:uwhucfcld8/*",
            "statement_id": "terraform-2026032705513231290000000e",
            "statement_id_prefix": "terraform-"
          },
          "sensitive_attributes": [],
          "identity_schema_version": 0,
          "private": "bnVsbA==",
          "dependencies": [
            "archive_file.layer_package",
            "aws_api_gateway_rest_api.TweeterAPI",
            "aws_iam_role.backend_lambda_handler",
            "aws_lambda_function.Lambdas",
            "aws_lambda_layer_version.dependencies",
            "data.archive_file.lambda_package",
            "data.aws_iam_policy_document.role"
          ]
        },
        {
          "index_key": "getUser",
          "schema_version": 0,
          "attributes": {
            "action": "lambda:InvokeFunction",
            "event_source_token": null,
            "function_name": "getUser",
            "function_url_auth_type": null,
            "id": "terraform-20260327055132096400000004",
            "principal": "apigateway.amazonaws.com",
            "principal_org_id": null,
            "qualifier": "",
            "source_account": null,
            "source_arn": "arn:aws:execute-api:us-west-2:615299777283:uwhucfcld8/*",
            "statement_id": "terraform-20260327055132096400000004",
            "statement_id_prefix": "terraform-"
          },
          "sensitive_attributes": [],
          "identity_schema_version": 0,
          "private": "bnVsbA==",
          "dependencies": [
            "archive_file.layer_package",
            "aws_api_gateway_rest_api.TweeterAPI",
            "aws_iam_role.backend_lambda_handler",
            "aws_lambda_function.Lambdas",
            "aws_lambda_layer_version.dependencies",
            "data.archive_file.lambda_package",
            "data.aws_iam_policy_document.role"
          ]
        },
        {
          "index_key": "isFollower",
          "schema_version": 0,
          "attributes": {
            "action": "lambda:InvokeFunction",
            "event_source_token": null,
            "function_name": "isFollower",
            "function_url_auth_type": null,
            "id": "terraform-2026032705513231210000000d",
            "principal": "apigateway.amazonaws.com",
            "principal_org_id": null,
            "qualifier": "",
            "source_account": null,
            "source_arn": "arn:aws:execute-api:us-west-2:615299777283:uwhucfcld8/*",
            "statement_id": "terraform-2026032705513231210000000d",
            "statement_id_prefix": "terraform-"
          },
          "sensitive_attributes": [],
          "identity_schema_version": 0,
          "private": "bnVsbA==",
          "dependencies": [
            "archive_file.layer_package",
            "aws_api_gateway_rest_api.TweeterAPI",
            "aws_iam_role.backend_lambda_handler",
            "aws_lambda_function.Lambdas",
            "aws_lambda_layer_version.dependencies",
            "data.archive_file.lambda_package",
            "data.aws_iam_policy_document.role"
          ]
        },
        {
          "index_key": "login",
          "schema_version": 0,
          "attributes": {
            "action": "lambda:InvokeFunction",
            "event_source_token": null,
            "function_name": "login",
            "function_url_auth_type": null,
            "id": "terraform-20260327055131871400000002",
            "principal": "apigateway.amazonaws.com",
            "principal_org_id": null,
            "qualifier": "",
            "source_account": null,
            "source_arn": "arn:aws:execute-api:us-west-2:615299777283:uwhucfcld8/*",
            "statement_id": "terraform-20260327055131871400000002",
            "statement_id_prefix": "terraform-"
          },
          "sensitive_attributes": [],
          "identity_schema_version": 0,
          "private": "bnVsbA==",
          "dependencies": [
            "archive_file.layer_package",
            "aws_api_gateway_rest_api.TweeterAPI",
            "aws_iam_role.backend_lambda_handler",
            "aws_lambda_function.Lambdas",
            "aws_lambda_layer_version.dependencies",
            "data.archive_file.lambda_package",
            "data.aws_iam_policy_document.role"
          ]
        },
        {
          "index_key": "logout",
          "schema_version": 0,
          "attributes": {
            "action": "lambda:InvokeFunction",
            "event_source_token": null,
            "function_name": "logout",
            "function_url_auth_type": null,
            "id": "terraform-20260327055132104400000008",
            "principal": "apigateway.amazonaws.com",
            "principal_org_id": null,
            "qualifier": "",
            "source_account": null,
            "source_arn": "arn:aws:execute-api:us-west-2:615299777283:uwhucfcld8/*",
            "statement_id": "terraform-20260327055132104400000008",
            "statement_id_prefix": "terraform-"
          },
          "sensitive_attributes": [],
          "identity_schema_version": 0,
          "private": "bnVsbA==",
          "dependencies": [
            "archive_file.layer_package",
            "aws_api_gateway_rest_api.TweeterAPI",
            "aws_iam_role.backend_lambda_handler",
            "aws_lambda_function.Lambdas",
            "aws_lambda_layer_version.dependencies",
            "data.archive_file.lambda_package",
            "data.aws_iam_policy_document.role"
          ]
        },
        {
          "index_key": "postStatus",
          "schema_version": 0,
          "attributes": {
            "action": "lambda:InvokeFunction",
            "event_source_token": null,
            "function_name": "postStatus",
            "function_url_auth_type": null,
            "id": "terraform-20260327055132103200000005",
            "principal": "apigateway.amazonaws.com",
            "principal_org_id": null,
            "qualifier": "",
            "source_account": null,
            "source_arn": "arn:aws:execute-api:us-west-2:615299777283:uwhucfcld8/*",
            "statement_id": "terraform-20260327055132103200000005",
            "statement_id_prefix": "terraform-"
          },
          "sensitive_attributes": [],
          "identity_schema_version": 0,
          "private": "bnVsbA==",
          "dependencies": [
            "archive_file.layer_package",
            "aws_api_gateway_rest_api.TweeterAPI",
            "aws_iam_role.backend_lambda_handler",
            "aws_lambda_function.Lambdas",
            "aws_lambda_layer_version.dependencies",
            "data.archive_file.lambda_package",
            "data.aws_iam_policy_document.role"
          ]
        },
        {
          "index_key": "register",
          "schema_version": 0,
          "attributes": {
            "action": "lambda:InvokeFunction",
            "event_source_token": null,
            "function_name": "register",
            "function_url_auth_type": null,
            "id": "terraform-2026032705513228790000000b",
            "principal": "apigateway.amazonaws.com",
            "principal_org_id": null,
            "qualifier": "",
            "source_account": null,
            "source_arn": "arn:aws:execute-api:us-west-2:615299777283:uwhucfcld8/*",
            "statement_id": "terraform-2026032705513228790000000b",
            "statement_id_prefix": "terraform-"
          },
          "sensitive_attributes": [],
          "identity_schema_version": 0,
          "private": "bnVsbA==",
          "dependencies": [
            "archive_file.layer_package",
            "aws_api_gateway_rest_api.TweeterAPI",
            "aws_iam_role.backend_lambda_handler",
            "aws_lambda_function.Lambdas",
            "aws_lambda_layer_version.dependencies",
            "data.archive_file.lambda_package",
            "data.aws_iam_policy_document.role"
          ]
        },
        {
          "index_key": "unfollow",
          "schema_version": 0,
          "attributes": {
            "action": "lambda:InvokeFunction",
            "event_source_token": null,
            "function_name": "unfollow",
            "function_url_auth_type": null,
            "id": "terraform-2026032705513231330000000f",
            "principal": "apigateway.amazonaws.com",
            "principal_org_id": null,
            "qualifier": "",
            "source_account": null,
            "source_arn": "arn:aws:execute-api:us-west-2:615299777283:uwhucfcld8/*",
            "statement_id": "terraform-2026032705513231330000000f",
            "statement_id_prefix": "terraform-"
          },
          "sensitive_attributes": [],
          "identity_schema_version": 0,
          "private": "bnVsbA==",
          "dependencies": [
            "archive_file.layer_package",
            "aws_api_gateway_rest_api.TweeterAPI",
            "aws_iam_role.backend_lambda_handler",
            "aws_lambda_function.Lambdas",
            "aws_lambda_layer_version.dependencies",
            "data.archive_file.lambda_package",
            "data.aws_iam_policy_document.role"
          ]
        }
      ]
    }
  ],
  "check_results": null
}
