{
  "version": 4,
  "terraform_version": "1.14.6",
  "serial": 4600,
  "lineage": "363940d8-1a5d-0393-5cf7-b56698001cb8",
  "outputs": {},
  "resources": [
    {
      "mode": "data",
      "type": "archive_file",
      "name": "lambda_package",
      "provider": "provider[\"registry.terraform.io/hashicorp/archive\"]",
      "instances": [
        {
          "schema_version": 0,
          "attributes": {
            "exclude_symlink_directories": null,
            "excludes": null,
            "id": "8774bfeaa588f7223bb176594be5b2bcce246502",
            "output_base64sha256": "nc5ubv9dgZCigv6ZWZ8NR/U4Lkz3DjMKoUNsLHR8v2A=",
            "output_base64sha512": "XGDv0vbvuTT0zGpDSCLpXx/z2VtUsbpeorynm3KLdtmTKvriqk7kJat9vvy450hsH4pPW/HXawiKexxn2sX5Jg==",
            "output_file_mode": null,
            "output_md5": "48011df952af3bb7ade1368b27fa1ae2",
            "output_path": "./package/backend.zip",
            "output_sha": "8774bfeaa588f7223bb176594be5b2bcce246502",
            "output_sha256": "9dce6e6eff5d8190a282fe99599f0d47f5382e4cf70e330aa1436c2c747cbf60",
            "output_sha512": "5c60efd2f6efb934f4cc6a434822e95f1ff3d95b54b1ba5ea2bca79b728b76d9932afae2aa4ee425ab7dbefcb8e7486c1f8a4f5bf1d76b088a7b1c67dac5f926",
            "output_size": 6795,
            "source": [],
            "source_content": null,
            "source_content_filename": null,
            "source_dir": "./dist/",
            "source_file": null,
            "type": "zip"
          },
          "sensitive_attributes": [],
          "identity_schema_version": 0
        }
      ]
    },
    {
      "mode": "data",
      "type": "aws_iam_policy_document",
      "name": "role",
      "provider": "provider[\"registry.terraform.io/hashicorp/aws\"]",
      "instances": [
        {
          "schema_version": 0,
          "attributes": {
            "id": "2690255455",
            "json": "{\n  \"Version\": \"2012-10-17\",\n  \"Statement\": [\n    {\n      \"Effect\": \"Allow\",\n      \"Action\": \"sts:AssumeRole\",\n      \"Principal\": {\n        \"Service\": \"lambda.amazonaws.com\"\n      }\n    }\n  ]\n}",
            "override_policy_documents": null,
            "policy_id": null,
            "source_policy_documents": null,
            "statement": [
              {
                "actions": [
                  "sts:AssumeRole"
                ],
                "condition": [],
                "effect": "Allow",
                "not_actions": [],
                "not_principals": [],
                "not_resources": [],
                "principals": [
                  {
                    "identifiers": [
                      "lambda.amazonaws.com"
                    ],
                    "type": "Service"
                  }
                ],
                "resources": [],
                "sid": ""
              }
            ],
            "version": "2012-10-17"
          },
          "sensitive_attributes": [],
          "identity_schema_version": 0
        }
      ]
    },
    {
      "mode": "data",
      "type": "external",
      "name": "loadMoreFolloweesDocPartId",
      "provider": "provider[\"registry.terraform.io/hashicorp/external\"]",
      "instances": [
        {
          "schema_version": 0,
          "attributes": {
            "id": "-",
            "program": [
              "bash",
              "./lookup_doc_part_id.sh"
            ],
            "query": {
              "method": "POST",
              "path": "/getfollowees",
              "rest_api_id": "iwu3zb3ze5",
              "type": "METHOD"
            },
            "result": {
              "id": ""
            },
            "working_dir": null
          },
          "sensitive_attributes": [],
          "identity_schema_version": 0
        }
      ]
    },
    {
      "mode": "managed",
      "type": "archive_file",
      "name": "layer_package",
      "provider": "provider[\"registry.terraform.io/hashicorp/archive\"]",
      "instances": [
        {
          "schema_version": 0,
          "attributes": {
            "exclude_symlink_directories": null,
            "excludes": null,
            "id": "21de0df62eccd4c4109366ac3b9e735fa7e19c6e",
            "output_base64sha256": "Wm7LRpd9XErpBh8I8bivl5neTTG8MrKg+UlcrMFd7mw=",
            "output_base64sha512": "KourLB+gJMT8x6zSd2CT9TwclF1l07LQxoJAhrAmIJAb50fDjTSCnk8iolKuzwqdPdf0vBjWiCl89W4IPkWbFg==",
            "output_file_mode": null,
            "output_md5": "2e2892418e64907b7df9931a22a155e2",
            "output_path": "./package/dependencies/layer.zip",
            "output_sha": "21de0df62eccd4c4109366ac3b9e735fa7e19c6e",
            "output_sha256": "5a6ecb46977d5c4ae9061f08f1b8af9799de4d31bc32b2a0f9495cacc15dee6c",
            "output_sha512": "2a8bab2c1fa024c4fcc7acd2776093f53c1c945d65d3b2d0c6824086b02620901be747c38d34829e4f22a252aecf0a9d3dd7f4bc18d688297cf56e083e459b16",
            "output_size": 7209646,
            "source": [],
            "source_content": null,
            "source_content_filename": null,
            "source_dir": "./layer",
            "source_file": null,
            "type": "zip"
          },
          "sensitive_attributes": [],
          "identity_schema_version": 0
        }
      ]
    },
    {
      "mode": "managed",
      "type": "aws_api_gateway_deployment",
      "name": "TweeterAPIDeployment",
      "provider": "provider[\"registry.terraform.io/hashicorp/aws\"]",
      "instances": [
        {
          "schema_version": 0,
          "attributes": {
            "created_date": "2026-03-25T21:57:56Z",
            "description": "",
            "execution_arn": "arn:aws:execute-api:us-west-2:615299777283:iwu3zb3ze5/",
            "id": "f1fgxb",
            "invoke_url": "https://iwu3zb3ze5.execute-api.us-west-2.amazonaws.com/",
            "rest_api_id": "iwu3zb3ze5",
            "stage_description": null,
            "stage_name": null,
            "triggers": null,
            "variables": null
          },
          "sensitive_attributes": [],
          "identity_schema_version": 0,
          "private": "bnVsbA==",
          "dependencies": [
            "archive_file.layer_package",
            "aws_api_gateway_integration.MethodIntegration",
            "aws_api_gateway_integration.options",
            "aws_api_gateway_integration_response.error_response400",
            "aws_api_gateway_integration_response.error_response500",
            "aws_api_gateway_integration_response.options_integration",
            "aws_api_gateway_integration_response.response_200Integration",
            "aws_api_gateway_method.Method",
            "aws_api_gateway_method.options",
            "aws_api_gateway_method_response.options_200",
            "aws_api_gateway_method_response.response400",
            "aws_api_gateway_method_response.response500",
            "aws_api_gateway_method_response.response_200",
            "aws_api_gateway_resource.Resources",
            "aws_api_gateway_rest_api.TweeterAPI",
            "aws_iam_role.backend_lambda_handler",
            "aws_lambda_function.Lambdas",
            "aws_lambda_layer_version.dependencies",
            "data.archive_file.lambda_package",
            "data.aws_iam_policy_document.role"
          ]
        }
      ]
    },
    {
      "mode": "managed",
      "type": "aws_api_gateway_integration",
      "name": "MethodIntegration",
      "provider": "provider[\"registry.terraform.io/hashicorp/aws\"]",
      "instances": [
        {
          "index_key": "follow",
          "schema_version": 0,
          "attributes": {
            "cache_key_parameters": null,
            "cache_namespace": "41lo2g",
            "connection_id": "",
            "connection_type": "INTERNET",
            "content_handling": "CONVERT_TO_TEXT",
            "credentials": "",
            "http_method": "POST",
            "id": "agi-iwu3zb3ze5-41lo2g-POST",
            "integration_http_method": "POST",
            "passthrough_behavior": "WHEN_NO_MATCH",
            "request_parameters": null,
            "request_templates": null,
            "resource_id": "41lo2g",
            "rest_api_id": "iwu3zb3ze5",
            "timeout_milliseconds": 29000,
            "tls_config": [],
            "type": "AWS",
            "uri": "arn:aws:apigateway:us-west-2:lambda:path/2015-03-31/functions/arn:aws:lambda:us-west-2:615299777283:function:follow/invocations"
          },
          "sensitive_attributes": [],
          "identity_schema_version": 0,
          "private": "bnVsbA==",
          "dependencies": [
            "archive_file.layer_package",
            "aws_api_gateway_method.Method",
            "aws_api_gateway_resource.Resources",
            "aws_api_gateway_rest_api.TweeterAPI",
            "aws_iam_role.backend_lambda_handler",
            "aws_lambda_function.Lambdas",
            "aws_lambda_layer_version.dependencies",
            "data.archive_file.lambda_package",
            "data.aws_iam_policy_document.role"
          ]
        },
        {
          "index_key": "followeeCount",
          "schema_version": 0,
          "attributes": {
            "cache_key_parameters": null,
            "cache_namespace": "6qlhna",
            "connection_id": "",
            "connection_type": "INTERNET",
            "content_handling": "CONVERT_TO_TEXT",
            "credentials": "",
            "http_method": "POST",
            "id": "agi-iwu3zb3ze5-6qlhna-POST",
            "integration_http_method": "POST",
            "passthrough_behavior": "WHEN_NO_MATCH",
            "request_parameters": null,
            "request_templates": null,
            "resource_id": "6qlhna",
            "rest_api_id": "iwu3zb3ze5",
            "timeout_milliseconds": 29000,
            "tls_config": [],
            "type": "AWS",
            "uri": "arn:aws:apigateway:us-west-2:lambda:path/2015-03-31/functions/arn:aws:lambda:us-west-2:615299777283:function:followeeCount/invocations"
          },
          "sensitive_attributes": [],
          "identity_schema_version": 0,
          "private": "bnVsbA==",
          "dependencies": [
            "archive_file.layer_package",
            "aws_api_gateway_method.Method",
            "aws_api_gateway_resource.Resources",
            "aws_api_gateway_rest_api.TweeterAPI",
            "aws_iam_role.backend_lambda_handler",
            "aws_lambda_function.Lambdas",
            "aws_lambda_layer_version.dependencies",
            "data.archive_file.lambda_package",
            "data.aws_iam_policy_document.role"
          ]
        },
        {
          "index_key": "followerCount",
          "schema_version": 0,
          "attributes": {
            "cache_key_parameters": null,
            "cache_namespace": "1v6jbx",
            "connection_id": "",
            "connection_type": "INTERNET",
            "content_handling": "CONVERT_TO_TEXT",
            "credentials": "",
            "http_method": "POST",
            "id": "agi-iwu3zb3ze5-1v6jbx-POST",
            "integration_http_method": "POST",
            "passthrough_behavior": "WHEN_NO_MATCH",
            "request_parameters": null,
            "request_templates": null,
            "resource_id": "1v6jbx",
            "rest_api_id": "iwu3zb3ze5",
            "timeout_milliseconds": 29000,
            "tls_config": [],
            "type": "AWS",
            "uri": "arn:aws:apigateway:us-west-2:lambda:path/2015-03-31/functions/arn:aws:lambda:us-west-2:615299777283:function:followerCount/invocations"
          },
          "sensitive_attributes": [],
          "identity_schema_version": 0,
          "private": "bnVsbA==",
          "dependencies": [
            "archive_file.layer_package",
            "aws_api_gateway_method.Method",
            "aws_api_gateway_resource.Resources",
            "aws_api_gateway_rest_api.TweeterAPI",
            "aws_iam_role.backend_lambda_handler",
            "aws_lambda_function.Lambdas",
            "aws_lambda_layer_version.dependencies",
            "data.archive_file.lambda_package",
            "data.aws_iam_policy_document.role"
          ]
        },
        {
          "index_key": "getFeedItems",
          "schema_version": 0,
          "attributes": {
            "cache_key_parameters": null,
            "cache_namespace": "pqxilu",
            "connection_id": "",
            "connection_type": "INTERNET",
            "content_handling": "CONVERT_TO_TEXT",
            "credentials": "",
            "http_method": "POST",
            "id": "agi-iwu3zb3ze5-pqxilu-POST",
            "integration_http_method": "POST",
            "passthrough_behavior": "WHEN_NO_MATCH",
            "request_parameters": null,
            "request_templates": null,
            "resource_id": "pqxilu",
            "rest_api_id": "iwu3zb3ze5",
            "timeout_milliseconds": 29000,
            "tls_config": [],
            "type": "AWS",
            "uri": "arn:aws:apigateway:us-west-2:lambda:path/2015-03-31/functions/arn:aws:lambda:us-west-2:615299777283:function:getFeedItems/invocations"
          },
          "sensitive_attributes": [],
          "identity_schema_version": 0,
          "private": "bnVsbA==",
          "dependencies": [
            "archive_file.layer_package",
            "aws_api_gateway_method.Method",
            "aws_api_gateway_resource.Resources",
            "aws_api_gateway_rest_api.TweeterAPI",
            "aws_iam_role.backend_lambda_handler",
            "aws_lambda_function.Lambdas",
            "aws_lambda_layer_version.dependencies",
            "data.archive_file.lambda_package",
            "data.aws_iam_policy_document.role"
          ]
        },
        {
          "index_key": "getMoreFollowees",
          "schema_version": 0,
          "attributes": {
            "cache_key_parameters": null,
            "cache_namespace": "ivrcqb",
            "connection_id": "",
            "connection_type": "INTERNET",
            "content_handling": "CONVERT_TO_TEXT",
            "credentials": "",
            "http_method": "POST",
            "id": "agi-iwu3zb3ze5-ivrcqb-POST",
            "integration_http_method": "POST",
            "passthrough_behavior": "WHEN_NO_MATCH",
            "request_parameters": null,
            "request_templates": null,
            "resource_id": "ivrcqb",
            "rest_api_id": "iwu3zb3ze5",
            "timeout_milliseconds": 29000,
            "tls_config": [],
            "type": "AWS",
            "uri": "arn:aws:apigateway:us-west-2:lambda:path/2015-03-31/functions/arn:aws:lambda:us-west-2:615299777283:function:getMoreFollowees/invocations"
          },
          "sensitive_attributes": [],
          "identity_schema_version": 0,
          "private": "bnVsbA==",
          "dependencies": [
            "archive_file.layer_package",
            "aws_api_gateway_method.Method",
            "aws_api_gateway_resource.Resources",
            "aws_api_gateway_rest_api.TweeterAPI",
            "aws_iam_role.backend_lambda_handler",
            "aws_lambda_function.Lambdas",
            "aws_lambda_layer_version.dependencies",
            "data.archive_file.lambda_package",
            "data.aws_iam_policy_document.role"
          ]
        },
        {
          "index_key": "getMoreFollowers",
          "schema_version": 0,
          "attributes": {
            "cache_key_parameters": null,
            "cache_namespace": "dxe6dy",
            "connection_id": "",
            "connection_type": "INTERNET",
            "content_handling": "CONVERT_TO_TEXT",
            "credentials": "",
            "http_method": "POST",
            "id": "agi-iwu3zb3ze5-dxe6dy-POST",
            "integration_http_method": "POST",
            "passthrough_behavior": "WHEN_NO_MATCH",
            "request_parameters": null,
            "request_templates": null,
            "resource_id": "dxe6dy",
            "rest_api_id": "iwu3zb3ze5",
            "timeout_milliseconds": 29000,
            "tls_config": [],
            "type": "AWS",
            "uri": "arn:aws:apigateway:us-west-2:lambda:path/2015-03-31/functions/arn:aws:lambda:us-west-2:615299777283:function:getMoreFollowers/invocations"
          },
          "sensitive_attributes": [],
          "identity_schema_version": 0,
          "private": "bnVsbA==",
          "dependencies": [
            "archive_file.layer_package",
            "aws_api_gateway_method.Method",
            "aws_api_gateway_resource.Resources",
            "aws_api_gateway_rest_api.TweeterAPI",
            "aws_iam_role.backend_lambda_handler",
            "aws_lambda_function.Lambdas",
            "aws_lambda_layer_version.dependencies",
            "data.archive_file.lambda_package",
            "data.aws_iam_policy_document.role"
          ]
        },
        {
          "index_key": "getStoryItems",
          "schema_version": 0,
          "attributes": {
            "cache_key_parameters": null,
            "cache_namespace": "k38fzp",
            "connection_id": "",
            "connection_type": "INTERNET",
            "content_handling": "CONVERT_TO_TEXT",
            "credentials": "",
            "http_method": "POST",
            "id": "agi-iwu3zb3ze5-k38fzp-POST",
            "integration_http_method": "POST",
            "passthrough_behavior": "WHEN_NO_MATCH",
            "request_parameters": null,
            "request_templates": null,
            "resource_id": "k38fzp",
            "rest_api_id": "iwu3zb3ze5",
            "timeout_milliseconds": 29000,
            "tls_config": [],
            "type": "AWS",
            "uri": "arn:aws:apigateway:us-west-2:lambda:path/2015-03-31/functions/arn:aws:lambda:us-west-2:615299777283:function:getStoryItems/invocations"
          },
          "sensitive_attributes": [],
          "identity_schema_version": 0,
          "private": "bnVsbA==",
          "dependencies": [
            "archive_file.layer_package",
            "aws_api_gateway_method.Method",
            "aws_api_gateway_resource.Resources",
            "aws_api_gateway_rest_api.TweeterAPI",
            "aws_iam_role.backend_lambda_handler",
            "aws_lambda_function.Lambdas",
            "aws_lambda_layer_version.dependencies",
            "data.archive_file.lambda_package",
            "data.aws_iam_policy_document.role"
          ]
        },
        {
          "index_key": "getUser",
          "schema_version": 0,
          "attributes": {
            "cache_key_parameters": null,
            "cache_namespace": "fandgi",
            "connection_id": "",
            "connection_type": "INTERNET",
            "content_handling": "CONVERT_TO_TEXT",
            "credentials": "",
            "http_method": "POST",
            "id": "agi-iwu3zb3ze5-fandgi-POST",
            "integration_http_method": "POST",
            "passthrough_behavior": "WHEN_NO_MATCH",
            "request_parameters": null,
            "request_templates": null,
            "resource_id": "fandgi",
            "rest_api_id": "iwu3zb3ze5",
            "timeout_milliseconds": 29000,
            "tls_config": [],
            "type": "AWS",
            "uri": "arn:aws:apigateway:us-west-2:lambda:path/2015-03-31/functions/arn:aws:lambda:us-west-2:615299777283:function:getUser/invocations"
          },
          "sensitive_attributes": [],
          "identity_schema_version": 0,
          "private": "bnVsbA==",
          "dependencies": [
            "archive_file.layer_package",
            "aws_api_gateway_method.Method",
            "aws_api_gateway_resource.Resources",
            "aws_api_gateway_rest_api.TweeterAPI",
            "aws_iam_role.backend_lambda_handler",
            "aws_lambda_function.Lambdas",
            "aws_lambda_layer_version.dependencies",
            "data.archive_file.lambda_package",
            "data.aws_iam_policy_document.role"
          ]
        },
        {
          "index_key": "isFollower",
          "schema_version": 0,
          "attributes": {
            "cache_key_parameters": null,
            "cache_namespace": "zcf6o9",
            "connection_id": "",
            "connection_type": "INTERNET",
            "content_handling": "CONVERT_TO_TEXT",
            "credentials": "",
            "http_method": "POST",
            "id": "agi-iwu3zb3ze5-zcf6o9-POST",
            "integration_http_method": "POST",
            "passthrough_behavior": "WHEN_NO_MATCH",
            "request_parameters": null,
            "request_templates": null,
            "resource_id": "zcf6o9",
            "rest_api_id": "iwu3zb3ze5",
            "timeout_milliseconds": 29000,
            "tls_config": [],
            "type": "AWS",
            "uri": "arn:aws:apigateway:us-west-2:lambda:path/2015-03-31/functions/arn:aws:lambda:us-west-2:615299777283:function:isFollower/invocations"
          },
          "sensitive_attributes": [],
          "identity_schema_version": 0,
          "private": "bnVsbA==",
          "dependencies": [
            "archive_file.layer_package",
            "aws_api_gateway_method.Method",
            "aws_api_gateway_resource.Resources",
            "aws_api_gateway_rest_api.TweeterAPI",
            "aws_iam_role.backend_lambda_handler",
            "aws_lambda_function.Lambdas",
            "aws_lambda_layer_version.dependencies",
            "data.archive_file.lambda_package",
            "data.aws_iam_policy_document.role"
          ]
        },
        {
          "index_key": "login",
          "schema_version": 0,
          "attributes": {
            "cache_key_parameters": null,
            "cache_namespace": "4c6ohh",
            "connection_id": "",
            "connection_type": "INTERNET",
            "content_handling": "CONVERT_TO_TEXT",
            "credentials": "",
            "http_method": "POST",
            "id": "agi-iwu3zb3ze5-4c6ohh-POST",
            "integration_http_method": "POST",
            "passthrough_behavior": "WHEN_NO_MATCH",
            "request_parameters": null,
            "request_templates": null,
            "resource_id": "4c6ohh",
            "rest_api_id": "iwu3zb3ze5",
            "timeout_milliseconds": 29000,
            "tls_config": [],
            "type": "AWS",
            "uri": "arn:aws:apigateway:us-west-2:lambda:path/2015-03-31/functions/arn:aws:lambda:us-west-2:615299777283:function:login/invocations"
          },
          "sensitive_attributes": [],
          "identity_schema_version": 0,
          "private": "bnVsbA==",
          "dependencies": [
            "archive_file.layer_package",
            "aws_api_gateway_method.Method",
            "aws_api_gateway_resource.Resources",
            "aws_api_gateway_rest_api.TweeterAPI",
            "aws_iam_role.backend_lambda_handler",
            "aws_lambda_function.Lambdas",
            "aws_lambda_layer_version.dependencies",
            "data.archive_file.lambda_package",
            "data.aws_iam_policy_document.role"
          ]
        },
        {
          "index_key": "register",
          "schema_version": 0,
          "attributes": {
            "cache_key_parameters": null,
            "cache_namespace": "w4itsd",
            "connection_id": "",
            "connection_type": "INTERNET",
            "content_handling": "CONVERT_TO_TEXT",
            "credentials": "",
            "http_method": "POST",
            "id": "agi-iwu3zb3ze5-w4itsd-POST",
            "integration_http_method": "POST",
            "passthrough_behavior": "WHEN_NO_MATCH",
            "request_parameters": null,
            "request_templates": null,
            "resource_id": "w4itsd",
            "rest_api_id": "iwu3zb3ze5",
            "timeout_milliseconds": 29000,
            "tls_config": [],
            "type": "AWS",
            "uri": "arn:aws:apigateway:us-west-2:lambda:path/2015-03-31/functions/arn:aws:lambda:us-west-2:615299777283:function:register/invocations"
          },
          "sensitive_attributes": [],
          "identity_schema_version": 0,
          "private": "bnVsbA==",
          "dependencies": [
            "archive_file.layer_package",
            "aws_api_gateway_method.Method",
            "aws_api_gateway_resource.Resources",
            "aws_api_gateway_rest_api.TweeterAPI",
            "aws_iam_role.backend_lambda_handler",
            "aws_lambda_function.Lambdas",
            "aws_lambda_layer_version.dependencies",
            "data.archive_file.lambda_package",
            "data.aws_iam_policy_document.role"
          ]
        },
        {
          "index_key": "unfollow",
          "schema_version": 0,
          "attributes": {
            "cache_key_parameters": null,
            "cache_namespace": "om9r8r",
            "connection_id": "",
            "connection_type": "INTERNET",
            "content_handling": "CONVERT_TO_TEXT",
            "credentials": "",
            "http_method": "POST",
            "id": "agi-iwu3zb3ze5-om9r8r-POST",
            "integration_http_method": "POST",
            "passthrough_behavior": "WHEN_NO_MATCH",
            "request_parameters": null,
            "request_templates": null,
            "resource_id": "om9r8r",
            "rest_api_id": "iwu3zb3ze5",
            "timeout_milliseconds": 29000,
            "tls_config": [],
            "type": "AWS",
            "uri": "arn:aws:apigateway:us-west-2:lambda:path/2015-03-31/functions/arn:aws:lambda:us-west-2:615299777283:function:unfollow/invocations"
          },
          "sensitive_attributes": [],
          "identity_schema_version": 0,
          "private": "bnVsbA==",
          "dependencies": [
            "archive_file.layer_package",
            "aws_api_gateway_method.Method",
            "aws_api_gateway_resource.Resources",
            "aws_api_gateway_rest_api.TweeterAPI",
            "aws_iam_role.backend_lambda_handler",
            "aws_lambda_function.Lambdas",
            "aws_lambda_layer_version.dependencies",
            "data.archive_file.lambda_package",
            "data.aws_iam_policy_document.role"
          ]
        }
      ]
    },
    {
      "mode": "managed",
      "type": "aws_api_gateway_integration",
      "name": "options",
      "provider": "provider[\"registry.terraform.io/hashicorp/aws\"]",
      "instances": [
        {
          "index_key": "follow",
          "schema_version": 0,
          "attributes": {
            "cache_key_parameters": null,
            "cache_namespace": "41lo2g",
            "connection_id": "",
            "connection_type": "INTERNET",
            "content_handling": "",
            "credentials": "",
            "http_method": "OPTIONS",
            "id": "agi-iwu3zb3ze5-41lo2g-OPTIONS",
            "integration_http_method": "",
            "passthrough_behavior": "WHEN_NO_MATCH",
            "request_parameters": null,
            "request_templates": {
              "application/json": "{ \"statusCode\": 200 }"
            },
            "resource_id": "41lo2g",
            "rest_api_id": "iwu3zb3ze5",
            "timeout_milliseconds": 29000,
            "tls_config": [],
            "type": "MOCK",
            "uri": ""
          },
          "sensitive_attributes": [],
          "identity_schema_version": 0,
          "private": "bnVsbA==",
          "dependencies": [
            "aws_api_gateway_method.options",
            "aws_api_gateway_resource.Resources",
            "aws_api_gateway_rest_api.TweeterAPI"
          ]
        },
        {
          "index_key": "followeeCount",
          "schema_version": 0,
          "attributes": {
            "cache_key_parameters": null,
            "cache_namespace": "6qlhna",
            "connection_id": "",
            "connection_type": "INTERNET",
            "content_handling": "",
            "credentials": "",
            "http_method": "OPTIONS",
            "id": "agi-iwu3zb3ze5-6qlhna-OPTIONS",
            "integration_http_method": "",
            "passthrough_behavior": "WHEN_NO_MATCH",
            "request_parameters": null,
            "request_templates": {
              "application/json": "{ \"statusCode\": 200 }"
            },
            "resource_id": "6qlhna",
            "rest_api_id": "iwu3zb3ze5",
            "timeout_milliseconds": 29000,
            "tls_config": [],
            "type": "MOCK",
            "uri": ""
          },
          "sensitive_attributes": [],
          "identity_schema_version": 0,
          "private": "bnVsbA==",
          "dependencies": [
            "aws_api_gateway_method.options",
            "aws_api_gateway_resource.Resources",
            "aws_api_gateway_rest_api.TweeterAPI"
          ]
        },
        {
          "index_key": "followerCount",
          "schema_version": 0,
          "attributes": {
            "cache_key_parameters": null,
            "cache_namespace": "1v6jbx",
            "connection_id": "",
            "connection_type": "INTERNET",
            "content_handling": "",
            "credentials": "",
            "http_method": "OPTIONS",
            "id": "agi-iwu3zb3ze5-1v6jbx-OPTIONS",
            "integration_http_method": "",
            "passthrough_behavior": "WHEN_NO_MATCH",
            "request_parameters": null,
            "request_templates": {
              "application/json": "{ \"statusCode\": 200 }"
            },
            "resource_id": "1v6jbx",
            "rest_api_id": "iwu3zb3ze5",
            "timeout_milliseconds": 29000,
            "tls_config": [],
            "type": "MOCK",
            "uri": ""
          },
          "sensitive_attributes": [],
          "identity_schema_version": 0,
          "private": "bnVsbA==",
          "dependencies": [
            "aws_api_gateway_method.options",
            "aws_api_gateway_resource.Resources",
            "aws_api_gateway_rest_api.TweeterAPI"
          ]
        },
        {
          "index_key": "getFeedItems",
          "schema_version": 0,
          "attributes": {
            "cache_key_parameters": null,
            "cache_namespace": "pqxilu",
            "connection_id": "",
            "connection_type": "INTERNET",
            "content_handling": "",
            "credentials": "",
            "http_method": "OPTIONS",
            "id": "agi-iwu3zb3ze5-pqxilu-OPTIONS",
            "integration_http_method": "",
            "passthrough_behavior": "WHEN_NO_MATCH",
            "request_parameters": null,
            "request_templates": {
              "application/json": "{ \"statusCode\": 200 }"
            },
            "resource_id": "pqxilu",
            "rest_api_id": "iwu3zb3ze5",
            "timeout_milliseconds": 29000,
            "tls_config": [],
            "type": "MOCK",
            "uri": ""
          },
          "sensitive_attributes": [],
          "identity_schema_version": 0,
          "private": "bnVsbA==",
          "dependencies": [
            "aws_api_gateway_method.options",
            "aws_api_gateway_resource.Resources",
            "aws_api_gateway_rest_api.TweeterAPI"
          ]
        },
        {
          "index_key": "getMoreFollowees",
          "schema_version": 0,
          "attributes": {
            "cache_key_parameters": null,
            "cache_namespace": "ivrcqb",
            "connection_id": "",
            "connection_type": "INTERNET",
            "content_handling": "",
            "credentials": "",
            "http_method": "OPTIONS",
            "id": "agi-iwu3zb3ze5-ivrcqb-OPTIONS",
            "integration_http_method": "",
            "passthrough_behavior": "WHEN_NO_MATCH",
            "request_parameters": null,
            "request_templates": {
              "application/json": "{ \"statusCode\": 200 }"
            },
            "resource_id": "ivrcqb",
            "rest_api_id": "iwu3zb3ze5",
            "timeout_milliseconds": 29000,
            "tls_config": [],
            "type": "MOCK",
            "uri": ""
          },
          "sensitive_attributes": [],
          "identity_schema_version": 0,
          "private": "bnVsbA==",
          "dependencies": [
            "aws_api_gateway_method.options",
            "aws_api_gateway_resource.Resources",
            "aws_api_gateway_rest_api.TweeterAPI"
          ]
        },
        {
          "index_key": "getMoreFollowers",
          "schema_version": 0,
          "attributes": {
            "cache_key_parameters": null,
            "cache_namespace": "dxe6dy",
            "connection_id": "",
            "connection_type": "INTERNET",
            "content_handling": "",
            "credentials": "",
            "http_method": "OPTIONS",
            "id": "agi-iwu3zb3ze5-dxe6dy-OPTIONS",
            "integration_http_method": "",
            "passthrough_behavior": "WHEN_NO_MATCH",
            "request_parameters": null,
            "request_templates": {
              "application/json": "{ \"statusCode\": 200 }"
            },
            "resource_id": "dxe6dy",
            "rest_api_id": "iwu3zb3ze5",
            "timeout_milliseconds": 29000,
            "tls_config": [],
            "type": "MOCK",
            "uri": ""
          },
          "sensitive_attributes": [],
          "identity_schema_version": 0,
          "private": "bnVsbA==",
          "dependencies": [
            "aws_api_gateway_method.options",
            "aws_api_gateway_resource.Resources",
            "aws_api_gateway_rest_api.TweeterAPI"
          ]
        },
        {
          "index_key": "getStoryItems",
          "schema_version": 0,
          "attributes": {
            "cache_key_parameters": null,
            "cache_namespace": "k38fzp",
            "connection_id": "",
            "connection_type": "INTERNET",
            "content_handling": "",
            "credentials": "",
            "http_method": "OPTIONS",
            "id": "agi-iwu3zb3ze5-k38fzp-OPTIONS",
            "integration_http_method": "",
            "passthrough_behavior": "WHEN_NO_MATCH",
            "request_parameters": null,
            "request_templates": {
              "application/json": "{ \"statusCode\": 200 }"
            },
            "resource_id": "k38fzp",
            "rest_api_id": "iwu3zb3ze5",
            "timeout_milliseconds": 29000,
            "tls_config": [],
            "type": "MOCK",
            "uri": ""
          },
          "sensitive_attributes": [],
          "identity_schema_version": 0,
          "private": "bnVsbA==",
          "dependencies": [
            "aws_api_gateway_method.options",
            "aws_api_gateway_resource.Resources",
            "aws_api_gateway_rest_api.TweeterAPI"
          ]
        },
        {
          "index_key": "getUser",
          "schema_version": 0,
          "attributes": {
            "cache_key_parameters": null,
            "cache_namespace": "fandgi",
            "connection_id": "",
            "connection_type": "INTERNET",
            "content_handling": "",
            "credentials": "",
            "http_method": "OPTIONS",
            "id": "agi-iwu3zb3ze5-fandgi-OPTIONS",
            "integration_http_method": "",
            "passthrough_behavior": "WHEN_NO_MATCH",
            "request_parameters": null,
            "request_templates": {
              "application/json": "{ \"statusCode\": 200 }"
            },
            "resource_id": "fandgi",
            "rest_api_id": "iwu3zb3ze5",
            "timeout_milliseconds": 29000,
            "tls_config": [],
            "type": "MOCK",
            "uri": ""
          },
          "sensitive_attributes": [],
          "identity_schema_version": 0,
          "private": "bnVsbA==",
          "dependencies": [
            "aws_api_gateway_method.options",
            "aws_api_gateway_resource.Resources",
            "aws_api_gateway_rest_api.TweeterAPI"
          ]
        },
        {
          "index_key": "isFollower",
          "schema_version": 0,
          "attributes": {
            "cache_key_parameters": null,
            "cache_namespace": "zcf6o9",
            "connection_id": "",
            "connection_type": "INTERNET",
            "content_handling": "",
            "credentials": "",
            "http_method": "OPTIONS",
            "id": "agi-iwu3zb3ze5-zcf6o9-OPTIONS",
            "integration_http_method": "",
            "passthrough_behavior": "WHEN_NO_MATCH",
            "request_parameters": null,
            "request_templates": {
              "application/json": "{ \"statusCode\": 200 }"
            },
            "resource_id": "zcf6o9",
            "rest_api_id": "iwu3zb3ze5",
            "timeout_milliseconds": 29000,
            "tls_config": [],
            "type": "MOCK",
            "uri": ""
          },
          "sensitive_attributes": [],
          "identity_schema_version": 0,
          "private": "bnVsbA==",
          "dependencies": [
            "aws_api_gateway_method.options",
            "aws_api_gateway_resource.Resources",
            "aws_api_gateway_rest_api.TweeterAPI"
          ]
        },
        {
          "index_key": "login",
          "schema_version": 0,
          "attributes": {
            "cache_key_parameters": null,
            "cache_namespace": "4c6ohh",
            "connection_id": "",
            "connection_type": "INTERNET",
            "content_handling": "",
            "credentials": "",
            "http_method": "OPTIONS",
            "id": "agi-iwu3zb3ze5-4c6ohh-OPTIONS",
            "integration_http_method": "",
            "passthrough_behavior": "WHEN_NO_MATCH",
            "request_parameters": null,
            "request_templates": {
              "application/json": "{ \"statusCode\": 200 }"
            },
            "resource_id": "4c6ohh",
            "rest_api_id": "iwu3zb3ze5",
            "timeout_milliseconds": 29000,
            "tls_config": [],
            "type": "MOCK",
            "uri": ""
          },
          "sensitive_attributes": [],
          "identity_schema_version": 0,
          "private": "bnVsbA==",
          "dependencies": [
            "aws_api_gateway_method.options",
            "aws_api_gateway_resource.Resources",
            "aws_api_gateway_rest_api.TweeterAPI"
          ]
        },
        {
          "index_key": "register",
          "schema_version": 0,
          "attributes": {
            "cache_key_parameters": null,
            "cache_namespace": "w4itsd",
            "connection_id": "",
            "connection_type": "INTERNET",
            "content_handling": "",
            "credentials": "",
            "http_method": "OPTIONS",
            "id": "agi-iwu3zb3ze5-w4itsd-OPTIONS",
            "integration_http_method": "",
            "passthrough_behavior": "WHEN_NO_MATCH",
            "request_parameters": null,
            "request_templates": {
              "application/json": "{ \"statusCode\": 200 }"
            },
            "resource_id": "w4itsd",
            "rest_api_id": "iwu3zb3ze5",
            "timeout_milliseconds": 29000,
            "tls_config": [],
            "type": "MOCK",
            "uri": ""
          },
          "sensitive_attributes": [],
          "identity_schema_version": 0,
          "private": "bnVsbA==",
          "dependencies": [
            "aws_api_gateway_method.options",
            "aws_api_gateway_resource.Resources",
            "aws_api_gateway_rest_api.TweeterAPI"
          ]
        },
        {
          "index_key": "unfollow",
          "schema_version": 0,
          "attributes": {
            "cache_key_parameters": null,
            "cache_namespace": "om9r8r",
            "connection_id": "",
            "connection_type": "INTERNET",
            "content_handling": "",
            "credentials": "",
            "http_method": "OPTIONS",
            "id": "agi-iwu3zb3ze5-om9r8r-OPTIONS",
            "integration_http_method": "",
            "passthrough_behavior": "WHEN_NO_MATCH",
            "request_parameters": null,
            "request_templates": {
              "application/json": "{ \"statusCode\": 200 }"
            },
            "resource_id": "om9r8r",
            "rest_api_id": "iwu3zb3ze5",
            "timeout_milliseconds": 29000,
            "tls_config": [],
            "type": "MOCK",
            "uri": ""
          },
          "sensitive_attributes": [],
          "identity_schema_version": 0,
          "private": "bnVsbA==",
          "dependencies": [
            "aws_api_gateway_method.options",
            "aws_api_gateway_resource.Resources",
            "aws_api_gateway_rest_api.TweeterAPI"
          ]
        }
      ]
    },
    {
      "mode": "managed",
      "type": "aws_api_gateway_integration_response",
      "name": "error_response400",
      "provider": "provider[\"registry.terraform.io/hashicorp/aws\"]",
      "instances": [
        {
          "index_key": "follow",
          "schema_version": 0,
          "attributes": {
            "content_handling": "",
            "http_method": "POST",
            "id": "agir-iwu3zb3ze5-41lo2g-POST-400",
            "resource_id": "41lo2g",
            "response_parameters": {
              "method.response.header.Access-Control-Allow-Headers": "'Content-Type,X-Amz-Date,Authorization,X-Api-Key,X-Amz-Security-Token'",
              "method.response.header.Access-Control-Allow-Methods": "'DELETE,GET,HEAD,OPTIONS,PATCH,POST,PUT'",
              "method.response.header.Access-Control-Allow-Origin": "'*'"
            },
            "response_templates": null,
            "rest_api_id": "iwu3zb3ze5",
            "selection_pattern": ".*\\[400\\].*",
            "status_code": "400"
          },
          "sensitive_attributes": [],
          "identity_schema_version": 0,
          "private": "bnVsbA==",
          "dependencies": [
            "archive_file.layer_package",
            "aws_api_gateway_integration.MethodIntegration",
            "aws_api_gateway_method.Method",
            "aws_api_gateway_method_response.response400",
            "aws_api_gateway_resource.Resources",
            "aws_api_gateway_rest_api.TweeterAPI",
            "aws_iam_role.backend_lambda_handler",
            "aws_lambda_function.Lambdas",
            "aws_lambda_layer_version.dependencies",
            "data.archive_file.lambda_package",
            "data.aws_iam_policy_document.role"
          ]
        },
        {
          "index_key": "followeeCount",
          "schema_version": 0,
          "attributes": {
            "content_handling": "",
            "http_method": "POST",
            "id": "agir-iwu3zb3ze5-6qlhna-POST-400",
            "resource_id": "6qlhna",
            "response_parameters": {
              "method.response.header.Access-Control-Allow-Headers": "'Content-Type,X-Amz-Date,Authorization,X-Api-Key,X-Amz-Security-Token'",
              "method.response.header.Access-Control-Allow-Methods": "'DELETE,GET,HEAD,OPTIONS,PATCH,POST,PUT'",
              "method.response.header.Access-Control-Allow-Origin": "'*'"
            },
            "response_templates": null,
            "rest_api_id": "iwu3zb3ze5",
            "selection_pattern": ".*\\[400\\].*",
            "status_code": "400"
          },
          "sensitive_attributes": [],
          "identity_schema_version": 0,
          "private": "bnVsbA==",
          "dependencies": [
            "archive_file.layer_package",
            "aws_api_gateway_integration.MethodIntegration",
            "aws_api_gateway_method.Method",
            "aws_api_gateway_method_response.response400",
            "aws_api_gateway_resource.Resources",
            "aws_api_gateway_rest_api.TweeterAPI",
            "aws_iam_role.backend_lambda_handler",
            "aws_lambda_function.Lambdas",
            "aws_lambda_layer_version.dependencies",
            "data.archive_file.lambda_package",
            "data.aws_iam_policy_document.role"
          ]
        },
        {
          "index_key": "followerCount",
          "schema_version": 0,
          "attributes": {
            "content_handling": "",
            "http_method": "POST",
            "id": "agir-iwu3zb3ze5-1v6jbx-POST-400",
            "resource_id": "1v6jbx",
            "response_parameters": {
              "method.response.header.Access-Control-Allow-Headers": "'Content-Type,X-Amz-Date,Authorization,X-Api-Key,X-Amz-Security-Token'",
              "method.response.header.Access-Control-Allow-Methods": "'DELETE,GET,HEAD,OPTIONS,PATCH,POST,PUT'",
              "method.response.header.Access-Control-Allow-Origin": "'*'"
            },
            "response_templates": null,
            "rest_api_id": "iwu3zb3ze5",
            "selection_pattern": ".*\\[400\\].*",
            "status_code": "400"
          },
          "sensitive_attributes": [],
          "identity_schema_version": 0,
          "private": "bnVsbA==",
          "dependencies": [
            "archive_file.layer_package",
            "aws_api_gateway_integration.MethodIntegration",
            "aws_api_gateway_method.Method",
            "aws_api_gateway_method_response.response400",
            "aws_api_gateway_resource.Resources",
            "aws_api_gateway_rest_api.TweeterAPI",
            "aws_iam_role.backend_lambda_handler",
            "aws_lambda_function.Lambdas",
            "aws_lambda_layer_version.dependencies",
            "data.archive_file.lambda_package",
            "data.aws_iam_policy_document.role"
          ]
        },
        {
          "index_key": "getFeedItems",
          "schema_version": 0,
          "attributes": {
            "content_handling": "",
            "http_method": "POST",
            "id": "agir-iwu3zb3ze5-pqxilu-POST-400",
            "resource_id": "pqxilu",
            "response_parameters": {
              "method.response.header.Access-Control-Allow-Headers": "'Content-Type,X-Amz-Date,Authorization,X-Api-Key,X-Amz-Security-Token'",
              "method.response.header.Access-Control-Allow-Methods": "'DELETE,GET,HEAD,OPTIONS,PATCH,POST,PUT'",
              "method.response.header.Access-Control-Allow-Origin": "'*'"
            },
            "response_templates": null,
            "rest_api_id": "iwu3zb3ze5",
            "selection_pattern": ".*\\[400\\].*",
            "status_code": "400"
          },
          "sensitive_attributes": [],
          "identity_schema_version": 0,
          "private": "bnVsbA==",
          "dependencies": [
            "archive_file.layer_package",
            "aws_api_gateway_integration.MethodIntegration",
            "aws_api_gateway_method.Method",
            "aws_api_gateway_method_response.response400",
            "aws_api_gateway_resource.Resources",
            "aws_api_gateway_rest_api.TweeterAPI",
            "aws_iam_role.backend_lambda_handler",
            "aws_lambda_function.Lambdas",
            "aws_lambda_layer_version.dependencies",
            "data.archive_file.lambda_package",
            "data.aws_iam_policy_document.role"
          ]
        },
        {
          "index_key": "getMoreFollowees",
          "schema_version": 0,
          "attributes": {
            "content_handling": "",
            "http_method": "POST",
            "id": "agir-iwu3zb3ze5-ivrcqb-POST-400",
            "resource_id": "ivrcqb",
            "response_parameters": {
              "method.response.header.Access-Control-Allow-Headers": "'Content-Type,X-Amz-Date,Authorization,X-Api-Key,X-Amz-Security-Token'",
              "method.response.header.Access-Control-Allow-Methods": "'DELETE,GET,HEAD,OPTIONS,PATCH,POST,PUT'",
              "method.response.header.Access-Control-Allow-Origin": "'*'"
            },
            "response_templates": null,
            "rest_api_id": "iwu3zb3ze5",
            "selection_pattern": ".*\\[400\\].*",
            "status_code": "400"
          },
          "sensitive_attributes": [],
          "identity_schema_version": 0,
          "private": "bnVsbA==",
          "dependencies": [
            "archive_file.layer_package",
            "aws_api_gateway_integration.MethodIntegration",
            "aws_api_gateway_method.Method",
            "aws_api_gateway_method_response.response400",
            "aws_api_gateway_resource.Resources",
            "aws_api_gateway_rest_api.TweeterAPI",
            "aws_iam_role.backend_lambda_handler",
            "aws_lambda_function.Lambdas",
            "aws_lambda_layer_version.dependencies",
            "data.archive_file.lambda_package",
            "data.aws_iam_policy_document.role"
          ]
        },
        {
          "index_key": "getMoreFollowers",
          "schema_version": 0,
          "attributes": {
            "content_handling": "",
            "http_method": "POST",
            "id": "agir-iwu3zb3ze5-dxe6dy-POST-400",
            "resource_id": "dxe6dy",
            "response_parameters": {
              "method.response.header.Access-Control-Allow-Headers": "'Content-Type,X-Amz-Date,Authorization,X-Api-Key,X-Amz-Security-Token'",
              "method.response.header.Access-Control-Allow-Methods": "'DELETE,GET,HEAD,OPTIONS,PATCH,POST,PUT'",
              "method.response.header.Access-Control-Allow-Origin": "'*'"
            },
            "response_templates": null,
            "rest_api_id": "iwu3zb3ze5",
            "selection_pattern": ".*\\[400\\].*",
            "status_code": "400"
          },
          "sensitive_attributes": [],
          "identity_schema_version": 0,
          "private": "bnVsbA==",
          "dependencies": [
            "archive_file.layer_package",
            "aws_api_gateway_integration.MethodIntegration",
            "aws_api_gateway_method.Method",
            "aws_api_gateway_method_response.response400",
            "aws_api_gateway_resource.Resources",
            "aws_api_gateway_rest_api.TweeterAPI",
            "aws_iam_role.backend_lambda_handler",
            "aws_lambda_function.Lambdas",
            "aws_lambda_layer_version.dependencies",
            "data.archive_file.lambda_package",
            "data.aws_iam_policy_document.role"
          ]
        },
        {
          "index_key": "getStoryItems",
          "schema_version": 0,
          "attributes": {
            "content_handling": "",
            "http_method": "POST",
            "id": "agir-iwu3zb3ze5-k38fzp-POST-400",
            "resource_id": "k38fzp",
            "response_parameters": {
              "method.response.header.Access-Control-Allow-Headers": "'Content-Type,X-Amz-Date,Authorization,X-Api-Key,X-Amz-Security-Token'",
              "method.response.header.Access-Control-Allow-Methods": "'DELETE,GET,HEAD,OPTIONS,PATCH,POST,PUT'",
              "method.response.header.Access-Control-Allow-Origin": "'*'"
            },
            "response_templates": null,
            "rest_api_id": "iwu3zb3ze5",
            "selection_pattern": ".*\\[400\\].*",
            "status_code": "400"
          },
          "sensitive_attributes": [],
          "identity_schema_version": 0,
          "private": "bnVsbA==",
          "dependencies": [
            "archive_file.layer_package",
            "aws_api_gateway_integration.MethodIntegration",
            "aws_api_gateway_method.Method",
            "aws_api_gateway_method_response.response400",
            "aws_api_gateway_resource.Resources",
            "aws_api_gateway_rest_api.TweeterAPI",
            "aws_iam_role.backend_lambda_handler",
            "aws_lambda_function.Lambdas",
            "aws_lambda_layer_version.dependencies",
            "data.archive_file.lambda_package",
            "data.aws_iam_policy_document.role"
          ]
        },
        {
          "index_key": "getUser",
          "schema_version": 0,
          "attributes": {
            "content_handling": "",
            "http_method": "POST",
            "id": "agir-iwu3zb3ze5-fandgi-POST-400",
            "resource_id": "fandgi",
            "response_parameters": {
              "method.response.header.Access-Control-Allow-Headers": "'Content-Type,X-Amz-Date,Authorization,X-Api-Key,X-Amz-Security-Token'",
              "method.response.header.Access-Control-Allow-Methods": "'DELETE,GET,HEAD,OPTIONS,PATCH,POST,PUT'",
              "method.response.header.Access-Control-Allow-Origin": "'*'"
            },
            "response_templates": null,
            "rest_api_id": "iwu3zb3ze5",
            "selection_pattern": ".*\\[400\\].*",
            "status_code": "400"
          },
          "sensitive_attributes": [],
          "identity_schema_version": 0,
          "private": "bnVsbA==",
          "dependencies": [
            "archive_file.layer_package",
            "aws_api_gateway_integration.MethodIntegration",
            "aws_api_gateway_method.Method",
            "aws_api_gateway_method_response.response400",
            "aws_api_gateway_resource.Resources",
            "aws_api_gateway_rest_api.TweeterAPI",
            "aws_iam_role.backend_lambda_handler",
            "aws_lambda_function.Lambdas",
            "aws_lambda_layer_version.dependencies",
            "data.archive_file.lambda_package",
            "data.aws_iam_policy_document.role"
          ]
        },
        {
          "index_key": "isFollower",
          "schema_version": 0,
          "attributes": {
            "content_handling": "",
            "http_method": "POST",
            "id": "agir-iwu3zb3ze5-zcf6o9-POST-400",
            "resource_id": "zcf6o9",
            "response_parameters": {
              "method.response.header.Access-Control-Allow-Headers": "'Content-Type,X-Amz-Date,Authorization,X-Api-Key,X-Amz-Security-Token'",
              "method.response.header.Access-Control-Allow-Methods": "'DELETE,GET,HEAD,OPTIONS,PATCH,POST,PUT'",
              "method.response.header.Access-Control-Allow-Origin": "'*'"
            },
            "response_templates": null,
            "rest_api_id": "iwu3zb3ze5",
            "selection_pattern": ".*\\[400\\].*",
            "status_code": "400"
          },
          "sensitive_attributes": [],
          "identity_schema_version": 0,
          "private": "bnVsbA==",
          "dependencies": [
            "archive_file.layer_package",
            "aws_api_gateway_integration.MethodIntegration",
            "aws_api_gateway_method.Method",
            "aws_api_gateway_method_response.response400",
            "aws_api_gateway_resource.Resources",
            "aws_api_gateway_rest_api.TweeterAPI",
            "aws_iam_role.backend_lambda_handler",
            "aws_lambda_function.Lambdas",
            "aws_lambda_layer_version.dependencies",
            "data.archive_file.lambda_package",
            "data.aws_iam_policy_document.role"
          ]
        },
        {
          "index_key": "login",
          "schema_version": 0,
          "attributes": {
            "content_handling": "",
            "http_method": "POST",
            "id": "agir-iwu3zb3ze5-4c6ohh-POST-400",
            "resource_id": "4c6ohh",
            "response_parameters": {
              "method.response.header.Access-Control-Allow-Headers": "'Content-Type,X-Amz-Date,Authorization,X-Api-Key,X-Amz-Security-Token'",
              "method.response.header.Access-Control-Allow-Methods": "'DELETE,GET,HEAD,OPTIONS,PATCH,POST,PUT'",
              "method.response.header.Access-Control-Allow-Origin": "'*'"
            },
            "response_templates": null,
            "rest_api_id": "iwu3zb3ze5",
            "selection_pattern": ".*\\[400\\].*",
            "status_code": "400"
          },
          "sensitive_attributes": [],
          "identity_schema_version": 0,
          "private": "bnVsbA==",
          "dependencies": [
            "archive_file.layer_package",
            "aws_api_gateway_integration.MethodIntegration",
            "aws_api_gateway_method.Method",
            "aws_api_gateway_method_response.response400",
            "aws_api_gateway_resource.Resources",
            "aws_api_gateway_rest_api.TweeterAPI",
            "aws_iam_role.backend_lambda_handler",
            "aws_lambda_function.Lambdas",
            "aws_lambda_layer_version.dependencies",
            "data.archive_file.lambda_package",
            "data.aws_iam_policy_document.role"
          ]
        },
        {
          "index_key": "register",
          "schema_version": 0,
          "attributes": {
            "content_handling": "",
            "http_method": "POST",
            "id": "agir-iwu3zb3ze5-w4itsd-POST-400",
            "resource_id": "w4itsd",
            "response_parameters": {
              "method.response.header.Access-Control-Allow-Headers": "'Content-Type,X-Amz-Date,Authorization,X-Api-Key,X-Amz-Security-Token'",
              "method.response.header.Access-Control-Allow-Methods": "'DELETE,GET,HEAD,OPTIONS,PATCH,POST,PUT'",
              "method.response.header.Access-Control-Allow-Origin": "'*'"
            },
            "response_templates": null,
            "rest_api_id": "iwu3zb3ze5",
            "selection_pattern": ".*\\[400\\].*",
            "status_code": "400"
          },
          "sensitive_attributes": [],
          "identity_schema_version": 0,
          "private": "bnVsbA==",
          "dependencies": [
            "archive_file.layer_package",
            "aws_api_gateway_integration.MethodIntegration",
            "aws_api_gateway_method.Method",
            "aws_api_gateway_method_response.response400",
            "aws_api_gateway_resource.Resources",
            "aws_api_gateway_rest_api.TweeterAPI",
            "aws_iam_role.backend_lambda_handler",
            "aws_lambda_function.Lambdas",
            "aws_lambda_layer_version.dependencies",
            "data.archive_file.lambda_package",
            "data.aws_iam_policy_document.role"
          ]
        },
        {
          "index_key": "unfollow",
          "schema_version": 0,
          "attributes": {
            "content_handling": "",
            "http_method": "POST",
            "id": "agir-iwu3zb3ze5-om9r8r-POST-400",
            "resource_id": "om9r8r",
            "response_parameters": {
              "method.response.header.Access-Control-Allow-Headers": "'Content-Type,X-Amz-Date,Authorization,X-Api-Key,X-Amz-Security-Token'",
              "method.response.header.Access-Control-Allow-Methods": "'DELETE,GET,HEAD,OPTIONS,PATCH,POST,PUT'",
              "method.response.header.Access-Control-Allow-Origin": "'*'"
            },
            "response_templates": null,
            "rest_api_id": "iwu3zb3ze5",
            "selection_pattern": ".*\\[400\\].*",
            "status_code": "400"
          },
          "sensitive_attributes": [],
          "identity_schema_version": 0,
          "private": "bnVsbA==",
          "dependencies": [
            "archive_file.layer_package",
            "aws_api_gateway_integration.MethodIntegration",
            "aws_api_gateway_method.Method",
            "aws_api_gateway_method_response.response400",
            "aws_api_gateway_resource.Resources",
            "aws_api_gateway_rest_api.TweeterAPI",
            "aws_iam_role.backend_lambda_handler",
            "aws_lambda_function.Lambdas",
            "aws_lambda_layer_version.dependencies",
            "data.archive_file.lambda_package",
            "data.aws_iam_policy_document.role"
          ]
        }
      ]
    },
    {
      "mode": "managed",
      "type": "aws_api_gateway_integration_response",
      "name": "error_response500",
      "provider": "provider[\"registry.terraform.io/hashicorp/aws\"]",
      "instances": [
        {
          "index_key": "follow",
          "schema_version": 0,
          "attributes": {
            "content_handling": "",
            "http_method": "POST",
            "id": "agir-iwu3zb3ze5-41lo2g-POST-500",
            "resource_id": "41lo2g",
            "response_parameters": {
              "method.response.header.Access-Control-Allow-Headers": "'Content-Type,X-Amz-Date,Authorization,X-Api-Key,X-Amz-Security-Token'",
              "method.response.header.Access-Control-Allow-Methods": "'DELETE,GET,HEAD,OPTIONS,PATCH,POST,PUT'",
              "method.response.header.Access-Control-Allow-Origin": "'*'"
            },
            "response_templates": null,
            "rest_api_id": "iwu3zb3ze5",
            "selection_pattern": ".*\\[500\\].*",
            "status_code": "500"
          },
          "sensitive_attributes": [],
          "identity_schema_version": 0,
          "private": "bnVsbA==",
          "dependencies": [
            "archive_file.layer_package",
            "aws_api_gateway_integration.MethodIntegration",
            "aws_api_gateway_method.Method",
            "aws_api_gateway_method_response.response500",
            "aws_api_gateway_resource.Resources",
            "aws_api_gateway_rest_api.TweeterAPI",
            "aws_iam_role.backend_lambda_handler",
            "aws_lambda_function.Lambdas",
            "aws_lambda_layer_version.dependencies",
            "data.archive_file.lambda_package",
            "data.aws_iam_policy_document.role"
          ]
        },
        {
          "index_key": "followeeCount",
          "schema_version": 0,
          "attributes": {
            "content_handling": "",
            "http_method": "POST",
            "id": "agir-iwu3zb3ze5-6qlhna-POST-500",
            "resource_id": "6qlhna",
            "response_parameters": {
              "method.response.header.Access-Control-Allow-Headers": "'Content-Type,X-Amz-Date,Authorization,X-Api-Key,X-Amz-Security-Token'",
              "method.response.header.Access-Control-Allow-Methods": "'DELETE,GET,HEAD,OPTIONS,PATCH,POST,PUT'",
              "method.response.header.Access-Control-Allow-Origin": "'*'"
            },
            "response_templates": null,
            "rest_api_id": "iwu3zb3ze5",
            "selection_pattern": ".*\\[500\\].*",
            "status_code": "500"
          },
          "sensitive_attributes": [],
          "identity_schema_version": 0,
          "private": "bnVsbA==",
          "dependencies": [
            "archive_file.layer_package",
            "aws_api_gateway_integration.MethodIntegration",
            "aws_api_gateway_method.Method",
            "aws_api_gateway_method_response.response500",
            "aws_api_gateway_resource.Resources",
            "aws_api_gateway_rest_api.TweeterAPI",
            "aws_iam_role.backend_lambda_handler",
            "aws_lambda_function.Lambdas",
            "aws_lambda_layer_version.dependencies",
            "data.archive_file.lambda_package",
            "data.aws_iam_policy_document.role"
          ]
        },
        {
          "index_key": "followerCount",
          "schema_version": 0,
          "attributes": {
            "content_handling": "",
            "http_method": "POST",
            "id": "agir-iwu3zb3ze5-1v6jbx-POST-500",
            "resource_id": "1v6jbx",
            "response_parameters": {
              "method.response.header.Access-Control-Allow-Headers": "'Content-Type,X-Amz-Date,Authorization,X-Api-Key,X-Amz-Security-Token'",
              "method.response.header.Access-Control-Allow-Methods": "'DELETE,GET,HEAD,OPTIONS,PATCH,POST,PUT'",
              "method.response.header.Access-Control-Allow-Origin": "'*'"
            },
            "response_templates": null,
            "rest_api_id": "iwu3zb3ze5",
            "selection_pattern": ".*\\[500\\].*",
            "status_code": "500"
          },
          "sensitive_attributes": [],
          "identity_schema_version": 0,
          "private": "bnVsbA==",
          "dependencies": [
            "archive_file.layer_package",
            "aws_api_gateway_integration.MethodIntegration",
            "aws_api_gateway_method.Method",
            "aws_api_gateway_method_response.response500",
            "aws_api_gateway_resource.Resources",
            "aws_api_gateway_rest_api.TweeterAPI",
            "aws_iam_role.backend_lambda_handler",
            "aws_lambda_function.Lambdas",
            "aws_lambda_layer_version.dependencies",
            "data.archive_file.lambda_package",
            "data.aws_iam_policy_document.role"
          ]
        },
        {
          "index_key": "getFeedItems",
          "schema_version": 0,
          "attributes": {
            "content_handling": "",
            "http_method": "POST",
            "id": "agir-iwu3zb3ze5-pqxilu-POST-500",
            "resource_id": "pqxilu",
            "response_parameters": {
              "method.response.header.Access-Control-Allow-Headers": "'Content-Type,X-Amz-Date,Authorization,X-Api-Key,X-Amz-Security-Token'",
              "method.response.header.Access-Control-Allow-Methods": "'DELETE,GET,HEAD,OPTIONS,PATCH,POST,PUT'",
              "method.response.header.Access-Control-Allow-Origin": "'*'"
            },
            "response_templates": null,
            "rest_api_id": "iwu3zb3ze5",
            "selection_pattern": ".*\\[500\\].*",
            "status_code": "500"
          },
          "sensitive_attributes": [],
          "identity_schema_version": 0,
          "private": "bnVsbA==",
          "dependencies": [
            "archive_file.layer_package",
            "aws_api_gateway_integration.MethodIntegration",
            "aws_api_gateway_method.Method",
            "aws_api_gateway_method_response.response500",
            "aws_api_gateway_resource.Resources",
            "aws_api_gateway_rest_api.TweeterAPI",
            "aws_iam_role.backend_lambda_handler",
            "aws_lambda_function.Lambdas",
            "aws_lambda_layer_version.dependencies",
            "data.archive_file.lambda_package",
            "data.aws_iam_policy_document.role"
          ]
        },
        {
          "index_key": "getMoreFollowees",
          "schema_version": 0,
          "attributes": {
            "content_handling": "",
            "http_method": "POST",
            "id": "agir-iwu3zb3ze5-ivrcqb-POST-500",
            "resource_id": "ivrcqb",
            "response_parameters": {
              "method.response.header.Access-Control-Allow-Headers": "'Content-Type,X-Amz-Date,Authorization,X-Api-Key,X-Amz-Security-Token'",
              "method.response.header.Access-Control-Allow-Methods": "'DELETE,GET,HEAD,OPTIONS,PATCH,POST,PUT'",
              "method.response.header.Access-Control-Allow-Origin": "'*'"
            },
            "response_templates": null,
            "rest_api_id": "iwu3zb3ze5",
            "selection_pattern": ".*\\[500\\].*",
            "status_code": "500"
          },
          "sensitive_attributes": [],
          "identity_schema_version": 0,
          "private": "bnVsbA==",
          "dependencies": [
            "archive_file.layer_package",
            "aws_api_gateway_integration.MethodIntegration",
            "aws_api_gateway_method.Method",
            "aws_api_gateway_method_response.response500",
            "aws_api_gateway_resource.Resources",
            "aws_api_gateway_rest_api.TweeterAPI",
            "aws_iam_role.backend_lambda_handler",
            "aws_lambda_function.Lambdas",
            "aws_lambda_layer_version.dependencies",
            "data.archive_file.lambda_package",
            "data.aws_iam_policy_document.role"
          ]
        },
        {
          "index_key": "getMoreFollowers",
          "schema_version": 0,
          "attributes": {
            "content_handling": "",
            "http_method": "POST",
            "id": "agir-iwu3zb3ze5-dxe6dy-POST-500",
            "resource_id": "dxe6dy",
            "response_parameters": {
              "method.response.header.Access-Control-Allow-Headers": "'Content-Type,X-Amz-Date,Authorization,X-Api-Key,X-Amz-Security-Token'",
              "method.response.header.Access-Control-Allow-Methods": "'DELETE,GET,HEAD,OPTIONS,PATCH,POST,PUT'",
              "method.response.header.Access-Control-Allow-Origin": "'*'"
            },
            "response_templates": null,
            "rest_api_id": "iwu3zb3ze5",
            "selection_pattern": ".*\\[500\\].*",
            "status_code": "500"
          },
          "sensitive_attributes": [],
          "identity_schema_version": 0,
          "private": "bnVsbA==",
          "dependencies": [
            "archive_file.layer_package",
            "aws_api_gateway_integration.MethodIntegration",
            "aws_api_gateway_method.Method",
            "aws_api_gateway_method_response.response500",
            "aws_api_gateway_resource.Resources",
            "aws_api_gateway_rest_api.TweeterAPI",
            "aws_iam_role.backend_lambda_handler",
            "aws_lambda_function.Lambdas",
            "aws_lambda_layer_version.dependencies",
            "data.archive_file.lambda_package",
            "data.aws_iam_policy_document.role"
          ]
        },
        {
          "index_key": "getStoryItems",
          "schema_version": 0,
          "attributes": {
            "content_handling": "",
            "http_method": "POST",
            "id": "agir-iwu3zb3ze5-k38fzp-POST-500",
            "resource_id": "k38fzp",
            "response_parameters": {
              "method.response.header.Access-Control-Allow-Headers": "'Content-Type,X-Amz-Date,Authorization,X-Api-Key,X-Amz-Security-Token'",
              "method.response.header.Access-Control-Allow-Methods": "'DELETE,GET,HEAD,OPTIONS,PATCH,POST,PUT'",
              "method.response.header.Access-Control-Allow-Origin": "'*'"
            },
            "response_templates": null,
            "rest_api_id": "iwu3zb3ze5",
            "selection_pattern": ".*\\[500\\].*",
            "status_code": "500"
          },
          "sensitive_attributes": [],
          "identity_schema_version": 0,
          "private": "bnVsbA==",
          "dependencies": [
            "archive_file.layer_package",
            "aws_api_gateway_integration.MethodIntegration",
            "aws_api_gateway_method.Method",
            "aws_api_gateway_method_response.response500",
            "aws_api_gateway_resource.Resources",
            "aws_api_gateway_rest_api.TweeterAPI",
            "aws_iam_role.backend_lambda_handler",
            "aws_lambda_function.Lambdas",
            "aws_lambda_layer_version.dependencies",
            "data.archive_file.lambda_package",
            "data.aws_iam_policy_document.role"
          ]
        },
        {
          "index_key": "getUser",
          "schema_version": 0,
          "attributes": {
            "content_handling": "",
            "http_method": "POST",
            "id": "agir-iwu3zb3ze5-fandgi-POST-500",
            "resource_id": "fandgi",
            "response_parameters": {
              "method.response.header.Access-Control-Allow-Headers": "'Content-Type,X-Amz-Date,Authorization,X-Api-Key,X-Amz-Security-Token'",
              "method.response.header.Access-Control-Allow-Methods": "'DELETE,GET,HEAD,OPTIONS,PATCH,POST,PUT'",
              "method.response.header.Access-Control-Allow-Origin": "'*'"
            },
            "response_templates": null,
            "rest_api_id": "iwu3zb3ze5",
            "selection_pattern": ".*\\[500\\].*",
            "status_code": "500"
          },
          "sensitive_attributes": [],
          "identity_schema_version": 0,
          "private": "bnVsbA==",
          "dependencies": [
            "archive_file.layer_package",
            "aws_api_gateway_integration.MethodIntegration",
            "aws_api_gateway_method.Method",
            "aws_api_gateway_method_response.response500",
            "aws_api_gateway_resource.Resources",
            "aws_api_gateway_rest_api.TweeterAPI",
            "aws_iam_role.backend_lambda_handler",
            "aws_lambda_function.Lambdas",
            "aws_lambda_layer_version.dependencies",
            "data.archive_file.lambda_package",
            "data.aws_iam_policy_document.role"
          ]
        },
        {
          "index_key": "isFollower",
          "schema_version": 0,
          "attributes": {
            "content_handling": "",
            "http_method": "POST",
            "id": "agir-iwu3zb3ze5-zcf6o9-POST-500",
            "resource_id": "zcf6o9",
            "response_parameters": {
              "method.response.header.Access-Control-Allow-Headers": "'Content-Type,X-Amz-Date,Authorization,X-Api-Key,X-Amz-Security-Token'",
              "method.response.header.Access-Control-Allow-Methods": "'DELETE,GET,HEAD,OPTIONS,PATCH,POST,PUT'",
              "method.response.header.Access-Control-Allow-Origin": "'*'"
            },
            "response_templates": null,
            "rest_api_id": "iwu3zb3ze5",
            "selection_pattern": ".*\\[500\\].*",
            "status_code": "500"
          },
          "sensitive_attributes": [],
          "identity_schema_version": 0,
          "private": "bnVsbA==",
          "dependencies": [
            "archive_file.layer_package",
            "aws_api_gateway_integration.MethodIntegration",
            "aws_api_gateway_method.Method",
            "aws_api_gateway_method_response.response500",
            "aws_api_gateway_resource.Resources",
            "aws_api_gateway_rest_api.TweeterAPI",
            "aws_iam_role.backend_lambda_handler",
            "aws_lambda_function.Lambdas",
            "aws_lambda_layer_version.dependencies",
            "data.archive_file.lambda_package",
            "data.aws_iam_policy_document.role"
          ]
        },
        {
          "index_key": "login",
          "schema_version": 0,
          "attributes": {
            "content_handling": "",
            "http_method": "POST",
            "id": "agir-iwu3zb3ze5-4c6ohh-POST-500",
            "resource_id": "4c6ohh",
            "response_parameters": {
              "method.response.header.Access-Control-Allow-Headers": "'Content-Type,X-Amz-Date,Authorization,X-Api-Key,X-Amz-Security-Token'",
              "method.response.header.Access-Control-Allow-Methods": "'DELETE,GET,HEAD,OPTIONS,PATCH,POST,PUT'",
              "method.response.header.Access-Control-Allow-Origin": "'*'"
            },
            "response_templates": null,
            "rest_api_id": "iwu3zb3ze5",
            "selection_pattern": ".*\\[500\\].*",
            "status_code": "500"
          },
          "sensitive_attributes": [],
          "identity_schema_version": 0,
          "private": "bnVsbA==",
          "dependencies": [
            "archive_file.layer_package",
            "aws_api_gateway_integration.MethodIntegration",
            "aws_api_gateway_method.Method",
            "aws_api_gateway_method_response.response500",
            "aws_api_gateway_resource.Resources",
            "aws_api_gateway_rest_api.TweeterAPI",
            "aws_iam_role.backend_lambda_handler",
            "aws_lambda_function.Lambdas",
            "aws_lambda_layer_version.dependencies",
            "data.archive_file.lambda_package",
            "data.aws_iam_policy_document.role"
          ]
        },
        {
          "index_key": "register",
          "schema_version": 0,
          "attributes": {
            "content_handling": "",
            "http_method": "POST",
            "id": "agir-iwu3zb3ze5-w4itsd-POST-500",
            "resource_id": "w4itsd",
            "response_parameters": {
              "method.response.header.Access-Control-Allow-Headers": "'Content-Type,X-Amz-Date,Authorization,X-Api-Key,X-Amz-Security-Token'",
              "method.response.header.Access-Control-Allow-Methods": "'DELETE,GET,HEAD,OPTIONS,PATCH,POST,PUT'",
              "method.response.header.Access-Control-Allow-Origin": "'*'"
            },
            "response_templates": null,
            "rest_api_id": "iwu3zb3ze5",
            "selection_pattern": ".*\\[500\\].*",
            "status_code": "500"
          },
          "sensitive_attributes": [],
          "identity_schema_version": 0,
          "private": "bnVsbA==",
          "dependencies": [
            "archive_file.layer_package",
            "aws_api_gateway_integration.MethodIntegration",
            "aws_api_gateway_method.Method",
            "aws_api_gateway_method_response.response500",
            "aws_api_gateway_resource.Resources",
            "aws_api_gateway_rest_api.TweeterAPI",
            "aws_iam_role.backend_lambda_handler",
            "aws_lambda_function.Lambdas",
            "aws_lambda_layer_version.dependencies",
            "data.archive_file.lambda_package",
            "data.aws_iam_policy_document.role"
          ]
        },
        {
          "index_key": "unfollow",
          "schema_version": 0,
          "attributes": {
            "content_handling": "",
            "http_method": "POST",
            "id": "agir-iwu3zb3ze5-om9r8r-POST-500",
            "resource_id": "om9r8r",
            "response_parameters": {
              "method.response.header.Access-Control-Allow-Headers": "'Content-Type,X-Amz-Date,Authorization,X-Api-Key,X-Amz-Security-Token'",
              "method.response.header.Access-Control-Allow-Methods": "'DELETE,GET,HEAD,OPTIONS,PATCH,POST,PUT'",
              "method.response.header.Access-Control-Allow-Origin": "'*'"
            },
            "response_templates": null,
            "rest_api_id": "iwu3zb3ze5",
            "selection_pattern": ".*\\[500\\].*",
            "status_code": "500"
          },
          "sensitive_attributes": [],
          "identity_schema_version": 0,
          "private": "bnVsbA==",
          "dependencies": [
            "archive_file.layer_package",
            "aws_api_gateway_integration.MethodIntegration",
            "aws_api_gateway_method.Method",
            "aws_api_gateway_method_response.response500",
            "aws_api_gateway_resource.Resources",
            "aws_api_gateway_rest_api.TweeterAPI",
            "aws_iam_role.backend_lambda_handler",
            "aws_lambda_function.Lambdas",
            "aws_lambda_layer_version.dependencies",
            "data.archive_file.lambda_package",
            "data.aws_iam_policy_document.role"
          ]
        }
      ]
    },
    {
      "mode": "managed",
      "type": "aws_api_gateway_integration_response",
      "name": "options_integration",
      "provider": "provider[\"registry.terraform.io/hashicorp/aws\"]",
      "instances": [
        {
          "index_key": "follow",
          "schema_version": 0,
          "attributes": {
            "content_handling": "",
            "http_method": "OPTIONS",
            "id": "agir-iwu3zb3ze5-41lo2g-OPTIONS-200",
            "resource_id": "41lo2g",
            "response_parameters": {
              "method.response.header.Access-Control-Allow-Headers": "'Content-Type,X-Amz-Date,Authorization,X-Api-Key,X-Amz-Security-Token'",
              "method.response.header.Access-Control-Allow-Methods": "'DELETE,GET,HEAD,OPTIONS,PATCH,POST,PUT'",
              "method.response.header.Access-Control-Allow-Origin": "'*'"
            },
            "response_templates": {
              "application/json": ""
            },
            "rest_api_id": "iwu3zb3ze5",
            "selection_pattern": "",
            "status_code": "200"
          },
          "sensitive_attributes": [],
          "identity_schema_version": 0,
          "private": "bnVsbA==",
          "dependencies": [
            "aws_api_gateway_integration.options",
            "aws_api_gateway_method.options",
            "aws_api_gateway_method_response.options_200",
            "aws_api_gateway_resource.Resources",
            "aws_api_gateway_rest_api.TweeterAPI"
          ]
        },
        {
          "index_key": "followeeCount",
          "schema_version": 0,
          "attributes": {
            "content_handling": "",
            "http_method": "OPTIONS",
            "id": "agir-iwu3zb3ze5-6qlhna-OPTIONS-200",
            "resource_id": "6qlhna",
            "response_parameters": {
              "method.response.header.Access-Control-Allow-Headers": "'Content-Type,X-Amz-Date,Authorization,X-Api-Key,X-Amz-Security-Token'",
              "method.response.header.Access-Control-Allow-Methods": "'DELETE,GET,HEAD,OPTIONS,PATCH,POST,PUT'",
              "method.response.header.Access-Control-Allow-Origin": "'*'"
            },
            "response_templates": {
              "application/json": ""
            },
            "rest_api_id": "iwu3zb3ze5",
            "selection_pattern": "",
            "status_code": "200"
          },
          "sensitive_attributes": [],
          "identity_schema_version": 0,
          "private": "bnVsbA==",
          "dependencies": [
            "aws_api_gateway_integration.options",
            "aws_api_gateway_method.options",
            "aws_api_gateway_method_response.options_200",
            "aws_api_gateway_resource.Resources",
            "aws_api_gateway_rest_api.TweeterAPI"
          ]
        },
        {
          "index_key": "followerCount",
          "schema_version": 0,
          "attributes": {
            "content_handling": "",
            "http_method": "OPTIONS",
            "id": "agir-iwu3zb3ze5-1v6jbx-OPTIONS-200",
            "resource_id": "1v6jbx",
            "response_parameters": {
              "method.response.header.Access-Control-Allow-Headers": "'Content-Type,X-Amz-Date,Authorization,X-Api-Key,X-Amz-Security-Token'",
              "method.response.header.Access-Control-Allow-Methods": "'DELETE,GET,HEAD,OPTIONS,PATCH,POST,PUT'",
              "method.response.header.Access-Control-Allow-Origin": "'*'"
            },
            "response_templates": {
              "application/json": ""
            },
            "rest_api_id": "iwu3zb3ze5",
            "selection_pattern": "",
            "status_code": "200"
          },
          "sensitive_attributes": [],
          "identity_schema_version": 0,
          "private": "bnVsbA==",
          "dependencies": [
            "aws_api_gateway_integration.options",
            "aws_api_gateway_method.options",
            "aws_api_gateway_method_response.options_200",
            "aws_api_gateway_resource.Resources",
            "aws_api_gateway_rest_api.TweeterAPI"
          ]
        },
        {
          "index_key": "getFeedItems",
          "schema_version": 0,
          "attributes": {
            "content_handling": "",
            "http_method": "OPTIONS",
            "id": "agir-iwu3zb3ze5-pqxilu-OPTIONS-200",
            "resource_id": "pqxilu",
            "response_parameters": {
              "method.response.header.Access-Control-Allow-Headers": "'Content-Type,X-Amz-Date,Authorization,X-Api-Key,X-Amz-Security-Token'",
              "method.response.header.Access-Control-Allow-Methods": "'DELETE,GET,HEAD,OPTIONS,PATCH,POST,PUT'",
              "method.response.header.Access-Control-Allow-Origin": "'*'"
            },
            "response_templates": {
              "application/json": ""
            },
            "rest_api_id": "iwu3zb3ze5",
            "selection_pattern": "",
            "status_code": "200"
          },
          "sensitive_attributes": [],
          "identity_schema_version": 0,
          "private": "bnVsbA==",
          "dependencies": [
            "aws_api_gateway_integration.options",
            "aws_api_gateway_method.options",
            "aws_api_gateway_method_response.options_200",
            "aws_api_gateway_resource.Resources",
            "aws_api_gateway_rest_api.TweeterAPI"
          ]
        },
        {
          "index_key": "getMoreFollowees",
          "schema_version": 0,
          "attributes": {
            "content_handling": "",
            "http_method": "OPTIONS",
            "id": "agir-iwu3zb3ze5-ivrcqb-OPTIONS-200",
            "resource_id": "ivrcqb",
            "response_parameters": {
              "method.response.header.Access-Control-Allow-Headers": "'Content-Type,X-Amz-Date,Authorization,X-Api-Key,X-Amz-Security-Token'",
              "method.response.header.Access-Control-Allow-Methods": "'DELETE,GET,HEAD,OPTIONS,PATCH,POST,PUT'",
              "method.response.header.Access-Control-Allow-Origin": "'*'"
            },
            "response_templates": {
              "application/json": ""
            },
            "rest_api_id": "iwu3zb3ze5",
            "selection_pattern": "",
            "status_code": "200"
          },
          "sensitive_attributes": [],
          "identity_schema_version": 0,
          "private": "bnVsbA==",
          "dependencies": [
            "aws_api_gateway_integration.options",
            "aws_api_gateway_method.options",
            "aws_api_gateway_method_response.options_200",
            "aws_api_gateway_resource.Resources",
            "aws_api_gateway_rest_api.TweeterAPI"
          ]
        },
        {
          "index_key": "getMoreFollowers",
          "schema_version": 0,
          "attributes": {
            "content_handling": "",
            "http_method": "OPTIONS",
            "id": "agir-iwu3zb3ze5-dxe6dy-OPTIONS-200",
            "resource_id": "dxe6dy",
            "response_parameters": {
              "method.response.header.Access-Control-Allow-Headers": "'Content-Type,X-Amz-Date,Authorization,X-Api-Key,X-Amz-Security-Token'",
              "method.response.header.Access-Control-Allow-Methods": "'DELETE,GET,HEAD,OPTIONS,PATCH,POST,PUT'",
              "method.response.header.Access-Control-Allow-Origin": "'*'"
            },
            "response_templates": {
              "application/json": ""
            },
            "rest_api_id": "iwu3zb3ze5",
            "selection_pattern": "",
            "status_code": "200"
          },
          "sensitive_attributes": [],
          "identity_schema_version": 0,
          "private": "bnVsbA==",
          "dependencies": [
            "aws_api_gateway_integration.options",
            "aws_api_gateway_method.options",
            "aws_api_gateway_method_response.options_200",
            "aws_api_gateway_resource.Resources",
            "aws_api_gateway_rest_api.TweeterAPI"
          ]
        },
        {
          "index_key": "getStoryItems",
          "schema_version": 0,
          "attributes": {
            "content_handling": "",
            "http_method": "OPTIONS",
            "id": "agir-iwu3zb3ze5-k38fzp-OPTIONS-200",
            "resource_id": "k38fzp",
            "response_parameters": {
              "method.response.header.Access-Control-Allow-Headers": "'Content-Type,X-Amz-Date,Authorization,X-Api-Key,X-Amz-Security-Token'",
              "method.response.header.Access-Control-Allow-Methods": "'DELETE,GET,HEAD,OPTIONS,PATCH,POST,PUT'",
              "method.response.header.Access-Control-Allow-Origin": "'*'"
            },
            "response_templates": {
              "application/json": ""
            },
            "rest_api_id": "iwu3zb3ze5",
            "selection_pattern": "",
            "status_code": "200"
          },
          "sensitive_attributes": [],
          "identity_schema_version": 0,
          "private": "bnVsbA==",
          "dependencies": [
            "aws_api_gateway_integration.options",
            "aws_api_gateway_method.options",
            "aws_api_gateway_method_response.options_200",
            "aws_api_gateway_resource.Resources",
            "aws_api_gateway_rest_api.TweeterAPI"
          ]
        },
        {
          "index_key": "getUser",
          "schema_version": 0,
          "attributes": {
            "content_handling": "",
            "http_method": "OPTIONS",
            "id": "agir-iwu3zb3ze5-fandgi-OPTIONS-200",
            "resource_id": "fandgi",
            "response_parameters": {
              "method.response.header.Access-Control-Allow-Headers": "'Content-Type,X-Amz-Date,Authorization,X-Api-Key,X-Amz-Security-Token'",
              "method.response.header.Access-Control-Allow-Methods": "'DELETE,GET,HEAD,OPTIONS,PATCH,POST,PUT'",
              "method.response.header.Access-Control-Allow-Origin": "'*'"
            },
            "response_templates": {
              "application/json": ""
            },
            "rest_api_id": "iwu3zb3ze5",
            "selection_pattern": "",
            "status_code": "200"
          },
          "sensitive_attributes": [],
          "identity_schema_version": 0,
          "private": "bnVsbA==",
          "dependencies": [
            "aws_api_gateway_integration.options",
            "aws_api_gateway_method.options",
            "aws_api_gateway_method_response.options_200",
            "aws_api_gateway_resource.Resources",
            "aws_api_gateway_rest_api.TweeterAPI"
          ]
        },
        {
          "index_key": "isFollower",
          "schema_version": 0,
          "attributes": {
            "content_handling": "",
            "http_method": "OPTIONS",
            "id": "agir-iwu3zb3ze5-zcf6o9-OPTIONS-200",
            "resource_id": "zcf6o9",
            "response_parameters": {
              "method.response.header.Access-Control-Allow-Headers": "'Content-Type,X-Amz-Date,Authorization,X-Api-Key,X-Amz-Security-Token'",
              "method.response.header.Access-Control-Allow-Methods": "'DELETE,GET,HEAD,OPTIONS,PATCH,POST,PUT'",
              "method.response.header.Access-Control-Allow-Origin": "'*'"
            },
            "response_templates": {
              "application/json": ""
            },
            "rest_api_id": "iwu3zb3ze5",
            "selection_pattern": "",
            "status_code": "200"
          },
          "sensitive_attributes": [],
          "identity_schema_version": 0,
          "private": "bnVsbA==",
          "dependencies": [
            "aws_api_gateway_integration.options",
            "aws_api_gateway_method.options",
            "aws_api_gateway_method_response.options_200",
            "aws_api_gateway_resource.Resources",
            "aws_api_gateway_rest_api.TweeterAPI"
          ]
        },
        {
          "index_key": "login",
          "schema_version": 0,
          "attributes": {
            "content_handling": "",
            "http_method": "OPTIONS",
            "id": "agir-iwu3zb3ze5-4c6ohh-OPTIONS-200",
            "resource_id": "4c6ohh",
            "response_parameters": {
              "method.response.header.Access-Control-Allow-Headers": "'Content-Type,X-Amz-Date,Authorization,X-Api-Key,X-Amz-Security-Token'",
              "method.response.header.Access-Control-Allow-Methods": "'DELETE,GET,HEAD,OPTIONS,PATCH,POST,PUT'",
              "method.response.header.Access-Control-Allow-Origin": "'*'"
            },
            "response_templates": {
              "application/json": ""
            },
            "rest_api_id": "iwu3zb3ze5",
            "selection_pattern": "",
            "status_code": "200"
          },
          "sensitive_attributes": [],
          "identity_schema_version": 0,
          "private": "bnVsbA==",
          "dependencies": [
            "aws_api_gateway_integration.options",
            "aws_api_gateway_method.options",
            "aws_api_gateway_method_response.options_200",
            "aws_api_gateway_resource.Resources",
            "aws_api_gateway_rest_api.TweeterAPI"
          ]
        },
        {
          "index_key": "register",
          "schema_version": 0,
          "attributes": {
            "content_handling": "",
            "http_method": "OPTIONS",
            "id": "agir-iwu3zb3ze5-w4itsd-OPTIONS-200",
            "resource_id": "w4itsd",
            "response_parameters": {
              "method.response.header.Access-Control-Allow-Headers": "'Content-Type,X-Amz-Date,Authorization,X-Api-Key,X-Amz-Security-Token'",
              "method.response.header.Access-Control-Allow-Methods": "'DELETE,GET,HEAD,OPTIONS,PATCH,POST,PUT'",
              "method.response.header.Access-Control-Allow-Origin": "'*'"
            },
            "response_templates": {
              "application/json": ""
            },
            "rest_api_id": "iwu3zb3ze5",
            "selection_pattern": "",
            "status_code": "200"
          },
          "sensitive_attributes": [],
          "identity_schema_version": 0,
          "private": "bnVsbA==",
          "dependencies": [
            "aws_api_gateway_integration.options",
            "aws_api_gateway_method.options",
            "aws_api_gateway_method_response.options_200",
            "aws_api_gateway_resource.Resources",
            "aws_api_gateway_rest_api.TweeterAPI"
          ]
        },
        {
          "index_key": "unfollow",
          "schema_version": 0,
          "attributes": {
            "content_handling": "",
            "http_method": "OPTIONS",
            "id": "agir-iwu3zb3ze5-om9r8r-OPTIONS-200",
            "resource_id": "om9r8r",
            "response_parameters": {
              "method.response.header.Access-Control-Allow-Headers": "'Content-Type,X-Amz-Date,Authorization,X-Api-Key,X-Amz-Security-Token'",
              "method.response.header.Access-Control-Allow-Methods": "'DELETE,GET,HEAD,OPTIONS,PATCH,POST,PUT'",
              "method.response.header.Access-Control-Allow-Origin": "'*'"
            },
            "response_templates": {
              "application/json": ""
            },
            "rest_api_id": "iwu3zb3ze5",
            "selection_pattern": "",
            "status_code": "200"
          },
          "sensitive_attributes": [],
          "identity_schema_version": 0,
          "private": "bnVsbA==",
          "dependencies": [
            "aws_api_gateway_integration.options",
            "aws_api_gateway_method.options",
            "aws_api_gateway_method_response.options_200",
            "aws_api_gateway_resource.Resources",
            "aws_api_gateway_rest_api.TweeterAPI"
          ]
        }
      ]
    },
    {
      "mode": "managed",
      "type": "aws_api_gateway_integration_response",
      "name": "response_200Integration",
      "provider": "provider[\"registry.terraform.io/hashicorp/aws\"]",
      "instances": [
        {
          "index_key": "follow",
          "schema_version": 0,
          "attributes": {
            "content_handling": "",
            "http_method": "POST",
            "id": "agir-iwu3zb3ze5-41lo2g-POST-200",
            "resource_id": "41lo2g",
            "response_parameters": {
              "method.response.header.Access-Control-Allow-Headers": "'Content-Type,X-Amz-Date,Authorization,X-Api-Key,X-Amz-Security-Token'",
              "method.response.header.Access-Control-Allow-Methods": "'DELETE,GET,HEAD,OPTIONS,PATCH,POST,PUT'",
              "method.response.header.Access-Control-Allow-Origin": "'*'"
            },
            "response_templates": null,
            "rest_api_id": "iwu3zb3ze5",
            "selection_pattern": "",
            "status_code": "200"
          },
          "sensitive_attributes": [],
          "identity_schema_version": 0,
          "private": "bnVsbA==",
          "dependencies": [
            "archive_file.layer_package",
            "aws_api_gateway_integration.MethodIntegration",
            "aws_api_gateway_method.Method",
            "aws_api_gateway_method_response.response_200",
            "aws_api_gateway_resource.Resources",
            "aws_api_gateway_rest_api.TweeterAPI",
            "aws_iam_role.backend_lambda_handler",
            "aws_lambda_function.Lambdas",
            "aws_lambda_layer_version.dependencies",
            "data.archive_file.lambda_package",
            "data.aws_iam_policy_document.role"
          ]
        },
        {
          "index_key": "followeeCount",
          "schema_version": 0,
          "attributes": {
            "content_handling": "",
            "http_method": "POST",
            "id": "agir-iwu3zb3ze5-6qlhna-POST-200",
            "resource_id": "6qlhna",
            "response_parameters": {
              "method.response.header.Access-Control-Allow-Headers": "'Content-Type,X-Amz-Date,Authorization,X-Api-Key,X-Amz-Security-Token'",
              "method.response.header.Access-Control-Allow-Methods": "'DELETE,GET,HEAD,OPTIONS,PATCH,POST,PUT'",
              "method.response.header.Access-Control-Allow-Origin": "'*'"
            },
            "response_templates": null,
            "rest_api_id": "iwu3zb3ze5",
            "selection_pattern": "",
            "status_code": "200"
          },
          "sensitive_attributes": [],
          "identity_schema_version": 0,
          "private": "bnVsbA==",
          "dependencies": [
            "archive_file.layer_package",
            "aws_api_gateway_integration.MethodIntegration",
            "aws_api_gateway_method.Method",
            "aws_api_gateway_method_response.response_200",
            "aws_api_gateway_resource.Resources",
            "aws_api_gateway_rest_api.TweeterAPI",
            "aws_iam_role.backend_lambda_handler",
            "aws_lambda_function.Lambdas",
            "aws_lambda_layer_version.dependencies",
            "data.archive_file.lambda_package",
            "data.aws_iam_policy_document.role"
          ]
        },
        {
          "index_key": "followerCount",
          "schema_version": 0,
          "attributes": {
            "content_handling": "",
            "http_method": "POST",
            "id": "agir-iwu3zb3ze5-1v6jbx-POST-200",
            "resource_id": "1v6jbx",
            "response_parameters": {
              "method.response.header.Access-Control-Allow-Headers": "'Content-Type,X-Amz-Date,Authorization,X-Api-Key,X-Amz-Security-Token'",
              "method.response.header.Access-Control-Allow-Methods": "'DELETE,GET,HEAD,OPTIONS,PATCH,POST,PUT'",
              "method.response.header.Access-Control-Allow-Origin": "'*'"
            },
            "response_templates": null,
            "rest_api_id": "iwu3zb3ze5",
            "selection_pattern": "",
            "status_code": "200"
          },
          "sensitive_attributes": [],
          "identity_schema_version": 0,
          "private": "bnVsbA==",
          "dependencies": [
            "archive_file.layer_package",
            "aws_api_gateway_integration.MethodIntegration",
            "aws_api_gateway_method.Method",
            "aws_api_gateway_method_response.response_200",
            "aws_api_gateway_resource.Resources",
            "aws_api_gateway_rest_api.TweeterAPI",
            "aws_iam_role.backend_lambda_handler",
            "aws_lambda_function.Lambdas",
            "aws_lambda_layer_version.dependencies",
            "data.archive_file.lambda_package",
            "data.aws_iam_policy_document.role"
          ]
        },
        {
          "index_key": "getFeedItems",
          "schema_version": 0,
          "attributes": {
            "content_handling": "",
            "http_method": "POST",
            "id": "agir-iwu3zb3ze5-pqxilu-POST-200",
            "resource_id": "pqxilu",
            "response_parameters": {
              "method.response.header.Access-Control-Allow-Headers": "'Content-Type,X-Amz-Date,Authorization,X-Api-Key,X-Amz-Security-Token'",
              "method.response.header.Access-Control-Allow-Methods": "'DELETE,GET,HEAD,OPTIONS,PATCH,POST,PUT'",
              "method.response.header.Access-Control-Allow-Origin": "'*'"
            },
            "response_templates": null,
            "rest_api_id": "iwu3zb3ze5",
            "selection_pattern": "",
            "status_code": "200"
          },
          "sensitive_attributes": [],
          "identity_schema_version": 0,
          "private": "bnVsbA==",
          "dependencies": [
            "archive_file.layer_package",
            "aws_api_gateway_integration.MethodIntegration",
            "aws_api_gateway_method.Method",
            "aws_api_gateway_method_response.response_200",
            "aws_api_gateway_resource.Resources",
            "aws_api_gateway_rest_api.TweeterAPI",
            "aws_iam_role.backend_lambda_handler",
            "aws_lambda_function.Lambdas",
            "aws_lambda_layer_version.dependencies",
            "data.archive_file.lambda_package",
            "data.aws_iam_policy_document.role"
          ]
        },
        {
          "index_key": "getMoreFollowees",
          "schema_version": 0,
          "attributes": {
            "content_handling": "",
            "http_method": "POST",
            "id": "agir-iwu3zb3ze5-ivrcqb-POST-200",
            "resource_id": "ivrcqb",
            "response_parameters": {
              "method.response.header.Access-Control-Allow-Headers": "'Content-Type,X-Amz-Date,Authorization,X-Api-Key,X-Amz-Security-Token'",
              "method.response.header.Access-Control-Allow-Methods": "'DELETE,GET,HEAD,OPTIONS,PATCH,POST,PUT'",
              "method.response.header.Access-Control-Allow-Origin": "'*'"
            },
            "response_templates": null,
            "rest_api_id": "iwu3zb3ze5",
            "selection_pattern": "",
            "status_code": "200"
          },
          "sensitive_attributes": [],
          "identity_schema_version": 0,
          "private": "bnVsbA==",
          "dependencies": [
            "archive_file.layer_package",
            "aws_api_gateway_integration.MethodIntegration",
            "aws_api_gateway_method.Method",
            "aws_api_gateway_method_response.response_200",
            "aws_api_gateway_resource.Resources",
            "aws_api_gateway_rest_api.TweeterAPI",
            "aws_iam_role.backend_lambda_handler",
            "aws_lambda_function.Lambdas",
            "aws_lambda_layer_version.dependencies",
            "data.archive_file.lambda_package",
            "data.aws_iam_policy_document.role"
          ]
        },
        {
          "index_key": "getMoreFollowers",
          "schema_version": 0,
          "attributes": {
            "content_handling": "",
            "http_method": "POST",
            "id": "agir-iwu3zb3ze5-dxe6dy-POST-200",
            "resource_id": "dxe6dy",
            "response_parameters": {
              "method.response.header.Access-Control-Allow-Headers": "'Content-Type,X-Amz-Date,Authorization,X-Api-Key,X-Amz-Security-Token'",
              "method.response.header.Access-Control-Allow-Methods": "'DELETE,GET,HEAD,OPTIONS,PATCH,POST,PUT'",
              "method.response.header.Access-Control-Allow-Origin": "'*'"
            },
            "response_templates": null,
            "rest_api_id": "iwu3zb3ze5",
            "selection_pattern": "",
            "status_code": "200"
          },
          "sensitive_attributes": [],
          "identity_schema_version": 0,
          "private": "bnVsbA==",
          "dependencies": [
            "archive_file.layer_package",
            "aws_api_gateway_integration.MethodIntegration",
            "aws_api_gateway_method.Method",
            "aws_api_gateway_method_response.response_200",
            "aws_api_gateway_resource.Resources",
            "aws_api_gateway_rest_api.TweeterAPI",
            "aws_iam_role.backend_lambda_handler",
            "aws_lambda_function.Lambdas",
            "aws_lambda_layer_version.dependencies",
            "data.archive_file.lambda_package",
            "data.aws_iam_policy_document.role"
          ]
        },
        {
          "index_key": "getStoryItems",
          "schema_version": 0,
          "attributes": {
            "content_handling": "",
            "http_method": "POST",
            "id": "agir-iwu3zb3ze5-k38fzp-POST-200",
            "resource_id": "k38fzp",
            "response_parameters": {
              "method.response.header.Access-Control-Allow-Headers": "'Content-Type,X-Amz-Date,Authorization,X-Api-Key,X-Amz-Security-Token'",
              "method.response.header.Access-Control-Allow-Methods": "'DELETE,GET,HEAD,OPTIONS,PATCH,POST,PUT'",
              "method.response.header.Access-Control-Allow-Origin": "'*'"
            },
            "response_templates": null,
            "rest_api_id": "iwu3zb3ze5",
            "selection_pattern": "",
            "status_code": "200"
          },
          "sensitive_attributes": [],
          "identity_schema_version": 0,
          "private": "bnVsbA==",
          "dependencies": [
            "archive_file.layer_package",
            "aws_api_gateway_integration.MethodIntegration",
            "aws_api_gateway_method.Method",
            "aws_api_gateway_method_response.response_200",
            "aws_api_gateway_resource.Resources",
            "aws_api_gateway_rest_api.TweeterAPI",
            "aws_iam_role.backend_lambda_handler",
            "aws_lambda_function.Lambdas",
            "aws_lambda_layer_version.dependencies",
            "data.archive_file.lambda_package",
            "data.aws_iam_policy_document.role"
          ]
        },
        {
          "index_key": "getUser",
          "schema_version": 0,
          "attributes": {
            "content_handling": "",
            "http_method": "POST",
            "id": "agir-iwu3zb3ze5-fandgi-POST-200",
            "resource_id": "fandgi",
            "response_parameters": {
              "method.response.header.Access-Control-Allow-Headers": "'Content-Type,X-Amz-Date,Authorization,X-Api-Key,X-Amz-Security-Token'",
              "method.response.header.Access-Control-Allow-Methods": "'DELETE,GET,HEAD,OPTIONS,PATCH,POST,PUT'",
              "method.response.header.Access-Control-Allow-Origin": "'*'"
            },
            "response_templates": null,
            "rest_api_id": "iwu3zb3ze5",
            "selection_pattern": "",
            "status_code": "200"
          },
          "sensitive_attributes": [],
          "identity_schema_version": 0,
          "private": "bnVsbA==",
          "dependencies": [
            "archive_file.layer_package",
            "aws_api_gateway_integration.MethodIntegration",
            "aws_api_gateway_method.Method",
            "aws_api_gateway_method_response.response_200",
            "aws_api_gateway_resource.Resources",
            "aws_api_gateway_rest_api.TweeterAPI",
            "aws_iam_role.backend_lambda_handler",
            "aws_lambda_function.Lambdas",
            "aws_lambda_layer_version.dependencies",
            "data.archive_file.lambda_package",
            "data.aws_iam_policy_document.role"
          ]
        },
        {
          "index_key": "isFollower",
          "schema_version": 0,
          "attributes": {
            "content_handling": "",
            "http_method": "POST",
            "id": "agir-iwu3zb3ze5-zcf6o9-POST-200",
            "resource_id": "zcf6o9",
            "response_parameters": {
              "method.response.header.Access-Control-Allow-Headers": "'Content-Type,X-Amz-Date,Authorization,X-Api-Key,X-Amz-Security-Token'",
              "method.response.header.Access-Control-Allow-Methods": "'DELETE,GET,HEAD,OPTIONS,PATCH,POST,PUT'",
              "method.response.header.Access-Control-Allow-Origin": "'*'"
            },
            "response_templates": null,
            "rest_api_id": "iwu3zb3ze5",
            "selection_pattern": "",
            "status_code": "200"
          },
          "sensitive_attributes": [],
          "identity_schema_version": 0,
          "private": "bnVsbA==",
          "dependencies": [
            "archive_file.layer_package",
            "aws_api_gateway_integration.MethodIntegration",
            "aws_api_gateway_method.Method",
            "aws_api_gateway_method_response.response_200",
            "aws_api_gateway_resource.Resources",
            "aws_api_gateway_rest_api.TweeterAPI",
            "aws_iam_role.backend_lambda_handler",
            "aws_lambda_function.Lambdas",
            "aws_lambda_layer_version.dependencies",
            "data.archive_file.lambda_package",
            "data.aws_iam_policy_document.role"
          ]
        },
        {
          "index_key": "login",
          "schema_version": 0,
          "attributes": {
            "content_handling": "",
            "http_method": "POST",
            "id": "agir-iwu3zb3ze5-4c6ohh-POST-200",
            "resource_id": "4c6ohh",
            "response_parameters": {
              "method.response.header.Access-Control-Allow-Headers": "'Content-Type,X-Amz-Date,Authorization,X-Api-Key,X-Amz-Security-Token'",
              "method.response.header.Access-Control-Allow-Methods": "'DELETE,GET,HEAD,OPTIONS,PATCH,POST,PUT'",
              "method.response.header.Access-Control-Allow-Origin": "'*'"
            },
            "response_templates": null,
            "rest_api_id": "iwu3zb3ze5",
            "selection_pattern": "",
            "status_code": "200"
          },
          "sensitive_attributes": [],
          "identity_schema_version": 0,
          "private": "bnVsbA==",
          "dependencies": [
            "archive_file.layer_package",
            "aws_api_gateway_integration.MethodIntegration",
            "aws_api_gateway_method.Method",
            "aws_api_gateway_method_response.response_200",
            "aws_api_gateway_resource.Resources",
            "aws_api_gateway_rest_api.TweeterAPI",
            "aws_iam_role.backend_lambda_handler",
            "aws_lambda_function.Lambdas",
            "aws_lambda_layer_version.dependencies",
            "data.archive_file.lambda_package",
            "data.aws_iam_policy_document.role"
          ]
        },
        {
          "index_key": "register",
          "schema_version": 0,
          "attributes": {
            "content_handling": "",
            "http_method": "POST",
            "id": "agir-iwu3zb3ze5-w4itsd-POST-200",
            "resource_id": "w4itsd",
            "response_parameters": {
              "method.response.header.Access-Control-Allow-Headers": "'Content-Type,X-Amz-Date,Authorization,X-Api-Key,X-Amz-Security-Token'",
              "method.response.header.Access-Control-Allow-Methods": "'DELETE,GET,HEAD,OPTIONS,PATCH,POST,PUT'",
              "method.response.header.Access-Control-Allow-Origin": "'*'"
            },
            "response_templates": null,
            "rest_api_id": "iwu3zb3ze5",
            "selection_pattern": "",
            "status_code": "200"
          },
          "sensitive_attributes": [],
          "identity_schema_version": 0,
          "private": "bnVsbA==",
          "dependencies": [
            "archive_file.layer_package",
            "aws_api_gateway_integration.MethodIntegration",
            "aws_api_gateway_method.Method",
            "aws_api_gateway_method_response.response_200",
            "aws_api_gateway_resource.Resources",
            "aws_api_gateway_rest_api.TweeterAPI",
            "aws_iam_role.backend_lambda_handler",
            "aws_lambda_function.Lambdas",
            "aws_lambda_layer_version.dependencies",
            "data.archive_file.lambda_package",
            "data.aws_iam_policy_document.role"
          ]
        },
        {
          "index_key": "unfollow",
          "schema_version": 0,
          "attributes": {
            "content_handling": "",
            "http_method": "POST",
            "id": "agir-iwu3zb3ze5-om9r8r-POST-200",
            "resource_id": "om9r8r",
            "response_parameters": {
              "method.response.header.Access-Control-Allow-Headers": "'Content-Type,X-Amz-Date,Authorization,X-Api-Key,X-Amz-Security-Token'",
              "method.response.header.Access-Control-Allow-Methods": "'DELETE,GET,HEAD,OPTIONS,PATCH,POST,PUT'",
              "method.response.header.Access-Control-Allow-Origin": "'*'"
            },
            "response_templates": null,
            "rest_api_id": "iwu3zb3ze5",
            "selection_pattern": "",
            "status_code": "200"
          },
          "sensitive_attributes": [],
          "identity_schema_version": 0,
          "private": "bnVsbA==",
          "dependencies": [
            "archive_file.layer_package",
            "aws_api_gateway_integration.MethodIntegration",
            "aws_api_gateway_method.Method",
            "aws_api_gateway_method_response.response_200",
            "aws_api_gateway_resource.Resources",
            "aws_api_gateway_rest_api.TweeterAPI",
            "aws_iam_role.backend_lambda_handler",
            "aws_lambda_function.Lambdas",
            "aws_lambda_layer_version.dependencies",
            "data.archive_file.lambda_package",
            "data.aws_iam_policy_document.role"
          ]
        }
      ]
    },
    {
      "mode": "managed",
      "type": "aws_api_gateway_method",
      "name": "Method",
      "provider": "provider[\"registry.terraform.io/hashicorp/aws\"]",
      "instances": [
        {
          "index_key": "follow",
          "schema_version": 0,
          "attributes": {
            "api_key_required": false,
            "authorization": "NONE",
            "authorization_scopes": null,
            "authorizer_id": null,
            "http_method": "POST",
            "id": "agm-iwu3zb3ze5-41lo2g-POST",
            "operation_name": null,
            "request_models": null,
            "request_parameters": null,
            "request_validator_id": null,
            "resource_id": "41lo2g",
            "rest_api_id": "iwu3zb3ze5"
          },
          "sensitive_attributes": [],
          "identity_schema_version": 0,
          "private": "bnVsbA==",
          "dependencies": [
            "aws_api_gateway_resource.Resources",
            "aws_api_gateway_rest_api.TweeterAPI"
          ]
        },
        {
          "index_key": "followeeCount",
          "schema_version": 0,
          "attributes": {
            "api_key_required": false,
            "authorization": "NONE",
            "authorization_scopes": null,
            "authorizer_id": null,
            "http_method": "POST",
            "id": "agm-iwu3zb3ze5-6qlhna-POST",
            "operation_name": null,
            "request_models": null,
            "request_parameters": null,
            "request_validator_id": null,
            "resource_id": "6qlhna",
            "rest_api_id": "iwu3zb3ze5"
          },
          "sensitive_attributes": [],
          "identity_schema_version": 0,
          "private": "bnVsbA==",
          "dependencies": [
            "aws_api_gateway_resource.Resources",
            "aws_api_gateway_rest_api.TweeterAPI"
          ]
        },
        {
          "index_key": "followerCount",
          "schema_version": 0,
          "attributes": {
            "api_key_required": false,
            "authorization": "NONE",
            "authorization_scopes": null,
            "authorizer_id": null,
            "http_method": "POST",
            "id": "agm-iwu3zb3ze5-1v6jbx-POST",
            "operation_name": null,
            "request_models": null,
            "request_parameters": null,
            "request_validator_id": null,
            "resource_id": "1v6jbx",
            "rest_api_id": "iwu3zb3ze5"
          },
          "sensitive_attributes": [],
          "identity_schema_version": 0,
          "private": "bnVsbA==",
          "dependencies": [
            "aws_api_gateway_resource.Resources",
            "aws_api_gateway_rest_api.TweeterAPI"
          ]
        },
        {
          "index_key": "getFeedItems",
          "schema_version": 0,
          "attributes": {
            "api_key_required": false,
            "authorization": "NONE",
            "authorization_scopes": null,
            "authorizer_id": null,
            "http_method": "POST",
            "id": "agm-iwu3zb3ze5-pqxilu-POST",
            "operation_name": null,
            "request_models": null,
            "request_parameters": null,
            "request_validator_id": null,
            "resource_id": "pqxilu",
            "rest_api_id": "iwu3zb3ze5"
          },
          "sensitive_attributes": [],
          "identity_schema_version": 0,
          "private": "bnVsbA==",
          "dependencies": [
            "aws_api_gateway_resource.Resources",
            "aws_api_gateway_rest_api.TweeterAPI"
          ]
        },
        {
          "index_key": "getMoreFollowees",
          "schema_version": 0,
          "attributes": {
            "api_key_required": false,
            "authorization": "NONE",
            "authorization_scopes": null,
            "authorizer_id": null,
            "http_method": "POST",
            "id": "agm-iwu3zb3ze5-ivrcqb-POST",
            "operation_name": null,
            "request_models": null,
            "request_parameters": null,
            "request_validator_id": null,
            "resource_id": "ivrcqb",
            "rest_api_id": "iwu3zb3ze5"
          },
          "sensitive_attributes": [],
          "identity_schema_version": 0,
          "private": "bnVsbA==",
          "dependencies": [
            "aws_api_gateway_resource.Resources",
            "aws_api_gateway_rest_api.TweeterAPI"
          ]
        },
        {
          "index_key": "getMoreFollowers",
          "schema_version": 0,
          "attributes": {
            "api_key_required": false,
            "authorization": "NONE",
            "authorization_scopes": null,
            "authorizer_id": null,
            "http_method": "POST",
            "id": "agm-iwu3zb3ze5-dxe6dy-POST",
            "operation_name": null,
            "request_models": null,
            "request_parameters": null,
            "request_validator_id": null,
            "resource_id": "dxe6dy",
            "rest_api_id": "iwu3zb3ze5"
          },
          "sensitive_attributes": [],
          "identity_schema_version": 0,
          "private": "bnVsbA==",
          "dependencies": [
            "aws_api_gateway_resource.Resources",
            "aws_api_gateway_rest_api.TweeterAPI"
          ]
        },
        {
          "index_key": "getStoryItems",
          "schema_version": 0,
          "attributes": {
            "api_key_required": false,
            "authorization": "NONE",
            "authorization_scopes": null,
            "authorizer_id": null,
            "http_method": "POST",
            "id": "agm-iwu3zb3ze5-k38fzp-POST",
            "operation_name": null,
            "request_models": null,
            "request_parameters": null,
            "request_validator_id": null,
            "resource_id": "k38fzp",
            "rest_api_id": "iwu3zb3ze5"
          },
          "sensitive_attributes": [],
          "identity_schema_version": 0,
          "private": "bnVsbA==",
          "dependencies": [
            "aws_api_gateway_resource.Resources",
            "aws_api_gateway_rest_api.TweeterAPI"
          ]
        },
        {
          "index_key": "getUser",
          "schema_version": 0,
          "attributes": {
            "api_key_required": false,
            "authorization": "NONE",
            "authorization_scopes": null,
            "authorizer_id": null,
            "http_method": "POST",
            "id": "agm-iwu3zb3ze5-fandgi-POST",
            "operation_name": null,
            "request_models": null,
            "request_parameters": null,
            "request_validator_id": null,
            "resource_id": "fandgi",
            "rest_api_id": "iwu3zb3ze5"
          },
          "sensitive_attributes": [],
          "identity_schema_version": 0,
          "private": "bnVsbA==",
          "dependencies": [
            "aws_api_gateway_resource.Resources",
            "aws_api_gateway_rest_api.TweeterAPI"
          ]
        },
        {
          "index_key": "isFollower",
          "schema_version": 0,
          "attributes": {
            "api_key_required": false,
            "authorization": "NONE",
            "authorization_scopes": null,
            "authorizer_id": null,
            "http_method": "POST",
            "id": "agm-iwu3zb3ze5-zcf6o9-POST",
            "operation_name": null,
            "request_models": null,
            "request_parameters": null,
            "request_validator_id": null,
            "resource_id": "zcf6o9",
            "rest_api_id": "iwu3zb3ze5"
          },
          "sensitive_attributes": [],
          "identity_schema_version": 0,
          "private": "bnVsbA==",
          "dependencies": [
            "aws_api_gateway_resource.Resources",
            "aws_api_gateway_rest_api.TweeterAPI"
          ]
        },
        {
          "index_key": "login",
          "schema_version": 0,
          "attributes": {
            "api_key_required": false,
            "authorization": "NONE",
            "authorization_scopes": null,
            "authorizer_id": null,
            "http_method": "POST",
            "id": "agm-iwu3zb3ze5-4c6ohh-POST",
            "operation_name": null,
            "request_models": null,
            "request_parameters": null,
            "request_validator_id": null,
            "resource_id": "4c6ohh",
            "rest_api_id": "iwu3zb3ze5"
          },
          "sensitive_attributes": [],
          "identity_schema_version": 0,
          "private": "bnVsbA==",
          "dependencies": [
            "aws_api_gateway_resource.Resources",
            "aws_api_gateway_rest_api.TweeterAPI"
          ]
        },
        {
          "index_key": "register",
          "schema_version": 0,
          "attributes": {
            "api_key_required": false,
            "authorization": "NONE",
            "authorization_scopes": null,
            "authorizer_id": null,
            "http_method": "POST",
            "id": "agm-iwu3zb3ze5-w4itsd-POST",
            "operation_name": null,
            "request_models": null,
            "request_parameters": null,
            "request_validator_id": null,
            "resource_id": "w4itsd",
            "rest_api_id": "iwu3zb3ze5"
          },
          "sensitive_attributes": [],
          "identity_schema_version": 0,
          "private": "bnVsbA==",
          "dependencies": [
            "aws_api_gateway_resource.Resources",
            "aws_api_gateway_rest_api.TweeterAPI"
          ]
        },
        {
          "index_key": "unfollow",
          "schema_version": 0,
          "attributes": {
            "api_key_required": false,
            "authorization": "NONE",
            "authorization_scopes": null,
            "authorizer_id": null,
            "http_method": "POST",
            "id": "agm-iwu3zb3ze5-om9r8r-POST",
            "operation_name": null,
            "request_models": null,
            "request_parameters": null,
            "request_validator_id": null,
            "resource_id": "om9r8r",
            "rest_api_id": "iwu3zb3ze5"
          },
          "sensitive_attributes": [],
          "identity_schema_version": 0,
          "private": "bnVsbA==",
          "dependencies": [
            "aws_api_gateway_resource.Resources",
            "aws_api_gateway_rest_api.TweeterAPI"
          ]
        }
      ]
    },
    {
      "mode": "managed",
      "type": "aws_api_gateway_method",
      "name": "options",
      "provider": "provider[\"registry.terraform.io/hashicorp/aws\"]",
      "instances": [
        {
          "index_key": "follow",
          "schema_version": 0,
          "attributes": {
            "api_key_required": false,
            "authorization": "NONE",
            "authorization_scopes": null,
            "authorizer_id": null,
            "http_method": "OPTIONS",
            "id": "agm-iwu3zb3ze5-41lo2g-OPTIONS",
            "operation_name": null,
            "request_models": null,
            "request_parameters": null,
            "request_validator_id": null,
            "resource_id": "41lo2g",
            "rest_api_id": "iwu3zb3ze5"
          },
          "sensitive_attributes": [],
          "identity_schema_version": 0,
          "private": "bnVsbA==",
          "dependencies": [
            "aws_api_gateway_resource.Resources",
            "aws_api_gateway_rest_api.TweeterAPI"
          ]
        },
        {
          "index_key": "followeeCount",
          "schema_version": 0,
          "attributes": {
            "api_key_required": false,
            "authorization": "NONE",
            "authorization_scopes": null,
            "authorizer_id": null,
            "http_method": "OPTIONS",
            "id": "agm-iwu3zb3ze5-6qlhna-OPTIONS",
            "operation_name": null,
            "request_models": null,
            "request_parameters": null,
            "request_validator_id": null,
            "resource_id": "6qlhna",
            "rest_api_id": "iwu3zb3ze5"
          },
          "sensitive_attributes": [],
          "identity_schema_version": 0,
          "private": "bnVsbA==",
          "dependencies": [
            "aws_api_gateway_resource.Resources",
            "aws_api_gateway_rest_api.TweeterAPI"
          ]
        },
        {
          "index_key": "followerCount",
          "schema_version": 0,
          "attributes": {
            "api_key_required": false,
            "authorization": "NONE",
            "authorization_scopes": null,
            "authorizer_id": null,
            "http_method": "OPTIONS",
            "id": "agm-iwu3zb3ze5-1v6jbx-OPTIONS",
            "operation_name": null,
            "request_models": null,
            "request_parameters": null,
            "request_validator_id": null,
            "resource_id": "1v6jbx",
            "rest_api_id": "iwu3zb3ze5"
          },
          "sensitive_attributes": [],
          "identity_schema_version": 0,
          "private": "bnVsbA==",
          "dependencies": [
            "aws_api_gateway_resource.Resources",
            "aws_api_gateway_rest_api.TweeterAPI"
          ]
        },
        {
          "index_key": "getFeedItems",
          "schema_version": 0,
          "attributes": {
            "api_key_required": false,
            "authorization": "NONE",
            "authorization_scopes": null,
            "authorizer_id": null,
            "http_method": "OPTIONS",
            "id": "agm-iwu3zb3ze5-pqxilu-OPTIONS",
            "operation_name": null,
            "request_models": null,
            "request_parameters": null,
            "request_validator_id": null,
            "resource_id": "pqxilu",
            "rest_api_id": "iwu3zb3ze5"
          },
          "sensitive_attributes": [],
          "identity_schema_version": 0,
          "private": "bnVsbA==",
          "dependencies": [
            "aws_api_gateway_resource.Resources",
            "aws_api_gateway_rest_api.TweeterAPI"
          ]
        },
        {
          "index_key": "getMoreFollowees",
          "schema_version": 0,
          "attributes": {
            "api_key_required": false,
            "authorization": "NONE",
            "authorization_scopes": null,
            "authorizer_id": null,
            "http_method": "OPTIONS",
            "id": "agm-iwu3zb3ze5-ivrcqb-OPTIONS",
            "operation_name": null,
            "request_models": null,
            "request_parameters": null,
            "request_validator_id": null,
            "resource_id": "ivrcqb",
            "rest_api_id": "iwu3zb3ze5"
          },
          "sensitive_attributes": [],
          "identity_schema_version": 0,
          "private": "bnVsbA==",
          "dependencies": [
            "aws_api_gateway_resource.Resources",
            "aws_api_gateway_rest_api.TweeterAPI"
          ]
        },
        {
          "index_key": "getMoreFollowers",
          "schema_version": 0,
          "attributes": {
            "api_key_required": false,
            "authorization": "NONE",
            "authorization_scopes": null,
            "authorizer_id": null,
            "http_method": "OPTIONS",
            "id": "agm-iwu3zb3ze5-dxe6dy-OPTIONS",
            "operation_name": null,
            "request_models": null,
            "request_parameters": null,
            "request_validator_id": null,
            "resource_id": "dxe6dy",
            "rest_api_id": "iwu3zb3ze5"
          },
          "sensitive_attributes": [],
          "identity_schema_version": 0,
          "private": "bnVsbA==",
          "dependencies": [
            "aws_api_gateway_resource.Resources",
            "aws_api_gateway_rest_api.TweeterAPI"
          ]
        },
        {
          "index_key": "getStoryItems",
          "schema_version": 0,
          "attributes": {
            "api_key_required": false,
            "authorization": "NONE",
            "authorization_scopes": null,
            "authorizer_id": null,
            "http_method": "OPTIONS",
            "id": "agm-iwu3zb3ze5-k38fzp-OPTIONS",
            "operation_name": null,
            "request_models": null,
            "request_parameters": null,
            "request_validator_id": null,
            "resource_id": "k38fzp",
            "rest_api_id": "iwu3zb3ze5"
          },
          "sensitive_attributes": [],
          "identity_schema_version": 0,
          "private": "bnVsbA==",
          "dependencies": [
            "aws_api_gateway_resource.Resources",
            "aws_api_gateway_rest_api.TweeterAPI"
          ]
        },
        {
          "index_key": "getUser",
          "schema_version": 0,
          "attributes": {
            "api_key_required": false,
            "authorization": "NONE",
            "authorization_scopes": null,
            "authorizer_id": null,
            "http_method": "OPTIONS",
            "id": "agm-iwu3zb3ze5-fandgi-OPTIONS",
            "operation_name": null,
            "request_models": null,
            "request_parameters": null,
            "request_validator_id": null,
            "resource_id": "fandgi",
            "rest_api_id": "iwu3zb3ze5"
          },
          "sensitive_attributes": [],
          "identity_schema_version": 0,
          "private": "bnVsbA==",
          "dependencies": [
            "aws_api_gateway_resource.Resources",
            "aws_api_gateway_rest_api.TweeterAPI"
          ]
        },
        {
          "index_key": "isFollower",
          "schema_version": 0,
          "attributes": {
            "api_key_required": false,
            "authorization": "NONE",
            "authorization_scopes": null,
            "authorizer_id": null,
            "http_method": "OPTIONS",
            "id": "agm-iwu3zb3ze5-zcf6o9-OPTIONS",
            "operation_name": null,
            "request_models": null,
            "request_parameters": null,
            "request_validator_id": null,
            "resource_id": "zcf6o9",
            "rest_api_id": "iwu3zb3ze5"
          },
          "sensitive_attributes": [],
          "identity_schema_version": 0,
          "private": "bnVsbA==",
          "dependencies": [
            "aws_api_gateway_resource.Resources",
            "aws_api_gateway_rest_api.TweeterAPI"
          ]
        },
        {
          "index_key": "login",
          "schema_version": 0,
          "attributes": {
            "api_key_required": false,
            "authorization": "NONE",
            "authorization_scopes": null,
            "authorizer_id": null,
            "http_method": "OPTIONS",
            "id": "agm-iwu3zb3ze5-4c6ohh-OPTIONS",
            "operation_name": null,
            "request_models": null,
            "request_parameters": null,
            "request_validator_id": null,
            "resource_id": "4c6ohh",
            "rest_api_id": "iwu3zb3ze5"
          },
          "sensitive_attributes": [],
          "identity_schema_version": 0,
          "private": "bnVsbA==",
          "dependencies": [
            "aws_api_gateway_resource.Resources",
            "aws_api_gateway_rest_api.TweeterAPI"
          ]
        },
        {
          "index_key": "register",
          "schema_version": 0,
          "attributes": {
            "api_key_required": false,
            "authorization": "NONE",
            "authorization_scopes": null,
            "authorizer_id": null,
            "http_method": "OPTIONS",
            "id": "agm-iwu3zb3ze5-w4itsd-OPTIONS",
            "operation_name": null,
            "request_models": null,
            "request_parameters": null,
            "request_validator_id": null,
            "resource_id": "w4itsd",
            "rest_api_id": "iwu3zb3ze5"
          },
          "sensitive_attributes": [],
          "identity_schema_version": 0,
          "private": "bnVsbA==",
          "dependencies": [
            "aws_api_gateway_resource.Resources",
            "aws_api_gateway_rest_api.TweeterAPI"
          ]
        },
        {
          "index_key": "unfollow",
          "schema_version": 0,
          "attributes": {
            "api_key_required": false,
            "authorization": "NONE",
            "authorization_scopes": null,
            "authorizer_id": null,
            "http_method": "OPTIONS",
            "id": "agm-iwu3zb3ze5-om9r8r-OPTIONS",
            "operation_name": null,
            "request_models": null,
            "request_parameters": null,
            "request_validator_id": null,
            "resource_id": "om9r8r",
            "rest_api_id": "iwu3zb3ze5"
          },
          "sensitive_attributes": [],
          "identity_schema_version": 0,
          "private": "bnVsbA==",
          "dependencies": [
            "aws_api_gateway_resource.Resources",
            "aws_api_gateway_rest_api.TweeterAPI"
          ]
        }
      ]
    },
    {
      "mode": "managed",
      "type": "aws_api_gateway_method_response",
      "name": "options_200",
      "provider": "provider[\"registry.terraform.io/hashicorp/aws\"]",
      "instances": [
        {
          "index_key": "follow",
          "schema_version": 0,
          "attributes": {
            "http_method": "OPTIONS",
            "id": "agmr-iwu3zb3ze5-41lo2g-OPTIONS-200",
            "resource_id": "41lo2g",
            "response_models": {
              "application/json": "Empty"
            },
            "response_parameters": {
              "method.response.header.Access-Control-Allow-Headers": true,
              "method.response.header.Access-Control-Allow-Methods": true,
              "method.response.header.Access-Control-Allow-Origin": true
            },
            "rest_api_id": "iwu3zb3ze5",
            "status_code": "200"
          },
          "sensitive_attributes": [],
          "identity_schema_version": 0,
          "private": "bnVsbA==",
          "dependencies": [
            "aws_api_gateway_method.options",
            "aws_api_gateway_resource.Resources",
            "aws_api_gateway_rest_api.TweeterAPI"
          ]
        },
        {
          "index_key": "followeeCount",
          "schema_version": 0,
          "attributes": {
            "http_method": "OPTIONS",
            "id": "agmr-iwu3zb3ze5-6qlhna-OPTIONS-200",
            "resource_id": "6qlhna",
            "response_models": {
              "application/json": "Empty"
            },
            "response_parameters": {
              "method.response.header.Access-Control-Allow-Headers": true,
              "method.response.header.Access-Control-Allow-Methods": true,
              "method.response.header.Access-Control-Allow-Origin": true
            },
            "rest_api_id": "iwu3zb3ze5",
            "status_code": "200"
          },
          "sensitive_attributes": [],
          "identity_schema_version": 0,
          "private": "bnVsbA==",
          "dependencies": [
            "aws_api_gateway_method.options",
            "aws_api_gateway_resource.Resources",
            "aws_api_gateway_rest_api.TweeterAPI"
          ]
        },
        {
          "index_key": "followerCount",
          "schema_version": 0,
          "attributes": {
            "http_method": "OPTIONS",
            "id": "agmr-iwu3zb3ze5-1v6jbx-OPTIONS-200",
            "resource_id": "1v6jbx",
            "response_models": {
              "application/json": "Empty"
            },
            "response_parameters": {
              "method.response.header.Access-Control-Allow-Headers": true,
              "method.response.header.Access-Control-Allow-Methods": true,
              "method.response.header.Access-Control-Allow-Origin": true
            },
            "rest_api_id": "iwu3zb3ze5",
            "status_code": "200"
          },
          "sensitive_attributes": [],
          "identity_schema_version": 0,
          "private": "bnVsbA==",
          "dependencies": [
            "aws_api_gateway_method.options",
            "aws_api_gateway_resource.Resources",
            "aws_api_gateway_rest_api.TweeterAPI"
          ]
        },
        {
          "index_key": "getFeedItems",
          "schema_version": 0,
          "attributes": {
            "http_method": "OPTIONS",
            "id": "agmr-iwu3zb3ze5-pqxilu-OPTIONS-200",
            "resource_id": "pqxilu",
            "response_models": {
              "application/json": "Empty"
            },
            "response_parameters": {
              "method.response.header.Access-Control-Allow-Headers": true,
              "method.response.header.Access-Control-Allow-Methods": true,
              "method.response.header.Access-Control-Allow-Origin": true
            },
            "rest_api_id": "iwu3zb3ze5",
            "status_code": "200"
          },
          "sensitive_attributes": [],
          "identity_schema_version": 0,
          "private": "bnVsbA==",
          "dependencies": [
            "aws_api_gateway_method.options",
            "aws_api_gateway_resource.Resources",
            "aws_api_gateway_rest_api.TweeterAPI"
          ]
        },
        {
          "index_key": "getMoreFollowees",
          "schema_version": 0,
          "attributes": {
            "http_method": "OPTIONS",
            "id": "agmr-iwu3zb3ze5-ivrcqb-OPTIONS-200",
            "resource_id": "ivrcqb",
            "response_models": {
              "application/json": "Empty"
            },
            "response_parameters": {
              "method.response.header.Access-Control-Allow-Headers": true,
              "method.response.header.Access-Control-Allow-Methods": true,
              "method.response.header.Access-Control-Allow-Origin": true
            },
            "rest_api_id": "iwu3zb3ze5",
            "status_code": "200"
          },
          "sensitive_attributes": [],
          "identity_schema_version": 0,
          "private": "bnVsbA==",
          "dependencies": [
            "aws_api_gateway_method.options",
            "aws_api_gateway_resource.Resources",
            "aws_api_gateway_rest_api.TweeterAPI"
          ]
        },
        {
          "index_key": "getMoreFollowers",
          "schema_version": 0,
          "attributes": {
            "http_method": "OPTIONS",
            "id": "agmr-iwu3zb3ze5-dxe6dy-OPTIONS-200",
            "resource_id": "dxe6dy",
            "response_models": {
              "application/json": "Empty"
            },
            "response_parameters": {
              "method.response.header.Access-Control-Allow-Headers": true,
              "method.response.header.Access-Control-Allow-Methods": true,
              "method.response.header.Access-Control-Allow-Origin": true
            },
            "rest_api_id": "iwu3zb3ze5",
            "status_code": "200"
          },
          "sensitive_attributes": [],
          "identity_schema_version": 0,
          "private": "bnVsbA==",
          "dependencies": [
            "aws_api_gateway_method.options",
            "aws_api_gateway_resource.Resources",
            "aws_api_gateway_rest_api.TweeterAPI"
          ]
        },
        {
          "index_key": "getStoryItems",
          "schema_version": 0,
          "attributes": {
            "http_method": "OPTIONS",
            "id": "agmr-iwu3zb3ze5-k38fzp-OPTIONS-200",
            "resource_id": "k38fzp",
            "response_models": {
              "application/json": "Empty"
            },
            "response_parameters": {
              "method.response.header.Access-Control-Allow-Headers": true,
              "method.response.header.Access-Control-Allow-Methods": true,
              "method.response.header.Access-Control-Allow-Origin": true
            },
            "rest_api_id": "iwu3zb3ze5",
            "status_code": "200"
          },
          "sensitive_attributes": [],
          "identity_schema_version": 0,
          "private": "bnVsbA==",
          "dependencies": [
            "aws_api_gateway_method.options",
            "aws_api_gateway_resource.Resources",
            "aws_api_gateway_rest_api.TweeterAPI"
          ]
        },
        {
          "index_key": "getUser",
          "schema_version": 0,
          "attributes": {
            "http_method": "OPTIONS",
            "id": "agmr-iwu3zb3ze5-fandgi-OPTIONS-200",
            "resource_id": "fandgi",
            "response_models": {
              "application/json": "Empty"
            },
            "response_parameters": {
              "method.response.header.Access-Control-Allow-Headers": true,
              "method.response.header.Access-Control-Allow-Methods": true,
              "method.response.header.Access-Control-Allow-Origin": true
            },
            "rest_api_id": "iwu3zb3ze5",
            "status_code": "200"
          },
          "sensitive_attributes": [],
          "identity_schema_version": 0,
          "private": "bnVsbA==",
          "dependencies": [
            "aws_api_gateway_method.options",
            "aws_api_gateway_resource.Resources",
            "aws_api_gateway_rest_api.TweeterAPI"
          ]
        },
        {
          "index_key": "isFollower",
          "schema_version": 0,
          "attributes": {
            "http_method": "OPTIONS",
            "id": "agmr-iwu3zb3ze5-zcf6o9-OPTIONS-200",
            "resource_id": "zcf6o9",
            "response_models": {
              "application/json": "Empty"
            },
            "response_parameters": {
              "method.response.header.Access-Control-Allow-Headers": true,
              "method.response.header.Access-Control-Allow-Methods": true,
              "method.response.header.Access-Control-Allow-Origin": true
            },
            "rest_api_id": "iwu3zb3ze5",
            "status_code": "200"
          },
          "sensitive_attributes": [],
          "identity_schema_version": 0,
          "private": "bnVsbA==",
          "dependencies": [
            "aws_api_gateway_method.options",
            "aws_api_gateway_resource.Resources",
            "aws_api_gateway_rest_api.TweeterAPI"
          ]
        },
        {
          "index_key": "login",
          "schema_version": 0,
          "attributes": {
            "http_method": "OPTIONS",
            "id": "agmr-iwu3zb3ze5-4c6ohh-OPTIONS-200",
            "resource_id": "4c6ohh",
            "response_models": {
              "application/json": "Empty"
            },
            "response_parameters": {
              "method.response.header.Access-Control-Allow-Headers": true,
              "method.response.header.Access-Control-Allow-Methods": true,
              "method.response.header.Access-Control-Allow-Origin": true
            },
            "rest_api_id": "iwu3zb3ze5",
            "status_code": "200"
          },
          "sensitive_attributes": [],
          "identity_schema_version": 0,
          "private": "bnVsbA==",
          "dependencies": [
            "aws_api_gateway_method.options",
            "aws_api_gateway_resource.Resources",
            "aws_api_gateway_rest_api.TweeterAPI"
          ]
        },
        {
          "index_key": "register",
          "schema_version": 0,
          "attributes": {
            "http_method": "OPTIONS",
            "id": "agmr-iwu3zb3ze5-w4itsd-OPTIONS-200",
            "resource_id": "w4itsd",
            "response_models": {
              "application/json": "Empty"
            },
            "response_parameters": {
              "method.response.header.Access-Control-Allow-Headers": true,
              "method.response.header.Access-Control-Allow-Methods": true,
              "method.response.header.Access-Control-Allow-Origin": true
            },
            "rest_api_id": "iwu3zb3ze5",
            "status_code": "200"
          },
          "sensitive_attributes": [],
          "identity_schema_version": 0,
          "private": "bnVsbA==",
          "dependencies": [
            "aws_api_gateway_method.options",
            "aws_api_gateway_resource.Resources",
            "aws_api_gateway_rest_api.TweeterAPI"
          ]
        },
        {
          "index_key": "unfollow",
          "schema_version": 0,
          "attributes": {
            "http_method": "OPTIONS",
            "id": "agmr-iwu3zb3ze5-om9r8r-OPTIONS-200",
            "resource_id": "om9r8r",
            "response_models": {
              "application/json": "Empty"
            },
            "response_parameters": {
              "method.response.header.Access-Control-Allow-Headers": true,
              "method.response.header.Access-Control-Allow-Methods": true,
              "method.response.header.Access-Control-Allow-Origin": true
            },
            "rest_api_id": "iwu3zb3ze5",
            "status_code": "200"
          },
          "sensitive_attributes": [],
          "identity_schema_version": 0,
          "private": "bnVsbA==",
          "dependencies": [
            "aws_api_gateway_method.options",
            "aws_api_gateway_resource.Resources",
            "aws_api_gateway_rest_api.TweeterAPI"
          ]
        }
      ]
    },
    {
      "mode": "managed",
      "type": "aws_api_gateway_method_response",
      "name": "response400",
      "provider": "provider[\"registry.terraform.io/hashicorp/aws\"]",
      "instances": [
        {
          "index_key": "follow",
          "schema_version": 0,
          "attributes": {
            "http_method": "POST",
            "id": "agmr-iwu3zb3ze5-41lo2g-POST-400",
            "resource_id": "41lo2g",
            "response_models": {
              "application/json": "Empty"
            },
            "response_parameters": {
              "method.response.header.Access-Control-Allow-Headers": true,
              "method.response.header.Access-Control-Allow-Methods": true,
              "method.response.header.Access-Control-Allow-Origin": true
            },
            "rest_api_id": "iwu3zb3ze5",
            "status_code": "400"
          },
          "sensitive_attributes": [],
          "identity_schema_version": 0,
          "private": "bnVsbA==",
          "dependencies": [
            "aws_api_gateway_method.Method",
            "aws_api_gateway_resource.Resources",
            "aws_api_gateway_rest_api.TweeterAPI"
          ]
        },
        {
          "index_key": "followeeCount",
          "schema_version": 0,
          "attributes": {
            "http_method": "POST",
            "id": "agmr-iwu3zb3ze5-6qlhna-POST-400",
            "resource_id": "6qlhna",
            "response_models": {
              "application/json": "Empty"
            },
            "response_parameters": {
              "method.response.header.Access-Control-Allow-Headers": true,
              "method.response.header.Access-Control-Allow-Methods": true,
              "method.response.header.Access-Control-Allow-Origin": true
            },
            "rest_api_id": "iwu3zb3ze5",
            "status_code": "400"
          },
          "sensitive_attributes": [],
          "identity_schema_version": 0,
          "private": "bnVsbA==",
          "dependencies": [
            "aws_api_gateway_method.Method",
            "aws_api_gateway_resource.Resources",
            "aws_api_gateway_rest_api.TweeterAPI"
          ]
        },
        {
          "index_key": "followerCount",
          "schema_version": 0,
          "attributes": {
            "http_method": "POST",
            "id": "agmr-iwu3zb3ze5-1v6jbx-POST-400",
            "resource_id": "1v6jbx",
            "response_models": {
              "application/json": "Empty"
            },
            "response_parameters": {
              "method.response.header.Access-Control-Allow-Headers": true,
              "method.response.header.Access-Control-Allow-Methods": true,
              "method.response.header.Access-Control-Allow-Origin": true
            },
            "rest_api_id": "iwu3zb3ze5",
            "status_code": "400"
          },
          "sensitive_attributes": [],
          "identity_schema_version": 0,
          "private": "bnVsbA==",
          "dependencies": [
            "aws_api_gateway_method.Method",
            "aws_api_gateway_resource.Resources",
            "aws_api_gateway_rest_api.TweeterAPI"
          ]
        },
        {
          "index_key": "getFeedItems",
          "schema_version": 0,
          "attributes": {
            "http_method": "POST",
            "id": "agmr-iwu3zb3ze5-pqxilu-POST-400",
            "resource_id": "pqxilu",
            "response_models": {
              "application/json": "Empty"
            },
            "response_parameters": {
              "method.response.header.Access-Control-Allow-Headers": true,
              "method.response.header.Access-Control-Allow-Methods": true,
              "method.response.header.Access-Control-Allow-Origin": true
            },
            "rest_api_id": "iwu3zb3ze5",
            "status_code": "400"
          },
          "sensitive_attributes": [],
          "identity_schema_version": 0,
          "private": "bnVsbA==",
          "dependencies": [
            "aws_api_gateway_method.Method",
            "aws_api_gateway_resource.Resources",
            "aws_api_gateway_rest_api.TweeterAPI"
          ]
        },
        {
          "index_key": "getMoreFollowees",
          "schema_version": 0,
          "attributes": {
            "http_method": "POST",
            "id": "agmr-iwu3zb3ze5-ivrcqb-POST-400",
            "resource_id": "ivrcqb",
            "response_models": {
              "application/json": "Empty"
            },
            "response_parameters": {
              "method.response.header.Access-Control-Allow-Headers": true,
              "method.response.header.Access-Control-Allow-Methods": true,
              "method.response.header.Access-Control-Allow-Origin": true
            },
            "rest_api_id": "iwu3zb3ze5",
            "status_code": "400"
          },
          "sensitive_attributes": [],
          "identity_schema_version": 0,
          "private": "bnVsbA==",
          "dependencies": [
            "aws_api_gateway_method.Method",
            "aws_api_gateway_resource.Resources",
            "aws_api_gateway_rest_api.TweeterAPI"
          ]
        },
        {
          "index_key": "getMoreFollowers",
          "schema_version": 0,
          "attributes": {
            "http_method": "POST",
            "id": "agmr-iwu3zb3ze5-dxe6dy-POST-400",
            "resource_id": "dxe6dy",
            "response_models": {
              "application/json": "Empty"
            },
            "response_parameters": {
              "method.response.header.Access-Control-Allow-Headers": true,
              "method.response.header.Access-Control-Allow-Methods": true,
              "method.response.header.Access-Control-Allow-Origin": true
            },
            "rest_api_id": "iwu3zb3ze5",
            "status_code": "400"
          },
          "sensitive_attributes": [],
          "identity_schema_version": 0,
          "private": "bnVsbA==",
          "dependencies": [
            "aws_api_gateway_method.Method",
            "aws_api_gateway_resource.Resources",
            "aws_api_gateway_rest_api.TweeterAPI"
          ]
        },
        {
          "index_key": "getStoryItems",
          "schema_version": 0,
          "attributes": {
            "http_method": "POST",
            "id": "agmr-iwu3zb3ze5-k38fzp-POST-400",
            "resource_id": "k38fzp",
            "response_models": {
              "application/json": "Empty"
            },
            "response_parameters": {
              "method.response.header.Access-Control-Allow-Headers": true,
              "method.response.header.Access-Control-Allow-Methods": true,
              "method.response.header.Access-Control-Allow-Origin": true
            },
            "rest_api_id": "iwu3zb3ze5",
            "status_code": "400"
          },
          "sensitive_attributes": [],
          "identity_schema_version": 0,
          "private": "bnVsbA==",
          "dependencies": [
            "aws_api_gateway_method.Method",
            "aws_api_gateway_resource.Resources",
            "aws_api_gateway_rest_api.TweeterAPI"
          ]
        },
        {
          "index_key": "getUser",
          "schema_version": 0,
          "attributes": {
            "http_method": "POST",
            "id": "agmr-iwu3zb3ze5-fandgi-POST-400",
            "resource_id": "fandgi",
            "response_models": {
              "application/json": "Empty"
            },
            "response_parameters": {
              "method.response.header.Access-Control-Allow-Headers": true,
              "method.response.header.Access-Control-Allow-Methods": true,
              "method.response.header.Access-Control-Allow-Origin": true
            },
            "rest_api_id": "iwu3zb3ze5",
            "status_code": "400"
          },
          "sensitive_attributes": [],
          "identity_schema_version": 0,
          "private": "bnVsbA==",
          "dependencies": [
            "aws_api_gateway_method.Method",
            "aws_api_gateway_resource.Resources",
            "aws_api_gateway_rest_api.TweeterAPI"
          ]
        },
        {
          "index_key": "isFollower",
          "schema_version": 0,
          "attributes": {
            "http_method": "POST",
            "id": "agmr-iwu3zb3ze5-zcf6o9-POST-400",
            "resource_id": "zcf6o9",
            "response_models": {
              "application/json": "Empty"
            },
            "response_parameters": {
              "method.response.header.Access-Control-Allow-Headers": true,
              "method.response.header.Access-Control-Allow-Methods": true,
              "method.response.header.Access-Control-Allow-Origin": true
            },
            "rest_api_id": "iwu3zb3ze5",
            "status_code": "400"
          },
          "sensitive_attributes": [],
          "identity_schema_version": 0,
          "private": "bnVsbA==",
          "dependencies": [
            "aws_api_gateway_method.Method",
            "aws_api_gateway_resource.Resources",
            "aws_api_gateway_rest_api.TweeterAPI"
          ]
        },
        {
          "index_key": "login",
          "schema_version": 0,
          "attributes": {
            "http_method": "POST",
            "id": "agmr-iwu3zb3ze5-4c6ohh-POST-400",
            "resource_id": "4c6ohh",
            "response_models": {
              "application/json": "Empty"
            },
            "response_parameters": {
              "method.response.header.Access-Control-Allow-Headers": true,
              "method.response.header.Access-Control-Allow-Methods": true,
              "method.response.header.Access-Control-Allow-Origin": true
            },
            "rest_api_id": "iwu3zb3ze5",
            "status_code": "400"
          },
          "sensitive_attributes": [],
          "identity_schema_version": 0,
          "private": "bnVsbA==",
          "dependencies": [
            "aws_api_gateway_method.Method",
            "aws_api_gateway_resource.Resources",
            "aws_api_gateway_rest_api.TweeterAPI"
          ]
        },
        {
          "index_key": "register",
          "schema_version": 0,
          "attributes": {
            "http_method": "POST",
            "id": "agmr-iwu3zb3ze5-w4itsd-POST-400",
            "resource_id": "w4itsd",
            "response_models": {
              "application/json": "Empty"
            },
            "response_parameters": {
              "method.response.header.Access-Control-Allow-Headers": true,
              "method.response.header.Access-Control-Allow-Methods": true,
              "method.response.header.Access-Control-Allow-Origin": true
            },
            "rest_api_id": "iwu3zb3ze5",
            "status_code": "400"
          },
          "sensitive_attributes": [],
          "identity_schema_version": 0,
          "private": "bnVsbA==",
          "dependencies": [
            "aws_api_gateway_method.Method",
            "aws_api_gateway_resource.Resources",
            "aws_api_gateway_rest_api.TweeterAPI"
          ]
        },
        {
          "index_key": "unfollow",
          "schema_version": 0,
          "attributes": {
            "http_method": "POST",
            "id": "agmr-iwu3zb3ze5-om9r8r-POST-400",
            "resource_id": "om9r8r",
            "response_models": {
              "application/json": "Empty"
            },
            "response_parameters": {
              "method.response.header.Access-Control-Allow-Headers": true,
              "method.response.header.Access-Control-Allow-Methods": true,
              "method.response.header.Access-Control-Allow-Origin": true
            },
            "rest_api_id": "iwu3zb3ze5",
            "status_code": "400"
          },
          "sensitive_attributes": [],
          "identity_schema_version": 0,
          "private": "bnVsbA==",
          "dependencies": [
            "aws_api_gateway_method.Method",
            "aws_api_gateway_resource.Resources",
            "aws_api_gateway_rest_api.TweeterAPI"
          ]
        }
      ]
    },
    {
      "mode": "managed",
      "type": "aws_api_gateway_method_response",
      "name": "response500",
      "provider": "provider[\"registry.terraform.io/hashicorp/aws\"]",
      "instances": [
        {
          "index_key": "follow",
          "schema_version": 0,
          "attributes": {
            "http_method": "POST",
            "id": "agmr-iwu3zb3ze5-41lo2g-POST-500",
            "resource_id": "41lo2g",
            "response_models": {
              "application/json": "Empty"
            },
            "response_parameters": {
              "method.response.header.Access-Control-Allow-Headers": true,
              "method.response.header.Access-Control-Allow-Methods": true,
              "method.response.header.Access-Control-Allow-Origin": true
            },
            "rest_api_id": "iwu3zb3ze5",
            "status_code": "500"
          },
          "sensitive_attributes": [],
          "identity_schema_version": 0,
          "private": "bnVsbA==",
          "dependencies": [
            "aws_api_gateway_method.Method",
            "aws_api_gateway_resource.Resources",
            "aws_api_gateway_rest_api.TweeterAPI"
          ]
        },
        {
          "index_key": "followeeCount",
          "schema_version": 0,
          "attributes": {
            "http_method": "POST",
            "id": "agmr-iwu3zb3ze5-6qlhna-POST-500",
            "resource_id": "6qlhna",
            "response_models": {
              "application/json": "Empty"
            },
            "response_parameters": {
              "method.response.header.Access-Control-Allow-Headers": true,
              "method.response.header.Access-Control-Allow-Methods": true,
              "method.response.header.Access-Control-Allow-Origin": true
            },
            "rest_api_id": "iwu3zb3ze5",
            "status_code": "500"
          },
          "sensitive_attributes": [],
          "identity_schema_version": 0,
          "private": "bnVsbA==",
          "dependencies": [
            "aws_api_gateway_method.Method",
            "aws_api_gateway_resource.Resources",
            "aws_api_gateway_rest_api.TweeterAPI"
          ]
        },
        {
          "index_key": "followerCount",
          "schema_version": 0,
          "attributes": {
            "http_method": "POST",
            "id": "agmr-iwu3zb3ze5-1v6jbx-POST-500",
            "resource_id": "1v6jbx",
            "response_models": {
              "application/json": "Empty"
            },
            "response_parameters": {
              "method.response.header.Access-Control-Allow-Headers": true,
              "method.response.header.Access-Control-Allow-Methods": true,
              "method.response.header.Access-Control-Allow-Origin": true
            },
            "rest_api_id": "iwu3zb3ze5",
            "status_code": "500"
          },
          "sensitive_attributes": [],
          "identity_schema_version": 0,
          "private": "bnVsbA==",
          "dependencies": [
            "aws_api_gateway_method.Method",
            "aws_api_gateway_resource.Resources",
            "aws_api_gateway_rest_api.TweeterAPI"
          ]
        },
        {
          "index_key": "getFeedItems",
          "schema_version": 0,
          "attributes": {
            "http_method": "POST",
            "id": "agmr-iwu3zb3ze5-pqxilu-POST-500",
            "resource_id": "pqxilu",
            "response_models": {
              "application/json": "Empty"
            },
            "response_parameters": {
              "method.response.header.Access-Control-Allow-Headers": true,
              "method.response.header.Access-Control-Allow-Methods": true,
              "method.response.header.Access-Control-Allow-Origin": true
            },
            "rest_api_id": "iwu3zb3ze5",
            "status_code": "500"
          },
          "sensitive_attributes": [],
          "identity_schema_version": 0,
          "private": "bnVsbA==",
          "dependencies": [
            "aws_api_gateway_method.Method",
            "aws_api_gateway_resource.Resources",
            "aws_api_gateway_rest_api.TweeterAPI"
          ]
        },
        {
          "index_key": "getMoreFollowees",
          "schema_version": 0,
          "attributes": {
            "http_method": "POST",
            "id": "agmr-iwu3zb3ze5-ivrcqb-POST-500",
            "resource_id": "ivrcqb",
            "response_models": {
              "application/json": "Empty"
            },
            "response_parameters": {
              "method.response.header.Access-Control-Allow-Headers": true,
              "method.response.header.Access-Control-Allow-Methods": true,
              "method.response.header.Access-Control-Allow-Origin": true
            },
            "rest_api_id": "iwu3zb3ze5",
            "status_code": "500"
          },
          "sensitive_attributes": [],
          "identity_schema_version": 0,
          "private": "bnVsbA==",
          "dependencies": [
            "aws_api_gateway_method.Method",
            "aws_api_gateway_resource.Resources",
            "aws_api_gateway_rest_api.TweeterAPI"
          ]
        },
        {
          "index_key": "getMoreFollowers",
          "schema_version": 0,
          "attributes": {
            "http_method": "POST",
            "id": "agmr-iwu3zb3ze5-dxe6dy-POST-500",
            "resource_id": "dxe6dy",
            "response_models": {
              "application/json": "Empty"
            },
            "response_parameters": {
              "method.response.header.Access-Control-Allow-Headers": true,
              "method.response.header.Access-Control-Allow-Methods": true,
              "method.response.header.Access-Control-Allow-Origin": true
            },
            "rest_api_id": "iwu3zb3ze5",
            "status_code": "500"
          },
          "sensitive_attributes": [],
          "identity_schema_version": 0,
          "private": "bnVsbA==",
          "dependencies": [
            "aws_api_gateway_method.Method",
            "aws_api_gateway_resource.Resources",
            "aws_api_gateway_rest_api.TweeterAPI"
          ]
        },
        {
          "index_key": "getStoryItems",
          "schema_version": 0,
          "attributes": {
            "http_method": "POST",
            "id": "agmr-iwu3zb3ze5-k38fzp-POST-500",
            "resource_id": "k38fzp",
            "response_models": {
              "application/json": "Empty"
            },
            "response_parameters": {
              "method.response.header.Access-Control-Allow-Headers": true,
              "method.response.header.Access-Control-Allow-Methods": true,
              "method.response.header.Access-Control-Allow-Origin": true
            },
            "rest_api_id": "iwu3zb3ze5",
            "status_code": "500"
          },
          "sensitive_attributes": [],
          "identity_schema_version": 0,
          "private": "bnVsbA==",
          "dependencies": [
            "aws_api_gateway_method.Method",
            "aws_api_gateway_resource.Resources",
            "aws_api_gateway_rest_api.TweeterAPI"
          ]
        },
        {
          "index_key": "getUser",
          "schema_version": 0,
          "attributes": {
            "http_method": "POST",
            "id": "agmr-iwu3zb3ze5-fandgi-POST-500",
            "resource_id": "fandgi",
            "response_models": {
              "application/json": "Empty"
            },
            "response_parameters": {
              "method.response.header.Access-Control-Allow-Headers": true,
              "method.response.header.Access-Control-Allow-Methods": true,
              "method.response.header.Access-Control-Allow-Origin": true
            },
            "rest_api_id": "iwu3zb3ze5",
            "status_code": "500"
          },
          "sensitive_attributes": [],
          "identity_schema_version": 0,
          "private": "bnVsbA==",
          "dependencies": [
            "aws_api_gateway_method.Method",
            "aws_api_gateway_resource.Resources",
            "aws_api_gateway_rest_api.TweeterAPI"
          ]
        },
        {
          "index_key": "isFollower",
          "schema_version": 0,
          "attributes": {
            "http_method": "POST",
            "id": "agmr-iwu3zb3ze5-zcf6o9-POST-500",
            "resource_id": "zcf6o9",
            "response_models": {
              "application/json": "Empty"
            },
            "response_parameters": {
              "method.response.header.Access-Control-Allow-Headers": true,
              "method.response.header.Access-Control-Allow-Methods": true,
              "method.response.header.Access-Control-Allow-Origin": true
            },
            "rest_api_id": "iwu3zb3ze5",
            "status_code": "500"
          },
          "sensitive_attributes": [],
          "identity_schema_version": 0,
          "private": "bnVsbA==",
          "dependencies": [
            "aws_api_gateway_method.Method",
            "aws_api_gateway_resource.Resources",
            "aws_api_gateway_rest_api.TweeterAPI"
          ]
        },
        {
          "index_key": "login",
          "schema_version": 0,
          "attributes": {
            "http_method": "POST",
            "id": "agmr-iwu3zb3ze5-4c6ohh-POST-500",
            "resource_id": "4c6ohh",
            "response_models": {
              "application/json": "Empty"
            },
            "response_parameters": {
              "method.response.header.Access-Control-Allow-Headers": true,
              "method.response.header.Access-Control-Allow-Methods": true,
              "method.response.header.Access-Control-Allow-Origin": true
            },
            "rest_api_id": "iwu3zb3ze5",
            "status_code": "500"
          },
          "sensitive_attributes": [],
          "identity_schema_version": 0,
          "private": "bnVsbA==",
          "dependencies": [
            "aws_api_gateway_method.Method",
            "aws_api_gateway_resource.Resources",
            "aws_api_gateway_rest_api.TweeterAPI"
          ]
        },
        {
          "index_key": "register",
          "schema_version": 0,
          "attributes": {
            "http_method": "POST",
            "id": "agmr-iwu3zb3ze5-w4itsd-POST-500",
            "resource_id": "w4itsd",
            "response_models": {
              "application/json": "Empty"
            },
            "response_parameters": {
              "method.response.header.Access-Control-Allow-Headers": true,
              "method.response.header.Access-Control-Allow-Methods": true,
              "method.response.header.Access-Control-Allow-Origin": true
            },
            "rest_api_id": "iwu3zb3ze5",
            "status_code": "500"
          },
          "sensitive_attributes": [],
          "identity_schema_version": 0,
          "private": "bnVsbA==",
          "dependencies": [
            "aws_api_gateway_method.Method",
            "aws_api_gateway_resource.Resources",
            "aws_api_gateway_rest_api.TweeterAPI"
          ]
        },
        {
          "index_key": "unfollow",
          "schema_version": 0,
          "attributes": {
            "http_method": "POST",
            "id": "agmr-iwu3zb3ze5-om9r8r-POST-500",
            "resource_id": "om9r8r",
            "response_models": {
              "application/json": "Empty"
            },
            "response_parameters": {
              "method.response.header.Access-Control-Allow-Headers": true,
              "method.response.header.Access-Control-Allow-Methods": true,
              "method.response.header.Access-Control-Allow-Origin": true
            },
            "rest_api_id": "iwu3zb3ze5",
            "status_code": "500"
          },
          "sensitive_attributes": [],
          "identity_schema_version": 0,
          "private": "bnVsbA==",
          "dependencies": [
            "aws_api_gateway_method.Method",
            "aws_api_gateway_resource.Resources",
            "aws_api_gateway_rest_api.TweeterAPI"
          ]
        }
      ]
    },
    {
      "mode": "managed",
      "type": "aws_api_gateway_method_response",
      "name": "response_200",
      "provider": "provider[\"registry.terraform.io/hashicorp/aws\"]",
      "instances": [
        {
          "index_key": "follow",
          "schema_version": 0,
          "attributes": {
            "http_method": "POST",
            "id": "agmr-iwu3zb3ze5-41lo2g-POST-200",
            "resource_id": "41lo2g",
            "response_models": {
              "application/json": "Empty"
            },
            "response_parameters": {
              "method.response.header.Access-Control-Allow-Headers": true,
              "method.response.header.Access-Control-Allow-Methods": true,
              "method.response.header.Access-Control-Allow-Origin": true
            },
            "rest_api_id": "iwu3zb3ze5",
            "status_code": "200"
          },
          "sensitive_attributes": [],
          "identity_schema_version": 0,
          "private": "bnVsbA==",
          "dependencies": [
            "aws_api_gateway_method.Method",
            "aws_api_gateway_resource.Resources",
            "aws_api_gateway_rest_api.TweeterAPI"
          ]
        },
        {
          "index_key": "followeeCount",
          "schema_version": 0,
          "attributes": {
            "http_method": "POST",
            "id": "agmr-iwu3zb3ze5-6qlhna-POST-200",
            "resource_id": "6qlhna",
            "response_models": {
              "application/json": "Empty"
            },
            "response_parameters": {
              "method.response.header.Access-Control-Allow-Headers": true,
              "method.response.header.Access-Control-Allow-Methods": true,
              "method.response.header.Access-Control-Allow-Origin": true
            },
            "rest_api_id": "iwu3zb3ze5",
            "status_code": "200"
          },
          "sensitive_attributes": [],
          "identity_schema_version": 0,
          "private": "bnVsbA==",
          "dependencies": [
            "aws_api_gateway_method.Method",
            "aws_api_gateway_resource.Resources",
            "aws_api_gateway_rest_api.TweeterAPI"
          ]
        },
        {
          "index_key": "followerCount",
          "schema_version": 0,
          "attributes": {
            "http_method": "POST",
            "id": "agmr-iwu3zb3ze5-1v6jbx-POST-200",
            "resource_id": "1v6jbx",
            "response_models": {
              "application/json": "Empty"
            },
            "response_parameters": {
              "method.response.header.Access-Control-Allow-Headers": true,
              "method.response.header.Access-Control-Allow-Methods": true,
              "method.response.header.Access-Control-Allow-Origin": true
            },
            "rest_api_id": "iwu3zb3ze5",
            "status_code": "200"
          },
          "sensitive_attributes": [],
          "identity_schema_version": 0,
          "private": "bnVsbA==",
          "dependencies": [
            "aws_api_gateway_method.Method",
            "aws_api_gateway_resource.Resources",
            "aws_api_gateway_rest_api.TweeterAPI"
          ]
        },
        {
          "index_key": "getFeedItems",
          "schema_version": 0,
          "attributes": {
            "http_method": "POST",
            "id": "agmr-iwu3zb3ze5-pqxilu-POST-200",
            "resource_id": "pqxilu",
            "response_models": {
              "application/json": "Empty"
            },
            "response_parameters": {
              "method.response.header.Access-Control-Allow-Headers": true,
              "method.response.header.Access-Control-Allow-Methods": true,
              "method.response.header.Access-Control-Allow-Origin": true
            },
            "rest_api_id": "iwu3zb3ze5",
            "status_code": "200"
          },
          "sensitive_attributes": [],
          "identity_schema_version": 0,
          "private": "bnVsbA==",
          "dependencies": [
            "aws_api_gateway_method.Method",
            "aws_api_gateway_resource.Resources",
            "aws_api_gateway_rest_api.TweeterAPI"
          ]
        },
        {
          "index_key": "getMoreFollowees",
          "schema_version": 0,
          "attributes": {
            "http_method": "POST",
            "id": "agmr-iwu3zb3ze5-ivrcqb-POST-200",
            "resource_id": "ivrcqb",
            "response_models": {
              "application/json": "Empty"
            },
            "response_parameters": {
              "method.response.header.Access-Control-Allow-Headers": true,
              "method.response.header.Access-Control-Allow-Methods": true,
              "method.response.header.Access-Control-Allow-Origin": true
            },
            "rest_api_id": "iwu3zb3ze5",
            "status_code": "200"
          },
          "sensitive_attributes": [],
          "identity_schema_version": 0,
          "private": "bnVsbA==",
          "dependencies": [
            "aws_api_gateway_method.Method",
            "aws_api_gateway_resource.Resources",
            "aws_api_gateway_rest_api.TweeterAPI"
          ]
        },
        {
          "index_key": "getMoreFollowers",
          "schema_version": 0,
          "attributes": {
            "http_method": "POST",
            "id": "agmr-iwu3zb3ze5-dxe6dy-POST-200",
            "resource_id": "dxe6dy",
            "response_models": {
              "application/json": "Empty"
            },
            "response_parameters": {
              "method.response.header.Access-Control-Allow-Headers": true,
              "method.response.header.Access-Control-Allow-Methods": true,
              "method.response.header.Access-Control-Allow-Origin": true
            },
            "rest_api_id": "iwu3zb3ze5",
            "status_code": "200"
          },
          "sensitive_attributes": [],
          "identity_schema_version": 0,
          "private": "bnVsbA==",
          "dependencies": [
            "aws_api_gateway_method.Method",
            "aws_api_gateway_resource.Resources",
            "aws_api_gateway_rest_api.TweeterAPI"
          ]
        },
        {
          "index_key": "getStoryItems",
          "schema_version": 0,
          "attributes": {
            "http_method": "POST",
            "id": "agmr-iwu3zb3ze5-k38fzp-POST-200",
            "resource_id": "k38fzp",
            "response_models": {
              "application/json": "Empty"
            },
            "response_parameters": {
              "method.response.header.Access-Control-Allow-Headers": true,
              "method.response.header.Access-Control-Allow-Methods": true,
              "method.response.header.Access-Control-Allow-Origin": true
            },
            "rest_api_id": "iwu3zb3ze5",
            "status_code": "200"
          },
          "sensitive_attributes": [],
          "identity_schema_version": 0,
          "private": "bnVsbA==",
          "dependencies": [
            "aws_api_gateway_method.Method",
            "aws_api_gateway_resource.Resources",
            "aws_api_gateway_rest_api.TweeterAPI"
          ]
        },
        {
          "index_key": "getUser",
          "schema_version": 0,
          "attributes": {
            "http_method": "POST",
            "id": "agmr-iwu3zb3ze5-fandgi-POST-200",
            "resource_id": "fandgi",
            "response_models": {
              "application/json": "Empty"
            },
            "response_parameters": {
              "method.response.header.Access-Control-Allow-Headers": true,
              "method.response.header.Access-Control-Allow-Methods": true,
              "method.response.header.Access-Control-Allow-Origin": true
            },
            "rest_api_id": "iwu3zb3ze5",
            "status_code": "200"
          },
          "sensitive_attributes": [],
          "identity_schema_version": 0,
          "private": "bnVsbA==",
          "dependencies": [
            "aws_api_gateway_method.Method",
            "aws_api_gateway_resource.Resources",
            "aws_api_gateway_rest_api.TweeterAPI"
          ]
        },
        {
          "index_key": "isFollower",
          "schema_version": 0,
          "attributes": {
            "http_method": "POST",
            "id": "agmr-iwu3zb3ze5-zcf6o9-POST-200",
            "resource_id": "zcf6o9",
            "response_models": {
              "application/json": "Empty"
            },
            "response_parameters": {
              "method.response.header.Access-Control-Allow-Headers": true,
              "method.response.header.Access-Control-Allow-Methods": true,
              "method.response.header.Access-Control-Allow-Origin": true
            },
            "rest_api_id": "iwu3zb3ze5",
            "status_code": "200"
          },
          "sensitive_attributes": [],
          "identity_schema_version": 0,
          "private": "bnVsbA==",
          "dependencies": [
            "aws_api_gateway_method.Method",
            "aws_api_gateway_resource.Resources",
            "aws_api_gateway_rest_api.TweeterAPI"
          ]
        },
        {
          "index_key": "login",
          "schema_version": 0,
          "attributes": {
            "http_method": "POST",
            "id": "agmr-iwu3zb3ze5-4c6ohh-POST-200",
            "resource_id": "4c6ohh",
            "response_models": {
              "application/json": "Empty"
            },
            "response_parameters": {
              "method.response.header.Access-Control-Allow-Headers": true,
              "method.response.header.Access-Control-Allow-Methods": true,
              "method.response.header.Access-Control-Allow-Origin": true
            },
            "rest_api_id": "iwu3zb3ze5",
            "status_code": "200"
          },
          "sensitive_attributes": [],
          "identity_schema_version": 0,
          "private": "bnVsbA==",
          "dependencies": [
            "aws_api_gateway_method.Method",
            "aws_api_gateway_resource.Resources",
            "aws_api_gateway_rest_api.TweeterAPI"
          ]
        },
        {
          "index_key": "register",
          "schema_version": 0,
          "attributes": {
            "http_method": "POST",
            "id": "agmr-iwu3zb3ze5-w4itsd-POST-200",
            "resource_id": "w4itsd",
            "response_models": {
              "application/json": "Empty"
            },
            "response_parameters": {
              "method.response.header.Access-Control-Allow-Headers": true,
              "method.response.header.Access-Control-Allow-Methods": true,
              "method.response.header.Access-Control-Allow-Origin": true
            },
            "rest_api_id": "iwu3zb3ze5",
            "status_code": "200"
          },
          "sensitive_attributes": [],
          "identity_schema_version": 0,
          "private": "bnVsbA==",
          "dependencies": [
            "aws_api_gateway_method.Method",
            "aws_api_gateway_resource.Resources",
            "aws_api_gateway_rest_api.TweeterAPI"
          ]
        },
        {
          "index_key": "unfollow",
          "schema_version": 0,
          "attributes": {
            "http_method": "POST",
            "id": "agmr-iwu3zb3ze5-om9r8r-POST-200",
            "resource_id": "om9r8r",
            "response_models": {
              "application/json": "Empty"
            },
            "response_parameters": {
              "method.response.header.Access-Control-Allow-Headers": true,
              "method.response.header.Access-Control-Allow-Methods": true,
              "method.response.header.Access-Control-Allow-Origin": true
            },
            "rest_api_id": "iwu3zb3ze5",
            "status_code": "200"
          },
          "sensitive_attributes": [],
          "identity_schema_version": 0,
          "private": "bnVsbA==",
          "dependencies": [
            "aws_api_gateway_method.Method",
            "aws_api_gateway_resource.Resources",
            "aws_api_gateway_rest_api.TweeterAPI"
          ]
        }
      ]
    },
    {
      "mode": "managed",
      "type": "aws_api_gateway_resource",
      "name": "Resources",
      "provider": "provider[\"registry.terraform.io/hashicorp/aws\"]",
      "instances": [
        {
          "index_key": "follow",
          "schema_version": 0,
          "attributes": {
            "id": "41lo2g",
            "parent_id": "l2nqj95hwg",
            "path": "/follow",
            "path_part": "follow",
            "rest_api_id": "iwu3zb3ze5"
          },
          "sensitive_attributes": [],
          "identity_schema_version": 0,
          "private": "bnVsbA==",
          "dependencies": [
            "aws_api_gateway_rest_api.TweeterAPI"
          ]
        },
        {
          "index_key": "followeeCount",
          "schema_version": 0,
          "attributes": {
            "id": "6qlhna",
            "parent_id": "l2nqj95hwg",
            "path": "/followeecount",
            "path_part": "followeecount",
            "rest_api_id": "iwu3zb3ze5"
          },
          "sensitive_attributes": [],
          "identity_schema_version": 0,
          "private": "bnVsbA==",
          "dependencies": [
            "aws_api_gateway_rest_api.TweeterAPI"
          ]
        },
        {
          "index_key": "followerCount",
          "schema_version": 0,
          "attributes": {
            "id": "1v6jbx",
            "parent_id": "l2nqj95hwg",
            "path": "/followercount",
            "path_part": "followercount",
            "rest_api_id": "iwu3zb3ze5"
          },
          "sensitive_attributes": [],
          "identity_schema_version": 0,
          "private": "bnVsbA==",
          "dependencies": [
            "aws_api_gateway_rest_api.TweeterAPI"
          ]
        },
        {
          "index_key": "getFeedItems",
          "schema_version": 0,
          "attributes": {
            "id": "pqxilu",
            "parent_id": "l2nqj95hwg",
            "path": "/getfeeditems",
            "path_part": "getfeeditems",
            "rest_api_id": "iwu3zb3ze5"
          },
          "sensitive_attributes": [],
          "identity_schema_version": 0,
          "private": "bnVsbA==",
          "dependencies": [
            "aws_api_gateway_rest_api.TweeterAPI"
          ]
        },
        {
          "index_key": "getMoreFollowees",
          "schema_version": 0,
          "attributes": {
            "id": "ivrcqb",
            "parent_id": "l2nqj95hwg",
            "path": "/getfollowees",
            "path_part": "getfollowees",
            "rest_api_id": "iwu3zb3ze5"
          },
          "sensitive_attributes": [],
          "identity_schema_version": 0,
          "private": "bnVsbA==",
          "dependencies": [
            "aws_api_gateway_rest_api.TweeterAPI"
          ]
        },
        {
          "index_key": "getMoreFollowers",
          "schema_version": 0,
          "attributes": {
            "id": "dxe6dy",
            "parent_id": "l2nqj95hwg",
            "path": "/getfollowers",
            "path_part": "getfollowers",
            "rest_api_id": "iwu3zb3ze5"
          },
          "sensitive_attributes": [],
          "identity_schema_version": 0,
          "private": "bnVsbA==",
          "dependencies": [
            "aws_api_gateway_rest_api.TweeterAPI"
          ]
        },
        {
          "index_key": "getStoryItems",
          "schema_version": 0,
          "attributes": {
            "id": "k38fzp",
            "parent_id": "l2nqj95hwg",
            "path": "/getstoryitems",
            "path_part": "getstoryitems",
            "rest_api_id": "iwu3zb3ze5"
          },
          "sensitive_attributes": [],
          "identity_schema_version": 0,
          "private": "bnVsbA==",
          "dependencies": [
            "aws_api_gateway_rest_api.TweeterAPI"
          ]
        },
        {
          "index_key": "getUser",
          "schema_version": 0,
          "attributes": {
            "id": "fandgi",
            "parent_id": "l2nqj95hwg",
            "path": "/getuser",
            "path_part": "getuser",
            "rest_api_id": "iwu3zb3ze5"
          },
          "sensitive_attributes": [],
          "identity_schema_version": 0,
          "private": "bnVsbA==",
          "dependencies": [
            "aws_api_gateway_rest_api.TweeterAPI"
          ]
        },
        {
          "index_key": "isFollower",
          "schema_version": 0,
          "attributes": {
            "id": "zcf6o9",
            "parent_id": "l2nqj95hwg",
            "path": "/isfollower",
            "path_part": "isfollower",
            "rest_api_id": "iwu3zb3ze5"
          },
          "sensitive_attributes": [],
          "identity_schema_version": 0,
          "private": "bnVsbA==",
          "dependencies": [
            "aws_api_gateway_rest_api.TweeterAPI"
          ]
        },
        {
          "index_key": "login",
          "schema_version": 0,
          "attributes": {
            "id": "4c6ohh",
            "parent_id": "l2nqj95hwg",
            "path": "/login",
            "path_part": "login",
            "rest_api_id": "iwu3zb3ze5"
          },
          "sensitive_attributes": [],
          "identity_schema_version": 0,
          "private": "bnVsbA==",
          "dependencies": [
            "aws_api_gateway_rest_api.TweeterAPI"
          ]
        },
        {
          "index_key": "register",
          "schema_version": 0,
          "attributes": {
            "id": "w4itsd",
            "parent_id": "l2nqj95hwg",
            "path": "/register",
            "path_part": "register",
            "rest_api_id": "iwu3zb3ze5"
          },
          "sensitive_attributes": [],
          "identity_schema_version": 0,
          "private": "bnVsbA==",
          "dependencies": [
            "aws_api_gateway_rest_api.TweeterAPI"
          ]
        },
        {
          "index_key": "unfollow",
          "schema_version": 0,
          "attributes": {
            "id": "om9r8r",
            "parent_id": "l2nqj95hwg",
            "path": "/unfollow",
            "path_part": "unfollow",
            "rest_api_id": "iwu3zb3ze5"
          },
          "sensitive_attributes": [],
          "identity_schema_version": 0,
          "private": "bnVsbA==",
          "dependencies": [
            "aws_api_gateway_rest_api.TweeterAPI"
          ]
        }
      ]
    },
    {
      "mode": "managed",
      "type": "aws_api_gateway_rest_api",
      "name": "TweeterAPI",
      "provider": "provider[\"registry.terraform.io/hashicorp/aws\"]",
      "instances": [
        {
          "schema_version": 0,
          "attributes": {
            "api_key_source": "HEADER",
            "arn": "arn:aws:apigateway:us-west-2::/restapis/iwu3zb3ze5",
            "binary_media_types": [],
            "body": null,
            "created_date": "2026-03-25T21:56:28Z",
            "description": "",
            "disable_execute_api_endpoint": false,
            "endpoint_configuration": [
              {
                "types": [
                  "REGIONAL"
                ],
                "vpc_endpoint_ids": []
              }
            ],
            "execution_arn": "arn:aws:execute-api:us-west-2:615299777283:iwu3zb3ze5",
            "fail_on_warnings": null,
            "id": "iwu3zb3ze5",
            "minimum_compression_size": "",
            "name": "TweeterAPI",
            "parameters": null,
            "policy": "",
            "put_rest_api_mode": null,
            "root_resource_id": "l2nqj95hwg",
            "tags": null,
            "tags_all": {}
          },
          "sensitive_attributes": [],
          "identity_schema_version": 0,
          "private": "bnVsbA=="
        }
      ]
    },
    {
      "mode": "managed",
      "type": "aws_api_gateway_stage",
      "name": "TweeterAPIStage",
      "provider": "provider[\"registry.terraform.io/hashicorp/aws\"]",
      "instances": [
        {
          "schema_version": 0,
          "attributes": {
            "access_log_settings": [],
            "arn": "arn:aws:apigateway:us-west-2::/restapis/iwu3zb3ze5/stages/dev",
            "cache_cluster_enabled": false,
            "cache_cluster_size": "",
            "canary_settings": [],
            "client_certificate_id": "",
            "deployment_id": "f1fgxb",
            "description": "",
            "documentation_version": "",
            "execution_arn": "arn:aws:execute-api:us-west-2:615299777283:iwu3zb3ze5/dev",
            "id": "ags-iwu3zb3ze5-dev",
            "invoke_url": "https://iwu3zb3ze5.execute-api.us-west-2.amazonaws.com/dev",
            "rest_api_id": "iwu3zb3ze5",
            "stage_name": "dev",
            "tags": null,
            "tags_all": {},
            "variables": null,
            "web_acl_arn": "",
            "xray_tracing_enabled": false
          },
          "sensitive_attributes": [],
          "identity_schema_version": 0,
          "private": "bnVsbA==",
          "dependencies": [
            "archive_file.layer_package",
            "aws_api_gateway_deployment.TweeterAPIDeployment",
            "aws_api_gateway_integration.MethodIntegration",
            "aws_api_gateway_integration.options",
            "aws_api_gateway_integration_response.error_response400",
            "aws_api_gateway_integration_response.error_response500",
            "aws_api_gateway_integration_response.options_integration",
            "aws_api_gateway_integration_response.response_200Integration",
            "aws_api_gateway_method.Method",
            "aws_api_gateway_method.options",
            "aws_api_gateway_method_response.options_200",
            "aws_api_gateway_method_response.response400",
            "aws_api_gateway_method_response.response500",
            "aws_api_gateway_method_response.response_200",
            "aws_api_gateway_resource.Resources",
            "aws_api_gateway_rest_api.TweeterAPI",
            "aws_iam_role.backend_lambda_handler",
            "aws_lambda_function.Lambdas",
            "aws_lambda_layer_version.dependencies",
            "data.archive_file.lambda_package",
            "data.aws_iam_policy_document.role"
          ]
        }
      ]
    },
    {
      "mode": "managed",
      "type": "aws_iam_role",
      "name": "backend_lambda_handler",
      "provider": "provider[\"registry.terraform.io/hashicorp/aws\"]",
      "instances": [
        {
          "schema_version": 0,
          "attributes": {
            "arn": "arn:aws:iam::615299777283:role/terraform-20260325215627684300000001",
            "assume_role_policy": "{\"Statement\":[{\"Action\":\"sts:AssumeRole\",\"Effect\":\"Allow\",\"Principal\":{\"Service\":\"lambda.amazonaws.com\"}}],\"Version\":\"2012-10-17\"}",
            "create_date": "2026-03-25T21:56:27Z",
            "description": "",
            "force_detach_policies": false,
            "id": "terraform-20260325215627684300000001",
            "inline_policy": [],
            "managed_policy_arns": [],
            "max_session_duration": 3600,
            "name": "terraform-20260325215627684300000001",
            "name_prefix": "terraform-",
            "path": "/",
            "permissions_boundary": "",
            "tags": null,
            "tags_all": {},
            "unique_id": "AROAY6QVZQMBZVCMTYIFF"
          },
          "sensitive_attributes": [],
          "identity_schema_version": 0,
          "private": "bnVsbA==",
          "dependencies": [
            "data.aws_iam_policy_document.role"
          ]
        }
      ]
    },
    {
      "mode": "managed",
      "type": "aws_lambda_function",
      "name": "Lambdas",
      "provider": "provider[\"registry.terraform.io/hashicorp/aws\"]",
      "instances": [
        {
          "index_key": "follow",
          "schema_version": 0,
          "attributes": {
            "architectures": [
              "x86_64"
            ],
            "arn": "arn:aws:lambda:us-west-2:615299777283:function:follow",
            "code_signing_config_arn": "",
            "dead_letter_config": [],
            "description": "",
            "environment": [],
            "ephemeral_storage": [
              {
                "size": 512
              }
            ],
            "file_system_config": [],
            "filename": "./package/backend.zip",
            "function_name": "follow",
            "handler": "lambda/FollowLambda.handler",
            "id": "follow",
            "image_config": [],
            "image_uri": "",
            "invoke_arn": "arn:aws:apigateway:us-west-2:lambda:path/2015-03-31/functions/arn:aws:lambda:us-west-2:615299777283:function:follow/invocations",
            "kms_key_arn": "",
            "last_modified": "2026-03-25T21:57:43.025+0000",
            "layers": [
              "arn:aws:lambda:us-west-2:615299777283:layer:tweeter_server_layer:36"
            ],
            "memory_size": 128,
            "package_type": "Zip",
            "publish": false,
            "qualified_arn": "arn:aws:lambda:us-west-2:615299777283:function:follow:$LATEST",
            "qualified_invoke_arn": "arn:aws:apigateway:us-west-2:lambda:path/2015-03-31/functions/arn:aws:lambda:us-west-2:615299777283:function:follow:$LATEST/invocations",
            "replace_security_groups_on_destroy": null,
            "replacement_security_group_ids": null,
            "reserved_concurrent_executions": -1,
            "role": "arn:aws:iam::615299777283:role/terraform-20260325215627684300000001",
            "runtime": "nodejs20.x",
            "s3_bucket": null,
            "s3_key": null,
            "s3_object_version": null,
            "signing_job_arn": "",
            "signing_profile_version_arn": "",
            "skip_destroy": false,
            "snap_start": [],
            "source_code_hash": "nc5ubv9dgZCigv6ZWZ8NR/U4Lkz3DjMKoUNsLHR8v2A=",
            "source_code_size": 6795,
            "tags": null,
            "tags_all": {},
            "timeout": 3,
            "timeouts": null,
            "tracing_config": [
              {
                "mode": "PassThrough"
              }
            ],
            "version": "$LATEST",
            "vpc_config": []
          },
          "sensitive_attributes": [],
          "identity_schema_version": 0,
          "private": "eyJlMmJmYjczMC1lY2FhLTExZTYtOGY4OC0zNDM2M2JjN2M0YzAiOnsiY3JlYXRlIjo2MDAwMDAwMDAwMDAsImRlbGV0ZSI6NjAwMDAwMDAwMDAwLCJ1cGRhdGUiOjYwMDAwMDAwMDAwMH19",
          "dependencies": [
            "archive_file.layer_package",
            "aws_iam_role.backend_lambda_handler",
            "aws_lambda_layer_version.dependencies",
            "data.archive_file.lambda_package",
            "data.aws_iam_policy_document.role"
          ]
        },
        {
          "index_key": "followeeCount",
          "schema_version": 0,
          "attributes": {
            "architectures": [
              "x86_64"
            ],
            "arn": "arn:aws:lambda:us-west-2:615299777283:function:followeeCount",
            "code_signing_config_arn": "",
            "dead_letter_config": [],
            "description": "",
            "environment": [],
            "ephemeral_storage": [
              {
                "size": 512
              }
            ],
            "file_system_config": [],
            "filename": "./package/backend.zip",
            "function_name": "followeeCount",
            "handler": "lambda/FolloweeCountLambda.handler",
            "id": "followeeCount",
            "image_config": [],
            "image_uri": "",
            "invoke_arn": "arn:aws:apigateway:us-west-2:lambda:path/2015-03-31/functions/arn:aws:lambda:us-west-2:615299777283:function:followeeCount/invocations",
            "kms_key_arn": "",
            "last_modified": "2026-03-25T21:57:01.079+0000",
            "layers": [
              "arn:aws:lambda:us-west-2:615299777283:layer:tweeter_server_layer:36"
            ],
            "memory_size": 128,
            "package_type": "Zip",
            "publish": false,
            "qualified_arn": "arn:aws:lambda:us-west-2:615299777283:function:followeeCount:$LATEST",
            "qualified_invoke_arn": "arn:aws:apigateway:us-west-2:lambda:path/2015-03-31/functions/arn:aws:lambda:us-west-2:615299777283:function:followeeCount:$LATEST/invocations",
            "replace_security_groups_on_destroy": null,
            "replacement_security_group_ids": null,
            "reserved_concurrent_executions": -1,
            "role": "arn:aws:iam::615299777283:role/terraform-20260325215627684300000001",
            "runtime": "nodejs20.x",
            "s3_bucket": null,
            "s3_key": null,
            "s3_object_version": null,
            "signing_job_arn": "",
            "signing_profile_version_arn": "",
            "skip_destroy": false,
            "snap_start": [],
            "source_code_hash": "nc5ubv9dgZCigv6ZWZ8NR/U4Lkz3DjMKoUNsLHR8v2A=",
            "source_code_size": 6795,
            "tags": null,
            "tags_all": {},
            "timeout": 3,
            "timeouts": null,
            "tracing_config": [
              {
                "mode": "PassThrough"
              }
            ],
            "version": "$LATEST",
            "vpc_config": []
          },
          "sensitive_attributes": [],
          "identity_schema_version": 0,
          "private": "eyJlMmJmYjczMC1lY2FhLTExZTYtOGY4OC0zNDM2M2JjN2M0YzAiOnsiY3JlYXRlIjo2MDAwMDAwMDAwMDAsImRlbGV0ZSI6NjAwMDAwMDAwMDAwLCJ1cGRhdGUiOjYwMDAwMDAwMDAwMH19",
          "dependencies": [
            "archive_file.layer_package",
            "aws_iam_role.backend_lambda_handler",
            "aws_lambda_layer_version.dependencies",
            "data.archive_file.lambda_package",
            "data.aws_iam_policy_document.role"
          ]
        },
        {
          "index_key": "followerCount",
          "schema_version": 0,
          "attributes": {
            "architectures": [
              "x86_64"
            ],
            "arn": "arn:aws:lambda:us-west-2:615299777283:function:followerCount",
            "code_signing_config_arn": "",
            "dead_letter_config": [],
            "description": "",
            "environment": [],
            "ephemeral_storage": [
              {
                "size": 512
              }
            ],
            "file_system_config": [],
            "filename": "./package/backend.zip",
            "function_name": "followerCount",
            "handler": "lambda/FollowerCountLambda.handler",
            "id": "followerCount",
            "image_config": [],
            "image_uri": "",
            "invoke_arn": "arn:aws:apigateway:us-west-2:lambda:path/2015-03-31/functions/arn:aws:lambda:us-west-2:615299777283:function:followerCount/invocations",
            "kms_key_arn": "",
            "last_modified": "2026-03-25T21:56:43.288+0000",
            "layers": [
              "arn:aws:lambda:us-west-2:615299777283:layer:tweeter_server_layer:36"
            ],
            "memory_size": 128,
            "package_type": "Zip",
            "publish": false,
            "qualified_arn": "arn:aws:lambda:us-west-2:615299777283:function:followerCount:$LATEST",
            "qualified_invoke_arn": "arn:aws:apigateway:us-west-2:lambda:path/2015-03-31/functions/arn:aws:lambda:us-west-2:615299777283:function:followerCount:$LATEST/invocations",
            "replace_security_groups_on_destroy": null,
            "replacement_security_group_ids": null,
            "reserved_concurrent_executions": -1,
            "role": "arn:aws:iam::615299777283:role/terraform-20260325215627684300000001",
            "runtime": "nodejs20.x",
            "s3_bucket": null,
            "s3_key": null,
            "s3_object_version": null,
            "signing_job_arn": "",
            "signing_profile_version_arn": "",
            "skip_destroy": false,
            "snap_start": [],
            "source_code_hash": "nc5ubv9dgZCigv6ZWZ8NR/U4Lkz3DjMKoUNsLHR8v2A=",
            "source_code_size": 6795,
            "tags": null,
            "tags_all": {},
            "timeout": 3,
            "timeouts": null,
            "tracing_config": [
              {
                "mode": "PassThrough"
              }
            ],
            "version": "$LATEST",
            "vpc_config": []
          },
          "sensitive_attributes": [],
          "identity_schema_version": 0,
          "private": "eyJlMmJmYjczMC1lY2FhLTExZTYtOGY4OC0zNDM2M2JjN2M0YzAiOnsiY3JlYXRlIjo2MDAwMDAwMDAwMDAsImRlbGV0ZSI6NjAwMDAwMDAwMDAwLCJ1cGRhdGUiOjYwMDAwMDAwMDAwMH19",
          "dependencies": [
            "archive_file.layer_package",
            "aws_iam_role.backend_lambda_handler",
            "aws_lambda_layer_version.dependencies",
            "data.archive_file.lambda_package",
            "data.aws_iam_policy_document.role"
          ]
        },
        {
          "index_key": "getFeedItems",
          "schema_version": 0,
          "attributes": {
            "architectures": [
              "x86_64"
            ],
            "arn": "arn:aws:lambda:us-west-2:615299777283:function:getFeedItems",
            "code_signing_config_arn": "",
            "dead_letter_config": [],
            "description": "",
            "environment": [],
            "ephemeral_storage": [
              {
                "size": 512
              }
            ],
            "file_system_config": [],
            "filename": "./package/backend.zip",
            "function_name": "getFeedItems",
            "handler": "lambda/GetFeedLambda.handler",
            "id": "getFeedItems",
            "image_config": [],
            "image_uri": "",
            "invoke_arn": "arn:aws:apigateway:us-west-2:lambda:path/2015-03-31/functions/arn:aws:lambda:us-west-2:615299777283:function:getFeedItems/invocations",
            "kms_key_arn": "",
            "last_modified": "2026-03-25T21:56:37.339+0000",
            "layers": [
              "arn:aws:lambda:us-west-2:615299777283:layer:tweeter_server_layer:36"
            ],
            "memory_size": 128,
            "package_type": "Zip",
            "publish": false,
            "qualified_arn": "arn:aws:lambda:us-west-2:615299777283:function:getFeedItems:$LATEST",
            "qualified_invoke_arn": "arn:aws:apigateway:us-west-2:lambda:path/2015-03-31/functions/arn:aws:lambda:us-west-2:615299777283:function:getFeedItems:$LATEST/invocations",
            "replace_security_groups_on_destroy": null,
            "replacement_security_group_ids": null,
            "reserved_concurrent_executions": -1,
            "role": "arn:aws:iam::615299777283:role/terraform-20260325215627684300000001",
            "runtime": "nodejs20.x",
            "s3_bucket": null,
            "s3_key": null,
            "s3_object_version": null,
            "signing_job_arn": "",
            "signing_profile_version_arn": "",
            "skip_destroy": false,
            "snap_start": [],
            "source_code_hash": "nc5ubv9dgZCigv6ZWZ8NR/U4Lkz3DjMKoUNsLHR8v2A=",
            "source_code_size": 6795,
            "tags": null,
            "tags_all": {},
            "timeout": 3,
            "timeouts": null,
            "tracing_config": [
              {
                "mode": "PassThrough"
              }
            ],
            "version": "$LATEST",
            "vpc_config": []
          },
          "sensitive_attributes": [],
          "identity_schema_version": 0,
          "private": "eyJlMmJmYjczMC1lY2FhLTExZTYtOGY4OC0zNDM2M2JjN2M0YzAiOnsiY3JlYXRlIjo2MDAwMDAwMDAwMDAsImRlbGV0ZSI6NjAwMDAwMDAwMDAwLCJ1cGRhdGUiOjYwMDAwMDAwMDAwMH19",
          "dependencies": [
            "archive_file.layer_package",
            "aws_iam_role.backend_lambda_handler",
            "aws_lambda_layer_version.dependencies",
            "data.archive_file.lambda_package",
            "data.aws_iam_policy_document.role"
          ]
        },
        {
          "index_key": "getMoreFollowees",
          "schema_version": 0,
          "attributes": {
            "architectures": [
              "x86_64"
            ],
            "arn": "arn:aws:lambda:us-west-2:615299777283:function:getMoreFollowees",
            "code_signing_config_arn": "",
            "dead_letter_config": [],
            "description": "",
            "environment": [],
            "ephemeral_storage": [
              {
                "size": 512
              }
            ],
            "file_system_config": [],
            "filename": "./package/backend.zip",
            "function_name": "getMoreFollowees",
            "handler": "lambda/GetFolloweesLambda.handler",
            "id": "getMoreFollowees",
            "image_config": [],
            "image_uri": "",
            "invoke_arn": "arn:aws:apigateway:us-west-2:lambda:path/2015-03-31/functions/arn:aws:lambda:us-west-2:615299777283:function:getMoreFollowees/invocations",
            "kms_key_arn": "",
            "last_modified": "2026-03-25T21:57:36.927+0000",
            "layers": [
              "arn:aws:lambda:us-west-2:615299777283:layer:tweeter_server_layer:36"
            ],
            "memory_size": 128,
            "package_type": "Zip",
            "publish": false,
            "qualified_arn": "arn:aws:lambda:us-west-2:615299777283:function:getMoreFollowees:$LATEST",
            "qualified_invoke_arn": "arn:aws:apigateway:us-west-2:lambda:path/2015-03-31/functions/arn:aws:lambda:us-west-2:615299777283:function:getMoreFollowees:$LATEST/invocations",
            "replace_security_groups_on_destroy": null,
            "replacement_security_group_ids": null,
            "reserved_concurrent_executions": -1,
            "role": "arn:aws:iam::615299777283:role/terraform-20260325215627684300000001",
            "runtime": "nodejs20.x",
            "s3_bucket": null,
            "s3_key": null,
            "s3_object_version": null,
            "signing_job_arn": "",
            "signing_profile_version_arn": "",
            "skip_destroy": false,
            "snap_start": [],
            "source_code_hash": "nc5ubv9dgZCigv6ZWZ8NR/U4Lkz3DjMKoUNsLHR8v2A=",
            "source_code_size": 6795,
            "tags": null,
            "tags_all": {},
            "timeout": 3,
            "timeouts": null,
            "tracing_config": [
              {
                "mode": "PassThrough"
              }
            ],
            "version": "$LATEST",
            "vpc_config": []
          },
          "sensitive_attributes": [],
          "identity_schema_version": 0,
          "private": "eyJlMmJmYjczMC1lY2FhLTExZTYtOGY4OC0zNDM2M2JjN2M0YzAiOnsiY3JlYXRlIjo2MDAwMDAwMDAwMDAsImRlbGV0ZSI6NjAwMDAwMDAwMDAwLCJ1cGRhdGUiOjYwMDAwMDAwMDAwMH19",
          "dependencies": [
            "archive_file.layer_package",
            "aws_iam_role.backend_lambda_handler",
            "aws_lambda_layer_version.dependencies",
            "data.archive_file.lambda_package",
            "data.aws_iam_policy_document.role"
          ]
        },
        {
          "index_key": "getMoreFollowers",
          "schema_version": 0,
          "attributes": {
            "architectures": [
              "x86_64"
            ],
            "arn": "arn:aws:lambda:us-west-2:615299777283:function:getMoreFollowers",
            "code_signing_config_arn": "",
            "dead_letter_config": [],
            "description": "",
            "environment": [],
            "ephemeral_storage": [
              {
                "size": 512
              }
            ],
            "file_system_config": [],
            "filename": "./package/backend.zip",
            "function_name": "getMoreFollowers",
            "handler": "lambda/GetFollowersLambda.handler",
            "id": "getMoreFollowers",
            "image_config": [],
            "image_uri": "",
            "invoke_arn": "arn:aws:apigateway:us-west-2:lambda:path/2015-03-31/functions/arn:aws:lambda:us-west-2:615299777283:function:getMoreFollowers/invocations",
            "kms_key_arn": "",
            "last_modified": "2026-03-25T21:57:30.995+0000",
            "layers": [
              "arn:aws:lambda:us-west-2:615299777283:layer:tweeter_server_layer:36"
            ],
            "memory_size": 128,
            "package_type": "Zip",
            "publish": false,
            "qualified_arn": "arn:aws:lambda:us-west-2:615299777283:function:getMoreFollowers:$LATEST",
            "qualified_invoke_arn": "arn:aws:apigateway:us-west-2:lambda:path/2015-03-31/functions/arn:aws:lambda:us-west-2:615299777283:function:getMoreFollowers:$LATEST/invocations",
            "replace_security_groups_on_destroy": null,
            "replacement_security_group_ids": null,
            "reserved_concurrent_executions": -1,
            "role": "arn:aws:iam::615299777283:role/terraform-20260325215627684300000001",
            "runtime": "nodejs20.x",
            "s3_bucket": null,
            "s3_key": null,
            "s3_object_version": null,
            "signing_job_arn": "",
            "signing_profile_version_arn": "",
            "skip_destroy": false,
            "snap_start": [],
            "source_code_hash": "nc5ubv9dgZCigv6ZWZ8NR/U4Lkz3DjMKoUNsLHR8v2A=",
            "source_code_size": 6795,
            "tags": null,
            "tags_all": {},
            "timeout": 3,
            "timeouts": null,
            "tracing_config": [
              {
                "mode": "PassThrough"
              }
            ],
            "version": "$LATEST",
            "vpc_config": []
          },
          "sensitive_attributes": [],
          "identity_schema_version": 0,
          "private": "eyJlMmJmYjczMC1lY2FhLTExZTYtOGY4OC0zNDM2M2JjN2M0YzAiOnsiY3JlYXRlIjo2MDAwMDAwMDAwMDAsImRlbGV0ZSI6NjAwMDAwMDAwMDAwLCJ1cGRhdGUiOjYwMDAwMDAwMDAwMH19",
          "dependencies": [
            "archive_file.layer_package",
            "aws_iam_role.backend_lambda_handler",
            "aws_lambda_layer_version.dependencies",
            "data.archive_file.lambda_package",
            "data.aws_iam_policy_document.role"
          ]
        },
        {
          "index_key": "getStoryItems",
          "schema_version": 0,
          "attributes": {
            "architectures": [
              "x86_64"
            ],
            "arn": "arn:aws:lambda:us-west-2:615299777283:function:getStoryItems",
            "code_signing_config_arn": "",
            "dead_letter_config": [],
            "description": "",
            "environment": [],
            "ephemeral_storage": [
              {
                "size": 512
              }
            ],
            "file_system_config": [],
            "filename": "./package/backend.zip",
            "function_name": "getStoryItems",
            "handler": "lambda/GetStoryLambda.handler",
            "id": "getStoryItems",
            "image_config": [],
            "image_uri": "",
            "invoke_arn": "arn:aws:apigateway:us-west-2:lambda:path/2015-03-31/functions/arn:aws:lambda:us-west-2:615299777283:function:getStoryItems/invocations",
            "kms_key_arn": "",
            "last_modified": "2026-03-25T21:56:55.203+0000",
            "layers": [
              "arn:aws:lambda:us-west-2:615299777283:layer:tweeter_server_layer:36"
            ],
            "memory_size": 128,
            "package_type": "Zip",
            "publish": false,
            "qualified_arn": "arn:aws:lambda:us-west-2:615299777283:function:getStoryItems:$LATEST",
            "qualified_invoke_arn": "arn:aws:apigateway:us-west-2:lambda:path/2015-03-31/functions/arn:aws:lambda:us-west-2:615299777283:function:getStoryItems:$LATEST/invocations",
            "replace_security_groups_on_destroy": null,
            "replacement_security_group_ids": null,
            "reserved_concurrent_executions": -1,
            "role": "arn:aws:iam::615299777283:role/terraform-20260325215627684300000001",
            "runtime": "nodejs20.x",
            "s3_bucket": null,
            "s3_key": null,
            "s3_object_version": null,
            "signing_job_arn": "",
            "signing_profile_version_arn": "",
            "skip_destroy": false,
            "snap_start": [],
            "source_code_hash": "nc5ubv9dgZCigv6ZWZ8NR/U4Lkz3DjMKoUNsLHR8v2A=",
            "source_code_size": 6795,
            "tags": null,
            "tags_all": {},
            "timeout": 3,
            "timeouts": null,
            "tracing_config": [
              {
                "mode": "PassThrough"
              }
            ],
            "version": "$LATEST",
            "vpc_config": []
          },
          "sensitive_attributes": [],
          "identity_schema_version": 0,
          "private": "eyJlMmJmYjczMC1lY2FhLTExZTYtOGY4OC0zNDM2M2JjN2M0YzAiOnsiY3JlYXRlIjo2MDAwMDAwMDAwMDAsImRlbGV0ZSI6NjAwMDAwMDAwMDAwLCJ1cGRhdGUiOjYwMDAwMDAwMDAwMH19",
          "dependencies": [
            "archive_file.layer_package",
            "aws_iam_role.backend_lambda_handler",
            "aws_lambda_layer_version.dependencies",
            "data.archive_file.lambda_package",
            "data.aws_iam_policy_document.role"
          ]
        },
        {
          "index_key": "getUser",
          "schema_version": 0,
          "attributes": {
            "architectures": [
              "x86_64"
            ],
            "arn": "arn:aws:lambda:us-west-2:615299777283:function:getUser",
            "code_signing_config_arn": "",
            "dead_letter_config": [],
            "description": "",
            "environment": [],
            "ephemeral_storage": [
              {
                "size": 512
              }
            ],
            "file_system_config": [],
            "filename": "./package/backend.zip",
            "function_name": "getUser",
            "handler": "lambda/GetUserLambda.handler",
            "id": "getUser",
            "image_config": [],
            "image_uri": "",
            "invoke_arn": "arn:aws:apigateway:us-west-2:lambda:path/2015-03-31/functions/arn:aws:lambda:us-west-2:615299777283:function:getUser/invocations",
            "kms_key_arn": "",
            "last_modified": "2026-03-25T21:57:18.983+0000",
            "layers": [
              "arn:aws:lambda:us-west-2:615299777283:layer:tweeter_server_layer:36"
            ],
            "memory_size": 128,
            "package_type": "Zip",
            "publish": false,
            "qualified_arn": "arn:aws:lambda:us-west-2:615299777283:function:getUser:$LATEST",
            "qualified_invoke_arn": "arn:aws:apigateway:us-west-2:lambda:path/2015-03-31/functions/arn:aws:lambda:us-west-2:615299777283:function:getUser:$LATEST/invocations",
            "replace_security_groups_on_destroy": null,
            "replacement_security_group_ids": null,
            "reserved_concurrent_executions": -1,
            "role": "arn:aws:iam::615299777283:role/terraform-20260325215627684300000001",
            "runtime": "nodejs20.x",
            "s3_bucket": null,
            "s3_key": null,
            "s3_object_version": null,
            "signing_job_arn": "",
            "signing_profile_version_arn": "",
            "skip_destroy": false,
            "snap_start": [],
            "source_code_hash": "nc5ubv9dgZCigv6ZWZ8NR/U4Lkz3DjMKoUNsLHR8v2A=",
            "source_code_size": 6795,
            "tags": null,
            "tags_all": {},
            "timeout": 3,
            "timeouts": null,
            "tracing_config": [
              {
                "mode": "PassThrough"
              }
            ],
            "version": "$LATEST",
            "vpc_config": []
          },
          "sensitive_attributes": [],
          "identity_schema_version": 0,
          "private": "eyJlMmJmYjczMC1lY2FhLTExZTYtOGY4OC0zNDM2M2JjN2M0YzAiOnsiY3JlYXRlIjo2MDAwMDAwMDAwMDAsImRlbGV0ZSI6NjAwMDAwMDAwMDAwLCJ1cGRhdGUiOjYwMDAwMDAwMDAwMH19",
          "dependencies": [
            "archive_file.layer_package",
            "aws_iam_role.backend_lambda_handler",
            "aws_lambda_layer_version.dependencies",
            "data.archive_file.lambda_package",
            "data.aws_iam_policy_document.role"
          ]
        },
        {
          "index_key": "isFollower",
          "schema_version": 0,
          "attributes": {
            "architectures": [
              "x86_64"
            ],
            "arn": "arn:aws:lambda:us-west-2:615299777283:function:isFollower",
            "code_signing_config_arn": "",
            "dead_letter_config": [],
            "description": "",
            "environment": [],
            "ephemeral_storage": [
              {
                "size": 512
              }
            ],
            "file_system_config": [],
            "filename": "./package/backend.zip",
            "function_name": "isFollower",
            "handler": "lambda/IsFollowerLambda.handler",
            "id": "isFollower",
            "image_config": [],
            "image_uri": "",
            "invoke_arn": "arn:aws:apigateway:us-west-2:lambda:path/2015-03-31/functions/arn:aws:lambda:us-west-2:615299777283:function:isFollower/invocations",
            "kms_key_arn": "",
            "last_modified": "2026-03-25T21:56:49.217+0000",
            "layers": [
              "arn:aws:lambda:us-west-2:615299777283:layer:tweeter_server_layer:36"
            ],
            "memory_size": 128,
            "package_type": "Zip",
            "publish": false,
            "qualified_arn": "arn:aws:lambda:us-west-2:615299777283:function:isFollower:$LATEST",
            "qualified_invoke_arn": "arn:aws:apigateway:us-west-2:lambda:path/2015-03-31/functions/arn:aws:lambda:us-west-2:615299777283:function:isFollower:$LATEST/invocations",
            "replace_security_groups_on_destroy": null,
            "replacement_security_group_ids": null,
            "reserved_concurrent_executions": -1,
            "role": "arn:aws:iam::615299777283:role/terraform-20260325215627684300000001",
            "runtime": "nodejs20.x",
            "s3_bucket": null,
            "s3_key": null,
            "s3_object_version": null,
            "signing_job_arn": "",
            "signing_profile_version_arn": "",
            "skip_destroy": false,
            "snap_start": [],
            "source_code_hash": "nc5ubv9dgZCigv6ZWZ8NR/U4Lkz3DjMKoUNsLHR8v2A=",
            "source_code_size": 6795,
            "tags": null,
            "tags_all": {},
            "timeout": 3,
            "timeouts": null,
            "tracing_config": [
              {
                "mode": "PassThrough"
              }
            ],
            "version": "$LATEST",
            "vpc_config": []
          },
          "sensitive_attributes": [],
          "identity_schema_version": 0,
          "private": "eyJlMmJmYjczMC1lY2FhLTExZTYtOGY4OC0zNDM2M2JjN2M0YzAiOnsiY3JlYXRlIjo2MDAwMDAwMDAwMDAsImRlbGV0ZSI6NjAwMDAwMDAwMDAwLCJ1cGRhdGUiOjYwMDAwMDAwMDAwMH19",
          "dependencies": [
            "archive_file.layer_package",
            "aws_iam_role.backend_lambda_handler",
            "aws_lambda_layer_version.dependencies",
            "data.archive_file.lambda_package",
            "data.aws_iam_policy_document.role"
          ]
        },
        {
          "index_key": "login",
          "schema_version": 0,
          "attributes": {
            "architectures": [
              "x86_64"
            ],
            "arn": "arn:aws:lambda:us-west-2:615299777283:function:login",
            "code_signing_config_arn": "",
            "dead_letter_config": [],
            "description": "",
            "environment": [],
            "ephemeral_storage": [
              {
                "size": 512
              }
            ],
            "file_system_config": [],
            "filename": "./package/backend.zip",
            "function_name": "login",
            "handler": "lambda/LoginLambda.handler",
            "id": "login",
            "image_config": [],
            "image_uri": "",
            "invoke_arn": "arn:aws:apigateway:us-west-2:lambda:path/2015-03-31/functions/arn:aws:lambda:us-west-2:615299777283:function:login/invocations",
            "kms_key_arn": "",
            "last_modified": "2026-03-25T21:57:13.060+0000",
            "layers": [
              "arn:aws:lambda:us-west-2:615299777283:layer:tweeter_server_layer:36"
            ],
            "memory_size": 128,
            "package_type": "Zip",
            "publish": false,
            "qualified_arn": "arn:aws:lambda:us-west-2:615299777283:function:login:$LATEST",
            "qualified_invoke_arn": "arn:aws:apigateway:us-west-2:lambda:path/2015-03-31/functions/arn:aws:lambda:us-west-2:615299777283:function:login:$LATEST/invocations",
            "replace_security_groups_on_destroy": null,
            "replacement_security_group_ids": null,
            "reserved_concurrent_executions": -1,
            "role": "arn:aws:iam::615299777283:role/terraform-20260325215627684300000001",
            "runtime": "nodejs20.x",
            "s3_bucket": null,
            "s3_key": null,
            "s3_object_version": null,
            "signing_job_arn": "",
            "signing_profile_version_arn": "",
            "skip_destroy": false,
            "snap_start": [],
            "source_code_hash": "nc5ubv9dgZCigv6ZWZ8NR/U4Lkz3DjMKoUNsLHR8v2A=",
            "source_code_size": 6795,
            "tags": null,
            "tags_all": {},
            "timeout": 3,
            "timeouts": null,
            "tracing_config": [
              {
                "mode": "PassThrough"
              }
            ],
            "version": "$LATEST",
            "vpc_config": []
          },
          "sensitive_attributes": [],
          "identity_schema_version": 0,
          "private": "eyJlMmJmYjczMC1lY2FhLTExZTYtOGY4OC0zNDM2M2JjN2M0YzAiOnsiY3JlYXRlIjo2MDAwMDAwMDAwMDAsImRlbGV0ZSI6NjAwMDAwMDAwMDAwLCJ1cGRhdGUiOjYwMDAwMDAwMDAwMH19",
          "dependencies": [
            "archive_file.layer_package",
            "aws_iam_role.backend_lambda_handler",
            "aws_lambda_layer_version.dependencies",
            "data.archive_file.lambda_package",
            "data.aws_iam_policy_document.role"
          ]
        },
        {
          "index_key": "register",
          "schema_version": 0,
          "attributes": {
            "architectures": [
              "x86_64"
            ],
            "arn": "arn:aws:lambda:us-west-2:615299777283:function:register",
            "code_signing_config_arn": "",
            "dead_letter_config": [],
            "description": "",
            "environment": [],
            "ephemeral_storage": [
              {
                "size": 512
              }
            ],
            "file_system_config": [],
            "filename": "./package/backend.zip",
            "function_name": "register",
            "handler": "lambda/RegisterLambda.handler",
            "id": "register",
            "image_config": [],
            "image_uri": "",
            "invoke_arn": "arn:aws:apigateway:us-west-2:lambda:path/2015-03-31/functions/arn:aws:lambda:us-west-2:615299777283:function:register/invocations",
            "kms_key_arn": "",
            "last_modified": "2026-03-25T21:57:07.043+0000",
            "layers": [
              "arn:aws:lambda:us-west-2:615299777283:layer:tweeter_server_layer:36"
            ],
            "memory_size": 128,
            "package_type": "Zip",
            "publish": false,
            "qualified_arn": "arn:aws:lambda:us-west-2:615299777283:function:register:$LATEST",
            "qualified_invoke_arn": "arn:aws:apigateway:us-west-2:lambda:path/2015-03-31/functions/arn:aws:lambda:us-west-2:615299777283:function:register:$LATEST/invocations",
            "replace_security_groups_on_destroy": null,
            "replacement_security_group_ids": null,
            "reserved_concurrent_executions": -1,
            "role": "arn:aws:iam::615299777283:role/terraform-20260325215627684300000001",
            "runtime": "nodejs20.x",
            "s3_bucket": null,
            "s3_key": null,
            "s3_object_version": null,
            "signing_job_arn": "",
            "signing_profile_version_arn": "",
            "skip_destroy": false,
            "snap_start": [],
            "source_code_hash": "nc5ubv9dgZCigv6ZWZ8NR/U4Lkz3DjMKoUNsLHR8v2A=",
            "source_code_size": 6795,
            "tags": null,
            "tags_all": {},
            "timeout": 3,
            "timeouts": null,
            "tracing_config": [
              {
                "mode": "PassThrough"
              }
            ],
            "version": "$LATEST",
            "vpc_config": []
          },
          "sensitive_attributes": [],
          "identity_schema_version": 0,
          "private": "eyJlMmJmYjczMC1lY2FhLTExZTYtOGY4OC0zNDM2M2JjN2M0YzAiOnsiY3JlYXRlIjo2MDAwMDAwMDAwMDAsImRlbGV0ZSI6NjAwMDAwMDAwMDAwLCJ1cGRhdGUiOjYwMDAwMDAwMDAwMH19",
          "dependencies": [
            "archive_file.layer_package",
            "aws_iam_role.backend_lambda_handler",
            "aws_lambda_layer_version.dependencies",
            "data.archive_file.lambda_package",
            "data.aws_iam_policy_document.role"
          ]
        },
        {
          "index_key": "unfollow",
          "schema_version": 0,
          "attributes": {
            "architectures": [
              "x86_64"
            ],
            "arn": "arn:aws:lambda:us-west-2:615299777283:function:unfollow",
            "code_signing_config_arn": "",
            "dead_letter_config": [],
            "description": "",
            "environment": [],
            "ephemeral_storage": [
              {
                "size": 512
              }
            ],
            "file_system_config": [],
            "filename": "./package/backend.zip",
            "function_name": "unfollow",
            "handler": "lambda/FollowLambda.handler",
            "id": "unfollow",
            "image_config": [],
            "image_uri": "",
            "invoke_arn": "arn:aws:apigateway:us-west-2:lambda:path/2015-03-31/functions/arn:aws:lambda:us-west-2:615299777283:function:unfollow/invocations",
            "kms_key_arn": "",
            "last_modified": "2026-03-25T21:57:24.908+0000",
            "layers": [
              "arn:aws:lambda:us-west-2:615299777283:layer:tweeter_server_layer:36"
            ],
            "memory_size": 128,
            "package_type": "Zip",
            "publish": false,
            "qualified_arn": "arn:aws:lambda:us-west-2:615299777283:function:unfollow:$LATEST",
            "qualified_invoke_arn": "arn:aws:apigateway:us-west-2:lambda:path/2015-03-31/functions/arn:aws:lambda:us-west-2:615299777283:function:unfollow:$LATEST/invocations",
            "replace_security_groups_on_destroy": null,
            "replacement_security_group_ids": null,
            "reserved_concurrent_executions": -1,
            "role": "arn:aws:iam::615299777283:role/terraform-20260325215627684300000001",
            "runtime": "nodejs20.x",
            "s3_bucket": null,
            "s3_key": null,
            "s3_object_version": null,
            "signing_job_arn": "",
            "signing_profile_version_arn": "",
            "skip_destroy": false,
            "snap_start": [],
            "source_code_hash": "nc5ubv9dgZCigv6ZWZ8NR/U4Lkz3DjMKoUNsLHR8v2A=",
            "source_code_size": 6795,
            "tags": null,
            "tags_all": {},
            "timeout": 3,
            "timeouts": null,
            "tracing_config": [
              {
                "mode": "PassThrough"
              }
            ],
            "version": "$LATEST",
            "vpc_config": []
          },
          "sensitive_attributes": [],
          "identity_schema_version": 0,
          "private": "eyJlMmJmYjczMC1lY2FhLTExZTYtOGY4OC0zNDM2M2JjN2M0YzAiOnsiY3JlYXRlIjo2MDAwMDAwMDAwMDAsImRlbGV0ZSI6NjAwMDAwMDAwMDAwLCJ1cGRhdGUiOjYwMDAwMDAwMDAwMH19",
          "dependencies": [
            "archive_file.layer_package",
            "aws_iam_role.backend_lambda_handler",
            "aws_lambda_layer_version.dependencies",
            "data.archive_file.lambda_package",
            "data.aws_iam_policy_document.role"
          ]
        }
      ]
    },
    {
      "mode": "managed",
      "type": "aws_lambda_layer_version",
      "name": "dependencies",
      "provider": "provider[\"registry.terraform.io/hashicorp/aws\"]",
      "instances": [
        {
          "schema_version": 0,
          "attributes": {
            "arn": "arn:aws:lambda:us-west-2:615299777283:layer:tweeter_server_layer:36",
            "compatible_architectures": null,
            "compatible_runtimes": null,
            "created_date": "2026-03-25T21:56:36.840+0000",
            "description": "",
            "filename": "./package/dependencies/layer.zip",
            "id": "arn:aws:lambda:us-west-2:615299777283:layer:tweeter_server_layer:36",
            "layer_arn": "arn:aws:lambda:us-west-2:615299777283:layer:tweeter_server_layer",
            "layer_name": "tweeter_server_layer",
            "license_info": "",
            "s3_bucket": null,
            "s3_key": null,
            "s3_object_version": null,
            "signing_job_arn": "",
            "signing_profile_version_arn": "",
            "skip_destroy": false,
            "source_code_hash": "Wm7LRpd9XErpBh8I8bivl5neTTG8MrKg+UlcrMFd7mw=",
            "source_code_size": 7209646,
            "version": "36"
          },
          "sensitive_attributes": [],
          "identity_schema_version": 0,
          "private": "bnVsbA==",
          "dependencies": [
            "archive_file.layer_package"
          ]
        }
      ]
    },
    {
      "mode": "managed",
      "type": "aws_lambda_permission",
      "name": "runPermissions",
      "provider": "provider[\"registry.terraform.io/hashicorp/aws\"]",
      "instances": [
        {
          "index_key": "follow",
          "schema_version": 0,
          "attributes": {
            "action": "lambda:InvokeFunction",
            "event_source_token": null,
            "function_name": "follow",
            "function_url_auth_type": null,
            "id": "terraform-20260325215749056000000008",
            "principal": "apigateway.amazonaws.com",
            "principal_org_id": null,
            "qualifier": "",
            "source_account": null,
            "source_arn": "arn:aws:execute-api:us-west-2:615299777283:iwu3zb3ze5/*",
            "statement_id": "terraform-20260325215749056000000008",
            "statement_id_prefix": "terraform-"
          },
          "sensitive_attributes": [],
          "identity_schema_version": 0,
          "private": "bnVsbA==",
          "dependencies": [
            "archive_file.layer_package",
            "aws_api_gateway_rest_api.TweeterAPI",
            "aws_iam_role.backend_lambda_handler",
            "aws_lambda_function.Lambdas",
            "aws_lambda_layer_version.dependencies",
            "data.archive_file.lambda_package",
            "data.aws_iam_policy_document.role"
          ]
        },
        {
          "index_key": "followeeCount",
          "schema_version": 0,
          "attributes": {
            "action": "lambda:InvokeFunction",
            "event_source_token": null,
            "function_name": "followeeCount",
            "function_url_auth_type": null,
            "id": "terraform-2026032521574921190000000b",
            "principal": "apigateway.amazonaws.com",
            "principal_org_id": null,
            "qualifier": "",
            "source_account": null,
            "source_arn": "arn:aws:execute-api:us-west-2:615299777283:iwu3zb3ze5/*",
            "statement_id": "terraform-2026032521574921190000000b",
            "statement_id_prefix": "terraform-"
          },
          "sensitive_attributes": [],
          "identity_schema_version": 0,
          "private": "bnVsbA==",
          "dependencies": [
            "archive_file.layer_package",
            "aws_api_gateway_rest_api.TweeterAPI",
            "aws_iam_role.backend_lambda_handler",
            "aws_lambda_function.Lambdas",
            "aws_lambda_layer_version.dependencies",
            "data.archive_file.lambda_package",
            "data.aws_iam_policy_document.role"
          ]
        },
        {
          "index_key": "followerCount",
          "schema_version": 0,
          "attributes": {
            "action": "lambda:InvokeFunction",
            "event_source_token": null,
            "function_name": "followerCount",
            "function_url_auth_type": null,
            "id": "terraform-20260325215749054600000005",
            "principal": "apigateway.amazonaws.com",
            "principal_org_id": null,
            "qualifier": "",
            "source_account": null,
            "source_arn": "arn:aws:execute-api:us-west-2:615299777283:iwu3zb3ze5/*",
            "statement_id": "terraform-20260325215749054600000005",
            "statement_id_prefix": "terraform-"
          },
          "sensitive_attributes": [],
          "identity_schema_version": 0,
          "private": "bnVsbA==",
          "dependencies": [
            "archive_file.layer_package",
            "aws_api_gateway_rest_api.TweeterAPI",
            "aws_iam_role.backend_lambda_handler",
            "aws_lambda_function.Lambdas",
            "aws_lambda_layer_version.dependencies",
            "data.archive_file.lambda_package",
            "data.aws_iam_policy_document.role"
          ]
        },
        {
          "index_key": "getFeedItems",
          "schema_version": 0,
          "attributes": {
            "action": "lambda:InvokeFunction",
            "event_source_token": null,
            "function_name": "getFeedItems",
            "function_url_auth_type": null,
            "id": "terraform-20260325215749070900000009",
            "principal": "apigateway.amazonaws.com",
            "principal_org_id": null,
            "qualifier": "",
            "source_account": null,
            "source_arn": "arn:aws:execute-api:us-west-2:615299777283:iwu3zb3ze5/*",
            "statement_id": "terraform-20260325215749070900000009",
            "statement_id_prefix": "terraform-"
          },
          "sensitive_attributes": [],
          "identity_schema_version": 0,
          "private": "bnVsbA==",
          "dependencies": [
            "archive_file.layer_package",
            "aws_api_gateway_rest_api.TweeterAPI",
            "aws_iam_role.backend_lambda_handler",
            "aws_lambda_function.Lambdas",
            "aws_lambda_layer_version.dependencies",
            "data.archive_file.lambda_package",
            "data.aws_iam_policy_document.role"
          ]
        },
        {
          "index_key": "getMoreFollowees",
          "schema_version": 0,
          "attributes": {
            "action": "lambda:InvokeFunction",
            "event_source_token": null,
            "function_name": "getMoreFollowees",
            "function_url_auth_type": null,
            "id": "terraform-2026032521574921190000000a",
            "principal": "apigateway.amazonaws.com",
            "principal_org_id": null,
            "qualifier": "",
            "source_account": null,
            "source_arn": "arn:aws:execute-api:us-west-2:615299777283:iwu3zb3ze5/*",
            "statement_id": "terraform-2026032521574921190000000a",
            "statement_id_prefix": "terraform-"
          },
          "sensitive_attributes": [],
          "identity_schema_version": 0,
          "private": "bnVsbA==",
          "dependencies": [
            "archive_file.layer_package",
            "aws_api_gateway_rest_api.TweeterAPI",
            "aws_iam_role.backend_lambda_handler",
            "aws_lambda_function.Lambdas",
            "aws_lambda_layer_version.dependencies",
            "data.archive_file.lambda_package",
            "data.aws_iam_policy_document.role"
          ]
        },
        {
          "index_key": "getMoreFollowers",
          "schema_version": 0,
          "attributes": {
            "action": "lambda:InvokeFunction",
            "event_source_token": null,
            "function_name": "getMoreFollowers",
            "function_url_auth_type": null,
            "id": "terraform-20260325215749040500000003",
            "principal": "apigateway.amazonaws.com",
            "principal_org_id": null,
            "qualifier": "",
            "source_account": null,
            "source_arn": "arn:aws:execute-api:us-west-2:615299777283:iwu3zb3ze5/*",
            "statement_id": "terraform-20260325215749040500000003",
            "statement_id_prefix": "terraform-"
          },
          "sensitive_attributes": [],
          "identity_schema_version": 0,
          "private": "bnVsbA==",
          "dependencies": [
            "archive_file.layer_package",
            "aws_api_gateway_rest_api.TweeterAPI",
            "aws_iam_role.backend_lambda_handler",
            "aws_lambda_function.Lambdas",
            "aws_lambda_layer_version.dependencies",
            "data.archive_file.lambda_package",
            "data.aws_iam_policy_document.role"
          ]
        },
        {
          "index_key": "getStoryItems",
          "schema_version": 0,
          "attributes": {
            "action": "lambda:InvokeFunction",
            "event_source_token": null,
            "function_name": "getStoryItems",
            "function_url_auth_type": null,
            "id": "terraform-20260325215749055800000006",
            "principal": "apigateway.amazonaws.com",
            "principal_org_id": null,
            "qualifier": "",
            "source_account": null,
            "source_arn": "arn:aws:execute-api:us-west-2:615299777283:iwu3zb3ze5/*",
            "statement_id": "terraform-20260325215749055800000006",
            "statement_id_prefix": "terraform-"
          },
          "sensitive_attributes": [],
          "identity_schema_version": 0,
          "private": "bnVsbA==",
          "dependencies": [
            "archive_file.layer_package",
            "aws_api_gateway_rest_api.TweeterAPI",
            "aws_iam_role.backend_lambda_handler",
            "aws_lambda_function.Lambdas",
            "aws_lambda_layer_version.dependencies",
            "data.archive_file.lambda_package",
            "data.aws_iam_policy_document.role"
          ]
        },
        {
          "index_key": "getUser",
          "schema_version": 0,
          "attributes": {
            "action": "lambda:InvokeFunction",
            "event_source_token": null,
            "function_name": "getUser",
            "function_url_auth_type": null,
            "id": "terraform-20260325215749026700000002",
            "principal": "apigateway.amazonaws.com",
            "principal_org_id": null,
            "qualifier": "",
            "source_account": null,
            "source_arn": "arn:aws:execute-api:us-west-2:615299777283:iwu3zb3ze5/*",
            "statement_id": "terraform-20260325215749026700000002",
            "statement_id_prefix": "terraform-"
          },
          "sensitive_attributes": [],
          "identity_schema_version": 0,
          "private": "bnVsbA==",
          "dependencies": [
            "archive_file.layer_package",
            "aws_api_gateway_rest_api.TweeterAPI",
            "aws_iam_role.backend_lambda_handler",
            "aws_lambda_function.Lambdas",
            "aws_lambda_layer_version.dependencies",
            "data.archive_file.lambda_package",
            "data.aws_iam_policy_document.role"
          ]
        },
        {
          "index_key": "isFollower",
          "schema_version": 0,
          "attributes": {
            "action": "lambda:InvokeFunction",
            "event_source_token": null,
            "function_name": "isFollower",
            "function_url_auth_type": null,
            "id": "terraform-2026032521574935820000000d",
            "principal": "apigateway.amazonaws.com",
            "principal_org_id": null,
            "qualifier": "",
            "source_account": null,
            "source_arn": "arn:aws:execute-api:us-west-2:615299777283:iwu3zb3ze5/*",
            "statement_id": "terraform-2026032521574935820000000d",
            "statement_id_prefix": "terraform-"
          },
          "sensitive_attributes": [],
          "identity_schema_version": 0,
          "private": "bnVsbA==",
          "dependencies": [
            "archive_file.layer_package",
            "aws_api_gateway_rest_api.TweeterAPI",
            "aws_iam_role.backend_lambda_handler",
            "aws_lambda_function.Lambdas",
            "aws_lambda_layer_version.dependencies",
            "data.archive_file.lambda_package",
            "data.aws_iam_policy_document.role"
          ]
        },
        {
          "index_key": "login",
          "schema_version": 0,
          "attributes": {
            "action": "lambda:InvokeFunction",
            "event_source_token": null,
            "function_name": "login",
            "function_url_auth_type": null,
            "id": "terraform-2026032521574935810000000c",
            "principal": "apigateway.amazonaws.com",
            "principal_org_id": null,
            "qualifier": "",
            "source_account": null,
            "source_arn": "arn:aws:execute-api:us-west-2:615299777283:iwu3zb3ze5/*",
            "statement_id": "terraform-2026032521574935810000000c",
            "statement_id_prefix": "terraform-"
          },
          "sensitive_attributes": [],
          "identity_schema_version": 0,
          "private": "bnVsbA==",
          "dependencies": [
            "archive_file.layer_package",
            "aws_api_gateway_rest_api.TweeterAPI",
            "aws_iam_role.backend_lambda_handler",
            "aws_lambda_function.Lambdas",
            "aws_lambda_layer_version.dependencies",
            "data.archive_file.lambda_package",
            "data.aws_iam_policy_document.role"
          ]
        },
        {
          "index_key": "register",
          "schema_version": 0,
          "attributes": {
            "action": "lambda:InvokeFunction",
            "event_source_token": null,
            "function_name": "register",
            "function_url_auth_type": null,
            "id": "terraform-20260325215749040600000004",
            "principal": "apigateway.amazonaws.com",
            "principal_org_id": null,
            "qualifier": "",
            "source_account": null,
            "source_arn": "arn:aws:execute-api:us-west-2:615299777283:iwu3zb3ze5/*",
            "statement_id": "terraform-20260325215749040600000004",
            "statement_id_prefix": "terraform-"
          },
          "sensitive_attributes": [],
          "identity_schema_version": 0,
          "private": "bnVsbA==",
          "dependencies": [
            "archive_file.layer_package",
            "aws_api_gateway_rest_api.TweeterAPI",
            "aws_iam_role.backend_lambda_handler",
            "aws_lambda_function.Lambdas",
            "aws_lambda_layer_version.dependencies",
            "data.archive_file.lambda_package",
            "data.aws_iam_policy_document.role"
          ]
        },
        {
          "index_key": "unfollow",
          "schema_version": 0,
          "attributes": {
            "action": "lambda:InvokeFunction",
            "event_source_token": null,
            "function_name": "unfollow",
            "function_url_auth_type": null,
            "id": "terraform-20260325215749055900000007",
            "principal": "apigateway.amazonaws.com",
            "principal_org_id": null,
            "qualifier": "",
            "source_account": null,
            "source_arn": "arn:aws:execute-api:us-west-2:615299777283:iwu3zb3ze5/*",
            "statement_id": "terraform-20260325215749055900000007",
            "statement_id_prefix": "terraform-"
          },
          "sensitive_attributes": [],
          "identity_schema_version": 0,
          "private": "bnVsbA==",
          "dependencies": [
            "archive_file.layer_package",
            "aws_api_gateway_rest_api.TweeterAPI",
            "aws_iam_role.backend_lambda_handler",
            "aws_lambda_function.Lambdas",
            "aws_lambda_layer_version.dependencies",
            "data.archive_file.lambda_package",
            "data.aws_iam_policy_document.role"
          ]
        }
      ]
    }
  ],
  "check_results": null
}
