{
  "version": 4,
  "terraform_version": "1.14.6",
  "serial": 8966,
  "lineage": "363940d8-1a5d-0393-5cf7-b56698001cb8",
  "outputs": {},
  "resources": [
    {
      "mode": "data",
      "type": "archive_file",
      "name": "lambda_package",
      "provider": "provider[\"registry.terraform.io/hashicorp/archive\"]",
      "instances": [
        {
          "schema_version": 0,
          "attributes": {
            "exclude_symlink_directories": null,
            "excludes": null,
            "id": "7665184c767b143300f388efac35f6baa32665c9",
            "output_base64sha256": "a8HGl4PK3ntWh+GvzPUpGVUQvjXJZDNa8cLeKR5SKRg=",
            "output_base64sha512": "eSS/JdcpBoXHRppOFaD92GeOsOoopp6Uo76SLeA+nwThAbLI58Z0YvBFvsqGh6fh4EIynwQSC06bGoPoTA4ONw==",
            "output_file_mode": null,
            "output_md5": "6ec17986803d261807f736471ffc85d1",
            "output_path": "./package/backend.zip",
            "output_sha": "7665184c767b143300f388efac35f6baa32665c9",
            "output_sha256": "6bc1c69783cade7b5687e1afccf529195510be35c964335af1c2de291e522918",
            "output_sha512": "7924bf25d7290685c7469a4e15a0fdd8678eb0ea28a69e94a3be922de03e9f04e101b2c8e7c67462f045beca8687a7e1e042329f04120b4e9b1a83e84c0e0e37",
            "output_size": 28202,
            "source": [],
            "source_content": null,
            "source_content_filename": null,
            "source_dir": "./dist/",
            "source_file": null,
            "type": "zip"
          },
          "sensitive_attributes": [],
          "identity_schema_version": 0
        }
      ]
    },
    {
      "mode": "data",
      "type": "aws_iam_policy",
      "name": "cloudwatch_logs",
      "provider": "provider[\"registry.terraform.io/hashicorp/aws\"]",
      "instances": [
        {
          "schema_version": 0,
          "attributes": {
            "arn": "arn:aws:iam::aws:policy/service-role/AWSLambdaBasicExecutionRole",
            "description": "Provides write permissions to CloudWatch Logs.",
            "id": "arn:aws:iam::aws:policy/service-role/AWSLambdaBasicExecutionRole",
            "name": "AWSLambdaBasicExecutionRole",
            "path": "/service-role/",
            "path_prefix": null,
            "policy": "{\n  \"Version\": \"2012-10-17\",\n  \"Statement\": [\n    {\n      \"Effect\": \"Allow\",\n      \"Action\": [\n        \"logs:CreateLogGroup\",\n        \"logs:CreateLogStream\",\n        \"logs:PutLogEvents\"\n      ],\n      \"Resource\": \"*\"\n    }\n  ]\n}",
            "policy_id": "ANPAJNCQGXC42545SKXIK",
            "tags": {}
          },
          "sensitive_attributes": [],
          "identity_schema_version": 0
        }
      ]
    },
    {
      "mode": "data",
      "type": "aws_iam_policy_document",
      "name": "backend_s3_access",
      "provider": "provider[\"registry.terraform.io/hashicorp/aws\"]",
      "instances": [
        {
          "schema_version": 0,
          "attributes": {
            "id": "2413885772",
            "json": "{\n  \"Version\": \"2012-10-17\",\n  \"Statement\": [\n    {\n      \"Effect\": \"Allow\",\n      \"Action\": \"s3:*\",\n      \"Resource\": [\n        \"arn:aws:s3:::jt-340-user-images/*\",\n        \"arn:aws:s3:::jt-340-user-images\"\n      ]\n    }\n  ]\n}",
            "override_policy_documents": null,
            "policy_id": null,
            "source_policy_documents": null,
            "statement": [
              {
                "actions": [
                  "s3:*"
                ],
                "condition": [],
                "effect": "Allow",
                "not_actions": [],
                "not_principals": [],
                "not_resources": [],
                "principals": [],
                "resources": [
                  "arn:aws:s3:::jt-340-user-images",
                  "arn:aws:s3:::jt-340-user-images/*"
                ],
                "sid": ""
              }
            ],
            "version": "2012-10-17"
          },
          "sensitive_attributes": [],
          "identity_schema_version": 0
        }
      ]
    },
    {
      "mode": "data",
      "type": "aws_iam_policy_document",
      "name": "dynamodb_access",
      "provider": "provider[\"registry.terraform.io/hashicorp/aws\"]",
      "instances": [
        {
          "schema_version": 0,
          "attributes": {
            "id": "3042870768",
            "json": "{\n  \"Version\": \"2012-10-17\",\n  \"Statement\": [\n    {\n      \"Effect\": \"Allow\",\n      \"Action\": [\n        \"dynamodb:UpdateItem\",\n        \"dynamodb:Scan\",\n        \"dynamodb:Query\",\n        \"dynamodb:PutItem\",\n        \"dynamodb:GetItem\",\n        \"dynamodb:DeleteItem\",\n        \"dynamodb:BatchWriteItem\"\n      ],\n      \"Resource\": [\n        \"arn:aws:dynamodb:us-west-2:615299777283:table/user\",\n        \"arn:aws:dynamodb:us-west-2:615299777283:table/status\",\n        \"arn:aws:dynamodb:us-west-2:615299777283:table/sessions/index/*\",\n        \"arn:aws:dynamodb:us-west-2:615299777283:table/sessions\",\n        \"arn:aws:dynamodb:us-west-2:615299777283:table/follows/index/*\",\n        \"arn:aws:dynamodb:us-west-2:615299777283:table/follows\",\n        \"arn:aws:dynamodb:us-west-2:615299777283:table/feed\"\n      ]\n    }\n  ]\n}",
            "override_policy_documents": null,
            "policy_id": null,
            "source_policy_documents": null,
            "statement": [
              {
                "actions": [
                  "dynamodb:BatchWriteItem",
                  "dynamodb:DeleteItem",
                  "dynamodb:GetItem",
                  "dynamodb:PutItem",
                  "dynamodb:Query",
                  "dynamodb:Scan",
                  "dynamodb:UpdateItem"
                ],
                "condition": [],
                "effect": "Allow",
                "not_actions": [],
                "not_principals": [],
                "not_resources": [],
                "principals": [],
                "resources": [
                  "arn:aws:dynamodb:us-west-2:615299777283:table/feed",
                  "arn:aws:dynamodb:us-west-2:615299777283:table/follows",
                  "arn:aws:dynamodb:us-west-2:615299777283:table/follows/index/*",
                  "arn:aws:dynamodb:us-west-2:615299777283:table/sessions",
                  "arn:aws:dynamodb:us-west-2:615299777283:table/sessions/index/*",
                  "arn:aws:dynamodb:us-west-2:615299777283:table/status",
                  "arn:aws:dynamodb:us-west-2:615299777283:table/user"
                ],
                "sid": ""
              }
            ],
            "version": "2012-10-17"
          },
          "sensitive_attributes": [],
          "identity_schema_version": 0
        }
      ]
    },
    {
      "mode": "data",
      "type": "aws_iam_policy_document",
      "name": "role",
      "provider": "provider[\"registry.terraform.io/hashicorp/aws\"]",
      "instances": [
        {
          "schema_version": 0,
          "attributes": {
            "id": "2690255455",
            "json": "{\n  \"Version\": \"2012-10-17\",\n  \"Statement\": [\n    {\n      \"Effect\": \"Allow\",\n      \"Action\": \"sts:AssumeRole\",\n      \"Principal\": {\n        \"Service\": \"lambda.amazonaws.com\"\n      }\n    }\n  ]\n}",
            "override_policy_documents": null,
            "policy_id": null,
            "source_policy_documents": null,
            "statement": [
              {
                "actions": [
                  "sts:AssumeRole"
                ],
                "condition": [],
                "effect": "Allow",
                "not_actions": [],
                "not_principals": [],
                "not_resources": [],
                "principals": [
                  {
                    "identifiers": [
                      "lambda.amazonaws.com"
                    ],
                    "type": "Service"
                  }
                ],
                "resources": [],
                "sid": ""
              }
            ],
            "version": "2012-10-17"
          },
          "sensitive_attributes": [],
          "identity_schema_version": 0
        }
      ]
    },
    {
      "mode": "data",
      "type": "aws_iam_policy_document",
      "name": "sqs_access",
      "provider": "provider[\"registry.terraform.io/hashicorp/aws\"]",
      "instances": [
        {
          "schema_version": 0,
          "attributes": {
            "id": "397194665",
            "json": "{\n  \"Version\": \"2012-10-17\",\n  \"Statement\": [\n    {\n      \"Effect\": \"Allow\",\n      \"Action\": \"sqs:*\",\n      \"Resource\": [\n        \"arn:aws:sqs:us-west-2:615299777283:Update-Feed-Queue\",\n        \"arn:aws:sqs:us-west-2:615299777283:Post-Status-Queue\"\n      ]\n    }\n  ]\n}",
            "override_policy_documents": null,
            "policy_id": null,
            "source_policy_documents": null,
            "statement": [
              {
                "actions": [
                  "sqs:*"
                ],
                "condition": [],
                "effect": "Allow",
                "not_actions": [],
                "not_principals": [],
                "not_resources": [],
                "principals": [],
                "resources": [
                  "arn:aws:sqs:us-west-2:615299777283:Post-Status-Queue",
                  "arn:aws:sqs:us-west-2:615299777283:Update-Feed-Queue"
                ],
                "sid": ""
              }
            ],
            "version": "2012-10-17"
          },
          "sensitive_attributes": [],
          "identity_schema_version": 0
        }
      ]
    },
    {
      "mode": "managed",
      "type": "archive_file",
      "name": "layer_package",
      "provider": "provider[\"registry.terraform.io/hashicorp/archive\"]",
      "instances": [
        {
          "schema_version": 0,
          "attributes": {
            "exclude_symlink_directories": null,
            "excludes": null,
            "id": "e58aee37c948aeae6087a6cfaef8f48349570317",
            "output_base64sha256": "SasWMerjiYzOoSS373G5pmXeQPdyEkI/r1tMd71hepQ=",
            "output_base64sha512": "9Io2Ktl2m7iVfTd//BEh+Nc6QJU0XPjE6uG1Cyubl0HK83FelMTHCU/25b4qG238gYa8nlgreT25D9LjXhIw0g==",
            "output_file_mode": null,
            "output_md5": "dedae228c4b890095ae329687f640224",
            "output_path": "./package/dependencies/layer.zip",
            "output_sha": "e58aee37c948aeae6087a6cfaef8f48349570317",
            "output_sha256": "49ab1631eae3898ccea124b7ef71b9a665de40f77212423faf5b4c77bd617a94",
            "output_sha512": "f48a362ad9769bb8957d377ffc1121f8d73a4095345cf8c4eae1b50b2b9b9741caf3715e94c4c7094ff6e5be2a1b6dfc8186bc9e582b793db90fd2e35e1230d2",
            "output_size": 15783530,
            "source": [],
            "source_content": null,
            "source_content_filename": null,
            "source_dir": "./layer",
            "source_file": null,
            "type": "zip"
          },
          "sensitive_attributes": [],
          "identity_schema_version": 0
        }
      ]
    },
    {
      "mode": "managed",
      "type": "aws_api_gateway_deployment",
      "name": "TweeterAPIDeployment",
      "provider": "provider[\"registry.terraform.io/hashicorp/aws\"]",
      "instances": [
        {
          "schema_version": 0,
          "attributes": {
            "created_date": "2026-04-16T20:52:10Z",
            "description": "",
            "execution_arn": "arn:aws:execute-api:us-west-2:615299777283:ru4kg018b6/",
            "id": "9evb1k",
            "invoke_url": "https://ru4kg018b6.execute-api.us-west-2.amazonaws.com/",
            "rest_api_id": "ru4kg018b6",
            "stage_description": null,
            "stage_name": null,
            "triggers": null,
            "variables": null
          },
          "sensitive_attributes": [],
          "identity_schema_version": 0,
          "private": "bnVsbA==",
          "dependencies": [
            "archive_file.layer_package",
            "aws_api_gateway_integration.MethodIntegration",
            "aws_api_gateway_integration.options",
            "aws_api_gateway_integration_response.options_integration",
            "aws_api_gateway_method.Method",
            "aws_api_gateway_method.options",
            "aws_api_gateway_method_response.options_method_response",
            "aws_api_gateway_resource.Resources",
            "aws_api_gateway_rest_api.TweeterAPI",
            "aws_iam_role.backend_lambda_handler",
            "aws_lambda_function.Lambdas",
            "aws_lambda_layer_version.dependencies",
            "data.archive_file.lambda_package",
            "data.aws_iam_policy_document.role"
          ]
        }
      ]
    },
    {
      "mode": "managed",
      "type": "aws_api_gateway_documentation_part",
      "name": "method_docs",
      "provider": "provider[\"registry.terraform.io/hashicorp/aws\"]",
      "instances": [
        {
          "index_key": "follow",
          "schema_version": 0,
          "attributes": {
            "id": "ru4kg018b6/ifvc2e",
            "location": [
              {
                "method": "POST",
                "name": "",
                "path": "/follow",
                "status_code": "",
                "type": "METHOD"
              }
            ],
            "properties": "{\"description\":\"Follow a target user\"}",
            "rest_api_id": "ru4kg018b6"
          },
          "sensitive_attributes": [],
          "identity_schema_version": 0,
          "private": "bnVsbA==",
          "dependencies": [
            "aws_api_gateway_rest_api.TweeterAPI"
          ],
          "create_before_destroy": true
        },
        {
          "index_key": "followeeCount",
          "schema_version": 0,
          "attributes": {
            "id": "ru4kg018b6/104z5u",
            "location": [
              {
                "method": "POST",
                "name": "",
                "path": "/followeecount",
                "status_code": "",
                "type": "METHOD"
              }
            ],
            "properties": "{\"description\":\"Return the followee count of a target user\"}",
            "rest_api_id": "ru4kg018b6"
          },
          "sensitive_attributes": [],
          "identity_schema_version": 0,
          "private": "bnVsbA==",
          "dependencies": [
            "aws_api_gateway_rest_api.TweeterAPI"
          ],
          "create_before_destroy": true
        },
        {
          "index_key": "followerCount",
          "schema_version": 0,
          "attributes": {
            "id": "ru4kg018b6/2dawig",
            "location": [
              {
                "method": "POST",
                "name": "",
                "path": "/followercount",
                "status_code": "",
                "type": "METHOD"
              }
            ],
            "properties": "{\"description\":\"Return the follower count of a target user\"}",
            "rest_api_id": "ru4kg018b6"
          },
          "sensitive_attributes": [],
          "identity_schema_version": 0,
          "private": "bnVsbA==",
          "dependencies": [
            "aws_api_gateway_rest_api.TweeterAPI"
          ],
          "create_before_destroy": true
        },
        {
          "index_key": "getFeedItems",
          "schema_version": 0,
          "attributes": {
            "id": "ru4kg018b6/w93518",
            "location": [
              {
                "method": "POST",
                "name": "",
                "path": "/getfeeditems",
                "status_code": "",
                "type": "METHOD"
              }
            ],
            "properties": "{\"description\":\"Load a page of Statuses in a user's Feed\"}",
            "rest_api_id": "ru4kg018b6"
          },
          "sensitive_attributes": [],
          "identity_schema_version": 0,
          "private": "bnVsbA==",
          "dependencies": [
            "aws_api_gateway_rest_api.TweeterAPI"
          ],
          "create_before_destroy": true
        },
        {
          "index_key": "getMoreFollowees",
          "schema_version": 0,
          "attributes": {
            "id": "ru4kg018b6/l7f2ls",
            "location": [
              {
                "method": "POST",
                "name": "",
                "path": "/getfollowees",
                "status_code": "",
                "type": "METHOD"
              }
            ],
            "properties": "{\"description\":\"Load a page of Followees\"}",
            "rest_api_id": "ru4kg018b6"
          },
          "sensitive_attributes": [],
          "identity_schema_version": 0,
          "private": "bnVsbA==",
          "dependencies": [
            "aws_api_gateway_rest_api.TweeterAPI"
          ],
          "create_before_destroy": true
        },
        {
          "index_key": "getMoreFollowers",
          "schema_version": 0,
          "attributes": {
            "id": "ru4kg018b6/rxcxf3",
            "location": [
              {
                "method": "POST",
                "name": "",
                "path": "/getfollowers",
                "status_code": "",
                "type": "METHOD"
              }
            ],
            "properties": "{\"description\":\"Load a page of Followers\"}",
            "rest_api_id": "ru4kg018b6"
          },
          "sensitive_attributes": [],
          "identity_schema_version": 0,
          "private": "bnVsbA==",
          "dependencies": [
            "aws_api_gateway_rest_api.TweeterAPI"
          ],
          "create_before_destroy": true
        },
        {
          "index_key": "getStoryItems",
          "schema_version": 0,
          "attributes": {
            "id": "ru4kg018b6/p3gyfv",
            "location": [
              {
                "method": "POST",
                "name": "",
                "path": "/getstoryitems",
                "status_code": "",
                "type": "METHOD"
              }
            ],
            "properties": "{\"description\":\"Load a page of Statuses in a user's Story\"}",
            "rest_api_id": "ru4kg018b6"
          },
          "sensitive_attributes": [],
          "identity_schema_version": 0,
          "private": "bnVsbA==",
          "dependencies": [
            "aws_api_gateway_rest_api.TweeterAPI"
          ],
          "create_before_destroy": true
        },
        {
          "index_key": "getUser",
          "schema_version": 0,
          "attributes": {
            "id": "ru4kg018b6/lixfa4",
            "location": [
              {
                "method": "POST",
                "name": "",
                "path": "/getuser",
                "status_code": "",
                "type": "METHOD"
              }
            ],
            "properties": "{\"description\":\"Retrieve the user object for a target user\"}",
            "rest_api_id": "ru4kg018b6"
          },
          "sensitive_attributes": [],
          "identity_schema_version": 0,
          "private": "bnVsbA==",
          "dependencies": [
            "aws_api_gateway_rest_api.TweeterAPI"
          ],
          "create_before_destroy": true
        },
        {
          "index_key": "isFollower",
          "schema_version": 0,
          "attributes": {
            "id": "ru4kg018b6/056ygd",
            "location": [
              {
                "method": "POST",
                "name": "",
                "path": "/isfollower",
                "status_code": "",
                "type": "METHOD"
              }
            ],
            "properties": "{\"description\":\"Determine if the target user is a follower of the calling user\"}",
            "rest_api_id": "ru4kg018b6"
          },
          "sensitive_attributes": [],
          "identity_schema_version": 0,
          "private": "bnVsbA==",
          "dependencies": [
            "aws_api_gateway_rest_api.TweeterAPI"
          ],
          "create_before_destroy": true
        },
        {
          "index_key": "login",
          "schema_version": 0,
          "attributes": {
            "id": "ru4kg018b6/xcqj11",
            "location": [
              {
                "method": "POST",
                "name": "",
                "path": "/login",
                "status_code": "",
                "type": "METHOD"
              }
            ],
            "properties": "{\"description\":\"Login as an existing user\"}",
            "rest_api_id": "ru4kg018b6"
          },
          "sensitive_attributes": [],
          "identity_schema_version": 0,
          "private": "bnVsbA==",
          "dependencies": [
            "aws_api_gateway_rest_api.TweeterAPI"
          ],
          "create_before_destroy": true
        },
        {
          "index_key": "logout",
          "schema_version": 0,
          "attributes": {
            "id": "ru4kg018b6/rww4xx",
            "location": [
              {
                "method": "POST",
                "name": "",
                "path": "/logout",
                "status_code": "",
                "type": "METHOD"
              }
            ],
            "properties": "{\"description\":\"Logout an authenticated user\"}",
            "rest_api_id": "ru4kg018b6"
          },
          "sensitive_attributes": [],
          "identity_schema_version": 0,
          "private": "bnVsbA==",
          "dependencies": [
            "aws_api_gateway_rest_api.TweeterAPI"
          ],
          "create_before_destroy": true
        },
        {
          "index_key": "postStatus",
          "schema_version": 0,
          "attributes": {
            "id": "ru4kg018b6/ufaysy",
            "location": [
              {
                "method": "POST",
                "name": "",
                "path": "/poststatus",
                "status_code": "",
                "type": "METHOD"
              }
            ],
            "properties": "{\"description\":\"A user posts a status to their story\"}",
            "rest_api_id": "ru4kg018b6"
          },
          "sensitive_attributes": [],
          "identity_schema_version": 0,
          "private": "bnVsbA==",
          "dependencies": [
            "aws_api_gateway_rest_api.TweeterAPI"
          ],
          "create_before_destroy": true
        },
        {
          "index_key": "register",
          "schema_version": 0,
          "attributes": {
            "id": "ru4kg018b6/5k1se0",
            "location": [
              {
                "method": "POST",
                "name": "",
                "path": "/register",
                "status_code": "",
                "type": "METHOD"
              }
            ],
            "properties": "{\"description\":\"Register as a new user\"}",
            "rest_api_id": "ru4kg018b6"
          },
          "sensitive_attributes": [],
          "identity_schema_version": 0,
          "private": "bnVsbA==",
          "dependencies": [
            "aws_api_gateway_rest_api.TweeterAPI"
          ],
          "create_before_destroy": true
        },
        {
          "index_key": "unfollow",
          "schema_version": 0,
          "attributes": {
            "id": "ru4kg018b6/ncmujm",
            "location": [
              {
                "method": "POST",
                "name": "",
                "path": "/unfollow",
                "status_code": "",
                "type": "METHOD"
              }
            ],
            "properties": "{\"description\":\"Unfollow a target user\"}",
            "rest_api_id": "ru4kg018b6"
          },
          "sensitive_attributes": [],
          "identity_schema_version": 0,
          "private": "bnVsbA==",
          "dependencies": [
            "aws_api_gateway_rest_api.TweeterAPI"
          ],
          "create_before_destroy": true
        }
      ]
    },
    {
      "mode": "managed",
      "type": "aws_api_gateway_documentation_version",
      "name": "TweeterAPIDocs",
      "provider": "provider[\"registry.terraform.io/hashicorp/aws\"]",
      "instances": [
        {
          "schema_version": 0,
          "attributes": {
            "description": "API documentation",
            "id": "ru4kg018b6/v1",
            "rest_api_id": "ru4kg018b6",
            "version": "v1"
          },
          "sensitive_attributes": [],
          "identity_schema_version": 0,
          "private": "bnVsbA==",
          "dependencies": [
            "aws_api_gateway_documentation_part.method_docs",
            "aws_api_gateway_rest_api.TweeterAPI"
          ]
        }
      ]
    },
    {
      "mode": "managed",
      "type": "aws_api_gateway_integration",
      "name": "MethodIntegration",
      "provider": "provider[\"registry.terraform.io/hashicorp/aws\"]",
      "instances": [
        {
          "index_key": "follow",
          "schema_version": 0,
          "attributes": {
            "cache_key_parameters": [],
            "cache_namespace": "aevhy0",
            "connection_id": "",
            "connection_type": "INTERNET",
            "content_handling": "",
            "credentials": "",
            "http_method": "POST",
            "id": "agi-ru4kg018b6-aevhy0-POST",
            "integration_http_method": "POST",
            "passthrough_behavior": "WHEN_NO_MATCH",
            "request_parameters": {},
            "request_templates": {},
            "resource_id": "aevhy0",
            "rest_api_id": "ru4kg018b6",
            "timeout_milliseconds": 29000,
            "tls_config": [],
            "type": "AWS_PROXY",
            "uri": "arn:aws:apigateway:us-west-2:lambda:path/2015-03-31/functions/arn:aws:lambda:us-west-2:615299777283:function:follow/invocations"
          },
          "sensitive_attributes": [],
          "identity_schema_version": 0,
          "private": "bnVsbA==",
          "dependencies": [
            "archive_file.layer_package",
            "aws_api_gateway_method.Method",
            "aws_api_gateway_resource.Resources",
            "aws_api_gateway_rest_api.TweeterAPI",
            "aws_iam_role.backend_lambda_handler",
            "aws_lambda_function.Lambdas",
            "aws_lambda_layer_version.dependencies",
            "data.archive_file.lambda_package",
            "data.aws_iam_policy_document.role"
          ]
        },
        {
          "index_key": "followeeCount",
          "schema_version": 0,
          "attributes": {
            "cache_key_parameters": [],
            "cache_namespace": "yzq0z6",
            "connection_id": "",
            "connection_type": "INTERNET",
            "content_handling": "",
            "credentials": "",
            "http_method": "POST",
            "id": "agi-ru4kg018b6-yzq0z6-POST",
            "integration_http_method": "POST",
            "passthrough_behavior": "WHEN_NO_MATCH",
            "request_parameters": {},
            "request_templates": {},
            "resource_id": "yzq0z6",
            "rest_api_id": "ru4kg018b6",
            "timeout_milliseconds": 29000,
            "tls_config": [],
            "type": "AWS_PROXY",
            "uri": "arn:aws:apigateway:us-west-2:lambda:path/2015-03-31/functions/arn:aws:lambda:us-west-2:615299777283:function:followeeCount/invocations"
          },
          "sensitive_attributes": [],
          "identity_schema_version": 0,
          "private": "bnVsbA==",
          "dependencies": [
            "archive_file.layer_package",
            "aws_api_gateway_method.Method",
            "aws_api_gateway_resource.Resources",
            "aws_api_gateway_rest_api.TweeterAPI",
            "aws_iam_role.backend_lambda_handler",
            "aws_lambda_function.Lambdas",
            "aws_lambda_layer_version.dependencies",
            "data.archive_file.lambda_package",
            "data.aws_iam_policy_document.role"
          ]
        },
        {
          "index_key": "followerCount",
          "schema_version": 0,
          "attributes": {
            "cache_key_parameters": [],
            "cache_namespace": "gwbqg7",
            "connection_id": "",
            "connection_type": "INTERNET",
            "content_handling": "",
            "credentials": "",
            "http_method": "POST",
            "id": "agi-ru4kg018b6-gwbqg7-POST",
            "integration_http_method": "POST",
            "passthrough_behavior": "WHEN_NO_MATCH",
            "request_parameters": {},
            "request_templates": {},
            "resource_id": "gwbqg7",
            "rest_api_id": "ru4kg018b6",
            "timeout_milliseconds": 29000,
            "tls_config": [],
            "type": "AWS_PROXY",
            "uri": "arn:aws:apigateway:us-west-2:lambda:path/2015-03-31/functions/arn:aws:lambda:us-west-2:615299777283:function:followerCount/invocations"
          },
          "sensitive_attributes": [],
          "identity_schema_version": 0,
          "private": "bnVsbA==",
          "dependencies": [
            "archive_file.layer_package",
            "aws_api_gateway_method.Method",
            "aws_api_gateway_resource.Resources",
            "aws_api_gateway_rest_api.TweeterAPI",
            "aws_iam_role.backend_lambda_handler",
            "aws_lambda_function.Lambdas",
            "aws_lambda_layer_version.dependencies",
            "data.archive_file.lambda_package",
            "data.aws_iam_policy_document.role"
          ]
        },
        {
          "index_key": "getFeedItems",
          "schema_version": 0,
          "attributes": {
            "cache_key_parameters": [],
            "cache_namespace": "qoce3l",
            "connection_id": "",
            "connection_type": "INTERNET",
            "content_handling": "",
            "credentials": "",
            "http_method": "POST",
            "id": "agi-ru4kg018b6-qoce3l-POST",
            "integration_http_method": "POST",
            "passthrough_behavior": "WHEN_NO_MATCH",
            "request_parameters": {},
            "request_templates": {},
            "resource_id": "qoce3l",
            "rest_api_id": "ru4kg018b6",
            "timeout_milliseconds": 29000,
            "tls_config": [],
            "type": "AWS_PROXY",
            "uri": "arn:aws:apigateway:us-west-2:lambda:path/2015-03-31/functions/arn:aws:lambda:us-west-2:615299777283:function:getFeedItems/invocations"
          },
          "sensitive_attributes": [],
          "identity_schema_version": 0,
          "private": "bnVsbA==",
          "dependencies": [
            "archive_file.layer_package",
            "aws_api_gateway_method.Method",
            "aws_api_gateway_resource.Resources",
            "aws_api_gateway_rest_api.TweeterAPI",
            "aws_iam_role.backend_lambda_handler",
            "aws_lambda_function.Lambdas",
            "aws_lambda_layer_version.dependencies",
            "data.archive_file.lambda_package",
            "data.aws_iam_policy_document.role"
          ]
        },
        {
          "index_key": "getMoreFollowees",
          "schema_version": 0,
          "attributes": {
            "cache_key_parameters": [],
            "cache_namespace": "dkmi4k",
            "connection_id": "",
            "connection_type": "INTERNET",
            "content_handling": "",
            "credentials": "",
            "http_method": "POST",
            "id": "agi-ru4kg018b6-dkmi4k-POST",
            "integration_http_method": "POST",
            "passthrough_behavior": "WHEN_NO_MATCH",
            "request_parameters": {},
            "request_templates": {},
            "resource_id": "dkmi4k",
            "rest_api_id": "ru4kg018b6",
            "timeout_milliseconds": 29000,
            "tls_config": [],
            "type": "AWS_PROXY",
            "uri": "arn:aws:apigateway:us-west-2:lambda:path/2015-03-31/functions/arn:aws:lambda:us-west-2:615299777283:function:getMoreFollowees/invocations"
          },
          "sensitive_attributes": [],
          "identity_schema_version": 0,
          "private": "bnVsbA==",
          "dependencies": [
            "archive_file.layer_package",
            "aws_api_gateway_method.Method",
            "aws_api_gateway_resource.Resources",
            "aws_api_gateway_rest_api.TweeterAPI",
            "aws_iam_role.backend_lambda_handler",
            "aws_lambda_function.Lambdas",
            "aws_lambda_layer_version.dependencies",
            "data.archive_file.lambda_package",
            "data.aws_iam_policy_document.role"
          ]
        },
        {
          "index_key": "getMoreFollowers",
          "schema_version": 0,
          "attributes": {
            "cache_key_parameters": [],
            "cache_namespace": "1dvohu",
            "connection_id": "",
            "connection_type": "INTERNET",
            "content_handling": "",
            "credentials": "",
            "http_method": "POST",
            "id": "agi-ru4kg018b6-1dvohu-POST",
            "integration_http_method": "POST",
            "passthrough_behavior": "WHEN_NO_MATCH",
            "request_parameters": {},
            "request_templates": {},
            "resource_id": "1dvohu",
            "rest_api_id": "ru4kg018b6",
            "timeout_milliseconds": 29000,
            "tls_config": [],
            "type": "AWS_PROXY",
            "uri": "arn:aws:apigateway:us-west-2:lambda:path/2015-03-31/functions/arn:aws:lambda:us-west-2:615299777283:function:getMoreFollowers/invocations"
          },
          "sensitive_attributes": [],
          "identity_schema_version": 0,
          "private": "bnVsbA==",
          "dependencies": [
            "archive_file.layer_package",
            "aws_api_gateway_method.Method",
            "aws_api_gateway_resource.Resources",
            "aws_api_gateway_rest_api.TweeterAPI",
            "aws_iam_role.backend_lambda_handler",
            "aws_lambda_function.Lambdas",
            "aws_lambda_layer_version.dependencies",
            "data.archive_file.lambda_package",
            "data.aws_iam_policy_document.role"
          ]
        },
        {
          "index_key": "getStoryItems",
          "schema_version": 0,
          "attributes": {
            "cache_key_parameters": [],
            "cache_namespace": "cbcve7",
            "connection_id": "",
            "connection_type": "INTERNET",
            "content_handling": "",
            "credentials": "",
            "http_method": "POST",
            "id": "agi-ru4kg018b6-cbcve7-POST",
            "integration_http_method": "POST",
            "passthrough_behavior": "WHEN_NO_MATCH",
            "request_parameters": {},
            "request_templates": {},
            "resource_id": "cbcve7",
            "rest_api_id": "ru4kg018b6",
            "timeout_milliseconds": 29000,
            "tls_config": [],
            "type": "AWS_PROXY",
            "uri": "arn:aws:apigateway:us-west-2:lambda:path/2015-03-31/functions/arn:aws:lambda:us-west-2:615299777283:function:getStoryItems/invocations"
          },
          "sensitive_attributes": [],
          "identity_schema_version": 0,
          "private": "bnVsbA==",
          "dependencies": [
            "archive_file.layer_package",
            "aws_api_gateway_method.Method",
            "aws_api_gateway_resource.Resources",
            "aws_api_gateway_rest_api.TweeterAPI",
            "aws_iam_role.backend_lambda_handler",
            "aws_lambda_function.Lambdas",
            "aws_lambda_layer_version.dependencies",
            "data.archive_file.lambda_package",
            "data.aws_iam_policy_document.role"
          ]
        },
        {
          "index_key": "getUser",
          "schema_version": 0,
          "attributes": {
            "cache_key_parameters": [],
            "cache_namespace": "ava72b",
            "connection_id": "",
            "connection_type": "INTERNET",
            "content_handling": "",
            "credentials": "",
            "http_method": "POST",
            "id": "agi-ru4kg018b6-ava72b-POST",
            "integration_http_method": "POST",
            "passthrough_behavior": "WHEN_NO_MATCH",
            "request_parameters": {},
            "request_templates": {},
            "resource_id": "ava72b",
            "rest_api_id": "ru4kg018b6",
            "timeout_milliseconds": 29000,
            "tls_config": [],
            "type": "AWS_PROXY",
            "uri": "arn:aws:apigateway:us-west-2:lambda:path/2015-03-31/functions/arn:aws:lambda:us-west-2:615299777283:function:getUser/invocations"
          },
          "sensitive_attributes": [],
          "identity_schema_version": 0,
          "private": "bnVsbA==",
          "dependencies": [
            "archive_file.layer_package",
            "aws_api_gateway_method.Method",
            "aws_api_gateway_resource.Resources",
            "aws_api_gateway_rest_api.TweeterAPI",
            "aws_iam_role.backend_lambda_handler",
            "aws_lambda_function.Lambdas",
            "aws_lambda_layer_version.dependencies",
            "data.archive_file.lambda_package",
            "data.aws_iam_policy_document.role"
          ]
        },
        {
          "index_key": "isFollower",
          "schema_version": 0,
          "attributes": {
            "cache_key_parameters": [],
            "cache_namespace": "g06fkq",
            "connection_id": "",
            "connection_type": "INTERNET",
            "content_handling": "",
            "credentials": "",
            "http_method": "POST",
            "id": "agi-ru4kg018b6-g06fkq-POST",
            "integration_http_method": "POST",
            "passthrough_behavior": "WHEN_NO_MATCH",
            "request_parameters": {},
            "request_templates": {},
            "resource_id": "g06fkq",
            "rest_api_id": "ru4kg018b6",
            "timeout_milliseconds": 29000,
            "tls_config": [],
            "type": "AWS_PROXY",
            "uri": "arn:aws:apigateway:us-west-2:lambda:path/2015-03-31/functions/arn:aws:lambda:us-west-2:615299777283:function:isFollower/invocations"
          },
          "sensitive_attributes": [],
          "identity_schema_version": 0,
          "private": "bnVsbA==",
          "dependencies": [
            "archive_file.layer_package",
            "aws_api_gateway_method.Method",
            "aws_api_gateway_resource.Resources",
            "aws_api_gateway_rest_api.TweeterAPI",
            "aws_iam_role.backend_lambda_handler",
            "aws_lambda_function.Lambdas",
            "aws_lambda_layer_version.dependencies",
            "data.archive_file.lambda_package",
            "data.aws_iam_policy_document.role"
          ]
        },
        {
          "index_key": "login",
          "schema_version": 0,
          "attributes": {
            "cache_key_parameters": [],
            "cache_namespace": "zl7i4w",
            "connection_id": "",
            "connection_type": "INTERNET",
            "content_handling": "",
            "credentials": "",
            "http_method": "POST",
            "id": "agi-ru4kg018b6-zl7i4w-POST",
            "integration_http_method": "POST",
            "passthrough_behavior": "WHEN_NO_MATCH",
            "request_parameters": {},
            "request_templates": {},
            "resource_id": "zl7i4w",
            "rest_api_id": "ru4kg018b6",
            "timeout_milliseconds": 29000,
            "tls_config": [],
            "type": "AWS_PROXY",
            "uri": "arn:aws:apigateway:us-west-2:lambda:path/2015-03-31/functions/arn:aws:lambda:us-west-2:615299777283:function:login/invocations"
          },
          "sensitive_attributes": [],
          "identity_schema_version": 0,
          "private": "bnVsbA==",
          "dependencies": [
            "archive_file.layer_package",
            "aws_api_gateway_method.Method",
            "aws_api_gateway_resource.Resources",
            "aws_api_gateway_rest_api.TweeterAPI",
            "aws_iam_role.backend_lambda_handler",
            "aws_lambda_function.Lambdas",
            "aws_lambda_layer_version.dependencies",
            "data.archive_file.lambda_package",
            "data.aws_iam_policy_document.role"
          ]
        },
        {
          "index_key": "logout",
          "schema_version": 0,
          "attributes": {
            "cache_key_parameters": [],
            "cache_namespace": "ptdymo",
            "connection_id": "",
            "connection_type": "INTERNET",
            "content_handling": "",
            "credentials": "",
            "http_method": "POST",
            "id": "agi-ru4kg018b6-ptdymo-POST",
            "integration_http_method": "POST",
            "passthrough_behavior": "WHEN_NO_MATCH",
            "request_parameters": {},
            "request_templates": {},
            "resource_id": "ptdymo",
            "rest_api_id": "ru4kg018b6",
            "timeout_milliseconds": 29000,
            "tls_config": [],
            "type": "AWS_PROXY",
            "uri": "arn:aws:apigateway:us-west-2:lambda:path/2015-03-31/functions/arn:aws:lambda:us-west-2:615299777283:function:logout/invocations"
          },
          "sensitive_attributes": [],
          "identity_schema_version": 0,
          "private": "bnVsbA==",
          "dependencies": [
            "archive_file.layer_package",
            "aws_api_gateway_method.Method",
            "aws_api_gateway_resource.Resources",
            "aws_api_gateway_rest_api.TweeterAPI",
            "aws_iam_role.backend_lambda_handler",
            "aws_lambda_function.Lambdas",
            "aws_lambda_layer_version.dependencies",
            "data.archive_file.lambda_package",
            "data.aws_iam_policy_document.role"
          ]
        },
        {
          "index_key": "postStatus",
          "schema_version": 0,
          "attributes": {
            "cache_key_parameters": [],
            "cache_namespace": "xtnt0r",
            "connection_id": "",
            "connection_type": "INTERNET",
            "content_handling": "",
            "credentials": "",
            "http_method": "POST",
            "id": "agi-ru4kg018b6-xtnt0r-POST",
            "integration_http_method": "POST",
            "passthrough_behavior": "WHEN_NO_MATCH",
            "request_parameters": {},
            "request_templates": {},
            "resource_id": "xtnt0r",
            "rest_api_id": "ru4kg018b6",
            "timeout_milliseconds": 29000,
            "tls_config": [],
            "type": "AWS_PROXY",
            "uri": "arn:aws:apigateway:us-west-2:lambda:path/2015-03-31/functions/arn:aws:lambda:us-west-2:615299777283:function:postStatus/invocations"
          },
          "sensitive_attributes": [],
          "identity_schema_version": 0,
          "private": "bnVsbA==",
          "dependencies": [
            "archive_file.layer_package",
            "aws_api_gateway_method.Method",
            "aws_api_gateway_resource.Resources",
            "aws_api_gateway_rest_api.TweeterAPI",
            "aws_iam_role.backend_lambda_handler",
            "aws_lambda_function.Lambdas",
            "aws_lambda_layer_version.dependencies",
            "data.archive_file.lambda_package",
            "data.aws_iam_policy_document.role"
          ]
        },
        {
          "index_key": "register",
          "schema_version": 0,
          "attributes": {
            "cache_key_parameters": [],
            "cache_namespace": "idt7lb",
            "connection_id": "",
            "connection_type": "INTERNET",
            "content_handling": "",
            "credentials": "",
            "http_method": "POST",
            "id": "agi-ru4kg018b6-idt7lb-POST",
            "integration_http_method": "POST",
            "passthrough_behavior": "WHEN_NO_MATCH",
            "request_parameters": {},
            "request_templates": {},
            "resource_id": "idt7lb",
            "rest_api_id": "ru4kg018b6",
            "timeout_milliseconds": 29000,
            "tls_config": [],
            "type": "AWS_PROXY",
            "uri": "arn:aws:apigateway:us-west-2:lambda:path/2015-03-31/functions/arn:aws:lambda:us-west-2:615299777283:function:register/invocations"
          },
          "sensitive_attributes": [],
          "identity_schema_version": 0,
          "private": "bnVsbA==",
          "dependencies": [
            "archive_file.layer_package",
            "aws_api_gateway_method.Method",
            "aws_api_gateway_resource.Resources",
            "aws_api_gateway_rest_api.TweeterAPI",
            "aws_iam_role.backend_lambda_handler",
            "aws_lambda_function.Lambdas",
            "aws_lambda_layer_version.dependencies",
            "data.archive_file.lambda_package",
            "data.aws_iam_policy_document.role"
          ]
        },
        {
          "index_key": "unfollow",
          "schema_version": 0,
          "attributes": {
            "cache_key_parameters": [],
            "cache_namespace": "evzd2g",
            "connection_id": "",
            "connection_type": "INTERNET",
            "content_handling": "",
            "credentials": "",
            "http_method": "POST",
            "id": "agi-ru4kg018b6-evzd2g-POST",
            "integration_http_method": "POST",
            "passthrough_behavior": "WHEN_NO_MATCH",
            "request_parameters": {},
            "request_templates": {},
            "resource_id": "evzd2g",
            "rest_api_id": "ru4kg018b6",
            "timeout_milliseconds": 29000,
            "tls_config": [],
            "type": "AWS_PROXY",
            "uri": "arn:aws:apigateway:us-west-2:lambda:path/2015-03-31/functions/arn:aws:lambda:us-west-2:615299777283:function:unfollow/invocations"
          },
          "sensitive_attributes": [],
          "identity_schema_version": 0,
          "private": "bnVsbA==",
          "dependencies": [
            "archive_file.layer_package",
            "aws_api_gateway_method.Method",
            "aws_api_gateway_resource.Resources",
            "aws_api_gateway_rest_api.TweeterAPI",
            "aws_iam_role.backend_lambda_handler",
            "aws_lambda_function.Lambdas",
            "aws_lambda_layer_version.dependencies",
            "data.archive_file.lambda_package",
            "data.aws_iam_policy_document.role"
          ]
        }
      ]
    },
    {
      "mode": "managed",
      "type": "aws_api_gateway_integration",
      "name": "options",
      "provider": "provider[\"registry.terraform.io/hashicorp/aws\"]",
      "instances": [
        {
          "index_key": "follow",
          "schema_version": 0,
          "attributes": {
            "cache_key_parameters": [],
            "cache_namespace": "aevhy0",
            "connection_id": "",
            "connection_type": "INTERNET",
            "content_handling": "",
            "credentials": "",
            "http_method": "OPTIONS",
            "id": "agi-ru4kg018b6-aevhy0-OPTIONS",
            "integration_http_method": "",
            "passthrough_behavior": "WHEN_NO_MATCH",
            "request_parameters": {},
            "request_templates": {
              "application/json": "{ \"statusCode\": 200 }"
            },
            "resource_id": "aevhy0",
            "rest_api_id": "ru4kg018b6",
            "timeout_milliseconds": 29000,
            "tls_config": [],
            "type": "MOCK",
            "uri": ""
          },
          "sensitive_attributes": [],
          "identity_schema_version": 0,
          "private": "bnVsbA==",
          "dependencies": [
            "aws_api_gateway_method.options",
            "aws_api_gateway_resource.Resources",
            "aws_api_gateway_rest_api.TweeterAPI"
          ]
        },
        {
          "index_key": "followeeCount",
          "schema_version": 0,
          "attributes": {
            "cache_key_parameters": [],
            "cache_namespace": "yzq0z6",
            "connection_id": "",
            "connection_type": "INTERNET",
            "content_handling": "",
            "credentials": "",
            "http_method": "OPTIONS",
            "id": "agi-ru4kg018b6-yzq0z6-OPTIONS",
            "integration_http_method": "",
            "passthrough_behavior": "WHEN_NO_MATCH",
            "request_parameters": {},
            "request_templates": {
              "application/json": "{ \"statusCode\": 200 }"
            },
            "resource_id": "yzq0z6",
            "rest_api_id": "ru4kg018b6",
            "timeout_milliseconds": 29000,
            "tls_config": [],
            "type": "MOCK",
            "uri": ""
          },
          "sensitive_attributes": [],
          "identity_schema_version": 0,
          "private": "bnVsbA==",
          "dependencies": [
            "aws_api_gateway_method.options",
            "aws_api_gateway_resource.Resources",
            "aws_api_gateway_rest_api.TweeterAPI"
          ]
        },
        {
          "index_key": "followerCount",
          "schema_version": 0,
          "attributes": {
            "cache_key_parameters": [],
            "cache_namespace": "gwbqg7",
            "connection_id": "",
            "connection_type": "INTERNET",
            "content_handling": "",
            "credentials": "",
            "http_method": "OPTIONS",
            "id": "agi-ru4kg018b6-gwbqg7-OPTIONS",
            "integration_http_method": "",
            "passthrough_behavior": "WHEN_NO_MATCH",
            "request_parameters": {},
            "request_templates": {
              "application/json": "{ \"statusCode\": 200 }"
            },
            "resource_id": "gwbqg7",
            "rest_api_id": "ru4kg018b6",
            "timeout_milliseconds": 29000,
            "tls_config": [],
            "type": "MOCK",
            "uri": ""
          },
          "sensitive_attributes": [],
          "identity_schema_version": 0,
          "private": "bnVsbA==",
          "dependencies": [
            "aws_api_gateway_method.options",
            "aws_api_gateway_resource.Resources",
            "aws_api_gateway_rest_api.TweeterAPI"
          ]
        },
        {
          "index_key": "getFeedItems",
          "schema_version": 0,
          "attributes": {
            "cache_key_parameters": [],
            "cache_namespace": "qoce3l",
            "connection_id": "",
            "connection_type": "INTERNET",
            "content_handling": "",
            "credentials": "",
            "http_method": "OPTIONS",
            "id": "agi-ru4kg018b6-qoce3l-OPTIONS",
            "integration_http_method": "",
            "passthrough_behavior": "WHEN_NO_MATCH",
            "request_parameters": {},
            "request_templates": {
              "application/json": "{ \"statusCode\": 200 }"
            },
            "resource_id": "qoce3l",
            "rest_api_id": "ru4kg018b6",
            "timeout_milliseconds": 29000,
            "tls_config": [],
            "type": "MOCK",
            "uri": ""
          },
          "sensitive_attributes": [],
          "identity_schema_version": 0,
          "private": "bnVsbA==",
          "dependencies": [
            "aws_api_gateway_method.options",
            "aws_api_gateway_resource.Resources",
            "aws_api_gateway_rest_api.TweeterAPI"
          ]
        },
        {
          "index_key": "getMoreFollowees",
          "schema_version": 0,
          "attributes": {
            "cache_key_parameters": [],
            "cache_namespace": "dkmi4k",
            "connection_id": "",
            "connection_type": "INTERNET",
            "content_handling": "",
            "credentials": "",
            "http_method": "OPTIONS",
            "id": "agi-ru4kg018b6-dkmi4k-OPTIONS",
            "integration_http_method": "",
            "passthrough_behavior": "WHEN_NO_MATCH",
            "request_parameters": {},
            "request_templates": {
              "application/json": "{ \"statusCode\": 200 }"
            },
            "resource_id": "dkmi4k",
            "rest_api_id": "ru4kg018b6",
            "timeout_milliseconds": 29000,
            "tls_config": [],
            "type": "MOCK",
            "uri": ""
          },
          "sensitive_attributes": [],
          "identity_schema_version": 0,
          "private": "bnVsbA==",
          "dependencies": [
            "aws_api_gateway_method.options",
            "aws_api_gateway_resource.Resources",
            "aws_api_gateway_rest_api.TweeterAPI"
          ]
        },
        {
          "index_key": "getMoreFollowers",
          "schema_version": 0,
          "attributes": {
            "cache_key_parameters": [],
            "cache_namespace": "1dvohu",
            "connection_id": "",
            "connection_type": "INTERNET",
            "content_handling": "",
            "credentials": "",
            "http_method": "OPTIONS",
            "id": "agi-ru4kg018b6-1dvohu-OPTIONS",
            "integration_http_method": "",
            "passthrough_behavior": "WHEN_NO_MATCH",
            "request_parameters": {},
            "request_templates": {
              "application/json": "{ \"statusCode\": 200 }"
            },
            "resource_id": "1dvohu",
            "rest_api_id": "ru4kg018b6",
            "timeout_milliseconds": 29000,
            "tls_config": [],
            "type": "MOCK",
            "uri": ""
          },
          "sensitive_attributes": [],
          "identity_schema_version": 0,
          "private": "bnVsbA==",
          "dependencies": [
            "aws_api_gateway_method.options",
            "aws_api_gateway_resource.Resources",
            "aws_api_gateway_rest_api.TweeterAPI"
          ]
        },
        {
          "index_key": "getStoryItems",
          "schema_version": 0,
          "attributes": {
            "cache_key_parameters": [],
            "cache_namespace": "cbcve7",
            "connection_id": "",
            "connection_type": "INTERNET",
            "content_handling": "",
            "credentials": "",
            "http_method": "OPTIONS",
            "id": "agi-ru4kg018b6-cbcve7-OPTIONS",
            "integration_http_method": "",
            "passthrough_behavior": "WHEN_NO_MATCH",
            "request_parameters": {},
            "request_templates": {
              "application/json": "{ \"statusCode\": 200 }"
            },
            "resource_id": "cbcve7",
            "rest_api_id": "ru4kg018b6",
            "timeout_milliseconds": 29000,
            "tls_config": [],
            "type": "MOCK",
            "uri": ""
          },
          "sensitive_attributes": [],
          "identity_schema_version": 0,
          "private": "bnVsbA==",
          "dependencies": [
            "aws_api_gateway_method.options",
            "aws_api_gateway_resource.Resources",
            "aws_api_gateway_rest_api.TweeterAPI"
          ]
        },
        {
          "index_key": "getUser",
          "schema_version": 0,
          "attributes": {
            "cache_key_parameters": [],
            "cache_namespace": "ava72b",
            "connection_id": "",
            "connection_type": "INTERNET",
            "content_handling": "",
            "credentials": "",
            "http_method": "OPTIONS",
            "id": "agi-ru4kg018b6-ava72b-OPTIONS",
            "integration_http_method": "",
            "passthrough_behavior": "WHEN_NO_MATCH",
            "request_parameters": {},
            "request_templates": {
              "application/json": "{ \"statusCode\": 200 }"
            },
            "resource_id": "ava72b",
            "rest_api_id": "ru4kg018b6",
            "timeout_milliseconds": 29000,
            "tls_config": [],
            "type": "MOCK",
            "uri": ""
          },
          "sensitive_attributes": [],
          "identity_schema_version": 0,
          "private": "bnVsbA==",
          "dependencies": [
            "aws_api_gateway_method.options",
            "aws_api_gateway_resource.Resources",
            "aws_api_gateway_rest_api.TweeterAPI"
          ]
        },
        {
          "index_key": "isFollower",
          "schema_version": 0,
          "attributes": {
            "cache_key_parameters": [],
            "cache_namespace": "g06fkq",
            "connection_id": "",
            "connection_type": "INTERNET",
            "content_handling": "",
            "credentials": "",
            "http_method": "OPTIONS",
            "id": "agi-ru4kg018b6-g06fkq-OPTIONS",
            "integration_http_method": "",
            "passthrough_behavior": "WHEN_NO_MATCH",
            "request_parameters": {},
            "request_templates": {
              "application/json": "{ \"statusCode\": 200 }"
            },
            "resource_id": "g06fkq",
            "rest_api_id": "ru4kg018b6",
            "timeout_milliseconds": 29000,
            "tls_config": [],
            "type": "MOCK",
            "uri": ""
          },
          "sensitive_attributes": [],
          "identity_schema_version": 0,
          "private": "bnVsbA==",
          "dependencies": [
            "aws_api_gateway_method.options",
            "aws_api_gateway_resource.Resources",
            "aws_api_gateway_rest_api.TweeterAPI"
          ]
        },
        {
          "index_key": "login",
          "schema_version": 0,
          "attributes": {
            "cache_key_parameters": [],
            "cache_namespace": "zl7i4w",
            "connection_id": "",
            "connection_type": "INTERNET",
            "content_handling": "",
            "credentials": "",
            "http_method": "OPTIONS",
            "id": "agi-ru4kg018b6-zl7i4w-OPTIONS",
            "integration_http_method": "",
            "passthrough_behavior": "WHEN_NO_MATCH",
            "request_parameters": {},
            "request_templates": {
              "application/json": "{ \"statusCode\": 200 }"
            },
            "resource_id": "zl7i4w",
            "rest_api_id": "ru4kg018b6",
            "timeout_milliseconds": 29000,
            "tls_config": [],
            "type": "MOCK",
            "uri": ""
          },
          "sensitive_attributes": [],
          "identity_schema_version": 0,
          "private": "bnVsbA==",
          "dependencies": [
            "aws_api_gateway_method.options",
            "aws_api_gateway_resource.Resources",
            "aws_api_gateway_rest_api.TweeterAPI"
          ]
        },
        {
          "index_key": "logout",
          "schema_version": 0,
          "attributes": {
            "cache_key_parameters": [],
            "cache_namespace": "ptdymo",
            "connection_id": "",
            "connection_type": "INTERNET",
            "content_handling": "",
            "credentials": "",
            "http_method": "OPTIONS",
            "id": "agi-ru4kg018b6-ptdymo-OPTIONS",
            "integration_http_method": "",
            "passthrough_behavior": "WHEN_NO_MATCH",
            "request_parameters": {},
            "request_templates": {
              "application/json": "{ \"statusCode\": 200 }"
            },
            "resource_id": "ptdymo",
            "rest_api_id": "ru4kg018b6",
            "timeout_milliseconds": 29000,
            "tls_config": [],
            "type": "MOCK",
            "uri": ""
          },
          "sensitive_attributes": [],
          "identity_schema_version": 0,
          "private": "bnVsbA==",
          "dependencies": [
            "aws_api_gateway_method.options",
            "aws_api_gateway_resource.Resources",
            "aws_api_gateway_rest_api.TweeterAPI"
          ]
        },
        {
          "index_key": "postStatus",
          "schema_version": 0,
          "attributes": {
            "cache_key_parameters": [],
            "cache_namespace": "xtnt0r",
            "connection_id": "",
            "connection_type": "INTERNET",
            "content_handling": "",
            "credentials": "",
            "http_method": "OPTIONS",
            "id": "agi-ru4kg018b6-xtnt0r-OPTIONS",
            "integration_http_method": "",
            "passthrough_behavior": "WHEN_NO_MATCH",
            "request_parameters": {},
            "request_templates": {
              "application/json": "{ \"statusCode\": 200 }"
            },
            "resource_id": "xtnt0r",
            "rest_api_id": "ru4kg018b6",
            "timeout_milliseconds": 29000,
            "tls_config": [],
            "type": "MOCK",
            "uri": ""
          },
          "sensitive_attributes": [],
          "identity_schema_version": 0,
          "private": "bnVsbA==",
          "dependencies": [
            "aws_api_gateway_method.options",
            "aws_api_gateway_resource.Resources",
            "aws_api_gateway_rest_api.TweeterAPI"
          ]
        },
        {
          "index_key": "register",
          "schema_version": 0,
          "attributes": {
            "cache_key_parameters": [],
            "cache_namespace": "idt7lb",
            "connection_id": "",
            "connection_type": "INTERNET",
            "content_handling": "",
            "credentials": "",
            "http_method": "OPTIONS",
            "id": "agi-ru4kg018b6-idt7lb-OPTIONS",
            "integration_http_method": "",
            "passthrough_behavior": "WHEN_NO_MATCH",
            "request_parameters": {},
            "request_templates": {
              "application/json": "{ \"statusCode\": 200 }"
            },
            "resource_id": "idt7lb",
            "rest_api_id": "ru4kg018b6",
            "timeout_milliseconds": 29000,
            "tls_config": [],
            "type": "MOCK",
            "uri": ""
          },
          "sensitive_attributes": [],
          "identity_schema_version": 0,
          "private": "bnVsbA==",
          "dependencies": [
            "aws_api_gateway_method.options",
            "aws_api_gateway_resource.Resources",
            "aws_api_gateway_rest_api.TweeterAPI"
          ]
        },
        {
          "index_key": "unfollow",
          "schema_version": 0,
          "attributes": {
            "cache_key_parameters": [],
            "cache_namespace": "evzd2g",
            "connection_id": "",
            "connection_type": "INTERNET",
            "content_handling": "",
            "credentials": "",
            "http_method": "OPTIONS",
            "id": "agi-ru4kg018b6-evzd2g-OPTIONS",
            "integration_http_method": "",
            "passthrough_behavior": "WHEN_NO_MATCH",
            "request_parameters": {},
            "request_templates": {
              "application/json": "{ \"statusCode\": 200 }"
            },
            "resource_id": "evzd2g",
            "rest_api_id": "ru4kg018b6",
            "timeout_milliseconds": 29000,
            "tls_config": [],
            "type": "MOCK",
            "uri": ""
          },
          "sensitive_attributes": [],
          "identity_schema_version": 0,
          "private": "bnVsbA==",
          "dependencies": [
            "aws_api_gateway_method.options",
            "aws_api_gateway_resource.Resources",
            "aws_api_gateway_rest_api.TweeterAPI"
          ]
        }
      ]
    },
    {
      "mode": "managed",
      "type": "aws_api_gateway_integration_response",
      "name": "options_integration",
      "provider": "provider[\"registry.terraform.io/hashicorp/aws\"]",
      "instances": [
        {
          "index_key": "follow",
          "schema_version": 0,
          "attributes": {
            "content_handling": "",
            "http_method": "OPTIONS",
            "id": "agir-ru4kg018b6-aevhy0-OPTIONS-200",
            "resource_id": "aevhy0",
            "response_parameters": {
              "method.response.header.Access-Control-Allow-Headers": "'Content-Type,X-Amz-Date,Authorization,X-Api-Key,X-Amz-Security-Token'",
              "method.response.header.Access-Control-Allow-Methods": "'DELETE,GET,HEAD,OPTIONS,PATCH,POST,PUT'",
              "method.response.header.Access-Control-Allow-Origin": "'*'"
            },
            "response_templates": {
              "application/json": ""
            },
            "rest_api_id": "ru4kg018b6",
            "selection_pattern": "",
            "status_code": "200"
          },
          "sensitive_attributes": [],
          "identity_schema_version": 0,
          "private": "bnVsbA==",
          "dependencies": [
            "aws_api_gateway_integration.options",
            "aws_api_gateway_method.options",
            "aws_api_gateway_method_response.options_method_response",
            "aws_api_gateway_resource.Resources",
            "aws_api_gateway_rest_api.TweeterAPI"
          ]
        },
        {
          "index_key": "followeeCount",
          "schema_version": 0,
          "attributes": {
            "content_handling": "",
            "http_method": "OPTIONS",
            "id": "agir-ru4kg018b6-yzq0z6-OPTIONS-200",
            "resource_id": "yzq0z6",
            "response_parameters": {
              "method.response.header.Access-Control-Allow-Headers": "'Content-Type,X-Amz-Date,Authorization,X-Api-Key,X-Amz-Security-Token'",
              "method.response.header.Access-Control-Allow-Methods": "'DELETE,GET,HEAD,OPTIONS,PATCH,POST,PUT'",
              "method.response.header.Access-Control-Allow-Origin": "'*'"
            },
            "response_templates": {
              "application/json": ""
            },
            "rest_api_id": "ru4kg018b6",
            "selection_pattern": "",
            "status_code": "200"
          },
          "sensitive_attributes": [],
          "identity_schema_version": 0,
          "private": "bnVsbA==",
          "dependencies": [
            "aws_api_gateway_integration.options",
            "aws_api_gateway_method.options",
            "aws_api_gateway_method_response.options_method_response",
            "aws_api_gateway_resource.Resources",
            "aws_api_gateway_rest_api.TweeterAPI"
          ]
        },
        {
          "index_key": "followerCount",
          "schema_version": 0,
          "attributes": {
            "content_handling": "",
            "http_method": "OPTIONS",
            "id": "agir-ru4kg018b6-gwbqg7-OPTIONS-200",
            "resource_id": "gwbqg7",
            "response_parameters": {
              "method.response.header.Access-Control-Allow-Headers": "'Content-Type,X-Amz-Date,Authorization,X-Api-Key,X-Amz-Security-Token'",
              "method.response.header.Access-Control-Allow-Methods": "'DELETE,GET,HEAD,OPTIONS,PATCH,POST,PUT'",
              "method.response.header.Access-Control-Allow-Origin": "'*'"
            },
            "response_templates": {
              "application/json": ""
            },
            "rest_api_id": "ru4kg018b6",
            "selection_pattern": "",
            "status_code": "200"
          },
          "sensitive_attributes": [],
          "identity_schema_version": 0,
          "private": "bnVsbA==",
          "dependencies": [
            "aws_api_gateway_integration.options",
            "aws_api_gateway_method.options",
            "aws_api_gateway_method_response.options_method_response",
            "aws_api_gateway_resource.Resources",
            "aws_api_gateway_rest_api.TweeterAPI"
          ]
        },
        {
          "index_key": "getFeedItems",
          "schema_version": 0,
          "attributes": {
            "content_handling": "",
            "http_method": "OPTIONS",
            "id": "agir-ru4kg018b6-qoce3l-OPTIONS-200",
            "resource_id": "qoce3l",
            "response_parameters": {
              "method.response.header.Access-Control-Allow-Headers": "'Content-Type,X-Amz-Date,Authorization,X-Api-Key,X-Amz-Security-Token'",
              "method.response.header.Access-Control-Allow-Methods": "'DELETE,GET,HEAD,OPTIONS,PATCH,POST,PUT'",
              "method.response.header.Access-Control-Allow-Origin": "'*'"
            },
            "response_templates": {
              "application/json": ""
            },
            "rest_api_id": "ru4kg018b6",
            "selection_pattern": "",
            "status_code": "200"
          },
          "sensitive_attributes": [],
          "identity_schema_version": 0,
          "private": "bnVsbA==",
          "dependencies": [
            "aws_api_gateway_integration.options",
            "aws_api_gateway_method.options",
            "aws_api_gateway_method_response.options_method_response",
            "aws_api_gateway_resource.Resources",
            "aws_api_gateway_rest_api.TweeterAPI"
          ]
        },
        {
          "index_key": "getMoreFollowees",
          "schema_version": 0,
          "attributes": {
            "content_handling": "",
            "http_method": "OPTIONS",
            "id": "agir-ru4kg018b6-dkmi4k-OPTIONS-200",
            "resource_id": "dkmi4k",
            "response_parameters": {
              "method.response.header.Access-Control-Allow-Headers": "'Content-Type,X-Amz-Date,Authorization,X-Api-Key,X-Amz-Security-Token'",
              "method.response.header.Access-Control-Allow-Methods": "'DELETE,GET,HEAD,OPTIONS,PATCH,POST,PUT'",
              "method.response.header.Access-Control-Allow-Origin": "'*'"
            },
            "response_templates": {
              "application/json": ""
            },
            "rest_api_id": "ru4kg018b6",
            "selection_pattern": "",
            "status_code": "200"
          },
          "sensitive_attributes": [],
          "identity_schema_version": 0,
          "private": "bnVsbA==",
          "dependencies": [
            "aws_api_gateway_integration.options",
            "aws_api_gateway_method.options",
            "aws_api_gateway_method_response.options_method_response",
            "aws_api_gateway_resource.Resources",
            "aws_api_gateway_rest_api.TweeterAPI"
          ]
        },
        {
          "index_key": "getMoreFollowers",
          "schema_version": 0,
          "attributes": {
            "content_handling": "",
            "http_method": "OPTIONS",
            "id": "agir-ru4kg018b6-1dvohu-OPTIONS-200",
            "resource_id": "1dvohu",
            "response_parameters": {
              "method.response.header.Access-Control-Allow-Headers": "'Content-Type,X-Amz-Date,Authorization,X-Api-Key,X-Amz-Security-Token'",
              "method.response.header.Access-Control-Allow-Methods": "'DELETE,GET,HEAD,OPTIONS,PATCH,POST,PUT'",
              "method.response.header.Access-Control-Allow-Origin": "'*'"
            },
            "response_templates": {
              "application/json": ""
            },
            "rest_api_id": "ru4kg018b6",
            "selection_pattern": "",
            "status_code": "200"
          },
          "sensitive_attributes": [],
          "identity_schema_version": 0,
          "private": "bnVsbA==",
          "dependencies": [
            "aws_api_gateway_integration.options",
            "aws_api_gateway_method.options",
            "aws_api_gateway_method_response.options_method_response",
            "aws_api_gateway_resource.Resources",
            "aws_api_gateway_rest_api.TweeterAPI"
          ]
        },
        {
          "index_key": "getStoryItems",
          "schema_version": 0,
          "attributes": {
            "content_handling": "",
            "http_method": "OPTIONS",
            "id": "agir-ru4kg018b6-cbcve7-OPTIONS-200",
            "resource_id": "cbcve7",
            "response_parameters": {
              "method.response.header.Access-Control-Allow-Headers": "'Content-Type,X-Amz-Date,Authorization,X-Api-Key,X-Amz-Security-Token'",
              "method.response.header.Access-Control-Allow-Methods": "'DELETE,GET,HEAD,OPTIONS,PATCH,POST,PUT'",
              "method.response.header.Access-Control-Allow-Origin": "'*'"
            },
            "response_templates": {
              "application/json": ""
            },
            "rest_api_id": "ru4kg018b6",
            "selection_pattern": "",
            "status_code": "200"
          },
          "sensitive_attributes": [],
          "identity_schema_version": 0,
          "private": "bnVsbA==",
          "dependencies": [
            "aws_api_gateway_integration.options",
            "aws_api_gateway_method.options",
            "aws_api_gateway_method_response.options_method_response",
            "aws_api_gateway_resource.Resources",
            "aws_api_gateway_rest_api.TweeterAPI"
          ]
        },
        {
          "index_key": "getUser",
          "schema_version": 0,
          "attributes": {
            "content_handling": "",
            "http_method": "OPTIONS",
            "id": "agir-ru4kg018b6-ava72b-OPTIONS-200",
            "resource_id": "ava72b",
            "response_parameters": {
              "method.response.header.Access-Control-Allow-Headers": "'Content-Type,X-Amz-Date,Authorization,X-Api-Key,X-Amz-Security-Token'",
              "method.response.header.Access-Control-Allow-Methods": "'DELETE,GET,HEAD,OPTIONS,PATCH,POST,PUT'",
              "method.response.header.Access-Control-Allow-Origin": "'*'"
            },
            "response_templates": {
              "application/json": ""
            },
            "rest_api_id": "ru4kg018b6",
            "selection_pattern": "",
            "status_code": "200"
          },
          "sensitive_attributes": [],
          "identity_schema_version": 0,
          "private": "bnVsbA==",
          "dependencies": [
            "aws_api_gateway_integration.options",
            "aws_api_gateway_method.options",
            "aws_api_gateway_method_response.options_method_response",
            "aws_api_gateway_resource.Resources",
            "aws_api_gateway_rest_api.TweeterAPI"
          ]
        },
        {
          "index_key": "isFollower",
          "schema_version": 0,
          "attributes": {
            "content_handling": "",
            "http_method": "OPTIONS",
            "id": "agir-ru4kg018b6-g06fkq-OPTIONS-200",
            "resource_id": "g06fkq",
            "response_parameters": {
              "method.response.header.Access-Control-Allow-Headers": "'Content-Type,X-Amz-Date,Authorization,X-Api-Key,X-Amz-Security-Token'",
              "method.response.header.Access-Control-Allow-Methods": "'DELETE,GET,HEAD,OPTIONS,PATCH,POST,PUT'",
              "method.response.header.Access-Control-Allow-Origin": "'*'"
            },
            "response_templates": {
              "application/json": ""
            },
            "rest_api_id": "ru4kg018b6",
            "selection_pattern": "",
            "status_code": "200"
          },
          "sensitive_attributes": [],
          "identity_schema_version": 0,
          "private": "bnVsbA==",
          "dependencies": [
            "aws_api_gateway_integration.options",
            "aws_api_gateway_method.options",
            "aws_api_gateway_method_response.options_method_response",
            "aws_api_gateway_resource.Resources",
            "aws_api_gateway_rest_api.TweeterAPI"
          ]
        },
        {
          "index_key": "login",
          "schema_version": 0,
          "attributes": {
            "content_handling": "",
            "http_method": "OPTIONS",
            "id": "agir-ru4kg018b6-zl7i4w-OPTIONS-200",
            "resource_id": "zl7i4w",
            "response_parameters": {
              "method.response.header.Access-Control-Allow-Headers": "'Content-Type,X-Amz-Date,Authorization,X-Api-Key,X-Amz-Security-Token'",
              "method.response.header.Access-Control-Allow-Methods": "'DELETE,GET,HEAD,OPTIONS,PATCH,POST,PUT'",
              "method.response.header.Access-Control-Allow-Origin": "'*'"
            },
            "response_templates": {
              "application/json": ""
            },
            "rest_api_id": "ru4kg018b6",
            "selection_pattern": "",
            "status_code": "200"
          },
          "sensitive_attributes": [],
          "identity_schema_version": 0,
          "private": "bnVsbA==",
          "dependencies": [
            "aws_api_gateway_integration.options",
            "aws_api_gateway_method.options",
            "aws_api_gateway_method_response.options_method_response",
            "aws_api_gateway_resource.Resources",
            "aws_api_gateway_rest_api.TweeterAPI"
          ]
        },
        {
          "index_key": "logout",
          "schema_version": 0,
          "attributes": {
            "content_handling": "",
            "http_method": "OPTIONS",
            "id": "agir-ru4kg018b6-ptdymo-OPTIONS-200",
            "resource_id": "ptdymo",
            "response_parameters": {
              "method.response.header.Access-Control-Allow-Headers": "'Content-Type,X-Amz-Date,Authorization,X-Api-Key,X-Amz-Security-Token'",
              "method.response.header.Access-Control-Allow-Methods": "'DELETE,GET,HEAD,OPTIONS,PATCH,POST,PUT'",
              "method.response.header.Access-Control-Allow-Origin": "'*'"
            },
            "response_templates": {
              "application/json": ""
            },
            "rest_api_id": "ru4kg018b6",
            "selection_pattern": "",
            "status_code": "200"
          },
          "sensitive_attributes": [],
          "identity_schema_version": 0,
          "private": "bnVsbA==",
          "dependencies": [
            "aws_api_gateway_integration.options",
            "aws_api_gateway_method.options",
            "aws_api_gateway_method_response.options_method_response",
            "aws_api_gateway_resource.Resources",
            "aws_api_gateway_rest_api.TweeterAPI"
          ]
        },
        {
          "index_key": "postStatus",
          "schema_version": 0,
          "attributes": {
            "content_handling": "",
            "http_method": "OPTIONS",
            "id": "agir-ru4kg018b6-xtnt0r-OPTIONS-200",
            "resource_id": "xtnt0r",
            "response_parameters": {
              "method.response.header.Access-Control-Allow-Headers": "'Content-Type,X-Amz-Date,Authorization,X-Api-Key,X-Amz-Security-Token'",
              "method.response.header.Access-Control-Allow-Methods": "'DELETE,GET,HEAD,OPTIONS,PATCH,POST,PUT'",
              "method.response.header.Access-Control-Allow-Origin": "'*'"
            },
            "response_templates": {
              "application/json": ""
            },
            "rest_api_id": "ru4kg018b6",
            "selection_pattern": "",
            "status_code": "200"
          },
          "sensitive_attributes": [],
          "identity_schema_version": 0,
          "private": "bnVsbA==",
          "dependencies": [
            "aws_api_gateway_integration.options",
            "aws_api_gateway_method.options",
            "aws_api_gateway_method_response.options_method_response",
            "aws_api_gateway_resource.Resources",
            "aws_api_gateway_rest_api.TweeterAPI"
          ]
        },
        {
          "index_key": "register",
          "schema_version": 0,
          "attributes": {
            "content_handling": "",
            "http_method": "OPTIONS",
            "id": "agir-ru4kg018b6-idt7lb-OPTIONS-200",
            "resource_id": "idt7lb",
            "response_parameters": {
              "method.response.header.Access-Control-Allow-Headers": "'Content-Type,X-Amz-Date,Authorization,X-Api-Key,X-Amz-Security-Token'",
              "method.response.header.Access-Control-Allow-Methods": "'DELETE,GET,HEAD,OPTIONS,PATCH,POST,PUT'",
              "method.response.header.Access-Control-Allow-Origin": "'*'"
            },
            "response_templates": {
              "application/json": ""
            },
            "rest_api_id": "ru4kg018b6",
            "selection_pattern": "",
            "status_code": "200"
          },
          "sensitive_attributes": [],
          "identity_schema_version": 0,
          "private": "bnVsbA==",
          "dependencies": [
            "aws_api_gateway_integration.options",
            "aws_api_gateway_method.options",
            "aws_api_gateway_method_response.options_method_response",
            "aws_api_gateway_resource.Resources",
            "aws_api_gateway_rest_api.TweeterAPI"
          ]
        },
        {
          "index_key": "unfollow",
          "schema_version": 0,
          "attributes": {
            "content_handling": "",
            "http_method": "OPTIONS",
            "id": "agir-ru4kg018b6-evzd2g-OPTIONS-200",
            "resource_id": "evzd2g",
            "response_parameters": {
              "method.response.header.Access-Control-Allow-Headers": "'Content-Type,X-Amz-Date,Authorization,X-Api-Key,X-Amz-Security-Token'",
              "method.response.header.Access-Control-Allow-Methods": "'DELETE,GET,HEAD,OPTIONS,PATCH,POST,PUT'",
              "method.response.header.Access-Control-Allow-Origin": "'*'"
            },
            "response_templates": {
              "application/json": ""
            },
            "rest_api_id": "ru4kg018b6",
            "selection_pattern": "",
            "status_code": "200"
          },
          "sensitive_attributes": [],
          "identity_schema_version": 0,
          "private": "bnVsbA==",
          "dependencies": [
            "aws_api_gateway_integration.options",
            "aws_api_gateway_method.options",
            "aws_api_gateway_method_response.options_method_response",
            "aws_api_gateway_resource.Resources",
            "aws_api_gateway_rest_api.TweeterAPI"
          ]
        }
      ]
    },
    {
      "mode": "managed",
      "type": "aws_api_gateway_method",
      "name": "Method",
      "provider": "provider[\"registry.terraform.io/hashicorp/aws\"]",
      "instances": [
        {
          "index_key": "follow",
          "schema_version": 0,
          "attributes": {
            "api_key_required": false,
            "authorization": "NONE",
            "authorization_scopes": [],
            "authorizer_id": "",
            "http_method": "POST",
            "id": "agm-ru4kg018b6-aevhy0-POST",
            "operation_name": "",
            "request_models": {},
            "request_parameters": {},
            "request_validator_id": "",
            "resource_id": "aevhy0",
            "rest_api_id": "ru4kg018b6"
          },
          "sensitive_attributes": [],
          "identity_schema_version": 0,
          "private": "bnVsbA==",
          "dependencies": [
            "aws_api_gateway_resource.Resources",
            "aws_api_gateway_rest_api.TweeterAPI"
          ]
        },
        {
          "index_key": "followeeCount",
          "schema_version": 0,
          "attributes": {
            "api_key_required": false,
            "authorization": "NONE",
            "authorization_scopes": [],
            "authorizer_id": "",
            "http_method": "POST",
            "id": "agm-ru4kg018b6-yzq0z6-POST",
            "operation_name": "",
            "request_models": {},
            "request_parameters": {},
            "request_validator_id": "",
            "resource_id": "yzq0z6",
            "rest_api_id": "ru4kg018b6"
          },
          "sensitive_attributes": [],
          "identity_schema_version": 0,
          "private": "bnVsbA==",
          "dependencies": [
            "aws_api_gateway_resource.Resources",
            "aws_api_gateway_rest_api.TweeterAPI"
          ]
        },
        {
          "index_key": "followerCount",
          "schema_version": 0,
          "attributes": {
            "api_key_required": false,
            "authorization": "NONE",
            "authorization_scopes": [],
            "authorizer_id": "",
            "http_method": "POST",
            "id": "agm-ru4kg018b6-gwbqg7-POST",
            "operation_name": "",
            "request_models": {},
            "request_parameters": {},
            "request_validator_id": "",
            "resource_id": "gwbqg7",
            "rest_api_id": "ru4kg018b6"
          },
          "sensitive_attributes": [],
          "identity_schema_version": 0,
          "private": "bnVsbA==",
          "dependencies": [
            "aws_api_gateway_resource.Resources",
            "aws_api_gateway_rest_api.TweeterAPI"
          ]
        },
        {
          "index_key": "getFeedItems",
          "schema_version": 0,
          "attributes": {
            "api_key_required": false,
            "authorization": "NONE",
            "authorization_scopes": [],
            "authorizer_id": "",
            "http_method": "POST",
            "id": "agm-ru4kg018b6-qoce3l-POST",
            "operation_name": "",
            "request_models": {},
            "request_parameters": {},
            "request_validator_id": "",
            "resource_id": "qoce3l",
            "rest_api_id": "ru4kg018b6"
          },
          "sensitive_attributes": [],
          "identity_schema_version": 0,
          "private": "bnVsbA==",
          "dependencies": [
            "aws_api_gateway_resource.Resources",
            "aws_api_gateway_rest_api.TweeterAPI"
          ]
        },
        {
          "index_key": "getMoreFollowees",
          "schema_version": 0,
          "attributes": {
            "api_key_required": false,
            "authorization": "NONE",
            "authorization_scopes": [],
            "authorizer_id": "",
            "http_method": "POST",
            "id": "agm-ru4kg018b6-dkmi4k-POST",
            "operation_name": "",
            "request_models": {},
            "request_parameters": {},
            "request_validator_id": "",
            "resource_id": "dkmi4k",
            "rest_api_id": "ru4kg018b6"
          },
          "sensitive_attributes": [],
          "identity_schema_version": 0,
          "private": "bnVsbA==",
          "dependencies": [
            "aws_api_gateway_resource.Resources",
            "aws_api_gateway_rest_api.TweeterAPI"
          ]
        },
        {
          "index_key": "getMoreFollowers",
          "schema_version": 0,
          "attributes": {
            "api_key_required": false,
            "authorization": "NONE",
            "authorization_scopes": [],
            "authorizer_id": "",
            "http_method": "POST",
            "id": "agm-ru4kg018b6-1dvohu-POST",
            "operation_name": "",
            "request_models": {},
            "request_parameters": {},
            "request_validator_id": "",
            "resource_id": "1dvohu",
            "rest_api_id": "ru4kg018b6"
          },
          "sensitive_attributes": [],
          "identity_schema_version": 0,
          "private": "bnVsbA==",
          "dependencies": [
            "aws_api_gateway_resource.Resources",
            "aws_api_gateway_rest_api.TweeterAPI"
          ]
        },
        {
          "index_key": "getStoryItems",
          "schema_version": 0,
          "attributes": {
            "api_key_required": false,
            "authorization": "NONE",
            "authorization_scopes": [],
            "authorizer_id": "",
            "http_method": "POST",
            "id": "agm-ru4kg018b6-cbcve7-POST",
            "operation_name": "",
            "request_models": {},
            "request_parameters": {},
            "request_validator_id": "",
            "resource_id": "cbcve7",
            "rest_api_id": "ru4kg018b6"
          },
          "sensitive_attributes": [],
          "identity_schema_version": 0,
          "private": "bnVsbA==",
          "dependencies": [
            "aws_api_gateway_resource.Resources",
            "aws_api_gateway_rest_api.TweeterAPI"
          ]
        },
        {
          "index_key": "getUser",
          "schema_version": 0,
          "attributes": {
            "api_key_required": false,
            "authorization": "NONE",
            "authorization_scopes": [],
            "authorizer_id": "",
            "http_method": "POST",
            "id": "agm-ru4kg018b6-ava72b-POST",
            "operation_name": "",
            "request_models": {},
            "request_parameters": {},
            "request_validator_id": "",
            "resource_id": "ava72b",
            "rest_api_id": "ru4kg018b6"
          },
          "sensitive_attributes": [],
          "identity_schema_version": 0,
          "private": "bnVsbA==",
          "dependencies": [
            "aws_api_gateway_resource.Resources",
            "aws_api_gateway_rest_api.TweeterAPI"
          ]
        },
        {
          "index_key": "isFollower",
          "schema_version": 0,
          "attributes": {
            "api_key_required": false,
            "authorization": "NONE",
            "authorization_scopes": [],
            "authorizer_id": "",
            "http_method": "POST",
            "id": "agm-ru4kg018b6-g06fkq-POST",
            "operation_name": "",
            "request_models": {},
            "request_parameters": {},
            "request_validator_id": "",
            "resource_id": "g06fkq",
            "rest_api_id": "ru4kg018b6"
          },
          "sensitive_attributes": [],
          "identity_schema_version": 0,
          "private": "bnVsbA==",
          "dependencies": [
            "aws_api_gateway_resource.Resources",
            "aws_api_gateway_rest_api.TweeterAPI"
          ]
        },
        {
          "index_key": "login",
          "schema_version": 0,
          "attributes": {
            "api_key_required": false,
            "authorization": "NONE",
            "authorization_scopes": [],
            "authorizer_id": "",
            "http_method": "POST",
            "id": "agm-ru4kg018b6-zl7i4w-POST",
            "operation_name": "",
            "request_models": {},
            "request_parameters": {},
            "request_validator_id": "",
            "resource_id": "zl7i4w",
            "rest_api_id": "ru4kg018b6"
          },
          "sensitive_attributes": [],
          "identity_schema_version": 0,
          "private": "bnVsbA==",
          "dependencies": [
            "aws_api_gateway_resource.Resources",
            "aws_api_gateway_rest_api.TweeterAPI"
          ]
        },
        {
          "index_key": "logout",
          "schema_version": 0,
          "attributes": {
            "api_key_required": false,
            "authorization": "NONE",
            "authorization_scopes": [],
            "authorizer_id": "",
            "http_method": "POST",
            "id": "agm-ru4kg018b6-ptdymo-POST",
            "operation_name": "",
            "request_models": {},
            "request_parameters": {},
            "request_validator_id": "",
            "resource_id": "ptdymo",
            "rest_api_id": "ru4kg018b6"
          },
          "sensitive_attributes": [],
          "identity_schema_version": 0,
          "private": "bnVsbA==",
          "dependencies": [
            "aws_api_gateway_resource.Resources",
            "aws_api_gateway_rest_api.TweeterAPI"
          ]
        },
        {
          "index_key": "postStatus",
          "schema_version": 0,
          "attributes": {
            "api_key_required": false,
            "authorization": "NONE",
            "authorization_scopes": [],
            "authorizer_id": "",
            "http_method": "POST",
            "id": "agm-ru4kg018b6-xtnt0r-POST",
            "operation_name": "",
            "request_models": {},
            "request_parameters": {},
            "request_validator_id": "",
            "resource_id": "xtnt0r",
            "rest_api_id": "ru4kg018b6"
          },
          "sensitive_attributes": [],
          "identity_schema_version": 0,
          "private": "bnVsbA==",
          "dependencies": [
            "aws_api_gateway_resource.Resources",
            "aws_api_gateway_rest_api.TweeterAPI"
          ]
        },
        {
          "index_key": "register",
          "schema_version": 0,
          "attributes": {
            "api_key_required": false,
            "authorization": "NONE",
            "authorization_scopes": [],
            "authorizer_id": "",
            "http_method": "POST",
            "id": "agm-ru4kg018b6-idt7lb-POST",
            "operation_name": "",
            "request_models": {},
            "request_parameters": {},
            "request_validator_id": "",
            "resource_id": "idt7lb",
            "rest_api_id": "ru4kg018b6"
          },
          "sensitive_attributes": [],
          "identity_schema_version": 0,
          "private": "bnVsbA==",
          "dependencies": [
            "aws_api_gateway_resource.Resources",
            "aws_api_gateway_rest_api.TweeterAPI"
          ]
        },
        {
          "index_key": "unfollow",
          "schema_version": 0,
          "attributes": {
            "api_key_required": false,
            "authorization": "NONE",
            "authorization_scopes": [],
            "authorizer_id": "",
            "http_method": "POST",
            "id": "agm-ru4kg018b6-evzd2g-POST",
            "operation_name": "",
            "request_models": {},
            "request_parameters": {},
            "request_validator_id": "",
            "resource_id": "evzd2g",
            "rest_api_id": "ru4kg018b6"
          },
          "sensitive_attributes": [],
          "identity_schema_version": 0,
          "private": "bnVsbA==",
          "dependencies": [
            "aws_api_gateway_resource.Resources",
            "aws_api_gateway_rest_api.TweeterAPI"
          ]
        }
      ]
    },
    {
      "mode": "managed",
      "type": "aws_api_gateway_method",
      "name": "options",
      "provider": "provider[\"registry.terraform.io/hashicorp/aws\"]",
      "instances": [
        {
          "index_key": "follow",
          "schema_version": 0,
          "attributes": {
            "api_key_required": false,
            "authorization": "NONE",
            "authorization_scopes": [],
            "authorizer_id": "",
            "http_method": "OPTIONS",
            "id": "agm-ru4kg018b6-aevhy0-OPTIONS",
            "operation_name": "",
            "request_models": {},
            "request_parameters": {},
            "request_validator_id": "",
            "resource_id": "aevhy0",
            "rest_api_id": "ru4kg018b6"
          },
          "sensitive_attributes": [],
          "identity_schema_version": 0,
          "private": "bnVsbA==",
          "dependencies": [
            "aws_api_gateway_resource.Resources",
            "aws_api_gateway_rest_api.TweeterAPI"
          ]
        },
        {
          "index_key": "followeeCount",
          "schema_version": 0,
          "attributes": {
            "api_key_required": false,
            "authorization": "NONE",
            "authorization_scopes": [],
            "authorizer_id": "",
            "http_method": "OPTIONS",
            "id": "agm-ru4kg018b6-yzq0z6-OPTIONS",
            "operation_name": "",
            "request_models": {},
            "request_parameters": {},
            "request_validator_id": "",
            "resource_id": "yzq0z6",
            "rest_api_id": "ru4kg018b6"
          },
          "sensitive_attributes": [],
          "identity_schema_version": 0,
          "private": "bnVsbA==",
          "dependencies": [
            "aws_api_gateway_resource.Resources",
            "aws_api_gateway_rest_api.TweeterAPI"
          ]
        },
        {
          "index_key": "followerCount",
          "schema_version": 0,
          "attributes": {
            "api_key_required": false,
            "authorization": "NONE",
            "authorization_scopes": [],
            "authorizer_id": "",
            "http_method": "OPTIONS",
            "id": "agm-ru4kg018b6-gwbqg7-OPTIONS",
            "operation_name": "",
            "request_models": {},
            "request_parameters": {},
            "request_validator_id": "",
            "resource_id": "gwbqg7",
            "rest_api_id": "ru4kg018b6"
          },
          "sensitive_attributes": [],
          "identity_schema_version": 0,
          "private": "bnVsbA==",
          "dependencies": [
            "aws_api_gateway_resource.Resources",
            "aws_api_gateway_rest_api.TweeterAPI"
          ]
        },
        {
          "index_key": "getFeedItems",
          "schema_version": 0,
          "attributes": {
            "api_key_required": false,
            "authorization": "NONE",
            "authorization_scopes": [],
            "authorizer_id": "",
            "http_method": "OPTIONS",
            "id": "agm-ru4kg018b6-qoce3l-OPTIONS",
            "operation_name": "",
            "request_models": {},
            "request_parameters": {},
            "request_validator_id": "",
            "resource_id": "qoce3l",
            "rest_api_id": "ru4kg018b6"
          },
          "sensitive_attributes": [],
          "identity_schema_version": 0,
          "private": "bnVsbA==",
          "dependencies": [
            "aws_api_gateway_resource.Resources",
            "aws_api_gateway_rest_api.TweeterAPI"
          ]
        },
        {
          "index_key": "getMoreFollowees",
          "schema_version": 0,
          "attributes": {
            "api_key_required": false,
            "authorization": "NONE",
            "authorization_scopes": [],
            "authorizer_id": "",
            "http_method": "OPTIONS",
            "id": "agm-ru4kg018b6-dkmi4k-OPTIONS",
            "operation_name": "",
            "request_models": {},
            "request_parameters": {},
            "request_validator_id": "",
            "resource_id": "dkmi4k",
            "rest_api_id": "ru4kg018b6"
          },
          "sensitive_attributes": [],
          "identity_schema_version": 0,
          "private": "bnVsbA==",
          "dependencies": [
            "aws_api_gateway_resource.Resources",
            "aws_api_gateway_rest_api.TweeterAPI"
          ]
        },
        {
          "index_key": "getMoreFollowers",
          "schema_version": 0,
          "attributes": {
            "api_key_required": false,
            "authorization": "NONE",
            "authorization_scopes": [],
            "authorizer_id": "",
            "http_method": "OPTIONS",
            "id": "agm-ru4kg018b6-1dvohu-OPTIONS",
            "operation_name": "",
            "request_models": {},
            "request_parameters": {},
            "request_validator_id": "",
            "resource_id": "1dvohu",
            "rest_api_id": "ru4kg018b6"
          },
          "sensitive_attributes": [],
          "identity_schema_version": 0,
          "private": "bnVsbA==",
          "dependencies": [
            "aws_api_gateway_resource.Resources",
            "aws_api_gateway_rest_api.TweeterAPI"
          ]
        },
        {
          "index_key": "getStoryItems",
          "schema_version": 0,
          "attributes": {
            "api_key_required": false,
            "authorization": "NONE",
            "authorization_scopes": [],
            "authorizer_id": "",
            "http_method": "OPTIONS",
            "id": "agm-ru4kg018b6-cbcve7-OPTIONS",
            "operation_name": "",
            "request_models": {},
            "request_parameters": {},
            "request_validator_id": "",
            "resource_id": "cbcve7",
            "rest_api_id": "ru4kg018b6"
          },
          "sensitive_attributes": [],
          "identity_schema_version": 0,
          "private": "bnVsbA==",
          "dependencies": [
            "aws_api_gateway_resource.Resources",
            "aws_api_gateway_rest_api.TweeterAPI"
          ]
        },
        {
          "index_key": "getUser",
          "schema_version": 0,
          "attributes": {
            "api_key_required": false,
            "authorization": "NONE",
            "authorization_scopes": [],
            "authorizer_id": "",
            "http_method": "OPTIONS",
            "id": "agm-ru4kg018b6-ava72b-OPTIONS",
            "operation_name": "",
            "request_models": {},
            "request_parameters": {},
            "request_validator_id": "",
            "resource_id": "ava72b",
            "rest_api_id": "ru4kg018b6"
          },
          "sensitive_attributes": [],
          "identity_schema_version": 0,
          "private": "bnVsbA==",
          "dependencies": [
            "aws_api_gateway_resource.Resources",
            "aws_api_gateway_rest_api.TweeterAPI"
          ]
        },
        {
          "index_key": "isFollower",
          "schema_version": 0,
          "attributes": {
            "api_key_required": false,
            "authorization": "NONE",
            "authorization_scopes": [],
            "authorizer_id": "",
            "http_method": "OPTIONS",
            "id": "agm-ru4kg018b6-g06fkq-OPTIONS",
            "operation_name": "",
            "request_models": {},
            "request_parameters": {},
            "request_validator_id": "",
            "resource_id": "g06fkq",
            "rest_api_id": "ru4kg018b6"
          },
          "sensitive_attributes": [],
          "identity_schema_version": 0,
          "private": "bnVsbA==",
          "dependencies": [
            "aws_api_gateway_resource.Resources",
            "aws_api_gateway_rest_api.TweeterAPI"
          ]
        },
        {
          "index_key": "login",
          "schema_version": 0,
          "attributes": {
            "api_key_required": false,
            "authorization": "NONE",
            "authorization_scopes": [],
            "authorizer_id": "",
            "http_method": "OPTIONS",
            "id": "agm-ru4kg018b6-zl7i4w-OPTIONS",
            "operation_name": "",
            "request_models": {},
            "request_parameters": {},
            "request_validator_id": "",
            "resource_id": "zl7i4w",
            "rest_api_id": "ru4kg018b6"
          },
          "sensitive_attributes": [],
          "identity_schema_version": 0,
          "private": "bnVsbA==",
          "dependencies": [
            "aws_api_gateway_resource.Resources",
            "aws_api_gateway_rest_api.TweeterAPI"
          ]
        },
        {
          "index_key": "logout",
          "schema_version": 0,
          "attributes": {
            "api_key_required": false,
            "authorization": "NONE",
            "authorization_scopes": [],
            "authorizer_id": "",
            "http_method": "OPTIONS",
            "id": "agm-ru4kg018b6-ptdymo-OPTIONS",
            "operation_name": "",
            "request_models": {},
            "request_parameters": {},
            "request_validator_id": "",
            "resource_id": "ptdymo",
            "rest_api_id": "ru4kg018b6"
          },
          "sensitive_attributes": [],
          "identity_schema_version": 0,
          "private": "bnVsbA==",
          "dependencies": [
            "aws_api_gateway_resource.Resources",
            "aws_api_gateway_rest_api.TweeterAPI"
          ]
        },
        {
          "index_key": "postStatus",
          "schema_version": 0,
          "attributes": {
            "api_key_required": false,
            "authorization": "NONE",
            "authorization_scopes": [],
            "authorizer_id": "",
            "http_method": "OPTIONS",
            "id": "agm-ru4kg018b6-xtnt0r-OPTIONS",
            "operation_name": "",
            "request_models": {},
            "request_parameters": {},
            "request_validator_id": "",
            "resource_id": "xtnt0r",
            "rest_api_id": "ru4kg018b6"
          },
          "sensitive_attributes": [],
          "identity_schema_version": 0,
          "private": "bnVsbA==",
          "dependencies": [
            "aws_api_gateway_resource.Resources",
            "aws_api_gateway_rest_api.TweeterAPI"
          ]
        },
        {
          "index_key": "register",
          "schema_version": 0,
          "attributes": {
            "api_key_required": false,
            "authorization": "NONE",
            "authorization_scopes": [],
            "authorizer_id": "",
            "http_method": "OPTIONS",
            "id": "agm-ru4kg018b6-idt7lb-OPTIONS",
            "operation_name": "",
            "request_models": {},
            "request_parameters": {},
            "request_validator_id": "",
            "resource_id": "idt7lb",
            "rest_api_id": "ru4kg018b6"
          },
          "sensitive_attributes": [],
          "identity_schema_version": 0,
          "private": "bnVsbA==",
          "dependencies": [
            "aws_api_gateway_resource.Resources",
            "aws_api_gateway_rest_api.TweeterAPI"
          ]
        },
        {
          "index_key": "unfollow",
          "schema_version": 0,
          "attributes": {
            "api_key_required": false,
            "authorization": "NONE",
            "authorization_scopes": [],
            "authorizer_id": "",
            "http_method": "OPTIONS",
            "id": "agm-ru4kg018b6-evzd2g-OPTIONS",
            "operation_name": "",
            "request_models": {},
            "request_parameters": {},
            "request_validator_id": "",
            "resource_id": "evzd2g",
            "rest_api_id": "ru4kg018b6"
          },
          "sensitive_attributes": [],
          "identity_schema_version": 0,
          "private": "bnVsbA==",
          "dependencies": [
            "aws_api_gateway_resource.Resources",
            "aws_api_gateway_rest_api.TweeterAPI"
          ]
        }
      ]
    },
    {
      "mode": "managed",
      "type": "aws_api_gateway_method_response",
      "name": "options_method_response",
      "provider": "provider[\"registry.terraform.io/hashicorp/aws\"]",
      "instances": [
        {
          "index_key": "follow",
          "schema_version": 0,
          "attributes": {
            "http_method": "OPTIONS",
            "id": "agmr-ru4kg018b6-aevhy0-OPTIONS-200",
            "resource_id": "aevhy0",
            "response_models": null,
            "response_parameters": {
              "method.response.header.Access-Control-Allow-Headers": true,
              "method.response.header.Access-Control-Allow-Methods": true,
              "method.response.header.Access-Control-Allow-Origin": true
            },
            "rest_api_id": "ru4kg018b6",
            "status_code": "200"
          },
          "sensitive_attributes": [],
          "identity_schema_version": 0,
          "private": "bnVsbA==",
          "dependencies": [
            "aws_api_gateway_method.options",
            "aws_api_gateway_resource.Resources",
            "aws_api_gateway_rest_api.TweeterAPI"
          ]
        },
        {
          "index_key": "followeeCount",
          "schema_version": 0,
          "attributes": {
            "http_method": "OPTIONS",
            "id": "agmr-ru4kg018b6-yzq0z6-OPTIONS-200",
            "resource_id": "yzq0z6",
            "response_models": null,
            "response_parameters": {
              "method.response.header.Access-Control-Allow-Headers": true,
              "method.response.header.Access-Control-Allow-Methods": true,
              "method.response.header.Access-Control-Allow-Origin": true
            },
            "rest_api_id": "ru4kg018b6",
            "status_code": "200"
          },
          "sensitive_attributes": [],
          "identity_schema_version": 0,
          "private": "bnVsbA==",
          "dependencies": [
            "aws_api_gateway_method.options",
            "aws_api_gateway_resource.Resources",
            "aws_api_gateway_rest_api.TweeterAPI"
          ]
        },
        {
          "index_key": "followerCount",
          "schema_version": 0,
          "attributes": {
            "http_method": "OPTIONS",
            "id": "agmr-ru4kg018b6-gwbqg7-OPTIONS-200",
            "resource_id": "gwbqg7",
            "response_models": null,
            "response_parameters": {
              "method.response.header.Access-Control-Allow-Headers": true,
              "method.response.header.Access-Control-Allow-Methods": true,
              "method.response.header.Access-Control-Allow-Origin": true
            },
            "rest_api_id": "ru4kg018b6",
            "status_code": "200"
          },
          "sensitive_attributes": [],
          "identity_schema_version": 0,
          "private": "bnVsbA==",
          "dependencies": [
            "aws_api_gateway_method.options",
            "aws_api_gateway_resource.Resources",
            "aws_api_gateway_rest_api.TweeterAPI"
          ]
        },
        {
          "index_key": "getFeedItems",
          "schema_version": 0,
          "attributes": {
            "http_method": "OPTIONS",
            "id": "agmr-ru4kg018b6-qoce3l-OPTIONS-200",
            "resource_id": "qoce3l",
            "response_models": null,
            "response_parameters": {
              "method.response.header.Access-Control-Allow-Headers": true,
              "method.response.header.Access-Control-Allow-Methods": true,
              "method.response.header.Access-Control-Allow-Origin": true
            },
            "rest_api_id": "ru4kg018b6",
            "status_code": "200"
          },
          "sensitive_attributes": [],
          "identity_schema_version": 0,
          "private": "bnVsbA==",
          "dependencies": [
            "aws_api_gateway_method.options",
            "aws_api_gateway_resource.Resources",
            "aws_api_gateway_rest_api.TweeterAPI"
          ]
        },
        {
          "index_key": "getMoreFollowees",
          "schema_version": 0,
          "attributes": {
            "http_method": "OPTIONS",
            "id": "agmr-ru4kg018b6-dkmi4k-OPTIONS-200",
            "resource_id": "dkmi4k",
            "response_models": null,
            "response_parameters": {
              "method.response.header.Access-Control-Allow-Headers": true,
              "method.response.header.Access-Control-Allow-Methods": true,
              "method.response.header.Access-Control-Allow-Origin": true
            },
            "rest_api_id": "ru4kg018b6",
            "status_code": "200"
          },
          "sensitive_attributes": [],
          "identity_schema_version": 0,
          "private": "bnVsbA==",
          "dependencies": [
            "aws_api_gateway_method.options",
            "aws_api_gateway_resource.Resources",
            "aws_api_gateway_rest_api.TweeterAPI"
          ]
        },
        {
          "index_key": "getMoreFollowers",
          "schema_version": 0,
          "attributes": {
            "http_method": "OPTIONS",
            "id": "agmr-ru4kg018b6-1dvohu-OPTIONS-200",
            "resource_id": "1dvohu",
            "response_models": null,
            "response_parameters": {
              "method.response.header.Access-Control-Allow-Headers": true,
              "method.response.header.Access-Control-Allow-Methods": true,
              "method.response.header.Access-Control-Allow-Origin": true
            },
            "rest_api_id": "ru4kg018b6",
            "status_code": "200"
          },
          "sensitive_attributes": [],
          "identity_schema_version": 0,
          "private": "bnVsbA==",
          "dependencies": [
            "aws_api_gateway_method.options",
            "aws_api_gateway_resource.Resources",
            "aws_api_gateway_rest_api.TweeterAPI"
          ]
        },
        {
          "index_key": "getStoryItems",
          "schema_version": 0,
          "attributes": {
            "http_method": "OPTIONS",
            "id": "agmr-ru4kg018b6-cbcve7-OPTIONS-200",
            "resource_id": "cbcve7",
            "response_models": null,
            "response_parameters": {
              "method.response.header.Access-Control-Allow-Headers": true,
              "method.response.header.Access-Control-Allow-Methods": true,
              "method.response.header.Access-Control-Allow-Origin": true
            },
            "rest_api_id": "ru4kg018b6",
            "status_code": "200"
          },
          "sensitive_attributes": [],
          "identity_schema_version": 0,
          "private": "bnVsbA==",
          "dependencies": [
            "aws_api_gateway_method.options",
            "aws_api_gateway_resource.Resources",
            "aws_api_gateway_rest_api.TweeterAPI"
          ]
        },
        {
          "index_key": "getUser",
          "schema_version": 0,
          "attributes": {
            "http_method": "OPTIONS",
            "id": "agmr-ru4kg018b6-ava72b-OPTIONS-200",
            "resource_id": "ava72b",
            "response_models": null,
            "response_parameters": {
              "method.response.header.Access-Control-Allow-Headers": true,
              "method.response.header.Access-Control-Allow-Methods": true,
              "method.response.header.Access-Control-Allow-Origin": true
            },
            "rest_api_id": "ru4kg018b6",
            "status_code": "200"
          },
          "sensitive_attributes": [],
          "identity_schema_version": 0,
          "private": "bnVsbA==",
          "dependencies": [
            "aws_api_gateway_method.options",
            "aws_api_gateway_resource.Resources",
            "aws_api_gateway_rest_api.TweeterAPI"
          ]
        },
        {
          "index_key": "isFollower",
          "schema_version": 0,
          "attributes": {
            "http_method": "OPTIONS",
            "id": "agmr-ru4kg018b6-g06fkq-OPTIONS-200",
            "resource_id": "g06fkq",
            "response_models": null,
            "response_parameters": {
              "method.response.header.Access-Control-Allow-Headers": true,
              "method.response.header.Access-Control-Allow-Methods": true,
              "method.response.header.Access-Control-Allow-Origin": true
            },
            "rest_api_id": "ru4kg018b6",
            "status_code": "200"
          },
          "sensitive_attributes": [],
          "identity_schema_version": 0,
          "private": "bnVsbA==",
          "dependencies": [
            "aws_api_gateway_method.options",
            "aws_api_gateway_resource.Resources",
            "aws_api_gateway_rest_api.TweeterAPI"
          ]
        },
        {
          "index_key": "login",
          "schema_version": 0,
          "attributes": {
            "http_method": "OPTIONS",
            "id": "agmr-ru4kg018b6-zl7i4w-OPTIONS-200",
            "resource_id": "zl7i4w",
            "response_models": null,
            "response_parameters": {
              "method.response.header.Access-Control-Allow-Headers": true,
              "method.response.header.Access-Control-Allow-Methods": true,
              "method.response.header.Access-Control-Allow-Origin": true
            },
            "rest_api_id": "ru4kg018b6",
            "status_code": "200"
          },
          "sensitive_attributes": [],
          "identity_schema_version": 0,
          "private": "bnVsbA==",
          "dependencies": [
            "aws_api_gateway_method.options",
            "aws_api_gateway_resource.Resources",
            "aws_api_gateway_rest_api.TweeterAPI"
          ]
        },
        {
          "index_key": "logout",
          "schema_version": 0,
          "attributes": {
            "http_method": "OPTIONS",
            "id": "agmr-ru4kg018b6-ptdymo-OPTIONS-200",
            "resource_id": "ptdymo",
            "response_models": null,
            "response_parameters": {
              "method.response.header.Access-Control-Allow-Headers": true,
              "method.response.header.Access-Control-Allow-Methods": true,
              "method.response.header.Access-Control-Allow-Origin": true
            },
            "rest_api_id": "ru4kg018b6",
            "status_code": "200"
          },
          "sensitive_attributes": [],
          "identity_schema_version": 0,
          "private": "bnVsbA==",
          "dependencies": [
            "aws_api_gateway_method.options",
            "aws_api_gateway_resource.Resources",
            "aws_api_gateway_rest_api.TweeterAPI"
          ]
        },
        {
          "index_key": "postStatus",
          "schema_version": 0,
          "attributes": {
            "http_method": "OPTIONS",
            "id": "agmr-ru4kg018b6-xtnt0r-OPTIONS-200",
            "resource_id": "xtnt0r",
            "response_models": null,
            "response_parameters": {
              "method.response.header.Access-Control-Allow-Headers": true,
              "method.response.header.Access-Control-Allow-Methods": true,
              "method.response.header.Access-Control-Allow-Origin": true
            },
            "rest_api_id": "ru4kg018b6",
            "status_code": "200"
          },
          "sensitive_attributes": [],
          "identity_schema_version": 0,
          "private": "bnVsbA==",
          "dependencies": [
            "aws_api_gateway_method.options",
            "aws_api_gateway_resource.Resources",
            "aws_api_gateway_rest_api.TweeterAPI"
          ]
        },
        {
          "index_key": "register",
          "schema_version": 0,
          "attributes": {
            "http_method": "OPTIONS",
            "id": "agmr-ru4kg018b6-idt7lb-OPTIONS-200",
            "resource_id": "idt7lb",
            "response_models": null,
            "response_parameters": {
              "method.response.header.Access-Control-Allow-Headers": true,
              "method.response.header.Access-Control-Allow-Methods": true,
              "method.response.header.Access-Control-Allow-Origin": true
            },
            "rest_api_id": "ru4kg018b6",
            "status_code": "200"
          },
          "sensitive_attributes": [],
          "identity_schema_version": 0,
          "private": "bnVsbA==",
          "dependencies": [
            "aws_api_gateway_method.options",
            "aws_api_gateway_resource.Resources",
            "aws_api_gateway_rest_api.TweeterAPI"
          ]
        },
        {
          "index_key": "unfollow",
          "schema_version": 0,
          "attributes": {
            "http_method": "OPTIONS",
            "id": "agmr-ru4kg018b6-evzd2g-OPTIONS-200",
            "resource_id": "evzd2g",
            "response_models": null,
            "response_parameters": {
              "method.response.header.Access-Control-Allow-Headers": true,
              "method.response.header.Access-Control-Allow-Methods": true,
              "method.response.header.Access-Control-Allow-Origin": true
            },
            "rest_api_id": "ru4kg018b6",
            "status_code": "200"
          },
          "sensitive_attributes": [],
          "identity_schema_version": 0,
          "private": "bnVsbA==",
          "dependencies": [
            "aws_api_gateway_method.options",
            "aws_api_gateway_resource.Resources",
            "aws_api_gateway_rest_api.TweeterAPI"
          ]
        }
      ]
    },
    {
      "mode": "managed",
      "type": "aws_api_gateway_resource",
      "name": "Resources",
      "provider": "provider[\"registry.terraform.io/hashicorp/aws\"]",
      "instances": [
        {
          "index_key": "follow",
          "schema_version": 0,
          "attributes": {
            "id": "aevhy0",
            "parent_id": "3as8pnrp77",
            "path": "/follow",
            "path_part": "follow",
            "rest_api_id": "ru4kg018b6"
          },
          "sensitive_attributes": [],
          "identity_schema_version": 0,
          "private": "bnVsbA==",
          "dependencies": [
            "aws_api_gateway_rest_api.TweeterAPI"
          ]
        },
        {
          "index_key": "followeeCount",
          "schema_version": 0,
          "attributes": {
            "id": "yzq0z6",
            "parent_id": "3as8pnrp77",
            "path": "/followeecount",
            "path_part": "followeecount",
            "rest_api_id": "ru4kg018b6"
          },
          "sensitive_attributes": [],
          "identity_schema_version": 0,
          "private": "bnVsbA==",
          "dependencies": [
            "aws_api_gateway_rest_api.TweeterAPI"
          ]
        },
        {
          "index_key": "followerCount",
          "schema_version": 0,
          "attributes": {
            "id": "gwbqg7",
            "parent_id": "3as8pnrp77",
            "path": "/followercount",
            "path_part": "followercount",
            "rest_api_id": "ru4kg018b6"
          },
          "sensitive_attributes": [],
          "identity_schema_version": 0,
          "private": "bnVsbA==",
          "dependencies": [
            "aws_api_gateway_rest_api.TweeterAPI"
          ]
        },
        {
          "index_key": "getFeedItems",
          "schema_version": 0,
          "attributes": {
            "id": "qoce3l",
            "parent_id": "3as8pnrp77",
            "path": "/getfeeditems",
            "path_part": "getfeeditems",
            "rest_api_id": "ru4kg018b6"
          },
          "sensitive_attributes": [],
          "identity_schema_version": 0,
          "private": "bnVsbA==",
          "dependencies": [
            "aws_api_gateway_rest_api.TweeterAPI"
          ]
        },
        {
          "index_key": "getMoreFollowees",
          "schema_version": 0,
          "attributes": {
            "id": "dkmi4k",
            "parent_id": "3as8pnrp77",
            "path": "/getfollowees",
            "path_part": "getfollowees",
            "rest_api_id": "ru4kg018b6"
          },
          "sensitive_attributes": [],
          "identity_schema_version": 0,
          "private": "bnVsbA==",
          "dependencies": [
            "aws_api_gateway_rest_api.TweeterAPI"
          ]
        },
        {
          "index_key": "getMoreFollowers",
          "schema_version": 0,
          "attributes": {
            "id": "1dvohu",
            "parent_id": "3as8pnrp77",
            "path": "/getfollowers",
            "path_part": "getfollowers",
            "rest_api_id": "ru4kg018b6"
          },
          "sensitive_attributes": [],
          "identity_schema_version": 0,
          "private": "bnVsbA==",
          "dependencies": [
            "aws_api_gateway_rest_api.TweeterAPI"
          ]
        },
        {
          "index_key": "getStoryItems",
          "schema_version": 0,
          "attributes": {
            "id": "cbcve7",
            "parent_id": "3as8pnrp77",
            "path": "/getstoryitems",
            "path_part": "getstoryitems",
            "rest_api_id": "ru4kg018b6"
          },
          "sensitive_attributes": [],
          "identity_schema_version": 0,
          "private": "bnVsbA==",
          "dependencies": [
            "aws_api_gateway_rest_api.TweeterAPI"
          ]
        },
        {
          "index_key": "getUser",
          "schema_version": 0,
          "attributes": {
            "id": "ava72b",
            "parent_id": "3as8pnrp77",
            "path": "/getuser",
            "path_part": "getuser",
            "rest_api_id": "ru4kg018b6"
          },
          "sensitive_attributes": [],
          "identity_schema_version": 0,
          "private": "bnVsbA==",
          "dependencies": [
            "aws_api_gateway_rest_api.TweeterAPI"
          ]
        },
        {
          "index_key": "isFollower",
          "schema_version": 0,
          "attributes": {
            "id": "g06fkq",
            "parent_id": "3as8pnrp77",
            "path": "/isfollower",
            "path_part": "isfollower",
            "rest_api_id": "ru4kg018b6"
          },
          "sensitive_attributes": [],
          "identity_schema_version": 0,
          "private": "bnVsbA==",
          "dependencies": [
            "aws_api_gateway_rest_api.TweeterAPI"
          ]
        },
        {
          "index_key": "login",
          "schema_version": 0,
          "attributes": {
            "id": "zl7i4w",
            "parent_id": "3as8pnrp77",
            "path": "/login",
            "path_part": "login",
            "rest_api_id": "ru4kg018b6"
          },
          "sensitive_attributes": [],
          "identity_schema_version": 0,
          "private": "bnVsbA==",
          "dependencies": [
            "aws_api_gateway_rest_api.TweeterAPI"
          ]
        },
        {
          "index_key": "logout",
          "schema_version": 0,
          "attributes": {
            "id": "ptdymo",
            "parent_id": "3as8pnrp77",
            "path": "/logout",
            "path_part": "logout",
            "rest_api_id": "ru4kg018b6"
          },
          "sensitive_attributes": [],
          "identity_schema_version": 0,
          "private": "bnVsbA==",
          "dependencies": [
            "aws_api_gateway_rest_api.TweeterAPI"
          ]
        },
        {
          "index_key": "postStatus",
          "schema_version": 0,
          "attributes": {
            "id": "xtnt0r",
            "parent_id": "3as8pnrp77",
            "path": "/poststatus",
            "path_part": "poststatus",
            "rest_api_id": "ru4kg018b6"
          },
          "sensitive_attributes": [],
          "identity_schema_version": 0,
          "private": "bnVsbA==",
          "dependencies": [
            "aws_api_gateway_rest_api.TweeterAPI"
          ]
        },
        {
          "index_key": "register",
          "schema_version": 0,
          "attributes": {
            "id": "idt7lb",
            "parent_id": "3as8pnrp77",
            "path": "/register",
            "path_part": "register",
            "rest_api_id": "ru4kg018b6"
          },
          "sensitive_attributes": [],
          "identity_schema_version": 0,
          "private": "bnVsbA==",
          "dependencies": [
            "aws_api_gateway_rest_api.TweeterAPI"
          ]
        },
        {
          "index_key": "unfollow",
          "schema_version": 0,
          "attributes": {
            "id": "evzd2g",
            "parent_id": "3as8pnrp77",
            "path": "/unfollow",
            "path_part": "unfollow",
            "rest_api_id": "ru4kg018b6"
          },
          "sensitive_attributes": [],
          "identity_schema_version": 0,
          "private": "bnVsbA==",
          "dependencies": [
            "aws_api_gateway_rest_api.TweeterAPI"
          ]
        }
      ]
    },
    {
      "mode": "managed",
      "type": "aws_api_gateway_rest_api",
      "name": "TweeterAPI",
      "provider": "provider[\"registry.terraform.io/hashicorp/aws\"]",
      "instances": [
        {
          "schema_version": 0,
          "attributes": {
            "api_key_source": "HEADER",
            "arn": "arn:aws:apigateway:us-west-2::/restapis/ru4kg018b6",
            "binary_media_types": [],
            "body": null,
            "created_date": "2026-04-16T20:46:11Z",
            "description": "",
            "disable_execute_api_endpoint": false,
            "endpoint_configuration": [
              {
                "types": [
                  "REGIONAL"
                ],
                "vpc_endpoint_ids": []
              }
            ],
            "execution_arn": "arn:aws:execute-api:us-west-2:615299777283:ru4kg018b6",
            "fail_on_warnings": null,
            "id": "ru4kg018b6",
            "minimum_compression_size": "",
            "name": "TweeterAPI",
            "parameters": null,
            "policy": "",
            "put_rest_api_mode": null,
            "root_resource_id": "3as8pnrp77",
            "tags": {},
            "tags_all": {}
          },
          "sensitive_attributes": [],
          "identity_schema_version": 0,
          "private": "bnVsbA==",
          "create_before_destroy": true
        }
      ]
    },
    {
      "mode": "managed",
      "type": "aws_api_gateway_stage",
      "name": "TweeterAPIStage",
      "provider": "provider[\"registry.terraform.io/hashicorp/aws\"]",
      "instances": [
        {
          "schema_version": 0,
          "attributes": {
            "access_log_settings": [],
            "arn": "arn:aws:apigateway:us-west-2::/restapis/ru4kg018b6/stages/dev",
            "cache_cluster_enabled": false,
            "cache_cluster_size": "",
            "canary_settings": [],
            "client_certificate_id": "",
            "deployment_id": "9evb1k",
            "description": "",
            "documentation_version": "",
            "execution_arn": "arn:aws:execute-api:us-west-2:615299777283:ru4kg018b6/dev",
            "id": "ags-ru4kg018b6-dev",
            "invoke_url": "https://ru4kg018b6.execute-api.us-west-2.amazonaws.com/dev",
            "rest_api_id": "ru4kg018b6",
            "stage_name": "dev",
            "tags": null,
            "tags_all": {},
            "variables": null,
            "web_acl_arn": "",
            "xray_tracing_enabled": false
          },
          "sensitive_attributes": [],
          "identity_schema_version": 0,
          "private": "bnVsbA==",
          "dependencies": [
            "archive_file.layer_package",
            "aws_api_gateway_deployment.TweeterAPIDeployment",
            "aws_api_gateway_integration.MethodIntegration",
            "aws_api_gateway_integration.options",
            "aws_api_gateway_integration_response.options_integration",
            "aws_api_gateway_method.Method",
            "aws_api_gateway_method.options",
            "aws_api_gateway_method_response.options_method_response",
            "aws_api_gateway_resource.Resources",
            "aws_api_gateway_rest_api.TweeterAPI",
            "aws_iam_role.backend_lambda_handler",
            "aws_lambda_function.Lambdas",
            "aws_lambda_layer_version.dependencies",
            "data.archive_file.lambda_package",
            "data.aws_iam_policy_document.role"
          ]
        }
      ]
    },
    {
      "mode": "managed",
      "type": "aws_dynamodb_table",
      "name": "feed",
      "provider": "provider[\"registry.terraform.io/hashicorp/aws\"]",
      "instances": [
        {
          "schema_version": 1,
          "attributes": {
            "arn": "arn:aws:dynamodb:us-west-2:615299777283:table/feed",
            "attribute": [
              {
                "name": "owner_alias",
                "type": "S"
              },
              {
                "name": "timestamp",
                "type": "N"
              }
            ],
            "billing_mode": "PROVISIONED",
            "deletion_protection_enabled": false,
            "global_secondary_index": [],
            "hash_key": "owner_alias",
            "id": "feed",
            "import_table": [],
            "local_secondary_index": [],
            "name": "feed",
            "point_in_time_recovery": [
              {
                "enabled": false
              }
            ],
            "range_key": "timestamp",
            "read_capacity": 100,
            "replica": [],
            "restore_date_time": null,
            "restore_source_name": null,
            "restore_to_latest_time": null,
            "server_side_encryption": [],
            "stream_arn": "",
            "stream_enabled": false,
            "stream_label": "",
            "stream_view_type": "",
            "table_class": "STANDARD",
            "tags": {},
            "tags_all": {},
            "timeouts": null,
            "ttl": [
              {
                "attribute_name": "",
                "enabled": false
              }
            ],
            "write_capacity": 100
          },
          "sensitive_attributes": [],
          "identity_schema_version": 0,
          "private": "eyJlMmJmYjczMC1lY2FhLTExZTYtOGY4OC0zNDM2M2JjN2M0YzAiOnsiY3JlYXRlIjoxODAwMDAwMDAwMDAwLCJkZWxldGUiOjYwMDAwMDAwMDAwMCwidXBkYXRlIjozNjAwMDAwMDAwMDAwfSwic2NoZW1hX3ZlcnNpb24iOiIxIn0="
        }
      ]
    },
    {
      "mode": "managed",
      "type": "aws_dynamodb_table",
      "name": "follows",
      "provider": "provider[\"registry.terraform.io/hashicorp/aws\"]",
      "instances": [
        {
          "schema_version": 1,
          "attributes": {
            "arn": "arn:aws:dynamodb:us-west-2:615299777283:table/follows",
            "attribute": [
              {
                "name": "followee_handle",
                "type": "S"
              },
              {
                "name": "follower_handle",
                "type": "S"
              }
            ],
            "billing_mode": "PROVISIONED",
            "deletion_protection_enabled": false,
            "global_secondary_index": [
              {
                "hash_key": "followee_handle",
                "name": "follows_index",
                "non_key_attributes": [],
                "projection_type": "ALL",
                "range_key": "",
                "read_capacity": 100,
                "write_capacity": 100
              }
            ],
            "hash_key": "follower_handle",
            "id": "follows",
            "import_table": [],
            "local_secondary_index": [],
            "name": "follows",
            "point_in_time_recovery": [
              {
                "enabled": false
              }
            ],
            "range_key": "followee_handle",
            "read_capacity": 100,
            "replica": [],
            "restore_date_time": null,
            "restore_source_name": null,
            "restore_to_latest_time": null,
            "server_side_encryption": [],
            "stream_arn": "",
            "stream_enabled": false,
            "stream_label": "",
            "stream_view_type": "",
            "table_class": "STANDARD",
            "tags": {},
            "tags_all": {},
            "timeouts": null,
            "ttl": [
              {
                "attribute_name": "",
                "enabled": false
              }
            ],
            "write_capacity": 100
          },
          "sensitive_attributes": [],
          "identity_schema_version": 0,
          "private": "eyJlMmJmYjczMC1lY2FhLTExZTYtOGY4OC0zNDM2M2JjN2M0YzAiOnsiY3JlYXRlIjoxODAwMDAwMDAwMDAwLCJkZWxldGUiOjYwMDAwMDAwMDAwMCwidXBkYXRlIjozNjAwMDAwMDAwMDAwfSwic2NoZW1hX3ZlcnNpb24iOiIxIn0="
        }
      ]
    },
    {
      "mode": "managed",
      "type": "aws_dynamodb_table",
      "name": "sessions",
      "provider": "provider[\"registry.terraform.io/hashicorp/aws\"]",
      "instances": [
        {
          "schema_version": 1,
          "attributes": {
            "arn": "arn:aws:dynamodb:us-west-2:615299777283:table/sessions",
            "attribute": [
              {
                "name": "token",
                "type": "S"
              },
              {
                "name": "user_alias",
                "type": "S"
              }
            ],
            "billing_mode": "PROVISIONED",
            "deletion_protection_enabled": false,
            "global_secondary_index": [
              {
                "hash_key": "user_alias",
                "name": "sessions_index",
                "non_key_attributes": [],
                "projection_type": "ALL",
                "range_key": "",
                "read_capacity": 100,
                "write_capacity": 100
              }
            ],
            "hash_key": "token",
            "id": "sessions",
            "import_table": [],
            "local_secondary_index": [],
            "name": "sessions",
            "point_in_time_recovery": [
              {
                "enabled": false
              }
            ],
            "range_key": null,
            "read_capacity": 100,
            "replica": [],
            "restore_date_time": null,
            "restore_source_name": null,
            "restore_to_latest_time": null,
            "server_side_encryption": [],
            "stream_arn": "",
            "stream_enabled": false,
            "stream_label": "",
            "stream_view_type": "",
            "table_class": "STANDARD",
            "tags": {},
            "tags_all": {},
            "timeouts": null,
            "ttl": [
              {
                "attribute_name": "",
                "enabled": false
              }
            ],
            "write_capacity": 100
          },
          "sensitive_attributes": [],
          "identity_schema_version": 0,
          "private": "eyJlMmJmYjczMC1lY2FhLTExZTYtOGY4OC0zNDM2M2JjN2M0YzAiOnsiY3JlYXRlIjoxODAwMDAwMDAwMDAwLCJkZWxldGUiOjYwMDAwMDAwMDAwMCwidXBkYXRlIjozNjAwMDAwMDAwMDAwfSwic2NoZW1hX3ZlcnNpb24iOiIxIn0="
        }
      ]
    },
    {
      "mode": "managed",
      "type": "aws_dynamodb_table",
      "name": "status",
      "provider": "provider[\"registry.terraform.io/hashicorp/aws\"]",
      "instances": [
        {
          "schema_version": 1,
          "attributes": {
            "arn": "arn:aws:dynamodb:us-west-2:615299777283:table/status",
            "attribute": [
              {
                "name": "timestamp",
                "type": "N"
              },
              {
                "name": "user_alias",
                "type": "S"
              }
            ],
            "billing_mode": "PROVISIONED",
            "deletion_protection_enabled": false,
            "global_secondary_index": [],
            "hash_key": "user_alias",
            "id": "status",
            "import_table": [],
            "local_secondary_index": [],
            "name": "status",
            "point_in_time_recovery": [
              {
                "enabled": false
              }
            ],
            "range_key": "timestamp",
            "read_capacity": 100,
            "replica": [],
            "restore_date_time": null,
            "restore_source_name": null,
            "restore_to_latest_time": null,
            "server_side_encryption": [],
            "stream_arn": "",
            "stream_enabled": false,
            "stream_label": "",
            "stream_view_type": "",
            "table_class": "STANDARD",
            "tags": {},
            "tags_all": {},
            "timeouts": null,
            "ttl": [
              {
                "attribute_name": "",
                "enabled": false
              }
            ],
            "write_capacity": 100
          },
          "sensitive_attributes": [],
          "identity_schema_version": 0,
          "private": "eyJlMmJmYjczMC1lY2FhLTExZTYtOGY4OC0zNDM2M2JjN2M0YzAiOnsiY3JlYXRlIjoxODAwMDAwMDAwMDAwLCJkZWxldGUiOjYwMDAwMDAwMDAwMCwidXBkYXRlIjozNjAwMDAwMDAwMDAwfSwic2NoZW1hX3ZlcnNpb24iOiIxIn0="
        }
      ]
    },
    {
      "mode": "managed",
      "type": "aws_dynamodb_table",
      "name": "user",
      "provider": "provider[\"registry.terraform.io/hashicorp/aws\"]",
      "instances": [
        {
          "schema_version": 1,
          "attributes": {
            "arn": "arn:aws:dynamodb:us-west-2:615299777283:table/user",
            "attribute": [
              {
                "name": "user_alias",
                "type": "S"
              }
            ],
            "billing_mode": "PROVISIONED",
            "deletion_protection_enabled": false,
            "global_secondary_index": [],
            "hash_key": "user_alias",
            "id": "user",
            "import_table": [],
            "local_secondary_index": [],
            "name": "user",
            "point_in_time_recovery": [
              {
                "enabled": false
              }
            ],
            "range_key": null,
            "read_capacity": 100,
            "replica": [],
            "restore_date_time": null,
            "restore_source_name": null,
            "restore_to_latest_time": null,
            "server_side_encryption": [],
            "stream_arn": "",
            "stream_enabled": false,
            "stream_label": "",
            "stream_view_type": "",
            "table_class": "STANDARD",
            "tags": {},
            "tags_all": {},
            "timeouts": null,
            "ttl": [
              {
                "attribute_name": "",
                "enabled": false
              }
            ],
            "write_capacity": 100
          },
          "sensitive_attributes": [],
          "identity_schema_version": 0,
          "private": "eyJlMmJmYjczMC1lY2FhLTExZTYtOGY4OC0zNDM2M2JjN2M0YzAiOnsiY3JlYXRlIjoxODAwMDAwMDAwMDAwLCJkZWxldGUiOjYwMDAwMDAwMDAwMCwidXBkYXRlIjozNjAwMDAwMDAwMDAwfSwic2NoZW1hX3ZlcnNpb24iOiIxIn0="
        }
      ]
    },
    {
      "mode": "managed",
      "type": "aws_iam_policy",
      "name": "backend_s3_access",
      "provider": "provider[\"registry.terraform.io/hashicorp/aws\"]",
      "instances": [
        {
          "schema_version": 0,
          "attributes": {
            "arn": "arn:aws:iam::615299777283:policy/backend_lambda_s3_access",
            "description": "Allows Lambda functions to access S3 user images bucket",
            "id": "arn:aws:iam::615299777283:policy/backend_lambda_s3_access",
            "name": "backend_lambda_s3_access",
            "name_prefix": "",
            "path": "/",
            "policy": "{\"Statement\":[{\"Action\":\"s3:*\",\"Effect\":\"Allow\",\"Resource\":[\"arn:aws:s3:::jt-340-user-images/*\",\"arn:aws:s3:::jt-340-user-images\"]}],\"Version\":\"2012-10-17\"}",
            "policy_id": "ANPAY6QVZQMBUXZE6Z566",
            "tags": {},
            "tags_all": {}
          },
          "sensitive_attributes": [],
          "identity_schema_version": 0,
          "private": "bnVsbA==",
          "dependencies": [
            "data.aws_iam_policy_document.backend_s3_access"
          ]
        }
      ]
    },
    {
      "mode": "managed",
      "type": "aws_iam_policy",
      "name": "dynamodb_access",
      "provider": "provider[\"registry.terraform.io/hashicorp/aws\"]",
      "instances": [
        {
          "schema_version": 0,
          "attributes": {
            "arn": "arn:aws:iam::615299777283:policy/lambda_dynamodb_access",
            "description": "Allows Lambda functions to access DynamoDB tables",
            "id": "arn:aws:iam::615299777283:policy/lambda_dynamodb_access",
            "name": "lambda_dynamodb_access",
            "name_prefix": "",
            "path": "/",
            "policy": "{\"Statement\":[{\"Action\":[\"dynamodb:UpdateItem\",\"dynamodb:Scan\",\"dynamodb:Query\",\"dynamodb:PutItem\",\"dynamodb:GetItem\",\"dynamodb:DeleteItem\",\"dynamodb:BatchWriteItem\"],\"Effect\":\"Allow\",\"Resource\":[\"arn:aws:dynamodb:us-west-2:615299777283:table/user\",\"arn:aws:dynamodb:us-west-2:615299777283:table/status\",\"arn:aws:dynamodb:us-west-2:615299777283:table/sessions/index/*\",\"arn:aws:dynamodb:us-west-2:615299777283:table/sessions\",\"arn:aws:dynamodb:us-west-2:615299777283:table/follows/index/*\",\"arn:aws:dynamodb:us-west-2:615299777283:table/follows\",\"arn:aws:dynamodb:us-west-2:615299777283:table/feed\"]}],\"Version\":\"2012-10-17\"}",
            "policy_id": "ANPAY6QVZQMBU3F3IXQNN",
            "tags": {},
            "tags_all": {}
          },
          "sensitive_attributes": [],
          "identity_schema_version": 0,
          "private": "bnVsbA==",
          "dependencies": [
            "aws_dynamodb_table.feed",
            "aws_dynamodb_table.follows",
            "aws_dynamodb_table.sessions",
            "aws_dynamodb_table.status",
            "aws_dynamodb_table.user",
            "data.aws_iam_policy_document.dynamodb_access"
          ]
        }
      ]
    },
    {
      "mode": "managed",
      "type": "aws_iam_policy",
      "name": "sqs_access",
      "provider": "provider[\"registry.terraform.io/hashicorp/aws\"]",
      "instances": [
        {
          "schema_version": 0,
          "attributes": {
            "arn": "arn:aws:iam::615299777283:policy/lambda_sqs_access",
            "description": "Allows Lambda functions to access SQS Queues",
            "id": "arn:aws:iam::615299777283:policy/lambda_sqs_access",
            "name": "lambda_sqs_access",
            "name_prefix": "",
            "path": "/",
            "policy": "{\"Statement\":[{\"Action\":\"sqs:*\",\"Effect\":\"Allow\",\"Resource\":[\"arn:aws:sqs:us-west-2:615299777283:Update-Feed-Queue\",\"arn:aws:sqs:us-west-2:615299777283:Post-Status-Queue\"]}],\"Version\":\"2012-10-17\"}",
            "policy_id": "ANPAY6QVZQMB4HIJJDKLC",
            "tags": {},
            "tags_all": {}
          },
          "sensitive_attributes": [],
          "identity_schema_version": 0,
          "private": "bnVsbA==",
          "dependencies": [
            "data.aws_iam_policy_document.sqs_access"
          ]
        }
      ]
    },
    {
      "mode": "managed",
      "type": "aws_iam_role",
      "name": "backend_lambda_handler",
      "provider": "provider[\"registry.terraform.io/hashicorp/aws\"]",
      "instances": [
        {
          "schema_version": 0,
          "attributes": {
            "arn": "arn:aws:iam::615299777283:role/terraform-20260416204610581700000001",
            "assume_role_policy": "{\"Statement\":[{\"Action\":\"sts:AssumeRole\",\"Effect\":\"Allow\",\"Principal\":{\"Service\":\"lambda.amazonaws.com\"}}],\"Version\":\"2012-10-17\"}",
            "create_date": "2026-04-16T20:46:11Z",
            "description": "",
            "force_detach_policies": false,
            "id": "terraform-20260416204610581700000001",
            "inline_policy": [],
            "managed_policy_arns": [
              "arn:aws:iam::615299777283:policy/backend_lambda_s3_access",
              "arn:aws:iam::615299777283:policy/lambda_dynamodb_access",
              "arn:aws:iam::615299777283:policy/lambda_sqs_access",
              "arn:aws:iam::aws:policy/service-role/AWSLambdaBasicExecutionRole"
            ],
            "max_session_duration": 3600,
            "name": "terraform-20260416204610581700000001",
            "name_prefix": "terraform-",
            "path": "/",
            "permissions_boundary": "",
            "tags": {},
            "tags_all": {},
            "unique_id": "AROAY6QVZQMBYIIIT5YJ3"
          },
          "sensitive_attributes": [],
          "identity_schema_version": 0,
          "private": "bnVsbA==",
          "dependencies": [
            "data.aws_iam_policy_document.role"
          ]
        }
      ]
    },
    {
      "mode": "managed",
      "type": "aws_iam_role_policy_attachment",
      "name": "backend_s3_attachment",
      "provider": "provider[\"registry.terraform.io/hashicorp/aws\"]",
      "instances": [
        {
          "schema_version": 0,
          "attributes": {
            "id": "terraform-20260416204610581700000001-20260416204611722600000004",
            "policy_arn": "arn:aws:iam::615299777283:policy/backend_lambda_s3_access",
            "role": "terraform-20260416204610581700000001"
          },
          "sensitive_attributes": [],
          "identity_schema_version": 0,
          "private": "bnVsbA==",
          "dependencies": [
            "aws_iam_policy.backend_s3_access",
            "aws_iam_role.backend_lambda_handler",
            "data.aws_iam_policy_document.backend_s3_access",
            "data.aws_iam_policy_document.role"
          ]
        }
      ]
    },
    {
      "mode": "managed",
      "type": "aws_iam_role_policy_attachment",
      "name": "cloudwatch_logs_attachment",
      "provider": "provider[\"registry.terraform.io/hashicorp/aws\"]",
      "instances": [
        {
          "schema_version": 0,
          "attributes": {
            "id": "terraform-20260416204610581700000001-20260416204611722500000002",
            "policy_arn": "arn:aws:iam::aws:policy/service-role/AWSLambdaBasicExecutionRole",
            "role": "terraform-20260416204610581700000001"
          },
          "sensitive_attributes": [],
          "identity_schema_version": 0,
          "private": "bnVsbA==",
          "dependencies": [
            "aws_iam_role.backend_lambda_handler",
            "data.aws_iam_policy.cloudwatch_logs",
            "data.aws_iam_policy_document.role"
          ]
        }
      ]
    },
    {
      "mode": "managed",
      "type": "aws_iam_role_policy_attachment",
      "name": "dynamodb_attachment",
      "provider": "provider[\"registry.terraform.io/hashicorp/aws\"]",
      "instances": [
        {
          "schema_version": 0,
          "attributes": {
            "id": "terraform-20260416204610581700000001-20260416204635960700000005",
            "policy_arn": "arn:aws:iam::615299777283:policy/lambda_dynamodb_access",
            "role": "terraform-20260416204610581700000001"
          },
          "sensitive_attributes": [],
          "identity_schema_version": 0,
          "private": "bnVsbA==",
          "dependencies": [
            "aws_dynamodb_table.feed",
            "aws_dynamodb_table.follows",
            "aws_dynamodb_table.sessions",
            "aws_dynamodb_table.status",
            "aws_dynamodb_table.user",
            "aws_iam_policy.dynamodb_access",
            "aws_iam_role.backend_lambda_handler",
            "data.aws_iam_policy_document.dynamodb_access",
            "data.aws_iam_policy_document.role"
          ]
        }
      ]
    },
    {
      "mode": "managed",
      "type": "aws_iam_role_policy_attachment",
      "name": "sqs_access_attachment",
      "provider": "provider[\"registry.terraform.io/hashicorp/aws\"]",
      "instances": [
        {
          "schema_version": 0,
          "attributes": {
            "id": "terraform-20260416204610581700000001-20260416204611722500000003",
            "policy_arn": "arn:aws:iam::615299777283:policy/lambda_sqs_access",
            "role": "terraform-20260416204610581700000001"
          },
          "sensitive_attributes": [],
          "identity_schema_version": 0,
          "private": "bnVsbA==",
          "dependencies": [
            "aws_iam_policy.sqs_access",
            "aws_iam_role.backend_lambda_handler",
            "data.aws_iam_policy_document.role",
            "data.aws_iam_policy_document.sqs_access"
          ]
        }
      ]
    },
    {
      "mode": "managed",
      "type": "aws_lambda_function",
      "name": "Lambdas",
      "provider": "provider[\"registry.terraform.io/hashicorp/aws\"]",
      "instances": [
        {
          "index_key": "follow",
          "schema_version": 0,
          "attributes": {
            "architectures": [
              "x86_64"
            ],
            "arn": "arn:aws:lambda:us-west-2:615299777283:function:follow",
            "code_signing_config_arn": "",
            "dead_letter_config": [],
            "description": "",
            "environment": [],
            "ephemeral_storage": [
              {
                "size": 512
              }
            ],
            "file_system_config": [],
            "filename": "./package/backend.zip",
            "function_name": "follow",
            "handler": "lambda/follow/FollowLambda.handler",
            "id": "follow",
            "image_config": [],
            "image_uri": "",
            "invoke_arn": "arn:aws:apigateway:us-west-2:lambda:path/2015-03-31/functions/arn:aws:lambda:us-west-2:615299777283:function:follow/invocations",
            "kms_key_arn": "",
            "last_modified": "2026-04-16T20:46:37.563+0000",
            "layers": [
              "arn:aws:lambda:us-west-2:615299777283:layer:tweeter_server_layer:51"
            ],
            "memory_size": 128,
            "package_type": "Zip",
            "publish": false,
            "qualified_arn": "arn:aws:lambda:us-west-2:615299777283:function:follow:$LATEST",
            "qualified_invoke_arn": "arn:aws:apigateway:us-west-2:lambda:path/2015-03-31/functions/arn:aws:lambda:us-west-2:615299777283:function:follow:$LATEST/invocations",
            "replace_security_groups_on_destroy": null,
            "replacement_security_group_ids": null,
            "reserved_concurrent_executions": -1,
            "role": "arn:aws:iam::615299777283:role/terraform-20260416204610581700000001",
            "runtime": "nodejs20.x",
            "s3_bucket": null,
            "s3_key": null,
            "s3_object_version": null,
            "signing_job_arn": "",
            "signing_profile_version_arn": "",
            "skip_destroy": false,
            "snap_start": [],
            "source_code_hash": "a8HGl4PK3ntWh+GvzPUpGVUQvjXJZDNa8cLeKR5SKRg=",
            "source_code_size": 28202,
            "tags": {},
            "tags_all": {},
            "timeout": 120,
            "timeouts": null,
            "tracing_config": [
              {
                "mode": "PassThrough"
              }
            ],
            "version": "$LATEST",
            "vpc_config": []
          },
          "sensitive_attributes": [],
          "identity_schema_version": 0,
          "private": "eyJlMmJmYjczMC1lY2FhLTExZTYtOGY4OC0zNDM2M2JjN2M0YzAiOnsiY3JlYXRlIjo2MDAwMDAwMDAwMDAsImRlbGV0ZSI6NjAwMDAwMDAwMDAwLCJ1cGRhdGUiOjYwMDAwMDAwMDAwMH19",
          "dependencies": [
            "archive_file.layer_package",
            "aws_iam_role.backend_lambda_handler",
            "aws_lambda_layer_version.dependencies",
            "data.archive_file.lambda_package",
            "data.aws_iam_policy_document.role"
          ]
        },
        {
          "index_key": "followeeCount",
          "schema_version": 0,
          "attributes": {
            "architectures": [
              "x86_64"
            ],
            "arn": "arn:aws:lambda:us-west-2:615299777283:function:followeeCount",
            "code_signing_config_arn": "",
            "dead_letter_config": [],
            "description": "",
            "environment": [],
            "ephemeral_storage": [
              {
                "size": 512
              }
            ],
            "file_system_config": [],
            "filename": "./package/backend.zip",
            "function_name": "followeeCount",
            "handler": "lambda/follow/FolloweeCountLambda.handler",
            "id": "followeeCount",
            "image_config": [],
            "image_uri": "",
            "invoke_arn": "arn:aws:apigateway:us-west-2:lambda:path/2015-03-31/functions/arn:aws:lambda:us-west-2:615299777283:function:followeeCount/invocations",
            "kms_key_arn": "",
            "last_modified": "2026-04-16T20:47:20.523+0000",
            "layers": [
              "arn:aws:lambda:us-west-2:615299777283:layer:tweeter_server_layer:51"
            ],
            "memory_size": 128,
            "package_type": "Zip",
            "publish": false,
            "qualified_arn": "arn:aws:lambda:us-west-2:615299777283:function:followeeCount:$LATEST",
            "qualified_invoke_arn": "arn:aws:apigateway:us-west-2:lambda:path/2015-03-31/functions/arn:aws:lambda:us-west-2:615299777283:function:followeeCount:$LATEST/invocations",
            "replace_security_groups_on_destroy": null,
            "replacement_security_group_ids": null,
            "reserved_concurrent_executions": -1,
            "role": "arn:aws:iam::615299777283:role/terraform-20260416204610581700000001",
            "runtime": "nodejs20.x",
            "s3_bucket": null,
            "s3_key": null,
            "s3_object_version": null,
            "signing_job_arn": "",
            "signing_profile_version_arn": "",
            "skip_destroy": false,
            "snap_start": [],
            "source_code_hash": "a8HGl4PK3ntWh+GvzPUpGVUQvjXJZDNa8cLeKR5SKRg=",
            "source_code_size": 28202,
            "tags": {},
            "tags_all": {},
            "timeout": 120,
            "timeouts": null,
            "tracing_config": [
              {
                "mode": "PassThrough"
              }
            ],
            "version": "$LATEST",
            "vpc_config": []
          },
          "sensitive_attributes": [],
          "identity_schema_version": 0,
          "private": "eyJlMmJmYjczMC1lY2FhLTExZTYtOGY4OC0zNDM2M2JjN2M0YzAiOnsiY3JlYXRlIjo2MDAwMDAwMDAwMDAsImRlbGV0ZSI6NjAwMDAwMDAwMDAwLCJ1cGRhdGUiOjYwMDAwMDAwMDAwMH19",
          "dependencies": [
            "archive_file.layer_package",
            "aws_iam_role.backend_lambda_handler",
            "aws_lambda_layer_version.dependencies",
            "data.archive_file.lambda_package",
            "data.aws_iam_policy_document.role"
          ]
        },
        {
          "index_key": "followerCount",
          "schema_version": 0,
          "attributes": {
            "architectures": [
              "x86_64"
            ],
            "arn": "arn:aws:lambda:us-west-2:615299777283:function:followerCount",
            "code_signing_config_arn": "",
            "dead_letter_config": [],
            "description": "",
            "environment": [],
            "ephemeral_storage": [
              {
                "size": 512
              }
            ],
            "file_system_config": [],
            "filename": "./package/backend.zip",
            "function_name": "followerCount",
            "handler": "lambda/follow/FollowerCountLambda.handler",
            "id": "followerCount",
            "image_config": [],
            "image_uri": "",
            "invoke_arn": "arn:aws:apigateway:us-west-2:lambda:path/2015-03-31/functions/arn:aws:lambda:us-west-2:615299777283:function:followerCount/invocations",
            "kms_key_arn": "",
            "last_modified": "2026-04-16T20:46:55.853+0000",
            "layers": [
              "arn:aws:lambda:us-west-2:615299777283:layer:tweeter_server_layer:51"
            ],
            "memory_size": 128,
            "package_type": "Zip",
            "publish": false,
            "qualified_arn": "arn:aws:lambda:us-west-2:615299777283:function:followerCount:$LATEST",
            "qualified_invoke_arn": "arn:aws:apigateway:us-west-2:lambda:path/2015-03-31/functions/arn:aws:lambda:us-west-2:615299777283:function:followerCount:$LATEST/invocations",
            "replace_security_groups_on_destroy": null,
            "replacement_security_group_ids": null,
            "reserved_concurrent_executions": -1,
            "role": "arn:aws:iam::615299777283:role/terraform-20260416204610581700000001",
            "runtime": "nodejs20.x",
            "s3_bucket": null,
            "s3_key": null,
            "s3_object_version": null,
            "signing_job_arn": "",
            "signing_profile_version_arn": "",
            "skip_destroy": false,
            "snap_start": [],
            "source_code_hash": "a8HGl4PK3ntWh+GvzPUpGVUQvjXJZDNa8cLeKR5SKRg=",
            "source_code_size": 28202,
            "tags": {},
            "tags_all": {},
            "timeout": 120,
            "timeouts": null,
            "tracing_config": [
              {
                "mode": "PassThrough"
              }
            ],
            "version": "$LATEST",
            "vpc_config": []
          },
          "sensitive_attributes": [],
          "identity_schema_version": 0,
          "private": "eyJlMmJmYjczMC1lY2FhLTExZTYtOGY4OC0zNDM2M2JjN2M0YzAiOnsiY3JlYXRlIjo2MDAwMDAwMDAwMDAsImRlbGV0ZSI6NjAwMDAwMDAwMDAwLCJ1cGRhdGUiOjYwMDAwMDAwMDAwMH19",
          "dependencies": [
            "archive_file.layer_package",
            "aws_iam_role.backend_lambda_handler",
            "aws_lambda_layer_version.dependencies",
            "data.archive_file.lambda_package",
            "data.aws_iam_policy_document.role"
          ]
        },
        {
          "index_key": "getFeedItems",
          "schema_version": 0,
          "attributes": {
            "architectures": [
              "x86_64"
            ],
            "arn": "arn:aws:lambda:us-west-2:615299777283:function:getFeedItems",
            "code_signing_config_arn": "",
            "dead_letter_config": [],
            "description": "",
            "environment": [],
            "ephemeral_storage": [
              {
                "size": 512
              }
            ],
            "file_system_config": [],
            "filename": "./package/backend.zip",
            "function_name": "getFeedItems",
            "handler": "lambda/status/GetFeedLambda.handler",
            "id": "getFeedItems",
            "image_config": [],
            "image_uri": "",
            "invoke_arn": "arn:aws:apigateway:us-west-2:lambda:path/2015-03-31/functions/arn:aws:lambda:us-west-2:615299777283:function:getFeedItems/invocations",
            "kms_key_arn": "",
            "last_modified": "2026-04-16T20:47:01.951+0000",
            "layers": [
              "arn:aws:lambda:us-west-2:615299777283:layer:tweeter_server_layer:51"
            ],
            "memory_size": 128,
            "package_type": "Zip",
            "publish": false,
            "qualified_arn": "arn:aws:lambda:us-west-2:615299777283:function:getFeedItems:$LATEST",
            "qualified_invoke_arn": "arn:aws:apigateway:us-west-2:lambda:path/2015-03-31/functions/arn:aws:lambda:us-west-2:615299777283:function:getFeedItems:$LATEST/invocations",
            "replace_security_groups_on_destroy": null,
            "replacement_security_group_ids": null,
            "reserved_concurrent_executions": -1,
            "role": "arn:aws:iam::615299777283:role/terraform-20260416204610581700000001",
            "runtime": "nodejs20.x",
            "s3_bucket": null,
            "s3_key": null,
            "s3_object_version": null,
            "signing_job_arn": "",
            "signing_profile_version_arn": "",
            "skip_destroy": false,
            "snap_start": [],
            "source_code_hash": "a8HGl4PK3ntWh+GvzPUpGVUQvjXJZDNa8cLeKR5SKRg=",
            "source_code_size": 28202,
            "tags": {},
            "tags_all": {},
            "timeout": 120,
            "timeouts": null,
            "tracing_config": [
              {
                "mode": "PassThrough"
              }
            ],
            "version": "$LATEST",
            "vpc_config": []
          },
          "sensitive_attributes": [],
          "identity_schema_version": 0,
          "private": "eyJlMmJmYjczMC1lY2FhLTExZTYtOGY4OC0zNDM2M2JjN2M0YzAiOnsiY3JlYXRlIjo2MDAwMDAwMDAwMDAsImRlbGV0ZSI6NjAwMDAwMDAwMDAwLCJ1cGRhdGUiOjYwMDAwMDAwMDAwMH19",
          "dependencies": [
            "archive_file.layer_package",
            "aws_iam_role.backend_lambda_handler",
            "aws_lambda_layer_version.dependencies",
            "data.archive_file.lambda_package",
            "data.aws_iam_policy_document.role"
          ]
        },
        {
          "index_key": "getMoreFollowees",
          "schema_version": 0,
          "attributes": {
            "architectures": [
              "x86_64"
            ],
            "arn": "arn:aws:lambda:us-west-2:615299777283:function:getMoreFollowees",
            "code_signing_config_arn": "",
            "dead_letter_config": [],
            "description": "",
            "environment": [],
            "ephemeral_storage": [
              {
                "size": 512
              }
            ],
            "file_system_config": [],
            "filename": "./package/backend.zip",
            "function_name": "getMoreFollowees",
            "handler": "lambda/follow/GetFolloweesLambda.handler",
            "id": "getMoreFollowees",
            "image_config": [],
            "image_uri": "",
            "invoke_arn": "arn:aws:apigateway:us-west-2:lambda:path/2015-03-31/functions/arn:aws:lambda:us-west-2:615299777283:function:getMoreFollowees/invocations",
            "kms_key_arn": "",
            "last_modified": "2026-04-16T20:47:39.330+0000",
            "layers": [
              "arn:aws:lambda:us-west-2:615299777283:layer:tweeter_server_layer:51"
            ],
            "memory_size": 128,
            "package_type": "Zip",
            "publish": false,
            "qualified_arn": "arn:aws:lambda:us-west-2:615299777283:function:getMoreFollowees:$LATEST",
            "qualified_invoke_arn": "arn:aws:apigateway:us-west-2:lambda:path/2015-03-31/functions/arn:aws:lambda:us-west-2:615299777283:function:getMoreFollowees:$LATEST/invocations",
            "replace_security_groups_on_destroy": null,
            "replacement_security_group_ids": null,
            "reserved_concurrent_executions": -1,
            "role": "arn:aws:iam::615299777283:role/terraform-20260416204610581700000001",
            "runtime": "nodejs20.x",
            "s3_bucket": null,
            "s3_key": null,
            "s3_object_version": null,
            "signing_job_arn": "",
            "signing_profile_version_arn": "",
            "skip_destroy": false,
            "snap_start": [],
            "source_code_hash": "a8HGl4PK3ntWh+GvzPUpGVUQvjXJZDNa8cLeKR5SKRg=",
            "source_code_size": 28202,
            "tags": {},
            "tags_all": {},
            "timeout": 120,
            "timeouts": null,
            "tracing_config": [
              {
                "mode": "PassThrough"
              }
            ],
            "version": "$LATEST",
            "vpc_config": []
          },
          "sensitive_attributes": [],
          "identity_schema_version": 0,
          "private": "eyJlMmJmYjczMC1lY2FhLTExZTYtOGY4OC0zNDM2M2JjN2M0YzAiOnsiY3JlYXRlIjo2MDAwMDAwMDAwMDAsImRlbGV0ZSI6NjAwMDAwMDAwMDAwLCJ1cGRhdGUiOjYwMDAwMDAwMDAwMH19",
          "dependencies": [
            "archive_file.layer_package",
            "aws_iam_role.backend_lambda_handler",
            "aws_lambda_layer_version.dependencies",
            "data.archive_file.lambda_package",
            "data.aws_iam_policy_document.role"
          ]
        },
        {
          "index_key": "getMoreFollowers",
          "schema_version": 0,
          "attributes": {
            "architectures": [
              "x86_64"
            ],
            "arn": "arn:aws:lambda:us-west-2:615299777283:function:getMoreFollowers",
            "code_signing_config_arn": "",
            "dead_letter_config": [],
            "description": "",
            "environment": [],
            "ephemeral_storage": [
              {
                "size": 512
              }
            ],
            "file_system_config": [],
            "filename": "./package/backend.zip",
            "function_name": "getMoreFollowers",
            "handler": "lambda/follow/GetFollowersLambda.handler",
            "id": "getMoreFollowers",
            "image_config": [],
            "image_uri": "",
            "invoke_arn": "arn:aws:apigateway:us-west-2:lambda:path/2015-03-31/functions/arn:aws:lambda:us-west-2:615299777283:function:getMoreFollowers/invocations",
            "kms_key_arn": "",
            "last_modified": "2026-04-16T20:46:43.595+0000",
            "layers": [
              "arn:aws:lambda:us-west-2:615299777283:layer:tweeter_server_layer:51"
            ],
            "memory_size": 128,
            "package_type": "Zip",
            "publish": false,
            "qualified_arn": "arn:aws:lambda:us-west-2:615299777283:function:getMoreFollowers:$LATEST",
            "qualified_invoke_arn": "arn:aws:apigateway:us-west-2:lambda:path/2015-03-31/functions/arn:aws:lambda:us-west-2:615299777283:function:getMoreFollowers:$LATEST/invocations",
            "replace_security_groups_on_destroy": null,
            "replacement_security_group_ids": null,
            "reserved_concurrent_executions": -1,
            "role": "arn:aws:iam::615299777283:role/terraform-20260416204610581700000001",
            "runtime": "nodejs20.x",
            "s3_bucket": null,
            "s3_key": null,
            "s3_object_version": null,
            "signing_job_arn": "",
            "signing_profile_version_arn": "",
            "skip_destroy": false,
            "snap_start": [],
            "source_code_hash": "a8HGl4PK3ntWh+GvzPUpGVUQvjXJZDNa8cLeKR5SKRg=",
            "source_code_size": 28202,
            "tags": {},
            "tags_all": {},
            "timeout": 120,
            "timeouts": null,
            "tracing_config": [
              {
                "mode": "PassThrough"
              }
            ],
            "version": "$LATEST",
            "vpc_config": []
          },
          "sensitive_attributes": [],
          "identity_schema_version": 0,
          "private": "eyJlMmJmYjczMC1lY2FhLTExZTYtOGY4OC0zNDM2M2JjN2M0YzAiOnsiY3JlYXRlIjo2MDAwMDAwMDAwMDAsImRlbGV0ZSI6NjAwMDAwMDAwMDAwLCJ1cGRhdGUiOjYwMDAwMDAwMDAwMH19",
          "dependencies": [
            "archive_file.layer_package",
            "aws_iam_role.backend_lambda_handler",
            "aws_lambda_layer_version.dependencies",
            "data.archive_file.lambda_package",
            "data.aws_iam_policy_document.role"
          ]
        },
        {
          "index_key": "getStoryItems",
          "schema_version": 0,
          "attributes": {
            "architectures": [
              "x86_64"
            ],
            "arn": "arn:aws:lambda:us-west-2:615299777283:function:getStoryItems",
            "code_signing_config_arn": "",
            "dead_letter_config": [],
            "description": "",
            "environment": [],
            "ephemeral_storage": [
              {
                "size": 512
              }
            ],
            "file_system_config": [],
            "filename": "./package/backend.zip",
            "function_name": "getStoryItems",
            "handler": "lambda/status/GetStoryLambda.handler",
            "id": "getStoryItems",
            "image_config": [],
            "image_uri": "",
            "invoke_arn": "arn:aws:apigateway:us-west-2:lambda:path/2015-03-31/functions/arn:aws:lambda:us-west-2:615299777283:function:getStoryItems/invocations",
            "kms_key_arn": "",
            "last_modified": "2026-04-16T20:47:58.608+0000",
            "layers": [
              "arn:aws:lambda:us-west-2:615299777283:layer:tweeter_server_layer:51"
            ],
            "memory_size": 128,
            "package_type": "Zip",
            "publish": false,
            "qualified_arn": "arn:aws:lambda:us-west-2:615299777283:function:getStoryItems:$LATEST",
            "qualified_invoke_arn": "arn:aws:apigateway:us-west-2:lambda:path/2015-03-31/functions/arn:aws:lambda:us-west-2:615299777283:function:getStoryItems:$LATEST/invocations",
            "replace_security_groups_on_destroy": null,
            "replacement_security_group_ids": null,
            "reserved_concurrent_executions": -1,
            "role": "arn:aws:iam::615299777283:role/terraform-20260416204610581700000001",
            "runtime": "nodejs20.x",
            "s3_bucket": null,
            "s3_key": null,
            "s3_object_version": null,
            "signing_job_arn": "",
            "signing_profile_version_arn": "",
            "skip_destroy": false,
            "snap_start": [],
            "source_code_hash": "a8HGl4PK3ntWh+GvzPUpGVUQvjXJZDNa8cLeKR5SKRg=",
            "source_code_size": 28202,
            "tags": {},
            "tags_all": {},
            "timeout": 120,
            "timeouts": null,
            "tracing_config": [
              {
                "mode": "PassThrough"
              }
            ],
            "version": "$LATEST",
            "vpc_config": []
          },
          "sensitive_attributes": [],
          "identity_schema_version": 0,
          "private": "eyJlMmJmYjczMC1lY2FhLTExZTYtOGY4OC0zNDM2M2JjN2M0YzAiOnsiY3JlYXRlIjo2MDAwMDAwMDAwMDAsImRlbGV0ZSI6NjAwMDAwMDAwMDAwLCJ1cGRhdGUiOjYwMDAwMDAwMDAwMH19",
          "dependencies": [
            "archive_file.layer_package",
            "aws_iam_role.backend_lambda_handler",
            "aws_lambda_layer_version.dependencies",
            "data.archive_file.lambda_package",
            "data.aws_iam_policy_document.role"
          ]
        },
        {
          "index_key": "getUser",
          "schema_version": 0,
          "attributes": {
            "architectures": [
              "x86_64"
            ],
            "arn": "arn:aws:lambda:us-west-2:615299777283:function:getUser",
            "code_signing_config_arn": "",
            "dead_letter_config": [],
            "description": "",
            "environment": [],
            "ephemeral_storage": [
              {
                "size": 512
              }
            ],
            "file_system_config": [],
            "filename": "./package/backend.zip",
            "function_name": "getUser",
            "handler": "lambda/user/GetUserLambda.handler",
            "id": "getUser",
            "image_config": [],
            "image_uri": "",
            "invoke_arn": "arn:aws:apigateway:us-west-2:lambda:path/2015-03-31/functions/arn:aws:lambda:us-west-2:615299777283:function:getUser/invocations",
            "kms_key_arn": "",
            "last_modified": "2026-04-16T20:47:52.130+0000",
            "layers": [
              "arn:aws:lambda:us-west-2:615299777283:layer:tweeter_server_layer:51"
            ],
            "memory_size": 128,
            "package_type": "Zip",
            "publish": false,
            "qualified_arn": "arn:aws:lambda:us-west-2:615299777283:function:getUser:$LATEST",
            "qualified_invoke_arn": "arn:aws:apigateway:us-west-2:lambda:path/2015-03-31/functions/arn:aws:lambda:us-west-2:615299777283:function:getUser:$LATEST/invocations",
            "replace_security_groups_on_destroy": null,
            "replacement_security_group_ids": null,
            "reserved_concurrent_executions": -1,
            "role": "arn:aws:iam::615299777283:role/terraform-20260416204610581700000001",
            "runtime": "nodejs20.x",
            "s3_bucket": null,
            "s3_key": null,
            "s3_object_version": null,
            "signing_job_arn": "",
            "signing_profile_version_arn": "",
            "skip_destroy": false,
            "snap_start": [],
            "source_code_hash": "a8HGl4PK3ntWh+GvzPUpGVUQvjXJZDNa8cLeKR5SKRg=",
            "source_code_size": 28202,
            "tags": {},
            "tags_all": {},
            "timeout": 120,
            "timeouts": null,
            "tracing_config": [
              {
                "mode": "PassThrough"
              }
            ],
            "version": "$LATEST",
            "vpc_config": []
          },
          "sensitive_attributes": [],
          "identity_schema_version": 0,
          "private": "eyJlMmJmYjczMC1lY2FhLTExZTYtOGY4OC0zNDM2M2JjN2M0YzAiOnsiY3JlYXRlIjo2MDAwMDAwMDAwMDAsImRlbGV0ZSI6NjAwMDAwMDAwMDAwLCJ1cGRhdGUiOjYwMDAwMDAwMDAwMH19",
          "dependencies": [
            "archive_file.layer_package",
            "aws_iam_role.backend_lambda_handler",
            "aws_lambda_layer_version.dependencies",
            "data.archive_file.lambda_package",
            "data.aws_iam_policy_document.role"
          ]
        },
        {
          "index_key": "isFollower",
          "schema_version": 0,
          "attributes": {
            "architectures": [
              "x86_64"
            ],
            "arn": "arn:aws:lambda:us-west-2:615299777283:function:isFollower",
            "code_signing_config_arn": "",
            "dead_letter_config": [],
            "description": "",
            "environment": [],
            "ephemeral_storage": [
              {
                "size": 512
              }
            ],
            "file_system_config": [],
            "filename": "./package/backend.zip",
            "function_name": "isFollower",
            "handler": "lambda/follow/IsFollowerLambda.handler",
            "id": "isFollower",
            "image_config": [],
            "image_uri": "",
            "invoke_arn": "arn:aws:apigateway:us-west-2:lambda:path/2015-03-31/functions/arn:aws:lambda:us-west-2:615299777283:function:isFollower/invocations",
            "kms_key_arn": "",
            "last_modified": "2026-04-16T20:48:10.946+0000",
            "layers": [
              "arn:aws:lambda:us-west-2:615299777283:layer:tweeter_server_layer:51"
            ],
            "memory_size": 128,
            "package_type": "Zip",
            "publish": false,
            "qualified_arn": "arn:aws:lambda:us-west-2:615299777283:function:isFollower:$LATEST",
            "qualified_invoke_arn": "arn:aws:apigateway:us-west-2:lambda:path/2015-03-31/functions/arn:aws:lambda:us-west-2:615299777283:function:isFollower:$LATEST/invocations",
            "replace_security_groups_on_destroy": null,
            "replacement_security_group_ids": null,
            "reserved_concurrent_executions": -1,
            "role": "arn:aws:iam::615299777283:role/terraform-20260416204610581700000001",
            "runtime": "nodejs20.x",
            "s3_bucket": null,
            "s3_key": null,
            "s3_object_version": null,
            "signing_job_arn": "",
            "signing_profile_version_arn": "",
            "skip_destroy": false,
            "snap_start": [],
            "source_code_hash": "a8HGl4PK3ntWh+GvzPUpGVUQvjXJZDNa8cLeKR5SKRg=",
            "source_code_size": 28202,
            "tags": {},
            "tags_all": {},
            "timeout": 120,
            "timeouts": null,
            "tracing_config": [
              {
                "mode": "PassThrough"
              }
            ],
            "version": "$LATEST",
            "vpc_config": []
          },
          "sensitive_attributes": [],
          "identity_schema_version": 0,
          "private": "eyJlMmJmYjczMC1lY2FhLTExZTYtOGY4OC0zNDM2M2JjN2M0YzAiOnsiY3JlYXRlIjo2MDAwMDAwMDAwMDAsImRlbGV0ZSI6NjAwMDAwMDAwMDAwLCJ1cGRhdGUiOjYwMDAwMDAwMDAwMH19",
          "dependencies": [
            "archive_file.layer_package",
            "aws_iam_role.backend_lambda_handler",
            "aws_lambda_layer_version.dependencies",
            "data.archive_file.lambda_package",
            "data.aws_iam_policy_document.role"
          ]
        },
        {
          "index_key": "login",
          "schema_version": 0,
          "attributes": {
            "architectures": [
              "x86_64"
            ],
            "arn": "arn:aws:lambda:us-west-2:615299777283:function:login",
            "code_signing_config_arn": "",
            "dead_letter_config": [],
            "description": "",
            "environment": [],
            "ephemeral_storage": [
              {
                "size": 512
              }
            ],
            "file_system_config": [],
            "filename": "./package/backend.zip",
            "function_name": "login",
            "handler": "lambda/user/LoginLambda.handler",
            "id": "login",
            "image_config": [],
            "image_uri": "",
            "invoke_arn": "arn:aws:apigateway:us-west-2:lambda:path/2015-03-31/functions/arn:aws:lambda:us-west-2:615299777283:function:login/invocations",
            "kms_key_arn": "",
            "last_modified": "2026-04-16T20:48:04.762+0000",
            "layers": [
              "arn:aws:lambda:us-west-2:615299777283:layer:tweeter_server_layer:51"
            ],
            "memory_size": 128,
            "package_type": "Zip",
            "publish": false,
            "qualified_arn": "arn:aws:lambda:us-west-2:615299777283:function:login:$LATEST",
            "qualified_invoke_arn": "arn:aws:apigateway:us-west-2:lambda:path/2015-03-31/functions/arn:aws:lambda:us-west-2:615299777283:function:login:$LATEST/invocations",
            "replace_security_groups_on_destroy": null,
            "replacement_security_group_ids": null,
            "reserved_concurrent_executions": -1,
            "role": "arn:aws:iam::615299777283:role/terraform-20260416204610581700000001",
            "runtime": "nodejs20.x",
            "s3_bucket": null,
            "s3_key": null,
            "s3_object_version": null,
            "signing_job_arn": "",
            "signing_profile_version_arn": "",
            "skip_destroy": false,
            "snap_start": [],
            "source_code_hash": "a8HGl4PK3ntWh+GvzPUpGVUQvjXJZDNa8cLeKR5SKRg=",
            "source_code_size": 28202,
            "tags": {},
            "tags_all": {},
            "timeout": 120,
            "timeouts": null,
            "tracing_config": [
              {
                "mode": "PassThrough"
              }
            ],
            "version": "$LATEST",
            "vpc_config": []
          },
          "sensitive_attributes": [],
          "identity_schema_version": 0,
          "private": "eyJlMmJmYjczMC1lY2FhLTExZTYtOGY4OC0zNDM2M2JjN2M0YzAiOnsiY3JlYXRlIjo2MDAwMDAwMDAwMDAsImRlbGV0ZSI6NjAwMDAwMDAwMDAwLCJ1cGRhdGUiOjYwMDAwMDAwMDAwMH19",
          "dependencies": [
            "archive_file.layer_package",
            "aws_iam_role.backend_lambda_handler",
            "aws_lambda_layer_version.dependencies",
            "data.archive_file.lambda_package",
            "data.aws_iam_policy_document.role"
          ]
        },
        {
          "index_key": "logout",
          "schema_version": 0,
          "attributes": {
            "architectures": [
              "x86_64"
            ],
            "arn": "arn:aws:lambda:us-west-2:615299777283:function:logout",
            "code_signing_config_arn": "",
            "dead_letter_config": [],
            "description": "",
            "environment": [],
            "ephemeral_storage": [
              {
                "size": 512
              }
            ],
            "file_system_config": [],
            "filename": "./package/backend.zip",
            "function_name": "logout",
            "handler": "lambda/user/LogoutLambda.handler",
            "id": "logout",
            "image_config": [],
            "image_uri": "",
            "invoke_arn": "arn:aws:apigateway:us-west-2:lambda:path/2015-03-31/functions/arn:aws:lambda:us-west-2:615299777283:function:logout/invocations",
            "kms_key_arn": "",
            "last_modified": "2026-04-16T20:47:14.309+0000",
            "layers": [
              "arn:aws:lambda:us-west-2:615299777283:layer:tweeter_server_layer:51"
            ],
            "memory_size": 128,
            "package_type": "Zip",
            "publish": false,
            "qualified_arn": "arn:aws:lambda:us-west-2:615299777283:function:logout:$LATEST",
            "qualified_invoke_arn": "arn:aws:apigateway:us-west-2:lambda:path/2015-03-31/functions/arn:aws:lambda:us-west-2:615299777283:function:logout:$LATEST/invocations",
            "replace_security_groups_on_destroy": null,
            "replacement_security_group_ids": null,
            "reserved_concurrent_executions": -1,
            "role": "arn:aws:iam::615299777283:role/terraform-20260416204610581700000001",
            "runtime": "nodejs20.x",
            "s3_bucket": null,
            "s3_key": null,
            "s3_object_version": null,
            "signing_job_arn": "",
            "signing_profile_version_arn": "",
            "skip_destroy": false,
            "snap_start": [],
            "source_code_hash": "a8HGl4PK3ntWh+GvzPUpGVUQvjXJZDNa8cLeKR5SKRg=",
            "source_code_size": 28202,
            "tags": {},
            "tags_all": {},
            "timeout": 120,
            "timeouts": null,
            "tracing_config": [
              {
                "mode": "PassThrough"
              }
            ],
            "version": "$LATEST",
            "vpc_config": []
          },
          "sensitive_attributes": [],
          "identity_schema_version": 0,
          "private": "eyJlMmJmYjczMC1lY2FhLTExZTYtOGY4OC0zNDM2M2JjN2M0YzAiOnsiY3JlYXRlIjo2MDAwMDAwMDAwMDAsImRlbGV0ZSI6NjAwMDAwMDAwMDAwLCJ1cGRhdGUiOjYwMDAwMDAwMDAwMH19",
          "dependencies": [
            "archive_file.layer_package",
            "aws_iam_role.backend_lambda_handler",
            "aws_lambda_layer_version.dependencies",
            "data.archive_file.lambda_package",
            "data.aws_iam_policy_document.role"
          ]
        },
        {
          "index_key": "postStatus",
          "schema_version": 0,
          "attributes": {
            "architectures": [
              "x86_64"
            ],
            "arn": "arn:aws:lambda:us-west-2:615299777283:function:postStatus",
            "code_signing_config_arn": "",
            "dead_letter_config": [],
            "description": "",
            "environment": [],
            "ephemeral_storage": [
              {
                "size": 512
              }
            ],
            "file_system_config": [],
            "filename": "./package/backend.zip",
            "function_name": "postStatus",
            "handler": "lambda/status/PostStatusLambda.handler",
            "id": "postStatus",
            "image_config": [],
            "image_uri": "",
            "invoke_arn": "arn:aws:apigateway:us-west-2:lambda:path/2015-03-31/functions/arn:aws:lambda:us-west-2:615299777283:function:postStatus/invocations",
            "kms_key_arn": "",
            "last_modified": "2026-04-16T20:47:08.144+0000",
            "layers": [
              "arn:aws:lambda:us-west-2:615299777283:layer:tweeter_server_layer:51"
            ],
            "memory_size": 128,
            "package_type": "Zip",
            "publish": false,
            "qualified_arn": "arn:aws:lambda:us-west-2:615299777283:function:postStatus:$LATEST",
            "qualified_invoke_arn": "arn:aws:apigateway:us-west-2:lambda:path/2015-03-31/functions/arn:aws:lambda:us-west-2:615299777283:function:postStatus:$LATEST/invocations",
            "replace_security_groups_on_destroy": null,
            "replacement_security_group_ids": null,
            "reserved_concurrent_executions": -1,
            "role": "arn:aws:iam::615299777283:role/terraform-20260416204610581700000001",
            "runtime": "nodejs20.x",
            "s3_bucket": null,
            "s3_key": null,
            "s3_object_version": null,
            "signing_job_arn": "",
            "signing_profile_version_arn": "",
            "skip_destroy": false,
            "snap_start": [],
            "source_code_hash": "a8HGl4PK3ntWh+GvzPUpGVUQvjXJZDNa8cLeKR5SKRg=",
            "source_code_size": 28202,
            "tags": {},
            "tags_all": {},
            "timeout": 120,
            "timeouts": null,
            "tracing_config": [
              {
                "mode": "PassThrough"
              }
            ],
            "version": "$LATEST",
            "vpc_config": []
          },
          "sensitive_attributes": [],
          "identity_schema_version": 0,
          "private": "eyJlMmJmYjczMC1lY2FhLTExZTYtOGY4OC0zNDM2M2JjN2M0YzAiOnsiY3JlYXRlIjo2MDAwMDAwMDAwMDAsImRlbGV0ZSI6NjAwMDAwMDAwMDAwLCJ1cGRhdGUiOjYwMDAwMDAwMDAwMH19",
          "dependencies": [
            "archive_file.layer_package",
            "aws_iam_role.backend_lambda_handler",
            "aws_lambda_layer_version.dependencies",
            "data.archive_file.lambda_package",
            "data.aws_iam_policy_document.role"
          ]
        },
        {
          "index_key": "postUpdateFeedMessages",
          "schema_version": 0,
          "attributes": {
            "architectures": [
              "x86_64"
            ],
            "arn": "arn:aws:lambda:us-west-2:615299777283:function:postUpdateFeedMessages",
            "code_signing_config_arn": "",
            "dead_letter_config": [],
            "description": "",
            "environment": [],
            "ephemeral_storage": [
              {
                "size": 512
              }
            ],
            "file_system_config": [],
            "filename": "./package/backend.zip",
            "function_name": "postUpdateFeedMessages",
            "handler": "lambda/status/PostUpdateFeedMessages.handler",
            "id": "postUpdateFeedMessages",
            "image_config": [],
            "image_uri": "",
            "invoke_arn": "arn:aws:apigateway:us-west-2:lambda:path/2015-03-31/functions/arn:aws:lambda:us-west-2:615299777283:function:postUpdateFeedMessages/invocations",
            "kms_key_arn": "",
            "last_modified": "2026-04-16T20:47:26.704+0000",
            "layers": [
              "arn:aws:lambda:us-west-2:615299777283:layer:tweeter_server_layer:51"
            ],
            "memory_size": 128,
            "package_type": "Zip",
            "publish": false,
            "qualified_arn": "arn:aws:lambda:us-west-2:615299777283:function:postUpdateFeedMessages:$LATEST",
            "qualified_invoke_arn": "arn:aws:apigateway:us-west-2:lambda:path/2015-03-31/functions/arn:aws:lambda:us-west-2:615299777283:function:postUpdateFeedMessages:$LATEST/invocations",
            "replace_security_groups_on_destroy": null,
            "replacement_security_group_ids": null,
            "reserved_concurrent_executions": -1,
            "role": "arn:aws:iam::615299777283:role/terraform-20260416204610581700000001",
            "runtime": "nodejs20.x",
            "s3_bucket": null,
            "s3_key": null,
            "s3_object_version": null,
            "signing_job_arn": "",
            "signing_profile_version_arn": "",
            "skip_destroy": false,
            "snap_start": [],
            "source_code_hash": "a8HGl4PK3ntWh+GvzPUpGVUQvjXJZDNa8cLeKR5SKRg=",
            "source_code_size": 28202,
            "tags": {},
            "tags_all": {},
            "timeout": 120,
            "timeouts": null,
            "tracing_config": [
              {
                "mode": "PassThrough"
              }
            ],
            "version": "$LATEST",
            "vpc_config": []
          },
          "sensitive_attributes": [],
          "identity_schema_version": 0,
          "private": "eyJlMmJmYjczMC1lY2FhLTExZTYtOGY4OC0zNDM2M2JjN2M0YzAiOnsiY3JlYXRlIjo2MDAwMDAwMDAwMDAsImRlbGV0ZSI6NjAwMDAwMDAwMDAwLCJ1cGRhdGUiOjYwMDAwMDAwMDAwMH19",
          "dependencies": [
            "archive_file.layer_package",
            "aws_iam_role.backend_lambda_handler",
            "aws_lambda_layer_version.dependencies",
            "data.archive_file.lambda_package",
            "data.aws_iam_policy_document.role"
          ]
        },
        {
          "index_key": "register",
          "schema_version": 0,
          "attributes": {
            "architectures": [
              "x86_64"
            ],
            "arn": "arn:aws:lambda:us-west-2:615299777283:function:register",
            "code_signing_config_arn": "",
            "dead_letter_config": [],
            "description": "",
            "environment": [],
            "ephemeral_storage": [
              {
                "size": 512
              }
            ],
            "file_system_config": [],
            "filename": "./package/backend.zip",
            "function_name": "register",
            "handler": "lambda/user/RegisterLambda.handler",
            "id": "register",
            "image_config": [],
            "image_uri": "",
            "invoke_arn": "arn:aws:apigateway:us-west-2:lambda:path/2015-03-31/functions/arn:aws:lambda:us-west-2:615299777283:function:register/invocations",
            "kms_key_arn": "",
            "last_modified": "2026-04-16T20:47:45.725+0000",
            "layers": [
              "arn:aws:lambda:us-west-2:615299777283:layer:tweeter_server_layer:51"
            ],
            "memory_size": 128,
            "package_type": "Zip",
            "publish": false,
            "qualified_arn": "arn:aws:lambda:us-west-2:615299777283:function:register:$LATEST",
            "qualified_invoke_arn": "arn:aws:apigateway:us-west-2:lambda:path/2015-03-31/functions/arn:aws:lambda:us-west-2:615299777283:function:register:$LATEST/invocations",
            "replace_security_groups_on_destroy": null,
            "replacement_security_group_ids": null,
            "reserved_concurrent_executions": -1,
            "role": "arn:aws:iam::615299777283:role/terraform-20260416204610581700000001",
            "runtime": "nodejs20.x",
            "s3_bucket": null,
            "s3_key": null,
            "s3_object_version": null,
            "signing_job_arn": "",
            "signing_profile_version_arn": "",
            "skip_destroy": false,
            "snap_start": [],
            "source_code_hash": "a8HGl4PK3ntWh+GvzPUpGVUQvjXJZDNa8cLeKR5SKRg=",
            "source_code_size": 28202,
            "tags": {},
            "tags_all": {},
            "timeout": 120,
            "timeouts": null,
            "tracing_config": [
              {
                "mode": "PassThrough"
              }
            ],
            "version": "$LATEST",
            "vpc_config": []
          },
          "sensitive_attributes": [],
          "identity_schema_version": 0,
          "private": "eyJlMmJmYjczMC1lY2FhLTExZTYtOGY4OC0zNDM2M2JjN2M0YzAiOnsiY3JlYXRlIjo2MDAwMDAwMDAwMDAsImRlbGV0ZSI6NjAwMDAwMDAwMDAwLCJ1cGRhdGUiOjYwMDAwMDAwMDAwMH19",
          "dependencies": [
            "archive_file.layer_package",
            "aws_iam_role.backend_lambda_handler",
            "aws_lambda_layer_version.dependencies",
            "data.archive_file.lambda_package",
            "data.aws_iam_policy_document.role"
          ]
        },
        {
          "index_key": "unfollow",
          "schema_version": 0,
          "attributes": {
            "architectures": [
              "x86_64"
            ],
            "arn": "arn:aws:lambda:us-west-2:615299777283:function:unfollow",
            "code_signing_config_arn": "",
            "dead_letter_config": [],
            "description": "",
            "environment": [],
            "ephemeral_storage": [
              {
                "size": 512
              }
            ],
            "file_system_config": [],
            "filename": "./package/backend.zip",
            "function_name": "unfollow",
            "handler": "lambda/follow/FollowLambda.handler",
            "id": "unfollow",
            "image_config": [],
            "image_uri": "",
            "invoke_arn": "arn:aws:apigateway:us-west-2:lambda:path/2015-03-31/functions/arn:aws:lambda:us-west-2:615299777283:function:unfollow/invocations",
            "kms_key_arn": "",
            "last_modified": "2026-04-16T20:46:49.613+0000",
            "layers": [
              "arn:aws:lambda:us-west-2:615299777283:layer:tweeter_server_layer:51"
            ],
            "memory_size": 128,
            "package_type": "Zip",
            "publish": false,
            "qualified_arn": "arn:aws:lambda:us-west-2:615299777283:function:unfollow:$LATEST",
            "qualified_invoke_arn": "arn:aws:apigateway:us-west-2:lambda:path/2015-03-31/functions/arn:aws:lambda:us-west-2:615299777283:function:unfollow:$LATEST/invocations",
            "replace_security_groups_on_destroy": null,
            "replacement_security_group_ids": null,
            "reserved_concurrent_executions": -1,
            "role": "arn:aws:iam::615299777283:role/terraform-20260416204610581700000001",
            "runtime": "nodejs20.x",
            "s3_bucket": null,
            "s3_key": null,
            "s3_object_version": null,
            "signing_job_arn": "",
            "signing_profile_version_arn": "",
            "skip_destroy": false,
            "snap_start": [],
            "source_code_hash": "a8HGl4PK3ntWh+GvzPUpGVUQvjXJZDNa8cLeKR5SKRg=",
            "source_code_size": 28202,
            "tags": {},
            "tags_all": {},
            "timeout": 120,
            "timeouts": null,
            "tracing_config": [
              {
                "mode": "PassThrough"
              }
            ],
            "version": "$LATEST",
            "vpc_config": []
          },
          "sensitive_attributes": [],
          "identity_schema_version": 0,
          "private": "eyJlMmJmYjczMC1lY2FhLTExZTYtOGY4OC0zNDM2M2JjN2M0YzAiOnsiY3JlYXRlIjo2MDAwMDAwMDAwMDAsImRlbGV0ZSI6NjAwMDAwMDAwMDAwLCJ1cGRhdGUiOjYwMDAwMDAwMDAwMH19",
          "dependencies": [
            "archive_file.layer_package",
            "aws_iam_role.backend_lambda_handler",
            "aws_lambda_layer_version.dependencies",
            "data.archive_file.lambda_package",
            "data.aws_iam_policy_document.role"
          ]
        },
        {
          "index_key": "updateFeed",
          "schema_version": 0,
          "attributes": {
            "architectures": [
              "x86_64"
            ],
            "arn": "arn:aws:lambda:us-west-2:615299777283:function:updateFeed",
            "code_signing_config_arn": "",
            "dead_letter_config": [],
            "description": "",
            "environment": [],
            "ephemeral_storage": [
              {
                "size": 512
              }
            ],
            "file_system_config": [],
            "filename": "./package/backend.zip",
            "function_name": "updateFeed",
            "handler": "lambda/status/UpdateFeed.handler",
            "id": "updateFeed",
            "image_config": [],
            "image_uri": "",
            "invoke_arn": "arn:aws:apigateway:us-west-2:lambda:path/2015-03-31/functions/arn:aws:lambda:us-west-2:615299777283:function:updateFeed/invocations",
            "kms_key_arn": "",
            "last_modified": "2026-04-16T20:47:33.045+0000",
            "layers": [
              "arn:aws:lambda:us-west-2:615299777283:layer:tweeter_server_layer:51"
            ],
            "memory_size": 128,
            "package_type": "Zip",
            "publish": false,
            "qualified_arn": "arn:aws:lambda:us-west-2:615299777283:function:updateFeed:$LATEST",
            "qualified_invoke_arn": "arn:aws:apigateway:us-west-2:lambda:path/2015-03-31/functions/arn:aws:lambda:us-west-2:615299777283:function:updateFeed:$LATEST/invocations",
            "replace_security_groups_on_destroy": null,
            "replacement_security_group_ids": null,
            "reserved_concurrent_executions": -1,
            "role": "arn:aws:iam::615299777283:role/terraform-20260416204610581700000001",
            "runtime": "nodejs20.x",
            "s3_bucket": null,
            "s3_key": null,
            "s3_object_version": null,
            "signing_job_arn": "",
            "signing_profile_version_arn": "",
            "skip_destroy": false,
            "snap_start": [],
            "source_code_hash": "a8HGl4PK3ntWh+GvzPUpGVUQvjXJZDNa8cLeKR5SKRg=",
            "source_code_size": 28202,
            "tags": {},
            "tags_all": {},
            "timeout": 120,
            "timeouts": null,
            "tracing_config": [
              {
                "mode": "PassThrough"
              }
            ],
            "version": "$LATEST",
            "vpc_config": []
          },
          "sensitive_attributes": [],
          "identity_schema_version": 0,
          "private": "eyJlMmJmYjczMC1lY2FhLTExZTYtOGY4OC0zNDM2M2JjN2M0YzAiOnsiY3JlYXRlIjo2MDAwMDAwMDAwMDAsImRlbGV0ZSI6NjAwMDAwMDAwMDAwLCJ1cGRhdGUiOjYwMDAwMDAwMDAwMH19",
          "dependencies": [
            "archive_file.layer_package",
            "aws_iam_role.backend_lambda_handler",
            "aws_lambda_layer_version.dependencies",
            "data.archive_file.lambda_package",
            "data.aws_iam_policy_document.role"
          ]
        }
      ]
    },
    {
      "mode": "managed",
      "type": "aws_lambda_layer_version",
      "name": "dependencies",
      "provider": "provider[\"registry.terraform.io/hashicorp/aws\"]",
      "instances": [
        {
          "schema_version": 0,
          "attributes": {
            "arn": "arn:aws:lambda:us-west-2:615299777283:layer:tweeter_server_layer:51",
            "compatible_architectures": [],
            "compatible_runtimes": [],
            "created_date": "2026-04-16T20:46:36.709+0000",
            "description": "",
            "filename": "./package/dependencies/layer.zip",
            "id": "arn:aws:lambda:us-west-2:615299777283:layer:tweeter_server_layer:51",
            "layer_arn": "arn:aws:lambda:us-west-2:615299777283:layer:tweeter_server_layer",
            "layer_name": "tweeter_server_layer",
            "license_info": "",
            "s3_bucket": null,
            "s3_key": null,
            "s3_object_version": null,
            "signing_job_arn": "",
            "signing_profile_version_arn": "",
            "skip_destroy": false,
            "source_code_hash": "SasWMerjiYzOoSS373G5pmXeQPdyEkI/r1tMd71hepQ=",
            "source_code_size": 15783530,
            "version": "51"
          },
          "sensitive_attributes": [],
          "identity_schema_version": 0,
          "private": "bnVsbA==",
          "dependencies": [
            "archive_file.layer_package"
          ]
        }
      ]
    },
    {
      "mode": "managed",
      "type": "aws_lambda_permission",
      "name": "runPermissions",
      "provider": "provider[\"registry.terraform.io/hashicorp/aws\"]",
      "instances": [
        {
          "index_key": "follow",
          "schema_version": 0,
          "attributes": {
            "action": "lambda:InvokeFunction",
            "event_source_token": null,
            "function_name": "follow",
            "function_url_auth_type": null,
            "id": "terraform-20260416204817665100000013",
            "principal": "apigateway.amazonaws.com",
            "principal_org_id": null,
            "qualifier": "",
            "source_account": null,
            "source_arn": "arn:aws:execute-api:us-west-2:615299777283:ru4kg018b6/*",
            "statement_id": "terraform-20260416204817665100000013",
            "statement_id_prefix": "terraform-"
          },
          "sensitive_attributes": [],
          "identity_schema_version": 0,
          "private": "bnVsbA==",
          "dependencies": [
            "archive_file.layer_package",
            "aws_api_gateway_rest_api.TweeterAPI",
            "aws_iam_role.backend_lambda_handler",
            "aws_lambda_function.Lambdas",
            "aws_lambda_layer_version.dependencies",
            "data.archive_file.lambda_package",
            "data.aws_iam_policy_document.role"
          ]
        },
        {
          "index_key": "followeeCount",
          "schema_version": 0,
          "attributes": {
            "action": "lambda:InvokeFunction",
            "event_source_token": null,
            "function_name": "followeeCount",
            "function_url_auth_type": null,
            "id": "terraform-20260416204817673000000014",
            "principal": "apigateway.amazonaws.com",
            "principal_org_id": null,
            "qualifier": "",
            "source_account": null,
            "source_arn": "arn:aws:execute-api:us-west-2:615299777283:ru4kg018b6/*",
            "statement_id": "terraform-20260416204817673000000014",
            "statement_id_prefix": "terraform-"
          },
          "sensitive_attributes": [],
          "identity_schema_version": 0,
          "private": "bnVsbA==",
          "dependencies": [
            "archive_file.layer_package",
            "aws_api_gateway_rest_api.TweeterAPI",
            "aws_iam_role.backend_lambda_handler",
            "aws_lambda_function.Lambdas",
            "aws_lambda_layer_version.dependencies",
            "data.archive_file.lambda_package",
            "data.aws_iam_policy_document.role"
          ]
        },
        {
          "index_key": "followerCount",
          "schema_version": 0,
          "attributes": {
            "action": "lambda:InvokeFunction",
            "event_source_token": null,
            "function_name": "followerCount",
            "function_url_auth_type": null,
            "id": "terraform-20260416204817648600000011",
            "principal": "apigateway.amazonaws.com",
            "principal_org_id": null,
            "qualifier": "",
            "source_account": null,
            "source_arn": "arn:aws:execute-api:us-west-2:615299777283:ru4kg018b6/*",
            "statement_id": "terraform-20260416204817648600000011",
            "statement_id_prefix": "terraform-"
          },
          "sensitive_attributes": [],
          "identity_schema_version": 0,
          "private": "bnVsbA==",
          "dependencies": [
            "archive_file.layer_package",
            "aws_api_gateway_rest_api.TweeterAPI",
            "aws_iam_role.backend_lambda_handler",
            "aws_lambda_function.Lambdas",
            "aws_lambda_layer_version.dependencies",
            "data.archive_file.lambda_package",
            "data.aws_iam_policy_document.role"
          ]
        },
        {
          "index_key": "getFeedItems",
          "schema_version": 0,
          "attributes": {
            "action": "lambda:InvokeFunction",
            "event_source_token": null,
            "function_name": "getFeedItems",
            "function_url_auth_type": null,
            "id": "terraform-20260416204816803100000006",
            "principal": "apigateway.amazonaws.com",
            "principal_org_id": null,
            "qualifier": "",
            "source_account": null,
            "source_arn": "arn:aws:execute-api:us-west-2:615299777283:ru4kg018b6/*",
            "statement_id": "terraform-20260416204816803100000006",
            "statement_id_prefix": "terraform-"
          },
          "sensitive_attributes": [],
          "identity_schema_version": 0,
          "private": "bnVsbA==",
          "dependencies": [
            "archive_file.layer_package",
            "aws_api_gateway_rest_api.TweeterAPI",
            "aws_iam_role.backend_lambda_handler",
            "aws_lambda_function.Lambdas",
            "aws_lambda_layer_version.dependencies",
            "data.archive_file.lambda_package",
            "data.aws_iam_policy_document.role"
          ]
        },
        {
          "index_key": "getMoreFollowees",
          "schema_version": 0,
          "attributes": {
            "action": "lambda:InvokeFunction",
            "event_source_token": null,
            "function_name": "getMoreFollowees",
            "function_url_auth_type": null,
            "id": "terraform-20260416204817605000000010",
            "principal": "apigateway.amazonaws.com",
            "principal_org_id": null,
            "qualifier": "",
            "source_account": null,
            "source_arn": "arn:aws:execute-api:us-west-2:615299777283:ru4kg018b6/*",
            "statement_id": "terraform-20260416204817605000000010",
            "statement_id_prefix": "terraform-"
          },
          "sensitive_attributes": [],
          "identity_schema_version": 0,
          "private": "bnVsbA==",
          "dependencies": [
            "archive_file.layer_package",
            "aws_api_gateway_rest_api.TweeterAPI",
            "aws_iam_role.backend_lambda_handler",
            "aws_lambda_function.Lambdas",
            "aws_lambda_layer_version.dependencies",
            "data.archive_file.lambda_package",
            "data.aws_iam_policy_document.role"
          ]
        },
        {
          "index_key": "getMoreFollowers",
          "schema_version": 0,
          "attributes": {
            "action": "lambda:InvokeFunction",
            "event_source_token": null,
            "function_name": "getMoreFollowers",
            "function_url_auth_type": null,
            "id": "terraform-2026041620481735950000000d",
            "principal": "apigateway.amazonaws.com",
            "principal_org_id": null,
            "qualifier": "",
            "source_account": null,
            "source_arn": "arn:aws:execute-api:us-west-2:615299777283:ru4kg018b6/*",
            "statement_id": "terraform-2026041620481735950000000d",
            "statement_id_prefix": "terraform-"
          },
          "sensitive_attributes": [],
          "identity_schema_version": 0,
          "private": "bnVsbA==",
          "dependencies": [
            "archive_file.layer_package",
            "aws_api_gateway_rest_api.TweeterAPI",
            "aws_iam_role.backend_lambda_handler",
            "aws_lambda_function.Lambdas",
            "aws_lambda_layer_version.dependencies",
            "data.archive_file.lambda_package",
            "data.aws_iam_policy_document.role"
          ]
        },
        {
          "index_key": "getStoryItems",
          "schema_version": 0,
          "attributes": {
            "action": "lambda:InvokeFunction",
            "event_source_token": null,
            "function_name": "getStoryItems",
            "function_url_auth_type": null,
            "id": "terraform-2026041620481758860000000f",
            "principal": "apigateway.amazonaws.com",
            "principal_org_id": null,
            "qualifier": "",
            "source_account": null,
            "source_arn": "arn:aws:execute-api:us-west-2:615299777283:ru4kg018b6/*",
            "statement_id": "terraform-2026041620481758860000000f",
            "statement_id_prefix": "terraform-"
          },
          "sensitive_attributes": [],
          "identity_schema_version": 0,
          "private": "bnVsbA==",
          "dependencies": [
            "archive_file.layer_package",
            "aws_api_gateway_rest_api.TweeterAPI",
            "aws_iam_role.backend_lambda_handler",
            "aws_lambda_function.Lambdas",
            "aws_lambda_layer_version.dependencies",
            "data.archive_file.lambda_package",
            "data.aws_iam_policy_document.role"
          ]
        },
        {
          "index_key": "getUser",
          "schema_version": 0,
          "attributes": {
            "action": "lambda:InvokeFunction",
            "event_source_token": null,
            "function_name": "getUser",
            "function_url_auth_type": null,
            "id": "terraform-2026041620481735780000000a",
            "principal": "apigateway.amazonaws.com",
            "principal_org_id": null,
            "qualifier": "",
            "source_account": null,
            "source_arn": "arn:aws:execute-api:us-west-2:615299777283:ru4kg018b6/*",
            "statement_id": "terraform-2026041620481735780000000a",
            "statement_id_prefix": "terraform-"
          },
          "sensitive_attributes": [],
          "identity_schema_version": 0,
          "private": "bnVsbA==",
          "dependencies": [
            "archive_file.layer_package",
            "aws_api_gateway_rest_api.TweeterAPI",
            "aws_iam_role.backend_lambda_handler",
            "aws_lambda_function.Lambdas",
            "aws_lambda_layer_version.dependencies",
            "data.archive_file.lambda_package",
            "data.aws_iam_policy_document.role"
          ]
        },
        {
          "index_key": "isFollower",
          "schema_version": 0,
          "attributes": {
            "action": "lambda:InvokeFunction",
            "event_source_token": null,
            "function_name": "isFollower",
            "function_url_auth_type": null,
            "id": "terraform-20260416204817657000000012",
            "principal": "apigateway.amazonaws.com",
            "principal_org_id": null,
            "qualifier": "",
            "source_account": null,
            "source_arn": "arn:aws:execute-api:us-west-2:615299777283:ru4kg018b6/*",
            "statement_id": "terraform-20260416204817657000000012",
            "statement_id_prefix": "terraform-"
          },
          "sensitive_attributes": [],
          "identity_schema_version": 0,
          "private": "bnVsbA==",
          "dependencies": [
            "archive_file.layer_package",
            "aws_api_gateway_rest_api.TweeterAPI",
            "aws_iam_role.backend_lambda_handler",
            "aws_lambda_function.Lambdas",
            "aws_lambda_layer_version.dependencies",
            "data.archive_file.lambda_package",
            "data.aws_iam_policy_document.role"
          ]
        },
        {
          "index_key": "login",
          "schema_version": 0,
          "attributes": {
            "action": "lambda:InvokeFunction",
            "event_source_token": null,
            "function_name": "login",
            "function_url_auth_type": null,
            "id": "terraform-20260416204817323500000007",
            "principal": "apigateway.amazonaws.com",
            "principal_org_id": null,
            "qualifier": "",
            "source_account": null,
            "source_arn": "arn:aws:execute-api:us-west-2:615299777283:ru4kg018b6/*",
            "statement_id": "terraform-20260416204817323500000007",
            "statement_id_prefix": "terraform-"
          },
          "sensitive_attributes": [],
          "identity_schema_version": 0,
          "private": "bnVsbA==",
          "dependencies": [
            "archive_file.layer_package",
            "aws_api_gateway_rest_api.TweeterAPI",
            "aws_iam_role.backend_lambda_handler",
            "aws_lambda_function.Lambdas",
            "aws_lambda_layer_version.dependencies",
            "data.archive_file.lambda_package",
            "data.aws_iam_policy_document.role"
          ]
        },
        {
          "index_key": "logout",
          "schema_version": 0,
          "attributes": {
            "action": "lambda:InvokeFunction",
            "event_source_token": null,
            "function_name": "logout",
            "function_url_auth_type": null,
            "id": "terraform-2026041620481744710000000e",
            "principal": "apigateway.amazonaws.com",
            "principal_org_id": null,
            "qualifier": "",
            "source_account": null,
            "source_arn": "arn:aws:execute-api:us-west-2:615299777283:ru4kg018b6/*",
            "statement_id": "terraform-2026041620481744710000000e",
            "statement_id_prefix": "terraform-"
          },
          "sensitive_attributes": [],
          "identity_schema_version": 0,
          "private": "bnVsbA==",
          "dependencies": [
            "archive_file.layer_package",
            "aws_api_gateway_rest_api.TweeterAPI",
            "aws_iam_role.backend_lambda_handler",
            "aws_lambda_function.Lambdas",
            "aws_lambda_layer_version.dependencies",
            "data.archive_file.lambda_package",
            "data.aws_iam_policy_document.role"
          ]
        },
        {
          "index_key": "postStatus",
          "schema_version": 0,
          "attributes": {
            "action": "lambda:InvokeFunction",
            "event_source_token": null,
            "function_name": "postStatus",
            "function_url_auth_type": null,
            "id": "terraform-2026041620481735940000000c",
            "principal": "apigateway.amazonaws.com",
            "principal_org_id": null,
            "qualifier": "",
            "source_account": null,
            "source_arn": "arn:aws:execute-api:us-west-2:615299777283:ru4kg018b6/*",
            "statement_id": "terraform-2026041620481735940000000c",
            "statement_id_prefix": "terraform-"
          },
          "sensitive_attributes": [],
          "identity_schema_version": 0,
          "private": "bnVsbA==",
          "dependencies": [
            "archive_file.layer_package",
            "aws_api_gateway_rest_api.TweeterAPI",
            "aws_iam_role.backend_lambda_handler",
            "aws_lambda_function.Lambdas",
            "aws_lambda_layer_version.dependencies",
            "data.archive_file.lambda_package",
            "data.aws_iam_policy_document.role"
          ]
        },
        {
          "index_key": "postUpdateFeedMessages",
          "schema_version": 0,
          "attributes": {
            "action": "lambda:InvokeFunction",
            "event_source_token": null,
            "function_name": "postUpdateFeedMessages",
            "function_url_auth_type": null,
            "id": "terraform-20260416204817334100000008",
            "principal": "apigateway.amazonaws.com",
            "principal_org_id": null,
            "qualifier": "",
            "source_account": null,
            "source_arn": "arn:aws:execute-api:us-west-2:615299777283:ru4kg018b6/*",
            "statement_id": "terraform-20260416204817334100000008",
            "statement_id_prefix": "terraform-"
          },
          "sensitive_attributes": [],
          "identity_schema_version": 0,
          "private": "bnVsbA==",
          "dependencies": [
            "archive_file.layer_package",
            "aws_api_gateway_rest_api.TweeterAPI",
            "aws_iam_role.backend_lambda_handler",
            "aws_lambda_function.Lambdas",
            "aws_lambda_layer_version.dependencies",
            "data.archive_file.lambda_package",
            "data.aws_iam_policy_document.role"
          ]
        },
        {
          "index_key": "register",
          "schema_version": 0,
          "attributes": {
            "action": "lambda:InvokeFunction",
            "event_source_token": null,
            "function_name": "register",
            "function_url_auth_type": null,
            "id": "terraform-20260416204817673000000015",
            "principal": "apigateway.amazonaws.com",
            "principal_org_id": null,
            "qualifier": "",
            "source_account": null,
            "source_arn": "arn:aws:execute-api:us-west-2:615299777283:ru4kg018b6/*",
            "statement_id": "terraform-20260416204817673000000015",
            "statement_id_prefix": "terraform-"
          },
          "sensitive_attributes": [],
          "identity_schema_version": 0,
          "private": "bnVsbA==",
          "dependencies": [
            "archive_file.layer_package",
            "aws_api_gateway_rest_api.TweeterAPI",
            "aws_iam_role.backend_lambda_handler",
            "aws_lambda_function.Lambdas",
            "aws_lambda_layer_version.dependencies",
            "data.archive_file.lambda_package",
            "data.aws_iam_policy_document.role"
          ]
        },
        {
          "index_key": "unfollow",
          "schema_version": 0,
          "attributes": {
            "action": "lambda:InvokeFunction",
            "event_source_token": null,
            "function_name": "unfollow",
            "function_url_auth_type": null,
            "id": "terraform-20260416204817349800000009",
            "principal": "apigateway.amazonaws.com",
            "principal_org_id": null,
            "qualifier": "",
            "source_account": null,
            "source_arn": "arn:aws:execute-api:us-west-2:615299777283:ru4kg018b6/*",
            "statement_id": "terraform-20260416204817349800000009",
            "statement_id_prefix": "terraform-"
          },
          "sensitive_attributes": [],
          "identity_schema_version": 0,
          "private": "bnVsbA==",
          "dependencies": [
            "archive_file.layer_package",
            "aws_api_gateway_rest_api.TweeterAPI",
            "aws_iam_role.backend_lambda_handler",
            "aws_lambda_function.Lambdas",
            "aws_lambda_layer_version.dependencies",
            "data.archive_file.lambda_package",
            "data.aws_iam_policy_document.role"
          ]
        },
        {
          "index_key": "updateFeed",
          "schema_version": 0,
          "attributes": {
            "action": "lambda:InvokeFunction",
            "event_source_token": null,
            "function_name": "updateFeed",
            "function_url_auth_type": null,
            "id": "terraform-2026041620481735920000000b",
            "principal": "apigateway.amazonaws.com",
            "principal_org_id": null,
            "qualifier": "",
            "source_account": null,
            "source_arn": "arn:aws:execute-api:us-west-2:615299777283:ru4kg018b6/*",
            "statement_id": "terraform-2026041620481735920000000b",
            "statement_id_prefix": "terraform-"
          },
          "sensitive_attributes": [],
          "identity_schema_version": 0,
          "private": "bnVsbA==",
          "dependencies": [
            "archive_file.layer_package",
            "aws_api_gateway_rest_api.TweeterAPI",
            "aws_iam_role.backend_lambda_handler",
            "aws_lambda_function.Lambdas",
            "aws_lambda_layer_version.dependencies",
            "data.archive_file.lambda_package",
            "data.aws_iam_policy_document.role"
          ]
        }
      ]
    }
  ],
  "check_results": null
}
