{
  "version": 4,
  "terraform_version": "1.14.6",
  "serial": 3242,
  "lineage": "363940d8-1a5d-0393-5cf7-b56698001cb8",
  "outputs": {},
  "resources": [
    {
      "mode": "data",
      "type": "archive_file",
      "name": "lambda_package",
      "provider": "provider[\"registry.terraform.io/hashicorp/archive\"]",
      "instances": [
        {
          "schema_version": 0,
          "attributes": {
            "exclude_symlink_directories": null,
            "excludes": null,
            "id": "efe0cd11f5739213b82bda38913593438e528576",
            "output_base64sha256": "utBf0gPhvyfemezpeDoiX1jnZGxhSlVDoXnPqpTu+ik=",
            "output_base64sha512": "I4tB1VjJX+UHjr6UyQxtfXM7shHVb+fyQPUrYuSS1zeDHr5pjIX8xjRPT1dKUqOmpDjvTG57wMk9g7ucM72Naw==",
            "output_file_mode": null,
            "output_md5": "f96ada051e34287fb03a6c1ed2e2d598",
            "output_path": "./package/backend.zip",
            "output_sha": "efe0cd11f5739213b82bda38913593438e528576",
            "output_sha256": "bad05fd203e1bf27de99ece9783a225f58e7646c614a5543a179cfaa94eefa29",
            "output_sha512": "238b41d558c95fe5078ebe94c90c6d7d733bb211d56fe7f240f52b62e492d737831ebe698c85fcc6344f4f574a52a3a6a438ef4c6e7bc0c93d83bb9c33bd8d6b",
            "output_size": 5533,
            "source": [],
            "source_content": null,
            "source_content_filename": null,
            "source_dir": "./dist/",
            "source_file": null,
            "type": "zip"
          },
          "sensitive_attributes": [],
          "identity_schema_version": 0
        }
      ]
    },
    {
      "mode": "data",
      "type": "aws_iam_policy_document",
      "name": "role",
      "provider": "provider[\"registry.terraform.io/hashicorp/aws\"]",
      "instances": [
        {
          "schema_version": 0,
          "attributes": {
            "id": "2690255455",
            "json": "{\n  \"Version\": \"2012-10-17\",\n  \"Statement\": [\n    {\n      \"Effect\": \"Allow\",\n      \"Action\": \"sts:AssumeRole\",\n      \"Principal\": {\n        \"Service\": \"lambda.amazonaws.com\"\n      }\n    }\n  ]\n}",
            "override_policy_documents": null,
            "policy_id": null,
            "source_policy_documents": null,
            "statement": [
              {
                "actions": [
                  "sts:AssumeRole"
                ],
                "condition": [],
                "effect": "Allow",
                "not_actions": [],
                "not_principals": [],
                "not_resources": [],
                "principals": [
                  {
                    "identifiers": [
                      "lambda.amazonaws.com"
                    ],
                    "type": "Service"
                  }
                ],
                "resources": [],
                "sid": ""
              }
            ],
            "version": "2012-10-17"
          },
          "sensitive_attributes": [],
          "identity_schema_version": 0
        }
      ]
    },
    {
      "mode": "data",
      "type": "external",
      "name": "loadMoreFolloweesDocPartId",
      "provider": "provider[\"registry.terraform.io/hashicorp/external\"]",
      "instances": [
        {
          "schema_version": 0,
          "attributes": {
            "id": "-",
            "program": [
              "bash",
              "./lookup_doc_part_id.sh"
            ],
            "query": {
              "method": "POST",
              "path": "/getfollowees",
              "rest_api_id": "1ke5veb2wf",
              "type": "METHOD"
            },
            "result": {
              "id": ""
            },
            "working_dir": null
          },
          "sensitive_attributes": [],
          "identity_schema_version": 0
        }
      ]
    },
    {
      "mode": "managed",
      "type": "archive_file",
      "name": "layer_package",
      "provider": "provider[\"registry.terraform.io/hashicorp/archive\"]",
      "instances": [
        {
          "schema_version": 0,
          "attributes": {
            "exclude_symlink_directories": null,
            "excludes": null,
            "id": "163378b3933983f02b996f3155abc82eb759488d",
            "output_base64sha256": "wUao959ZiNwdXC/XUsuWVWhCQjnM53Fzhs2Bc5DJSJ0=",
            "output_base64sha512": "LwXOo/hebB64bM+32lmTTyB9xUwtPva8lHylXI+edj7TPHSMVt2ieLB00WO1LBbOIa2RbhKUPHU66LjNJbJPzA==",
            "output_file_mode": null,
            "output_md5": "742ec8172e26d7c7359847881e486408",
            "output_path": "./package/dependencies/layer.zip",
            "output_sha": "163378b3933983f02b996f3155abc82eb759488d",
            "output_sha256": "c146a8f79f5988dc1d5c2fd752cb965568424239cce7717386cd817390c9489d",
            "output_sha512": "2f05cea3f85e6c1eb86ccfb7da59934f207dc54c2d3ef6bc947ca55c8f9e763ed33c748c56dda278b074d163b52c16ce21ad916e12943c753ae8b8cd25b24fcc",
            "output_size": 7200283,
            "source": [],
            "source_content": null,
            "source_content_filename": null,
            "source_dir": "./layer",
            "source_file": null,
            "type": "zip"
          },
          "sensitive_attributes": [],
          "identity_schema_version": 0
        }
      ]
    },
    {
      "mode": "managed",
      "type": "aws_api_gateway_deployment",
      "name": "TweeterAPIDeployment",
      "provider": "provider[\"registry.terraform.io/hashicorp/aws\"]",
      "instances": [
        {
          "schema_version": 0,
          "attributes": {
            "created_date": "2026-03-24T20:37:18Z",
            "description": "",
            "execution_arn": "arn:aws:execute-api:us-west-2:615299777283:1ke5veb2wf/",
            "id": "x4cbid",
            "invoke_url": "https://1ke5veb2wf.execute-api.us-west-2.amazonaws.com/",
            "rest_api_id": "1ke5veb2wf",
            "stage_description": null,
            "stage_name": null,
            "triggers": null,
            "variables": null
          },
          "sensitive_attributes": [],
          "identity_schema_version": 0,
          "private": "bnVsbA==",
          "dependencies": [
            "archive_file.layer_package",
            "aws_api_gateway_integration.MethodIntegration",
            "aws_api_gateway_integration.options",
            "aws_api_gateway_integration_response.error_response400",
            "aws_api_gateway_integration_response.error_response500",
            "aws_api_gateway_integration_response.options_integration",
            "aws_api_gateway_integration_response.response_200Integration",
            "aws_api_gateway_method.Method",
            "aws_api_gateway_method.options",
            "aws_api_gateway_method_response.options_200",
            "aws_api_gateway_method_response.response400",
            "aws_api_gateway_method_response.response500",
            "aws_api_gateway_method_response.response_200",
            "aws_api_gateway_resource.Resources",
            "aws_api_gateway_rest_api.TweeterAPI",
            "aws_iam_role.backend_lambda_handler",
            "aws_lambda_function.Lambdas",
            "aws_lambda_layer_version.dependencies",
            "data.archive_file.lambda_package",
            "data.aws_iam_policy_document.role"
          ]
        }
      ]
    },
    {
      "mode": "managed",
      "type": "aws_api_gateway_integration",
      "name": "MethodIntegration",
      "provider": "provider[\"registry.terraform.io/hashicorp/aws\"]",
      "instances": [
        {
          "index_key": "follow",
          "schema_version": 0,
          "attributes": {
            "cache_key_parameters": [],
            "cache_namespace": "5g5ily",
            "connection_id": "",
            "connection_type": "INTERNET",
            "content_handling": "CONVERT_TO_TEXT",
            "credentials": "",
            "http_method": "POST",
            "id": "agi-1ke5veb2wf-5g5ily-POST",
            "integration_http_method": "POST",
            "passthrough_behavior": "WHEN_NO_MATCH",
            "request_parameters": {},
            "request_templates": {},
            "resource_id": "5g5ily",
            "rest_api_id": "1ke5veb2wf",
            "timeout_milliseconds": 29000,
            "tls_config": [],
            "type": "AWS",
            "uri": "arn:aws:apigateway:us-west-2:lambda:path/2015-03-31/functions/arn:aws:lambda:us-west-2:615299777283:function:follow/invocations"
          },
          "sensitive_attributes": [],
          "identity_schema_version": 0,
          "private": "bnVsbA==",
          "dependencies": [
            "archive_file.layer_package",
            "aws_api_gateway_method.Method",
            "aws_api_gateway_resource.Resources",
            "aws_api_gateway_rest_api.TweeterAPI",
            "aws_iam_role.backend_lambda_handler",
            "aws_lambda_function.Lambdas",
            "aws_lambda_layer_version.dependencies",
            "data.archive_file.lambda_package",
            "data.aws_iam_policy_document.role"
          ]
        },
        {
          "index_key": "followeeCount",
          "schema_version": 0,
          "attributes": {
            "cache_key_parameters": [],
            "cache_namespace": "v5qwa0",
            "connection_id": "",
            "connection_type": "INTERNET",
            "content_handling": "CONVERT_TO_TEXT",
            "credentials": "",
            "http_method": "POST",
            "id": "agi-1ke5veb2wf-v5qwa0-POST",
            "integration_http_method": "POST",
            "passthrough_behavior": "WHEN_NO_MATCH",
            "request_parameters": {},
            "request_templates": {},
            "resource_id": "v5qwa0",
            "rest_api_id": "1ke5veb2wf",
            "timeout_milliseconds": 29000,
            "tls_config": [],
            "type": "AWS",
            "uri": "arn:aws:apigateway:us-west-2:lambda:path/2015-03-31/functions/arn:aws:lambda:us-west-2:615299777283:function:followeeCount/invocations"
          },
          "sensitive_attributes": [],
          "identity_schema_version": 0,
          "private": "bnVsbA==",
          "dependencies": [
            "archive_file.layer_package",
            "aws_api_gateway_method.Method",
            "aws_api_gateway_resource.Resources",
            "aws_api_gateway_rest_api.TweeterAPI",
            "aws_iam_role.backend_lambda_handler",
            "aws_lambda_function.Lambdas",
            "aws_lambda_layer_version.dependencies",
            "data.archive_file.lambda_package",
            "data.aws_iam_policy_document.role"
          ]
        },
        {
          "index_key": "followerCount",
          "schema_version": 0,
          "attributes": {
            "cache_key_parameters": [],
            "cache_namespace": "ix7pw1",
            "connection_id": "",
            "connection_type": "INTERNET",
            "content_handling": "CONVERT_TO_TEXT",
            "credentials": "",
            "http_method": "POST",
            "id": "agi-1ke5veb2wf-ix7pw1-POST",
            "integration_http_method": "POST",
            "passthrough_behavior": "WHEN_NO_MATCH",
            "request_parameters": {},
            "request_templates": {},
            "resource_id": "ix7pw1",
            "rest_api_id": "1ke5veb2wf",
            "timeout_milliseconds": 29000,
            "tls_config": [],
            "type": "AWS",
            "uri": "arn:aws:apigateway:us-west-2:lambda:path/2015-03-31/functions/arn:aws:lambda:us-west-2:615299777283:function:followerCount/invocations"
          },
          "sensitive_attributes": [],
          "identity_schema_version": 0,
          "private": "bnVsbA==",
          "dependencies": [
            "archive_file.layer_package",
            "aws_api_gateway_method.Method",
            "aws_api_gateway_resource.Resources",
            "aws_api_gateway_rest_api.TweeterAPI",
            "aws_iam_role.backend_lambda_handler",
            "aws_lambda_function.Lambdas",
            "aws_lambda_layer_version.dependencies",
            "data.archive_file.lambda_package",
            "data.aws_iam_policy_document.role"
          ]
        },
        {
          "index_key": "getFeedItems",
          "schema_version": 0,
          "attributes": {
            "cache_key_parameters": [],
            "cache_namespace": "a6s4fr",
            "connection_id": "",
            "connection_type": "INTERNET",
            "content_handling": "CONVERT_TO_TEXT",
            "credentials": "",
            "http_method": "POST",
            "id": "agi-1ke5veb2wf-a6s4fr-POST",
            "integration_http_method": "POST",
            "passthrough_behavior": "WHEN_NO_MATCH",
            "request_parameters": {},
            "request_templates": {},
            "resource_id": "a6s4fr",
            "rest_api_id": "1ke5veb2wf",
            "timeout_milliseconds": 29000,
            "tls_config": [],
            "type": "AWS",
            "uri": "arn:aws:apigateway:us-west-2:lambda:path/2015-03-31/functions/arn:aws:lambda:us-west-2:615299777283:function:getFeedItems/invocations"
          },
          "sensitive_attributes": [],
          "identity_schema_version": 0,
          "private": "bnVsbA==",
          "dependencies": [
            "archive_file.layer_package",
            "aws_api_gateway_method.Method",
            "aws_api_gateway_resource.Resources",
            "aws_api_gateway_rest_api.TweeterAPI",
            "aws_iam_role.backend_lambda_handler",
            "aws_lambda_function.Lambdas",
            "aws_lambda_layer_version.dependencies",
            "data.archive_file.lambda_package",
            "data.aws_iam_policy_document.role"
          ]
        },
        {
          "index_key": "getMoreFollowees",
          "schema_version": 0,
          "attributes": {
            "cache_key_parameters": [],
            "cache_namespace": "gpu4zu",
            "connection_id": "",
            "connection_type": "INTERNET",
            "content_handling": "CONVERT_TO_TEXT",
            "credentials": "",
            "http_method": "POST",
            "id": "agi-1ke5veb2wf-gpu4zu-POST",
            "integration_http_method": "POST",
            "passthrough_behavior": "WHEN_NO_MATCH",
            "request_parameters": {},
            "request_templates": {},
            "resource_id": "gpu4zu",
            "rest_api_id": "1ke5veb2wf",
            "timeout_milliseconds": 29000,
            "tls_config": [],
            "type": "AWS",
            "uri": "arn:aws:apigateway:us-west-2:lambda:path/2015-03-31/functions/arn:aws:lambda:us-west-2:615299777283:function:getMoreFollowees/invocations"
          },
          "sensitive_attributes": [],
          "identity_schema_version": 0,
          "private": "bnVsbA==",
          "dependencies": [
            "archive_file.layer_package",
            "aws_api_gateway_method.Method",
            "aws_api_gateway_resource.Resources",
            "aws_api_gateway_rest_api.TweeterAPI",
            "aws_iam_role.backend_lambda_handler",
            "aws_lambda_function.Lambdas",
            "aws_lambda_layer_version.dependencies",
            "data.archive_file.lambda_package",
            "data.aws_iam_policy_document.role"
          ]
        },
        {
          "index_key": "getMoreFollowers",
          "schema_version": 0,
          "attributes": {
            "cache_key_parameters": [],
            "cache_namespace": "9912l6",
            "connection_id": "",
            "connection_type": "INTERNET",
            "content_handling": "CONVERT_TO_TEXT",
            "credentials": "",
            "http_method": "POST",
            "id": "agi-1ke5veb2wf-9912l6-POST",
            "integration_http_method": "POST",
            "passthrough_behavior": "WHEN_NO_MATCH",
            "request_parameters": {},
            "request_templates": {},
            "resource_id": "9912l6",
            "rest_api_id": "1ke5veb2wf",
            "timeout_milliseconds": 29000,
            "tls_config": [],
            "type": "AWS",
            "uri": "arn:aws:apigateway:us-west-2:lambda:path/2015-03-31/functions/arn:aws:lambda:us-west-2:615299777283:function:getMoreFollowers/invocations"
          },
          "sensitive_attributes": [],
          "identity_schema_version": 0,
          "private": "bnVsbA==",
          "dependencies": [
            "archive_file.layer_package",
            "aws_api_gateway_method.Method",
            "aws_api_gateway_resource.Resources",
            "aws_api_gateway_rest_api.TweeterAPI",
            "aws_iam_role.backend_lambda_handler",
            "aws_lambda_function.Lambdas",
            "aws_lambda_layer_version.dependencies",
            "data.archive_file.lambda_package",
            "data.aws_iam_policy_document.role"
          ]
        },
        {
          "index_key": "getStoryItems",
          "schema_version": 0,
          "attributes": {
            "cache_key_parameters": [],
            "cache_namespace": "hl5wx3",
            "connection_id": "",
            "connection_type": "INTERNET",
            "content_handling": "CONVERT_TO_TEXT",
            "credentials": "",
            "http_method": "POST",
            "id": "agi-1ke5veb2wf-hl5wx3-POST",
            "integration_http_method": "POST",
            "passthrough_behavior": "WHEN_NO_MATCH",
            "request_parameters": {},
            "request_templates": {},
            "resource_id": "hl5wx3",
            "rest_api_id": "1ke5veb2wf",
            "timeout_milliseconds": 29000,
            "tls_config": [],
            "type": "AWS",
            "uri": "arn:aws:apigateway:us-west-2:lambda:path/2015-03-31/functions/arn:aws:lambda:us-west-2:615299777283:function:getStoryItems/invocations"
          },
          "sensitive_attributes": [],
          "identity_schema_version": 0,
          "private": "bnVsbA==",
          "dependencies": [
            "archive_file.layer_package",
            "aws_api_gateway_method.Method",
            "aws_api_gateway_resource.Resources",
            "aws_api_gateway_rest_api.TweeterAPI",
            "aws_iam_role.backend_lambda_handler",
            "aws_lambda_function.Lambdas",
            "aws_lambda_layer_version.dependencies",
            "data.archive_file.lambda_package",
            "data.aws_iam_policy_document.role"
          ]
        },
        {
          "index_key": "isFollower",
          "schema_version": 0,
          "attributes": {
            "cache_key_parameters": [],
            "cache_namespace": "w13bfw",
            "connection_id": "",
            "connection_type": "INTERNET",
            "content_handling": "CONVERT_TO_TEXT",
            "credentials": "",
            "http_method": "POST",
            "id": "agi-1ke5veb2wf-w13bfw-POST",
            "integration_http_method": "POST",
            "passthrough_behavior": "WHEN_NO_MATCH",
            "request_parameters": {},
            "request_templates": {},
            "resource_id": "w13bfw",
            "rest_api_id": "1ke5veb2wf",
            "timeout_milliseconds": 29000,
            "tls_config": [],
            "type": "AWS",
            "uri": "arn:aws:apigateway:us-west-2:lambda:path/2015-03-31/functions/arn:aws:lambda:us-west-2:615299777283:function:isFollower/invocations"
          },
          "sensitive_attributes": [],
          "identity_schema_version": 0,
          "private": "bnVsbA==",
          "dependencies": [
            "archive_file.layer_package",
            "aws_api_gateway_method.Method",
            "aws_api_gateway_resource.Resources",
            "aws_api_gateway_rest_api.TweeterAPI",
            "aws_iam_role.backend_lambda_handler",
            "aws_lambda_function.Lambdas",
            "aws_lambda_layer_version.dependencies",
            "data.archive_file.lambda_package",
            "data.aws_iam_policy_document.role"
          ]
        },
        {
          "index_key": "unfollow",
          "schema_version": 0,
          "attributes": {
            "cache_key_parameters": [],
            "cache_namespace": "cag3js",
            "connection_id": "",
            "connection_type": "INTERNET",
            "content_handling": "CONVERT_TO_TEXT",
            "credentials": "",
            "http_method": "POST",
            "id": "agi-1ke5veb2wf-cag3js-POST",
            "integration_http_method": "POST",
            "passthrough_behavior": "WHEN_NO_MATCH",
            "request_parameters": {},
            "request_templates": {},
            "resource_id": "cag3js",
            "rest_api_id": "1ke5veb2wf",
            "timeout_milliseconds": 29000,
            "tls_config": [],
            "type": "AWS",
            "uri": "arn:aws:apigateway:us-west-2:lambda:path/2015-03-31/functions/arn:aws:lambda:us-west-2:615299777283:function:unfollow/invocations"
          },
          "sensitive_attributes": [],
          "identity_schema_version": 0,
          "private": "bnVsbA==",
          "dependencies": [
            "archive_file.layer_package",
            "aws_api_gateway_method.Method",
            "aws_api_gateway_resource.Resources",
            "aws_api_gateway_rest_api.TweeterAPI",
            "aws_iam_role.backend_lambda_handler",
            "aws_lambda_function.Lambdas",
            "aws_lambda_layer_version.dependencies",
            "data.archive_file.lambda_package",
            "data.aws_iam_policy_document.role"
          ]
        }
      ]
    },
    {
      "mode": "managed",
      "type": "aws_api_gateway_integration",
      "name": "options",
      "provider": "provider[\"registry.terraform.io/hashicorp/aws\"]",
      "instances": [
        {
          "index_key": "follow",
          "schema_version": 0,
          "attributes": {
            "cache_key_parameters": [],
            "cache_namespace": "5g5ily",
            "connection_id": "",
            "connection_type": "INTERNET",
            "content_handling": "",
            "credentials": "",
            "http_method": "OPTIONS",
            "id": "agi-1ke5veb2wf-5g5ily-OPTIONS",
            "integration_http_method": "",
            "passthrough_behavior": "WHEN_NO_MATCH",
            "request_parameters": {},
            "request_templates": {
              "application/json": "{ \"statusCode\": 200 }"
            },
            "resource_id": "5g5ily",
            "rest_api_id": "1ke5veb2wf",
            "timeout_milliseconds": 29000,
            "tls_config": [],
            "type": "MOCK",
            "uri": ""
          },
          "sensitive_attributes": [],
          "identity_schema_version": 0,
          "private": "bnVsbA==",
          "dependencies": [
            "aws_api_gateway_method.options",
            "aws_api_gateway_resource.Resources",
            "aws_api_gateway_rest_api.TweeterAPI"
          ]
        },
        {
          "index_key": "followeeCount",
          "schema_version": 0,
          "attributes": {
            "cache_key_parameters": [],
            "cache_namespace": "v5qwa0",
            "connection_id": "",
            "connection_type": "INTERNET",
            "content_handling": "",
            "credentials": "",
            "http_method": "OPTIONS",
            "id": "agi-1ke5veb2wf-v5qwa0-OPTIONS",
            "integration_http_method": "",
            "passthrough_behavior": "WHEN_NO_MATCH",
            "request_parameters": {},
            "request_templates": {
              "application/json": "{ \"statusCode\": 200 }"
            },
            "resource_id": "v5qwa0",
            "rest_api_id": "1ke5veb2wf",
            "timeout_milliseconds": 29000,
            "tls_config": [],
            "type": "MOCK",
            "uri": ""
          },
          "sensitive_attributes": [],
          "identity_schema_version": 0,
          "private": "bnVsbA==",
          "dependencies": [
            "aws_api_gateway_method.options",
            "aws_api_gateway_resource.Resources",
            "aws_api_gateway_rest_api.TweeterAPI"
          ]
        },
        {
          "index_key": "followerCount",
          "schema_version": 0,
          "attributes": {
            "cache_key_parameters": [],
            "cache_namespace": "ix7pw1",
            "connection_id": "",
            "connection_type": "INTERNET",
            "content_handling": "",
            "credentials": "",
            "http_method": "OPTIONS",
            "id": "agi-1ke5veb2wf-ix7pw1-OPTIONS",
            "integration_http_method": "",
            "passthrough_behavior": "WHEN_NO_MATCH",
            "request_parameters": {},
            "request_templates": {
              "application/json": "{ \"statusCode\": 200 }"
            },
            "resource_id": "ix7pw1",
            "rest_api_id": "1ke5veb2wf",
            "timeout_milliseconds": 29000,
            "tls_config": [],
            "type": "MOCK",
            "uri": ""
          },
          "sensitive_attributes": [],
          "identity_schema_version": 0,
          "private": "bnVsbA==",
          "dependencies": [
            "aws_api_gateway_method.options",
            "aws_api_gateway_resource.Resources",
            "aws_api_gateway_rest_api.TweeterAPI"
          ]
        },
        {
          "index_key": "getFeedItems",
          "schema_version": 0,
          "attributes": {
            "cache_key_parameters": [],
            "cache_namespace": "a6s4fr",
            "connection_id": "",
            "connection_type": "INTERNET",
            "content_handling": "",
            "credentials": "",
            "http_method": "OPTIONS",
            "id": "agi-1ke5veb2wf-a6s4fr-OPTIONS",
            "integration_http_method": "",
            "passthrough_behavior": "WHEN_NO_MATCH",
            "request_parameters": {},
            "request_templates": {
              "application/json": "{ \"statusCode\": 200 }"
            },
            "resource_id": "a6s4fr",
            "rest_api_id": "1ke5veb2wf",
            "timeout_milliseconds": 29000,
            "tls_config": [],
            "type": "MOCK",
            "uri": ""
          },
          "sensitive_attributes": [],
          "identity_schema_version": 0,
          "private": "bnVsbA==",
          "dependencies": [
            "aws_api_gateway_method.options",
            "aws_api_gateway_resource.Resources",
            "aws_api_gateway_rest_api.TweeterAPI"
          ]
        },
        {
          "index_key": "getMoreFollowees",
          "schema_version": 0,
          "attributes": {
            "cache_key_parameters": [],
            "cache_namespace": "gpu4zu",
            "connection_id": "",
            "connection_type": "INTERNET",
            "content_handling": "",
            "credentials": "",
            "http_method": "OPTIONS",
            "id": "agi-1ke5veb2wf-gpu4zu-OPTIONS",
            "integration_http_method": "",
            "passthrough_behavior": "WHEN_NO_MATCH",
            "request_parameters": {},
            "request_templates": {
              "application/json": "{ \"statusCode\": 200 }"
            },
            "resource_id": "gpu4zu",
            "rest_api_id": "1ke5veb2wf",
            "timeout_milliseconds": 29000,
            "tls_config": [],
            "type": "MOCK",
            "uri": ""
          },
          "sensitive_attributes": [],
          "identity_schema_version": 0,
          "private": "bnVsbA==",
          "dependencies": [
            "aws_api_gateway_method.options",
            "aws_api_gateway_resource.Resources",
            "aws_api_gateway_rest_api.TweeterAPI"
          ]
        },
        {
          "index_key": "getMoreFollowers",
          "schema_version": 0,
          "attributes": {
            "cache_key_parameters": [],
            "cache_namespace": "9912l6",
            "connection_id": "",
            "connection_type": "INTERNET",
            "content_handling": "",
            "credentials": "",
            "http_method": "OPTIONS",
            "id": "agi-1ke5veb2wf-9912l6-OPTIONS",
            "integration_http_method": "",
            "passthrough_behavior": "WHEN_NO_MATCH",
            "request_parameters": {},
            "request_templates": {
              "application/json": "{ \"statusCode\": 200 }"
            },
            "resource_id": "9912l6",
            "rest_api_id": "1ke5veb2wf",
            "timeout_milliseconds": 29000,
            "tls_config": [],
            "type": "MOCK",
            "uri": ""
          },
          "sensitive_attributes": [],
          "identity_schema_version": 0,
          "private": "bnVsbA==",
          "dependencies": [
            "aws_api_gateway_method.options",
            "aws_api_gateway_resource.Resources",
            "aws_api_gateway_rest_api.TweeterAPI"
          ]
        },
        {
          "index_key": "getStoryItems",
          "schema_version": 0,
          "attributes": {
            "cache_key_parameters": [],
            "cache_namespace": "hl5wx3",
            "connection_id": "",
            "connection_type": "INTERNET",
            "content_handling": "",
            "credentials": "",
            "http_method": "OPTIONS",
            "id": "agi-1ke5veb2wf-hl5wx3-OPTIONS",
            "integration_http_method": "",
            "passthrough_behavior": "WHEN_NO_MATCH",
            "request_parameters": {},
            "request_templates": {
              "application/json": "{ \"statusCode\": 200 }"
            },
            "resource_id": "hl5wx3",
            "rest_api_id": "1ke5veb2wf",
            "timeout_milliseconds": 29000,
            "tls_config": [],
            "type": "MOCK",
            "uri": ""
          },
          "sensitive_attributes": [],
          "identity_schema_version": 0,
          "private": "bnVsbA==",
          "dependencies": [
            "aws_api_gateway_method.options",
            "aws_api_gateway_resource.Resources",
            "aws_api_gateway_rest_api.TweeterAPI"
          ]
        },
        {
          "index_key": "isFollower",
          "schema_version": 0,
          "attributes": {
            "cache_key_parameters": [],
            "cache_namespace": "w13bfw",
            "connection_id": "",
            "connection_type": "INTERNET",
            "content_handling": "",
            "credentials": "",
            "http_method": "OPTIONS",
            "id": "agi-1ke5veb2wf-w13bfw-OPTIONS",
            "integration_http_method": "",
            "passthrough_behavior": "WHEN_NO_MATCH",
            "request_parameters": {},
            "request_templates": {
              "application/json": "{ \"statusCode\": 200 }"
            },
            "resource_id": "w13bfw",
            "rest_api_id": "1ke5veb2wf",
            "timeout_milliseconds": 29000,
            "tls_config": [],
            "type": "MOCK",
            "uri": ""
          },
          "sensitive_attributes": [],
          "identity_schema_version": 0,
          "private": "bnVsbA==",
          "dependencies": [
            "aws_api_gateway_method.options",
            "aws_api_gateway_resource.Resources",
            "aws_api_gateway_rest_api.TweeterAPI"
          ]
        },
        {
          "index_key": "unfollow",
          "schema_version": 0,
          "attributes": {
            "cache_key_parameters": [],
            "cache_namespace": "cag3js",
            "connection_id": "",
            "connection_type": "INTERNET",
            "content_handling": "",
            "credentials": "",
            "http_method": "OPTIONS",
            "id": "agi-1ke5veb2wf-cag3js-OPTIONS",
            "integration_http_method": "",
            "passthrough_behavior": "WHEN_NO_MATCH",
            "request_parameters": {},
            "request_templates": {
              "application/json": "{ \"statusCode\": 200 }"
            },
            "resource_id": "cag3js",
            "rest_api_id": "1ke5veb2wf",
            "timeout_milliseconds": 29000,
            "tls_config": [],
            "type": "MOCK",
            "uri": ""
          },
          "sensitive_attributes": [],
          "identity_schema_version": 0,
          "private": "bnVsbA==",
          "dependencies": [
            "aws_api_gateway_method.options",
            "aws_api_gateway_resource.Resources",
            "aws_api_gateway_rest_api.TweeterAPI"
          ]
        }
      ]
    },
    {
      "mode": "managed",
      "type": "aws_api_gateway_integration_response",
      "name": "error_response400",
      "provider": "provider[\"registry.terraform.io/hashicorp/aws\"]",
      "instances": [
        {
          "index_key": "follow",
          "schema_version": 0,
          "attributes": {
            "content_handling": "",
            "http_method": "POST",
            "id": "agir-1ke5veb2wf-5g5ily-POST-400",
            "resource_id": "5g5ily",
            "response_parameters": {
              "method.response.header.Access-Control-Allow-Headers": "'Content-Type,X-Amz-Date,Authorization,X-Api-Key,X-Amz-Security-Token'",
              "method.response.header.Access-Control-Allow-Methods": "'DELETE,GET,HEAD,OPTIONS,PATCH,POST,PUT'",
              "method.response.header.Access-Control-Allow-Origin": "'*'"
            },
            "response_templates": {},
            "rest_api_id": "1ke5veb2wf",
            "selection_pattern": ".*\\[400\\].*",
            "status_code": "400"
          },
          "sensitive_attributes": [],
          "identity_schema_version": 0,
          "private": "bnVsbA==",
          "dependencies": [
            "archive_file.layer_package",
            "aws_api_gateway_integration.MethodIntegration",
            "aws_api_gateway_method.Method",
            "aws_api_gateway_method_response.response400",
            "aws_api_gateway_resource.Resources",
            "aws_api_gateway_rest_api.TweeterAPI",
            "aws_iam_role.backend_lambda_handler",
            "aws_lambda_function.Lambdas",
            "aws_lambda_layer_version.dependencies",
            "data.archive_file.lambda_package",
            "data.aws_iam_policy_document.role"
          ]
        },
        {
          "index_key": "followeeCount",
          "schema_version": 0,
          "attributes": {
            "content_handling": "",
            "http_method": "POST",
            "id": "agir-1ke5veb2wf-v5qwa0-POST-400",
            "resource_id": "v5qwa0",
            "response_parameters": {
              "method.response.header.Access-Control-Allow-Headers": "'Content-Type,X-Amz-Date,Authorization,X-Api-Key,X-Amz-Security-Token'",
              "method.response.header.Access-Control-Allow-Methods": "'DELETE,GET,HEAD,OPTIONS,PATCH,POST,PUT'",
              "method.response.header.Access-Control-Allow-Origin": "'*'"
            },
            "response_templates": {},
            "rest_api_id": "1ke5veb2wf",
            "selection_pattern": ".*\\[400\\].*",
            "status_code": "400"
          },
          "sensitive_attributes": [],
          "identity_schema_version": 0,
          "private": "bnVsbA==",
          "dependencies": [
            "archive_file.layer_package",
            "aws_api_gateway_integration.MethodIntegration",
            "aws_api_gateway_method.Method",
            "aws_api_gateway_method_response.response400",
            "aws_api_gateway_resource.Resources",
            "aws_api_gateway_rest_api.TweeterAPI",
            "aws_iam_role.backend_lambda_handler",
            "aws_lambda_function.Lambdas",
            "aws_lambda_layer_version.dependencies",
            "data.archive_file.lambda_package",
            "data.aws_iam_policy_document.role"
          ]
        },
        {
          "index_key": "followerCount",
          "schema_version": 0,
          "attributes": {
            "content_handling": "",
            "http_method": "POST",
            "id": "agir-1ke5veb2wf-ix7pw1-POST-400",
            "resource_id": "ix7pw1",
            "response_parameters": {
              "method.response.header.Access-Control-Allow-Headers": "'Content-Type,X-Amz-Date,Authorization,X-Api-Key,X-Amz-Security-Token'",
              "method.response.header.Access-Control-Allow-Methods": "'DELETE,GET,HEAD,OPTIONS,PATCH,POST,PUT'",
              "method.response.header.Access-Control-Allow-Origin": "'*'"
            },
            "response_templates": {},
            "rest_api_id": "1ke5veb2wf",
            "selection_pattern": ".*\\[400\\].*",
            "status_code": "400"
          },
          "sensitive_attributes": [],
          "identity_schema_version": 0,
          "private": "bnVsbA==",
          "dependencies": [
            "archive_file.layer_package",
            "aws_api_gateway_integration.MethodIntegration",
            "aws_api_gateway_method.Method",
            "aws_api_gateway_method_response.response400",
            "aws_api_gateway_resource.Resources",
            "aws_api_gateway_rest_api.TweeterAPI",
            "aws_iam_role.backend_lambda_handler",
            "aws_lambda_function.Lambdas",
            "aws_lambda_layer_version.dependencies",
            "data.archive_file.lambda_package",
            "data.aws_iam_policy_document.role"
          ]
        },
        {
          "index_key": "getFeedItems",
          "schema_version": 0,
          "attributes": {
            "content_handling": "",
            "http_method": "POST",
            "id": "agir-1ke5veb2wf-a6s4fr-POST-400",
            "resource_id": "a6s4fr",
            "response_parameters": {
              "method.response.header.Access-Control-Allow-Headers": "'Content-Type,X-Amz-Date,Authorization,X-Api-Key,X-Amz-Security-Token'",
              "method.response.header.Access-Control-Allow-Methods": "'DELETE,GET,HEAD,OPTIONS,PATCH,POST,PUT'",
              "method.response.header.Access-Control-Allow-Origin": "'*'"
            },
            "response_templates": {},
            "rest_api_id": "1ke5veb2wf",
            "selection_pattern": ".*\\[400\\].*",
            "status_code": "400"
          },
          "sensitive_attributes": [],
          "identity_schema_version": 0,
          "private": "bnVsbA==",
          "dependencies": [
            "archive_file.layer_package",
            "aws_api_gateway_integration.MethodIntegration",
            "aws_api_gateway_method.Method",
            "aws_api_gateway_method_response.response400",
            "aws_api_gateway_resource.Resources",
            "aws_api_gateway_rest_api.TweeterAPI",
            "aws_iam_role.backend_lambda_handler",
            "aws_lambda_function.Lambdas",
            "aws_lambda_layer_version.dependencies",
            "data.archive_file.lambda_package",
            "data.aws_iam_policy_document.role"
          ]
        },
        {
          "index_key": "getMoreFollowees",
          "schema_version": 0,
          "attributes": {
            "content_handling": "",
            "http_method": "POST",
            "id": "agir-1ke5veb2wf-gpu4zu-POST-400",
            "resource_id": "gpu4zu",
            "response_parameters": {
              "method.response.header.Access-Control-Allow-Headers": "'Content-Type,X-Amz-Date,Authorization,X-Api-Key,X-Amz-Security-Token'",
              "method.response.header.Access-Control-Allow-Methods": "'DELETE,GET,HEAD,OPTIONS,PATCH,POST,PUT'",
              "method.response.header.Access-Control-Allow-Origin": "'*'"
            },
            "response_templates": {},
            "rest_api_id": "1ke5veb2wf",
            "selection_pattern": ".*\\[400\\].*",
            "status_code": "400"
          },
          "sensitive_attributes": [],
          "identity_schema_version": 0,
          "private": "bnVsbA==",
          "dependencies": [
            "archive_file.layer_package",
            "aws_api_gateway_integration.MethodIntegration",
            "aws_api_gateway_method.Method",
            "aws_api_gateway_method_response.response400",
            "aws_api_gateway_resource.Resources",
            "aws_api_gateway_rest_api.TweeterAPI",
            "aws_iam_role.backend_lambda_handler",
            "aws_lambda_function.Lambdas",
            "aws_lambda_layer_version.dependencies",
            "data.archive_file.lambda_package",
            "data.aws_iam_policy_document.role"
          ]
        },
        {
          "index_key": "getMoreFollowers",
          "schema_version": 0,
          "attributes": {
            "content_handling": "",
            "http_method": "POST",
            "id": "agir-1ke5veb2wf-9912l6-POST-400",
            "resource_id": "9912l6",
            "response_parameters": {
              "method.response.header.Access-Control-Allow-Headers": "'Content-Type,X-Amz-Date,Authorization,X-Api-Key,X-Amz-Security-Token'",
              "method.response.header.Access-Control-Allow-Methods": "'DELETE,GET,HEAD,OPTIONS,PATCH,POST,PUT'",
              "method.response.header.Access-Control-Allow-Origin": "'*'"
            },
            "response_templates": {},
            "rest_api_id": "1ke5veb2wf",
            "selection_pattern": ".*\\[400\\].*",
            "status_code": "400"
          },
          "sensitive_attributes": [],
          "identity_schema_version": 0,
          "private": "bnVsbA==",
          "dependencies": [
            "archive_file.layer_package",
            "aws_api_gateway_integration.MethodIntegration",
            "aws_api_gateway_method.Method",
            "aws_api_gateway_method_response.response400",
            "aws_api_gateway_resource.Resources",
            "aws_api_gateway_rest_api.TweeterAPI",
            "aws_iam_role.backend_lambda_handler",
            "aws_lambda_function.Lambdas",
            "aws_lambda_layer_version.dependencies",
            "data.archive_file.lambda_package",
            "data.aws_iam_policy_document.role"
          ]
        },
        {
          "index_key": "getStoryItems",
          "schema_version": 0,
          "attributes": {
            "content_handling": "",
            "http_method": "POST",
            "id": "agir-1ke5veb2wf-hl5wx3-POST-400",
            "resource_id": "hl5wx3",
            "response_parameters": {
              "method.response.header.Access-Control-Allow-Headers": "'Content-Type,X-Amz-Date,Authorization,X-Api-Key,X-Amz-Security-Token'",
              "method.response.header.Access-Control-Allow-Methods": "'DELETE,GET,HEAD,OPTIONS,PATCH,POST,PUT'",
              "method.response.header.Access-Control-Allow-Origin": "'*'"
            },
            "response_templates": {},
            "rest_api_id": "1ke5veb2wf",
            "selection_pattern": ".*\\[400\\].*",
            "status_code": "400"
          },
          "sensitive_attributes": [],
          "identity_schema_version": 0,
          "private": "bnVsbA==",
          "dependencies": [
            "archive_file.layer_package",
            "aws_api_gateway_integration.MethodIntegration",
            "aws_api_gateway_method.Method",
            "aws_api_gateway_method_response.response400",
            "aws_api_gateway_resource.Resources",
            "aws_api_gateway_rest_api.TweeterAPI",
            "aws_iam_role.backend_lambda_handler",
            "aws_lambda_function.Lambdas",
            "aws_lambda_layer_version.dependencies",
            "data.archive_file.lambda_package",
            "data.aws_iam_policy_document.role"
          ]
        },
        {
          "index_key": "isFollower",
          "schema_version": 0,
          "attributes": {
            "content_handling": "",
            "http_method": "POST",
            "id": "agir-1ke5veb2wf-w13bfw-POST-400",
            "resource_id": "w13bfw",
            "response_parameters": {
              "method.response.header.Access-Control-Allow-Headers": "'Content-Type,X-Amz-Date,Authorization,X-Api-Key,X-Amz-Security-Token'",
              "method.response.header.Access-Control-Allow-Methods": "'DELETE,GET,HEAD,OPTIONS,PATCH,POST,PUT'",
              "method.response.header.Access-Control-Allow-Origin": "'*'"
            },
            "response_templates": {},
            "rest_api_id": "1ke5veb2wf",
            "selection_pattern": ".*\\[400\\].*",
            "status_code": "400"
          },
          "sensitive_attributes": [],
          "identity_schema_version": 0,
          "private": "bnVsbA==",
          "dependencies": [
            "archive_file.layer_package",
            "aws_api_gateway_integration.MethodIntegration",
            "aws_api_gateway_method.Method",
            "aws_api_gateway_method_response.response400",
            "aws_api_gateway_resource.Resources",
            "aws_api_gateway_rest_api.TweeterAPI",
            "aws_iam_role.backend_lambda_handler",
            "aws_lambda_function.Lambdas",
            "aws_lambda_layer_version.dependencies",
            "data.archive_file.lambda_package",
            "data.aws_iam_policy_document.role"
          ]
        },
        {
          "index_key": "unfollow",
          "schema_version": 0,
          "attributes": {
            "content_handling": "",
            "http_method": "POST",
            "id": "agir-1ke5veb2wf-cag3js-POST-400",
            "resource_id": "cag3js",
            "response_parameters": {
              "method.response.header.Access-Control-Allow-Headers": "'Content-Type,X-Amz-Date,Authorization,X-Api-Key,X-Amz-Security-Token'",
              "method.response.header.Access-Control-Allow-Methods": "'DELETE,GET,HEAD,OPTIONS,PATCH,POST,PUT'",
              "method.response.header.Access-Control-Allow-Origin": "'*'"
            },
            "response_templates": {},
            "rest_api_id": "1ke5veb2wf",
            "selection_pattern": ".*\\[400\\].*",
            "status_code": "400"
          },
          "sensitive_attributes": [],
          "identity_schema_version": 0,
          "private": "bnVsbA==",
          "dependencies": [
            "archive_file.layer_package",
            "aws_api_gateway_integration.MethodIntegration",
            "aws_api_gateway_method.Method",
            "aws_api_gateway_method_response.response400",
            "aws_api_gateway_resource.Resources",
            "aws_api_gateway_rest_api.TweeterAPI",
            "aws_iam_role.backend_lambda_handler",
            "aws_lambda_function.Lambdas",
            "aws_lambda_layer_version.dependencies",
            "data.archive_file.lambda_package",
            "data.aws_iam_policy_document.role"
          ]
        }
      ]
    },
    {
      "mode": "managed",
      "type": "aws_api_gateway_integration_response",
      "name": "error_response500",
      "provider": "provider[\"registry.terraform.io/hashicorp/aws\"]",
      "instances": [
        {
          "index_key": "follow",
          "schema_version": 0,
          "attributes": {
            "content_handling": "",
            "http_method": "POST",
            "id": "agir-1ke5veb2wf-5g5ily-POST-500",
            "resource_id": "5g5ily",
            "response_parameters": {
              "method.response.header.Access-Control-Allow-Headers": "'Content-Type,X-Amz-Date,Authorization,X-Api-Key,X-Amz-Security-Token'",
              "method.response.header.Access-Control-Allow-Methods": "'DELETE,GET,HEAD,OPTIONS,PATCH,POST,PUT'",
              "method.response.header.Access-Control-Allow-Origin": "'*'"
            },
            "response_templates": {},
            "rest_api_id": "1ke5veb2wf",
            "selection_pattern": ".*\\[500\\].*",
            "status_code": "500"
          },
          "sensitive_attributes": [],
          "identity_schema_version": 0,
          "private": "bnVsbA==",
          "dependencies": [
            "archive_file.layer_package",
            "aws_api_gateway_integration.MethodIntegration",
            "aws_api_gateway_method.Method",
            "aws_api_gateway_method_response.response500",
            "aws_api_gateway_resource.Resources",
            "aws_api_gateway_rest_api.TweeterAPI",
            "aws_iam_role.backend_lambda_handler",
            "aws_lambda_function.Lambdas",
            "aws_lambda_layer_version.dependencies",
            "data.archive_file.lambda_package",
            "data.aws_iam_policy_document.role"
          ]
        },
        {
          "index_key": "followeeCount",
          "schema_version": 0,
          "attributes": {
            "content_handling": "",
            "http_method": "POST",
            "id": "agir-1ke5veb2wf-v5qwa0-POST-500",
            "resource_id": "v5qwa0",
            "response_parameters": {
              "method.response.header.Access-Control-Allow-Headers": "'Content-Type,X-Amz-Date,Authorization,X-Api-Key,X-Amz-Security-Token'",
              "method.response.header.Access-Control-Allow-Methods": "'DELETE,GET,HEAD,OPTIONS,PATCH,POST,PUT'",
              "method.response.header.Access-Control-Allow-Origin": "'*'"
            },
            "response_templates": {},
            "rest_api_id": "1ke5veb2wf",
            "selection_pattern": ".*\\[500\\].*",
            "status_code": "500"
          },
          "sensitive_attributes": [],
          "identity_schema_version": 0,
          "private": "bnVsbA==",
          "dependencies": [
            "archive_file.layer_package",
            "aws_api_gateway_integration.MethodIntegration",
            "aws_api_gateway_method.Method",
            "aws_api_gateway_method_response.response500",
            "aws_api_gateway_resource.Resources",
            "aws_api_gateway_rest_api.TweeterAPI",
            "aws_iam_role.backend_lambda_handler",
            "aws_lambda_function.Lambdas",
            "aws_lambda_layer_version.dependencies",
            "data.archive_file.lambda_package",
            "data.aws_iam_policy_document.role"
          ]
        },
        {
          "index_key": "followerCount",
          "schema_version": 0,
          "attributes": {
            "content_handling": "",
            "http_method": "POST",
            "id": "agir-1ke5veb2wf-ix7pw1-POST-500",
            "resource_id": "ix7pw1",
            "response_parameters": {
              "method.response.header.Access-Control-Allow-Headers": "'Content-Type,X-Amz-Date,Authorization,X-Api-Key,X-Amz-Security-Token'",
              "method.response.header.Access-Control-Allow-Methods": "'DELETE,GET,HEAD,OPTIONS,PATCH,POST,PUT'",
              "method.response.header.Access-Control-Allow-Origin": "'*'"
            },
            "response_templates": {},
            "rest_api_id": "1ke5veb2wf",
            "selection_pattern": ".*\\[500\\].*",
            "status_code": "500"
          },
          "sensitive_attributes": [],
          "identity_schema_version": 0,
          "private": "bnVsbA==",
          "dependencies": [
            "archive_file.layer_package",
            "aws_api_gateway_integration.MethodIntegration",
            "aws_api_gateway_method.Method",
            "aws_api_gateway_method_response.response500",
            "aws_api_gateway_resource.Resources",
            "aws_api_gateway_rest_api.TweeterAPI",
            "aws_iam_role.backend_lambda_handler",
            "aws_lambda_function.Lambdas",
            "aws_lambda_layer_version.dependencies",
            "data.archive_file.lambda_package",
            "data.aws_iam_policy_document.role"
          ]
        },
        {
          "index_key": "getFeedItems",
          "schema_version": 0,
          "attributes": {
            "content_handling": "",
            "http_method": "POST",
            "id": "agir-1ke5veb2wf-a6s4fr-POST-500",
            "resource_id": "a6s4fr",
            "response_parameters": {
              "method.response.header.Access-Control-Allow-Headers": "'Content-Type,X-Amz-Date,Authorization,X-Api-Key,X-Amz-Security-Token'",
              "method.response.header.Access-Control-Allow-Methods": "'DELETE,GET,HEAD,OPTIONS,PATCH,POST,PUT'",
              "method.response.header.Access-Control-Allow-Origin": "'*'"
            },
            "response_templates": {},
            "rest_api_id": "1ke5veb2wf",
            "selection_pattern": ".*\\[500\\].*",
            "status_code": "500"
          },
          "sensitive_attributes": [],
          "identity_schema_version": 0,
          "private": "bnVsbA==",
          "dependencies": [
            "archive_file.layer_package",
            "aws_api_gateway_integration.MethodIntegration",
            "aws_api_gateway_method.Method",
            "aws_api_gateway_method_response.response500",
            "aws_api_gateway_resource.Resources",
            "aws_api_gateway_rest_api.TweeterAPI",
            "aws_iam_role.backend_lambda_handler",
            "aws_lambda_function.Lambdas",
            "aws_lambda_layer_version.dependencies",
            "data.archive_file.lambda_package",
            "data.aws_iam_policy_document.role"
          ]
        },
        {
          "index_key": "getMoreFollowees",
          "schema_version": 0,
          "attributes": {
            "content_handling": "",
            "http_method": "POST",
            "id": "agir-1ke5veb2wf-gpu4zu-POST-500",
            "resource_id": "gpu4zu",
            "response_parameters": {
              "method.response.header.Access-Control-Allow-Headers": "'Content-Type,X-Amz-Date,Authorization,X-Api-Key,X-Amz-Security-Token'",
              "method.response.header.Access-Control-Allow-Methods": "'DELETE,GET,HEAD,OPTIONS,PATCH,POST,PUT'",
              "method.response.header.Access-Control-Allow-Origin": "'*'"
            },
            "response_templates": {},
            "rest_api_id": "1ke5veb2wf",
            "selection_pattern": ".*\\[500\\].*",
            "status_code": "500"
          },
          "sensitive_attributes": [],
          "identity_schema_version": 0,
          "private": "bnVsbA==",
          "dependencies": [
            "archive_file.layer_package",
            "aws_api_gateway_integration.MethodIntegration",
            "aws_api_gateway_method.Method",
            "aws_api_gateway_method_response.response500",
            "aws_api_gateway_resource.Resources",
            "aws_api_gateway_rest_api.TweeterAPI",
            "aws_iam_role.backend_lambda_handler",
            "aws_lambda_function.Lambdas",
            "aws_lambda_layer_version.dependencies",
            "data.archive_file.lambda_package",
            "data.aws_iam_policy_document.role"
          ]
        },
        {
          "index_key": "getMoreFollowers",
          "schema_version": 0,
          "attributes": {
            "content_handling": "",
            "http_method": "POST",
            "id": "agir-1ke5veb2wf-9912l6-POST-500",
            "resource_id": "9912l6",
            "response_parameters": {
              "method.response.header.Access-Control-Allow-Headers": "'Content-Type,X-Amz-Date,Authorization,X-Api-Key,X-Amz-Security-Token'",
              "method.response.header.Access-Control-Allow-Methods": "'DELETE,GET,HEAD,OPTIONS,PATCH,POST,PUT'",
              "method.response.header.Access-Control-Allow-Origin": "'*'"
            },
            "response_templates": {},
            "rest_api_id": "1ke5veb2wf",
            "selection_pattern": ".*\\[500\\].*",
            "status_code": "500"
          },
          "sensitive_attributes": [],
          "identity_schema_version": 0,
          "private": "bnVsbA==",
          "dependencies": [
            "archive_file.layer_package",
            "aws_api_gateway_integration.MethodIntegration",
            "aws_api_gateway_method.Method",
            "aws_api_gateway_method_response.response500",
            "aws_api_gateway_resource.Resources",
            "aws_api_gateway_rest_api.TweeterAPI",
            "aws_iam_role.backend_lambda_handler",
            "aws_lambda_function.Lambdas",
            "aws_lambda_layer_version.dependencies",
            "data.archive_file.lambda_package",
            "data.aws_iam_policy_document.role"
          ]
        },
        {
          "index_key": "getStoryItems",
          "schema_version": 0,
          "attributes": {
            "content_handling": "",
            "http_method": "POST",
            "id": "agir-1ke5veb2wf-hl5wx3-POST-500",
            "resource_id": "hl5wx3",
            "response_parameters": {
              "method.response.header.Access-Control-Allow-Headers": "'Content-Type,X-Amz-Date,Authorization,X-Api-Key,X-Amz-Security-Token'",
              "method.response.header.Access-Control-Allow-Methods": "'DELETE,GET,HEAD,OPTIONS,PATCH,POST,PUT'",
              "method.response.header.Access-Control-Allow-Origin": "'*'"
            },
            "response_templates": {},
            "rest_api_id": "1ke5veb2wf",
            "selection_pattern": ".*\\[500\\].*",
            "status_code": "500"
          },
          "sensitive_attributes": [],
          "identity_schema_version": 0,
          "private": "bnVsbA==",
          "dependencies": [
            "archive_file.layer_package",
            "aws_api_gateway_integration.MethodIntegration",
            "aws_api_gateway_method.Method",
            "aws_api_gateway_method_response.response500",
            "aws_api_gateway_resource.Resources",
            "aws_api_gateway_rest_api.TweeterAPI",
            "aws_iam_role.backend_lambda_handler",
            "aws_lambda_function.Lambdas",
            "aws_lambda_layer_version.dependencies",
            "data.archive_file.lambda_package",
            "data.aws_iam_policy_document.role"
          ]
        },
        {
          "index_key": "isFollower",
          "schema_version": 0,
          "attributes": {
            "content_handling": "",
            "http_method": "POST",
            "id": "agir-1ke5veb2wf-w13bfw-POST-500",
            "resource_id": "w13bfw",
            "response_parameters": {
              "method.response.header.Access-Control-Allow-Headers": "'Content-Type,X-Amz-Date,Authorization,X-Api-Key,X-Amz-Security-Token'",
              "method.response.header.Access-Control-Allow-Methods": "'DELETE,GET,HEAD,OPTIONS,PATCH,POST,PUT'",
              "method.response.header.Access-Control-Allow-Origin": "'*'"
            },
            "response_templates": {},
            "rest_api_id": "1ke5veb2wf",
            "selection_pattern": ".*\\[500\\].*",
            "status_code": "500"
          },
          "sensitive_attributes": [],
          "identity_schema_version": 0,
          "private": "bnVsbA==",
          "dependencies": [
            "archive_file.layer_package",
            "aws_api_gateway_integration.MethodIntegration",
            "aws_api_gateway_method.Method",
            "aws_api_gateway_method_response.response500",
            "aws_api_gateway_resource.Resources",
            "aws_api_gateway_rest_api.TweeterAPI",
            "aws_iam_role.backend_lambda_handler",
            "aws_lambda_function.Lambdas",
            "aws_lambda_layer_version.dependencies",
            "data.archive_file.lambda_package",
            "data.aws_iam_policy_document.role"
          ]
        },
        {
          "index_key": "unfollow",
          "schema_version": 0,
          "attributes": {
            "content_handling": "",
            "http_method": "POST",
            "id": "agir-1ke5veb2wf-cag3js-POST-500",
            "resource_id": "cag3js",
            "response_parameters": {
              "method.response.header.Access-Control-Allow-Headers": "'Content-Type,X-Amz-Date,Authorization,X-Api-Key,X-Amz-Security-Token'",
              "method.response.header.Access-Control-Allow-Methods": "'DELETE,GET,HEAD,OPTIONS,PATCH,POST,PUT'",
              "method.response.header.Access-Control-Allow-Origin": "'*'"
            },
            "response_templates": {},
            "rest_api_id": "1ke5veb2wf",
            "selection_pattern": ".*\\[500\\].*",
            "status_code": "500"
          },
          "sensitive_attributes": [],
          "identity_schema_version": 0,
          "private": "bnVsbA==",
          "dependencies": [
            "archive_file.layer_package",
            "aws_api_gateway_integration.MethodIntegration",
            "aws_api_gateway_method.Method",
            "aws_api_gateway_method_response.response500",
            "aws_api_gateway_resource.Resources",
            "aws_api_gateway_rest_api.TweeterAPI",
            "aws_iam_role.backend_lambda_handler",
            "aws_lambda_function.Lambdas",
            "aws_lambda_layer_version.dependencies",
            "data.archive_file.lambda_package",
            "data.aws_iam_policy_document.role"
          ]
        }
      ]
    },
    {
      "mode": "managed",
      "type": "aws_api_gateway_integration_response",
      "name": "options_integration",
      "provider": "provider[\"registry.terraform.io/hashicorp/aws\"]",
      "instances": [
        {
          "index_key": "follow",
          "schema_version": 0,
          "attributes": {
            "content_handling": "",
            "http_method": "OPTIONS",
            "id": "agir-1ke5veb2wf-5g5ily-OPTIONS-200",
            "resource_id": "5g5ily",
            "response_parameters": {
              "method.response.header.Access-Control-Allow-Headers": "'Content-Type,X-Amz-Date,Authorization,X-Api-Key,X-Amz-Security-Token'",
              "method.response.header.Access-Control-Allow-Methods": "'DELETE,GET,HEAD,OPTIONS,PATCH,POST,PUT'",
              "method.response.header.Access-Control-Allow-Origin": "'*'"
            },
            "response_templates": {
              "application/json": ""
            },
            "rest_api_id": "1ke5veb2wf",
            "selection_pattern": "",
            "status_code": "200"
          },
          "sensitive_attributes": [],
          "identity_schema_version": 0,
          "private": "bnVsbA==",
          "dependencies": [
            "aws_api_gateway_integration.options",
            "aws_api_gateway_method.options",
            "aws_api_gateway_method_response.options_200",
            "aws_api_gateway_resource.Resources",
            "aws_api_gateway_rest_api.TweeterAPI"
          ]
        },
        {
          "index_key": "followeeCount",
          "schema_version": 0,
          "attributes": {
            "content_handling": "",
            "http_method": "OPTIONS",
            "id": "agir-1ke5veb2wf-v5qwa0-OPTIONS-200",
            "resource_id": "v5qwa0",
            "response_parameters": {
              "method.response.header.Access-Control-Allow-Headers": "'Content-Type,X-Amz-Date,Authorization,X-Api-Key,X-Amz-Security-Token'",
              "method.response.header.Access-Control-Allow-Methods": "'DELETE,GET,HEAD,OPTIONS,PATCH,POST,PUT'",
              "method.response.header.Access-Control-Allow-Origin": "'*'"
            },
            "response_templates": {
              "application/json": ""
            },
            "rest_api_id": "1ke5veb2wf",
            "selection_pattern": "",
            "status_code": "200"
          },
          "sensitive_attributes": [],
          "identity_schema_version": 0,
          "private": "bnVsbA==",
          "dependencies": [
            "aws_api_gateway_integration.options",
            "aws_api_gateway_method.options",
            "aws_api_gateway_method_response.options_200",
            "aws_api_gateway_resource.Resources",
            "aws_api_gateway_rest_api.TweeterAPI"
          ]
        },
        {
          "index_key": "followerCount",
          "schema_version": 0,
          "attributes": {
            "content_handling": "",
            "http_method": "OPTIONS",
            "id": "agir-1ke5veb2wf-ix7pw1-OPTIONS-200",
            "resource_id": "ix7pw1",
            "response_parameters": {
              "method.response.header.Access-Control-Allow-Headers": "'Content-Type,X-Amz-Date,Authorization,X-Api-Key,X-Amz-Security-Token'",
              "method.response.header.Access-Control-Allow-Methods": "'DELETE,GET,HEAD,OPTIONS,PATCH,POST,PUT'",
              "method.response.header.Access-Control-Allow-Origin": "'*'"
            },
            "response_templates": {
              "application/json": ""
            },
            "rest_api_id": "1ke5veb2wf",
            "selection_pattern": "",
            "status_code": "200"
          },
          "sensitive_attributes": [],
          "identity_schema_version": 0,
          "private": "bnVsbA==",
          "dependencies": [
            "aws_api_gateway_integration.options",
            "aws_api_gateway_method.options",
            "aws_api_gateway_method_response.options_200",
            "aws_api_gateway_resource.Resources",
            "aws_api_gateway_rest_api.TweeterAPI"
          ]
        },
        {
          "index_key": "getFeedItems",
          "schema_version": 0,
          "attributes": {
            "content_handling": "",
            "http_method": "OPTIONS",
            "id": "agir-1ke5veb2wf-a6s4fr-OPTIONS-200",
            "resource_id": "a6s4fr",
            "response_parameters": {
              "method.response.header.Access-Control-Allow-Headers": "'Content-Type,X-Amz-Date,Authorization,X-Api-Key,X-Amz-Security-Token'",
              "method.response.header.Access-Control-Allow-Methods": "'DELETE,GET,HEAD,OPTIONS,PATCH,POST,PUT'",
              "method.response.header.Access-Control-Allow-Origin": "'*'"
            },
            "response_templates": {
              "application/json": ""
            },
            "rest_api_id": "1ke5veb2wf",
            "selection_pattern": "",
            "status_code": "200"
          },
          "sensitive_attributes": [],
          "identity_schema_version": 0,
          "private": "bnVsbA==",
          "dependencies": [
            "aws_api_gateway_integration.options",
            "aws_api_gateway_method.options",
            "aws_api_gateway_method_response.options_200",
            "aws_api_gateway_resource.Resources",
            "aws_api_gateway_rest_api.TweeterAPI"
          ]
        },
        {
          "index_key": "getMoreFollowees",
          "schema_version": 0,
          "attributes": {
            "content_handling": "",
            "http_method": "OPTIONS",
            "id": "agir-1ke5veb2wf-gpu4zu-OPTIONS-200",
            "resource_id": "gpu4zu",
            "response_parameters": {
              "method.response.header.Access-Control-Allow-Headers": "'Content-Type,X-Amz-Date,Authorization,X-Api-Key,X-Amz-Security-Token'",
              "method.response.header.Access-Control-Allow-Methods": "'DELETE,GET,HEAD,OPTIONS,PATCH,POST,PUT'",
              "method.response.header.Access-Control-Allow-Origin": "'*'"
            },
            "response_templates": {
              "application/json": ""
            },
            "rest_api_id": "1ke5veb2wf",
            "selection_pattern": "",
            "status_code": "200"
          },
          "sensitive_attributes": [],
          "identity_schema_version": 0,
          "private": "bnVsbA==",
          "dependencies": [
            "aws_api_gateway_integration.options",
            "aws_api_gateway_method.options",
            "aws_api_gateway_method_response.options_200",
            "aws_api_gateway_resource.Resources",
            "aws_api_gateway_rest_api.TweeterAPI"
          ]
        },
        {
          "index_key": "getMoreFollowers",
          "schema_version": 0,
          "attributes": {
            "content_handling": "",
            "http_method": "OPTIONS",
            "id": "agir-1ke5veb2wf-9912l6-OPTIONS-200",
            "resource_id": "9912l6",
            "response_parameters": {
              "method.response.header.Access-Control-Allow-Headers": "'Content-Type,X-Amz-Date,Authorization,X-Api-Key,X-Amz-Security-Token'",
              "method.response.header.Access-Control-Allow-Methods": "'DELETE,GET,HEAD,OPTIONS,PATCH,POST,PUT'",
              "method.response.header.Access-Control-Allow-Origin": "'*'"
            },
            "response_templates": {
              "application/json": ""
            },
            "rest_api_id": "1ke5veb2wf",
            "selection_pattern": "",
            "status_code": "200"
          },
          "sensitive_attributes": [],
          "identity_schema_version": 0,
          "private": "bnVsbA==",
          "dependencies": [
            "aws_api_gateway_integration.options",
            "aws_api_gateway_method.options",
            "aws_api_gateway_method_response.options_200",
            "aws_api_gateway_resource.Resources",
            "aws_api_gateway_rest_api.TweeterAPI"
          ]
        },
        {
          "index_key": "getStoryItems",
          "schema_version": 0,
          "attributes": {
            "content_handling": "",
            "http_method": "OPTIONS",
            "id": "agir-1ke5veb2wf-hl5wx3-OPTIONS-200",
            "resource_id": "hl5wx3",
            "response_parameters": {
              "method.response.header.Access-Control-Allow-Headers": "'Content-Type,X-Amz-Date,Authorization,X-Api-Key,X-Amz-Security-Token'",
              "method.response.header.Access-Control-Allow-Methods": "'DELETE,GET,HEAD,OPTIONS,PATCH,POST,PUT'",
              "method.response.header.Access-Control-Allow-Origin": "'*'"
            },
            "response_templates": {
              "application/json": ""
            },
            "rest_api_id": "1ke5veb2wf",
            "selection_pattern": "",
            "status_code": "200"
          },
          "sensitive_attributes": [],
          "identity_schema_version": 0,
          "private": "bnVsbA==",
          "dependencies": [
            "aws_api_gateway_integration.options",
            "aws_api_gateway_method.options",
            "aws_api_gateway_method_response.options_200",
            "aws_api_gateway_resource.Resources",
            "aws_api_gateway_rest_api.TweeterAPI"
          ]
        },
        {
          "index_key": "isFollower",
          "schema_version": 0,
          "attributes": {
            "content_handling": "",
            "http_method": "OPTIONS",
            "id": "agir-1ke5veb2wf-w13bfw-OPTIONS-200",
            "resource_id": "w13bfw",
            "response_parameters": {
              "method.response.header.Access-Control-Allow-Headers": "'Content-Type,X-Amz-Date,Authorization,X-Api-Key,X-Amz-Security-Token'",
              "method.response.header.Access-Control-Allow-Methods": "'DELETE,GET,HEAD,OPTIONS,PATCH,POST,PUT'",
              "method.response.header.Access-Control-Allow-Origin": "'*'"
            },
            "response_templates": {
              "application/json": ""
            },
            "rest_api_id": "1ke5veb2wf",
            "selection_pattern": "",
            "status_code": "200"
          },
          "sensitive_attributes": [],
          "identity_schema_version": 0,
          "private": "bnVsbA==",
          "dependencies": [
            "aws_api_gateway_integration.options",
            "aws_api_gateway_method.options",
            "aws_api_gateway_method_response.options_200",
            "aws_api_gateway_resource.Resources",
            "aws_api_gateway_rest_api.TweeterAPI"
          ]
        },
        {
          "index_key": "unfollow",
          "schema_version": 0,
          "attributes": {
            "content_handling": "",
            "http_method": "OPTIONS",
            "id": "agir-1ke5veb2wf-cag3js-OPTIONS-200",
            "resource_id": "cag3js",
            "response_parameters": {
              "method.response.header.Access-Control-Allow-Headers": "'Content-Type,X-Amz-Date,Authorization,X-Api-Key,X-Amz-Security-Token'",
              "method.response.header.Access-Control-Allow-Methods": "'DELETE,GET,HEAD,OPTIONS,PATCH,POST,PUT'",
              "method.response.header.Access-Control-Allow-Origin": "'*'"
            },
            "response_templates": {
              "application/json": ""
            },
            "rest_api_id": "1ke5veb2wf",
            "selection_pattern": "",
            "status_code": "200"
          },
          "sensitive_attributes": [],
          "identity_schema_version": 0,
          "private": "bnVsbA==",
          "dependencies": [
            "aws_api_gateway_integration.options",
            "aws_api_gateway_method.options",
            "aws_api_gateway_method_response.options_200",
            "aws_api_gateway_resource.Resources",
            "aws_api_gateway_rest_api.TweeterAPI"
          ]
        }
      ]
    },
    {
      "mode": "managed",
      "type": "aws_api_gateway_integration_response",
      "name": "response_200Integration",
      "provider": "provider[\"registry.terraform.io/hashicorp/aws\"]",
      "instances": [
        {
          "index_key": "follow",
          "schema_version": 0,
          "attributes": {
            "content_handling": "",
            "http_method": "POST",
            "id": "agir-1ke5veb2wf-5g5ily-POST-200",
            "resource_id": "5g5ily",
            "response_parameters": {
              "method.response.header.Access-Control-Allow-Headers": "'Content-Type,X-Amz-Date,Authorization,X-Api-Key,X-Amz-Security-Token'",
              "method.response.header.Access-Control-Allow-Methods": "'DELETE,GET,HEAD,OPTIONS,PATCH,POST,PUT'",
              "method.response.header.Access-Control-Allow-Origin": "'*'"
            },
            "response_templates": {},
            "rest_api_id": "1ke5veb2wf",
            "selection_pattern": "",
            "status_code": "200"
          },
          "sensitive_attributes": [],
          "identity_schema_version": 0,
          "private": "bnVsbA==",
          "dependencies": [
            "archive_file.layer_package",
            "aws_api_gateway_integration.MethodIntegration",
            "aws_api_gateway_method.Method",
            "aws_api_gateway_method_response.response_200",
            "aws_api_gateway_resource.Resources",
            "aws_api_gateway_rest_api.TweeterAPI",
            "aws_iam_role.backend_lambda_handler",
            "aws_lambda_function.Lambdas",
            "aws_lambda_layer_version.dependencies",
            "data.archive_file.lambda_package",
            "data.aws_iam_policy_document.role"
          ]
        },
        {
          "index_key": "followeeCount",
          "schema_version": 0,
          "attributes": {
            "content_handling": "",
            "http_method": "POST",
            "id": "agir-1ke5veb2wf-v5qwa0-POST-200",
            "resource_id": "v5qwa0",
            "response_parameters": {
              "method.response.header.Access-Control-Allow-Headers": "'Content-Type,X-Amz-Date,Authorization,X-Api-Key,X-Amz-Security-Token'",
              "method.response.header.Access-Control-Allow-Methods": "'DELETE,GET,HEAD,OPTIONS,PATCH,POST,PUT'",
              "method.response.header.Access-Control-Allow-Origin": "'*'"
            },
            "response_templates": {},
            "rest_api_id": "1ke5veb2wf",
            "selection_pattern": "",
            "status_code": "200"
          },
          "sensitive_attributes": [],
          "identity_schema_version": 0,
          "private": "bnVsbA==",
          "dependencies": [
            "archive_file.layer_package",
            "aws_api_gateway_integration.MethodIntegration",
            "aws_api_gateway_method.Method",
            "aws_api_gateway_method_response.response_200",
            "aws_api_gateway_resource.Resources",
            "aws_api_gateway_rest_api.TweeterAPI",
            "aws_iam_role.backend_lambda_handler",
            "aws_lambda_function.Lambdas",
            "aws_lambda_layer_version.dependencies",
            "data.archive_file.lambda_package",
            "data.aws_iam_policy_document.role"
          ]
        },
        {
          "index_key": "followerCount",
          "schema_version": 0,
          "attributes": {
            "content_handling": "",
            "http_method": "POST",
            "id": "agir-1ke5veb2wf-ix7pw1-POST-200",
            "resource_id": "ix7pw1",
            "response_parameters": {
              "method.response.header.Access-Control-Allow-Headers": "'Content-Type,X-Amz-Date,Authorization,X-Api-Key,X-Amz-Security-Token'",
              "method.response.header.Access-Control-Allow-Methods": "'DELETE,GET,HEAD,OPTIONS,PATCH,POST,PUT'",
              "method.response.header.Access-Control-Allow-Origin": "'*'"
            },
            "response_templates": {},
            "rest_api_id": "1ke5veb2wf",
            "selection_pattern": "",
            "status_code": "200"
          },
          "sensitive_attributes": [],
          "identity_schema_version": 0,
          "private": "bnVsbA==",
          "dependencies": [
            "archive_file.layer_package",
            "aws_api_gateway_integration.MethodIntegration",
            "aws_api_gateway_method.Method",
            "aws_api_gateway_method_response.response_200",
            "aws_api_gateway_resource.Resources",
            "aws_api_gateway_rest_api.TweeterAPI",
            "aws_iam_role.backend_lambda_handler",
            "aws_lambda_function.Lambdas",
            "aws_lambda_layer_version.dependencies",
            "data.archive_file.lambda_package",
            "data.aws_iam_policy_document.role"
          ]
        },
        {
          "index_key": "getFeedItems",
          "schema_version": 0,
          "attributes": {
            "content_handling": "",
            "http_method": "POST",
            "id": "agir-1ke5veb2wf-a6s4fr-POST-200",
            "resource_id": "a6s4fr",
            "response_parameters": {
              "method.response.header.Access-Control-Allow-Headers": "'Content-Type,X-Amz-Date,Authorization,X-Api-Key,X-Amz-Security-Token'",
              "method.response.header.Access-Control-Allow-Methods": "'DELETE,GET,HEAD,OPTIONS,PATCH,POST,PUT'",
              "method.response.header.Access-Control-Allow-Origin": "'*'"
            },
            "response_templates": {},
            "rest_api_id": "1ke5veb2wf",
            "selection_pattern": "",
            "status_code": "200"
          },
          "sensitive_attributes": [],
          "identity_schema_version": 0,
          "private": "bnVsbA==",
          "dependencies": [
            "archive_file.layer_package",
            "aws_api_gateway_integration.MethodIntegration",
            "aws_api_gateway_method.Method",
            "aws_api_gateway_method_response.response_200",
            "aws_api_gateway_resource.Resources",
            "aws_api_gateway_rest_api.TweeterAPI",
            "aws_iam_role.backend_lambda_handler",
            "aws_lambda_function.Lambdas",
            "aws_lambda_layer_version.dependencies",
            "data.archive_file.lambda_package",
            "data.aws_iam_policy_document.role"
          ]
        },
        {
          "index_key": "getMoreFollowees",
          "schema_version": 0,
          "attributes": {
            "content_handling": "",
            "http_method": "POST",
            "id": "agir-1ke5veb2wf-gpu4zu-POST-200",
            "resource_id": "gpu4zu",
            "response_parameters": {
              "method.response.header.Access-Control-Allow-Headers": "'Content-Type,X-Amz-Date,Authorization,X-Api-Key,X-Amz-Security-Token'",
              "method.response.header.Access-Control-Allow-Methods": "'DELETE,GET,HEAD,OPTIONS,PATCH,POST,PUT'",
              "method.response.header.Access-Control-Allow-Origin": "'*'"
            },
            "response_templates": {},
            "rest_api_id": "1ke5veb2wf",
            "selection_pattern": "",
            "status_code": "200"
          },
          "sensitive_attributes": [],
          "identity_schema_version": 0,
          "private": "bnVsbA==",
          "dependencies": [
            "archive_file.layer_package",
            "aws_api_gateway_integration.MethodIntegration",
            "aws_api_gateway_method.Method",
            "aws_api_gateway_method_response.response_200",
            "aws_api_gateway_resource.Resources",
            "aws_api_gateway_rest_api.TweeterAPI",
            "aws_iam_role.backend_lambda_handler",
            "aws_lambda_function.Lambdas",
            "aws_lambda_layer_version.dependencies",
            "data.archive_file.lambda_package",
            "data.aws_iam_policy_document.role"
          ]
        },
        {
          "index_key": "getMoreFollowers",
          "schema_version": 0,
          "attributes": {
            "content_handling": "",
            "http_method": "POST",
            "id": "agir-1ke5veb2wf-9912l6-POST-200",
            "resource_id": "9912l6",
            "response_parameters": {
              "method.response.header.Access-Control-Allow-Headers": "'Content-Type,X-Amz-Date,Authorization,X-Api-Key,X-Amz-Security-Token'",
              "method.response.header.Access-Control-Allow-Methods": "'DELETE,GET,HEAD,OPTIONS,PATCH,POST,PUT'",
              "method.response.header.Access-Control-Allow-Origin": "'*'"
            },
            "response_templates": {},
            "rest_api_id": "1ke5veb2wf",
            "selection_pattern": "",
            "status_code": "200"
          },
          "sensitive_attributes": [],
          "identity_schema_version": 0,
          "private": "bnVsbA==",
          "dependencies": [
            "archive_file.layer_package",
            "aws_api_gateway_integration.MethodIntegration",
            "aws_api_gateway_method.Method",
            "aws_api_gateway_method_response.response_200",
            "aws_api_gateway_resource.Resources",
            "aws_api_gateway_rest_api.TweeterAPI",
            "aws_iam_role.backend_lambda_handler",
            "aws_lambda_function.Lambdas",
            "aws_lambda_layer_version.dependencies",
            "data.archive_file.lambda_package",
            "data.aws_iam_policy_document.role"
          ]
        },
        {
          "index_key": "getStoryItems",
          "schema_version": 0,
          "attributes": {
            "content_handling": "",
            "http_method": "POST",
            "id": "agir-1ke5veb2wf-hl5wx3-POST-200",
            "resource_id": "hl5wx3",
            "response_parameters": {
              "method.response.header.Access-Control-Allow-Headers": "'Content-Type,X-Amz-Date,Authorization,X-Api-Key,X-Amz-Security-Token'",
              "method.response.header.Access-Control-Allow-Methods": "'DELETE,GET,HEAD,OPTIONS,PATCH,POST,PUT'",
              "method.response.header.Access-Control-Allow-Origin": "'*'"
            },
            "response_templates": {},
            "rest_api_id": "1ke5veb2wf",
            "selection_pattern": "",
            "status_code": "200"
          },
          "sensitive_attributes": [],
          "identity_schema_version": 0,
          "private": "bnVsbA==",
          "dependencies": [
            "archive_file.layer_package",
            "aws_api_gateway_integration.MethodIntegration",
            "aws_api_gateway_method.Method",
            "aws_api_gateway_method_response.response_200",
            "aws_api_gateway_resource.Resources",
            "aws_api_gateway_rest_api.TweeterAPI",
            "aws_iam_role.backend_lambda_handler",
            "aws_lambda_function.Lambdas",
            "aws_lambda_layer_version.dependencies",
            "data.archive_file.lambda_package",
            "data.aws_iam_policy_document.role"
          ]
        },
        {
          "index_key": "isFollower",
          "schema_version": 0,
          "attributes": {
            "content_handling": "",
            "http_method": "POST",
            "id": "agir-1ke5veb2wf-w13bfw-POST-200",
            "resource_id": "w13bfw",
            "response_parameters": {
              "method.response.header.Access-Control-Allow-Headers": "'Content-Type,X-Amz-Date,Authorization,X-Api-Key,X-Amz-Security-Token'",
              "method.response.header.Access-Control-Allow-Methods": "'DELETE,GET,HEAD,OPTIONS,PATCH,POST,PUT'",
              "method.response.header.Access-Control-Allow-Origin": "'*'"
            },
            "response_templates": {},
            "rest_api_id": "1ke5veb2wf",
            "selection_pattern": "",
            "status_code": "200"
          },
          "sensitive_attributes": [],
          "identity_schema_version": 0,
          "private": "bnVsbA==",
          "dependencies": [
            "archive_file.layer_package",
            "aws_api_gateway_integration.MethodIntegration",
            "aws_api_gateway_method.Method",
            "aws_api_gateway_method_response.response_200",
            "aws_api_gateway_resource.Resources",
            "aws_api_gateway_rest_api.TweeterAPI",
            "aws_iam_role.backend_lambda_handler",
            "aws_lambda_function.Lambdas",
            "aws_lambda_layer_version.dependencies",
            "data.archive_file.lambda_package",
            "data.aws_iam_policy_document.role"
          ]
        },
        {
          "index_key": "unfollow",
          "schema_version": 0,
          "attributes": {
            "content_handling": "",
            "http_method": "POST",
            "id": "agir-1ke5veb2wf-cag3js-POST-200",
            "resource_id": "cag3js",
            "response_parameters": {
              "method.response.header.Access-Control-Allow-Headers": "'Content-Type,X-Amz-Date,Authorization,X-Api-Key,X-Amz-Security-Token'",
              "method.response.header.Access-Control-Allow-Methods": "'DELETE,GET,HEAD,OPTIONS,PATCH,POST,PUT'",
              "method.response.header.Access-Control-Allow-Origin": "'*'"
            },
            "response_templates": {},
            "rest_api_id": "1ke5veb2wf",
            "selection_pattern": "",
            "status_code": "200"
          },
          "sensitive_attributes": [],
          "identity_schema_version": 0,
          "private": "bnVsbA==",
          "dependencies": [
            "archive_file.layer_package",
            "aws_api_gateway_integration.MethodIntegration",
            "aws_api_gateway_method.Method",
            "aws_api_gateway_method_response.response_200",
            "aws_api_gateway_resource.Resources",
            "aws_api_gateway_rest_api.TweeterAPI",
            "aws_iam_role.backend_lambda_handler",
            "aws_lambda_function.Lambdas",
            "aws_lambda_layer_version.dependencies",
            "data.archive_file.lambda_package",
            "data.aws_iam_policy_document.role"
          ]
        }
      ]
    },
    {
      "mode": "managed",
      "type": "aws_api_gateway_method",
      "name": "Method",
      "provider": "provider[\"registry.terraform.io/hashicorp/aws\"]",
      "instances": [
        {
          "index_key": "follow",
          "schema_version": 0,
          "attributes": {
            "api_key_required": false,
            "authorization": "NONE",
            "authorization_scopes": [],
            "authorizer_id": "",
            "http_method": "POST",
            "id": "agm-1ke5veb2wf-5g5ily-POST",
            "operation_name": "",
            "request_models": {},
            "request_parameters": {},
            "request_validator_id": "",
            "resource_id": "5g5ily",
            "rest_api_id": "1ke5veb2wf"
          },
          "sensitive_attributes": [],
          "identity_schema_version": 0,
          "private": "bnVsbA==",
          "dependencies": [
            "aws_api_gateway_resource.Resources",
            "aws_api_gateway_rest_api.TweeterAPI"
          ]
        },
        {
          "index_key": "followeeCount",
          "schema_version": 0,
          "attributes": {
            "api_key_required": false,
            "authorization": "NONE",
            "authorization_scopes": [],
            "authorizer_id": "",
            "http_method": "POST",
            "id": "agm-1ke5veb2wf-v5qwa0-POST",
            "operation_name": "",
            "request_models": {},
            "request_parameters": {},
            "request_validator_id": "",
            "resource_id": "v5qwa0",
            "rest_api_id": "1ke5veb2wf"
          },
          "sensitive_attributes": [],
          "identity_schema_version": 0,
          "private": "bnVsbA==",
          "dependencies": [
            "aws_api_gateway_resource.Resources",
            "aws_api_gateway_rest_api.TweeterAPI"
          ]
        },
        {
          "index_key": "followerCount",
          "schema_version": 0,
          "attributes": {
            "api_key_required": false,
            "authorization": "NONE",
            "authorization_scopes": [],
            "authorizer_id": "",
            "http_method": "POST",
            "id": "agm-1ke5veb2wf-ix7pw1-POST",
            "operation_name": "",
            "request_models": {},
            "request_parameters": {},
            "request_validator_id": "",
            "resource_id": "ix7pw1",
            "rest_api_id": "1ke5veb2wf"
          },
          "sensitive_attributes": [],
          "identity_schema_version": 0,
          "private": "bnVsbA==",
          "dependencies": [
            "aws_api_gateway_resource.Resources",
            "aws_api_gateway_rest_api.TweeterAPI"
          ]
        },
        {
          "index_key": "getFeedItems",
          "schema_version": 0,
          "attributes": {
            "api_key_required": false,
            "authorization": "NONE",
            "authorization_scopes": [],
            "authorizer_id": "",
            "http_method": "POST",
            "id": "agm-1ke5veb2wf-a6s4fr-POST",
            "operation_name": "",
            "request_models": {},
            "request_parameters": {},
            "request_validator_id": "",
            "resource_id": "a6s4fr",
            "rest_api_id": "1ke5veb2wf"
          },
          "sensitive_attributes": [],
          "identity_schema_version": 0,
          "private": "bnVsbA==",
          "dependencies": [
            "aws_api_gateway_resource.Resources",
            "aws_api_gateway_rest_api.TweeterAPI"
          ]
        },
        {
          "index_key": "getMoreFollowees",
          "schema_version": 0,
          "attributes": {
            "api_key_required": false,
            "authorization": "NONE",
            "authorization_scopes": [],
            "authorizer_id": "",
            "http_method": "POST",
            "id": "agm-1ke5veb2wf-gpu4zu-POST",
            "operation_name": "",
            "request_models": {},
            "request_parameters": {},
            "request_validator_id": "",
            "resource_id": "gpu4zu",
            "rest_api_id": "1ke5veb2wf"
          },
          "sensitive_attributes": [],
          "identity_schema_version": 0,
          "private": "bnVsbA==",
          "dependencies": [
            "aws_api_gateway_resource.Resources",
            "aws_api_gateway_rest_api.TweeterAPI"
          ]
        },
        {
          "index_key": "getMoreFollowers",
          "schema_version": 0,
          "attributes": {
            "api_key_required": false,
            "authorization": "NONE",
            "authorization_scopes": [],
            "authorizer_id": "",
            "http_method": "POST",
            "id": "agm-1ke5veb2wf-9912l6-POST",
            "operation_name": "",
            "request_models": {},
            "request_parameters": {},
            "request_validator_id": "",
            "resource_id": "9912l6",
            "rest_api_id": "1ke5veb2wf"
          },
          "sensitive_attributes": [],
          "identity_schema_version": 0,
          "private": "bnVsbA==",
          "dependencies": [
            "aws_api_gateway_resource.Resources",
            "aws_api_gateway_rest_api.TweeterAPI"
          ]
        },
        {
          "index_key": "getStoryItems",
          "schema_version": 0,
          "attributes": {
            "api_key_required": false,
            "authorization": "NONE",
            "authorization_scopes": [],
            "authorizer_id": "",
            "http_method": "POST",
            "id": "agm-1ke5veb2wf-hl5wx3-POST",
            "operation_name": "",
            "request_models": {},
            "request_parameters": {},
            "request_validator_id": "",
            "resource_id": "hl5wx3",
            "rest_api_id": "1ke5veb2wf"
          },
          "sensitive_attributes": [],
          "identity_schema_version": 0,
          "private": "bnVsbA==",
          "dependencies": [
            "aws_api_gateway_resource.Resources",
            "aws_api_gateway_rest_api.TweeterAPI"
          ]
        },
        {
          "index_key": "isFollower",
          "schema_version": 0,
          "attributes": {
            "api_key_required": false,
            "authorization": "NONE",
            "authorization_scopes": [],
            "authorizer_id": "",
            "http_method": "POST",
            "id": "agm-1ke5veb2wf-w13bfw-POST",
            "operation_name": "",
            "request_models": {},
            "request_parameters": {},
            "request_validator_id": "",
            "resource_id": "w13bfw",
            "rest_api_id": "1ke5veb2wf"
          },
          "sensitive_attributes": [],
          "identity_schema_version": 0,
          "private": "bnVsbA==",
          "dependencies": [
            "aws_api_gateway_resource.Resources",
            "aws_api_gateway_rest_api.TweeterAPI"
          ]
        },
        {
          "index_key": "unfollow",
          "schema_version": 0,
          "attributes": {
            "api_key_required": false,
            "authorization": "NONE",
            "authorization_scopes": [],
            "authorizer_id": "",
            "http_method": "POST",
            "id": "agm-1ke5veb2wf-cag3js-POST",
            "operation_name": "",
            "request_models": {},
            "request_parameters": {},
            "request_validator_id": "",
            "resource_id": "cag3js",
            "rest_api_id": "1ke5veb2wf"
          },
          "sensitive_attributes": [],
          "identity_schema_version": 0,
          "private": "bnVsbA==",
          "dependencies": [
            "aws_api_gateway_resource.Resources",
            "aws_api_gateway_rest_api.TweeterAPI"
          ]
        }
      ]
    },
    {
      "mode": "managed",
      "type": "aws_api_gateway_method",
      "name": "options",
      "provider": "provider[\"registry.terraform.io/hashicorp/aws\"]",
      "instances": [
        {
          "index_key": "follow",
          "schema_version": 0,
          "attributes": {
            "api_key_required": false,
            "authorization": "NONE",
            "authorization_scopes": [],
            "authorizer_id": "",
            "http_method": "OPTIONS",
            "id": "agm-1ke5veb2wf-5g5ily-OPTIONS",
            "operation_name": "",
            "request_models": {},
            "request_parameters": {},
            "request_validator_id": "",
            "resource_id": "5g5ily",
            "rest_api_id": "1ke5veb2wf"
          },
          "sensitive_attributes": [],
          "identity_schema_version": 0,
          "private": "bnVsbA==",
          "dependencies": [
            "aws_api_gateway_resource.Resources",
            "aws_api_gateway_rest_api.TweeterAPI"
          ]
        },
        {
          "index_key": "followeeCount",
          "schema_version": 0,
          "attributes": {
            "api_key_required": false,
            "authorization": "NONE",
            "authorization_scopes": [],
            "authorizer_id": "",
            "http_method": "OPTIONS",
            "id": "agm-1ke5veb2wf-v5qwa0-OPTIONS",
            "operation_name": "",
            "request_models": {},
            "request_parameters": {},
            "request_validator_id": "",
            "resource_id": "v5qwa0",
            "rest_api_id": "1ke5veb2wf"
          },
          "sensitive_attributes": [],
          "identity_schema_version": 0,
          "private": "bnVsbA==",
          "dependencies": [
            "aws_api_gateway_resource.Resources",
            "aws_api_gateway_rest_api.TweeterAPI"
          ]
        },
        {
          "index_key": "followerCount",
          "schema_version": 0,
          "attributes": {
            "api_key_required": false,
            "authorization": "NONE",
            "authorization_scopes": [],
            "authorizer_id": "",
            "http_method": "OPTIONS",
            "id": "agm-1ke5veb2wf-ix7pw1-OPTIONS",
            "operation_name": "",
            "request_models": {},
            "request_parameters": {},
            "request_validator_id": "",
            "resource_id": "ix7pw1",
            "rest_api_id": "1ke5veb2wf"
          },
          "sensitive_attributes": [],
          "identity_schema_version": 0,
          "private": "bnVsbA==",
          "dependencies": [
            "aws_api_gateway_resource.Resources",
            "aws_api_gateway_rest_api.TweeterAPI"
          ]
        },
        {
          "index_key": "getFeedItems",
          "schema_version": 0,
          "attributes": {
            "api_key_required": false,
            "authorization": "NONE",
            "authorization_scopes": [],
            "authorizer_id": "",
            "http_method": "OPTIONS",
            "id": "agm-1ke5veb2wf-a6s4fr-OPTIONS",
            "operation_name": "",
            "request_models": {},
            "request_parameters": {},
            "request_validator_id": "",
            "resource_id": "a6s4fr",
            "rest_api_id": "1ke5veb2wf"
          },
          "sensitive_attributes": [],
          "identity_schema_version": 0,
          "private": "bnVsbA==",
          "dependencies": [
            "aws_api_gateway_resource.Resources",
            "aws_api_gateway_rest_api.TweeterAPI"
          ]
        },
        {
          "index_key": "getMoreFollowees",
          "schema_version": 0,
          "attributes": {
            "api_key_required": false,
            "authorization": "NONE",
            "authorization_scopes": [],
            "authorizer_id": "",
            "http_method": "OPTIONS",
            "id": "agm-1ke5veb2wf-gpu4zu-OPTIONS",
            "operation_name": "",
            "request_models": {},
            "request_parameters": {},
            "request_validator_id": "",
            "resource_id": "gpu4zu",
            "rest_api_id": "1ke5veb2wf"
          },
          "sensitive_attributes": [],
          "identity_schema_version": 0,
          "private": "bnVsbA==",
          "dependencies": [
            "aws_api_gateway_resource.Resources",
            "aws_api_gateway_rest_api.TweeterAPI"
          ]
        },
        {
          "index_key": "getMoreFollowers",
          "schema_version": 0,
          "attributes": {
            "api_key_required": false,
            "authorization": "NONE",
            "authorization_scopes": [],
            "authorizer_id": "",
            "http_method": "OPTIONS",
            "id": "agm-1ke5veb2wf-9912l6-OPTIONS",
            "operation_name": "",
            "request_models": {},
            "request_parameters": {},
            "request_validator_id": "",
            "resource_id": "9912l6",
            "rest_api_id": "1ke5veb2wf"
          },
          "sensitive_attributes": [],
          "identity_schema_version": 0,
          "private": "bnVsbA==",
          "dependencies": [
            "aws_api_gateway_resource.Resources",
            "aws_api_gateway_rest_api.TweeterAPI"
          ]
        },
        {
          "index_key": "getStoryItems",
          "schema_version": 0,
          "attributes": {
            "api_key_required": false,
            "authorization": "NONE",
            "authorization_scopes": [],
            "authorizer_id": "",
            "http_method": "OPTIONS",
            "id": "agm-1ke5veb2wf-hl5wx3-OPTIONS",
            "operation_name": "",
            "request_models": {},
            "request_parameters": {},
            "request_validator_id": "",
            "resource_id": "hl5wx3",
            "rest_api_id": "1ke5veb2wf"
          },
          "sensitive_attributes": [],
          "identity_schema_version": 0,
          "private": "bnVsbA==",
          "dependencies": [
            "aws_api_gateway_resource.Resources",
            "aws_api_gateway_rest_api.TweeterAPI"
          ]
        },
        {
          "index_key": "isFollower",
          "schema_version": 0,
          "attributes": {
            "api_key_required": false,
            "authorization": "NONE",
            "authorization_scopes": [],
            "authorizer_id": "",
            "http_method": "OPTIONS",
            "id": "agm-1ke5veb2wf-w13bfw-OPTIONS",
            "operation_name": "",
            "request_models": {},
            "request_parameters": {},
            "request_validator_id": "",
            "resource_id": "w13bfw",
            "rest_api_id": "1ke5veb2wf"
          },
          "sensitive_attributes": [],
          "identity_schema_version": 0,
          "private": "bnVsbA==",
          "dependencies": [
            "aws_api_gateway_resource.Resources",
            "aws_api_gateway_rest_api.TweeterAPI"
          ]
        },
        {
          "index_key": "unfollow",
          "schema_version": 0,
          "attributes": {
            "api_key_required": false,
            "authorization": "NONE",
            "authorization_scopes": [],
            "authorizer_id": "",
            "http_method": "OPTIONS",
            "id": "agm-1ke5veb2wf-cag3js-OPTIONS",
            "operation_name": "",
            "request_models": {},
            "request_parameters": {},
            "request_validator_id": "",
            "resource_id": "cag3js",
            "rest_api_id": "1ke5veb2wf"
          },
          "sensitive_attributes": [],
          "identity_schema_version": 0,
          "private": "bnVsbA==",
          "dependencies": [
            "aws_api_gateway_resource.Resources",
            "aws_api_gateway_rest_api.TweeterAPI"
          ]
        }
      ]
    },
    {
      "mode": "managed",
      "type": "aws_api_gateway_method_response",
      "name": "options_200",
      "provider": "provider[\"registry.terraform.io/hashicorp/aws\"]",
      "instances": [
        {
          "index_key": "follow",
          "schema_version": 0,
          "attributes": {
            "http_method": "OPTIONS",
            "id": "agmr-1ke5veb2wf-5g5ily-OPTIONS-200",
            "resource_id": "5g5ily",
            "response_models": {
              "application/json": "Empty"
            },
            "response_parameters": {
              "method.response.header.Access-Control-Allow-Headers": true,
              "method.response.header.Access-Control-Allow-Methods": true,
              "method.response.header.Access-Control-Allow-Origin": true
            },
            "rest_api_id": "1ke5veb2wf",
            "status_code": "200"
          },
          "sensitive_attributes": [],
          "identity_schema_version": 0,
          "private": "bnVsbA==",
          "dependencies": [
            "aws_api_gateway_method.options",
            "aws_api_gateway_resource.Resources",
            "aws_api_gateway_rest_api.TweeterAPI"
          ]
        },
        {
          "index_key": "followeeCount",
          "schema_version": 0,
          "attributes": {
            "http_method": "OPTIONS",
            "id": "agmr-1ke5veb2wf-v5qwa0-OPTIONS-200",
            "resource_id": "v5qwa0",
            "response_models": {
              "application/json": "Empty"
            },
            "response_parameters": {
              "method.response.header.Access-Control-Allow-Headers": true,
              "method.response.header.Access-Control-Allow-Methods": true,
              "method.response.header.Access-Control-Allow-Origin": true
            },
            "rest_api_id": "1ke5veb2wf",
            "status_code": "200"
          },
          "sensitive_attributes": [],
          "identity_schema_version": 0,
          "private": "bnVsbA==",
          "dependencies": [
            "aws_api_gateway_method.options",
            "aws_api_gateway_resource.Resources",
            "aws_api_gateway_rest_api.TweeterAPI"
          ]
        },
        {
          "index_key": "followerCount",
          "schema_version": 0,
          "attributes": {
            "http_method": "OPTIONS",
            "id": "agmr-1ke5veb2wf-ix7pw1-OPTIONS-200",
            "resource_id": "ix7pw1",
            "response_models": {
              "application/json": "Empty"
            },
            "response_parameters": {
              "method.response.header.Access-Control-Allow-Headers": true,
              "method.response.header.Access-Control-Allow-Methods": true,
              "method.response.header.Access-Control-Allow-Origin": true
            },
            "rest_api_id": "1ke5veb2wf",
            "status_code": "200"
          },
          "sensitive_attributes": [],
          "identity_schema_version": 0,
          "private": "bnVsbA==",
          "dependencies": [
            "aws_api_gateway_method.options",
            "aws_api_gateway_resource.Resources",
            "aws_api_gateway_rest_api.TweeterAPI"
          ]
        },
        {
          "index_key": "getFeedItems",
          "schema_version": 0,
          "attributes": {
            "http_method": "OPTIONS",
            "id": "agmr-1ke5veb2wf-a6s4fr-OPTIONS-200",
            "resource_id": "a6s4fr",
            "response_models": {
              "application/json": "Empty"
            },
            "response_parameters": {
              "method.response.header.Access-Control-Allow-Headers": true,
              "method.response.header.Access-Control-Allow-Methods": true,
              "method.response.header.Access-Control-Allow-Origin": true
            },
            "rest_api_id": "1ke5veb2wf",
            "status_code": "200"
          },
          "sensitive_attributes": [],
          "identity_schema_version": 0,
          "private": "bnVsbA==",
          "dependencies": [
            "aws_api_gateway_method.options",
            "aws_api_gateway_resource.Resources",
            "aws_api_gateway_rest_api.TweeterAPI"
          ]
        },
        {
          "index_key": "getMoreFollowees",
          "schema_version": 0,
          "attributes": {
            "http_method": "OPTIONS",
            "id": "agmr-1ke5veb2wf-gpu4zu-OPTIONS-200",
            "resource_id": "gpu4zu",
            "response_models": {
              "application/json": "Empty"
            },
            "response_parameters": {
              "method.response.header.Access-Control-Allow-Headers": true,
              "method.response.header.Access-Control-Allow-Methods": true,
              "method.response.header.Access-Control-Allow-Origin": true
            },
            "rest_api_id": "1ke5veb2wf",
            "status_code": "200"
          },
          "sensitive_attributes": [],
          "identity_schema_version": 0,
          "private": "bnVsbA==",
          "dependencies": [
            "aws_api_gateway_method.options",
            "aws_api_gateway_resource.Resources",
            "aws_api_gateway_rest_api.TweeterAPI"
          ]
        },
        {
          "index_key": "getMoreFollowers",
          "schema_version": 0,
          "attributes": {
            "http_method": "OPTIONS",
            "id": "agmr-1ke5veb2wf-9912l6-OPTIONS-200",
            "resource_id": "9912l6",
            "response_models": {
              "application/json": "Empty"
            },
            "response_parameters": {
              "method.response.header.Access-Control-Allow-Headers": true,
              "method.response.header.Access-Control-Allow-Methods": true,
              "method.response.header.Access-Control-Allow-Origin": true
            },
            "rest_api_id": "1ke5veb2wf",
            "status_code": "200"
          },
          "sensitive_attributes": [],
          "identity_schema_version": 0,
          "private": "bnVsbA==",
          "dependencies": [
            "aws_api_gateway_method.options",
            "aws_api_gateway_resource.Resources",
            "aws_api_gateway_rest_api.TweeterAPI"
          ]
        },
        {
          "index_key": "getStoryItems",
          "schema_version": 0,
          "attributes": {
            "http_method": "OPTIONS",
            "id": "agmr-1ke5veb2wf-hl5wx3-OPTIONS-200",
            "resource_id": "hl5wx3",
            "response_models": {
              "application/json": "Empty"
            },
            "response_parameters": {
              "method.response.header.Access-Control-Allow-Headers": true,
              "method.response.header.Access-Control-Allow-Methods": true,
              "method.response.header.Access-Control-Allow-Origin": true
            },
            "rest_api_id": "1ke5veb2wf",
            "status_code": "200"
          },
          "sensitive_attributes": [],
          "identity_schema_version": 0,
          "private": "bnVsbA==",
          "dependencies": [
            "aws_api_gateway_method.options",
            "aws_api_gateway_resource.Resources",
            "aws_api_gateway_rest_api.TweeterAPI"
          ]
        },
        {
          "index_key": "isFollower",
          "schema_version": 0,
          "attributes": {
            "http_method": "OPTIONS",
            "id": "agmr-1ke5veb2wf-w13bfw-OPTIONS-200",
            "resource_id": "w13bfw",
            "response_models": {
              "application/json": "Empty"
            },
            "response_parameters": {
              "method.response.header.Access-Control-Allow-Headers": true,
              "method.response.header.Access-Control-Allow-Methods": true,
              "method.response.header.Access-Control-Allow-Origin": true
            },
            "rest_api_id": "1ke5veb2wf",
            "status_code": "200"
          },
          "sensitive_attributes": [],
          "identity_schema_version": 0,
          "private": "bnVsbA==",
          "dependencies": [
            "aws_api_gateway_method.options",
            "aws_api_gateway_resource.Resources",
            "aws_api_gateway_rest_api.TweeterAPI"
          ]
        },
        {
          "index_key": "unfollow",
          "schema_version": 0,
          "attributes": {
            "http_method": "OPTIONS",
            "id": "agmr-1ke5veb2wf-cag3js-OPTIONS-200",
            "resource_id": "cag3js",
            "response_models": {
              "application/json": "Empty"
            },
            "response_parameters": {
              "method.response.header.Access-Control-Allow-Headers": true,
              "method.response.header.Access-Control-Allow-Methods": true,
              "method.response.header.Access-Control-Allow-Origin": true
            },
            "rest_api_id": "1ke5veb2wf",
            "status_code": "200"
          },
          "sensitive_attributes": [],
          "identity_schema_version": 0,
          "private": "bnVsbA==",
          "dependencies": [
            "aws_api_gateway_method.options",
            "aws_api_gateway_resource.Resources",
            "aws_api_gateway_rest_api.TweeterAPI"
          ]
        }
      ]
    },
    {
      "mode": "managed",
      "type": "aws_api_gateway_method_response",
      "name": "response400",
      "provider": "provider[\"registry.terraform.io/hashicorp/aws\"]",
      "instances": [
        {
          "index_key": "follow",
          "schema_version": 0,
          "attributes": {
            "http_method": "POST",
            "id": "agmr-1ke5veb2wf-5g5ily-POST-400",
            "resource_id": "5g5ily",
            "response_models": {
              "application/json": "Empty"
            },
            "response_parameters": {
              "method.response.header.Access-Control-Allow-Headers": true,
              "method.response.header.Access-Control-Allow-Methods": true,
              "method.response.header.Access-Control-Allow-Origin": true
            },
            "rest_api_id": "1ke5veb2wf",
            "status_code": "400"
          },
          "sensitive_attributes": [],
          "identity_schema_version": 0,
          "private": "bnVsbA==",
          "dependencies": [
            "aws_api_gateway_method.Method",
            "aws_api_gateway_resource.Resources",
            "aws_api_gateway_rest_api.TweeterAPI"
          ]
        },
        {
          "index_key": "followeeCount",
          "schema_version": 0,
          "attributes": {
            "http_method": "POST",
            "id": "agmr-1ke5veb2wf-v5qwa0-POST-400",
            "resource_id": "v5qwa0",
            "response_models": {
              "application/json": "Empty"
            },
            "response_parameters": {
              "method.response.header.Access-Control-Allow-Headers": true,
              "method.response.header.Access-Control-Allow-Methods": true,
              "method.response.header.Access-Control-Allow-Origin": true
            },
            "rest_api_id": "1ke5veb2wf",
            "status_code": "400"
          },
          "sensitive_attributes": [],
          "identity_schema_version": 0,
          "private": "bnVsbA==",
          "dependencies": [
            "aws_api_gateway_method.Method",
            "aws_api_gateway_resource.Resources",
            "aws_api_gateway_rest_api.TweeterAPI"
          ]
        },
        {
          "index_key": "followerCount",
          "schema_version": 0,
          "attributes": {
            "http_method": "POST",
            "id": "agmr-1ke5veb2wf-ix7pw1-POST-400",
            "resource_id": "ix7pw1",
            "response_models": {
              "application/json": "Empty"
            },
            "response_parameters": {
              "method.response.header.Access-Control-Allow-Headers": true,
              "method.response.header.Access-Control-Allow-Methods": true,
              "method.response.header.Access-Control-Allow-Origin": true
            },
            "rest_api_id": "1ke5veb2wf",
            "status_code": "400"
          },
          "sensitive_attributes": [],
          "identity_schema_version": 0,
          "private": "bnVsbA==",
          "dependencies": [
            "aws_api_gateway_method.Method",
            "aws_api_gateway_resource.Resources",
            "aws_api_gateway_rest_api.TweeterAPI"
          ]
        },
        {
          "index_key": "getFeedItems",
          "schema_version": 0,
          "attributes": {
            "http_method": "POST",
            "id": "agmr-1ke5veb2wf-a6s4fr-POST-400",
            "resource_id": "a6s4fr",
            "response_models": {
              "application/json": "Empty"
            },
            "response_parameters": {
              "method.response.header.Access-Control-Allow-Headers": true,
              "method.response.header.Access-Control-Allow-Methods": true,
              "method.response.header.Access-Control-Allow-Origin": true
            },
            "rest_api_id": "1ke5veb2wf",
            "status_code": "400"
          },
          "sensitive_attributes": [],
          "identity_schema_version": 0,
          "private": "bnVsbA==",
          "dependencies": [
            "aws_api_gateway_method.Method",
            "aws_api_gateway_resource.Resources",
            "aws_api_gateway_rest_api.TweeterAPI"
          ]
        },
        {
          "index_key": "getMoreFollowees",
          "schema_version": 0,
          "attributes": {
            "http_method": "POST",
            "id": "agmr-1ke5veb2wf-gpu4zu-POST-400",
            "resource_id": "gpu4zu",
            "response_models": {
              "application/json": "Empty"
            },
            "response_parameters": {
              "method.response.header.Access-Control-Allow-Headers": true,
              "method.response.header.Access-Control-Allow-Methods": true,
              "method.response.header.Access-Control-Allow-Origin": true
            },
            "rest_api_id": "1ke5veb2wf",
            "status_code": "400"
          },
          "sensitive_attributes": [],
          "identity_schema_version": 0,
          "private": "bnVsbA==",
          "dependencies": [
            "aws_api_gateway_method.Method",
            "aws_api_gateway_resource.Resources",
            "aws_api_gateway_rest_api.TweeterAPI"
          ]
        },
        {
          "index_key": "getMoreFollowers",
          "schema_version": 0,
          "attributes": {
            "http_method": "POST",
            "id": "agmr-1ke5veb2wf-9912l6-POST-400",
            "resource_id": "9912l6",
            "response_models": {
              "application/json": "Empty"
            },
            "response_parameters": {
              "method.response.header.Access-Control-Allow-Headers": true,
              "method.response.header.Access-Control-Allow-Methods": true,
              "method.response.header.Access-Control-Allow-Origin": true
            },
            "rest_api_id": "1ke5veb2wf",
            "status_code": "400"
          },
          "sensitive_attributes": [],
          "identity_schema_version": 0,
          "private": "bnVsbA==",
          "dependencies": [
            "aws_api_gateway_method.Method",
            "aws_api_gateway_resource.Resources",
            "aws_api_gateway_rest_api.TweeterAPI"
          ]
        },
        {
          "index_key": "getStoryItems",
          "schema_version": 0,
          "attributes": {
            "http_method": "POST",
            "id": "agmr-1ke5veb2wf-hl5wx3-POST-400",
            "resource_id": "hl5wx3",
            "response_models": {
              "application/json": "Empty"
            },
            "response_parameters": {
              "method.response.header.Access-Control-Allow-Headers": true,
              "method.response.header.Access-Control-Allow-Methods": true,
              "method.response.header.Access-Control-Allow-Origin": true
            },
            "rest_api_id": "1ke5veb2wf",
            "status_code": "400"
          },
          "sensitive_attributes": [],
          "identity_schema_version": 0,
          "private": "bnVsbA==",
          "dependencies": [
            "aws_api_gateway_method.Method",
            "aws_api_gateway_resource.Resources",
            "aws_api_gateway_rest_api.TweeterAPI"
          ]
        },
        {
          "index_key": "isFollower",
          "schema_version": 0,
          "attributes": {
            "http_method": "POST",
            "id": "agmr-1ke5veb2wf-w13bfw-POST-400",
            "resource_id": "w13bfw",
            "response_models": {
              "application/json": "Empty"
            },
            "response_parameters": {
              "method.response.header.Access-Control-Allow-Headers": true,
              "method.response.header.Access-Control-Allow-Methods": true,
              "method.response.header.Access-Control-Allow-Origin": true
            },
            "rest_api_id": "1ke5veb2wf",
            "status_code": "400"
          },
          "sensitive_attributes": [],
          "identity_schema_version": 0,
          "private": "bnVsbA==",
          "dependencies": [
            "aws_api_gateway_method.Method",
            "aws_api_gateway_resource.Resources",
            "aws_api_gateway_rest_api.TweeterAPI"
          ]
        },
        {
          "index_key": "unfollow",
          "schema_version": 0,
          "attributes": {
            "http_method": "POST",
            "id": "agmr-1ke5veb2wf-cag3js-POST-400",
            "resource_id": "cag3js",
            "response_models": {
              "application/json": "Empty"
            },
            "response_parameters": {
              "method.response.header.Access-Control-Allow-Headers": true,
              "method.response.header.Access-Control-Allow-Methods": true,
              "method.response.header.Access-Control-Allow-Origin": true
            },
            "rest_api_id": "1ke5veb2wf",
            "status_code": "400"
          },
          "sensitive_attributes": [],
          "identity_schema_version": 0,
          "private": "bnVsbA==",
          "dependencies": [
            "aws_api_gateway_method.Method",
            "aws_api_gateway_resource.Resources",
            "aws_api_gateway_rest_api.TweeterAPI"
          ]
        }
      ]
    },
    {
      "mode": "managed",
      "type": "aws_api_gateway_method_response",
      "name": "response500",
      "provider": "provider[\"registry.terraform.io/hashicorp/aws\"]",
      "instances": [
        {
          "index_key": "follow",
          "schema_version": 0,
          "attributes": {
            "http_method": "POST",
            "id": "agmr-1ke5veb2wf-5g5ily-POST-500",
            "resource_id": "5g5ily",
            "response_models": {
              "application/json": "Empty"
            },
            "response_parameters": {
              "method.response.header.Access-Control-Allow-Headers": true,
              "method.response.header.Access-Control-Allow-Methods": true,
              "method.response.header.Access-Control-Allow-Origin": true
            },
            "rest_api_id": "1ke5veb2wf",
            "status_code": "500"
          },
          "sensitive_attributes": [],
          "identity_schema_version": 0,
          "private": "bnVsbA==",
          "dependencies": [
            "aws_api_gateway_method.Method",
            "aws_api_gateway_resource.Resources",
            "aws_api_gateway_rest_api.TweeterAPI"
          ]
        },
        {
          "index_key": "followeeCount",
          "schema_version": 0,
          "attributes": {
            "http_method": "POST",
            "id": "agmr-1ke5veb2wf-v5qwa0-POST-500",
            "resource_id": "v5qwa0",
            "response_models": {
              "application/json": "Empty"
            },
            "response_parameters": {
              "method.response.header.Access-Control-Allow-Headers": true,
              "method.response.header.Access-Control-Allow-Methods": true,
              "method.response.header.Access-Control-Allow-Origin": true
            },
            "rest_api_id": "1ke5veb2wf",
            "status_code": "500"
          },
          "sensitive_attributes": [],
          "identity_schema_version": 0,
          "private": "bnVsbA==",
          "dependencies": [
            "aws_api_gateway_method.Method",
            "aws_api_gateway_resource.Resources",
            "aws_api_gateway_rest_api.TweeterAPI"
          ]
        },
        {
          "index_key": "followerCount",
          "schema_version": 0,
          "attributes": {
            "http_method": "POST",
            "id": "agmr-1ke5veb2wf-ix7pw1-POST-500",
            "resource_id": "ix7pw1",
            "response_models": {
              "application/json": "Empty"
            },
            "response_parameters": {
              "method.response.header.Access-Control-Allow-Headers": true,
              "method.response.header.Access-Control-Allow-Methods": true,
              "method.response.header.Access-Control-Allow-Origin": true
            },
            "rest_api_id": "1ke5veb2wf",
            "status_code": "500"
          },
          "sensitive_attributes": [],
          "identity_schema_version": 0,
          "private": "bnVsbA==",
          "dependencies": [
            "aws_api_gateway_method.Method",
            "aws_api_gateway_resource.Resources",
            "aws_api_gateway_rest_api.TweeterAPI"
          ]
        },
        {
          "index_key": "getFeedItems",
          "schema_version": 0,
          "attributes": {
            "http_method": "POST",
            "id": "agmr-1ke5veb2wf-a6s4fr-POST-500",
            "resource_id": "a6s4fr",
            "response_models": {
              "application/json": "Empty"
            },
            "response_parameters": {
              "method.response.header.Access-Control-Allow-Headers": true,
              "method.response.header.Access-Control-Allow-Methods": true,
              "method.response.header.Access-Control-Allow-Origin": true
            },
            "rest_api_id": "1ke5veb2wf",
            "status_code": "500"
          },
          "sensitive_attributes": [],
          "identity_schema_version": 0,
          "private": "bnVsbA==",
          "dependencies": [
            "aws_api_gateway_method.Method",
            "aws_api_gateway_resource.Resources",
            "aws_api_gateway_rest_api.TweeterAPI"
          ]
        },
        {
          "index_key": "getMoreFollowees",
          "schema_version": 0,
          "attributes": {
            "http_method": "POST",
            "id": "agmr-1ke5veb2wf-gpu4zu-POST-500",
            "resource_id": "gpu4zu",
            "response_models": {
              "application/json": "Empty"
            },
            "response_parameters": {
              "method.response.header.Access-Control-Allow-Headers": true,
              "method.response.header.Access-Control-Allow-Methods": true,
              "method.response.header.Access-Control-Allow-Origin": true
            },
            "rest_api_id": "1ke5veb2wf",
            "status_code": "500"
          },
          "sensitive_attributes": [],
          "identity_schema_version": 0,
          "private": "bnVsbA==",
          "dependencies": [
            "aws_api_gateway_method.Method",
            "aws_api_gateway_resource.Resources",
            "aws_api_gateway_rest_api.TweeterAPI"
          ]
        },
        {
          "index_key": "getMoreFollowers",
          "schema_version": 0,
          "attributes": {
            "http_method": "POST",
            "id": "agmr-1ke5veb2wf-9912l6-POST-500",
            "resource_id": "9912l6",
            "response_models": {
              "application/json": "Empty"
            },
            "response_parameters": {
              "method.response.header.Access-Control-Allow-Headers": true,
              "method.response.header.Access-Control-Allow-Methods": true,
              "method.response.header.Access-Control-Allow-Origin": true
            },
            "rest_api_id": "1ke5veb2wf",
            "status_code": "500"
          },
          "sensitive_attributes": [],
          "identity_schema_version": 0,
          "private": "bnVsbA==",
          "dependencies": [
            "aws_api_gateway_method.Method",
            "aws_api_gateway_resource.Resources",
            "aws_api_gateway_rest_api.TweeterAPI"
          ]
        },
        {
          "index_key": "getStoryItems",
          "schema_version": 0,
          "attributes": {
            "http_method": "POST",
            "id": "agmr-1ke5veb2wf-hl5wx3-POST-500",
            "resource_id": "hl5wx3",
            "response_models": {
              "application/json": "Empty"
            },
            "response_parameters": {
              "method.response.header.Access-Control-Allow-Headers": true,
              "method.response.header.Access-Control-Allow-Methods": true,
              "method.response.header.Access-Control-Allow-Origin": true
            },
            "rest_api_id": "1ke5veb2wf",
            "status_code": "500"
          },
          "sensitive_attributes": [],
          "identity_schema_version": 0,
          "private": "bnVsbA==",
          "dependencies": [
            "aws_api_gateway_method.Method",
            "aws_api_gateway_resource.Resources",
            "aws_api_gateway_rest_api.TweeterAPI"
          ]
        },
        {
          "index_key": "isFollower",
          "schema_version": 0,
          "attributes": {
            "http_method": "POST",
            "id": "agmr-1ke5veb2wf-w13bfw-POST-500",
            "resource_id": "w13bfw",
            "response_models": {
              "application/json": "Empty"
            },
            "response_parameters": {
              "method.response.header.Access-Control-Allow-Headers": true,
              "method.response.header.Access-Control-Allow-Methods": true,
              "method.response.header.Access-Control-Allow-Origin": true
            },
            "rest_api_id": "1ke5veb2wf",
            "status_code": "500"
          },
          "sensitive_attributes": [],
          "identity_schema_version": 0,
          "private": "bnVsbA==",
          "dependencies": [
            "aws_api_gateway_method.Method",
            "aws_api_gateway_resource.Resources",
            "aws_api_gateway_rest_api.TweeterAPI"
          ]
        },
        {
          "index_key": "unfollow",
          "schema_version": 0,
          "attributes": {
            "http_method": "POST",
            "id": "agmr-1ke5veb2wf-cag3js-POST-500",
            "resource_id": "cag3js",
            "response_models": {
              "application/json": "Empty"
            },
            "response_parameters": {
              "method.response.header.Access-Control-Allow-Headers": true,
              "method.response.header.Access-Control-Allow-Methods": true,
              "method.response.header.Access-Control-Allow-Origin": true
            },
            "rest_api_id": "1ke5veb2wf",
            "status_code": "500"
          },
          "sensitive_attributes": [],
          "identity_schema_version": 0,
          "private": "bnVsbA==",
          "dependencies": [
            "aws_api_gateway_method.Method",
            "aws_api_gateway_resource.Resources",
            "aws_api_gateway_rest_api.TweeterAPI"
          ]
        }
      ]
    },
    {
      "mode": "managed",
      "type": "aws_api_gateway_method_response",
      "name": "response_200",
      "provider": "provider[\"registry.terraform.io/hashicorp/aws\"]",
      "instances": [
        {
          "index_key": "follow",
          "schema_version": 0,
          "attributes": {
            "http_method": "POST",
            "id": "agmr-1ke5veb2wf-5g5ily-POST-200",
            "resource_id": "5g5ily",
            "response_models": {
              "application/json": "Empty"
            },
            "response_parameters": {
              "method.response.header.Access-Control-Allow-Headers": true,
              "method.response.header.Access-Control-Allow-Methods": true,
              "method.response.header.Access-Control-Allow-Origin": true
            },
            "rest_api_id": "1ke5veb2wf",
            "status_code": "200"
          },
          "sensitive_attributes": [],
          "identity_schema_version": 0,
          "private": "bnVsbA==",
          "dependencies": [
            "aws_api_gateway_method.Method",
            "aws_api_gateway_resource.Resources",
            "aws_api_gateway_rest_api.TweeterAPI"
          ]
        },
        {
          "index_key": "followeeCount",
          "schema_version": 0,
          "attributes": {
            "http_method": "POST",
            "id": "agmr-1ke5veb2wf-v5qwa0-POST-200",
            "resource_id": "v5qwa0",
            "response_models": {
              "application/json": "Empty"
            },
            "response_parameters": {
              "method.response.header.Access-Control-Allow-Headers": true,
              "method.response.header.Access-Control-Allow-Methods": true,
              "method.response.header.Access-Control-Allow-Origin": true
            },
            "rest_api_id": "1ke5veb2wf",
            "status_code": "200"
          },
          "sensitive_attributes": [],
          "identity_schema_version": 0,
          "private": "bnVsbA==",
          "dependencies": [
            "aws_api_gateway_method.Method",
            "aws_api_gateway_resource.Resources",
            "aws_api_gateway_rest_api.TweeterAPI"
          ]
        },
        {
          "index_key": "followerCount",
          "schema_version": 0,
          "attributes": {
            "http_method": "POST",
            "id": "agmr-1ke5veb2wf-ix7pw1-POST-200",
            "resource_id": "ix7pw1",
            "response_models": {
              "application/json": "Empty"
            },
            "response_parameters": {
              "method.response.header.Access-Control-Allow-Headers": true,
              "method.response.header.Access-Control-Allow-Methods": true,
              "method.response.header.Access-Control-Allow-Origin": true
            },
            "rest_api_id": "1ke5veb2wf",
            "status_code": "200"
          },
          "sensitive_attributes": [],
          "identity_schema_version": 0,
          "private": "bnVsbA==",
          "dependencies": [
            "aws_api_gateway_method.Method",
            "aws_api_gateway_resource.Resources",
            "aws_api_gateway_rest_api.TweeterAPI"
          ]
        },
        {
          "index_key": "getFeedItems",
          "schema_version": 0,
          "attributes": {
            "http_method": "POST",
            "id": "agmr-1ke5veb2wf-a6s4fr-POST-200",
            "resource_id": "a6s4fr",
            "response_models": {
              "application/json": "Empty"
            },
            "response_parameters": {
              "method.response.header.Access-Control-Allow-Headers": true,
              "method.response.header.Access-Control-Allow-Methods": true,
              "method.response.header.Access-Control-Allow-Origin": true
            },
            "rest_api_id": "1ke5veb2wf",
            "status_code": "200"
          },
          "sensitive_attributes": [],
          "identity_schema_version": 0,
          "private": "bnVsbA==",
          "dependencies": [
            "aws_api_gateway_method.Method",
            "aws_api_gateway_resource.Resources",
            "aws_api_gateway_rest_api.TweeterAPI"
          ]
        },
        {
          "index_key": "getMoreFollowees",
          "schema_version": 0,
          "attributes": {
            "http_method": "POST",
            "id": "agmr-1ke5veb2wf-gpu4zu-POST-200",
            "resource_id": "gpu4zu",
            "response_models": {
              "application/json": "Empty"
            },
            "response_parameters": {
              "method.response.header.Access-Control-Allow-Headers": true,
              "method.response.header.Access-Control-Allow-Methods": true,
              "method.response.header.Access-Control-Allow-Origin": true
            },
            "rest_api_id": "1ke5veb2wf",
            "status_code": "200"
          },
          "sensitive_attributes": [],
          "identity_schema_version": 0,
          "private": "bnVsbA==",
          "dependencies": [
            "aws_api_gateway_method.Method",
            "aws_api_gateway_resource.Resources",
            "aws_api_gateway_rest_api.TweeterAPI"
          ]
        },
        {
          "index_key": "getMoreFollowers",
          "schema_version": 0,
          "attributes": {
            "http_method": "POST",
            "id": "agmr-1ke5veb2wf-9912l6-POST-200",
            "resource_id": "9912l6",
            "response_models": {
              "application/json": "Empty"
            },
            "response_parameters": {
              "method.response.header.Access-Control-Allow-Headers": true,
              "method.response.header.Access-Control-Allow-Methods": true,
              "method.response.header.Access-Control-Allow-Origin": true
            },
            "rest_api_id": "1ke5veb2wf",
            "status_code": "200"
          },
          "sensitive_attributes": [],
          "identity_schema_version": 0,
          "private": "bnVsbA==",
          "dependencies": [
            "aws_api_gateway_method.Method",
            "aws_api_gateway_resource.Resources",
            "aws_api_gateway_rest_api.TweeterAPI"
          ]
        },
        {
          "index_key": "getStoryItems",
          "schema_version": 0,
          "attributes": {
            "http_method": "POST",
            "id": "agmr-1ke5veb2wf-hl5wx3-POST-200",
            "resource_id": "hl5wx3",
            "response_models": {
              "application/json": "Empty"
            },
            "response_parameters": {
              "method.response.header.Access-Control-Allow-Headers": true,
              "method.response.header.Access-Control-Allow-Methods": true,
              "method.response.header.Access-Control-Allow-Origin": true
            },
            "rest_api_id": "1ke5veb2wf",
            "status_code": "200"
          },
          "sensitive_attributes": [],
          "identity_schema_version": 0,
          "private": "bnVsbA==",
          "dependencies": [
            "aws_api_gateway_method.Method",
            "aws_api_gateway_resource.Resources",
            "aws_api_gateway_rest_api.TweeterAPI"
          ]
        },
        {
          "index_key": "isFollower",
          "schema_version": 0,
          "attributes": {
            "http_method": "POST",
            "id": "agmr-1ke5veb2wf-w13bfw-POST-200",
            "resource_id": "w13bfw",
            "response_models": {
              "application/json": "Empty"
            },
            "response_parameters": {
              "method.response.header.Access-Control-Allow-Headers": true,
              "method.response.header.Access-Control-Allow-Methods": true,
              "method.response.header.Access-Control-Allow-Origin": true
            },
            "rest_api_id": "1ke5veb2wf",
            "status_code": "200"
          },
          "sensitive_attributes": [],
          "identity_schema_version": 0,
          "private": "bnVsbA==",
          "dependencies": [
            "aws_api_gateway_method.Method",
            "aws_api_gateway_resource.Resources",
            "aws_api_gateway_rest_api.TweeterAPI"
          ]
        },
        {
          "index_key": "unfollow",
          "schema_version": 0,
          "attributes": {
            "http_method": "POST",
            "id": "agmr-1ke5veb2wf-cag3js-POST-200",
            "resource_id": "cag3js",
            "response_models": {
              "application/json": "Empty"
            },
            "response_parameters": {
              "method.response.header.Access-Control-Allow-Headers": true,
              "method.response.header.Access-Control-Allow-Methods": true,
              "method.response.header.Access-Control-Allow-Origin": true
            },
            "rest_api_id": "1ke5veb2wf",
            "status_code": "200"
          },
          "sensitive_attributes": [],
          "identity_schema_version": 0,
          "private": "bnVsbA==",
          "dependencies": [
            "aws_api_gateway_method.Method",
            "aws_api_gateway_resource.Resources",
            "aws_api_gateway_rest_api.TweeterAPI"
          ]
        }
      ]
    },
    {
      "mode": "managed",
      "type": "aws_api_gateway_resource",
      "name": "Resources",
      "provider": "provider[\"registry.terraform.io/hashicorp/aws\"]",
      "instances": [
        {
          "index_key": "follow",
          "schema_version": 0,
          "attributes": {
            "id": "5g5ily",
            "parent_id": "qfyir36nfi",
            "path": "/follow",
            "path_part": "follow",
            "rest_api_id": "1ke5veb2wf"
          },
          "sensitive_attributes": [],
          "identity_schema_version": 0,
          "private": "bnVsbA==",
          "dependencies": [
            "aws_api_gateway_rest_api.TweeterAPI"
          ]
        },
        {
          "index_key": "followeeCount",
          "schema_version": 0,
          "attributes": {
            "id": "v5qwa0",
            "parent_id": "qfyir36nfi",
            "path": "/followeecount",
            "path_part": "followeecount",
            "rest_api_id": "1ke5veb2wf"
          },
          "sensitive_attributes": [],
          "identity_schema_version": 0,
          "private": "bnVsbA==",
          "dependencies": [
            "aws_api_gateway_rest_api.TweeterAPI"
          ]
        },
        {
          "index_key": "followerCount",
          "schema_version": 0,
          "attributes": {
            "id": "ix7pw1",
            "parent_id": "qfyir36nfi",
            "path": "/followercount",
            "path_part": "followercount",
            "rest_api_id": "1ke5veb2wf"
          },
          "sensitive_attributes": [],
          "identity_schema_version": 0,
          "private": "bnVsbA==",
          "dependencies": [
            "aws_api_gateway_rest_api.TweeterAPI"
          ]
        },
        {
          "index_key": "getFeedItems",
          "schema_version": 0,
          "attributes": {
            "id": "a6s4fr",
            "parent_id": "qfyir36nfi",
            "path": "/getfeeditems",
            "path_part": "getfeeditems",
            "rest_api_id": "1ke5veb2wf"
          },
          "sensitive_attributes": [],
          "identity_schema_version": 0,
          "private": "bnVsbA==",
          "dependencies": [
            "aws_api_gateway_rest_api.TweeterAPI"
          ]
        },
        {
          "index_key": "getMoreFollowees",
          "schema_version": 0,
          "attributes": {
            "id": "gpu4zu",
            "parent_id": "qfyir36nfi",
            "path": "/getfollowees",
            "path_part": "getfollowees",
            "rest_api_id": "1ke5veb2wf"
          },
          "sensitive_attributes": [],
          "identity_schema_version": 0,
          "private": "bnVsbA==",
          "dependencies": [
            "aws_api_gateway_rest_api.TweeterAPI"
          ]
        },
        {
          "index_key": "getMoreFollowers",
          "schema_version": 0,
          "attributes": {
            "id": "9912l6",
            "parent_id": "qfyir36nfi",
            "path": "/getfollowers",
            "path_part": "getfollowers",
            "rest_api_id": "1ke5veb2wf"
          },
          "sensitive_attributes": [],
          "identity_schema_version": 0,
          "private": "bnVsbA==",
          "dependencies": [
            "aws_api_gateway_rest_api.TweeterAPI"
          ]
        },
        {
          "index_key": "getStoryItems",
          "schema_version": 0,
          "attributes": {
            "id": "hl5wx3",
            "parent_id": "qfyir36nfi",
            "path": "/getstoryitems",
            "path_part": "getstoryitems",
            "rest_api_id": "1ke5veb2wf"
          },
          "sensitive_attributes": [],
          "identity_schema_version": 0,
          "private": "bnVsbA==",
          "dependencies": [
            "aws_api_gateway_rest_api.TweeterAPI"
          ]
        },
        {
          "index_key": "isFollower",
          "schema_version": 0,
          "attributes": {
            "id": "w13bfw",
            "parent_id": "qfyir36nfi",
            "path": "/isfollower",
            "path_part": "isfollower",
            "rest_api_id": "1ke5veb2wf"
          },
          "sensitive_attributes": [],
          "identity_schema_version": 0,
          "private": "bnVsbA==",
          "dependencies": [
            "aws_api_gateway_rest_api.TweeterAPI"
          ]
        },
        {
          "index_key": "unfollow",
          "schema_version": 0,
          "attributes": {
            "id": "cag3js",
            "parent_id": "qfyir36nfi",
            "path": "/unfollow",
            "path_part": "unfollow",
            "rest_api_id": "1ke5veb2wf"
          },
          "sensitive_attributes": [],
          "identity_schema_version": 0,
          "private": "bnVsbA==",
          "dependencies": [
            "aws_api_gateway_rest_api.TweeterAPI"
          ]
        }
      ]
    },
    {
      "mode": "managed",
      "type": "aws_api_gateway_rest_api",
      "name": "TweeterAPI",
      "provider": "provider[\"registry.terraform.io/hashicorp/aws\"]",
      "instances": [
        {
          "schema_version": 0,
          "attributes": {
            "api_key_source": "HEADER",
            "arn": "arn:aws:apigateway:us-west-2::/restapis/1ke5veb2wf",
            "binary_media_types": [],
            "body": null,
            "created_date": "2026-03-24T20:36:14Z",
            "description": "",
            "disable_execute_api_endpoint": false,
            "endpoint_configuration": [
              {
                "types": [
                  "REGIONAL"
                ],
                "vpc_endpoint_ids": []
              }
            ],
            "execution_arn": "arn:aws:execute-api:us-west-2:615299777283:1ke5veb2wf",
            "fail_on_warnings": null,
            "id": "1ke5veb2wf",
            "minimum_compression_size": "",
            "name": "TweeterAPI",
            "parameters": null,
            "policy": "",
            "put_rest_api_mode": null,
            "root_resource_id": "qfyir36nfi",
            "tags": {},
            "tags_all": {}
          },
          "sensitive_attributes": [],
          "identity_schema_version": 0,
          "private": "bnVsbA=="
        }
      ]
    },
    {
      "mode": "managed",
      "type": "aws_api_gateway_stage",
      "name": "TweeterAPIStage",
      "provider": "provider[\"registry.terraform.io/hashicorp/aws\"]",
      "instances": [
        {
          "schema_version": 0,
          "attributes": {
            "access_log_settings": [],
            "arn": "arn:aws:apigateway:us-west-2::/restapis/1ke5veb2wf/stages/dev",
            "cache_cluster_enabled": false,
            "cache_cluster_size": "",
            "canary_settings": [],
            "client_certificate_id": "",
            "deployment_id": "x4cbid",
            "description": "",
            "documentation_version": "",
            "execution_arn": "arn:aws:execute-api:us-west-2:615299777283:1ke5veb2wf/dev",
            "id": "ags-1ke5veb2wf-dev",
            "invoke_url": "https://1ke5veb2wf.execute-api.us-west-2.amazonaws.com/dev",
            "rest_api_id": "1ke5veb2wf",
            "stage_name": "dev",
            "tags": {},
            "tags_all": {},
            "variables": {},
            "web_acl_arn": "",
            "xray_tracing_enabled": false
          },
          "sensitive_attributes": [],
          "identity_schema_version": 0,
          "private": "bnVsbA==",
          "dependencies": [
            "archive_file.layer_package",
            "aws_api_gateway_deployment.TweeterAPIDeployment",
            "aws_api_gateway_integration.MethodIntegration",
            "aws_api_gateway_integration.options",
            "aws_api_gateway_integration_response.error_response400",
            "aws_api_gateway_integration_response.error_response500",
            "aws_api_gateway_integration_response.options_integration",
            "aws_api_gateway_integration_response.response_200Integration",
            "aws_api_gateway_method.Method",
            "aws_api_gateway_method.options",
            "aws_api_gateway_method_response.options_200",
            "aws_api_gateway_method_response.response400",
            "aws_api_gateway_method_response.response500",
            "aws_api_gateway_method_response.response_200",
            "aws_api_gateway_resource.Resources",
            "aws_api_gateway_rest_api.TweeterAPI",
            "aws_iam_role.backend_lambda_handler",
            "aws_lambda_function.Lambdas",
            "aws_lambda_layer_version.dependencies",
            "data.archive_file.lambda_package",
            "data.aws_iam_policy_document.role"
          ]
        }
      ]
    },
    {
      "mode": "managed",
      "type": "aws_iam_role",
      "name": "backend_lambda_handler",
      "provider": "provider[\"registry.terraform.io/hashicorp/aws\"]",
      "instances": [
        {
          "schema_version": 0,
          "attributes": {
            "arn": "arn:aws:iam::615299777283:role/terraform-20260324203613987100000001",
            "assume_role_policy": "{\"Statement\":[{\"Action\":\"sts:AssumeRole\",\"Effect\":\"Allow\",\"Principal\":{\"Service\":\"lambda.amazonaws.com\"}}],\"Version\":\"2012-10-17\"}",
            "create_date": "2026-03-24T20:36:14Z",
            "description": "",
            "force_detach_policies": false,
            "id": "terraform-20260324203613987100000001",
            "inline_policy": [],
            "managed_policy_arns": [],
            "max_session_duration": 3600,
            "name": "terraform-20260324203613987100000001",
            "name_prefix": "terraform-",
            "path": "/",
            "permissions_boundary": "",
            "tags": {},
            "tags_all": {},
            "unique_id": "AROAY6QVZQMBRMVKGSOSB"
          },
          "sensitive_attributes": [],
          "identity_schema_version": 0,
          "private": "bnVsbA==",
          "dependencies": [
            "data.aws_iam_policy_document.role"
          ]
        }
      ]
    },
    {
      "mode": "managed",
      "type": "aws_lambda_function",
      "name": "Lambdas",
      "provider": "provider[\"registry.terraform.io/hashicorp/aws\"]",
      "instances": [
        {
          "index_key": "follow",
          "schema_version": 0,
          "attributes": {
            "architectures": [
              "x86_64"
            ],
            "arn": "arn:aws:lambda:us-west-2:615299777283:function:follow",
            "code_signing_config_arn": "",
            "dead_letter_config": [],
            "description": "",
            "environment": [],
            "ephemeral_storage": [
              {
                "size": 512
              }
            ],
            "file_system_config": [],
            "filename": "./package/backend.zip",
            "function_name": "follow",
            "handler": "lambda/FollowLambda.handler",
            "id": "follow",
            "image_config": [],
            "image_uri": "",
            "invoke_arn": "arn:aws:apigateway:us-west-2:lambda:path/2015-03-31/functions/arn:aws:lambda:us-west-2:615299777283:function:follow/invocations",
            "kms_key_arn": "",
            "last_modified": "2026-03-24T20:36:29.795+0000",
            "layers": [
              "arn:aws:lambda:us-west-2:615299777283:layer:tweeter_server_layer:31"
            ],
            "memory_size": 128,
            "package_type": "Zip",
            "publish": false,
            "qualified_arn": "arn:aws:lambda:us-west-2:615299777283:function:follow:$LATEST",
            "qualified_invoke_arn": "arn:aws:apigateway:us-west-2:lambda:path/2015-03-31/functions/arn:aws:lambda:us-west-2:615299777283:function:follow:$LATEST/invocations",
            "replace_security_groups_on_destroy": null,
            "replacement_security_group_ids": null,
            "reserved_concurrent_executions": -1,
            "role": "arn:aws:iam::615299777283:role/terraform-20260324203613987100000001",
            "runtime": "nodejs20.x",
            "s3_bucket": null,
            "s3_key": null,
            "s3_object_version": null,
            "signing_job_arn": "",
            "signing_profile_version_arn": "",
            "skip_destroy": false,
            "snap_start": [],
            "source_code_hash": "utBf0gPhvyfemezpeDoiX1jnZGxhSlVDoXnPqpTu+ik=",
            "source_code_size": 5533,
            "tags": {},
            "tags_all": {},
            "timeout": 3,
            "timeouts": null,
            "tracing_config": [
              {
                "mode": "PassThrough"
              }
            ],
            "version": "$LATEST",
            "vpc_config": []
          },
          "sensitive_attributes": [],
          "identity_schema_version": 0,
          "private": "eyJlMmJmYjczMC1lY2FhLTExZTYtOGY4OC0zNDM2M2JjN2M0YzAiOnsiY3JlYXRlIjo2MDAwMDAwMDAwMDAsImRlbGV0ZSI6NjAwMDAwMDAwMDAwLCJ1cGRhdGUiOjYwMDAwMDAwMDAwMH19",
          "dependencies": [
            "archive_file.layer_package",
            "aws_iam_role.backend_lambda_handler",
            "aws_lambda_layer_version.dependencies",
            "data.archive_file.lambda_package",
            "data.aws_iam_policy_document.role"
          ]
        },
        {
          "index_key": "followeeCount",
          "schema_version": 0,
          "attributes": {
            "architectures": [
              "x86_64"
            ],
            "arn": "arn:aws:lambda:us-west-2:615299777283:function:followeeCount",
            "code_signing_config_arn": "",
            "dead_letter_config": [],
            "description": "",
            "environment": [],
            "ephemeral_storage": [
              {
                "size": 512
              }
            ],
            "file_system_config": [],
            "filename": "./package/backend.zip",
            "function_name": "followeeCount",
            "handler": "lambda/FolloweeCountLambda.handler",
            "id": "followeeCount",
            "image_config": [],
            "image_uri": "",
            "invoke_arn": "arn:aws:apigateway:us-west-2:lambda:path/2015-03-31/functions/arn:aws:lambda:us-west-2:615299777283:function:followeeCount/invocations",
            "kms_key_arn": "",
            "last_modified": "2026-03-24T20:40:52.000+0000",
            "layers": [
              "arn:aws:lambda:us-west-2:615299777283:layer:tweeter_server_layer:31"
            ],
            "memory_size": 128,
            "package_type": "Zip",
            "publish": false,
            "qualified_arn": "arn:aws:lambda:us-west-2:615299777283:function:followeeCount:$LATEST",
            "qualified_invoke_arn": "arn:aws:apigateway:us-west-2:lambda:path/2015-03-31/functions/arn:aws:lambda:us-west-2:615299777283:function:followeeCount:$LATEST/invocations",
            "replace_security_groups_on_destroy": null,
            "replacement_security_group_ids": null,
            "reserved_concurrent_executions": -1,
            "role": "arn:aws:iam::615299777283:role/terraform-20260324203613987100000001",
            "runtime": "nodejs20.x",
            "s3_bucket": null,
            "s3_key": null,
            "s3_object_version": null,
            "signing_job_arn": "",
            "signing_profile_version_arn": "",
            "skip_destroy": false,
            "snap_start": [],
            "source_code_hash": "utBf0gPhvyfemezpeDoiX1jnZGxhSlVDoXnPqpTu+ik=",
            "source_code_size": 5533,
            "tags": {},
            "tags_all": {},
            "timeout": 3,
            "timeouts": null,
            "tracing_config": [
              {
                "mode": "PassThrough"
              }
            ],
            "version": "$LATEST",
            "vpc_config": []
          },
          "sensitive_attributes": [],
          "identity_schema_version": 0,
          "private": "eyJlMmJmYjczMC1lY2FhLTExZTYtOGY4OC0zNDM2M2JjN2M0YzAiOnsiY3JlYXRlIjo2MDAwMDAwMDAwMDAsImRlbGV0ZSI6NjAwMDAwMDAwMDAwLCJ1cGRhdGUiOjYwMDAwMDAwMDAwMH19",
          "dependencies": [
            "archive_file.layer_package",
            "aws_iam_role.backend_lambda_handler",
            "aws_lambda_layer_version.dependencies",
            "data.archive_file.lambda_package",
            "data.aws_iam_policy_document.role"
          ]
        },
        {
          "index_key": "followerCount",
          "schema_version": 0,
          "attributes": {
            "architectures": [
              "x86_64"
            ],
            "arn": "arn:aws:lambda:us-west-2:615299777283:function:followerCount",
            "code_signing_config_arn": "",
            "dead_letter_config": [],
            "description": "",
            "environment": [],
            "ephemeral_storage": [
              {
                "size": 512
              }
            ],
            "file_system_config": [],
            "filename": "./package/backend.zip",
            "function_name": "followerCount",
            "handler": "lambda/FollowerCountLambda.handler",
            "id": "followerCount",
            "image_config": [],
            "image_uri": "",
            "invoke_arn": "arn:aws:apigateway:us-west-2:lambda:path/2015-03-31/functions/arn:aws:lambda:us-west-2:615299777283:function:followerCount/invocations",
            "kms_key_arn": "",
            "last_modified": "2026-03-24T20:40:52.000+0000",
            "layers": [
              "arn:aws:lambda:us-west-2:615299777283:layer:tweeter_server_layer:31"
            ],
            "memory_size": 128,
            "package_type": "Zip",
            "publish": false,
            "qualified_arn": "arn:aws:lambda:us-west-2:615299777283:function:followerCount:$LATEST",
            "qualified_invoke_arn": "arn:aws:apigateway:us-west-2:lambda:path/2015-03-31/functions/arn:aws:lambda:us-west-2:615299777283:function:followerCount:$LATEST/invocations",
            "replace_security_groups_on_destroy": null,
            "replacement_security_group_ids": null,
            "reserved_concurrent_executions": -1,
            "role": "arn:aws:iam::615299777283:role/terraform-20260324203613987100000001",
            "runtime": "nodejs20.x",
            "s3_bucket": null,
            "s3_key": null,
            "s3_object_version": null,
            "signing_job_arn": "",
            "signing_profile_version_arn": "",
            "skip_destroy": false,
            "snap_start": [],
            "source_code_hash": "utBf0gPhvyfemezpeDoiX1jnZGxhSlVDoXnPqpTu+ik=",
            "source_code_size": 5533,
            "tags": {},
            "tags_all": {},
            "timeout": 3,
            "timeouts": null,
            "tracing_config": [
              {
                "mode": "PassThrough"
              }
            ],
            "version": "$LATEST",
            "vpc_config": []
          },
          "sensitive_attributes": [],
          "identity_schema_version": 0,
          "private": "eyJlMmJmYjczMC1lY2FhLTExZTYtOGY4OC0zNDM2M2JjN2M0YzAiOnsiY3JlYXRlIjo2MDAwMDAwMDAwMDAsImRlbGV0ZSI6NjAwMDAwMDAwMDAwLCJ1cGRhdGUiOjYwMDAwMDAwMDAwMH19",
          "dependencies": [
            "archive_file.layer_package",
            "aws_iam_role.backend_lambda_handler",
            "aws_lambda_layer_version.dependencies",
            "data.archive_file.lambda_package",
            "data.aws_iam_policy_document.role"
          ]
        },
        {
          "index_key": "getFeedItems",
          "schema_version": 0,
          "attributes": {
            "architectures": [
              "x86_64"
            ],
            "arn": "arn:aws:lambda:us-west-2:615299777283:function:getFeedItems",
            "code_signing_config_arn": "",
            "dead_letter_config": [],
            "description": "",
            "environment": [],
            "ephemeral_storage": [
              {
                "size": 512
              }
            ],
            "file_system_config": [],
            "filename": "./package/backend.zip",
            "function_name": "getFeedItems",
            "handler": "lambda/GetFeedLambda.handler",
            "id": "getFeedItems",
            "image_config": [],
            "image_uri": "",
            "invoke_arn": "arn:aws:apigateway:us-west-2:lambda:path/2015-03-31/functions/arn:aws:lambda:us-west-2:615299777283:function:getFeedItems/invocations",
            "kms_key_arn": "",
            "last_modified": "2026-03-24T20:37:11.426+0000",
            "layers": [
              "arn:aws:lambda:us-west-2:615299777283:layer:tweeter_server_layer:31"
            ],
            "memory_size": 128,
            "package_type": "Zip",
            "publish": false,
            "qualified_arn": "arn:aws:lambda:us-west-2:615299777283:function:getFeedItems:$LATEST",
            "qualified_invoke_arn": "arn:aws:apigateway:us-west-2:lambda:path/2015-03-31/functions/arn:aws:lambda:us-west-2:615299777283:function:getFeedItems:$LATEST/invocations",
            "replace_security_groups_on_destroy": null,
            "replacement_security_group_ids": null,
            "reserved_concurrent_executions": -1,
            "role": "arn:aws:iam::615299777283:role/terraform-20260324203613987100000001",
            "runtime": "nodejs20.x",
            "s3_bucket": null,
            "s3_key": null,
            "s3_object_version": null,
            "signing_job_arn": "",
            "signing_profile_version_arn": "",
            "skip_destroy": false,
            "snap_start": [],
            "source_code_hash": "utBf0gPhvyfemezpeDoiX1jnZGxhSlVDoXnPqpTu+ik=",
            "source_code_size": 5533,
            "tags": {},
            "tags_all": {},
            "timeout": 3,
            "timeouts": null,
            "tracing_config": [
              {
                "mode": "PassThrough"
              }
            ],
            "version": "$LATEST",
            "vpc_config": []
          },
          "sensitive_attributes": [],
          "identity_schema_version": 0,
          "private": "eyJlMmJmYjczMC1lY2FhLTExZTYtOGY4OC0zNDM2M2JjN2M0YzAiOnsiY3JlYXRlIjo2MDAwMDAwMDAwMDAsImRlbGV0ZSI6NjAwMDAwMDAwMDAwLCJ1cGRhdGUiOjYwMDAwMDAwMDAwMH19",
          "dependencies": [
            "archive_file.layer_package",
            "aws_iam_role.backend_lambda_handler",
            "aws_lambda_layer_version.dependencies",
            "data.archive_file.lambda_package",
            "data.aws_iam_policy_document.role"
          ]
        },
        {
          "index_key": "getMoreFollowees",
          "schema_version": 0,
          "attributes": {
            "architectures": [
              "x86_64"
            ],
            "arn": "arn:aws:lambda:us-west-2:615299777283:function:getMoreFollowees",
            "code_signing_config_arn": "",
            "dead_letter_config": [],
            "description": "",
            "environment": [],
            "ephemeral_storage": [
              {
                "size": 512
              }
            ],
            "file_system_config": [],
            "filename": "./package/backend.zip",
            "function_name": "getMoreFollowees",
            "handler": "lambda/GetFolloweesLambda.handler",
            "id": "getMoreFollowees",
            "image_config": [],
            "image_uri": "",
            "invoke_arn": "arn:aws:apigateway:us-west-2:lambda:path/2015-03-31/functions/arn:aws:lambda:us-west-2:615299777283:function:getMoreFollowees/invocations",
            "kms_key_arn": "",
            "last_modified": "2026-03-24T20:36:41.598+0000",
            "layers": [
              "arn:aws:lambda:us-west-2:615299777283:layer:tweeter_server_layer:31"
            ],
            "memory_size": 128,
            "package_type": "Zip",
            "publish": false,
            "qualified_arn": "arn:aws:lambda:us-west-2:615299777283:function:getMoreFollowees:$LATEST",
            "qualified_invoke_arn": "arn:aws:apigateway:us-west-2:lambda:path/2015-03-31/functions/arn:aws:lambda:us-west-2:615299777283:function:getMoreFollowees:$LATEST/invocations",
            "replace_security_groups_on_destroy": null,
            "replacement_security_group_ids": null,
            "reserved_concurrent_executions": -1,
            "role": "arn:aws:iam::615299777283:role/terraform-20260324203613987100000001",
            "runtime": "nodejs20.x",
            "s3_bucket": null,
            "s3_key": null,
            "s3_object_version": null,
            "signing_job_arn": "",
            "signing_profile_version_arn": "",
            "skip_destroy": false,
            "snap_start": [],
            "source_code_hash": "utBf0gPhvyfemezpeDoiX1jnZGxhSlVDoXnPqpTu+ik=",
            "source_code_size": 5533,
            "tags": {},
            "tags_all": {},
            "timeout": 3,
            "timeouts": null,
            "tracing_config": [
              {
                "mode": "PassThrough"
              }
            ],
            "version": "$LATEST",
            "vpc_config": []
          },
          "sensitive_attributes": [],
          "identity_schema_version": 0,
          "private": "eyJlMmJmYjczMC1lY2FhLTExZTYtOGY4OC0zNDM2M2JjN2M0YzAiOnsiY3JlYXRlIjo2MDAwMDAwMDAwMDAsImRlbGV0ZSI6NjAwMDAwMDAwMDAwLCJ1cGRhdGUiOjYwMDAwMDAwMDAwMH19",
          "dependencies": [
            "archive_file.layer_package",
            "aws_iam_role.backend_lambda_handler",
            "aws_lambda_layer_version.dependencies",
            "data.archive_file.lambda_package",
            "data.aws_iam_policy_document.role"
          ]
        },
        {
          "index_key": "getMoreFollowers",
          "schema_version": 0,
          "attributes": {
            "architectures": [
              "x86_64"
            ],
            "arn": "arn:aws:lambda:us-west-2:615299777283:function:getMoreFollowers",
            "code_signing_config_arn": "",
            "dead_letter_config": [],
            "description": "",
            "environment": [],
            "ephemeral_storage": [
              {
                "size": 512
              }
            ],
            "file_system_config": [],
            "filename": "./package/backend.zip",
            "function_name": "getMoreFollowers",
            "handler": "lambda/GetFollowersLambda.handler",
            "id": "getMoreFollowers",
            "image_config": [],
            "image_uri": "",
            "invoke_arn": "arn:aws:apigateway:us-west-2:lambda:path/2015-03-31/functions/arn:aws:lambda:us-west-2:615299777283:function:getMoreFollowers/invocations",
            "kms_key_arn": "",
            "last_modified": "2026-03-24T20:37:05.465+0000",
            "layers": [
              "arn:aws:lambda:us-west-2:615299777283:layer:tweeter_server_layer:31"
            ],
            "memory_size": 128,
            "package_type": "Zip",
            "publish": false,
            "qualified_arn": "arn:aws:lambda:us-west-2:615299777283:function:getMoreFollowers:$LATEST",
            "qualified_invoke_arn": "arn:aws:apigateway:us-west-2:lambda:path/2015-03-31/functions/arn:aws:lambda:us-west-2:615299777283:function:getMoreFollowers:$LATEST/invocations",
            "replace_security_groups_on_destroy": null,
            "replacement_security_group_ids": null,
            "reserved_concurrent_executions": -1,
            "role": "arn:aws:iam::615299777283:role/terraform-20260324203613987100000001",
            "runtime": "nodejs20.x",
            "s3_bucket": null,
            "s3_key": null,
            "s3_object_version": null,
            "signing_job_arn": "",
            "signing_profile_version_arn": "",
            "skip_destroy": false,
            "snap_start": [],
            "source_code_hash": "utBf0gPhvyfemezpeDoiX1jnZGxhSlVDoXnPqpTu+ik=",
            "source_code_size": 5533,
            "tags": {},
            "tags_all": {},
            "timeout": 3,
            "timeouts": null,
            "tracing_config": [
              {
                "mode": "PassThrough"
              }
            ],
            "version": "$LATEST",
            "vpc_config": []
          },
          "sensitive_attributes": [],
          "identity_schema_version": 0,
          "private": "eyJlMmJmYjczMC1lY2FhLTExZTYtOGY4OC0zNDM2M2JjN2M0YzAiOnsiY3JlYXRlIjo2MDAwMDAwMDAwMDAsImRlbGV0ZSI6NjAwMDAwMDAwMDAwLCJ1cGRhdGUiOjYwMDAwMDAwMDAwMH19",
          "dependencies": [
            "archive_file.layer_package",
            "aws_iam_role.backend_lambda_handler",
            "aws_lambda_layer_version.dependencies",
            "data.archive_file.lambda_package",
            "data.aws_iam_policy_document.role"
          ]
        },
        {
          "index_key": "getStoryItems",
          "schema_version": 0,
          "attributes": {
            "architectures": [
              "x86_64"
            ],
            "arn": "arn:aws:lambda:us-west-2:615299777283:function:getStoryItems",
            "code_signing_config_arn": "",
            "dead_letter_config": [],
            "description": "",
            "environment": [],
            "ephemeral_storage": [
              {
                "size": 512
              }
            ],
            "file_system_config": [],
            "filename": "./package/backend.zip",
            "function_name": "getStoryItems",
            "handler": "lambda/GetStoryLambda.handler",
            "id": "getStoryItems",
            "image_config": [],
            "image_uri": "",
            "invoke_arn": "arn:aws:apigateway:us-west-2:lambda:path/2015-03-31/functions/arn:aws:lambda:us-west-2:615299777283:function:getStoryItems/invocations",
            "kms_key_arn": "",
            "last_modified": "2026-03-24T20:36:47.627+0000",
            "layers": [
              "arn:aws:lambda:us-west-2:615299777283:layer:tweeter_server_layer:31"
            ],
            "memory_size": 128,
            "package_type": "Zip",
            "publish": false,
            "qualified_arn": "arn:aws:lambda:us-west-2:615299777283:function:getStoryItems:$LATEST",
            "qualified_invoke_arn": "arn:aws:apigateway:us-west-2:lambda:path/2015-03-31/functions/arn:aws:lambda:us-west-2:615299777283:function:getStoryItems:$LATEST/invocations",
            "replace_security_groups_on_destroy": null,
            "replacement_security_group_ids": null,
            "reserved_concurrent_executions": -1,
            "role": "arn:aws:iam::615299777283:role/terraform-20260324203613987100000001",
            "runtime": "nodejs20.x",
            "s3_bucket": null,
            "s3_key": null,
            "s3_object_version": null,
            "signing_job_arn": "",
            "signing_profile_version_arn": "",
            "skip_destroy": false,
            "snap_start": [],
            "source_code_hash": "utBf0gPhvyfemezpeDoiX1jnZGxhSlVDoXnPqpTu+ik=",
            "source_code_size": 5533,
            "tags": {},
            "tags_all": {},
            "timeout": 3,
            "timeouts": null,
            "tracing_config": [
              {
                "mode": "PassThrough"
              }
            ],
            "version": "$LATEST",
            "vpc_config": []
          },
          "sensitive_attributes": [],
          "identity_schema_version": 0,
          "private": "eyJlMmJmYjczMC1lY2FhLTExZTYtOGY4OC0zNDM2M2JjN2M0YzAiOnsiY3JlYXRlIjo2MDAwMDAwMDAwMDAsImRlbGV0ZSI6NjAwMDAwMDAwMDAwLCJ1cGRhdGUiOjYwMDAwMDAwMDAwMH19",
          "dependencies": [
            "archive_file.layer_package",
            "aws_iam_role.backend_lambda_handler",
            "aws_lambda_layer_version.dependencies",
            "data.archive_file.lambda_package",
            "data.aws_iam_policy_document.role"
          ]
        },
        {
          "index_key": "isFollower",
          "schema_version": 0,
          "attributes": {
            "architectures": [
              "x86_64"
            ],
            "arn": "arn:aws:lambda:us-west-2:615299777283:function:isFollower",
            "code_signing_config_arn": "",
            "dead_letter_config": [],
            "description": "",
            "environment": [],
            "ephemeral_storage": [
              {
                "size": 512
              }
            ],
            "file_system_config": [],
            "filename": "./package/backend.zip",
            "function_name": "isFollower",
            "handler": "lambda/IsFollowerLambda.handler",
            "id": "isFollower",
            "image_config": [],
            "image_uri": "",
            "invoke_arn": "arn:aws:apigateway:us-west-2:lambda:path/2015-03-31/functions/arn:aws:lambda:us-west-2:615299777283:function:isFollower/invocations",
            "kms_key_arn": "",
            "last_modified": "2026-03-24T20:36:35.661+0000",
            "layers": [
              "arn:aws:lambda:us-west-2:615299777283:layer:tweeter_server_layer:31"
            ],
            "memory_size": 128,
            "package_type": "Zip",
            "publish": false,
            "qualified_arn": "arn:aws:lambda:us-west-2:615299777283:function:isFollower:$LATEST",
            "qualified_invoke_arn": "arn:aws:apigateway:us-west-2:lambda:path/2015-03-31/functions/arn:aws:lambda:us-west-2:615299777283:function:isFollower:$LATEST/invocations",
            "replace_security_groups_on_destroy": null,
            "replacement_security_group_ids": null,
            "reserved_concurrent_executions": -1,
            "role": "arn:aws:iam::615299777283:role/terraform-20260324203613987100000001",
            "runtime": "nodejs20.x",
            "s3_bucket": null,
            "s3_key": null,
            "s3_object_version": null,
            "signing_job_arn": "",
            "signing_profile_version_arn": "",
            "skip_destroy": false,
            "snap_start": [],
            "source_code_hash": "utBf0gPhvyfemezpeDoiX1jnZGxhSlVDoXnPqpTu+ik=",
            "source_code_size": 5533,
            "tags": {},
            "tags_all": {},
            "timeout": 3,
            "timeouts": null,
            "tracing_config": [
              {
                "mode": "PassThrough"
              }
            ],
            "version": "$LATEST",
            "vpc_config": []
          },
          "sensitive_attributes": [],
          "identity_schema_version": 0,
          "private": "eyJlMmJmYjczMC1lY2FhLTExZTYtOGY4OC0zNDM2M2JjN2M0YzAiOnsiY3JlYXRlIjo2MDAwMDAwMDAwMDAsImRlbGV0ZSI6NjAwMDAwMDAwMDAwLCJ1cGRhdGUiOjYwMDAwMDAwMDAwMH19",
          "dependencies": [
            "archive_file.layer_package",
            "aws_iam_role.backend_lambda_handler",
            "aws_lambda_layer_version.dependencies",
            "data.archive_file.lambda_package",
            "data.aws_iam_policy_document.role"
          ]
        },
        {
          "index_key": "unfollow",
          "schema_version": 0,
          "attributes": {
            "architectures": [
              "x86_64"
            ],
            "arn": "arn:aws:lambda:us-west-2:615299777283:function:unfollow",
            "code_signing_config_arn": "",
            "dead_letter_config": [],
            "description": "",
            "environment": [],
            "ephemeral_storage": [
              {
                "size": 512
              }
            ],
            "file_system_config": [],
            "filename": "./package/backend.zip",
            "function_name": "unfollow",
            "handler": "lambda/FollowLambda.handler",
            "id": "unfollow",
            "image_config": [],
            "image_uri": "",
            "invoke_arn": "arn:aws:apigateway:us-west-2:lambda:path/2015-03-31/functions/arn:aws:lambda:us-west-2:615299777283:function:unfollow/invocations",
            "kms_key_arn": "",
            "last_modified": "2026-03-24T20:36:53.611+0000",
            "layers": [
              "arn:aws:lambda:us-west-2:615299777283:layer:tweeter_server_layer:31"
            ],
            "memory_size": 128,
            "package_type": "Zip",
            "publish": false,
            "qualified_arn": "arn:aws:lambda:us-west-2:615299777283:function:unfollow:$LATEST",
            "qualified_invoke_arn": "arn:aws:apigateway:us-west-2:lambda:path/2015-03-31/functions/arn:aws:lambda:us-west-2:615299777283:function:unfollow:$LATEST/invocations",
            "replace_security_groups_on_destroy": null,
            "replacement_security_group_ids": null,
            "reserved_concurrent_executions": -1,
            "role": "arn:aws:iam::615299777283:role/terraform-20260324203613987100000001",
            "runtime": "nodejs20.x",
            "s3_bucket": null,
            "s3_key": null,
            "s3_object_version": null,
            "signing_job_arn": "",
            "signing_profile_version_arn": "",
            "skip_destroy": false,
            "snap_start": [],
            "source_code_hash": "utBf0gPhvyfemezpeDoiX1jnZGxhSlVDoXnPqpTu+ik=",
            "source_code_size": 5533,
            "tags": {},
            "tags_all": {},
            "timeout": 3,
            "timeouts": null,
            "tracing_config": [
              {
                "mode": "PassThrough"
              }
            ],
            "version": "$LATEST",
            "vpc_config": []
          },
          "sensitive_attributes": [],
          "identity_schema_version": 0,
          "private": "eyJlMmJmYjczMC1lY2FhLTExZTYtOGY4OC0zNDM2M2JjN2M0YzAiOnsiY3JlYXRlIjo2MDAwMDAwMDAwMDAsImRlbGV0ZSI6NjAwMDAwMDAwMDAwLCJ1cGRhdGUiOjYwMDAwMDAwMDAwMH19",
          "dependencies": [
            "archive_file.layer_package",
            "aws_iam_role.backend_lambda_handler",
            "aws_lambda_layer_version.dependencies",
            "data.archive_file.lambda_package",
            "data.aws_iam_policy_document.role"
          ]
        }
      ]
    },
    {
      "mode": "managed",
      "type": "aws_lambda_layer_version",
      "name": "dependencies",
      "provider": "provider[\"registry.terraform.io/hashicorp/aws\"]",
      "instances": [
        {
          "schema_version": 0,
          "attributes": {
            "arn": "arn:aws:lambda:us-west-2:615299777283:layer:tweeter_server_layer:31",
            "compatible_architectures": [],
            "compatible_runtimes": [],
            "created_date": "2026-03-24T20:36:22.458+0000",
            "description": "",
            "filename": "./package/dependencies/layer.zip",
            "id": "arn:aws:lambda:us-west-2:615299777283:layer:tweeter_server_layer:31",
            "layer_arn": "arn:aws:lambda:us-west-2:615299777283:layer:tweeter_server_layer",
            "layer_name": "tweeter_server_layer",
            "license_info": "",
            "s3_bucket": null,
            "s3_key": null,
            "s3_object_version": null,
            "signing_job_arn": "",
            "signing_profile_version_arn": "",
            "skip_destroy": false,
            "source_code_hash": "wUao959ZiNwdXC/XUsuWVWhCQjnM53Fzhs2Bc5DJSJ0=",
            "source_code_size": 7200283,
            "version": "31"
          },
          "sensitive_attributes": [],
          "identity_schema_version": 0,
          "private": "bnVsbA==",
          "dependencies": [
            "archive_file.layer_package"
          ]
        }
      ]
    },
    {
      "mode": "managed",
      "type": "aws_lambda_permission",
      "name": "runPermissions",
      "provider": "provider[\"registry.terraform.io/hashicorp/aws\"]",
      "instances": [
        {
          "index_key": "follow",
          "schema_version": 0,
          "attributes": {
            "action": "lambda:InvokeFunction",
            "event_source_token": null,
            "function_name": "follow",
            "function_url_auth_type": null,
            "id": "terraform-20260324203717207800000005",
            "principal": "apigateway.amazonaws.com",
            "principal_org_id": null,
            "qualifier": "",
            "source_account": null,
            "source_arn": "arn:aws:execute-api:us-west-2:615299777283:1ke5veb2wf/*",
            "statement_id": "terraform-20260324203717207800000005",
            "statement_id_prefix": "terraform-"
          },
          "sensitive_attributes": [],
          "identity_schema_version": 0,
          "private": "bnVsbA==",
          "dependencies": [
            "archive_file.layer_package",
            "aws_api_gateway_rest_api.TweeterAPI",
            "aws_iam_role.backend_lambda_handler",
            "aws_lambda_function.Lambdas",
            "aws_lambda_layer_version.dependencies",
            "data.archive_file.lambda_package",
            "data.aws_iam_policy_document.role"
          ]
        },
        {
          "index_key": "followeeCount",
          "schema_version": 0,
          "attributes": {
            "action": "lambda:InvokeFunction",
            "event_source_token": null,
            "function_name": "followeeCount",
            "function_url_auth_type": null,
            "id": "terraform-20260324203717206300000002",
            "principal": "apigateway.amazonaws.com",
            "principal_org_id": null,
            "qualifier": "",
            "source_account": null,
            "source_arn": "arn:aws:execute-api:us-west-2:615299777283:1ke5veb2wf/*",
            "statement_id": "terraform-20260324203717206300000002",
            "statement_id_prefix": "terraform-"
          },
          "sensitive_attributes": [],
          "identity_schema_version": 0,
          "private": "bnVsbA==",
          "dependencies": [
            "archive_file.layer_package",
            "aws_api_gateway_rest_api.TweeterAPI",
            "aws_iam_role.backend_lambda_handler",
            "aws_lambda_function.Lambdas",
            "aws_lambda_layer_version.dependencies",
            "data.archive_file.lambda_package",
            "data.aws_iam_policy_document.role"
          ]
        },
        {
          "index_key": "followerCount",
          "schema_version": 0,
          "attributes": {
            "action": "lambda:InvokeFunction",
            "event_source_token": null,
            "function_name": "followerCount",
            "function_url_auth_type": null,
            "id": "terraform-20260324203717404000000008",
            "principal": "apigateway.amazonaws.com",
            "principal_org_id": null,
            "qualifier": "",
            "source_account": null,
            "source_arn": "arn:aws:execute-api:us-west-2:615299777283:1ke5veb2wf/*",
            "statement_id": "terraform-20260324203717404000000008",
            "statement_id_prefix": "terraform-"
          },
          "sensitive_attributes": [],
          "identity_schema_version": 0,
          "private": "bnVsbA==",
          "dependencies": [
            "archive_file.layer_package",
            "aws_api_gateway_rest_api.TweeterAPI",
            "aws_iam_role.backend_lambda_handler",
            "aws_lambda_function.Lambdas",
            "aws_lambda_layer_version.dependencies",
            "data.archive_file.lambda_package",
            "data.aws_iam_policy_document.role"
          ]
        },
        {
          "index_key": "getFeedItems",
          "schema_version": 0,
          "attributes": {
            "action": "lambda:InvokeFunction",
            "event_source_token": null,
            "function_name": "getFeedItems",
            "function_url_auth_type": null,
            "id": "terraform-20260324203717404000000007",
            "principal": "apigateway.amazonaws.com",
            "principal_org_id": null,
            "qualifier": "",
            "source_account": null,
            "source_arn": "arn:aws:execute-api:us-west-2:615299777283:1ke5veb2wf/*",
            "statement_id": "terraform-20260324203717404000000007",
            "statement_id_prefix": "terraform-"
          },
          "sensitive_attributes": [],
          "identity_schema_version": 0,
          "private": "bnVsbA==",
          "dependencies": [
            "archive_file.layer_package",
            "aws_api_gateway_rest_api.TweeterAPI",
            "aws_iam_role.backend_lambda_handler",
            "aws_lambda_function.Lambdas",
            "aws_lambda_layer_version.dependencies",
            "data.archive_file.lambda_package",
            "data.aws_iam_policy_document.role"
          ]
        },
        {
          "index_key": "getMoreFollowees",
          "schema_version": 0,
          "attributes": {
            "action": "lambda:InvokeFunction",
            "event_source_token": null,
            "function_name": "getMoreFollowees",
            "function_url_auth_type": null,
            "id": "terraform-20260324203717207800000004",
            "principal": "apigateway.amazonaws.com",
            "principal_org_id": null,
            "qualifier": "",
            "source_account": null,
            "source_arn": "arn:aws:execute-api:us-west-2:615299777283:1ke5veb2wf/*",
            "statement_id": "terraform-20260324203717207800000004",
            "statement_id_prefix": "terraform-"
          },
          "sensitive_attributes": [],
          "identity_schema_version": 0,
          "private": "bnVsbA==",
          "dependencies": [
            "archive_file.layer_package",
            "aws_api_gateway_rest_api.TweeterAPI",
            "aws_iam_role.backend_lambda_handler",
            "aws_lambda_function.Lambdas",
            "aws_lambda_layer_version.dependencies",
            "data.archive_file.lambda_package",
            "data.aws_iam_policy_document.role"
          ]
        },
        {
          "index_key": "getMoreFollowers",
          "schema_version": 0,
          "attributes": {
            "action": "lambda:InvokeFunction",
            "event_source_token": null,
            "function_name": "getMoreFollowers",
            "function_url_auth_type": null,
            "id": "terraform-20260324203717424900000009",
            "principal": "apigateway.amazonaws.com",
            "principal_org_id": null,
            "qualifier": "",
            "source_account": null,
            "source_arn": "arn:aws:execute-api:us-west-2:615299777283:1ke5veb2wf/*",
            "statement_id": "terraform-20260324203717424900000009",
            "statement_id_prefix": "terraform-"
          },
          "sensitive_attributes": [],
          "identity_schema_version": 0,
          "private": "bnVsbA==",
          "dependencies": [
            "archive_file.layer_package",
            "aws_api_gateway_rest_api.TweeterAPI",
            "aws_iam_role.backend_lambda_handler",
            "aws_lambda_function.Lambdas",
            "aws_lambda_layer_version.dependencies",
            "data.archive_file.lambda_package",
            "data.aws_iam_policy_document.role"
          ]
        },
        {
          "index_key": "getStoryItems",
          "schema_version": 0,
          "attributes": {
            "action": "lambda:InvokeFunction",
            "event_source_token": null,
            "function_name": "getStoryItems",
            "function_url_auth_type": null,
            "id": "terraform-20260324203717397000000006",
            "principal": "apigateway.amazonaws.com",
            "principal_org_id": null,
            "qualifier": "",
            "source_account": null,
            "source_arn": "arn:aws:execute-api:us-west-2:615299777283:1ke5veb2wf/*",
            "statement_id": "terraform-20260324203717397000000006",
            "statement_id_prefix": "terraform-"
          },
          "sensitive_attributes": [],
          "identity_schema_version": 0,
          "private": "bnVsbA==",
          "dependencies": [
            "archive_file.layer_package",
            "aws_api_gateway_rest_api.TweeterAPI",
            "aws_iam_role.backend_lambda_handler",
            "aws_lambda_function.Lambdas",
            "aws_lambda_layer_version.dependencies",
            "data.archive_file.lambda_package",
            "data.aws_iam_policy_document.role"
          ]
        },
        {
          "index_key": "isFollower",
          "schema_version": 0,
          "attributes": {
            "action": "lambda:InvokeFunction",
            "event_source_token": null,
            "function_name": "isFollower",
            "function_url_auth_type": null,
            "id": "terraform-20260324203717206700000003",
            "principal": "apigateway.amazonaws.com",
            "principal_org_id": null,
            "qualifier": "",
            "source_account": null,
            "source_arn": "arn:aws:execute-api:us-west-2:615299777283:1ke5veb2wf/*",
            "statement_id": "terraform-20260324203717206700000003",
            "statement_id_prefix": "terraform-"
          },
          "sensitive_attributes": [],
          "identity_schema_version": 0,
          "private": "bnVsbA==",
          "dependencies": [
            "archive_file.layer_package",
            "aws_api_gateway_rest_api.TweeterAPI",
            "aws_iam_role.backend_lambda_handler",
            "aws_lambda_function.Lambdas",
            "aws_lambda_layer_version.dependencies",
            "data.archive_file.lambda_package",
            "data.aws_iam_policy_document.role"
          ]
        },
        {
          "index_key": "unfollow",
          "schema_version": 0,
          "attributes": {
            "action": "lambda:InvokeFunction",
            "event_source_token": null,
            "function_name": "unfollow",
            "function_url_auth_type": null,
            "id": "terraform-2026032420371743200000000a",
            "principal": "apigateway.amazonaws.com",
            "principal_org_id": null,
            "qualifier": "",
            "source_account": null,
            "source_arn": "arn:aws:execute-api:us-west-2:615299777283:1ke5veb2wf/*",
            "statement_id": "terraform-2026032420371743200000000a",
            "statement_id_prefix": "terraform-"
          },
          "sensitive_attributes": [],
          "identity_schema_version": 0,
          "private": "bnVsbA==",
          "dependencies": [
            "archive_file.layer_package",
            "aws_api_gateway_rest_api.TweeterAPI",
            "aws_iam_role.backend_lambda_handler",
            "aws_lambda_function.Lambdas",
            "aws_lambda_layer_version.dependencies",
            "data.archive_file.lambda_package",
            "data.aws_iam_policy_document.role"
          ]
        }
      ]
    }
  ],
  "check_results": null
}
