{
  "version": 4,
  "terraform_version": "1.14.6",
  "serial": 518,
  "lineage": "363940d8-1a5d-0393-5cf7-b56698001cb8",
  "outputs": {},
  "resources": [
    {
      "mode": "data",
      "type": "archive_file",
      "name": "lambda_package",
      "provider": "provider[\"registry.terraform.io/hashicorp/archive\"]",
      "instances": [
        {
          "schema_version": 0,
          "attributes": {
            "exclude_symlink_directories": null,
            "excludes": null,
            "id": "c8d2c3182a1c79156862c86206ef187dacf7c42d",
            "output_base64sha256": "+kQlvPLwphTm+mRQewCWnLiELPhy0nf8Mdz+fi6P8Dk=",
            "output_base64sha512": "UJTQsEqUkL/xOnr42+NuPXLW36AxWYGgQCqDG+2U7D6jiYWEftu1FA0BQDWSb9MvOtiAEgHS9Ky+icOhnfKx+A==",
            "output_file_mode": null,
            "output_md5": "1cdd1a7314912f9194ee8c33d4321983",
            "output_path": "./package/backend.zip",
            "output_sha": "c8d2c3182a1c79156862c86206ef187dacf7c42d",
            "output_sha256": "fa4425bcf2f0a614e6fa64507b00969cb8842cf872d277fc31dcfe7e2e8ff039",
            "output_sha512": "5094d0b04a9490bff13a7af8dbe36e3d72d6dfa0315981a0402a831bed94ec3ea38985847edbb5140d014035926fd32f3ad8801201d2f4acbe89c3a19df2b1f8",
            "output_size": 2569,
            "source": [],
            "source_content": null,
            "source_content_filename": null,
            "source_dir": "./dist/",
            "source_file": null,
            "type": "zip"
          },
          "sensitive_attributes": [],
          "identity_schema_version": 0
        }
      ]
    },
    {
      "mode": "data",
      "type": "aws_iam_policy_document",
      "name": "role",
      "provider": "provider[\"registry.terraform.io/hashicorp/aws\"]",
      "instances": [
        {
          "schema_version": 0,
          "attributes": {
            "id": "2690255455",
            "json": "{\n  \"Version\": \"2012-10-17\",\n  \"Statement\": [\n    {\n      \"Effect\": \"Allow\",\n      \"Action\": \"sts:AssumeRole\",\n      \"Principal\": {\n        \"Service\": \"lambda.amazonaws.com\"\n      }\n    }\n  ]\n}",
            "override_policy_documents": null,
            "policy_id": null,
            "source_policy_documents": null,
            "statement": [
              {
                "actions": [
                  "sts:AssumeRole"
                ],
                "condition": [],
                "effect": "Allow",
                "not_actions": [],
                "not_principals": [],
                "not_resources": [],
                "principals": [
                  {
                    "identifiers": [
                      "lambda.amazonaws.com"
                    ],
                    "type": "Service"
                  }
                ],
                "resources": [],
                "sid": ""
              }
            ],
            "version": "2012-10-17"
          },
          "sensitive_attributes": [],
          "identity_schema_version": 0
        }
      ]
    },
    {
      "mode": "data",
      "type": "external",
      "name": "existing_rest_api_id",
      "provider": "provider[\"registry.terraform.io/hashicorp/external\"]",
      "instances": [
        {
          "schema_version": 0,
          "attributes": {
            "id": "-",
            "program": [
              "bash",
              "./lookup_rest_api_id.sh"
            ],
            "query": {
              "api_name": "TweeterAPI"
            },
            "result": {
              "id": ""
            },
            "working_dir": null
          },
          "sensitive_attributes": [],
          "identity_schema_version": 0
        }
      ]
    },
    {
      "mode": "data",
      "type": "external",
      "name": "loadMoreFolloweesDocPartId",
      "provider": "provider[\"registry.terraform.io/hashicorp/external\"]",
      "instances": [
        {
          "schema_version": 0,
          "attributes": {
            "id": "-",
            "program": [
              "bash",
              "./lookup_doc_part_id.sh"
            ],
            "query": {
              "method": "POST",
              "path": "/getfollowees",
              "rest_api_id": "",
              "type": "METHOD"
            },
            "result": {
              "id": ""
            },
            "working_dir": null
          },
          "sensitive_attributes": [],
          "identity_schema_version": 0
        }
      ]
    },
    {
      "mode": "managed",
      "type": "archive_file",
      "name": "layer_package",
      "provider": "provider[\"registry.terraform.io/hashicorp/archive\"]",
      "instances": [
        {
          "schema_version": 0,
          "attributes": {
            "exclude_symlink_directories": null,
            "excludes": null,
            "id": "0d74cb786358d434ba7bd919704268cbe228717e",
            "output_base64sha256": "OUrRPkcQAzyLApQfSbodMKW5iNI0dGVPAdnWjIXzkEE=",
            "output_base64sha512": "DKaOn4nMGL0a8gLIRDYIUiDZEUrfPH3dubB1T5HqcnnJ8gwFQ8t3gDOVWbyukIndBzWk1Ya8Gcjo9ZUiaDaaGw==",
            "output_file_mode": null,
            "output_md5": "8cc583ecafb5aa879377084e59c01c42",
            "output_path": "./package/dependencies/layer.zip",
            "output_sha": "0d74cb786358d434ba7bd919704268cbe228717e",
            "output_sha256": "394ad13e4710033c8b02941f49ba1d30a5b988d23474654f01d9d68c85f39041",
            "output_sha512": "0ca68e9f89cc18bd1af202c84436085220d9114adf3c7dddb9b0754f91ea7279c9f20c0543cb7780339559bcae9089dd0735a4d586bc19c8e8f5952268369a1b",
            "output_size": 7193729,
            "source": [],
            "source_content": null,
            "source_content_filename": null,
            "source_dir": "./layer",
            "source_file": null,
            "type": "zip"
          },
          "sensitive_attributes": [],
          "identity_schema_version": 0
        }
      ]
    },
    {
      "mode": "managed",
      "type": "aws_api_gateway_resource",
      "name": "Resources",
      "provider": "provider[\"registry.terraform.io/hashicorp/aws\"]",
      "instances": [
        {
          "index_key": "getMoreFollowees",
          "schema_version": 0,
          "attributes": {
            "id": "fx1s4y",
            "parent_id": "2z5v058hk8",
            "path": "/getfollowees",
            "path_part": "getfollowees",
            "rest_api_id": "eva3niwdp8"
          },
          "sensitive_attributes": [],
          "identity_schema_version": 0,
          "private": "bnVsbA==",
          "dependencies": [
            "aws_api_gateway_rest_api.TweeterAPI"
          ]
        }
      ]
    },
    {
      "mode": "managed",
      "type": "aws_api_gateway_rest_api",
      "name": "TweeterAPI",
      "provider": "provider[\"registry.terraform.io/hashicorp/aws\"]",
      "instances": [
        {
          "schema_version": 0,
          "attributes": {
            "api_key_source": "HEADER",
            "arn": "arn:aws:apigateway:us-west-2::/restapis/eva3niwdp8",
            "binary_media_types": [],
            "body": null,
            "created_date": "2026-03-21T04:14:27Z",
            "description": "",
            "disable_execute_api_endpoint": false,
            "endpoint_configuration": [
              {
                "types": [
                  "REGIONAL"
                ],
                "vpc_endpoint_ids": []
              }
            ],
            "execution_arn": "arn:aws:execute-api:us-west-2:615299777283:eva3niwdp8",
            "fail_on_warnings": null,
            "id": "eva3niwdp8",
            "minimum_compression_size": "",
            "name": "TweeterAPI",
            "parameters": null,
            "policy": "",
            "put_rest_api_mode": null,
            "root_resource_id": "2z5v058hk8",
            "tags": null,
            "tags_all": {}
          },
          "sensitive_attributes": [],
          "identity_schema_version": 0,
          "private": "bnVsbA=="
        }
      ]
    },
    {
      "mode": "managed",
      "type": "aws_iam_role",
      "name": "backend_lambda_handler",
      "provider": "provider[\"registry.terraform.io/hashicorp/aws\"]",
      "instances": [
        {
          "schema_version": 0,
          "attributes": {
            "arn": "arn:aws:iam::615299777283:role/terraform-20260321041427408200000001",
            "assume_role_policy": "{\"Statement\":[{\"Action\":\"sts:AssumeRole\",\"Effect\":\"Allow\",\"Principal\":{\"Service\":\"lambda.amazonaws.com\"}}],\"Version\":\"2012-10-17\"}",
            "create_date": "2026-03-21T04:14:27Z",
            "description": "",
            "force_detach_policies": false,
            "id": "terraform-20260321041427408200000001",
            "inline_policy": [],
            "managed_policy_arns": [],
            "max_session_duration": 3600,
            "name": "terraform-20260321041427408200000001",
            "name_prefix": "terraform-",
            "path": "/",
            "permissions_boundary": "",
            "tags": null,
            "tags_all": {},
            "unique_id": "AROAY6QVZQMBTJYG5D77B"
          },
          "sensitive_attributes": [],
          "identity_schema_version": 0,
          "private": "bnVsbA==",
          "dependencies": [
            "data.aws_iam_policy_document.role"
          ]
        }
      ]
    },
    {
      "mode": "managed",
      "type": "aws_lambda_function",
      "name": "Lambdas",
      "provider": "provider[\"registry.terraform.io/hashicorp/aws\"]",
      "instances": [
        {
          "index_key": "getMoreFollowees",
          "schema_version": 0,
          "attributes": {
            "architectures": [
              "x86_64"
            ],
            "arn": "arn:aws:lambda:us-west-2:615299777283:function:getMoreFollowees",
            "code_signing_config_arn": "",
            "dead_letter_config": [],
            "description": "",
            "environment": [],
            "ephemeral_storage": [
              {
                "size": 512
              }
            ],
            "file_system_config": [],
            "filename": "./package/backend.zip",
            "function_name": "getMoreFollowees",
            "handler": "lambda/GetFolloweesLambda.handler",
            "id": "getMoreFollowees",
            "image_config": [],
            "image_uri": "",
            "invoke_arn": "arn:aws:apigateway:us-west-2:lambda:path/2015-03-31/functions/arn:aws:lambda:us-west-2:615299777283:function:getMoreFollowees/invocations",
            "kms_key_arn": "",
            "last_modified": "2026-03-21T04:14:38.147+0000",
            "layers": [
              "arn:aws:lambda:us-west-2:615299777283:layer:tweeter_server_layer:4"
            ],
            "memory_size": 128,
            "package_type": "Zip",
            "publish": false,
            "qualified_arn": "arn:aws:lambda:us-west-2:615299777283:function:getMoreFollowees:$LATEST",
            "qualified_invoke_arn": "arn:aws:apigateway:us-west-2:lambda:path/2015-03-31/functions/arn:aws:lambda:us-west-2:615299777283:function:getMoreFollowees:$LATEST/invocations",
            "replace_security_groups_on_destroy": null,
            "replacement_security_group_ids": null,
            "reserved_concurrent_executions": -1,
            "role": "arn:aws:iam::615299777283:role/terraform-20260321041427408200000001",
            "runtime": "nodejs20.x",
            "s3_bucket": null,
            "s3_key": null,
            "s3_object_version": null,
            "signing_job_arn": "",
            "signing_profile_version_arn": "",
            "skip_destroy": false,
            "snap_start": [],
            "source_code_hash": "+kQlvPLwphTm+mRQewCWnLiELPhy0nf8Mdz+fi6P8Dk=",
            "source_code_size": 2569,
            "tags": null,
            "tags_all": {},
            "timeout": 3,
            "timeouts": null,
            "tracing_config": [
              {
                "mode": "PassThrough"
              }
            ],
            "version": "$LATEST",
            "vpc_config": []
          },
          "sensitive_attributes": [],
          "identity_schema_version": 0,
          "private": "eyJlMmJmYjczMC1lY2FhLTExZTYtOGY4OC0zNDM2M2JjN2M0YzAiOnsiY3JlYXRlIjo2MDAwMDAwMDAwMDAsImRlbGV0ZSI6NjAwMDAwMDAwMDAwLCJ1cGRhdGUiOjYwMDAwMDAwMDAwMH19",
          "dependencies": [
            "archive_file.layer_package",
            "aws_iam_role.backend_lambda_handler",
            "aws_lambda_layer_version.dependencies",
            "data.archive_file.lambda_package",
            "data.aws_iam_policy_document.role"
          ]
        }
      ]
    },
    {
      "mode": "managed",
      "type": "aws_lambda_layer_version",
      "name": "dependencies",
      "provider": "provider[\"registry.terraform.io/hashicorp/aws\"]",
      "instances": [
        {
          "schema_version": 0,
          "attributes": {
            "arn": "arn:aws:lambda:us-west-2:615299777283:layer:tweeter_server_layer:4",
            "compatible_architectures": null,
            "compatible_runtimes": null,
            "created_date": "2026-03-21T04:14:37.758+0000",
            "description": "",
            "filename": "./package/dependencies/layer.zip",
            "id": "arn:aws:lambda:us-west-2:615299777283:layer:tweeter_server_layer:4",
            "layer_arn": "arn:aws:lambda:us-west-2:615299777283:layer:tweeter_server_layer",
            "layer_name": "tweeter_server_layer",
            "license_info": "",
            "s3_bucket": null,
            "s3_key": null,
            "s3_object_version": null,
            "signing_job_arn": "",
            "signing_profile_version_arn": "",
            "skip_destroy": false,
            "source_code_hash": "OUrRPkcQAzyLApQfSbodMKW5iNI0dGVPAdnWjIXzkEE=",
            "source_code_size": 7193729,
            "version": "4"
          },
          "sensitive_attributes": [],
          "identity_schema_version": 0,
          "private": "bnVsbA==",
          "dependencies": [
            "archive_file.layer_package"
          ]
        }
      ]
    },
    {
      "mode": "managed",
      "type": "aws_lambda_permission",
      "name": "runPermissions",
      "provider": "provider[\"registry.terraform.io/hashicorp/aws\"]",
      "instances": [
        {
          "index_key": "getMoreFollowees",
          "schema_version": 0,
          "attributes": {
            "action": "lambda:InvokeFunction",
            "event_source_token": null,
            "function_name": "getMoreFollowees",
            "function_url_auth_type": null,
            "id": "terraform-20260321041443797600000002",
            "principal": "apigateway.amazonaws.com",
            "principal_org_id": null,
            "qualifier": "",
            "source_account": null,
            "source_arn": "arn:aws:execute-api:us-west-2:615299777283:eva3niwdp8/*",
            "statement_id": "terraform-20260321041443797600000002",
            "statement_id_prefix": "terraform-"
          },
          "sensitive_attributes": [],
          "identity_schema_version": 0,
          "private": "bnVsbA==",
          "dependencies": [
            "archive_file.layer_package",
            "aws_api_gateway_rest_api.TweeterAPI",
            "aws_iam_role.backend_lambda_handler",
            "aws_lambda_function.Lambdas",
            "aws_lambda_layer_version.dependencies",
            "data.archive_file.lambda_package",
            "data.aws_iam_policy_document.role"
          ]
        }
      ]
    },
    {
      "module": "module.api_gateway_CORS_setup[\"getMoreFollowees\"]",
      "mode": "managed",
      "type": "aws_api_gateway_integration",
      "name": "options_mock",
      "provider": "provider[\"registry.terraform.io/hashicorp/aws\"]",
      "instances": [
        {
          "index_key": 0,
          "schema_version": 0,
          "attributes": {
            "cache_key_parameters": null,
            "cache_namespace": "fx1s4y",
            "connection_id": "",
            "connection_type": "INTERNET",
            "content_handling": "",
            "credentials": "",
            "http_method": "OPTIONS",
            "id": "agi-eva3niwdp8-fx1s4y-OPTIONS",
            "integration_http_method": "",
            "passthrough_behavior": "WHEN_NO_MATCH",
            "request_parameters": null,
            "request_templates": {
              "application/json": "{ \"statusCode\": 200 }"
            },
            "resource_id": "fx1s4y",
            "rest_api_id": "eva3niwdp8",
            "timeout_milliseconds": 29000,
            "tls_config": [],
            "type": "MOCK",
            "uri": ""
          },
          "sensitive_attributes": [],
          "identity_schema_version": 0,
          "private": "bnVsbA==",
          "dependencies": [
            "aws_api_gateway_resource.Resources",
            "aws_api_gateway_rest_api.TweeterAPI"
          ]
        }
      ]
    },
    {
      "module": "module.api_gateway_CORS_setup[\"getMoreFollowees\"]",
      "mode": "managed",
      "type": "aws_api_gateway_integration",
      "name": "this",
      "provider": "provider[\"registry.terraform.io/hashicorp/aws\"]",
      "instances": [
        {
          "schema_version": 0,
          "attributes": {
            "cache_key_parameters": null,
            "cache_namespace": "fx1s4y",
            "connection_id": "",
            "connection_type": "INTERNET",
            "content_handling": "",
            "credentials": "",
            "http_method": "OPTIONS",
            "id": "agi-eva3niwdp8-fx1s4y-OPTIONS",
            "integration_http_method": "",
            "passthrough_behavior": "WHEN_NO_MATCH",
            "request_parameters": null,
            "request_templates": null,
            "resource_id": "fx1s4y",
            "rest_api_id": "eva3niwdp8",
            "timeout_milliseconds": 29000,
            "tls_config": [],
            "type": "MOCK",
            "uri": ""
          },
          "sensitive_attributes": [],
          "identity_schema_version": 0,
          "private": "bnVsbA==",
          "dependencies": [
            "aws_api_gateway_resource.Resources",
            "aws_api_gateway_rest_api.TweeterAPI",
            "module.api_gateway_CORS_setup.aws_api_gateway_method.this"
          ]
        }
      ]
    },
    {
      "module": "module.api_gateway_CORS_setup[\"getMoreFollowees\"]",
      "mode": "managed",
      "type": "aws_api_gateway_integration_response",
      "name": "error",
      "provider": "provider[\"registry.terraform.io/hashicorp/aws\"]",
      "instances": [
        {
          "index_key": "400",
          "schema_version": 0,
          "attributes": {
            "content_handling": "",
            "http_method": "OPTIONS",
            "id": "agir-eva3niwdp8-fx1s4y-OPTIONS-400",
            "resource_id": "fx1s4y",
            "response_parameters": {
              "method.response.header.Access-Control-Allow-Headers": "'Content-Type,X-Amz-Date,Authorization,X-Api-Key,X-Amz-Security-Token'",
              "method.response.header.Access-Control-Allow-Methods": "'DELETE,GET,HEAD,OPTIONS,PATCH,POST,PUT'",
              "method.response.header.Access-Control-Allow-Origin": "'*'"
            },
            "response_templates": {
              "application/json": ""
            },
            "rest_api_id": "eva3niwdp8",
            "selection_pattern": ".*\\[400\\].*",
            "status_code": "400"
          },
          "sensitive_attributes": [],
          "identity_schema_version": 0,
          "private": "bnVsbA==",
          "dependencies": [
            "aws_api_gateway_resource.Resources",
            "aws_api_gateway_rest_api.TweeterAPI",
            "module.api_gateway_CORS_setup.aws_api_gateway_integration.this",
            "module.api_gateway_CORS_setup.aws_api_gateway_method.this"
          ]
        },
        {
          "index_key": "500",
          "schema_version": 0,
          "attributes": {
            "content_handling": "",
            "http_method": "OPTIONS",
            "id": "agir-eva3niwdp8-fx1s4y-OPTIONS-500",
            "resource_id": "fx1s4y",
            "response_parameters": {
              "method.response.header.Access-Control-Allow-Headers": "'Content-Type,X-Amz-Date,Authorization,X-Api-Key,X-Amz-Security-Token'",
              "method.response.header.Access-Control-Allow-Methods": "'DELETE,GET,HEAD,OPTIONS,PATCH,POST,PUT'",
              "method.response.header.Access-Control-Allow-Origin": "'*'"
            },
            "response_templates": {
              "application/json": ""
            },
            "rest_api_id": "eva3niwdp8",
            "selection_pattern": ".*\\[500\\].*",
            "status_code": "500"
          },
          "sensitive_attributes": [],
          "identity_schema_version": 0,
          "private": "bnVsbA==",
          "dependencies": [
            "aws_api_gateway_resource.Resources",
            "aws_api_gateway_rest_api.TweeterAPI",
            "module.api_gateway_CORS_setup.aws_api_gateway_integration.this",
            "module.api_gateway_CORS_setup.aws_api_gateway_method.this"
          ]
        }
      ]
    },
    {
      "module": "module.api_gateway_CORS_setup[\"getMoreFollowees\"]",
      "mode": "managed",
      "type": "aws_api_gateway_integration_response",
      "name": "integration_resp200",
      "provider": "provider[\"registry.terraform.io/hashicorp/aws\"]",
      "instances": [
        {
          "schema_version": 0,
          "attributes": {
            "content_handling": "",
            "http_method": "OPTIONS",
            "id": "agir-eva3niwdp8-fx1s4y-OPTIONS-200",
            "resource_id": "fx1s4y",
            "response_parameters": {
              "method.response.header.Access-Control-Allow-Headers": "'Content-Type,X-Amz-Date,Authorization,X-Api-Key,X-Amz-Security-Token'",
              "method.response.header.Access-Control-Allow-Methods": "'DELETE,GET,HEAD,OPTIONS,PATCH,POST,PUT'",
              "method.response.header.Access-Control-Allow-Origin": "'*'"
            },
            "response_templates": {
              "application/json": ""
            },
            "rest_api_id": "eva3niwdp8",
            "selection_pattern": "",
            "status_code": "200"
          },
          "sensitive_attributes": [],
          "identity_schema_version": 0,
          "private": "bnVsbA==",
          "dependencies": [
            "aws_api_gateway_resource.Resources",
            "aws_api_gateway_rest_api.TweeterAPI",
            "module.api_gateway_CORS_setup.aws_api_gateway_integration.this",
            "module.api_gateway_CORS_setup.aws_api_gateway_method.this"
          ]
        }
      ]
    },
    {
      "module": "module.api_gateway_CORS_setup[\"getMoreFollowees\"]",
      "mode": "managed",
      "type": "aws_api_gateway_integration_response",
      "name": "options_200",
      "provider": "provider[\"registry.terraform.io/hashicorp/aws\"]",
      "instances": [
        {
          "index_key": 0,
          "schema_version": 0,
          "attributes": {
            "content_handling": "",
            "http_method": "OPTIONS",
            "id": "agir-eva3niwdp8-fx1s4y-OPTIONS-200",
            "resource_id": "fx1s4y",
            "response_parameters": {
              "method.response.header.Access-Control-Allow-Headers": "'Content-Type,X-Amz-Date,Authorization,X-Api-Key,X-Amz-Security-Token'",
              "method.response.header.Access-Control-Allow-Methods": "'DELETE,GET,HEAD,OPTIONS,PATCH,POST,PUT'",
              "method.response.header.Access-Control-Allow-Origin": "'*'"
            },
            "response_templates": {
              "application/json": ""
            },
            "rest_api_id": "eva3niwdp8",
            "selection_pattern": "",
            "status_code": "200"
          },
          "sensitive_attributes": [],
          "identity_schema_version": 0,
          "private": "bnVsbA==",
          "dependencies": [
            "aws_api_gateway_resource.Resources",
            "aws_api_gateway_rest_api.TweeterAPI",
            "module.api_gateway_CORS_setup.aws_api_gateway_integration.options_mock"
          ]
        }
      ]
    },
    {
      "module": "module.api_gateway_CORS_setup[\"getMoreFollowees\"]",
      "mode": "managed",
      "type": "aws_api_gateway_method",
      "name": "this",
      "provider": "provider[\"registry.terraform.io/hashicorp/aws\"]",
      "instances": [
        {
          "schema_version": 0,
          "attributes": {
            "api_key_required": false,
            "authorization": "NONE",
            "authorization_scopes": null,
            "authorizer_id": null,
            "http_method": "OPTIONS",
            "id": "agm-eva3niwdp8-fx1s4y-OPTIONS",
            "operation_name": null,
            "request_models": null,
            "request_parameters": null,
            "request_validator_id": null,
            "resource_id": "fx1s4y",
            "rest_api_id": "eva3niwdp8"
          },
          "sensitive_attributes": [],
          "identity_schema_version": 0,
          "private": "bnVsbA==",
          "dependencies": [
            "aws_api_gateway_resource.Resources",
            "aws_api_gateway_rest_api.TweeterAPI"
          ]
        }
      ]
    },
    {
      "module": "module.api_gateway_CORS_setup[\"getMoreFollowees\"]",
      "mode": "managed",
      "type": "aws_api_gateway_method_response",
      "name": "options_200",
      "provider": "provider[\"registry.terraform.io/hashicorp/aws\"]",
      "instances": [
        {
          "index_key": 0,
          "schema_version": 0,
          "attributes": {
            "http_method": "OPTIONS",
            "id": "agmr-eva3niwdp8-fx1s4y-OPTIONS-200",
            "resource_id": "fx1s4y",
            "response_models": {
              "application/json": "Empty"
            },
            "response_parameters": {
              "method.response.header.Access-Control-Allow-Headers": true,
              "method.response.header.Access-Control-Allow-Methods": true,
              "method.response.header.Access-Control-Allow-Origin": true
            },
            "rest_api_id": "eva3niwdp8",
            "status_code": "200"
          },
          "sensitive_attributes": [],
          "identity_schema_version": 0,
          "private": "bnVsbA==",
          "dependencies": [
            "aws_api_gateway_resource.Resources",
            "aws_api_gateway_rest_api.TweeterAPI"
          ]
        }
      ]
    },
    {
      "module": "module.api_gateway_endpoint_setup[\"getMoreFollowees\"]",
      "mode": "managed",
      "type": "aws_api_gateway_integration",
      "name": "options_mock",
      "provider": "provider[\"registry.terraform.io/hashicorp/aws\"]",
      "instances": []
    },
    {
      "module": "module.api_gateway_endpoint_setup[\"getMoreFollowees\"]",
      "mode": "managed",
      "type": "aws_api_gateway_integration",
      "name": "this",
      "provider": "provider[\"registry.terraform.io/hashicorp/aws\"]",
      "instances": [
        {
          "schema_version": 0,
          "attributes": {
            "cache_key_parameters": null,
            "cache_namespace": "fx1s4y",
            "connection_id": "",
            "connection_type": "INTERNET",
            "content_handling": "CONVERT_TO_TEXT",
            "credentials": "",
            "http_method": "POST",
            "id": "agi-eva3niwdp8-fx1s4y-POST",
            "integration_http_method": "POST",
            "passthrough_behavior": "WHEN_NO_MATCH",
            "request_parameters": null,
            "request_templates": null,
            "resource_id": "fx1s4y",
            "rest_api_id": "eva3niwdp8",
            "timeout_milliseconds": 29000,
            "tls_config": [],
            "type": "AWS",
            "uri": "arn:aws:apigateway:us-west-2:lambda:path/2015-03-31/functions/arn:aws:lambda:us-west-2:615299777283:function:getMoreFollowees/invocations"
          },
          "sensitive_attributes": [],
          "identity_schema_version": 0,
          "private": "bnVsbA==",
          "dependencies": [
            "archive_file.layer_package",
            "aws_api_gateway_resource.Resources",
            "aws_api_gateway_rest_api.TweeterAPI",
            "aws_iam_role.backend_lambda_handler",
            "aws_lambda_function.Lambdas",
            "aws_lambda_layer_version.dependencies",
            "data.archive_file.lambda_package",
            "data.aws_iam_policy_document.role",
            "module.api_gateway_endpoint_setup.aws_api_gateway_method.this"
          ]
        }
      ]
    },
    {
      "module": "module.api_gateway_endpoint_setup[\"getMoreFollowees\"]",
      "mode": "managed",
      "type": "aws_api_gateway_integration_response",
      "name": "options_200",
      "provider": "provider[\"registry.terraform.io/hashicorp/aws\"]",
      "instances": []
    },
    {
      "module": "module.api_gateway_endpoint_setup[\"getMoreFollowees\"]",
      "mode": "managed",
      "type": "aws_api_gateway_method",
      "name": "this",
      "provider": "provider[\"registry.terraform.io/hashicorp/aws\"]",
      "instances": [
        {
          "schema_version": 0,
          "attributes": {
            "api_key_required": false,
            "authorization": "NONE",
            "authorization_scopes": null,
            "authorizer_id": null,
            "http_method": "POST",
            "id": "agm-eva3niwdp8-fx1s4y-POST",
            "operation_name": null,
            "request_models": null,
            "request_parameters": null,
            "request_validator_id": null,
            "resource_id": "fx1s4y",
            "rest_api_id": "eva3niwdp8"
          },
          "sensitive_attributes": [],
          "identity_schema_version": 0,
          "private": "bnVsbA==",
          "dependencies": [
            "aws_api_gateway_resource.Resources",
            "aws_api_gateway_rest_api.TweeterAPI"
          ]
        }
      ]
    },
    {
      "module": "module.api_gateway_endpoint_setup[\"getMoreFollowees\"]",
      "mode": "managed",
      "type": "aws_api_gateway_method_response",
      "name": "options_200",
      "provider": "provider[\"registry.terraform.io/hashicorp/aws\"]",
      "instances": []
    }
  ],
  "check_results": null
}
